{
  "version": 4,
  "terraform_version": "1.14.1",
  "serial": 958,
  "lineage": "5de68eff-eb21-9e50-18a6-c48e1db7a8e4",
  "outputs": {},
  "resources": [
    {
      "mode": "data",
      "type": "aws_availability_zones",
      "name": "available",
      "provider": "provider[\"registry.terraform.io/hashicorp/aws\"]",
      "instances": [
        {
          "schema_version": 0,
          "attributes": {
            "all_availability_zones": null,
            "exclude_names": null,
            "exclude_zone_ids": null,
            "filter": null,
            "group_names": [
              "us-east-1-zg-1"
            ],
            "id": "us-east-1",
            "names": [
              "us-east-1a",
              "us-east-1b",
              "us-east-1c",
              "us-east-1d",
              "us-east-1e",
              "us-east-1f"
            ],
            "region": "us-east-1",
            "state": null,
            "timeouts": null,
            "zone_ids": [
              "use1-az6",
              "use1-az1",
              "use1-az2",
              "use1-az4",
              "use1-az3",
              "use1-az5"
            ]
          },
          "sensitive_attributes": [],
          "identity_schema_version": 0
        }
      ]
    },
    {
      "mode": "managed",
      "type": "aws_autoscaling_group",
      "name": "app",
      "provider": "provider[\"registry.terraform.io/hashicorp/aws\"]",
      "instances": [
        {
          "schema_version": 1,
          "attributes": {
            "arn": "arn:aws:autoscaling:us-east-1:697755754723:autoScalingGroup:f111e49a-adb2-4d04-b634-a41145aaeeb2:autoScalingGroupName/users-asg",
            "availability_zone_distribution": [
              {
                "capacity_distribution_strategy": "balanced-best-effort"
              }
            ],
            "availability_zones": [
              "us-east-1a",
              "us-east-1b"
            ],
            "capacity_rebalance": false,
            "capacity_reservation_specification": [
              {
                "capacity_reservation_preference": "default",
                "capacity_reservation_target": []
              }
            ],
            "context": "",
            "default_cooldown": 300,
            "default_instance_warmup": 0,
            "desired_capacity": 2,
            "desired_capacity_type": "",
            "enabled_metrics": [],
            "force_delete": false,
            "force_delete_warm_pool": false,
            "health_check_grace_period": 300,
            "health_check_type": "EC2",
            "id": "users-asg",
            "ignore_failed_scaling_activities": false,
            "initial_lifecycle_hook": [],
            "instance_maintenance_policy": [],
            "instance_refresh": [
              {
                "preferences": [
                  {
                    "alarm_specification": [],
                    "auto_rollback": false,
                    "checkpoint_delay": "",
                    "checkpoint_percentages": [],
                    "instance_warmup": "180",
                    "max_healthy_percentage": 100,
                    "min_healthy_percentage": 50,
                    "scale_in_protected_instances": "Ignore",
                    "skip_matching": false,
                    "standby_instances": "Ignore"
                  }
                ],
                "strategy": "Rolling",
                "triggers": [
                  "tag"
                ]
              }
            ],
            "launch_configuration": "",
            "launch_template": [
              {
                "id": "lt-0618bf47aaefd3bc8",
                "name": "users-app-20260123170304291400000002",
                "version": "$Latest"
              }
            ],
            "load_balancers": [],
            "max_instance_lifetime": 0,
            "max_size": 5,
            "metrics_granularity": "1Minute",
            "min_elb_capacity": null,
            "min_size": 2,
            "mixed_instances_policy": [],
            "name": "users-asg",
            "name_prefix": "",
            "placement_group": "",
            "predicted_capacity": 0,
            "protect_from_scale_in": false,
            "region": "us-east-1",
            "service_linked_role_arn": "arn:aws:iam::697755754723:role/aws-service-role/autoscaling.amazonaws.com/AWSServiceRoleForAutoScaling",
            "suspended_processes": [],
            "tag": [
              {
                "key": "ManagedBy",
                "propagate_at_launch": true,
                "value": "Terraform"
              },
              {
                "key": "Name",
                "propagate_at_launch": true,
                "value": "users-instance"
              }
            ],
            "target_group_arns": [
              "arn:aws:elasticloadbalancing:us-east-1:697755754723:targetgroup/tg-users-create/59dc80f6e86efac3",
              "arn:aws:elasticloadbalancing:us-east-1:697755754723:targetgroup/tg-users-delete/ddc0be1f359701e6",
              "arn:aws:elasticloadbalancing:us-east-1:697755754723:targetgroup/tg-users-list/4bad5de3218df9ed",
              "arn:aws:elasticloadbalancing:us-east-1:697755754723:targetgroup/tg-users-search/0c4b4a7a9826c7e9",
              "arn:aws:elasticloadbalancing:us-east-1:697755754723:targetgroup/tg-users-update/9fc51aed9dc81e9a"
            ],
            "termination_policies": [
              "Default"
            ],
            "timeouts": null,
            "traffic_source": [
              {
                "identifier": "arn:aws:elasticloadbalancing:us-east-1:697755754723:targetgroup/tg-users-create/59dc80f6e86efac3",
                "type": "elbv2"
              },
              {
                "identifier": "arn:aws:elasticloadbalancing:us-east-1:697755754723:targetgroup/tg-users-delete/ddc0be1f359701e6",
                "type": "elbv2"
              },
              {
                "identifier": "arn:aws:elasticloadbalancing:us-east-1:697755754723:targetgroup/tg-users-list/4bad5de3218df9ed",
                "type": "elbv2"
              },
              {
                "identifier": "arn:aws:elasticloadbalancing:us-east-1:697755754723:targetgroup/tg-users-search/0c4b4a7a9826c7e9",
                "type": "elbv2"
              },
              {
                "identifier": "arn:aws:elasticloadbalancing:us-east-1:697755754723:targetgroup/tg-users-update/9fc51aed9dc81e9a",
                "type": "elbv2"
              }
            ],
            "vpc_zone_identifier": [
              "subnet-00a14d58c14fda9d5",
              "subnet-06d063186aa3ab254"
            ],
            "wait_for_capacity_timeout": "10m",
            "wait_for_elb_capacity": null,
            "warm_pool": [],
            "warm_pool_size": 0
          },
          "sensitive_attributes": [],
          "identity_schema_version": 0,
          "private": "eyJlMmJmYjczMC1lY2FhLTExZTYtOGY4OC0zNDM2M2JjN2M0YzAiOnsiZGVsZXRlIjo2MDAwMDAwMDAwMDAsInVwZGF0ZSI6NjAwMDAwMDAwMDAwfSwic2NoZW1hX3ZlcnNpb24iOiIxIn0=",
          "dependencies": [
            "aws_key_pair.this",
            "aws_launch_template.app",
            "aws_lb.app",
            "aws_lb_target_group.users_create",
            "aws_lb_target_group.users_delete",
            "aws_lb_target_group.users_list",
            "aws_lb_target_group.users_search",
            "aws_lb_target_group.users_update",
            "aws_security_group.lb",
            "aws_security_group.web",
            "aws_subnet.public",
            "aws_vpc.main",
            "data.aws_availability_zones.available",
            "tls_private_key.this"
          ]
        }
      ]
    },
    {
      "mode": "managed",
      "type": "aws_internet_gateway",
      "name": "igw",
      "provider": "provider[\"registry.terraform.io/hashicorp/aws\"]",
      "instances": [
        {
          "schema_version": 0,
          "attributes": {
            "arn": "arn:aws:ec2:us-east-1:697755754723:internet-gateway/igw-0aaf09bbe5a2d1319",
            "id": "igw-0aaf09bbe5a2d1319",
            "owner_id": "697755754723",
            "region": "us-east-1",
            "tags": {},
            "tags_all": {
              "Environment": "users",
              "ManagedBy": "Terraform",
              "Project": "GradFlow"
            },
            "timeouts": null,
            "vpc_id": "vpc-0f64d139519ddbd7f"
          },
          "sensitive_attributes": [],
          "identity_schema_version": 0,
          "private": "eyJlMmJmYjczMC1lY2FhLTExZTYtOGY4OC0zNDM2M2JjN2M0YzAiOnsiY3JlYXRlIjoxMjAwMDAwMDAwMDAwLCJkZWxldGUiOjEyMDAwMDAwMDAwMDAsInVwZGF0ZSI6MTIwMDAwMDAwMDAwMH19",
          "dependencies": [
            "aws_vpc.main"
          ]
        }
      ]
    },
    {
      "mode": "managed",
      "type": "aws_key_pair",
      "name": "this",
      "provider": "provider[\"registry.terraform.io/hashicorp/aws\"]",
      "instances": [
        {
          "index_key": 0,
          "schema_version": 1,
          "attributes": {
            "arn": "arn:aws:ec2:us-east-1:697755754723:key-pair/gradflow-users",
            "fingerprint": "49:d7:5c:f0:b9:2e:33:ef:6e:d0:05:31:10:0a:04:76",
            "id": "gradflow-users",
            "key_name": "gradflow-users",
            "key_name_prefix": "",
            "key_pair_id": "key-0001c4037e881fd3b",
            "key_type": "rsa",
            "public_key": "ssh-rsa AAAAB3NzaC1yc2EAAAADAQABAAACAQDbgHb1pQLo8idCmMaMfmodQxAEt01wZiHDv+9vXmpT9rwm4wFC9UACAXFvOLNIVWsFEVHRCoQijKyM5mz/TLU9xcfaJYrpdwkOTzUnSQiRg5OdMgmhQm8ZbVyXAdPjvFz0QNAYKL8QdSBYus7lvtnYcis928nLDoFkeXqgBE8Ue6LPnUNreLhJOouAuTnhgs8hpNCSHZlYVQFgTNUZ36eImBgyu8LKb8SWreTL09fz1fz6E9y8Hn6cZF373XfnLpDEXJQQGyH3JGEa/9YH3HirLbKjhy1tvKU6QZ1NAzkzeQ7rWVpDK+idqAa/LRQ5VCVTWOfEcnD5QbCBKBQzbM63EjMfvRkSM+ucKtc+BMXxaMDw+NQcFUDUTmxPmAUco86Pz63x8IFUTlBhWgxpWiFpoklGdkwmPRGrSnfoBsDiWayBM+WCsYNLqmCZaxRGsdSpdgsivohWaQvSvJ4swKpdf9f8AWWIVQba0S3vWrKpNLBU8A/5POCy+0e1p6l0vMt5xF4W4UESr8z5Dw3YSdmKndNVAc7A/S9kvr5bdqoTBzAa55wHrg9oqRpk0RlQfWZFRxtdWYdRRGgWvAt4eC5d15ckgMXZW12MHbyeNbSt7n80xW3N2Hflvic0iV4vr6CEK/8KoUH7wVPnvhqDa5o76Gcg1pZOuX6y8O128icOrQ==",
            "region": "us-east-1",
            "tags": {},
            "tags_all": {
              "Environment": "users",
              "ManagedBy": "Terraform",
              "Project": "GradFlow"
            }
          },
          "sensitive_attributes": [],
          "identity_schema_version": 0,
          "private": "eyJzY2hlbWFfdmVyc2lvbiI6IjEifQ==",
          "dependencies": [
            "tls_private_key.this"
          ]
        }
      ]
    },
    {
      "mode": "managed",
      "type": "aws_launch_template",
      "name": "app",
      "provider": "provider[\"registry.terraform.io/hashicorp/aws\"]",
      "instances": [
        {
          "schema_version": 1,
          "attributes": {
            "arn": "arn:aws:ec2:us-east-1:697755754723:launch-template/lt-0618bf47aaefd3bc8",
            "block_device_mappings": [],
            "capacity_reservation_specification": [],
            "cpu_options": [],
            "credit_specification": [],
            "default_version": 1,
            "description": "",
            "disable_api_stop": false,
            "disable_api_termination": false,
            "ebs_optimized": "",
            "enclave_options": [],
            "hibernation_options": [],
            "iam_instance_profile": [],
            "id": "lt-0618bf47aaefd3bc8",
            "image_id": "ami-0ecb62995f68bb549",
            "instance_initiated_shutdown_behavior": "",
            "instance_market_options": [],
            "instance_requirements": [],
            "instance_type": "t3.micro",
            "kernel_id": "",
            "key_name": "gradflow-users",
            "latest_version": 1,
            "license_specification": [],
            "maintenance_options": [],
            "metadata_options": [],
            "monitoring": [],
            "name": "users-app-20260123170304291400000002",
            "name_prefix": "users-app-",
            "network_interfaces": [],
            "placement": [],
            "private_dns_name_options": [],
            "ram_disk_id": "",
            "region": "us-east-1",
            "security_group_names": [],
            "tag_specifications": [],
            "tags": {},
            "tags_all": {
              "Environment": "users",
              "ManagedBy": "Terraform",
              "Project": "GradFlow"
            },
            "update_default_version": null,
            "user_data": "IyEvYmluL2Jhc2gKIyBVc2VyIERhdGEgc2NyaXB0IHRlbXBsYXRlIGZvciBFQzIgaW5zdGFuY2VzCiMgVmFyaWFibGVzIGFyZSBpbmplY3RlZCBieSBUZXJyYWZvcm0gdGVtcGxhdGVmaWxlKCkgZnVuY3Rpb24KCnNldCAtZXVvIHBpcGVmYWlsCgpleHBvcnQgREVCSUFOX0ZST05URU5EPW5vbmludGVyYWN0aXZlCgpMT0dfRklMRT0iL3Zhci9sb2cvdXNlcl9kYXRhLmxvZyIKZXhlYyA+ID4odGVlIC1hICRMT0dfRklMRSkKZXhlYyAyPiYxCgplY2hvICI9PT0gVXNlciBEYXRhIFNjcmlwdCBTdGFydGVkID09PSIKZWNobyAiVGltZXN0YW1wOiAkKGRhdGUpIgoKIyBJbnN0YWxsIERvY2tlcgphcHQtZ2V0IHVwZGF0ZSAteQphcHQtZ2V0IGluc3RhbGwgLXkgZG9ja2VyLmlvIGN1cmwganEKCnN5c3RlbWN0bCBlbmFibGUgZG9ja2VyCnN5c3RlbWN0bCBzdGFydCBkb2NrZXIKCgojIEFsbG93IGRvY2tlciB3aXRob3V0IHN1ZG8KdXNlcm1vZCAtYUcgZG9ja2VyIHVidW50dQoKZWNobyAiRG9ja2VyIGluc3RhbGxlZDogJChkb2NrZXIgLS12ZXJzaW9uKSIKCiMgRG9ja2VyIEh1YiBsb2dpbiBpZiBjcmVkZW50aWFscyBwcm92aWRlZAppZiBbIC1uICJsZXZpYXRoYW4xMTkiIF0gJiYgWyAtbiAiZGNrcl9wYXRfV2pBN0lHTEhkTHhrTHY3cktCZEhrZXZ3VlE0IiBdOyB0aGVuCiAgZWNobyAiZGNrcl9wYXRfV2pBN0lHTEhkTHhrTHY3cktCZEhrZXZ3VlE0IiB8IGRvY2tlciBsb2dpbiAtdSAibGV2aWF0aGFuMTE5IiAtLXBhc3N3b3JkLXN0ZGluIHx8IHRydWUKICBlY2hvICJEb2NrZXIgSHViIGxvZ2luIGNvbXBsZXRlZCIKZmkKCiMgQ3JlYXRlIC5lbnYgZmlsZSB3aXRoIFRlcnJhZm9ybSB2YXJpYWJsZXMKY2F0ID4gL2hvbWUvdWJ1bnR1Ly5lbnYgPDxFTlZGSUxFCiMgRGF0YWJhc2UgQ29uZmlndXJhdGlvbgpEQl9IT1NUPWF3cy0xLXVzLWVhc3QtMS5wb29sZXIuc3VwYWJhc2UuY29tCkRCX1VTRVI9cG9zdGdyZXMuemJqcHh0aWFiZHN2cndmeXRmbGQKREJfUEFTU1dPUkQ9VGVuZ291bmN1ZXJub2RlbWFtdXQxNTA2CkRCX05BTUU9cG9zdGdyZXMKREJfUE9SVD01NDMyCgojIFNlcnZpY2UgQ29uZmlndXJhdGlvbgpOT0RFX0VOVj1wcm9kdWN0aW9uCgojIEFQSSBHYXRld2F5IFVSTCAodXNlIExvYWQgQmFsYW5jZXIgRE5TIC0gQVBJIEdhdGV3YXkgaXMgaW4gYW5vdGhlciBhY2NvdW50KQpBUElfR0FURVdBWV9VUkw9aHR0cDovL3VzZXJzLWxiLTE0Mjg5OTI0Ni51cy1lYXN0LTEuZWxiLmFtYXpvbmF3cy5jb20KCiMgU2VydmljZSBVUkxzICh1c2UgTG9hZCBCYWxhbmNlciBETlMgZm9yIGFsbCBzZXJ2aWNlcykKVVNFUlNfQ1JFQVRFX1VSTD1odHRwOi8vdXNlcnMtbGItMTQyODk5MjQ2LnVzLWVhc3QtMS5lbGIuYW1hem9uYXdzLmNvbQpVU0VSU19ERUxFVEVfVVJMPWh0dHA6Ly91c2Vycy1sYi0xNDI4OTkyNDYudXMtZWFzdC0xLmVsYi5hbWF6b25hd3MuY29tClVTRVJTX0xJU1RfVVJMPWh0dHA6Ly91c2Vycy1sYi0xNDI4OTkyNDYudXMtZWFzdC0xLmVsYi5hbWF6b25hd3MuY29tClVTRVJTX1NFQVJDSF9VUkw9aHR0cDovL3VzZXJzLWxiLTE0Mjg5OTI0Ni51cy1lYXN0LTEuZWxiLmFtYXpvbmF3cy5jb20KVVNFUlNfVVBEQVRFX1VSTD1odHRwOi8vdXNlcnMtbGItMTQyODk5MjQ2LnVzLWVhc3QtMS5lbGIuYW1hem9uYXdzLmNvbQpBVVRIX0xPR0lOX1VSTD1odHRwOi8vdXNlcnMtbGItMTQyODk5MjQ2LnVzLWVhc3QtMS5lbGIuYW1hem9uYXdzLmNvbQpBVVRIX1JPTF9VUkw9aHR0cDovL3VzZXJzLWxiLTE0Mjg5OTI0Ni51cy1lYXN0LTEuZWxiLmFtYXpvbmF3cy5jb20KQVVUSF9NRV9VUkw9aHR0cDovL3VzZXJzLWxiLTE0Mjg5OTI0Ni51cy1lYXN0LTEuZWxiLmFtYXpvbmF3cy5jb20KRklMRV9TRVJWSUNFX0lOSVRfVVJMPWh0dHA6Ly91c2Vycy1sYi0xNDI4OTkyNDYudXMtZWFzdC0xLmVsYi5hbWF6b25hd3MuY29tCkZJTEVfU0VSVklDRV9VUERBVEVfVVJMPWh0dHA6Ly91c2Vycy1sYi0xNDI4OTkyNDYudXMtZWFzdC0xLmVsYi5hbWF6b25hd3MuY29tCkZJTEVfU0VSVklDRV9VUExPQURfVVJMPWh0dHA6Ly91c2Vycy1sYi0xNDI4OTkyNDYudXMtZWFzdC0xLmVsYi5hbWF6b25hd3MuY29tCkZJTEVfU0VSVklDRV9MSVNUX1VSTD1odHRwOi8vdXNlcnMtbGItMTQyODk5MjQ2LnVzLWVhc3QtMS5lbGIuYW1hem9uYXdzLmNvbQpGSUxFX1NFUlZJQ0VfRE9XTkxPQURfVVJMPWh0dHA6Ly91c2Vycy1sYi0xNDI4OTkyNDYudXMtZWFzdC0xLmVsYi5hbWF6b25hd3MuY29tCgojIEpXVCBDb25maWd1cmF0aW9uCkpXVF9TRUNSRVQ9VGVuZ291bmN1ZXJub2RlbWFtdXQyOTAxCkpXVF9FWFBJUkVTX0lOPTI0aApFTlZGSUxFCgpjaG93biB1YnVudHU6dWJ1bnR1IC9ob21lL3VidW50dS8uZW52CmNobW9kIDYwMCAvaG9tZS91YnVudHUvLmVudgoKZWNobyAiLmVudiBmaWxlIGNyZWF0ZWQgYXQgL2hvbWUvdWJ1bnR1Ly5lbnYiCmVjaG8gIkxvYWQgQmFsYW5jZXIgRE5TOiB1c2Vycy1sYi0xNDI4OTkyNDYudXMtZWFzdC0xLmVsYi5hbWF6b25hd3MuY29tIgoKCiMgRnVuY3Rpb24gdG8gc3RvcCBhbmQgcmVtb3ZlIGV4aXN0aW5nIGNvbnRhaW5lcgpzdG9wX2FuZF9yZW1vdmVfY29udGFpbmVyKCkgewogIGxvY2FsIGNvbnRhaW5lcl9uYW1lPSQxCiAgZG9ja2VyIHN0b3AgIiRjb250YWluZXJfbmFtZSIgMj4vZGV2L251bGwgfHwgdHJ1ZQogIGRvY2tlciBybSAiJGNvbnRhaW5lcl9uYW1lIiAyPi9kZXYvbnVsbCB8fCB0cnVlCn0KCiMgRnVuY3Rpb24gdG8gcHVsbCBhbmQgcnVuIGNvbnRhaW5lcgpkZXBsb3lfY29udGFpbmVyKCkgewogIGxvY2FsIGNvbnRhaW5lcl9uYW1lPSQxCiAgbG9jYWwgaW1hZ2VfbmFtZT0kMgogIGxvY2FsIHBvcnQ9JDMKICBsb2NhbCBlbnZfZmlsZT0iL2hvbWUvdWJ1bnR1Ly5lbnYiCgogIGVjaG8gIkRlcGxveWluZyAkY29udGFpbmVyX25hbWUuLi4iCgogICMgU3RvcCBhbmQgcmVtb3ZlIGV4aXN0aW5nIGNvbnRhaW5lcgogIHN0b3BfYW5kX3JlbW92ZV9jb250YWluZXIgIiRjb250YWluZXJfbmFtZSIKCiAgIyBQdWxsIERvY2tlciBpbWFnZQogIGlmIFsgLW4gIiRpbWFnZV9uYW1lIiBdOyB0aGVuCiAgICBlY2hvICJQdWxsaW5nIERvY2tlciBpbWFnZTogJGltYWdlX25hbWUiCiAgICBkb2NrZXIgcHVsbCAiJGltYWdlX25hbWUiIHx8IHsKICAgICAgZWNobyAiV2FybmluZzogRmFpbGVkIHRvIHB1bGwgaW1hZ2UgJGltYWdlX25hbWUiCiAgICAgIHJldHVybiAxCiAgICB9CiAgZWxzZQogICAgZWNobyAiV2FybmluZzogTm8gaW1hZ2Ugc3BlY2lmaWVkIGZvciAkY29udGFpbmVyX25hbWUsIHNraXBwaW5nIgogICAgcmV0dXJuIDEKICBmaQoKICAjIFJ1biBjb250YWluZXIKICBkb2NrZXIgcnVuIC1kIFwKICAgIC0tbmFtZSAiJGNvbnRhaW5lcl9uYW1lIiBcCiAgICAtLXJlc3RhcnQgYWx3YXlzIFwKICAgIC1wIDAuMC4wLjA6JHBvcnQ6JHBvcnQgXAogICAgLS1lbnYtZmlsZSAiJGVudl9maWxlIiBcCiAgICAiJGltYWdlX25hbWUiIHx8IHsKICAgICAgZWNobyAiV2FybmluZzogRmFpbGVkIHRvIHN0YXJ0IGNvbnRhaW5lciAkY29udGFpbmVyX25hbWUiCiAgICAgIHJldHVybiAxCiAgICB9CgogIGVjaG8gIkNvbnRhaW5lciAkY29udGFpbmVyX25hbWUgc3RhcnRlZCBvbiBwb3J0ICRwb3J0IChsb2NhbGhvc3Qgb25seSkiCiAgZG9ja2VyIHBzIC0tZmlsdGVyICJuYW1lPSRjb250YWluZXJfbmFtZSIgLS1mb3JtYXQgInt7Lk5hbWVzfX06IHt7LlN0YXR1c319Igp9CgojIERlcGxveSBhbGwgNSB1c2VycyBjb250YWluZXJzCmRlcGxveV9jb250YWluZXIgInVzZXJzLWNyZWF0ZSIgImxldmlhdGhhbjExOS9ncmFkZmxvdy11c2Vycy1jcmVhdGU6bGF0ZXN0IiAzMDAxIHx8IHRydWUKZGVwbG95X2NvbnRhaW5lciAidXNlcnMtZGVsZXRlIiAibGV2aWF0aGFuMTE5L2dyYWRmbG93LXVzZXJzLWRlbGV0ZTpsYXRlc3QiIDMwMDIgfHwgdHJ1ZQpkZXBsb3lfY29udGFpbmVyICJ1c2Vycy1saXN0IiAibGV2aWF0aGFuMTE5L2dyYWRmbG93LXVzZXJzLWxpc3Q6bGF0ZXN0IiAzMDAzIHx8IHRydWUKZGVwbG95X2NvbnRhaW5lciAidXNlcnMtc2VhcmNoIiAibGV2aWF0aGFuMTE5L2dyYWRmbG93LXVzZXJzLXNlYXJjaDpsYXRlc3QiIDMwMDQgfHwgdHJ1ZQpkZXBsb3lfY29udGFpbmVyICJ1c2Vycy11cGRhdGUiICJsZXZpYXRoYW4xMTkvZ3JhZGZsb3ctdXNlcnMtdXBkYXRlOmxhdGVzdCIgMzAwNSB8fCB0cnVlCgojIFdhaXQgYSBmZXcgc2Vjb25kcyBmb3IgY29udGFpbmVycyB0byBiZSByZWFkeQplY2hvICJXYWl0aW5nIGZvciBjb250YWluZXJzIHRvIGluaXRpYWxpemUuLi4iCnNsZWVwIDEwCgojIFZlcmlmeSBjb250YWluZXJzIGFyZSBydW5uaW5nCmVjaG8gIkNvbnRhaW5lciBzdGF0dXM6Igpkb2NrZXIgcHMgLS1mb3JtYXQgInRhYmxlIHt7Lk5hbWVzfX1cdHt7LlN0YXR1c319XHR7ey5Qb3J0c319IgoKIyBDbGVhbnVwIHVudXNlZCBpbWFnZXMKZG9ja2VyIGltYWdlIHBydW5lIC1hIC1mIHx8IHRydWUKCmVjaG8gIj09PSBVc2VyIERhdGEgU2NyaXB0IENvbXBsZXRlZCA9PT0iCmVjaG8gIlRpbWVzdGFtcDogJChkYXRlKSIKZWNobyAiIgplY2hvICJTdW1tYXJ5OiIKZWNobyAiIgplY2hvICJGaW5hbCBjb250YWluZXIgc3RhdHVzOiIKZG9ja2VyIHBzIC0tZm9ybWF0ICJ0YWJsZSB7ey5OYW1lc319XHR7ey5TdGF0dXN9fVx0e3suUG9ydHN9fSIK",
            "vpc_security_group_ids": [
              "sg-01b9fbbbb5f8fdc3a"
            ]
          },
          "sensitive_attributes": [
            [
              {
                "type": "get_attr",
                "value": "user_data"
              }
            ]
          ],
          "identity_schema_version": 0,
          "private": "eyJzY2hlbWFfdmVyc2lvbiI6IjEifQ==",
          "dependencies": [
            "aws_key_pair.this",
            "aws_lb.app",
            "aws_security_group.lb",
            "aws_security_group.web",
            "aws_subnet.public",
            "aws_vpc.main",
            "data.aws_availability_zones.available",
            "tls_private_key.this"
          ]
        }
      ]
    },
    {
      "mode": "managed",
      "type": "aws_lb",
      "name": "app",
      "provider": "provider[\"registry.terraform.io/hashicorp/aws\"]",
      "instances": [
        {
          "schema_version": 0,
          "attributes": {
            "access_logs": [
              {
                "bucket": "",
                "enabled": false,
                "prefix": ""
              }
            ],
            "arn": "arn:aws:elasticloadbalancing:us-east-1:697755754723:loadbalancer/app/users-lb/a964cecf4bace1fd",
            "arn_suffix": "app/users-lb/a964cecf4bace1fd",
            "client_keep_alive": 3600,
            "connection_logs": [
              {
                "bucket": "",
                "enabled": false,
                "prefix": ""
              }
            ],
            "customer_owned_ipv4_pool": "",
            "desync_mitigation_mode": "defensive",
            "dns_name": "users-lb-142899246.us-east-1.elb.amazonaws.com",
            "dns_record_client_routing_policy": null,
            "drop_invalid_header_fields": false,
            "enable_cross_zone_load_balancing": true,
            "enable_deletion_protection": false,
            "enable_http2": true,
            "enable_tls_version_and_cipher_suite_headers": false,
            "enable_waf_fail_open": false,
            "enable_xff_client_port": false,
            "enable_zonal_shift": false,
            "enforce_security_group_inbound_rules_on_private_link_traffic": "",
            "health_check_logs": [
              {
                "bucket": "",
                "enabled": false,
                "prefix": ""
              }
            ],
            "id": "arn:aws:elasticloadbalancing:us-east-1:697755754723:loadbalancer/app/users-lb/a964cecf4bace1fd",
            "idle_timeout": 60,
            "internal": false,
            "ip_address_type": "ipv4",
            "ipam_pools": [],
            "load_balancer_type": "application",
            "minimum_load_balancer_capacity": [],
            "name": "users-lb",
            "name_prefix": "",
            "preserve_host_header": false,
            "region": "us-east-1",
            "secondary_ips_auto_assigned_per_subnet": null,
            "security_groups": [
              "sg-08bc60300d95fdb97"
            ],
            "subnet_mapping": [
              {
                "allocation_id": "",
                "ipv6_address": "",
                "outpost_id": "",
                "private_ipv4_address": "",
                "subnet_id": "subnet-00a14d58c14fda9d5"
              },
              {
                "allocation_id": "",
                "ipv6_address": "",
                "outpost_id": "",
                "private_ipv4_address": "",
                "subnet_id": "subnet-06d063186aa3ab254"
              }
            ],
            "subnets": [
              "subnet-00a14d58c14fda9d5",
              "subnet-06d063186aa3ab254"
            ],
            "tags": {
              "Name": "users-application-lb"
            },
            "tags_all": {
              "Environment": "users",
              "ManagedBy": "Terraform",
              "Name": "users-application-lb",
              "Project": "GradFlow"
            },
            "timeouts": null,
            "vpc_id": "vpc-0f64d139519ddbd7f",
            "xff_header_processing_mode": "append",
            "zone_id": "Z35SXDOTRQ7X7K"
          },
          "sensitive_attributes": [],
          "identity_schema_version": 0,
          "identity": {
            "arn": "arn:aws:elasticloadbalancing:us-east-1:697755754723:loadbalancer/app/users-lb/a964cecf4bace1fd"
          },
          "private": "eyJlMmJmYjczMC1lY2FhLTExZTYtOGY4OC0zNDM2M2JjN2M0YzAiOnsiY3JlYXRlIjo2MDAwMDAwMDAwMDAsImRlbGV0ZSI6NjAwMDAwMDAwMDAwLCJ1cGRhdGUiOjYwMDAwMDAwMDAwMH19",
          "dependencies": [
            "aws_security_group.lb",
            "aws_subnet.public",
            "aws_vpc.main",
            "data.aws_availability_zones.available"
          ]
        }
      ]
    },
    {
      "mode": "managed",
      "type": "aws_lb_target_group",
      "name": "users_create",
      "provider": "provider[\"registry.terraform.io/hashicorp/aws\"]",
      "instances": [
        {
          "schema_version": 0,
          "attributes": {
            "arn": "arn:aws:elasticloadbalancing:us-east-1:697755754723:targetgroup/tg-users-create/59dc80f6e86efac3",
            "arn_suffix": "targetgroup/tg-users-create/59dc80f6e86efac3",
            "connection_termination": null,
            "deregistration_delay": "300",
            "health_check": [
              {
                "enabled": true,
                "healthy_threshold": 2,
                "interval": 30,
                "matcher": "200",
                "path": "/",
                "port": "traffic-port",
                "protocol": "HTTP",
                "timeout": 5,
                "unhealthy_threshold": 3
              }
            ],
            "id": "arn:aws:elasticloadbalancing:us-east-1:697755754723:targetgroup/tg-users-create/59dc80f6e86efac3",
            "ip_address_type": "ipv4",
            "lambda_multi_value_headers_enabled": false,
            "load_balancer_arns": [
              "arn:aws:elasticloadbalancing:us-east-1:697755754723:loadbalancer/app/users-lb/a964cecf4bace1fd"
            ],
            "load_balancing_algorithm_type": "round_robin",
            "load_balancing_anomaly_mitigation": "off",
            "load_balancing_cross_zone_enabled": "use_load_balancer_configuration",
            "name": "tg-users-create",
            "name_prefix": "",
            "port": 3001,
            "preserve_client_ip": null,
            "protocol": "HTTP",
            "protocol_version": "HTTP1",
            "proxy_protocol_v2": false,
            "region": "us-east-1",
            "slow_start": 0,
            "stickiness": [
              {
                "cookie_duration": 86400,
                "cookie_name": "",
                "enabled": false,
                "type": "lb_cookie"
              }
            ],
            "tags": {},
            "tags_all": {
              "Environment": "users",
              "ManagedBy": "Terraform",
              "Project": "GradFlow"
            },
            "target_control_port": 0,
            "target_failover": [
              {
                "on_deregistration": null,
                "on_unhealthy": null
              }
            ],
            "target_group_health": [
              {
                "dns_failover": [
                  {
                    "minimum_healthy_targets_count": "1",
                    "minimum_healthy_targets_percentage": "off"
                  }
                ],
                "unhealthy_state_routing": [
                  {
                    "minimum_healthy_targets_count": 1,
                    "minimum_healthy_targets_percentage": "off"
                  }
                ]
              }
            ],
            "target_health_state": [
              {
                "enable_unhealthy_connection_termination": null,
                "unhealthy_draining_interval": null
              }
            ],
            "target_type": "instance",
            "vpc_id": "vpc-0f64d139519ddbd7f"
          },
          "sensitive_attributes": [],
          "identity_schema_version": 0,
          "identity": {
            "arn": "arn:aws:elasticloadbalancing:us-east-1:697755754723:targetgroup/tg-users-create/59dc80f6e86efac3"
          },
          "private": "bnVsbA==",
          "dependencies": [
            "aws_vpc.main"
          ]
        }
      ]
    },
    {
      "mode": "managed",
      "type": "aws_lb_target_group",
      "name": "users_delete",
      "provider": "provider[\"registry.terraform.io/hashicorp/aws\"]",
      "instances": [
        {
          "schema_version": 0,
          "attributes": {
            "arn": "arn:aws:elasticloadbalancing:us-east-1:697755754723:targetgroup/tg-users-delete/ddc0be1f359701e6",
            "arn_suffix": "targetgroup/tg-users-delete/ddc0be1f359701e6",
            "connection_termination": null,
            "deregistration_delay": "300",
            "health_check": [
              {
                "enabled": true,
                "healthy_threshold": 5,
                "interval": 30,
                "matcher": "200",
                "path": "/",
                "port": "traffic-port",
                "protocol": "HTTP",
                "timeout": 5,
                "unhealthy_threshold": 2
              }
            ],
            "id": "arn:aws:elasticloadbalancing:us-east-1:697755754723:targetgroup/tg-users-delete/ddc0be1f359701e6",
            "ip_address_type": "ipv4",
            "lambda_multi_value_headers_enabled": false,
            "load_balancer_arns": [
              "arn:aws:elasticloadbalancing:us-east-1:697755754723:loadbalancer/app/users-lb/a964cecf4bace1fd"
            ],
            "load_balancing_algorithm_type": "round_robin",
            "load_balancing_anomaly_mitigation": "off",
            "load_balancing_cross_zone_enabled": "use_load_balancer_configuration",
            "name": "tg-users-delete",
            "name_prefix": "",
            "port": 3002,
            "preserve_client_ip": null,
            "protocol": "HTTP",
            "protocol_version": "HTTP1",
            "proxy_protocol_v2": false,
            "region": "us-east-1",
            "slow_start": 0,
            "stickiness": [
              {
                "cookie_duration": 86400,
                "cookie_name": "",
                "enabled": false,
                "type": "lb_cookie"
              }
            ],
            "tags": {},
            "tags_all": {
              "Environment": "users",
              "ManagedBy": "Terraform",
              "Project": "GradFlow"
            },
            "target_control_port": 0,
            "target_failover": [
              {
                "on_deregistration": null,
                "on_unhealthy": null
              }
            ],
            "target_group_health": [
              {
                "dns_failover": [
                  {
                    "minimum_healthy_targets_count": "1",
                    "minimum_healthy_targets_percentage": "off"
                  }
                ],
                "unhealthy_state_routing": [
                  {
                    "minimum_healthy_targets_count": 1,
                    "minimum_healthy_targets_percentage": "off"
                  }
                ]
              }
            ],
            "target_health_state": [
              {
                "enable_unhealthy_connection_termination": null,
                "unhealthy_draining_interval": null
              }
            ],
            "target_type": "instance",
            "vpc_id": "vpc-0f64d139519ddbd7f"
          },
          "sensitive_attributes": [],
          "identity_schema_version": 0,
          "identity": {
            "arn": "arn:aws:elasticloadbalancing:us-east-1:697755754723:targetgroup/tg-users-delete/ddc0be1f359701e6"
          },
          "private": "bnVsbA==",
          "dependencies": [
            "aws_vpc.main"
          ]
        }
      ]
    },
    {
      "mode": "managed",
      "type": "aws_lb_target_group",
      "name": "users_list",
      "provider": "provider[\"registry.terraform.io/hashicorp/aws\"]",
      "instances": [
        {
          "schema_version": 0,
          "attributes": {
            "arn": "arn:aws:elasticloadbalancing:us-east-1:697755754723:targetgroup/tg-users-list/4bad5de3218df9ed",
            "arn_suffix": "targetgroup/tg-users-list/4bad5de3218df9ed",
            "connection_termination": null,
            "deregistration_delay": "300",
            "health_check": [
              {
                "enabled": true,
                "healthy_threshold": 5,
                "interval": 30,
                "matcher": "200",
                "path": "/",
                "port": "traffic-port",
                "protocol": "HTTP",
                "timeout": 5,
                "unhealthy_threshold": 2
              }
            ],
            "id": "arn:aws:elasticloadbalancing:us-east-1:697755754723:targetgroup/tg-users-list/4bad5de3218df9ed",
            "ip_address_type": "ipv4",
            "lambda_multi_value_headers_enabled": false,
            "load_balancer_arns": [
              "arn:aws:elasticloadbalancing:us-east-1:697755754723:loadbalancer/app/users-lb/a964cecf4bace1fd"
            ],
            "load_balancing_algorithm_type": "round_robin",
            "load_balancing_anomaly_mitigation": "off",
            "load_balancing_cross_zone_enabled": "use_load_balancer_configuration",
            "name": "tg-users-list",
            "name_prefix": "",
            "port": 3003,
            "preserve_client_ip": null,
            "protocol": "HTTP",
            "protocol_version": "HTTP1",
            "proxy_protocol_v2": false,
            "region": "us-east-1",
            "slow_start": 0,
            "stickiness": [
              {
                "cookie_duration": 86400,
                "cookie_name": "",
                "enabled": false,
                "type": "lb_cookie"
              }
            ],
            "tags": {},
            "tags_all": {
              "Environment": "users",
              "ManagedBy": "Terraform",
              "Project": "GradFlow"
            },
            "target_control_port": 0,
            "target_failover": [
              {
                "on_deregistration": null,
                "on_unhealthy": null
              }
            ],
            "target_group_health": [
              {
                "dns_failover": [
                  {
                    "minimum_healthy_targets_count": "1",
                    "minimum_healthy_targets_percentage": "off"
                  }
                ],
                "unhealthy_state_routing": [
                  {
                    "minimum_healthy_targets_count": 1,
                    "minimum_healthy_targets_percentage": "off"
                  }
                ]
              }
            ],
            "target_health_state": [
              {
                "enable_unhealthy_connection_termination": null,
                "unhealthy_draining_interval": null
              }
            ],
            "target_type": "instance",
            "vpc_id": "vpc-0f64d139519ddbd7f"
          },
          "sensitive_attributes": [],
          "identity_schema_version": 0,
          "identity": {
            "arn": "arn:aws:elasticloadbalancing:us-east-1:697755754723:targetgroup/tg-users-list/4bad5de3218df9ed"
          },
          "private": "bnVsbA==",
          "dependencies": [
            "aws_vpc.main"
          ]
        }
      ]
    },
    {
      "mode": "managed",
      "type": "aws_lb_target_group",
      "name": "users_search",
      "provider": "provider[\"registry.terraform.io/hashicorp/aws\"]",
      "instances": [
        {
          "schema_version": 0,
          "attributes": {
            "arn": "arn:aws:elasticloadbalancing:us-east-1:697755754723:targetgroup/tg-users-search/0c4b4a7a9826c7e9",
            "arn_suffix": "targetgroup/tg-users-search/0c4b4a7a9826c7e9",
            "connection_termination": null,
            "deregistration_delay": "300",
            "health_check": [
              {
                "enabled": true,
                "healthy_threshold": 5,
                "interval": 30,
                "matcher": "200",
                "path": "/",
                "port": "traffic-port",
                "protocol": "HTTP",
                "timeout": 5,
                "unhealthy_threshold": 2
              }
            ],
            "id": "arn:aws:elasticloadbalancing:us-east-1:697755754723:targetgroup/tg-users-search/0c4b4a7a9826c7e9",
            "ip_address_type": "ipv4",
            "lambda_multi_value_headers_enabled": false,
            "load_balancer_arns": [
              "arn:aws:elasticloadbalancing:us-east-1:697755754723:loadbalancer/app/users-lb/a964cecf4bace1fd"
            ],
            "load_balancing_algorithm_type": "round_robin",
            "load_balancing_anomaly_mitigation": "off",
            "load_balancing_cross_zone_enabled": "use_load_balancer_configuration",
            "name": "tg-users-search",
            "name_prefix": "",
            "port": 3005,
            "preserve_client_ip": null,
            "protocol": "HTTP",
            "protocol_version": "HTTP1",
            "proxy_protocol_v2": false,
            "region": "us-east-1",
            "slow_start": 0,
            "stickiness": [
              {
                "cookie_duration": 86400,
                "cookie_name": "",
                "enabled": false,
                "type": "lb_cookie"
              }
            ],
            "tags": {},
            "tags_all": {
              "Environment": "users",
              "ManagedBy": "Terraform",
              "Project": "GradFlow"
            },
            "target_control_port": 0,
            "target_failover": [
              {
                "on_deregistration": null,
                "on_unhealthy": null
              }
            ],
            "target_group_health": [
              {
                "dns_failover": [
                  {
                    "minimum_healthy_targets_count": "1",
                    "minimum_healthy_targets_percentage": "off"
                  }
                ],
                "unhealthy_state_routing": [
                  {
                    "minimum_healthy_targets_count": 1,
                    "minimum_healthy_targets_percentage": "off"
                  }
                ]
              }
            ],
            "target_health_state": [
              {
                "enable_unhealthy_connection_termination": null,
                "unhealthy_draining_interval": null
              }
            ],
            "target_type": "instance",
            "vpc_id": "vpc-0f64d139519ddbd7f"
          },
          "sensitive_attributes": [],
          "identity_schema_version": 0,
          "identity": {
            "arn": "arn:aws:elasticloadbalancing:us-east-1:697755754723:targetgroup/tg-users-search/0c4b4a7a9826c7e9"
          },
          "private": "bnVsbA==",
          "dependencies": [
            "aws_vpc.main"
          ]
        }
      ]
    },
    {
      "mode": "managed",
      "type": "aws_lb_target_group",
      "name": "users_update",
      "provider": "provider[\"registry.terraform.io/hashicorp/aws\"]",
      "instances": [
        {
          "schema_version": 0,
          "attributes": {
            "arn": "arn:aws:elasticloadbalancing:us-east-1:697755754723:targetgroup/tg-users-update/9fc51aed9dc81e9a",
            "arn_suffix": "targetgroup/tg-users-update/9fc51aed9dc81e9a",
            "connection_termination": null,
            "deregistration_delay": "300",
            "health_check": [
              {
                "enabled": true,
                "healthy_threshold": 5,
                "interval": 30,
                "matcher": "200",
                "path": "/",
                "port": "traffic-port",
                "protocol": "HTTP",
                "timeout": 5,
                "unhealthy_threshold": 2
              }
            ],
            "id": "arn:aws:elasticloadbalancing:us-east-1:697755754723:targetgroup/tg-users-update/9fc51aed9dc81e9a",
            "ip_address_type": "ipv4",
            "lambda_multi_value_headers_enabled": false,
            "load_balancer_arns": [
              "arn:aws:elasticloadbalancing:us-east-1:697755754723:loadbalancer/app/users-lb/a964cecf4bace1fd"
            ],
            "load_balancing_algorithm_type": "round_robin",
            "load_balancing_anomaly_mitigation": "off",
            "load_balancing_cross_zone_enabled": "use_load_balancer_configuration",
            "name": "tg-users-update",
            "name_prefix": "",
            "port": 3004,
            "preserve_client_ip": null,
            "protocol": "HTTP",
            "protocol_version": "HTTP1",
            "proxy_protocol_v2": false,
            "region": "us-east-1",
            "slow_start": 0,
            "stickiness": [
              {
                "cookie_duration": 86400,
                "cookie_name": "",
                "enabled": false,
                "type": "lb_cookie"
              }
            ],
            "tags": {},
            "tags_all": {
              "Environment": "users",
              "ManagedBy": "Terraform",
              "Project": "GradFlow"
            },
            "target_control_port": 0,
            "target_failover": [
              {
                "on_deregistration": null,
                "on_unhealthy": null
              }
            ],
            "target_group_health": [
              {
                "dns_failover": [
                  {
                    "minimum_healthy_targets_count": "1",
                    "minimum_healthy_targets_percentage": "off"
                  }
                ],
                "unhealthy_state_routing": [
                  {
                    "minimum_healthy_targets_count": 1,
                    "minimum_healthy_targets_percentage": "off"
                  }
                ]
              }
            ],
            "target_health_state": [
              {
                "enable_unhealthy_connection_termination": null,
                "unhealthy_draining_interval": null
              }
            ],
            "target_type": "instance",
            "vpc_id": "vpc-0f64d139519ddbd7f"
          },
          "sensitive_attributes": [],
          "identity_schema_version": 0,
          "identity": {
            "arn": "arn:aws:elasticloadbalancing:us-east-1:697755754723:targetgroup/tg-users-update/9fc51aed9dc81e9a"
          },
          "private": "bnVsbA==",
          "dependencies": [
            "aws_vpc.main"
          ]
        }
      ]
    },
    {
      "mode": "managed",
      "type": "aws_security_group",
      "name": "lb",
      "provider": "provider[\"registry.terraform.io/hashicorp/aws\"]",
      "instances": [
        {
          "schema_version": 1,
          "attributes": {
            "arn": "arn:aws:ec2:us-east-1:697755754723:security-group/sg-08bc60300d95fdb97",
            "description": "Managed by Terraform",
            "egress": [
              {
                "cidr_blocks": [
                  "0.0.0.0/0"
                ],
                "description": "",
                "from_port": 0,
                "ipv6_cidr_blocks": [],
                "prefix_list_ids": [],
                "protocol": "-1",
                "security_groups": [],
                "self": false,
                "to_port": 0
              }
            ],
            "id": "sg-08bc60300d95fdb97",
            "ingress": [
              {
                "cidr_blocks": [
                  "0.0.0.0/0"
                ],
                "description": "",
                "from_port": 80,
                "ipv6_cidr_blocks": [],
                "prefix_list_ids": [],
                "protocol": "tcp",
                "security_groups": [],
                "self": false,
                "to_port": 80
              }
            ],
            "name": "lb_sg",
            "name_prefix": "",
            "owner_id": "697755754723",
            "region": "us-east-1",
            "revoke_rules_on_delete": false,
            "tags": {},
            "tags_all": {
              "Environment": "users",
              "ManagedBy": "Terraform",
              "Project": "GradFlow"
            },
            "timeouts": null,
            "vpc_id": "vpc-0f64d139519ddbd7f"
          },
          "sensitive_attributes": [],
          "identity_schema_version": 0,
          "identity": {
            "account_id": "697755754723",
            "id": "sg-08bc60300d95fdb97",
            "region": "us-east-1"
          },
          "private": "eyJlMmJmYjczMC1lY2FhLTExZTYtOGY4OC0zNDM2M2JjN2M0YzAiOnsiY3JlYXRlIjo2MDAwMDAwMDAwMDAsImRlbGV0ZSI6OTAwMDAwMDAwMDAwfSwic2NoZW1hX3ZlcnNpb24iOiIxIn0=",
          "dependencies": [
            "aws_vpc.main"
          ]
        }
      ]
    },
    {
      "mode": "managed",
      "type": "aws_security_group",
      "name": "web",
      "provider": "provider[\"registry.terraform.io/hashicorp/aws\"]",
      "instances": [
        {
          "schema_version": 1,
          "attributes": {
            "arn": "arn:aws:ec2:us-east-1:697755754723:security-group/sg-01b9fbbbb5f8fdc3a",
            "description": "Managed by Terraform",
            "egress": [
              {
                "cidr_blocks": [
                  "0.0.0.0/0"
                ],
                "description": "",
                "from_port": 0,
                "ipv6_cidr_blocks": [],
                "prefix_list_ids": [],
                "protocol": "-1",
                "security_groups": [],
                "self": false,
                "to_port": 0
              }
            ],
            "id": "sg-01b9fbbbb5f8fdc3a",
            "ingress": [
              {
                "cidr_blocks": [
                  "0.0.0.0/0"
                ],
                "description": "SSH for CI/CD",
                "from_port": 22,
                "ipv6_cidr_blocks": [],
                "prefix_list_ids": [],
                "protocol": "tcp",
                "security_groups": [],
                "self": false,
                "to_port": 22
              },
              {
                "cidr_blocks": [],
                "description": "",
                "from_port": 80,
                "ipv6_cidr_blocks": [],
                "prefix_list_ids": [],
                "protocol": "tcp",
                "security_groups": [
                  "sg-08bc60300d95fdb97"
                ],
                "self": false,
                "to_port": 80
              }
            ],
            "name": "web_sg",
            "name_prefix": "",
            "owner_id": "697755754723",
            "region": "us-east-1",
            "revoke_rules_on_delete": false,
            "tags": {},
            "tags_all": {
              "Environment": "users",
              "ManagedBy": "Terraform",
              "Project": "GradFlow"
            },
            "timeouts": null,
            "vpc_id": "vpc-0f64d139519ddbd7f"
          },
          "sensitive_attributes": [],
          "identity_schema_version": 0,
          "identity": {
            "account_id": "697755754723",
            "id": "sg-01b9fbbbb5f8fdc3a",
            "region": "us-east-1"
          },
          "private": "eyJlMmJmYjczMC1lY2FhLTExZTYtOGY4OC0zNDM2M2JjN2M0YzAiOnsiY3JlYXRlIjo2MDAwMDAwMDAwMDAsImRlbGV0ZSI6OTAwMDAwMDAwMDAwfSwic2NoZW1hX3ZlcnNpb24iOiIxIn0=",
          "dependencies": [
            "aws_security_group.lb",
            "aws_vpc.main"
          ]
        }
      ]
    },
    {
      "mode": "managed",
      "type": "aws_subnet",
      "name": "public",
      "provider": "provider[\"registry.terraform.io/hashicorp/aws\"]",
      "instances": [
        {
          "index_key": 0,
          "schema_version": 1,
          "attributes": {
            "arn": "arn:aws:ec2:us-east-1:697755754723:subnet/subnet-06d063186aa3ab254",
            "assign_ipv6_address_on_creation": false,
            "availability_zone": "us-east-1a",
            "availability_zone_id": "use1-az6",
            "cidr_block": "10.0.0.0/24",
            "customer_owned_ipv4_pool": "",
            "enable_dns64": false,
            "enable_lni_at_device_index": 0,
            "enable_resource_name_dns_a_record_on_launch": false,
            "enable_resource_name_dns_aaaa_record_on_launch": false,
            "id": "subnet-06d063186aa3ab254",
            "ipv6_cidr_block": "",
            "ipv6_cidr_block_association_id": "",
            "ipv6_native": false,
            "map_customer_owned_ip_on_launch": false,
            "map_public_ip_on_launch": true,
            "outpost_arn": "",
            "owner_id": "697755754723",
            "private_dns_hostname_type_on_launch": "ip-name",
            "region": "us-east-1",
            "tags": {},
            "tags_all": {
              "Environment": "users",
              "ManagedBy": "Terraform",
              "Project": "GradFlow"
            },
            "timeouts": null,
            "vpc_id": "vpc-0f64d139519ddbd7f"
          },
          "sensitive_attributes": [],
          "identity_schema_version": 0,
          "identity": {
            "account_id": "697755754723",
            "id": "subnet-06d063186aa3ab254",
            "region": "us-east-1"
          },
          "private": "eyJlMmJmYjczMC1lY2FhLTExZTYtOGY4OC0zNDM2M2JjN2M0YzAiOnsiY3JlYXRlIjo2MDAwMDAwMDAwMDAsImRlbGV0ZSI6MTIwMDAwMDAwMDAwMH0sInNjaGVtYV92ZXJzaW9uIjoiMSJ9",
          "dependencies": [
            "aws_vpc.main",
            "data.aws_availability_zones.available"
          ]
        },
        {
          "index_key": 1,
          "schema_version": 1,
          "attributes": {
            "arn": "arn:aws:ec2:us-east-1:697755754723:subnet/subnet-00a14d58c14fda9d5",
            "assign_ipv6_address_on_creation": false,
            "availability_zone": "us-east-1b",
            "availability_zone_id": "use1-az1",
            "cidr_block": "10.0.1.0/24",
            "customer_owned_ipv4_pool": "",
            "enable_dns64": false,
            "enable_lni_at_device_index": 0,
            "enable_resource_name_dns_a_record_on_launch": false,
            "enable_resource_name_dns_aaaa_record_on_launch": false,
            "id": "subnet-00a14d58c14fda9d5",
            "ipv6_cidr_block": "",
            "ipv6_cidr_block_association_id": "",
            "ipv6_native": false,
            "map_customer_owned_ip_on_launch": false,
            "map_public_ip_on_launch": true,
            "outpost_arn": "",
            "owner_id": "697755754723",
            "private_dns_hostname_type_on_launch": "ip-name",
            "region": "us-east-1",
            "tags": {},
            "tags_all": {
              "Environment": "users",
              "ManagedBy": "Terraform",
              "Project": "GradFlow"
            },
            "timeouts": null,
            "vpc_id": "vpc-0f64d139519ddbd7f"
          },
          "sensitive_attributes": [],
          "identity_schema_version": 0,
          "identity": {
            "account_id": "697755754723",
            "id": "subnet-00a14d58c14fda9d5",
            "region": "us-east-1"
          },
          "private": "eyJlMmJmYjczMC1lY2FhLTExZTYtOGY4OC0zNDM2M2JjN2M0YzAiOnsiY3JlYXRlIjo2MDAwMDAwMDAwMDAsImRlbGV0ZSI6MTIwMDAwMDAwMDAwMH0sInNjaGVtYV92ZXJzaW9uIjoiMSJ9",
          "dependencies": [
            "aws_vpc.main",
            "data.aws_availability_zones.available"
          ]
        }
      ]
    },
    {
      "mode": "managed",
      "type": "aws_vpc",
      "name": "main",
      "provider": "provider[\"registry.terraform.io/hashicorp/aws\"]",
      "instances": [
        {
          "schema_version": 1,
          "attributes": {
            "arn": "arn:aws:ec2:us-east-1:697755754723:vpc/vpc-0f64d139519ddbd7f",
            "assign_generated_ipv6_cidr_block": false,
            "cidr_block": "10.0.0.0/16",
            "default_network_acl_id": "acl-09205ff54d9bf1f4c",
            "default_route_table_id": "rtb-0c2135bf404f485c1",
            "default_security_group_id": "sg-0874124141042f5b0",
            "dhcp_options_id": "dopt-09c9a738bb79b4b08",
            "enable_dns_hostnames": false,
            "enable_dns_support": true,
            "enable_network_address_usage_metrics": false,
            "id": "vpc-0f64d139519ddbd7f",
            "instance_tenancy": "default",
            "ipv4_ipam_pool_id": null,
            "ipv4_netmask_length": null,
            "ipv6_association_id": "",
            "ipv6_cidr_block": "",
            "ipv6_cidr_block_network_border_group": "",
            "ipv6_ipam_pool_id": "",
            "ipv6_netmask_length": 0,
            "main_route_table_id": "rtb-0c2135bf404f485c1",
            "owner_id": "697755754723",
            "region": "us-east-1",
            "tags": {},
            "tags_all": {
              "Environment": "users",
              "ManagedBy": "Terraform",
              "Project": "GradFlow"
            }
          },
          "sensitive_attributes": [],
          "identity_schema_version": 0,
          "identity": {
            "account_id": "697755754723",
            "id": "vpc-0f64d139519ddbd7f",
            "region": "us-east-1"
          },
          "private": "eyJzY2hlbWFfdmVyc2lvbiI6IjEifQ=="
        }
      ]
    },
    {
      "mode": "managed",
      "type": "tls_private_key",
      "name": "this",
      "provider": "provider[\"registry.terraform.io/hashicorp/tls\"]",
      "instances": [
        {
          "index_key": 0,
          "schema_version": 1,
          "attributes": {
            "algorithm": "RSA",
            "ecdsa_curve": "P224",
            "id": "9b9342aa3b567d2e507822497c98028a9af95504",
            "private_key_openssh": "-----BEGIN OPENSSH PRIVATE KEY-----\nb3BlbnNzaC1rZXktdjEAAAAABG5vbmUAAAAEbm9uZQAAAAAAAAABAAACFwAAAAdz\nc2gtcnNhAAAAAwEAAQAAAgEA24B29aUC6PInQpjGjH5qHUMQBLdNcGYhw7/vb15q\nU/a8JuMBQvVAAgFxbzizSFVrBRFR0QqEIoysjOZs/0y1PcXH2iWK6XcJDk81J0kI\nkYOTnTIJoUJvGW1clwHT47xc9EDQGCi/EHUgWLrO5b7Z2HIrPdvJyw6BZHl6oARP\nFHuiz51Da3i4STqLgLk54YLPIaTQkh2ZWFUBYEzVGd+niJgYMrvCym/Elq3ky9PX\n89X8+hPcvB5+nGRd+9135y6QxFyUEBsh9yRhGv/WB9x4qy2yo4ctbbylOkGdTQM5\nM3kO61laQyvonagGvy0UOVQlU1jnxHJw+UGwgSgUM2zOtxIzH70ZEjPrnCrXPgTF\n8WjA8PjUHBVA1E5sT5gFHKPOj8+t8fCBVE5QYVoMaVohaaJJRnZMJj0Rq0p36AbA\n4lmsgTPlgrGDS6pgmWsURrHUqXYLIr6IVmkL0ryeLMCqXX/X/AFliFUG2tEt71qy\nqTSwVPAP+TzgsvtHtaepdLzLecReFuFBEq/M+Q8N2EnZip3TVQHOwP0vZL6+W3aq\nEwcwGuecB64PaKkaZNEZUH1mRUcbXVmHUURoFrwLeHguXdeXJIDF2VtdjB28njW0\nre5/NMVtzdh35b4nNIleL6+ghCv/CqFB+8FT574ag2uaO+hnINaWTrl+svDtdvIn\nDq0AAAc4rDaVtqw2lbYAAAAHc3NoLXJzYQAAAgEA24B29aUC6PInQpjGjH5qHUMQ\nBLdNcGYhw7/vb15qU/a8JuMBQvVAAgFxbzizSFVrBRFR0QqEIoysjOZs/0y1PcXH\n2iWK6XcJDk81J0kIkYOTnTIJoUJvGW1clwHT47xc9EDQGCi/EHUgWLrO5b7Z2HIr\nPdvJyw6BZHl6oARPFHuiz51Da3i4STqLgLk54YLPIaTQkh2ZWFUBYEzVGd+niJgY\nMrvCym/Elq3ky9PX89X8+hPcvB5+nGRd+9135y6QxFyUEBsh9yRhGv/WB9x4qy2y\no4ctbbylOkGdTQM5M3kO61laQyvonagGvy0UOVQlU1jnxHJw+UGwgSgUM2zOtxIz\nH70ZEjPrnCrXPgTF8WjA8PjUHBVA1E5sT5gFHKPOj8+t8fCBVE5QYVoMaVohaaJJ\nRnZMJj0Rq0p36AbA4lmsgTPlgrGDS6pgmWsURrHUqXYLIr6IVmkL0ryeLMCqXX/X\n/AFliFUG2tEt71qyqTSwVPAP+TzgsvtHtaepdLzLecReFuFBEq/M+Q8N2EnZip3T\nVQHOwP0vZL6+W3aqEwcwGuecB64PaKkaZNEZUH1mRUcbXVmHUURoFrwLeHguXdeX\nJIDF2VtdjB28njW0re5/NMVtzdh35b4nNIleL6+ghCv/CqFB+8FT574ag2uaO+hn\nINaWTrl+svDtdvInDq0AAAADAQABAAACABfd8hFnrddSbT5qijxAip0/63/3xm3Q\nTR+RwSEk7P7QN0krKbn0HM+bBJCJY8UbtJVKetD2CcQP87smWveviY178e0gY+ha\nzxtFNYxd/paD7gsLo8xrAtWK9KReyIFcu+a7HWVjGNNbSPcc6N5GUD2evGDvgxOX\nMi6QnurDTS32+48DlI8dAzzDJuQKP+braEZKO3uHyGK4a3vjHtC/ZuINV6Q8kkOc\nv416vwQCttqGjAlNG5VA45dxul5miGEUyRzwzBCsQpcy13QuGUGlkWFbiK8LRb9G\n4dhhxg7XqOKV6S9h+dSP860g1gr3hdlt8tkLM7hCkVIo+F4y0298B0XhISbxeu/3\n3NtnNpOxrqbBjGJxj2M/B47tu6Ybd/rN7w6UIhvObiLkZU7pOrSrvL9pJjCKEzQB\nsyzxZG5wvcDxTjUCTxL6Pi4ES3xM25bFW+chCJMmsClN/GYUoCmKVBC+/15yo5XT\nkLd+uRjlOR00T0ts8WOhAuuMohKrX18pWW83g1icxm7uEAT8BC9/qHFL3CpPKmWQ\nhxKpGRfscB4nxPrnXE4yBzlgY4wGRZ4hLu2IQy51jIyf51cxB1oAXXxqkbtEPuN7\nPeI96/QbbubvZd6zWsK4L8XstF3tNj/+pG/NhDthKlLxz/0yWLn/4/o7sY+ksGpM\n9057mc696lepAAABADIlOA1BbGBk+ifLA3cTL2h1sWwNUzx/nTtisXPbcqIv3lOd\nuFoCXP4zbZELOI1yk82I5XiYIvb4DDr6vOC2cXVp9k9nOHX7z318rOzXhUMQUmwn\ncceqUbEIp3Rxo8/el6KicFHvRvXPTnHeBNGqTLLMAxiEwVXfJuawIBv2XKH2FbgN\nYibaSy4dg6CYhZ92FI61tmicqKkblPk5FqB0VPLPr1+TFfuF/tAeC0erd4kC5IoJ\naUnnLvhtq1GGS6uiC+vAIhlB4p5FNgojUhlX0OEMQfOIfKbjXAqCZGv1dfLkRVyY\nsffuUUXHVpbDlqTgMtjZ7NCeg8kJ/Y1+SX97RmQAAAEBAO9KYBQ3IsCFUwnrExUG\nDD/dV/uP3U+M80/jcEZa3AewFflJWeMScyKQKqxVCnzWcFyvdFxcbGNLoFakk77s\nlYAPACrJ7Ox+YHup54kKWi+8Ok6yQTsSTPj/mjh2xdw0rcnKw2l6NkwpqNIuTY2e\n3YocdI+othtyMhJjCdrmiP98lDaoiwyMTNnlsK0/D1r+dXV32MoSZImH3fRx9bd7\nziM2N8lZcB0Sb4fVpC88VeQuQtxADXWk3riRDrJmF5fW0Z6dnf+RR1F/48YdMYJD\n3/0lKbDiIMoEhjP/Osv7e3G7i+akif7UetbooEMtlg2QDbRFnT00rBq2nBvlySdg\nImcAAAEBAOrUVz1T+v1klm+rnT1oFEkuLYEd2TvdxMhpQ6cXT2n5GIKp2+5TBrqn\nBPB6chqsXEjGz0ooH/0CX5Ih8Euzw4Hq3+4pQxhlHaz4oaHz84Pwd+K90qrJmSGr\npw5P2OZp77Df1QJ4j1pSamsJ/fj6IUKFhBz6rU9S5KcqGlML+QF41iTJ4AjCb0+V\nHv7UMOesRjhTyo7KxtPo8FTC6ZuKt9qYSpHAM3fKMmhwNOQxdaXl7njp3yHIXBzn\nzgq0ST99PZ39aUND9MFSEor8+MH9ZpzBgMw2Y04FFIL18hEn40VsUYJ/Cq3cy2s2\nN84O5k3NdpFmJ3qgrwAm4OmRi77PocsAAAAAAQID\n-----END OPENSSH PRIVATE KEY-----\n",
            "private_key_pem": "-----BEGIN RSA PRIVATE KEY-----\nMIIJJwIBAAKCAgEA24B29aUC6PInQpjGjH5qHUMQBLdNcGYhw7/vb15qU/a8JuMB\nQvVAAgFxbzizSFVrBRFR0QqEIoysjOZs/0y1PcXH2iWK6XcJDk81J0kIkYOTnTIJ\noUJvGW1clwHT47xc9EDQGCi/EHUgWLrO5b7Z2HIrPdvJyw6BZHl6oARPFHuiz51D\na3i4STqLgLk54YLPIaTQkh2ZWFUBYEzVGd+niJgYMrvCym/Elq3ky9PX89X8+hPc\nvB5+nGRd+9135y6QxFyUEBsh9yRhGv/WB9x4qy2yo4ctbbylOkGdTQM5M3kO61la\nQyvonagGvy0UOVQlU1jnxHJw+UGwgSgUM2zOtxIzH70ZEjPrnCrXPgTF8WjA8PjU\nHBVA1E5sT5gFHKPOj8+t8fCBVE5QYVoMaVohaaJJRnZMJj0Rq0p36AbA4lmsgTPl\ngrGDS6pgmWsURrHUqXYLIr6IVmkL0ryeLMCqXX/X/AFliFUG2tEt71qyqTSwVPAP\n+TzgsvtHtaepdLzLecReFuFBEq/M+Q8N2EnZip3TVQHOwP0vZL6+W3aqEwcwGuec\nB64PaKkaZNEZUH1mRUcbXVmHUURoFrwLeHguXdeXJIDF2VtdjB28njW0re5/NMVt\nzdh35b4nNIleL6+ghCv/CqFB+8FT574ag2uaO+hnINaWTrl+svDtdvInDq0CAwEA\nAQKCAgAX3fIRZ63XUm0+aoo8QIqdP+t/98Zt0E0fkcEhJOz+0DdJKym59BzPmwSQ\niWPFG7SVSnrQ9gnED/O7Jlr3r4mNe/HtIGPoWs8bRTWMXf6Wg+4LC6PMawLVivSk\nXsiBXLvmux1lYxjTW0j3HOjeRlA9nrxg74MTlzIukJ7qw00t9vuPA5SPHQM8wybk\nCj/m62hGSjt7h8hiuGt74x7Qv2biDVekPJJDnL+Ner8EArbahowJTRuVQOOXcbpe\nZohhFMkc8MwQrEKXMtd0LhlBpZFhW4ivC0W/RuHYYcYO16jilekvYfnUj/OtINYK\n94XZbfLZCzO4QpFSKPheMtNvfAdF4SEm8Xrv99zbZzaTsa6mwYxicY9jPweO7bum\nG3f6ze8OlCIbzm4i5GVO6Tq0q7y/aSYwihM0AbMs8WRucL3A8U41Ak8S+j4uBEt8\nTNuWxVvnIQiTJrApTfxmFKApilQQvv9ecqOV05C3frkY5TkdNE9LbPFjoQLrjKIS\nq19fKVlvN4NYnMZu7hAE/AQvf6hxS9wqTyplkIcSqRkX7HAeJ8T651xOMgc5YGOM\nBkWeIS7tiEMudYyMn+dXMQdaAF18apG7RD7jez3iPev0G27m72Xes1rCuC/F7LRd\n7TY//qRvzYQ7YSpS8c/9Mli5/+P6O7GPpLBqTPdOe5nOvepXqQKCAQEA70pgFDci\nwIVTCesTFQYMP91X+4/dT4zzT+NwRlrcB7AV+UlZ4xJzIpAqrFUKfNZwXK90XFxs\nY0ugVqSTvuyVgA8AKsns7H5ge6nniQpaL7w6TrJBOxJM+P+aOHbF3DStycrDaXo2\nTCmo0i5NjZ7dihx0j6i2G3IyEmMJ2uaI/3yUNqiLDIxM2eWwrT8PWv51dXfYyhJk\niYfd9HH1t3vOIzY3yVlwHRJvh9WkLzxV5C5C3EANdaTeuJEOsmYXl9bRnp2d/5FH\nUX/jxh0xgkPf/SUpsOIgygSGM/86y/t7cbuL5qSJ/tR61uigQy2WDZANtEWdPTSs\nGracG+XJJ2AiZwKCAQEA6tRXPVP6/WSWb6udPWgUSS4tgR3ZO93EyGlDpxdPafkY\ngqnb7lMGuqcE8HpyGqxcSMbPSigf/QJfkiHwS7PDgerf7ilDGGUdrPihofPzg/B3\n4r3SqsmZIaunDk/Y5mnvsN/VAniPWlJqawn9+PohQoWEHPqtT1LkpyoaUwv5AXjW\nJMngCMJvT5Ue/tQw56xGOFPKjsrG0+jwVMLpm4q32phKkcAzd8oyaHA05DF1peXu\neOnfIchcHOfOCrRJP309nf1pQ0P0wVISivz4wf1mnMGAzDZjTgUUgvXyESfjRWxR\ngn8KrdzLazY3zg7mTc12kWYneqCvACbg6ZGLvs+hywKCAQBjbxOHsvWU7JH6AB34\n0X+Llk22Mizzno2It+jyw1TFOQ2YfjuE2SjQxvmEjP4DrBQa36nJq3o6tLVW66Kd\nZrAk+5bFMQ1rpIQxPwQAdTXOuje8deQXSN6FZalPJ0PG4nkI7mHPVcJ0WadWV3lQ\njSBgAL0K6T9rHkPiUhdJSBzLlZf9MoI9X5ubvA9znk2iMTTb8EY8ifIPGE9KAYTq\njt600RXTbH/jBMMlvcgw/LBwVizgWxl8tlr6dQSXa0cIiHKop7R8+4CYRD2BGKZ3\nC/9qsOOnJgAcEk82Eiv7kW/VbeqPl/Xj16WH4jieUbYVwrN/IqJZSabuns015oF1\nBESnAoIBAFVmp9t74TmqDTPLe8HLSiVbD913F3u4KUqhTaNEzPLDTnCmiX9g3n+f\nIiK6xSiCKoWlF9nmQcvnww4IHbXKSH3FB287vlTu4R34xf96EsOW/mKNmkHWU0R1\ngqmnzD/vouX2YScm5St58Y2/8odLoDDrEaLgX4sLoHBS1YQCRKqOYYK7kChfXc/Z\ncY5HaQm4E0mE35OSl0CV5GFPCVox1q8+10+uUIluFWr586JRgnG070c19pn4ndc9\nTieCbWkTiQceE9wMqMRtrqSxX15dY6X6kXazCOZk3pLKEyC+Gt8yh2on/aBBPhFd\nhGoB7Su6XzZ9qjnkmgA6I22OKv5X0IUCggEAMiU4DUFsYGT6J8sDdxMvaHWxbA1T\nPH+dO2Kxc9tyoi/eU524WgJc/jNtkQs4jXKTzYjleJgi9vgMOvq84LZxdWn2T2c4\ndfvPfXys7NeFQxBSbCdxx6pRsQindHGjz96XoqJwUe9G9c9Ocd4E0apMsswDGITB\nVd8m5rAgG/ZcofYVuA1iJtpLLh2DoJiFn3YUjrW2aJyoqRuU+TkWoHRU8s+vX5MV\n+4X+0B4LR6t3iQLkiglpSecu+G2rUYZLq6IL68AiGUHinkU2CiNSGVfQ4QxB84h8\npuNcCoJka/V18uRFXJix9+5RRcdWlsOWpOAy2Nns0J6DyQn9jX5Jf3tGZA==\n-----END RSA PRIVATE KEY-----\n",
            "private_key_pem_pkcs8": "-----BEGIN PRIVATE KEY-----\nMIIJQQIBADANBgkqhkiG9w0BAQEFAASCCSswggknAgEAAoICAQDbgHb1pQLo8idC\nmMaMfmodQxAEt01wZiHDv+9vXmpT9rwm4wFC9UACAXFvOLNIVWsFEVHRCoQijKyM\n5mz/TLU9xcfaJYrpdwkOTzUnSQiRg5OdMgmhQm8ZbVyXAdPjvFz0QNAYKL8QdSBY\nus7lvtnYcis928nLDoFkeXqgBE8Ue6LPnUNreLhJOouAuTnhgs8hpNCSHZlYVQFg\nTNUZ36eImBgyu8LKb8SWreTL09fz1fz6E9y8Hn6cZF373XfnLpDEXJQQGyH3JGEa\n/9YH3HirLbKjhy1tvKU6QZ1NAzkzeQ7rWVpDK+idqAa/LRQ5VCVTWOfEcnD5QbCB\nKBQzbM63EjMfvRkSM+ucKtc+BMXxaMDw+NQcFUDUTmxPmAUco86Pz63x8IFUTlBh\nWgxpWiFpoklGdkwmPRGrSnfoBsDiWayBM+WCsYNLqmCZaxRGsdSpdgsivohWaQvS\nvJ4swKpdf9f8AWWIVQba0S3vWrKpNLBU8A/5POCy+0e1p6l0vMt5xF4W4UESr8z5\nDw3YSdmKndNVAc7A/S9kvr5bdqoTBzAa55wHrg9oqRpk0RlQfWZFRxtdWYdRRGgW\nvAt4eC5d15ckgMXZW12MHbyeNbSt7n80xW3N2Hflvic0iV4vr6CEK/8KoUH7wVPn\nvhqDa5o76Gcg1pZOuX6y8O128icOrQIDAQABAoICABfd8hFnrddSbT5qijxAip0/\n63/3xm3QTR+RwSEk7P7QN0krKbn0HM+bBJCJY8UbtJVKetD2CcQP87smWveviY17\n8e0gY+hazxtFNYxd/paD7gsLo8xrAtWK9KReyIFcu+a7HWVjGNNbSPcc6N5GUD2e\nvGDvgxOXMi6QnurDTS32+48DlI8dAzzDJuQKP+braEZKO3uHyGK4a3vjHtC/ZuIN\nV6Q8kkOcv416vwQCttqGjAlNG5VA45dxul5miGEUyRzwzBCsQpcy13QuGUGlkWFb\niK8LRb9G4dhhxg7XqOKV6S9h+dSP860g1gr3hdlt8tkLM7hCkVIo+F4y0298B0Xh\nISbxeu/33NtnNpOxrqbBjGJxj2M/B47tu6Ybd/rN7w6UIhvObiLkZU7pOrSrvL9p\nJjCKEzQBsyzxZG5wvcDxTjUCTxL6Pi4ES3xM25bFW+chCJMmsClN/GYUoCmKVBC+\n/15yo5XTkLd+uRjlOR00T0ts8WOhAuuMohKrX18pWW83g1icxm7uEAT8BC9/qHFL\n3CpPKmWQhxKpGRfscB4nxPrnXE4yBzlgY4wGRZ4hLu2IQy51jIyf51cxB1oAXXxq\nkbtEPuN7PeI96/QbbubvZd6zWsK4L8XstF3tNj/+pG/NhDthKlLxz/0yWLn/4/o7\nsY+ksGpM9057mc696lepAoIBAQDvSmAUNyLAhVMJ6xMVBgw/3Vf7j91PjPNP43BG\nWtwHsBX5SVnjEnMikCqsVQp81nBcr3RcXGxjS6BWpJO+7JWADwAqyezsfmB7qeeJ\nClovvDpOskE7Ekz4/5o4dsXcNK3JysNpejZMKajSLk2Nnt2KHHSPqLYbcjISYwna\n5oj/fJQ2qIsMjEzZ5bCtPw9a/nV1d9jKEmSJh930cfW3e84jNjfJWXAdEm+H1aQv\nPFXkLkLcQA11pN64kQ6yZheX1tGenZ3/kUdRf+PGHTGCQ9/9JSmw4iDKBIYz/zrL\n+3txu4vmpIn+1HrW6KBDLZYNkA20RZ09NKwatpwb5cknYCJnAoIBAQDq1Fc9U/r9\nZJZvq509aBRJLi2BHdk73cTIaUOnF09p+RiCqdvuUwa6pwTwenIarFxIxs9KKB/9\nAl+SIfBLs8OB6t/uKUMYZR2s+KGh8/OD8HfivdKqyZkhq6cOT9jmae+w39UCeI9a\nUmprCf34+iFChYQc+q1PUuSnKhpTC/kBeNYkyeAIwm9PlR7+1DDnrEY4U8qOysbT\n6PBUwumbirfamEqRwDN3yjJocDTkMXWl5e546d8hyFwc584KtEk/fT2d/WlDQ/TB\nUhKK/PjB/WacwYDMNmNOBRSC9fIRJ+NFbFGCfwqt3MtrNjfODuZNzXaRZid6oK8A\nJuDpkYu+z6HLAoIBAGNvE4ey9ZTskfoAHfjRf4uWTbYyLPOejYi36PLDVMU5DZh+\nO4TZKNDG+YSM/gOsFBrfqcmrejq0tVbrop1msCT7lsUxDWukhDE/BAB1Nc66N7x1\n5BdI3oVlqU8nQ8bieQjuYc9VwnRZp1ZXeVCNIGAAvQrpP2seQ+JSF0lIHMuVl/0y\ngj1fm5u8D3OeTaIxNNvwRjyJ8g8YT0oBhOqO3rTRFdNsf+MEwyW9yDD8sHBWLOBb\nGXy2Wvp1BJdrRwiIcqintHz7gJhEPYEYpncL/2qw46cmABwSTzYSK/uRb9Vt6o+X\n9ePXpYfiOJ5RthXCs38iollJpu6ezTXmgXUERKcCggEAVWan23vhOaoNM8t7wctK\nJVsP3XcXe7gpSqFNo0TM8sNOcKaJf2Def58iIrrFKIIqhaUX2eZBy+fDDggdtcpI\nfcUHbzu+VO7hHfjF/3oSw5b+Yo2aQdZTRHWCqafMP++i5fZhJyblK3nxjb/yh0ug\nMOsRouBfiwugcFLVhAJEqo5hgruQKF9dz9lxjkdpCbgTSYTfk5KXQJXkYU8JWjHW\nrz7XT65QiW4VavnzolGCcbTvRzX2mfid1z1OJ4JtaROJBx4T3AyoxG2upLFfXl1j\npfqRdrMI5mTeksoTIL4a3zKHaif9oEE+EV2EagHtK7pfNn2qOeSaADojbY4q/lfQ\nhQKCAQAyJTgNQWxgZPonywN3Ey9odbFsDVM8f507YrFz23KiL95TnbhaAlz+M22R\nCziNcpPNiOV4mCL2+Aw6+rzgtnF1afZPZzh1+899fKzs14VDEFJsJ3HHqlGxCKd0\ncaPP3peionBR70b1z05x3gTRqkyyzAMYhMFV3ybmsCAb9lyh9hW4DWIm2ksuHYOg\nmIWfdhSOtbZonKipG5T5ORagdFTyz69fkxX7hf7QHgtHq3eJAuSKCWlJ5y74batR\nhkurogvrwCIZQeKeRTYKI1IZV9DhDEHziHym41wKgmRr9XXy5EVcmLH37lFFx1aW\nw5ak4DLY2ezQnoPJCf2Nfkl/e0Zk\n-----END PRIVATE KEY-----\n",
            "public_key_fingerprint_md5": "18:d1:14:00:8d:c5:b5:15:d8:8c:82:5a:88:f0:c5:a3",
            "public_key_fingerprint_sha256": "SHA256:m/SJ/eYych8qfENmu5lDi4wMSr5Oep3nGC6nvbMM+bo",
            "public_key_openssh": "ssh-rsa AAAAB3NzaC1yc2EAAAADAQABAAACAQDbgHb1pQLo8idCmMaMfmodQxAEt01wZiHDv+9vXmpT9rwm4wFC9UACAXFvOLNIVWsFEVHRCoQijKyM5mz/TLU9xcfaJYrpdwkOTzUnSQiRg5OdMgmhQm8ZbVyXAdPjvFz0QNAYKL8QdSBYus7lvtnYcis928nLDoFkeXqgBE8Ue6LPnUNreLhJOouAuTnhgs8hpNCSHZlYVQFgTNUZ36eImBgyu8LKb8SWreTL09fz1fz6E9y8Hn6cZF373XfnLpDEXJQQGyH3JGEa/9YH3HirLbKjhy1tvKU6QZ1NAzkzeQ7rWVpDK+idqAa/LRQ5VCVTWOfEcnD5QbCBKBQzbM63EjMfvRkSM+ucKtc+BMXxaMDw+NQcFUDUTmxPmAUco86Pz63x8IFUTlBhWgxpWiFpoklGdkwmPRGrSnfoBsDiWayBM+WCsYNLqmCZaxRGsdSpdgsivohWaQvSvJ4swKpdf9f8AWWIVQba0S3vWrKpNLBU8A/5POCy+0e1p6l0vMt5xF4W4UESr8z5Dw3YSdmKndNVAc7A/S9kvr5bdqoTBzAa55wHrg9oqRpk0RlQfWZFRxtdWYdRRGgWvAt4eC5d15ckgMXZW12MHbyeNbSt7n80xW3N2Hflvic0iV4vr6CEK/8KoUH7wVPnvhqDa5o76Gcg1pZOuX6y8O128icOrQ==\n",
            "public_key_pem": "-----BEGIN PUBLIC KEY-----\nMIICIjANBgkqhkiG9w0BAQEFAAOCAg8AMIICCgKCAgEA24B29aUC6PInQpjGjH5q\nHUMQBLdNcGYhw7/vb15qU/a8JuMBQvVAAgFxbzizSFVrBRFR0QqEIoysjOZs/0y1\nPcXH2iWK6XcJDk81J0kIkYOTnTIJoUJvGW1clwHT47xc9EDQGCi/EHUgWLrO5b7Z\n2HIrPdvJyw6BZHl6oARPFHuiz51Da3i4STqLgLk54YLPIaTQkh2ZWFUBYEzVGd+n\niJgYMrvCym/Elq3ky9PX89X8+hPcvB5+nGRd+9135y6QxFyUEBsh9yRhGv/WB9x4\nqy2yo4ctbbylOkGdTQM5M3kO61laQyvonagGvy0UOVQlU1jnxHJw+UGwgSgUM2zO\ntxIzH70ZEjPrnCrXPgTF8WjA8PjUHBVA1E5sT5gFHKPOj8+t8fCBVE5QYVoMaVoh\naaJJRnZMJj0Rq0p36AbA4lmsgTPlgrGDS6pgmWsURrHUqXYLIr6IVmkL0ryeLMCq\nXX/X/AFliFUG2tEt71qyqTSwVPAP+TzgsvtHtaepdLzLecReFuFBEq/M+Q8N2EnZ\nip3TVQHOwP0vZL6+W3aqEwcwGuecB64PaKkaZNEZUH1mRUcbXVmHUURoFrwLeHgu\nXdeXJIDF2VtdjB28njW0re5/NMVtzdh35b4nNIleL6+ghCv/CqFB+8FT574ag2ua\nO+hnINaWTrl+svDtdvInDq0CAwEAAQ==\n-----END PUBLIC KEY-----\n",
            "rsa_bits": 4096
          },
          "sensitive_attributes": [
            [
              {
                "type": "get_attr",
                "value": "private_key_openssh"
              }
            ],
            [
              {
                "type": "get_attr",
                "value": "private_key_pem"
              }
            ],
            [
              {
                "type": "get_attr",
                "value": "private_key_pem_pkcs8"
              }
            ]
          ],
          "identity_schema_version": 0
        }
      ]
    }
  ],
  "check_results": null
}
