{
  "version": 4,
  "terraform_version": "1.14.1",
  "serial": 1100,
  "lineage": "5de68eff-eb21-9e50-18a6-c48e1db7a8e4",
  "outputs": {},
  "resources": [
    {
      "mode": "data",
      "type": "aws_availability_zones",
      "name": "available",
      "provider": "provider[\"registry.terraform.io/hashicorp/aws\"]",
      "instances": [
        {
          "schema_version": 0,
          "attributes": {
            "all_availability_zones": null,
            "exclude_names": null,
            "exclude_zone_ids": null,
            "filter": null,
            "group_names": [
              "us-east-1-zg-1"
            ],
            "id": "us-east-1",
            "names": [
              "us-east-1a",
              "us-east-1b",
              "us-east-1c",
              "us-east-1d",
              "us-east-1e",
              "us-east-1f"
            ],
            "region": "us-east-1",
            "state": null,
            "timeouts": null,
            "zone_ids": [
              "use1-az6",
              "use1-az1",
              "use1-az2",
              "use1-az4",
              "use1-az3",
              "use1-az5"
            ]
          },
          "sensitive_attributes": [],
          "identity_schema_version": 0
        }
      ]
    },
    {
      "mode": "managed",
      "type": "aws_autoscaling_group",
      "name": "app",
      "provider": "provider[\"registry.terraform.io/hashicorp/aws\"]",
      "instances": [
        {
          "schema_version": 1,
          "attributes": {
            "arn": "arn:aws:autoscaling:us-east-1:697755754723:autoScalingGroup:ca33cf0d-dfdb-401a-a58b-8dc2bc4ef289:autoScalingGroupName/users-asg",
            "availability_zone_distribution": [
              {
                "capacity_distribution_strategy": "balanced-best-effort"
              }
            ],
            "availability_zones": [
              "us-east-1a",
              "us-east-1b"
            ],
            "capacity_rebalance": false,
            "capacity_reservation_specification": [
              {
                "capacity_reservation_preference": "default",
                "capacity_reservation_target": []
              }
            ],
            "context": "",
            "default_cooldown": 300,
            "default_instance_warmup": 0,
            "desired_capacity": 2,
            "desired_capacity_type": "",
            "enabled_metrics": [],
            "force_delete": false,
            "force_delete_warm_pool": false,
            "health_check_grace_period": 300,
            "health_check_type": "EC2",
            "id": "users-asg",
            "ignore_failed_scaling_activities": false,
            "initial_lifecycle_hook": [],
            "instance_maintenance_policy": [],
            "instance_refresh": [
              {
                "preferences": [
                  {
                    "alarm_specification": [],
                    "auto_rollback": false,
                    "checkpoint_delay": "",
                    "checkpoint_percentages": [],
                    "instance_warmup": "180",
                    "max_healthy_percentage": 100,
                    "min_healthy_percentage": 50,
                    "scale_in_protected_instances": "Ignore",
                    "skip_matching": false,
                    "standby_instances": "Ignore"
                  }
                ],
                "strategy": "Rolling",
                "triggers": [
                  "tag"
                ]
              }
            ],
            "launch_configuration": "",
            "launch_template": [
              {
                "id": "lt-0ff4e6a7a01b50941",
                "name": "users-app-20260123183203116500000002",
                "version": "$Latest"
              }
            ],
            "load_balancers": [],
            "max_instance_lifetime": 0,
            "max_size": 5,
            "metrics_granularity": "1Minute",
            "min_elb_capacity": null,
            "min_size": 2,
            "mixed_instances_policy": [],
            "name": "users-asg",
            "name_prefix": "",
            "placement_group": "",
            "predicted_capacity": 0,
            "protect_from_scale_in": false,
            "region": "us-east-1",
            "service_linked_role_arn": "arn:aws:iam::697755754723:role/aws-service-role/autoscaling.amazonaws.com/AWSServiceRoleForAutoScaling",
            "suspended_processes": [],
            "tag": [
              {
                "key": "ManagedBy",
                "propagate_at_launch": true,
                "value": "Terraform"
              },
              {
                "key": "Name",
                "propagate_at_launch": true,
                "value": "users-instance"
              }
            ],
            "target_group_arns": [
              "arn:aws:elasticloadbalancing:us-east-1:697755754723:targetgroup/tg-users-create/e35f4ac3537263c8",
              "arn:aws:elasticloadbalancing:us-east-1:697755754723:targetgroup/tg-users-delete/941334e99d27506c",
              "arn:aws:elasticloadbalancing:us-east-1:697755754723:targetgroup/tg-users-list/503a8fc79d7b2d6a",
              "arn:aws:elasticloadbalancing:us-east-1:697755754723:targetgroup/tg-users-search/67a8ea91223e98df",
              "arn:aws:elasticloadbalancing:us-east-1:697755754723:targetgroup/tg-users-update/bd6155f5f71e5916"
            ],
            "termination_policies": [
              "Default"
            ],
            "timeouts": null,
            "traffic_source": [
              {
                "identifier": "arn:aws:elasticloadbalancing:us-east-1:697755754723:targetgroup/tg-users-create/e35f4ac3537263c8",
                "type": "elbv2"
              },
              {
                "identifier": "arn:aws:elasticloadbalancing:us-east-1:697755754723:targetgroup/tg-users-delete/941334e99d27506c",
                "type": "elbv2"
              },
              {
                "identifier": "arn:aws:elasticloadbalancing:us-east-1:697755754723:targetgroup/tg-users-list/503a8fc79d7b2d6a",
                "type": "elbv2"
              },
              {
                "identifier": "arn:aws:elasticloadbalancing:us-east-1:697755754723:targetgroup/tg-users-search/67a8ea91223e98df",
                "type": "elbv2"
              },
              {
                "identifier": "arn:aws:elasticloadbalancing:us-east-1:697755754723:targetgroup/tg-users-update/bd6155f5f71e5916",
                "type": "elbv2"
              }
            ],
            "vpc_zone_identifier": [
              "subnet-03d48f90224acaecf",
              "subnet-0e70c5aaa1c5a54b3"
            ],
            "wait_for_capacity_timeout": "10m",
            "wait_for_elb_capacity": null,
            "warm_pool": [],
            "warm_pool_size": 0
          },
          "sensitive_attributes": [],
          "identity_schema_version": 0,
          "private": "eyJlMmJmYjczMC1lY2FhLTExZTYtOGY4OC0zNDM2M2JjN2M0YzAiOnsiZGVsZXRlIjo2MDAwMDAwMDAwMDAsInVwZGF0ZSI6NjAwMDAwMDAwMDAwfSwic2NoZW1hX3ZlcnNpb24iOiIxIn0=",
          "dependencies": [
            "aws_key_pair.this",
            "aws_launch_template.app",
            "aws_lb.app",
            "aws_lb_target_group.users_create",
            "aws_lb_target_group.users_delete",
            "aws_lb_target_group.users_list",
            "aws_lb_target_group.users_search",
            "aws_lb_target_group.users_update",
            "aws_security_group.lb",
            "aws_security_group.web",
            "aws_subnet.public",
            "aws_vpc.main",
            "data.aws_availability_zones.available",
            "tls_private_key.this"
          ]
        }
      ]
    },
    {
      "mode": "managed",
      "type": "aws_internet_gateway",
      "name": "igw",
      "provider": "provider[\"registry.terraform.io/hashicorp/aws\"]",
      "instances": [
        {
          "schema_version": 0,
          "attributes": {
            "arn": "arn:aws:ec2:us-east-1:697755754723:internet-gateway/igw-06b0a25e7a7a3c922",
            "id": "igw-06b0a25e7a7a3c922",
            "owner_id": "697755754723",
            "region": "us-east-1",
            "tags": {},
            "tags_all": {
              "Environment": "users",
              "ManagedBy": "Terraform",
              "Project": "GradFlow"
            },
            "timeouts": null,
            "vpc_id": "vpc-0cdfbf12192263ca4"
          },
          "sensitive_attributes": [],
          "identity_schema_version": 0,
          "private": "eyJlMmJmYjczMC1lY2FhLTExZTYtOGY4OC0zNDM2M2JjN2M0YzAiOnsiY3JlYXRlIjoxMjAwMDAwMDAwMDAwLCJkZWxldGUiOjEyMDAwMDAwMDAwMDAsInVwZGF0ZSI6MTIwMDAwMDAwMDAwMH19",
          "dependencies": [
            "aws_vpc.main"
          ]
        }
      ]
    },
    {
      "mode": "managed",
      "type": "aws_key_pair",
      "name": "this",
      "provider": "provider[\"registry.terraform.io/hashicorp/aws\"]",
      "instances": [
        {
          "index_key": 0,
          "schema_version": 1,
          "attributes": {
            "arn": "arn:aws:ec2:us-east-1:697755754723:key-pair/gradflow-users",
            "fingerprint": "c6:11:d4:03:ce:d5:4f:b3:58:a6:42:7d:83:d7:db:20",
            "id": "gradflow-users",
            "key_name": "gradflow-users",
            "key_name_prefix": "",
            "key_pair_id": "key-006e3240111170ff9",
            "key_type": "rsa",
            "public_key": "ssh-rsa AAAAB3NzaC1yc2EAAAADAQABAAACAQDIsDYffVZ7VWjako3dRwOgGwjMEIeQrR9gH8o+FQSISB2LQNhONxfW064lHt2umAcHzWcn9OsZpMNP80DHx6537JlfKHiYoroMh9kFt684MGachpu85t4xA2hXosg78L+S4a0YYkLk1IsUD7uoVp2pzvEb4im7WFblZwyqEOZGDmcX6But4kuCkXh85wUqG6CrYAzaI17YSB5sP8zTGA5rd55sU9AaR67t/maaLE7e958bU6E2iBJ6cDxPIT/mj7WZmuPouiLukjekQ/auKC9W+13/1YvxJRd0nP/dJNPoZrq2sR+YFECpJ6aapspvNFutaVikwwg3zcSJ1Wbxxckz6sbwL380014taB1So6uoEPrUlNh//mrFD/BeimRfxcUuAN5btJrzS/PXBa4EW7U0qbJglJnBXE4dlbdMw6yVLc2NNkgpnL5qOSaheiWS8fg+94TW2XZf3Ogdta9YVNdsXudO177O0o1tYQoXKpTOLqh9yNJbZ5Ay4lUlTz0qt5HM9DKM92Yfd4IQG4piKC5e1fhZfGP8Pn4fPi80wof10gMwf3k8dqF7JUBO+lqGSb5FORitSfnBTE/ZjvPwLxbHJ9YcL6s4K3oy8/RKsjD5IVkk61I13NS2x9ECI00yzDp76YC8EjGF9G/xsHa2E9VGnyMJ9E8OVNm2wyL0wBqL5w==",
            "region": "us-east-1",
            "tags": {},
            "tags_all": {
              "Environment": "users",
              "ManagedBy": "Terraform",
              "Project": "GradFlow"
            }
          },
          "sensitive_attributes": [],
          "identity_schema_version": 0,
          "private": "eyJzY2hlbWFfdmVyc2lvbiI6IjEifQ==",
          "dependencies": [
            "tls_private_key.this"
          ]
        }
      ]
    },
    {
      "mode": "managed",
      "type": "aws_launch_template",
      "name": "app",
      "provider": "provider[\"registry.terraform.io/hashicorp/aws\"]",
      "instances": [
        {
          "schema_version": 1,
          "attributes": {
            "arn": "arn:aws:ec2:us-east-1:697755754723:launch-template/lt-0ff4e6a7a01b50941",
            "block_device_mappings": [],
            "capacity_reservation_specification": [],
            "cpu_options": [],
            "credit_specification": [],
            "default_version": 1,
            "description": "",
            "disable_api_stop": false,
            "disable_api_termination": false,
            "ebs_optimized": "",
            "enclave_options": [],
            "hibernation_options": [],
            "iam_instance_profile": [],
            "id": "lt-0ff4e6a7a01b50941",
            "image_id": "ami-0ecb62995f68bb549",
            "instance_initiated_shutdown_behavior": "",
            "instance_market_options": [],
            "instance_requirements": [],
            "instance_type": "t3.micro",
            "kernel_id": "",
            "key_name": "gradflow-users",
            "latest_version": 1,
            "license_specification": [],
            "maintenance_options": [],
            "metadata_options": [],
            "monitoring": [],
            "name": "users-app-20260123183203116500000002",
            "name_prefix": "users-app-",
            "network_interfaces": [],
            "placement": [],
            "private_dns_name_options": [],
            "ram_disk_id": "",
            "region": "us-east-1",
            "security_group_names": [],
            "tag_specifications": [],
            "tags": {},
            "tags_all": {
              "Environment": "users",
              "ManagedBy": "Terraform",
              "Project": "GradFlow"
            },
            "update_default_version": null,
            "user_data": "IyEvYmluL2Jhc2gKIyBVc2VyIERhdGEgc2NyaXB0IHRlbXBsYXRlIGZvciBFQzIgaW5zdGFuY2VzCiMgVmFyaWFibGVzIGFyZSBpbmplY3RlZCBieSBUZXJyYWZvcm0gdGVtcGxhdGVmaWxlKCkgZnVuY3Rpb24KCnNldCAtZXVvIHBpcGVmYWlsCgpleHBvcnQgREVCSUFOX0ZST05URU5EPW5vbmludGVyYWN0aXZlCgpMT0dfRklMRT0iL3Zhci9sb2cvdXNlcl9kYXRhLmxvZyIKZXhlYyA+ID4odGVlIC1hICRMT0dfRklMRSkKZXhlYyAyPiYxCgplY2hvICI9PT0gVXNlciBEYXRhIFNjcmlwdCBTdGFydGVkID09PSIKZWNobyAiVGltZXN0YW1wOiAkKGRhdGUpIgoKIyBJbnN0YWxsIERvY2tlcgphcHQtZ2V0IHVwZGF0ZSAteQphcHQtZ2V0IGluc3RhbGwgLXkgZG9ja2VyLmlvIGN1cmwganEKCnN5c3RlbWN0bCBlbmFibGUgZG9ja2VyCnN5c3RlbWN0bCBzdGFydCBkb2NrZXIKCgojIEFsbG93IGRvY2tlciB3aXRob3V0IHN1ZG8KdXNlcm1vZCAtYUcgZG9ja2VyIHVidW50dQoKZWNobyAiRG9ja2VyIGluc3RhbGxlZDogJChkb2NrZXIgLS12ZXJzaW9uKSIKCiMgRG9ja2VyIEh1YiBsb2dpbiBpZiBjcmVkZW50aWFscyBwcm92aWRlZAppZiBbIC1uICJsZXZpYXRoYW4xMTkiIF0gJiYgWyAtbiAiZGNrcl9wYXRfV2pBN0lHTEhkTHhrTHY3cktCZEhrZXZ3VlE0IiBdOyB0aGVuCiAgZWNobyAiZGNrcl9wYXRfV2pBN0lHTEhkTHhrTHY3cktCZEhrZXZ3VlE0IiB8IGRvY2tlciBsb2dpbiAtdSAibGV2aWF0aGFuMTE5IiAtLXBhc3N3b3JkLXN0ZGluIHx8IHRydWUKICBlY2hvICJEb2NrZXIgSHViIGxvZ2luIGNvbXBsZXRlZCIKZmkKCiMgQ3JlYXRlIC5lbnYgZmlsZSB3aXRoIFRlcnJhZm9ybSB2YXJpYWJsZXMKY2F0ID4gL2hvbWUvdWJ1bnR1Ly5lbnYgPDxFTlZGSUxFCiMgRGF0YWJhc2UgQ29uZmlndXJhdGlvbgpEQl9IT1NUPWF3cy0xLXVzLWVhc3QtMS5wb29sZXIuc3VwYWJhc2UuY29tCkRCX1VTRVI9cG9zdGdyZXMuemJqcHh0aWFiZHN2cndmeXRmbGQKREJfUEFTU1dPUkQ9VGVuZ291bmN1ZXJub2RlbWFtdXQxNTA2CkRCX05BTUU9cG9zdGdyZXMKREJfUE9SVD01NDMyCgojIFNlcnZpY2UgQ29uZmlndXJhdGlvbgpOT0RFX0VOVj1wcm9kdWN0aW9uCgojIEFQSSBHYXRld2F5IFVSTCAodXNlIExvYWQgQmFsYW5jZXIgRE5TIC0gQVBJIEdhdGV3YXkgaXMgaW4gYW5vdGhlciBhY2NvdW50KQpBUElfR0FURVdBWV9VUkw9aHR0cDovL3VzZXJzLWxiLTE3NDcyMDc5MTEudXMtZWFzdC0xLmVsYi5hbWF6b25hd3MuY29tCgojIFNlcnZpY2UgVVJMcyAodXNlIExvYWQgQmFsYW5jZXIgRE5TIGZvciBhbGwgc2VydmljZXMpClVTRVJTX0NSRUFURV9VUkw9aHR0cDovL3VzZXJzLWxiLTE3NDcyMDc5MTEudXMtZWFzdC0xLmVsYi5hbWF6b25hd3MuY29tClVTRVJTX0RFTEVURV9VUkw9aHR0cDovL3VzZXJzLWxiLTE3NDcyMDc5MTEudXMtZWFzdC0xLmVsYi5hbWF6b25hd3MuY29tClVTRVJTX0xJU1RfVVJMPWh0dHA6Ly91c2Vycy1sYi0xNzQ3MjA3OTExLnVzLWVhc3QtMS5lbGIuYW1hem9uYXdzLmNvbQpVU0VSU19TRUFSQ0hfVVJMPWh0dHA6Ly91c2Vycy1sYi0xNzQ3MjA3OTExLnVzLWVhc3QtMS5lbGIuYW1hem9uYXdzLmNvbQpVU0VSU19VUERBVEVfVVJMPWh0dHA6Ly91c2Vycy1sYi0xNzQ3MjA3OTExLnVzLWVhc3QtMS5lbGIuYW1hem9uYXdzLmNvbQpBVVRIX0xPR0lOX1VSTD1odHRwOi8vdXNlcnMtbGItMTc0NzIwNzkxMS51cy1lYXN0LTEuZWxiLmFtYXpvbmF3cy5jb20KQVVUSF9ST0xfVVJMPWh0dHA6Ly91c2Vycy1sYi0xNzQ3MjA3OTExLnVzLWVhc3QtMS5lbGIuYW1hem9uYXdzLmNvbQpBVVRIX01FX1VSTD1odHRwOi8vdXNlcnMtbGItMTc0NzIwNzkxMS51cy1lYXN0LTEuZWxiLmFtYXpvbmF3cy5jb20KRklMRV9TRVJWSUNFX0lOSVRfVVJMPWh0dHA6Ly91c2Vycy1sYi0xNzQ3MjA3OTExLnVzLWVhc3QtMS5lbGIuYW1hem9uYXdzLmNvbQpGSUxFX1NFUlZJQ0VfVVBEQVRFX1VSTD1odHRwOi8vdXNlcnMtbGItMTc0NzIwNzkxMS51cy1lYXN0LTEuZWxiLmFtYXpvbmF3cy5jb20KRklMRV9TRVJWSUNFX1VQTE9BRF9VUkw9aHR0cDovL3VzZXJzLWxiLTE3NDcyMDc5MTEudXMtZWFzdC0xLmVsYi5hbWF6b25hd3MuY29tCkZJTEVfU0VSVklDRV9MSVNUX1VSTD1odHRwOi8vdXNlcnMtbGItMTc0NzIwNzkxMS51cy1lYXN0LTEuZWxiLmFtYXpvbmF3cy5jb20KRklMRV9TRVJWSUNFX0RPV05MT0FEX1VSTD1odHRwOi8vdXNlcnMtbGItMTc0NzIwNzkxMS51cy1lYXN0LTEuZWxiLmFtYXpvbmF3cy5jb20KCiMgSldUIENvbmZpZ3VyYXRpb24KSldUX1NFQ1JFVD1UZW5nb3VuY3Vlcm5vZGVtYW11dDI5MDEKSldUX0VYUElSRVNfSU49MjRoCkVOVkZJTEUKCmNob3duIHVidW50dTp1YnVudHUgL2hvbWUvdWJ1bnR1Ly5lbnYKY2htb2QgNjAwIC9ob21lL3VidW50dS8uZW52CgplY2hvICIuZW52IGZpbGUgY3JlYXRlZCBhdCAvaG9tZS91YnVudHUvLmVudiIKZWNobyAiTG9hZCBCYWxhbmNlciBETlM6IHVzZXJzLWxiLTE3NDcyMDc5MTEudXMtZWFzdC0xLmVsYi5hbWF6b25hd3MuY29tIgoKCiMgRnVuY3Rpb24gdG8gc3RvcCBhbmQgcmVtb3ZlIGV4aXN0aW5nIGNvbnRhaW5lcgpzdG9wX2FuZF9yZW1vdmVfY29udGFpbmVyKCkgewogIGxvY2FsIGNvbnRhaW5lcl9uYW1lPSQxCiAgZG9ja2VyIHN0b3AgIiRjb250YWluZXJfbmFtZSIgMj4vZGV2L251bGwgfHwgdHJ1ZQogIGRvY2tlciBybSAiJGNvbnRhaW5lcl9uYW1lIiAyPi9kZXYvbnVsbCB8fCB0cnVlCn0KCiMgRnVuY3Rpb24gdG8gcHVsbCBhbmQgcnVuIGNvbnRhaW5lcgpkZXBsb3lfY29udGFpbmVyKCkgewogIGxvY2FsIGNvbnRhaW5lcl9uYW1lPSQxCiAgbG9jYWwgaW1hZ2VfbmFtZT0kMgogIGxvY2FsIHBvcnQ9JDMKICBsb2NhbCBlbnZfZmlsZT0iL2hvbWUvdWJ1bnR1Ly5lbnYiCgogIGVjaG8gIkRlcGxveWluZyAkY29udGFpbmVyX25hbWUuLi4iCgogICMgU3RvcCBhbmQgcmVtb3ZlIGV4aXN0aW5nIGNvbnRhaW5lcgogIHN0b3BfYW5kX3JlbW92ZV9jb250YWluZXIgIiRjb250YWluZXJfbmFtZSIKCiAgIyBQdWxsIERvY2tlciBpbWFnZQogIGlmIFsgLW4gIiRpbWFnZV9uYW1lIiBdOyB0aGVuCiAgICBlY2hvICJQdWxsaW5nIERvY2tlciBpbWFnZTogJGltYWdlX25hbWUiCiAgICBkb2NrZXIgcHVsbCAiJGltYWdlX25hbWUiIHx8IHsKICAgICAgZWNobyAiV2FybmluZzogRmFpbGVkIHRvIHB1bGwgaW1hZ2UgJGltYWdlX25hbWUiCiAgICAgIHJldHVybiAxCiAgICB9CiAgZWxzZQogICAgZWNobyAiV2FybmluZzogTm8gaW1hZ2Ugc3BlY2lmaWVkIGZvciAkY29udGFpbmVyX25hbWUsIHNraXBwaW5nIgogICAgcmV0dXJuIDEKICBmaQoKICAjIFJ1biBjb250YWluZXIKICBkb2NrZXIgcnVuIC1kIFwKICAgIC0tbmFtZSAiJGNvbnRhaW5lcl9uYW1lIiBcCiAgICAtLXJlc3RhcnQgYWx3YXlzIFwKICAgIC1wIDAuMC4wLjA6JHBvcnQ6JHBvcnQgXAogICAgLS1lbnYtZmlsZSAiJGVudl9maWxlIiBcCiAgICAiJGltYWdlX25hbWUiIHx8IHsKICAgICAgZWNobyAiV2FybmluZzogRmFpbGVkIHRvIHN0YXJ0IGNvbnRhaW5lciAkY29udGFpbmVyX25hbWUiCiAgICAgIHJldHVybiAxCiAgICB9CgogIGVjaG8gIkNvbnRhaW5lciAkY29udGFpbmVyX25hbWUgc3RhcnRlZCBvbiBwb3J0ICRwb3J0IChsb2NhbGhvc3Qgb25seSkiCiAgZG9ja2VyIHBzIC0tZmlsdGVyICJuYW1lPSRjb250YWluZXJfbmFtZSIgLS1mb3JtYXQgInt7Lk5hbWVzfX06IHt7LlN0YXR1c319Igp9CgojIERlcGxveSBhbGwgNSB1c2VycyBjb250YWluZXJzCmRlcGxveV9jb250YWluZXIgInVzZXJzLWNyZWF0ZSIgImxldmlhdGhhbjExOS9ncmFkZmxvdy11c2Vycy1jcmVhdGU6bGF0ZXN0IiAzMDAxIHx8IHRydWUKZGVwbG95X2NvbnRhaW5lciAidXNlcnMtZGVsZXRlIiAibGV2aWF0aGFuMTE5L2dyYWRmbG93LXVzZXJzLWRlbGV0ZTpsYXRlc3QiIDMwMDIgfHwgdHJ1ZQpkZXBsb3lfY29udGFpbmVyICJ1c2Vycy1saXN0IiAibGV2aWF0aGFuMTE5L2dyYWRmbG93LXVzZXJzLWxpc3Q6bGF0ZXN0IiAzMDAzIHx8IHRydWUKZGVwbG95X2NvbnRhaW5lciAidXNlcnMtc2VhcmNoIiAibGV2aWF0aGFuMTE5L2dyYWRmbG93LXVzZXJzLXNlYXJjaDpsYXRlc3QiIDMwMDQgfHwgdHJ1ZQpkZXBsb3lfY29udGFpbmVyICJ1c2Vycy11cGRhdGUiICJsZXZpYXRoYW4xMTkvZ3JhZGZsb3ctdXNlcnMtdXBkYXRlOmxhdGVzdCIgMzAwNSB8fCB0cnVlCgojIFdhaXQgYSBmZXcgc2Vjb25kcyBmb3IgY29udGFpbmVycyB0byBiZSByZWFkeQplY2hvICJXYWl0aW5nIGZvciBjb250YWluZXJzIHRvIGluaXRpYWxpemUuLi4iCnNsZWVwIDEwCgojIFZlcmlmeSBjb250YWluZXJzIGFyZSBydW5uaW5nCmVjaG8gIkNvbnRhaW5lciBzdGF0dXM6Igpkb2NrZXIgcHMgLS1mb3JtYXQgInRhYmxlIHt7Lk5hbWVzfX1cdHt7LlN0YXR1c319XHR7ey5Qb3J0c319IgoKIyBDbGVhbnVwIHVudXNlZCBpbWFnZXMKZG9ja2VyIGltYWdlIHBydW5lIC1hIC1mIHx8IHRydWUKCmVjaG8gIj09PSBVc2VyIERhdGEgU2NyaXB0IENvbXBsZXRlZCA9PT0iCmVjaG8gIlRpbWVzdGFtcDogJChkYXRlKSIKZWNobyAiIgplY2hvICJTdW1tYXJ5OiIKZWNobyAiIgplY2hvICJGaW5hbCBjb250YWluZXIgc3RhdHVzOiIKZG9ja2VyIHBzIC0tZm9ybWF0ICJ0YWJsZSB7ey5OYW1lc319XHR7ey5TdGF0dXN9fVx0e3suUG9ydHN9fSIK",
            "vpc_security_group_ids": [
              "sg-078b8ab4f3afa640a"
            ]
          },
          "sensitive_attributes": [
            [
              {
                "type": "get_attr",
                "value": "user_data"
              }
            ]
          ],
          "identity_schema_version": 0,
          "private": "eyJzY2hlbWFfdmVyc2lvbiI6IjEifQ==",
          "dependencies": [
            "aws_key_pair.this",
            "aws_lb.app",
            "aws_security_group.lb",
            "aws_security_group.web",
            "aws_subnet.public",
            "aws_vpc.main",
            "data.aws_availability_zones.available",
            "tls_private_key.this"
          ]
        }
      ]
    },
    {
      "mode": "managed",
      "type": "aws_lb",
      "name": "app",
      "provider": "provider[\"registry.terraform.io/hashicorp/aws\"]",
      "instances": [
        {
          "schema_version": 0,
          "attributes": {
            "access_logs": [
              {
                "bucket": "",
                "enabled": false,
                "prefix": ""
              }
            ],
            "arn": "arn:aws:elasticloadbalancing:us-east-1:697755754723:loadbalancer/app/users-lb/37e8980a37d65db2",
            "arn_suffix": "app/users-lb/37e8980a37d65db2",
            "client_keep_alive": 3600,
            "connection_logs": [
              {
                "bucket": "",
                "enabled": false,
                "prefix": ""
              }
            ],
            "customer_owned_ipv4_pool": "",
            "desync_mitigation_mode": "defensive",
            "dns_name": "users-lb-1747207911.us-east-1.elb.amazonaws.com",
            "dns_record_client_routing_policy": null,
            "drop_invalid_header_fields": false,
            "enable_cross_zone_load_balancing": true,
            "enable_deletion_protection": false,
            "enable_http2": true,
            "enable_tls_version_and_cipher_suite_headers": false,
            "enable_waf_fail_open": false,
            "enable_xff_client_port": false,
            "enable_zonal_shift": false,
            "enforce_security_group_inbound_rules_on_private_link_traffic": "",
            "health_check_logs": [
              {
                "bucket": "",
                "enabled": false,
                "prefix": ""
              }
            ],
            "id": "arn:aws:elasticloadbalancing:us-east-1:697755754723:loadbalancer/app/users-lb/37e8980a37d65db2",
            "idle_timeout": 60,
            "internal": false,
            "ip_address_type": "ipv4",
            "ipam_pools": [],
            "load_balancer_type": "application",
            "minimum_load_balancer_capacity": [],
            "name": "users-lb",
            "name_prefix": "",
            "preserve_host_header": false,
            "region": "us-east-1",
            "secondary_ips_auto_assigned_per_subnet": null,
            "security_groups": [
              "sg-098cf99a0fd479a43"
            ],
            "subnet_mapping": [
              {
                "allocation_id": "",
                "ipv6_address": "",
                "outpost_id": "",
                "private_ipv4_address": "",
                "subnet_id": "subnet-03d48f90224acaecf"
              },
              {
                "allocation_id": "",
                "ipv6_address": "",
                "outpost_id": "",
                "private_ipv4_address": "",
                "subnet_id": "subnet-0e70c5aaa1c5a54b3"
              }
            ],
            "subnets": [
              "subnet-03d48f90224acaecf",
              "subnet-0e70c5aaa1c5a54b3"
            ],
            "tags": {
              "Name": "users-application-lb"
            },
            "tags_all": {
              "Environment": "users",
              "ManagedBy": "Terraform",
              "Name": "users-application-lb",
              "Project": "GradFlow"
            },
            "timeouts": null,
            "vpc_id": "vpc-0cdfbf12192263ca4",
            "xff_header_processing_mode": "append",
            "zone_id": "Z35SXDOTRQ7X7K"
          },
          "sensitive_attributes": [],
          "identity_schema_version": 0,
          "identity": {
            "arn": "arn:aws:elasticloadbalancing:us-east-1:697755754723:loadbalancer/app/users-lb/37e8980a37d65db2"
          },
          "private": "eyJlMmJmYjczMC1lY2FhLTExZTYtOGY4OC0zNDM2M2JjN2M0YzAiOnsiY3JlYXRlIjo2MDAwMDAwMDAwMDAsImRlbGV0ZSI6NjAwMDAwMDAwMDAwLCJ1cGRhdGUiOjYwMDAwMDAwMDAwMH19",
          "dependencies": [
            "aws_security_group.lb",
            "aws_subnet.public",
            "aws_vpc.main",
            "data.aws_availability_zones.available"
          ]
        }
      ]
    },
    {
      "mode": "managed",
      "type": "aws_lb_target_group",
      "name": "users_create",
      "provider": "provider[\"registry.terraform.io/hashicorp/aws\"]",
      "instances": [
        {
          "schema_version": 0,
          "attributes": {
            "arn": "arn:aws:elasticloadbalancing:us-east-1:697755754723:targetgroup/tg-users-create/e35f4ac3537263c8",
            "arn_suffix": "targetgroup/tg-users-create/e35f4ac3537263c8",
            "connection_termination": null,
            "deregistration_delay": "300",
            "health_check": [
              {
                "enabled": true,
                "healthy_threshold": 2,
                "interval": 30,
                "matcher": "200",
                "path": "/api-docs",
                "port": "traffic-port",
                "protocol": "HTTP",
                "timeout": 5,
                "unhealthy_threshold": 3
              }
            ],
            "id": "arn:aws:elasticloadbalancing:us-east-1:697755754723:targetgroup/tg-users-create/e35f4ac3537263c8",
            "ip_address_type": "ipv4",
            "lambda_multi_value_headers_enabled": false,
            "load_balancer_arns": [
              "arn:aws:elasticloadbalancing:us-east-1:697755754723:loadbalancer/app/users-lb/37e8980a37d65db2"
            ],
            "load_balancing_algorithm_type": "round_robin",
            "load_balancing_anomaly_mitigation": "off",
            "load_balancing_cross_zone_enabled": "use_load_balancer_configuration",
            "name": "tg-users-create",
            "name_prefix": "",
            "port": 3001,
            "preserve_client_ip": null,
            "protocol": "HTTP",
            "protocol_version": "HTTP1",
            "proxy_protocol_v2": false,
            "region": "us-east-1",
            "slow_start": 0,
            "stickiness": [
              {
                "cookie_duration": 86400,
                "cookie_name": "",
                "enabled": false,
                "type": "lb_cookie"
              }
            ],
            "tags": {},
            "tags_all": {
              "Environment": "users",
              "ManagedBy": "Terraform",
              "Project": "GradFlow"
            },
            "target_control_port": 0,
            "target_failover": [
              {
                "on_deregistration": null,
                "on_unhealthy": null
              }
            ],
            "target_group_health": [
              {
                "dns_failover": [
                  {
                    "minimum_healthy_targets_count": "1",
                    "minimum_healthy_targets_percentage": "off"
                  }
                ],
                "unhealthy_state_routing": [
                  {
                    "minimum_healthy_targets_count": 1,
                    "minimum_healthy_targets_percentage": "off"
                  }
                ]
              }
            ],
            "target_health_state": [
              {
                "enable_unhealthy_connection_termination": null,
                "unhealthy_draining_interval": null
              }
            ],
            "target_type": "instance",
            "vpc_id": "vpc-0cdfbf12192263ca4"
          },
          "sensitive_attributes": [],
          "identity_schema_version": 0,
          "identity": {
            "arn": "arn:aws:elasticloadbalancing:us-east-1:697755754723:targetgroup/tg-users-create/e35f4ac3537263c8"
          },
          "private": "bnVsbA==",
          "dependencies": [
            "aws_vpc.main"
          ]
        }
      ]
    },
    {
      "mode": "managed",
      "type": "aws_lb_target_group",
      "name": "users_delete",
      "provider": "provider[\"registry.terraform.io/hashicorp/aws\"]",
      "instances": [
        {
          "schema_version": 0,
          "attributes": {
            "arn": "arn:aws:elasticloadbalancing:us-east-1:697755754723:targetgroup/tg-users-delete/941334e99d27506c",
            "arn_suffix": "targetgroup/tg-users-delete/941334e99d27506c",
            "connection_termination": null,
            "deregistration_delay": "300",
            "health_check": [
              {
                "enabled": true,
                "healthy_threshold": 2,
                "interval": 30,
                "matcher": "200",
                "path": "/api-docs",
                "port": "traffic-port",
                "protocol": "HTTP",
                "timeout": 5,
                "unhealthy_threshold": 3
              }
            ],
            "id": "arn:aws:elasticloadbalancing:us-east-1:697755754723:targetgroup/tg-users-delete/941334e99d27506c",
            "ip_address_type": "ipv4",
            "lambda_multi_value_headers_enabled": false,
            "load_balancer_arns": [
              "arn:aws:elasticloadbalancing:us-east-1:697755754723:loadbalancer/app/users-lb/37e8980a37d65db2"
            ],
            "load_balancing_algorithm_type": "round_robin",
            "load_balancing_anomaly_mitigation": "off",
            "load_balancing_cross_zone_enabled": "use_load_balancer_configuration",
            "name": "tg-users-delete",
            "name_prefix": "",
            "port": 3002,
            "preserve_client_ip": null,
            "protocol": "HTTP",
            "protocol_version": "HTTP1",
            "proxy_protocol_v2": false,
            "region": "us-east-1",
            "slow_start": 0,
            "stickiness": [
              {
                "cookie_duration": 86400,
                "cookie_name": "",
                "enabled": false,
                "type": "lb_cookie"
              }
            ],
            "tags": {},
            "tags_all": {
              "Environment": "users",
              "ManagedBy": "Terraform",
              "Project": "GradFlow"
            },
            "target_control_port": 0,
            "target_failover": [
              {
                "on_deregistration": null,
                "on_unhealthy": null
              }
            ],
            "target_group_health": [
              {
                "dns_failover": [
                  {
                    "minimum_healthy_targets_count": "1",
                    "minimum_healthy_targets_percentage": "off"
                  }
                ],
                "unhealthy_state_routing": [
                  {
                    "minimum_healthy_targets_count": 1,
                    "minimum_healthy_targets_percentage": "off"
                  }
                ]
              }
            ],
            "target_health_state": [
              {
                "enable_unhealthy_connection_termination": null,
                "unhealthy_draining_interval": null
              }
            ],
            "target_type": "instance",
            "vpc_id": "vpc-0cdfbf12192263ca4"
          },
          "sensitive_attributes": [],
          "identity_schema_version": 0,
          "identity": {
            "arn": "arn:aws:elasticloadbalancing:us-east-1:697755754723:targetgroup/tg-users-delete/941334e99d27506c"
          },
          "private": "bnVsbA==",
          "dependencies": [
            "aws_vpc.main"
          ]
        }
      ]
    },
    {
      "mode": "managed",
      "type": "aws_lb_target_group",
      "name": "users_list",
      "provider": "provider[\"registry.terraform.io/hashicorp/aws\"]",
      "instances": [
        {
          "schema_version": 0,
          "attributes": {
            "arn": "arn:aws:elasticloadbalancing:us-east-1:697755754723:targetgroup/tg-users-list/503a8fc79d7b2d6a",
            "arn_suffix": "targetgroup/tg-users-list/503a8fc79d7b2d6a",
            "connection_termination": null,
            "deregistration_delay": "300",
            "health_check": [
              {
                "enabled": true,
                "healthy_threshold": 2,
                "interval": 30,
                "matcher": "200",
                "path": "/api-docs",
                "port": "traffic-port",
                "protocol": "HTTP",
                "timeout": 5,
                "unhealthy_threshold": 3
              }
            ],
            "id": "arn:aws:elasticloadbalancing:us-east-1:697755754723:targetgroup/tg-users-list/503a8fc79d7b2d6a",
            "ip_address_type": "ipv4",
            "lambda_multi_value_headers_enabled": false,
            "load_balancer_arns": [
              "arn:aws:elasticloadbalancing:us-east-1:697755754723:loadbalancer/app/users-lb/37e8980a37d65db2"
            ],
            "load_balancing_algorithm_type": "round_robin",
            "load_balancing_anomaly_mitigation": "off",
            "load_balancing_cross_zone_enabled": "use_load_balancer_configuration",
            "name": "tg-users-list",
            "name_prefix": "",
            "port": 3003,
            "preserve_client_ip": null,
            "protocol": "HTTP",
            "protocol_version": "HTTP1",
            "proxy_protocol_v2": false,
            "region": "us-east-1",
            "slow_start": 0,
            "stickiness": [
              {
                "cookie_duration": 86400,
                "cookie_name": "",
                "enabled": false,
                "type": "lb_cookie"
              }
            ],
            "tags": {},
            "tags_all": {
              "Environment": "users",
              "ManagedBy": "Terraform",
              "Project": "GradFlow"
            },
            "target_control_port": 0,
            "target_failover": [
              {
                "on_deregistration": null,
                "on_unhealthy": null
              }
            ],
            "target_group_health": [
              {
                "dns_failover": [
                  {
                    "minimum_healthy_targets_count": "1",
                    "minimum_healthy_targets_percentage": "off"
                  }
                ],
                "unhealthy_state_routing": [
                  {
                    "minimum_healthy_targets_count": 1,
                    "minimum_healthy_targets_percentage": "off"
                  }
                ]
              }
            ],
            "target_health_state": [
              {
                "enable_unhealthy_connection_termination": null,
                "unhealthy_draining_interval": null
              }
            ],
            "target_type": "instance",
            "vpc_id": "vpc-0cdfbf12192263ca4"
          },
          "sensitive_attributes": [],
          "identity_schema_version": 0,
          "identity": {
            "arn": "arn:aws:elasticloadbalancing:us-east-1:697755754723:targetgroup/tg-users-list/503a8fc79d7b2d6a"
          },
          "private": "bnVsbA==",
          "dependencies": [
            "aws_vpc.main"
          ]
        }
      ]
    },
    {
      "mode": "managed",
      "type": "aws_lb_target_group",
      "name": "users_search",
      "provider": "provider[\"registry.terraform.io/hashicorp/aws\"]",
      "instances": [
        {
          "schema_version": 0,
          "attributes": {
            "arn": "arn:aws:elasticloadbalancing:us-east-1:697755754723:targetgroup/tg-users-search/67a8ea91223e98df",
            "arn_suffix": "targetgroup/tg-users-search/67a8ea91223e98df",
            "connection_termination": null,
            "deregistration_delay": "300",
            "health_check": [
              {
                "enabled": true,
                "healthy_threshold": 2,
                "interval": 30,
                "matcher": "200",
                "path": "/api-docs",
                "port": "traffic-port",
                "protocol": "HTTP",
                "timeout": 5,
                "unhealthy_threshold": 3
              }
            ],
            "id": "arn:aws:elasticloadbalancing:us-east-1:697755754723:targetgroup/tg-users-search/67a8ea91223e98df",
            "ip_address_type": "ipv4",
            "lambda_multi_value_headers_enabled": false,
            "load_balancer_arns": [
              "arn:aws:elasticloadbalancing:us-east-1:697755754723:loadbalancer/app/users-lb/37e8980a37d65db2"
            ],
            "load_balancing_algorithm_type": "round_robin",
            "load_balancing_anomaly_mitigation": "off",
            "load_balancing_cross_zone_enabled": "use_load_balancer_configuration",
            "name": "tg-users-search",
            "name_prefix": "",
            "port": 3005,
            "preserve_client_ip": null,
            "protocol": "HTTP",
            "protocol_version": "HTTP1",
            "proxy_protocol_v2": false,
            "region": "us-east-1",
            "slow_start": 0,
            "stickiness": [
              {
                "cookie_duration": 86400,
                "cookie_name": "",
                "enabled": false,
                "type": "lb_cookie"
              }
            ],
            "tags": {},
            "tags_all": {
              "Environment": "users",
              "ManagedBy": "Terraform",
              "Project": "GradFlow"
            },
            "target_control_port": 0,
            "target_failover": [
              {
                "on_deregistration": null,
                "on_unhealthy": null
              }
            ],
            "target_group_health": [
              {
                "dns_failover": [
                  {
                    "minimum_healthy_targets_count": "1",
                    "minimum_healthy_targets_percentage": "off"
                  }
                ],
                "unhealthy_state_routing": [
                  {
                    "minimum_healthy_targets_count": 1,
                    "minimum_healthy_targets_percentage": "off"
                  }
                ]
              }
            ],
            "target_health_state": [
              {
                "enable_unhealthy_connection_termination": null,
                "unhealthy_draining_interval": null
              }
            ],
            "target_type": "instance",
            "vpc_id": "vpc-0cdfbf12192263ca4"
          },
          "sensitive_attributes": [],
          "identity_schema_version": 0,
          "identity": {
            "arn": "arn:aws:elasticloadbalancing:us-east-1:697755754723:targetgroup/tg-users-search/67a8ea91223e98df"
          },
          "private": "bnVsbA==",
          "dependencies": [
            "aws_vpc.main"
          ]
        }
      ]
    },
    {
      "mode": "managed",
      "type": "aws_lb_target_group",
      "name": "users_update",
      "provider": "provider[\"registry.terraform.io/hashicorp/aws\"]",
      "instances": [
        {
          "schema_version": 0,
          "attributes": {
            "arn": "arn:aws:elasticloadbalancing:us-east-1:697755754723:targetgroup/tg-users-update/bd6155f5f71e5916",
            "arn_suffix": "targetgroup/tg-users-update/bd6155f5f71e5916",
            "connection_termination": null,
            "deregistration_delay": "300",
            "health_check": [
              {
                "enabled": true,
                "healthy_threshold": 2,
                "interval": 30,
                "matcher": "200",
                "path": "/api-docs",
                "port": "traffic-port",
                "protocol": "HTTP",
                "timeout": 5,
                "unhealthy_threshold": 3
              }
            ],
            "id": "arn:aws:elasticloadbalancing:us-east-1:697755754723:targetgroup/tg-users-update/bd6155f5f71e5916",
            "ip_address_type": "ipv4",
            "lambda_multi_value_headers_enabled": false,
            "load_balancer_arns": [
              "arn:aws:elasticloadbalancing:us-east-1:697755754723:loadbalancer/app/users-lb/37e8980a37d65db2"
            ],
            "load_balancing_algorithm_type": "round_robin",
            "load_balancing_anomaly_mitigation": "off",
            "load_balancing_cross_zone_enabled": "use_load_balancer_configuration",
            "name": "tg-users-update",
            "name_prefix": "",
            "port": 3004,
            "preserve_client_ip": null,
            "protocol": "HTTP",
            "protocol_version": "HTTP1",
            "proxy_protocol_v2": false,
            "region": "us-east-1",
            "slow_start": 0,
            "stickiness": [
              {
                "cookie_duration": 86400,
                "cookie_name": "",
                "enabled": false,
                "type": "lb_cookie"
              }
            ],
            "tags": {},
            "tags_all": {
              "Environment": "users",
              "ManagedBy": "Terraform",
              "Project": "GradFlow"
            },
            "target_control_port": 0,
            "target_failover": [
              {
                "on_deregistration": null,
                "on_unhealthy": null
              }
            ],
            "target_group_health": [
              {
                "dns_failover": [
                  {
                    "minimum_healthy_targets_count": "1",
                    "minimum_healthy_targets_percentage": "off"
                  }
                ],
                "unhealthy_state_routing": [
                  {
                    "minimum_healthy_targets_count": 1,
                    "minimum_healthy_targets_percentage": "off"
                  }
                ]
              }
            ],
            "target_health_state": [
              {
                "enable_unhealthy_connection_termination": null,
                "unhealthy_draining_interval": null
              }
            ],
            "target_type": "instance",
            "vpc_id": "vpc-0cdfbf12192263ca4"
          },
          "sensitive_attributes": [],
          "identity_schema_version": 0,
          "identity": {
            "arn": "arn:aws:elasticloadbalancing:us-east-1:697755754723:targetgroup/tg-users-update/bd6155f5f71e5916"
          },
          "private": "bnVsbA==",
          "dependencies": [
            "aws_vpc.main"
          ]
        }
      ]
    },
    {
      "mode": "managed",
      "type": "aws_security_group",
      "name": "lb",
      "provider": "provider[\"registry.terraform.io/hashicorp/aws\"]",
      "instances": [
        {
          "schema_version": 1,
          "attributes": {
            "arn": "arn:aws:ec2:us-east-1:697755754723:security-group/sg-098cf99a0fd479a43",
            "description": "Managed by Terraform",
            "egress": [
              {
                "cidr_blocks": [
                  "0.0.0.0/0"
                ],
                "description": "Permitir todo el trafico de salida",
                "from_port": 0,
                "ipv6_cidr_blocks": [],
                "prefix_list_ids": [],
                "protocol": "-1",
                "security_groups": [],
                "self": false,
                "to_port": 0
              }
            ],
            "id": "sg-098cf99a0fd479a43",
            "ingress": [
              {
                "cidr_blocks": [
                  "0.0.0.0/0"
                ],
                "description": "Permitir trafico HTTP desde internet",
                "from_port": 80,
                "ipv6_cidr_blocks": [],
                "prefix_list_ids": [],
                "protocol": "tcp",
                "security_groups": [],
                "self": false,
                "to_port": 80
              }
            ],
            "name": "lb_sg",
            "name_prefix": "",
            "owner_id": "697755754723",
            "region": "us-east-1",
            "revoke_rules_on_delete": false,
            "tags": {},
            "tags_all": {
              "Environment": "users",
              "ManagedBy": "Terraform",
              "Project": "GradFlow"
            },
            "timeouts": null,
            "vpc_id": "vpc-0cdfbf12192263ca4"
          },
          "sensitive_attributes": [],
          "identity_schema_version": 0,
          "identity": {
            "account_id": "697755754723",
            "id": "sg-098cf99a0fd479a43",
            "region": "us-east-1"
          },
          "private": "eyJlMmJmYjczMC1lY2FhLTExZTYtOGY4OC0zNDM2M2JjN2M0YzAiOnsiY3JlYXRlIjo2MDAwMDAwMDAwMDAsImRlbGV0ZSI6OTAwMDAwMDAwMDAwfSwic2NoZW1hX3ZlcnNpb24iOiIxIn0=",
          "dependencies": [
            "aws_vpc.main"
          ]
        }
      ]
    },
    {
      "mode": "managed",
      "type": "aws_security_group",
      "name": "web",
      "provider": "provider[\"registry.terraform.io/hashicorp/aws\"]",
      "instances": [
        {
          "schema_version": 1,
          "attributes": {
            "arn": "arn:aws:ec2:us-east-1:697755754723:security-group/sg-078b8ab4f3afa640a",
            "description": "Managed by Terraform",
            "egress": [
              {
                "cidr_blocks": [
                  "0.0.0.0/0"
                ],
                "description": "Permitir todo el trafico de salida",
                "from_port": 0,
                "ipv6_cidr_blocks": [],
                "prefix_list_ids": [],
                "protocol": "-1",
                "security_groups": [],
                "self": false,
                "to_port": 0
              }
            ],
            "id": "sg-078b8ab4f3afa640a",
            "ingress": [
              {
                "cidr_blocks": [
                  "0.0.0.0/0"
                ],
                "description": "SSH for CI/CD",
                "from_port": 22,
                "ipv6_cidr_blocks": [],
                "prefix_list_ids": [],
                "protocol": "tcp",
                "security_groups": [],
                "self": false,
                "to_port": 22
              },
              {
                "cidr_blocks": [],
                "description": "Permitir trafico del ALB a los microservicios",
                "from_port": 3001,
                "ipv6_cidr_blocks": [],
                "prefix_list_ids": [],
                "protocol": "tcp",
                "security_groups": [
                  "sg-098cf99a0fd479a43"
                ],
                "self": false,
                "to_port": 3005
              }
            ],
            "name": "web_sg",
            "name_prefix": "",
            "owner_id": "697755754723",
            "region": "us-east-1",
            "revoke_rules_on_delete": false,
            "tags": {},
            "tags_all": {
              "Environment": "users",
              "ManagedBy": "Terraform",
              "Project": "GradFlow"
            },
            "timeouts": null,
            "vpc_id": "vpc-0cdfbf12192263ca4"
          },
          "sensitive_attributes": [],
          "identity_schema_version": 0,
          "identity": {
            "account_id": "697755754723",
            "id": "sg-078b8ab4f3afa640a",
            "region": "us-east-1"
          },
          "private": "eyJlMmJmYjczMC1lY2FhLTExZTYtOGY4OC0zNDM2M2JjN2M0YzAiOnsiY3JlYXRlIjo2MDAwMDAwMDAwMDAsImRlbGV0ZSI6OTAwMDAwMDAwMDAwfSwic2NoZW1hX3ZlcnNpb24iOiIxIn0=",
          "dependencies": [
            "aws_security_group.lb",
            "aws_vpc.main"
          ]
        }
      ]
    },
    {
      "mode": "managed",
      "type": "aws_subnet",
      "name": "public",
      "provider": "provider[\"registry.terraform.io/hashicorp/aws\"]",
      "instances": [
        {
          "index_key": 0,
          "schema_version": 1,
          "attributes": {
            "arn": "arn:aws:ec2:us-east-1:697755754723:subnet/subnet-0e70c5aaa1c5a54b3",
            "assign_ipv6_address_on_creation": false,
            "availability_zone": "us-east-1a",
            "availability_zone_id": "use1-az6",
            "cidr_block": "10.0.0.0/24",
            "customer_owned_ipv4_pool": "",
            "enable_dns64": false,
            "enable_lni_at_device_index": 0,
            "enable_resource_name_dns_a_record_on_launch": false,
            "enable_resource_name_dns_aaaa_record_on_launch": false,
            "id": "subnet-0e70c5aaa1c5a54b3",
            "ipv6_cidr_block": "",
            "ipv6_cidr_block_association_id": "",
            "ipv6_native": false,
            "map_customer_owned_ip_on_launch": false,
            "map_public_ip_on_launch": true,
            "outpost_arn": "",
            "owner_id": "697755754723",
            "private_dns_hostname_type_on_launch": "ip-name",
            "region": "us-east-1",
            "tags": {},
            "tags_all": {
              "Environment": "users",
              "ManagedBy": "Terraform",
              "Project": "GradFlow"
            },
            "timeouts": null,
            "vpc_id": "vpc-0cdfbf12192263ca4"
          },
          "sensitive_attributes": [],
          "identity_schema_version": 0,
          "identity": {
            "account_id": "697755754723",
            "id": "subnet-0e70c5aaa1c5a54b3",
            "region": "us-east-1"
          },
          "private": "eyJlMmJmYjczMC1lY2FhLTExZTYtOGY4OC0zNDM2M2JjN2M0YzAiOnsiY3JlYXRlIjo2MDAwMDAwMDAwMDAsImRlbGV0ZSI6MTIwMDAwMDAwMDAwMH0sInNjaGVtYV92ZXJzaW9uIjoiMSJ9",
          "dependencies": [
            "aws_vpc.main",
            "data.aws_availability_zones.available"
          ]
        },
        {
          "index_key": 1,
          "schema_version": 1,
          "attributes": {
            "arn": "arn:aws:ec2:us-east-1:697755754723:subnet/subnet-03d48f90224acaecf",
            "assign_ipv6_address_on_creation": false,
            "availability_zone": "us-east-1b",
            "availability_zone_id": "use1-az1",
            "cidr_block": "10.0.1.0/24",
            "customer_owned_ipv4_pool": "",
            "enable_dns64": false,
            "enable_lni_at_device_index": 0,
            "enable_resource_name_dns_a_record_on_launch": false,
            "enable_resource_name_dns_aaaa_record_on_launch": false,
            "id": "subnet-03d48f90224acaecf",
            "ipv6_cidr_block": "",
            "ipv6_cidr_block_association_id": "",
            "ipv6_native": false,
            "map_customer_owned_ip_on_launch": false,
            "map_public_ip_on_launch": true,
            "outpost_arn": "",
            "owner_id": "697755754723",
            "private_dns_hostname_type_on_launch": "ip-name",
            "region": "us-east-1",
            "tags": {},
            "tags_all": {
              "Environment": "users",
              "ManagedBy": "Terraform",
              "Project": "GradFlow"
            },
            "timeouts": null,
            "vpc_id": "vpc-0cdfbf12192263ca4"
          },
          "sensitive_attributes": [],
          "identity_schema_version": 0,
          "identity": {
            "account_id": "697755754723",
            "id": "subnet-03d48f90224acaecf",
            "region": "us-east-1"
          },
          "private": "eyJlMmJmYjczMC1lY2FhLTExZTYtOGY4OC0zNDM2M2JjN2M0YzAiOnsiY3JlYXRlIjo2MDAwMDAwMDAwMDAsImRlbGV0ZSI6MTIwMDAwMDAwMDAwMH0sInNjaGVtYV92ZXJzaW9uIjoiMSJ9",
          "dependencies": [
            "aws_vpc.main",
            "data.aws_availability_zones.available"
          ]
        }
      ]
    },
    {
      "mode": "managed",
      "type": "aws_vpc",
      "name": "main",
      "provider": "provider[\"registry.terraform.io/hashicorp/aws\"]",
      "instances": [
        {
          "schema_version": 1,
          "attributes": {
            "arn": "arn:aws:ec2:us-east-1:697755754723:vpc/vpc-0cdfbf12192263ca4",
            "assign_generated_ipv6_cidr_block": false,
            "cidr_block": "10.0.0.0/16",
            "default_network_acl_id": "acl-00ee787dec2320a43",
            "default_route_table_id": "rtb-0b385280a59fed41d",
            "default_security_group_id": "sg-0701a224cc95df48b",
            "dhcp_options_id": "dopt-09c9a738bb79b4b08",
            "enable_dns_hostnames": false,
            "enable_dns_support": true,
            "enable_network_address_usage_metrics": false,
            "id": "vpc-0cdfbf12192263ca4",
            "instance_tenancy": "default",
            "ipv4_ipam_pool_id": null,
            "ipv4_netmask_length": null,
            "ipv6_association_id": "",
            "ipv6_cidr_block": "",
            "ipv6_cidr_block_network_border_group": "",
            "ipv6_ipam_pool_id": "",
            "ipv6_netmask_length": 0,
            "main_route_table_id": "rtb-0b385280a59fed41d",
            "owner_id": "697755754723",
            "region": "us-east-1",
            "tags": {},
            "tags_all": {
              "Environment": "users",
              "ManagedBy": "Terraform",
              "Project": "GradFlow"
            }
          },
          "sensitive_attributes": [],
          "identity_schema_version": 0,
          "identity": {
            "account_id": "697755754723",
            "id": "vpc-0cdfbf12192263ca4",
            "region": "us-east-1"
          },
          "private": "eyJzY2hlbWFfdmVyc2lvbiI6IjEifQ=="
        }
      ]
    },
    {
      "mode": "managed",
      "type": "tls_private_key",
      "name": "this",
      "provider": "provider[\"registry.terraform.io/hashicorp/tls\"]",
      "instances": [
        {
          "index_key": 0,
          "schema_version": 1,
          "attributes": {
            "algorithm": "RSA",
            "ecdsa_curve": "P224",
            "id": "f314d5314d72e623ab8a9580b3f002fe1407b125",
            "private_key_openssh": "-----BEGIN OPENSSH PRIVATE KEY-----\nb3BlbnNzaC1rZXktdjEAAAAABG5vbmUAAAAEbm9uZQAAAAAAAAABAAACFwAAAAdz\nc2gtcnNhAAAAAwEAAQAAAgEAyLA2H31We1Vo2pKN3UcDoBsIzBCHkK0fYB/KPhUE\niEgdi0DYTjcX1tOuJR7drpgHB81nJ/TrGaTDT/NAx8eud+yZXyh4mKK6DIfZBbev\nODBmnIabvObeMQNoV6LIO/C/kuGtGGJC5NSLFA+7qFadqc7xG+Ipu1hW5WcMqhDm\nRg5nF+gbreJLgpF4fOcFKhugq2AM2iNe2EgebD/M0xgOa3eebFPQGkeu7f5mmixO\n3vefG1OhNogSenA8TyE/5o+1mZrj6Loi7pI3pEP2rigvVvtd/9WL8SUXdJz/3STT\n6Ga6trEfmBRAqSemmqbKbzRbrWlYpMMIN83EidVm8cXJM+rG8C9/NNNeLWgdUqOr\nqBD61JTYf/5qxQ/wXopkX8XFLgDeW7Sa80vz1wWuBFu1NKmyYJSZwVxOHZW3TMOs\nlS3NjTZIKZy+ajkmoXolkvH4PveE1tl2X9zoHbWvWFTXbF7nTte+ztKNbWEKFyqU\nzi6ofcjSW2eQMuJVJU89KreRzPQyjPdmH3eCEBuKYiguXtX4WXxj/D5+Hz4vNMKH\n9dIDMH95PHaheyVATvpahkm+RTkYrUn5wUxP2Y7z8C8WxyfWHC+rOCt6MvP0SrIw\n+SFZJOtSNdzUtsfRAiNNMsw6e+mAvBIxhfRv8bB2thPVRp8jCfRPDlTZtsMi9MAa\ni+cAAAc4QPc3RED3N0QAAAAHc3NoLXJzYQAAAgEAyLA2H31We1Vo2pKN3UcDoBsI\nzBCHkK0fYB/KPhUEiEgdi0DYTjcX1tOuJR7drpgHB81nJ/TrGaTDT/NAx8eud+yZ\nXyh4mKK6DIfZBbevODBmnIabvObeMQNoV6LIO/C/kuGtGGJC5NSLFA+7qFadqc7x\nG+Ipu1hW5WcMqhDmRg5nF+gbreJLgpF4fOcFKhugq2AM2iNe2EgebD/M0xgOa3ee\nbFPQGkeu7f5mmixO3vefG1OhNogSenA8TyE/5o+1mZrj6Loi7pI3pEP2rigvVvtd\n/9WL8SUXdJz/3STT6Ga6trEfmBRAqSemmqbKbzRbrWlYpMMIN83EidVm8cXJM+rG\n8C9/NNNeLWgdUqOrqBD61JTYf/5qxQ/wXopkX8XFLgDeW7Sa80vz1wWuBFu1NKmy\nYJSZwVxOHZW3TMOslS3NjTZIKZy+ajkmoXolkvH4PveE1tl2X9zoHbWvWFTXbF7n\nTte+ztKNbWEKFyqUzi6ofcjSW2eQMuJVJU89KreRzPQyjPdmH3eCEBuKYiguXtX4\nWXxj/D5+Hz4vNMKH9dIDMH95PHaheyVATvpahkm+RTkYrUn5wUxP2Y7z8C8WxyfW\nHC+rOCt6MvP0SrIw+SFZJOtSNdzUtsfRAiNNMsw6e+mAvBIxhfRv8bB2thPVRp8j\nCfRPDlTZtsMi9MAai+cAAAADAQABAAACADDpqbdREBPtRCoJkCP/W+XY0PMTkEb1\nuvDtrpgk/T7N/M1k15NwoBHO8+G+PR+BlC0Vpe+6JNbSLnw8+Gv4whAejV8A+SuS\nda/6KC3ZkA4s1cWOlUScLElb4EGDvjPFwJtm/44y3MTy/Ja+Iumreq/ZbTBzleJA\nbKVq0U5d4hHvDrdn7d8aiXbgR7KBh+O0aht6xIciGcqzAR83CY/ljBYrSGR0pQLS\nt9Lvr0giRnLXfWLmpiMpVP+cfUZ3/yANpKA0fRnKzBrDbmZN3kCiMK+NgmKJRJtY\ng/f7D+1xPWimKRm/38hsHzpbHKMSxcIGy9VfGKjHlCgtsZo6deW1ZA0hrQ/lV6U3\n16QySmq3jrqHmxbBOMUF6CMFAQT95gbh6Fr4m3s7an6VbAs5LTFlX8EB8AAfK+Di\nZxXn+We7EKT/TAewYWM3R1/Kzrcqf6+mPWhcGAtZCyTwjI9ayW748oFjrRr32T09\n4Afuf6WuwSuGAoJz0w2HwdJbfO9jA0HdDAFjBsFKgGbTCcNOQMI65oxsa+EnJKTD\n+nGv9qFg+r9eisj71KeWuw5QLZtSnBb4GzE4lj+79QIQooFw4743t1jVZyWH2cj4\n4FaDkox8R0t3L85BVvXqqrgvRiJd1ogFgAGY/6aD0gcLy+oQkBbUtXt/5zQQwBPS\nXK31GImLonixAAABAFoj6Tg8Pjmr3XIpMmvXFQbQ8o2QmJ5DhNL0rb5hzVpu1Ocw\ngk4r01LFz9g03E08OOq+Hg3hWg6G0mpiRU+PmNJNvsHYhF46KW2GQbdHnnB/HBtc\nJTVf0eMUiwCrxVftx+68tVrK29AQQHX9duaP+hmd7TkQvQRa2tW0399U/NwZehTT\ngpFfTgl4iTMCrKw24HUT6lfXCirzyMCP4NqlsPtynu9fiYA/Be6k4G6CQT5nFgSq\nkM3y8qOVZt4XvyU+ulH9oGVoPil4vjXcTgbNSLOAVpj7+Nu0SbB1au8SMSiM1Arj\nzykbCmNpJUDGxXR2nwibjASLmqwMymy16aKxVL4AAAEBANgNDUok1OHlQMFwoQnl\nZsMPdvOYsryoOqWm1nl4hkIueCmERLmpnGd2iRp+5+zcOFEAEqwKWveRd0qYE+PE\nlRmU5JEAslzb3+WRI4cy+AAkjPZq0fBcqNdg9IPN20Zn06ezqr0LapEUK5D2PqX/\n1K4CbpUOLqge8uhspxVqQDm4hDcdNSCt3CjPKbT8KHV8+3V1e7nGrcMSsV8zPEsB\n5QOs5NmmOt5tatjmNS6TX9dvJDQ45m8ZZJBuBXWz01EtNBzBhHQd3JHkwWzuMNtq\nnDCsESUFa2H/ULPCKdmyCreDHZ5V5dEh3+C2IIHABzgyFH7TkwqwQfW+SnSFPy4J\nXa8AAAEBAO3L9KW7pmPsepJXq48TxsnMbYH42Jv1I6XDUjNUwAxPxsxl77MZDfBS\nylEsaMrz33yY0gRBQE8JagfiLgyA5bcm3nU2e8577x4gKI2w8KiQ/0dXec93Hu4K\nU+raMza0SHceH1ZFG6rc9uTW3CZMFEPLH14+88puaUn5f/EM//65bnMh3wXUBDvj\nws3lnPV/SE7L5G1WfAl64nYVCAkQMnlkKp9GZOyLGxjDHjMxn+V1+SnPFmTXYwGX\nNJM6tb3RNFfuMWZlOpsNo9qSYn4JYFBq1JPgG4CkJmcrTHO19L7sTdmMMWiPIUef\nPxq1mli5OsppAxoVdBJMJ/zGJrgAu0kAAAAAAQID\n-----END OPENSSH PRIVATE KEY-----\n",
            "private_key_pem": "-----BEGIN RSA PRIVATE KEY-----\nMIIJKQIBAAKCAgEAyLA2H31We1Vo2pKN3UcDoBsIzBCHkK0fYB/KPhUEiEgdi0DY\nTjcX1tOuJR7drpgHB81nJ/TrGaTDT/NAx8eud+yZXyh4mKK6DIfZBbevODBmnIab\nvObeMQNoV6LIO/C/kuGtGGJC5NSLFA+7qFadqc7xG+Ipu1hW5WcMqhDmRg5nF+gb\nreJLgpF4fOcFKhugq2AM2iNe2EgebD/M0xgOa3eebFPQGkeu7f5mmixO3vefG1Oh\nNogSenA8TyE/5o+1mZrj6Loi7pI3pEP2rigvVvtd/9WL8SUXdJz/3STT6Ga6trEf\nmBRAqSemmqbKbzRbrWlYpMMIN83EidVm8cXJM+rG8C9/NNNeLWgdUqOrqBD61JTY\nf/5qxQ/wXopkX8XFLgDeW7Sa80vz1wWuBFu1NKmyYJSZwVxOHZW3TMOslS3NjTZI\nKZy+ajkmoXolkvH4PveE1tl2X9zoHbWvWFTXbF7nTte+ztKNbWEKFyqUzi6ofcjS\nW2eQMuJVJU89KreRzPQyjPdmH3eCEBuKYiguXtX4WXxj/D5+Hz4vNMKH9dIDMH95\nPHaheyVATvpahkm+RTkYrUn5wUxP2Y7z8C8WxyfWHC+rOCt6MvP0SrIw+SFZJOtS\nNdzUtsfRAiNNMsw6e+mAvBIxhfRv8bB2thPVRp8jCfRPDlTZtsMi9MAai+cCAwEA\nAQKCAgAw6am3URAT7UQqCZAj/1vl2NDzE5BG9brw7a6YJP0+zfzNZNeTcKARzvPh\nvj0fgZQtFaXvuiTW0i58PPhr+MIQHo1fAPkrknWv+igt2ZAOLNXFjpVEnCxJW+BB\ng74zxcCbZv+OMtzE8vyWviLpq3qv2W0wc5XiQGylatFOXeIR7w63Z+3fGol24Eey\ngYfjtGobesSHIhnKswEfNwmP5YwWK0hkdKUC0rfS769IIkZy131i5qYjKVT/nH1G\nd/8gDaSgNH0Zyswaw25mTd5AojCvjYJiiUSbWIP3+w/tcT1opikZv9/IbB86Wxyj\nEsXCBsvVXxiox5QoLbGaOnXltWQNIa0P5VelN9ekMkpqt466h5sWwTjFBegjBQEE\n/eYG4eha+Jt7O2p+lWwLOS0xZV/BAfAAHyvg4mcV5/lnuxCk/0wHsGFjN0dfys63\nKn+vpj1oXBgLWQsk8IyPWslu+PKBY60a99k9PeAH7n+lrsErhgKCc9MNh8HSW3zv\nYwNB3QwBYwbBSoBm0wnDTkDCOuaMbGvhJySkw/pxr/ahYPq/XorI+9SnlrsOUC2b\nUpwW+BsxOJY/u/UCEKKBcOO+N7dY1Wclh9nI+OBWg5KMfEdLdy/OQVb16qq4L0Yi\nXdaIBYABmP+mg9IHC8vqEJAW1LV7f+c0EMAT0lyt9RiJi6J4sQKCAQEA2A0NSiTU\n4eVAwXChCeVmww9285iyvKg6pabWeXiGQi54KYREuamcZ3aJGn7n7Nw4UQASrApa\n95F3SpgT48SVGZTkkQCyXNvf5ZEjhzL4ACSM9mrR8Fyo12D0g83bRmfTp7OqvQtq\nkRQrkPY+pf/UrgJulQ4uqB7y6GynFWpAObiENx01IK3cKM8ptPwodXz7dXV7ucat\nwxKxXzM8SwHlA6zk2aY63m1q2OY1LpNf128kNDjmbxlkkG4FdbPTUS00HMGEdB3c\nkeTBbO4w22qcMKwRJQVrYf9Qs8Ip2bIKt4MdnlXl0SHf4LYggcAHODIUftOTCrBB\n9b5KdIU/LgldrwKCAQEA7cv0pbumY+x6klerjxPGycxtgfjYm/UjpcNSM1TADE/G\nzGXvsxkN8FLKUSxoyvPffJjSBEFATwlqB+IuDIDltybedTZ7znvvHiAojbDwqJD/\nR1d5z3ce7gpT6tozNrRIdx4fVkUbqtz25NbcJkwUQ8sfXj7zym5pSfl/8Qz//rlu\ncyHfBdQEO+PCzeWc9X9ITsvkbVZ8CXridhUICRAyeWQqn0Zk7IsbGMMeMzGf5XX5\nKc8WZNdjAZc0kzq1vdE0V+4xZmU6mw2j2pJifglgUGrUk+AbgKQmZytMc7X0vuxN\n2YwxaI8hR58/GrWaWLk6ymkDGhV0Ekwn/MYmuAC7SQKCAQEAoYSoccy1Rigg0D0G\nd6KDv8I4+IYo4beXGK5w2yEKpkGdXdRfmLm/ju3kM+W6N66vf4bhbrLTLRAYMbEd\n9YLKwPQ6KFlv/tH2QebOu82T8G9i3voe92YeZ945DqyAiNMoPdCpDWmSguGkbFxb\nm7h15J021MJkiRWSHcbU5sKnPz+9wIJabJLt66hskryM9sC4MSjilZF96D96USS5\np43EC4pfEIQgsJb2cS8xhR9yYFnbpBsB0v8V2pAWDtegXKjBs9nMzw5gDsYJAQnV\nhsPd/tk0fAvgKsQ4LhszNGfRcT5ZjzzCciWz/IfMJ5RLEW0HO4WrASuiNDjN6uyO\nvjkMSwKCAQEAjzI3o6nJe/jGouOKWwF0vsaM1yyr+9Z13fctw91wPLm5pBJqcrZO\nr36beKA+hqCu3xADwC4u9KldoVuxkTP5oP4WDg1+Jox5JPIGmbSIZ2nRX/usTaOV\nC5FKkW1OU83iqWCJTGEXVR/0yT8dmS5NMbnarN1J34f3fWVyhwzmB1VQzqIB9DeF\nSS9Rer2fdDJur4yWhMUEsoy+XI8zpImNa45HIFy6n7rw2Ut+HyPt/ra5EVU0Tgtq\nAmY0cchz8tdNJvo340poLUDcf92Q1Ab/ac27L0VQKnou6gen5TIYLPSNuMh0ZFt0\nlfWugX4EcRMx9Puhs45htDcKCWylmj5OiQKCAQBaI+k4PD45q91yKTJr1xUG0PKN\nkJieQ4TS9K2+Yc1abtTnMIJOK9NSxc/YNNxNPDjqvh4N4VoOhtJqYkVPj5jSTb7B\n2IReOilthkG3R55wfxwbXCU1X9HjFIsAq8VX7cfuvLVaytvQEEB1/Xbmj/oZne05\nEL0EWtrVtN/fVPzcGXoU04KRX04JeIkzAqysNuB1E+pX1woq88jAj+DapbD7cp7v\nX4mAPwXupOBugkE+ZxYEqpDN8vKjlWbeF78lPrpR/aBlaD4peL413E4GzUizgFaY\n+/jbtEmwdWrvEjEojNQK488pGwpjaSVAxsV0dp8Im4wEi5qsDMpstemisVS+\n-----END RSA PRIVATE KEY-----\n",
            "private_key_pem_pkcs8": "-----BEGIN PRIVATE KEY-----\nMIIJQwIBADANBgkqhkiG9w0BAQEFAASCCS0wggkpAgEAAoICAQDIsDYffVZ7VWja\nko3dRwOgGwjMEIeQrR9gH8o+FQSISB2LQNhONxfW064lHt2umAcHzWcn9OsZpMNP\n80DHx6537JlfKHiYoroMh9kFt684MGachpu85t4xA2hXosg78L+S4a0YYkLk1IsU\nD7uoVp2pzvEb4im7WFblZwyqEOZGDmcX6But4kuCkXh85wUqG6CrYAzaI17YSB5s\nP8zTGA5rd55sU9AaR67t/maaLE7e958bU6E2iBJ6cDxPIT/mj7WZmuPouiLukjek\nQ/auKC9W+13/1YvxJRd0nP/dJNPoZrq2sR+YFECpJ6aapspvNFutaVikwwg3zcSJ\n1Wbxxckz6sbwL380014taB1So6uoEPrUlNh//mrFD/BeimRfxcUuAN5btJrzS/PX\nBa4EW7U0qbJglJnBXE4dlbdMw6yVLc2NNkgpnL5qOSaheiWS8fg+94TW2XZf3Ogd\nta9YVNdsXudO177O0o1tYQoXKpTOLqh9yNJbZ5Ay4lUlTz0qt5HM9DKM92Yfd4IQ\nG4piKC5e1fhZfGP8Pn4fPi80wof10gMwf3k8dqF7JUBO+lqGSb5FORitSfnBTE/Z\njvPwLxbHJ9YcL6s4K3oy8/RKsjD5IVkk61I13NS2x9ECI00yzDp76YC8EjGF9G/x\nsHa2E9VGnyMJ9E8OVNm2wyL0wBqL5wIDAQABAoICADDpqbdREBPtRCoJkCP/W+XY\n0PMTkEb1uvDtrpgk/T7N/M1k15NwoBHO8+G+PR+BlC0Vpe+6JNbSLnw8+Gv4whAe\njV8A+SuSda/6KC3ZkA4s1cWOlUScLElb4EGDvjPFwJtm/44y3MTy/Ja+Iumreq/Z\nbTBzleJAbKVq0U5d4hHvDrdn7d8aiXbgR7KBh+O0aht6xIciGcqzAR83CY/ljBYr\nSGR0pQLSt9Lvr0giRnLXfWLmpiMpVP+cfUZ3/yANpKA0fRnKzBrDbmZN3kCiMK+N\ngmKJRJtYg/f7D+1xPWimKRm/38hsHzpbHKMSxcIGy9VfGKjHlCgtsZo6deW1ZA0h\nrQ/lV6U316QySmq3jrqHmxbBOMUF6CMFAQT95gbh6Fr4m3s7an6VbAs5LTFlX8EB\n8AAfK+DiZxXn+We7EKT/TAewYWM3R1/Kzrcqf6+mPWhcGAtZCyTwjI9ayW748oFj\nrRr32T094Afuf6WuwSuGAoJz0w2HwdJbfO9jA0HdDAFjBsFKgGbTCcNOQMI65oxs\na+EnJKTD+nGv9qFg+r9eisj71KeWuw5QLZtSnBb4GzE4lj+79QIQooFw4743t1jV\nZyWH2cj44FaDkox8R0t3L85BVvXqqrgvRiJd1ogFgAGY/6aD0gcLy+oQkBbUtXt/\n5zQQwBPSXK31GImLonixAoIBAQDYDQ1KJNTh5UDBcKEJ5WbDD3bzmLK8qDqlptZ5\neIZCLngphES5qZxndokafufs3DhRABKsClr3kXdKmBPjxJUZlOSRALJc29/lkSOH\nMvgAJIz2atHwXKjXYPSDzdtGZ9Ons6q9C2qRFCuQ9j6l/9SuAm6VDi6oHvLobKcV\nakA5uIQ3HTUgrdwozym0/Ch1fPt1dXu5xq3DErFfMzxLAeUDrOTZpjrebWrY5jUu\nk1/XbyQ0OOZvGWSQbgV1s9NRLTQcwYR0HdyR5MFs7jDbapwwrBElBWth/1CzwinZ\nsgq3gx2eVeXRId/gtiCBwAc4MhR+05MKsEH1vkp0hT8uCV2vAoIBAQDty/Slu6Zj\n7HqSV6uPE8bJzG2B+Nib9SOlw1IzVMAMT8bMZe+zGQ3wUspRLGjK8998mNIEQUBP\nCWoH4i4MgOW3Jt51NnvOe+8eICiNsPCokP9HV3nPdx7uClPq2jM2tEh3Hh9WRRuq\n3Pbk1twmTBRDyx9ePvPKbmlJ+X/xDP/+uW5zId8F1AQ748LN5Zz1f0hOy+RtVnwJ\neuJ2FQgJEDJ5ZCqfRmTsixsYwx4zMZ/ldfkpzxZk12MBlzSTOrW90TRX7jFmZTqb\nDaPakmJ+CWBQatST4BuApCZnK0xztfS+7E3ZjDFojyFHnz8atZpYuTrKaQMaFXQS\nTCf8xia4ALtJAoIBAQChhKhxzLVGKCDQPQZ3ooO/wjj4hijht5cYrnDbIQqmQZ1d\n1F+Yub+O7eQz5bo3rq9/huFustMtEBgxsR31gsrA9DooWW/+0fZB5s67zZPwb2Le\n+h73Zh5n3jkOrICI0yg90KkNaZKC4aRsXFubuHXknTbUwmSJFZIdxtTmwqc/P73A\nglpsku3rqGySvIz2wLgxKOKVkX3oP3pRJLmnjcQLil8QhCCwlvZxLzGFH3JgWduk\nGwHS/xXakBYO16BcqMGz2czPDmAOxgkBCdWGw93+2TR8C+AqxDguGzM0Z9FxPlmP\nPMJyJbP8h8wnlEsRbQc7hasBK6I0OM3q7I6+OQxLAoIBAQCPMjejqcl7+Mai44pb\nAXS+xozXLKv71nXd9y3D3XA8ubmkEmpytk6vfpt4oD6GoK7fEAPALi70qV2hW7GR\nM/mg/hYODX4mjHkk8gaZtIhnadFf+6xNo5ULkUqRbU5TzeKpYIlMYRdVH/TJPx2Z\nLk0xudqs3Unfh/d9ZXKHDOYHVVDOogH0N4VJL1F6vZ90Mm6vjJaExQSyjL5cjzOk\niY1rjkcgXLqfuvDZS34fI+3+trkRVTROC2oCZjRxyHPy100m+jfjSmgtQNx/3ZDU\nBv9pzbsvRVAqei7qB6flMhgs9I24yHRkW3SV9a6BfgRxEzH0+6GzjmG0NwoJbKWa\nPk6JAoIBAFoj6Tg8Pjmr3XIpMmvXFQbQ8o2QmJ5DhNL0rb5hzVpu1Ocwgk4r01LF\nz9g03E08OOq+Hg3hWg6G0mpiRU+PmNJNvsHYhF46KW2GQbdHnnB/HBtcJTVf0eMU\niwCrxVftx+68tVrK29AQQHX9duaP+hmd7TkQvQRa2tW0399U/NwZehTTgpFfTgl4\niTMCrKw24HUT6lfXCirzyMCP4NqlsPtynu9fiYA/Be6k4G6CQT5nFgSqkM3y8qOV\nZt4XvyU+ulH9oGVoPil4vjXcTgbNSLOAVpj7+Nu0SbB1au8SMSiM1ArjzykbCmNp\nJUDGxXR2nwibjASLmqwMymy16aKxVL4=\n-----END PRIVATE KEY-----\n",
            "public_key_fingerprint_md5": "0d:f4:9a:85:07:9d:25:83:98:cf:52:4c:f2:df:d4:48",
            "public_key_fingerprint_sha256": "SHA256:jH8yx1P6isEgBc3iGx1LewjPaRdhQakayS66fDBk/NA",
            "public_key_openssh": "ssh-rsa AAAAB3NzaC1yc2EAAAADAQABAAACAQDIsDYffVZ7VWjako3dRwOgGwjMEIeQrR9gH8o+FQSISB2LQNhONxfW064lHt2umAcHzWcn9OsZpMNP80DHx6537JlfKHiYoroMh9kFt684MGachpu85t4xA2hXosg78L+S4a0YYkLk1IsUD7uoVp2pzvEb4im7WFblZwyqEOZGDmcX6But4kuCkXh85wUqG6CrYAzaI17YSB5sP8zTGA5rd55sU9AaR67t/maaLE7e958bU6E2iBJ6cDxPIT/mj7WZmuPouiLukjekQ/auKC9W+13/1YvxJRd0nP/dJNPoZrq2sR+YFECpJ6aapspvNFutaVikwwg3zcSJ1Wbxxckz6sbwL380014taB1So6uoEPrUlNh//mrFD/BeimRfxcUuAN5btJrzS/PXBa4EW7U0qbJglJnBXE4dlbdMw6yVLc2NNkgpnL5qOSaheiWS8fg+94TW2XZf3Ogdta9YVNdsXudO177O0o1tYQoXKpTOLqh9yNJbZ5Ay4lUlTz0qt5HM9DKM92Yfd4IQG4piKC5e1fhZfGP8Pn4fPi80wof10gMwf3k8dqF7JUBO+lqGSb5FORitSfnBTE/ZjvPwLxbHJ9YcL6s4K3oy8/RKsjD5IVkk61I13NS2x9ECI00yzDp76YC8EjGF9G/xsHa2E9VGnyMJ9E8OVNm2wyL0wBqL5w==\n",
            "public_key_pem": "-----BEGIN PUBLIC KEY-----\nMIICIjANBgkqhkiG9w0BAQEFAAOCAg8AMIICCgKCAgEAyLA2H31We1Vo2pKN3UcD\noBsIzBCHkK0fYB/KPhUEiEgdi0DYTjcX1tOuJR7drpgHB81nJ/TrGaTDT/NAx8eu\nd+yZXyh4mKK6DIfZBbevODBmnIabvObeMQNoV6LIO/C/kuGtGGJC5NSLFA+7qFad\nqc7xG+Ipu1hW5WcMqhDmRg5nF+gbreJLgpF4fOcFKhugq2AM2iNe2EgebD/M0xgO\na3eebFPQGkeu7f5mmixO3vefG1OhNogSenA8TyE/5o+1mZrj6Loi7pI3pEP2rigv\nVvtd/9WL8SUXdJz/3STT6Ga6trEfmBRAqSemmqbKbzRbrWlYpMMIN83EidVm8cXJ\nM+rG8C9/NNNeLWgdUqOrqBD61JTYf/5qxQ/wXopkX8XFLgDeW7Sa80vz1wWuBFu1\nNKmyYJSZwVxOHZW3TMOslS3NjTZIKZy+ajkmoXolkvH4PveE1tl2X9zoHbWvWFTX\nbF7nTte+ztKNbWEKFyqUzi6ofcjSW2eQMuJVJU89KreRzPQyjPdmH3eCEBuKYigu\nXtX4WXxj/D5+Hz4vNMKH9dIDMH95PHaheyVATvpahkm+RTkYrUn5wUxP2Y7z8C8W\nxyfWHC+rOCt6MvP0SrIw+SFZJOtSNdzUtsfRAiNNMsw6e+mAvBIxhfRv8bB2thPV\nRp8jCfRPDlTZtsMi9MAai+cCAwEAAQ==\n-----END PUBLIC KEY-----\n",
            "rsa_bits": 4096
          },
          "sensitive_attributes": [
            [
              {
                "type": "get_attr",
                "value": "private_key_openssh"
              }
            ],
            [
              {
                "type": "get_attr",
                "value": "private_key_pem"
              }
            ],
            [
              {
                "type": "get_attr",
                "value": "private_key_pem_pkcs8"
              }
            ]
          ],
          "identity_schema_version": 0
        }
      ]
    }
  ],
  "check_results": null
}
