{
  "version": 4,
  "terraform_version": "1.14.1",
  "serial": 957,
  "lineage": "5de68eff-eb21-9e50-18a6-c48e1db7a8e4",
  "outputs": {
    "asg_arn": {
      "value": "arn:aws:autoscaling:us-east-1:697755754723:autoScalingGroup:01a65bfb-7675-4735-a13e-c257825f9303:autoScalingGroupName/users-asg",
      "type": "string"
    },
    "asg_name": {
      "value": "users-asg",
      "type": "string"
    },
    "key_pair_name": {
      "value": "gradflow-users",
      "type": "string"
    },
    "loadbalancer_arn": {
      "value": "arn:aws:elasticloadbalancing:us-east-1:697755754723:loadbalancer/app/users-lb/118c9dc83db23dba",
      "type": "string"
    },
    "loadbalancer_dns": {
      "value": "users-lb-1224830718.us-east-1.elb.amazonaws.com",
      "type": "string"
    },
    "public_subnets": {
      "value": [
        "subnet-0fe422b6578ae5514",
        "subnet-051ce3439a8cf1e30"
      ],
      "type": [
        "tuple",
        [
          "string",
          "string"
        ]
      ]
    },
    "ssh_command_hint": {
      "value": "ssh -i \u003cruta-a-tu-pem\u003e ubuntu@\u003cip_publica-o-elastica\u003e",
      "type": "string"
    },
    "target_group_arn": {
      "value": "arn:aws:elasticloadbalancing:us-east-1:697755754723:targetgroup/users-tg/1d993e1d06e19946",
      "type": "string"
    },
    "target_group_name": {
      "value": "users-tg",
      "type": "string"
    },
    "vpc_id": {
      "value": "vpc-0cefea6b4193f2d34",
      "type": "string"
    }
  },
  "resources": [
    {
      "mode": "data",
      "type": "aws_availability_zones",
      "name": "available",
      "provider": "provider[\"registry.terraform.io/hashicorp/aws\"]",
      "instances": [
        {
          "schema_version": 0,
          "attributes": {
            "all_availability_zones": null,
            "exclude_names": null,
            "exclude_zone_ids": null,
            "filter": null,
            "group_names": [
              "us-east-1-zg-1"
            ],
            "id": "us-east-1",
            "names": [
              "us-east-1a",
              "us-east-1b",
              "us-east-1c",
              "us-east-1d",
              "us-east-1e",
              "us-east-1f"
            ],
            "region": "us-east-1",
            "state": null,
            "timeouts": null,
            "zone_ids": [
              "use1-az6",
              "use1-az1",
              "use1-az2",
              "use1-az4",
              "use1-az3",
              "use1-az5"
            ]
          },
          "sensitive_attributes": [],
          "identity_schema_version": 0
        }
      ]
    },
    {
      "mode": "managed",
      "type": "aws_autoscaling_group",
      "name": "app",
      "provider": "provider[\"registry.terraform.io/hashicorp/aws\"]",
      "instances": [
        {
          "schema_version": 1,
          "attributes": {
            "arn": "arn:aws:autoscaling:us-east-1:697755754723:autoScalingGroup:01a65bfb-7675-4735-a13e-c257825f9303:autoScalingGroupName/users-asg",
            "availability_zone_distribution": [
              {
                "capacity_distribution_strategy": "balanced-best-effort"
              }
            ],
            "availability_zones": [
              "us-east-1a",
              "us-east-1b"
            ],
            "capacity_rebalance": false,
            "capacity_reservation_specification": [
              {
                "capacity_reservation_preference": "default",
                "capacity_reservation_target": []
              }
            ],
            "context": "",
            "default_cooldown": 300,
            "default_instance_warmup": 0,
            "desired_capacity": 2,
            "desired_capacity_type": "",
            "enabled_metrics": null,
            "force_delete": false,
            "force_delete_warm_pool": false,
            "health_check_grace_period": 300,
            "health_check_type": "EC2",
            "id": "users-asg",
            "ignore_failed_scaling_activities": false,
            "initial_lifecycle_hook": [],
            "instance_maintenance_policy": [],
            "instance_refresh": [
              {
                "preferences": [
                  {
                    "alarm_specification": [],
                    "auto_rollback": false,
                    "checkpoint_delay": "",
                    "checkpoint_percentages": null,
                    "instance_warmup": "180",
                    "max_healthy_percentage": 100,
                    "min_healthy_percentage": 50,
                    "scale_in_protected_instances": "Ignore",
                    "skip_matching": false,
                    "standby_instances": "Ignore"
                  }
                ],
                "strategy": "Rolling",
                "triggers": [
                  "tag"
                ]
              }
            ],
            "launch_configuration": "",
            "launch_template": [
              {
                "id": "lt-00c54cdd39b4747a6",
                "name": "users-app-20260123142513685500000002",
                "version": "$Latest"
              }
            ],
            "load_balancers": [],
            "max_instance_lifetime": 0,
            "max_size": 5,
            "metrics_granularity": "1Minute",
            "min_elb_capacity": null,
            "min_size": 2,
            "mixed_instances_policy": [],
            "name": "users-asg",
            "name_prefix": "",
            "placement_group": "",
            "predicted_capacity": 0,
            "protect_from_scale_in": false,
            "region": "us-east-1",
            "service_linked_role_arn": "arn:aws:iam::697755754723:role/aws-service-role/autoscaling.amazonaws.com/AWSServiceRoleForAutoScaling",
            "suspended_processes": null,
            "tag": [
              {
                "key": "ManagedBy",
                "propagate_at_launch": true,
                "value": "Terraform"
              },
              {
                "key": "Name",
                "propagate_at_launch": true,
                "value": "users-instance"
              }
            ],
            "target_group_arns": [
              "arn:aws:elasticloadbalancing:us-east-1:697755754723:targetgroup/users-tg/1d993e1d06e19946"
            ],
            "termination_policies": [
              "Default"
            ],
            "timeouts": null,
            "traffic_source": [
              {
                "identifier": "arn:aws:elasticloadbalancing:us-east-1:697755754723:targetgroup/users-tg/1d993e1d06e19946",
                "type": "elbv2"
              }
            ],
            "vpc_zone_identifier": [
              "subnet-051ce3439a8cf1e30",
              "subnet-0fe422b6578ae5514"
            ],
            "wait_for_capacity_timeout": "10m",
            "wait_for_elb_capacity": null,
            "warm_pool": [],
            "warm_pool_size": 0
          },
          "sensitive_attributes": [],
          "identity_schema_version": 0,
          "private": "eyJlMmJmYjczMC1lY2FhLTExZTYtOGY4OC0zNDM2M2JjN2M0YzAiOnsiZGVsZXRlIjo2MDAwMDAwMDAwMDAsInVwZGF0ZSI6NjAwMDAwMDAwMDAwfSwic2NoZW1hX3ZlcnNpb24iOiIxIn0=",
          "dependencies": [
            "aws_key_pair.this",
            "aws_launch_template.app",
            "aws_lb.app",
            "aws_lb_target_group.app",
            "aws_security_group.lb",
            "aws_security_group.web",
            "aws_subnet.public",
            "aws_vpc.main",
            "data.aws_availability_zones.available",
            "tls_private_key.this"
          ]
        }
      ]
    },
    {
      "mode": "managed",
      "type": "aws_autoscaling_policy",
      "name": "cpu_scale_up",
      "provider": "provider[\"registry.terraform.io/hashicorp/aws\"]",
      "instances": [
        {
          "schema_version": 0,
          "attributes": {
            "adjustment_type": "",
            "arn": "arn:aws:autoscaling:us-east-1:697755754723:scalingPolicy:0e1b2fdf-52e0-4562-96d6-534cd21580f3:autoScalingGroupName/users-asg:policyName/scale-up-on-high-cpu",
            "autoscaling_group_name": "users-asg",
            "cooldown": 0,
            "enabled": true,
            "estimated_instance_warmup": 300,
            "id": "scale-up-on-high-cpu",
            "metric_aggregation_type": "",
            "min_adjustment_magnitude": 0,
            "name": "scale-up-on-high-cpu",
            "policy_type": "TargetTrackingScaling",
            "predictive_scaling_configuration": [],
            "region": "us-east-1",
            "scaling_adjustment": 0,
            "step_adjustment": [],
            "target_tracking_configuration": [
              {
                "customized_metric_specification": [],
                "disable_scale_in": false,
                "predefined_metric_specification": [
                  {
                    "predefined_metric_type": "ASGAverageCPUUtilization",
                    "resource_label": ""
                  }
                ],
                "target_value": 80
              }
            ]
          },
          "sensitive_attributes": [],
          "identity_schema_version": 0,
          "private": "bnVsbA==",
          "dependencies": [
            "aws_autoscaling_group.app",
            "aws_key_pair.this",
            "aws_launch_template.app",
            "aws_lb.app",
            "aws_lb_target_group.app",
            "aws_security_group.lb",
            "aws_security_group.web",
            "aws_subnet.public",
            "aws_vpc.main",
            "data.aws_availability_zones.available",
            "tls_private_key.this"
          ]
        }
      ]
    },
    {
      "mode": "managed",
      "type": "aws_autoscaling_policy",
      "name": "scale_in",
      "provider": "provider[\"registry.terraform.io/hashicorp/aws\"]",
      "instances": [
        {
          "schema_version": 0,
          "attributes": {
            "adjustment_type": "ChangeInCapacity",
            "arn": "arn:aws:autoscaling:us-east-1:697755754723:scalingPolicy:7d7c9cfc-a8ed-4668-bb90-b2000f916b60:autoScalingGroupName/users-asg:policyName/scale-in-policy",
            "autoscaling_group_name": "users-asg",
            "cooldown": 600,
            "enabled": true,
            "estimated_instance_warmup": 0,
            "id": "scale-in-policy",
            "metric_aggregation_type": "",
            "min_adjustment_magnitude": 0,
            "name": "scale-in-policy",
            "policy_type": "SimpleScaling",
            "predictive_scaling_configuration": [],
            "region": "us-east-1",
            "scaling_adjustment": -1,
            "step_adjustment": [],
            "target_tracking_configuration": []
          },
          "sensitive_attributes": [],
          "identity_schema_version": 0,
          "private": "bnVsbA==",
          "dependencies": [
            "aws_autoscaling_group.app",
            "aws_key_pair.this",
            "aws_launch_template.app",
            "aws_lb.app",
            "aws_lb_target_group.app",
            "aws_security_group.lb",
            "aws_security_group.web",
            "aws_subnet.public",
            "aws_vpc.main",
            "data.aws_availability_zones.available",
            "tls_private_key.this"
          ]
        }
      ]
    },
    {
      "mode": "managed",
      "type": "aws_autoscaling_policy",
      "name": "scale_out",
      "provider": "provider[\"registry.terraform.io/hashicorp/aws\"]",
      "instances": [
        {
          "schema_version": 0,
          "attributes": {
            "adjustment_type": "ChangeInCapacity",
            "arn": "arn:aws:autoscaling:us-east-1:697755754723:scalingPolicy:a00a1133-70b6-41f4-adbe-2ed2dccaa69d:autoScalingGroupName/users-asg:policyName/scale-out-policy",
            "autoscaling_group_name": "users-asg",
            "cooldown": 300,
            "enabled": true,
            "estimated_instance_warmup": 0,
            "id": "scale-out-policy",
            "metric_aggregation_type": "",
            "min_adjustment_magnitude": 0,
            "name": "scale-out-policy",
            "policy_type": "SimpleScaling",
            "predictive_scaling_configuration": [],
            "region": "us-east-1",
            "scaling_adjustment": 1,
            "step_adjustment": [],
            "target_tracking_configuration": []
          },
          "sensitive_attributes": [],
          "identity_schema_version": 0,
          "private": "bnVsbA==",
          "dependencies": [
            "aws_autoscaling_group.app",
            "aws_key_pair.this",
            "aws_launch_template.app",
            "aws_lb.app",
            "aws_lb_target_group.app",
            "aws_security_group.lb",
            "aws_security_group.web",
            "aws_subnet.public",
            "aws_vpc.main",
            "data.aws_availability_zones.available",
            "tls_private_key.this"
          ]
        }
      ]
    },
    {
      "mode": "managed",
      "type": "aws_internet_gateway",
      "name": "igw",
      "provider": "provider[\"registry.terraform.io/hashicorp/aws\"]",
      "instances": [
        {
          "schema_version": 0,
          "attributes": {
            "arn": "arn:aws:ec2:us-east-1:697755754723:internet-gateway/igw-0a1cea34da34bb9a3",
            "id": "igw-0a1cea34da34bb9a3",
            "owner_id": "697755754723",
            "region": "us-east-1",
            "tags": null,
            "tags_all": {
              "Environment": "users",
              "ManagedBy": "Terraform",
              "Project": "GradFlow"
            },
            "timeouts": null,
            "vpc_id": "vpc-0cefea6b4193f2d34"
          },
          "sensitive_attributes": [],
          "identity_schema_version": 0,
          "private": "eyJlMmJmYjczMC1lY2FhLTExZTYtOGY4OC0zNDM2M2JjN2M0YzAiOnsiY3JlYXRlIjoxMjAwMDAwMDAwMDAwLCJkZWxldGUiOjEyMDAwMDAwMDAwMDAsInVwZGF0ZSI6MTIwMDAwMDAwMDAwMH19",
          "dependencies": [
            "aws_vpc.main"
          ]
        }
      ]
    },
    {
      "mode": "managed",
      "type": "aws_key_pair",
      "name": "this",
      "provider": "provider[\"registry.terraform.io/hashicorp/aws\"]",
      "instances": [
        {
          "index_key": 0,
          "schema_version": 1,
          "attributes": {
            "arn": "arn:aws:ec2:us-east-1:697755754723:key-pair/gradflow-users",
            "fingerprint": "82:e1:45:31:3d:1f:c3:1c:13:f5:e5:fa:c5:b2:bb:1a",
            "id": "gradflow-users",
            "key_name": "gradflow-users",
            "key_name_prefix": "",
            "key_pair_id": "key-0d2fb3831f4fa5ebd",
            "key_type": "rsa",
            "public_key": "ssh-rsa AAAAB3NzaC1yc2EAAAADAQABAAACAQDcN1YPzCIbE/SgqLbemZZ4D7OdeuXUoXQzF4fjNkesGd7uoKUmX8tMV520E4KX4TOIS9/HR1ub3ypEZiMIe6xEPnZb5xer7VqT0Xo7TU2ozAIb8Qd0w5xAmRY6fxdCvMTb3zyOHv8fhnFsEzP77I1YWj+/lpJ/3RHXgLY5+Jo8xuDWlWzhQipToM9ukT5K+/59hGx056tFgXqOoIh+RdUmTfg7uBRE1LOvod09HsaNqr+kCrsY5n0i9hblotBpOkF29PfqlisoWT7r79v4moAI4in0fJYGR2kjE/At1P/83lPipX3bs0pHqPS6oMhPbwakVhWiV6ZAkxm//2JDnwtQcUhRj972dSUM0OPQe6nqaXr6+iyoqZfJClqqUZh0NFc7F3FcS5X8h67pZcDwHR2DI8C/BO3zS8j5eRFyVgc97ZPo/yyTjYsE1Jds8xjIjpvu13hStX0Yz30Tshl6916xyR9VVTA0otYK/QaW5cBX42MfRMPX95mb/VCiwe9wxa+/XNVESzkQ5qnQfnEpTjdtgc5wQkz1Gn/I9kTIlvc8BTJ+IrNFFzvI/HcctURMv/4+dpqAzX9YESG4gzgZLTfRnmWShOtdLw+z6LRaTj8ZReP8dOuCRC0QDIJaMV8uEiIEvbPmYHxTy/TcDCc/JtCUG5LV5+b6yVEKPGIy2r3KQw==",
            "region": "us-east-1",
            "tags": null,
            "tags_all": {
              "Environment": "users",
              "ManagedBy": "Terraform",
              "Project": "GradFlow"
            }
          },
          "sensitive_attributes": [],
          "identity_schema_version": 0,
          "private": "eyJzY2hlbWFfdmVyc2lvbiI6IjEifQ==",
          "dependencies": [
            "tls_private_key.this"
          ]
        }
      ]
    },
    {
      "mode": "managed",
      "type": "aws_launch_template",
      "name": "app",
      "provider": "provider[\"registry.terraform.io/hashicorp/aws\"]",
      "instances": [
        {
          "schema_version": 1,
          "attributes": {
            "arn": "arn:aws:ec2:us-east-1:697755754723:launch-template/lt-00c54cdd39b4747a6",
            "block_device_mappings": [],
            "capacity_reservation_specification": [],
            "cpu_options": [],
            "credit_specification": [],
            "default_version": 1,
            "description": "",
            "disable_api_stop": false,
            "disable_api_termination": false,
            "ebs_optimized": "",
            "enclave_options": [],
            "hibernation_options": [],
            "iam_instance_profile": [],
            "id": "lt-00c54cdd39b4747a6",
            "image_id": "ami-0ecb62995f68bb549",
            "instance_initiated_shutdown_behavior": "",
            "instance_market_options": [],
            "instance_requirements": [],
            "instance_type": "t3.micro",
            "kernel_id": "",
            "key_name": "gradflow-users",
            "latest_version": 1,
            "license_specification": [],
            "maintenance_options": [],
            "metadata_options": [],
            "monitoring": [],
            "name": "users-app-20260123142513685500000002",
            "name_prefix": "users-app-",
            "network_interfaces": [],
            "placement": [],
            "private_dns_name_options": [],
            "ram_disk_id": "",
            "region": "us-east-1",
            "security_group_names": null,
            "tag_specifications": [],
            "tags": null,
            "tags_all": {
              "Environment": "users",
              "ManagedBy": "Terraform",
              "Project": "GradFlow"
            },
            "update_default_version": null,
            "user_data": "IyEvYmluL2Jhc2gKIyBVc2VyIERhdGEgc2NyaXB0IHRlbXBsYXRlIGZvciBFQzIgaW5zdGFuY2VzCiMgVmFyaWFibGVzIGFyZSBpbmplY3RlZCBieSBUZXJyYWZvcm0gdGVtcGxhdGVmaWxlKCkgZnVuY3Rpb24KCnNldCAtZXVvIHBpcGVmYWlsCgpleHBvcnQgREVCSUFOX0ZST05URU5EPW5vbmludGVyYWN0aXZlCgpMT0dfRklMRT0iL3Zhci9sb2cvdXNlcl9kYXRhLmxvZyIKZXhlYyA+ID4odGVlIC1hICRMT0dfRklMRSkKZXhlYyAyPiYxCgplY2hvICI9PT0gVXNlciBEYXRhIFNjcmlwdCBTdGFydGVkID09PSIKZWNobyAiVGltZXN0YW1wOiAkKGRhdGUpIgoKIyBJbnN0YWxsIERvY2tlcgphcHQtZ2V0IHVwZGF0ZSAteQphcHQtZ2V0IGluc3RhbGwgLXkgZG9ja2VyLmlvIGN1cmwganEKCnN5c3RlbWN0bCBlbmFibGUgZG9ja2VyCnN5c3RlbWN0bCBzdGFydCBkb2NrZXIKCgojIEFsbG93IGRvY2tlciB3aXRob3V0IHN1ZG8KdXNlcm1vZCAtYUcgZG9ja2VyIHVidW50dQoKZWNobyAiRG9ja2VyIGluc3RhbGxlZDogJChkb2NrZXIgLS12ZXJzaW9uKSIKCiMgRG9ja2VyIEh1YiBsb2dpbiBpZiBjcmVkZW50aWFscyBwcm92aWRlZAppZiBbIC1uICJsZXZpYXRoYW4xMTkiIF0gJiYgWyAtbiAiZGNrcl9wYXRfV2pBN0lHTEhkTHhrTHY3cktCZEhrZXZ3VlE0IiBdOyB0aGVuCiAgZWNobyAiZGNrcl9wYXRfV2pBN0lHTEhkTHhrTHY3cktCZEhrZXZ3VlE0IiB8IGRvY2tlciBsb2dpbiAtdSAibGV2aWF0aGFuMTE5IiAtLXBhc3N3b3JkLXN0ZGluIHx8IHRydWUKICBlY2hvICJEb2NrZXIgSHViIGxvZ2luIGNvbXBsZXRlZCIKZmkKCiMgQ3JlYXRlIC5lbnYgZmlsZSB3aXRoIFRlcnJhZm9ybSB2YXJpYWJsZXMKY2F0ID4gL2hvbWUvdWJ1bnR1Ly5lbnYgPDxFTlZGSUxFCiMgRGF0YWJhc2UgQ29uZmlndXJhdGlvbgpEQl9IT1NUPWF3cy0xLXVzLWVhc3QtMS5wb29sZXIuc3VwYWJhc2UuY29tCkRCX1VTRVI9cG9zdGdyZXMuemJqcHh0aWFiZHN2cndmeXRmbGQKREJfUEFTU1dPUkQ9VGVuZ291bmN1ZXJub2RlbWFtdXQxNTA2CkRCX05BTUU9cG9zdGdyZXMKREJfUE9SVD01NDMyCgojIFNlcnZpY2UgQ29uZmlndXJhdGlvbgpOT0RFX0VOVj1wcm9kdWN0aW9uCgojIEFQSSBHYXRld2F5IFVSTCAodXNlIExvYWQgQmFsYW5jZXIgRE5TIC0gQVBJIEdhdGV3YXkgaXMgaW4gYW5vdGhlciBhY2NvdW50KQpBUElfR0FURVdBWV9VUkw9aHR0cDovL3VzZXJzLWxiLTEyMjQ4MzA3MTgudXMtZWFzdC0xLmVsYi5hbWF6b25hd3MuY29tCgojIFNlcnZpY2UgVVJMcyAodXNlIExvYWQgQmFsYW5jZXIgRE5TIGZvciBhbGwgc2VydmljZXMpClVTRVJTX0NSRUFURV9VUkw9aHR0cDovL3VzZXJzLWxiLTEyMjQ4MzA3MTgudXMtZWFzdC0xLmVsYi5hbWF6b25hd3MuY29tClVTRVJTX0RFTEVURV9VUkw9aHR0cDovL3VzZXJzLWxiLTEyMjQ4MzA3MTgudXMtZWFzdC0xLmVsYi5hbWF6b25hd3MuY29tClVTRVJTX0xJU1RfVVJMPWh0dHA6Ly91c2Vycy1sYi0xMjI0ODMwNzE4LnVzLWVhc3QtMS5lbGIuYW1hem9uYXdzLmNvbQpVU0VSU19TRUFSQ0hfVVJMPWh0dHA6Ly91c2Vycy1sYi0xMjI0ODMwNzE4LnVzLWVhc3QtMS5lbGIuYW1hem9uYXdzLmNvbQpVU0VSU19VUERBVEVfVVJMPWh0dHA6Ly91c2Vycy1sYi0xMjI0ODMwNzE4LnVzLWVhc3QtMS5lbGIuYW1hem9uYXdzLmNvbQpBVVRIX0xPR0lOX1VSTD1odHRwOi8vdXNlcnMtbGItMTIyNDgzMDcxOC51cy1lYXN0LTEuZWxiLmFtYXpvbmF3cy5jb20KQVVUSF9ST0xfVVJMPWh0dHA6Ly91c2Vycy1sYi0xMjI0ODMwNzE4LnVzLWVhc3QtMS5lbGIuYW1hem9uYXdzLmNvbQpBVVRIX01FX1VSTD1odHRwOi8vdXNlcnMtbGItMTIyNDgzMDcxOC51cy1lYXN0LTEuZWxiLmFtYXpvbmF3cy5jb20KRklMRV9TRVJWSUNFX0lOSVRfVVJMPWh0dHA6Ly91c2Vycy1sYi0xMjI0ODMwNzE4LnVzLWVhc3QtMS5lbGIuYW1hem9uYXdzLmNvbQpGSUxFX1NFUlZJQ0VfVVBEQVRFX1VSTD1odHRwOi8vdXNlcnMtbGItMTIyNDgzMDcxOC51cy1lYXN0LTEuZWxiLmFtYXpvbmF3cy5jb20KRklMRV9TRVJWSUNFX1VQTE9BRF9VUkw9aHR0cDovL3VzZXJzLWxiLTEyMjQ4MzA3MTgudXMtZWFzdC0xLmVsYi5hbWF6b25hd3MuY29tCkZJTEVfU0VSVklDRV9MSVNUX1VSTD1odHRwOi8vdXNlcnMtbGItMTIyNDgzMDcxOC51cy1lYXN0LTEuZWxiLmFtYXpvbmF3cy5jb20KRklMRV9TRVJWSUNFX0RPV05MT0FEX1VSTD1odHRwOi8vdXNlcnMtbGItMTIyNDgzMDcxOC51cy1lYXN0LTEuZWxiLmFtYXpvbmF3cy5jb20KCiMgSldUIENvbmZpZ3VyYXRpb24KSldUX1NFQ1JFVD1UZW5nb3VuY3Vlcm5vZGVtYW11dDI5MDEKSldUX0VYUElSRVNfSU49MjRoCkVOVkZJTEUKCmNob3duIHVidW50dTp1YnVudHUgL2hvbWUvdWJ1bnR1Ly5lbnYKY2htb2QgNjAwIC9ob21lL3VidW50dS8uZW52CgplY2hvICIuZW52IGZpbGUgY3JlYXRlZCBhdCAvaG9tZS91YnVudHUvLmVudiIKZWNobyAiTG9hZCBCYWxhbmNlciBETlM6IHVzZXJzLWxiLTEyMjQ4MzA3MTgudXMtZWFzdC0xLmVsYi5hbWF6b25hd3MuY29tIgoKCiMgRnVuY3Rpb24gdG8gc3RvcCBhbmQgcmVtb3ZlIGV4aXN0aW5nIGNvbnRhaW5lcgpzdG9wX2FuZF9yZW1vdmVfY29udGFpbmVyKCkgewogIGxvY2FsIGNvbnRhaW5lcl9uYW1lPSQxCiAgZG9ja2VyIHN0b3AgIiRjb250YWluZXJfbmFtZSIgMj4vZGV2L251bGwgfHwgdHJ1ZQogIGRvY2tlciBybSAiJGNvbnRhaW5lcl9uYW1lIiAyPi9kZXYvbnVsbCB8fCB0cnVlCn0KCiMgRnVuY3Rpb24gdG8gcHVsbCBhbmQgcnVuIGNvbnRhaW5lcgpkZXBsb3lfY29udGFpbmVyKCkgewogIGxvY2FsIGNvbnRhaW5lcl9uYW1lPSQxCiAgbG9jYWwgaW1hZ2VfbmFtZT0kMgogIGxvY2FsIHBvcnQ9JDMKICBsb2NhbCBlbnZfZmlsZT0iL2hvbWUvdWJ1bnR1Ly5lbnYiCgogIGVjaG8gIkRlcGxveWluZyAkY29udGFpbmVyX25hbWUuLi4iCgogICMgU3RvcCBhbmQgcmVtb3ZlIGV4aXN0aW5nIGNvbnRhaW5lcgogIHN0b3BfYW5kX3JlbW92ZV9jb250YWluZXIgIiRjb250YWluZXJfbmFtZSIKCiAgIyBQdWxsIERvY2tlciBpbWFnZQogIGlmIFsgLW4gIiRpbWFnZV9uYW1lIiBdOyB0aGVuCiAgICBlY2hvICJQdWxsaW5nIERvY2tlciBpbWFnZTogJGltYWdlX25hbWUiCiAgICBkb2NrZXIgcHVsbCAiJGltYWdlX25hbWUiIHx8IHsKICAgICAgZWNobyAiV2FybmluZzogRmFpbGVkIHRvIHB1bGwgaW1hZ2UgJGltYWdlX25hbWUiCiAgICAgIHJldHVybiAxCiAgICB9CiAgZWxzZQogICAgZWNobyAiV2FybmluZzogTm8gaW1hZ2Ugc3BlY2lmaWVkIGZvciAkY29udGFpbmVyX25hbWUsIHNraXBwaW5nIgogICAgcmV0dXJuIDEKICBmaQoKICAjIFJ1biBjb250YWluZXIKICBkb2NrZXIgcnVuIC1kIFwKICAgIC0tbmFtZSAiJGNvbnRhaW5lcl9uYW1lIiBcCiAgICAtLXJlc3RhcnQgYWx3YXlzIFwKICAgIC1wIDAuMC4wLjA6JHBvcnQ6JHBvcnQgXAogICAgLS1lbnYtZmlsZSAiJGVudl9maWxlIiBcCiAgICAiJGltYWdlX25hbWUiIHx8IHsKICAgICAgZWNobyAiV2FybmluZzogRmFpbGVkIHRvIHN0YXJ0IGNvbnRhaW5lciAkY29udGFpbmVyX25hbWUiCiAgICAgIHJldHVybiAxCiAgICB9CgogIGVjaG8gIkNvbnRhaW5lciAkY29udGFpbmVyX25hbWUgc3RhcnRlZCBvbiBwb3J0ICRwb3J0IChsb2NhbGhvc3Qgb25seSkiCiAgZG9ja2VyIHBzIC0tZmlsdGVyICJuYW1lPSRjb250YWluZXJfbmFtZSIgLS1mb3JtYXQgInt7Lk5hbWVzfX06IHt7LlN0YXR1c319Igp9CgojIERlcGxveSBhbGwgNSB1c2VycyBjb250YWluZXJzCmRlcGxveV9jb250YWluZXIgInVzZXJzLWNyZWF0ZSIgImxldmlhdGhhbjExOS9ncmFkZmxvdy11c2Vycy1jcmVhdGU6bGF0ZXN0IiAzMDAxIHx8IHRydWUKZGVwbG95X2NvbnRhaW5lciAidXNlcnMtZGVsZXRlIiAibGV2aWF0aGFuMTE5L2dyYWRmbG93LXVzZXJzLWRlbGV0ZTpsYXRlc3QiIDMwMDIgfHwgdHJ1ZQpkZXBsb3lfY29udGFpbmVyICJ1c2Vycy1saXN0IiAibGV2aWF0aGFuMTE5L2dyYWRmbG93LXVzZXJzLWxpc3Q6bGF0ZXN0IiAzMDAzIHx8IHRydWUKZGVwbG95X2NvbnRhaW5lciAidXNlcnMtc2VhcmNoIiAibGV2aWF0aGFuMTE5L2dyYWRmbG93LXVzZXJzLXNlYXJjaDpsYXRlc3QiIDMwMDQgfHwgdHJ1ZQpkZXBsb3lfY29udGFpbmVyICJ1c2Vycy11cGRhdGUiICJsZXZpYXRoYW4xMTkvZ3JhZGZsb3ctdXNlcnMtdXBkYXRlOmxhdGVzdCIgMzAwNSB8fCB0cnVlCgojIFdhaXQgYSBmZXcgc2Vjb25kcyBmb3IgY29udGFpbmVycyB0byBiZSByZWFkeQplY2hvICJXYWl0aW5nIGZvciBjb250YWluZXJzIHRvIGluaXRpYWxpemUuLi4iCnNsZWVwIDEwCgojIFZlcmlmeSBjb250YWluZXJzIGFyZSBydW5uaW5nCmVjaG8gIkNvbnRhaW5lciBzdGF0dXM6Igpkb2NrZXIgcHMgLS1mb3JtYXQgInRhYmxlIHt7Lk5hbWVzfX1cdHt7LlN0YXR1c319XHR7ey5Qb3J0c319IgoKIyBDbGVhbnVwIHVudXNlZCBpbWFnZXMKZG9ja2VyIGltYWdlIHBydW5lIC1hIC1mIHx8IHRydWUKCmVjaG8gIj09PSBVc2VyIERhdGEgU2NyaXB0IENvbXBsZXRlZCA9PT0iCmVjaG8gIlRpbWVzdGFtcDogJChkYXRlKSIKZWNobyAiIgplY2hvICJTdW1tYXJ5OiIKZWNobyAiIgplY2hvICJGaW5hbCBjb250YWluZXIgc3RhdHVzOiIKZG9ja2VyIHBzIC0tZm9ybWF0ICJ0YWJsZSB7ey5OYW1lc319XHR7ey5TdGF0dXN9fVx0e3suUG9ydHN9fSIK",
            "vpc_security_group_ids": [
              "sg-0194f4fcbab24382c"
            ]
          },
          "sensitive_attributes": [
            [
              {
                "type": "get_attr",
                "value": "user_data"
              }
            ]
          ],
          "identity_schema_version": 0,
          "private": "eyJzY2hlbWFfdmVyc2lvbiI6IjEifQ==",
          "dependencies": [
            "aws_key_pair.this",
            "aws_lb.app",
            "aws_security_group.lb",
            "aws_security_group.web",
            "aws_subnet.public",
            "aws_vpc.main",
            "data.aws_availability_zones.available",
            "tls_private_key.this"
          ]
        }
      ]
    },
    {
      "mode": "managed",
      "type": "aws_lb",
      "name": "app",
      "provider": "provider[\"registry.terraform.io/hashicorp/aws\"]",
      "instances": [
        {
          "schema_version": 0,
          "attributes": {
            "access_logs": [
              {
                "bucket": "",
                "enabled": false,
                "prefix": ""
              }
            ],
            "arn": "arn:aws:elasticloadbalancing:us-east-1:697755754723:loadbalancer/app/users-lb/118c9dc83db23dba",
            "arn_suffix": "app/users-lb/118c9dc83db23dba",
            "client_keep_alive": 3600,
            "connection_logs": [
              {
                "bucket": "",
                "enabled": false,
                "prefix": ""
              }
            ],
            "customer_owned_ipv4_pool": "",
            "desync_mitigation_mode": "defensive",
            "dns_name": "users-lb-1224830718.us-east-1.elb.amazonaws.com",
            "dns_record_client_routing_policy": null,
            "drop_invalid_header_fields": false,
            "enable_cross_zone_load_balancing": true,
            "enable_deletion_protection": false,
            "enable_http2": true,
            "enable_tls_version_and_cipher_suite_headers": false,
            "enable_waf_fail_open": false,
            "enable_xff_client_port": false,
            "enable_zonal_shift": false,
            "enforce_security_group_inbound_rules_on_private_link_traffic": "",
            "health_check_logs": [
              {
                "bucket": "",
                "enabled": false,
                "prefix": ""
              }
            ],
            "id": "arn:aws:elasticloadbalancing:us-east-1:697755754723:loadbalancer/app/users-lb/118c9dc83db23dba",
            "idle_timeout": 60,
            "internal": false,
            "ip_address_type": "ipv4",
            "ipam_pools": [],
            "load_balancer_type": "application",
            "minimum_load_balancer_capacity": [],
            "name": "users-lb",
            "name_prefix": "",
            "preserve_host_header": false,
            "region": "us-east-1",
            "secondary_ips_auto_assigned_per_subnet": null,
            "security_groups": [
              "sg-00e142ede4a8b2de9"
            ],
            "subnet_mapping": [
              {
                "allocation_id": "",
                "ipv6_address": "",
                "outpost_id": "",
                "private_ipv4_address": "",
                "subnet_id": "subnet-051ce3439a8cf1e30"
              },
              {
                "allocation_id": "",
                "ipv6_address": "",
                "outpost_id": "",
                "private_ipv4_address": "",
                "subnet_id": "subnet-0fe422b6578ae5514"
              }
            ],
            "subnets": [
              "subnet-051ce3439a8cf1e30",
              "subnet-0fe422b6578ae5514"
            ],
            "tags": {
              "Name": "users-application-lb"
            },
            "tags_all": {
              "Environment": "users",
              "ManagedBy": "Terraform",
              "Name": "users-application-lb",
              "Project": "GradFlow"
            },
            "timeouts": null,
            "vpc_id": "vpc-0cefea6b4193f2d34",
            "xff_header_processing_mode": "append",
            "zone_id": "Z35SXDOTRQ7X7K"
          },
          "sensitive_attributes": [],
          "identity_schema_version": 0,
          "identity": {
            "arn": "arn:aws:elasticloadbalancing:us-east-1:697755754723:loadbalancer/app/users-lb/118c9dc83db23dba"
          },
          "private": "eyJlMmJmYjczMC1lY2FhLTExZTYtOGY4OC0zNDM2M2JjN2M0YzAiOnsiY3JlYXRlIjo2MDAwMDAwMDAwMDAsImRlbGV0ZSI6NjAwMDAwMDAwMDAwLCJ1cGRhdGUiOjYwMDAwMDAwMDAwMH19",
          "dependencies": [
            "aws_security_group.lb",
            "aws_subnet.public",
            "aws_vpc.main",
            "data.aws_availability_zones.available"
          ]
        }
      ]
    },
    {
      "mode": "managed",
      "type": "aws_lb_listener",
      "name": "http",
      "provider": "provider[\"registry.terraform.io/hashicorp/aws\"]",
      "instances": [
        {
          "schema_version": 0,
          "attributes": {
            "alpn_policy": null,
            "arn": "arn:aws:elasticloadbalancing:us-east-1:697755754723:listener/app/users-lb/118c9dc83db23dba/ab5c082c3d741551",
            "certificate_arn": null,
            "default_action": [
              {
                "authenticate_cognito": [],
                "authenticate_oidc": [],
                "fixed_response": [],
                "forward": [],
                "jwt_validation": [],
                "order": 1,
                "redirect": [],
                "target_group_arn": "arn:aws:elasticloadbalancing:us-east-1:697755754723:targetgroup/users-tg/1d993e1d06e19946",
                "type": "forward"
              }
            ],
            "id": "arn:aws:elasticloadbalancing:us-east-1:697755754723:listener/app/users-lb/118c9dc83db23dba/ab5c082c3d741551",
            "load_balancer_arn": "arn:aws:elasticloadbalancing:us-east-1:697755754723:loadbalancer/app/users-lb/118c9dc83db23dba",
            "mutual_authentication": [],
            "port": 80,
            "protocol": "HTTP",
            "region": "us-east-1",
            "routing_http_request_x_amzn_mtls_clientcert_header_name": null,
            "routing_http_request_x_amzn_mtls_clientcert_issuer_header_name": null,
            "routing_http_request_x_amzn_mtls_clientcert_leaf_header_name": null,
            "routing_http_request_x_amzn_mtls_clientcert_serial_number_header_name": null,
            "routing_http_request_x_amzn_mtls_clientcert_subject_header_name": null,
            "routing_http_request_x_amzn_mtls_clientcert_validity_header_name": null,
            "routing_http_request_x_amzn_tls_cipher_suite_header_name": null,
            "routing_http_request_x_amzn_tls_version_header_name": null,
            "routing_http_response_access_control_allow_credentials_header_value": "",
            "routing_http_response_access_control_allow_headers_header_value": "",
            "routing_http_response_access_control_allow_methods_header_value": "",
            "routing_http_response_access_control_allow_origin_header_value": "",
            "routing_http_response_access_control_expose_headers_header_value": "",
            "routing_http_response_access_control_max_age_header_value": "",
            "routing_http_response_content_security_policy_header_value": "",
            "routing_http_response_server_enabled": true,
            "routing_http_response_strict_transport_security_header_value": "",
            "routing_http_response_x_content_type_options_header_value": "",
            "routing_http_response_x_frame_options_header_value": "",
            "ssl_policy": "",
            "tags": null,
            "tags_all": {
              "Environment": "users",
              "ManagedBy": "Terraform",
              "Project": "GradFlow"
            },
            "tcp_idle_timeout_seconds": null,
            "timeouts": null
          },
          "sensitive_attributes": [],
          "identity_schema_version": 0,
          "identity": {
            "arn": "arn:aws:elasticloadbalancing:us-east-1:697755754723:listener/app/users-lb/118c9dc83db23dba/ab5c082c3d741551"
          },
          "private": "eyJlMmJmYjczMC1lY2FhLTExZTYtOGY4OC0zNDM2M2JjN2M0YzAiOnsiY3JlYXRlIjozMDAwMDAwMDAwMDAsInVwZGF0ZSI6MzAwMDAwMDAwMDAwfX0=",
          "dependencies": [
            "aws_lb.app",
            "aws_lb_target_group.app",
            "aws_security_group.lb",
            "aws_subnet.public",
            "aws_vpc.main",
            "data.aws_availability_zones.available"
          ]
        }
      ]
    },
    {
      "mode": "managed",
      "type": "aws_lb_target_group",
      "name": "app",
      "provider": "provider[\"registry.terraform.io/hashicorp/aws\"]",
      "instances": [
        {
          "schema_version": 0,
          "attributes": {
            "arn": "arn:aws:elasticloadbalancing:us-east-1:697755754723:targetgroup/users-tg/1d993e1d06e19946",
            "arn_suffix": "targetgroup/users-tg/1d993e1d06e19946",
            "connection_termination": null,
            "deregistration_delay": "300",
            "health_check": [
              {
                "enabled": true,
                "healthy_threshold": 2,
                "interval": 60,
                "matcher": "200,404",
                "path": "/",
                "port": "traffic-port",
                "protocol": "HTTP",
                "timeout": 10,
                "unhealthy_threshold": 5
              }
            ],
            "id": "arn:aws:elasticloadbalancing:us-east-1:697755754723:targetgroup/users-tg/1d993e1d06e19946",
            "ip_address_type": "ipv4",
            "lambda_multi_value_headers_enabled": false,
            "load_balancer_arns": [],
            "load_balancing_algorithm_type": "round_robin",
            "load_balancing_anomaly_mitigation": "off",
            "load_balancing_cross_zone_enabled": "use_load_balancer_configuration",
            "name": "users-tg",
            "name_prefix": "",
            "port": 80,
            "preserve_client_ip": null,
            "protocol": "HTTP",
            "protocol_version": "HTTP1",
            "proxy_protocol_v2": false,
            "region": "us-east-1",
            "slow_start": 0,
            "stickiness": [
              {
                "cookie_duration": 86400,
                "cookie_name": "",
                "enabled": false,
                "type": "lb_cookie"
              }
            ],
            "tags": {
              "Name": "users-target-group"
            },
            "tags_all": {
              "Environment": "users",
              "ManagedBy": "Terraform",
              "Name": "users-target-group",
              "Project": "GradFlow"
            },
            "target_control_port": 0,
            "target_failover": [
              {
                "on_deregistration": null,
                "on_unhealthy": null
              }
            ],
            "target_group_health": [
              {
                "dns_failover": [
                  {
                    "minimum_healthy_targets_count": "1",
                    "minimum_healthy_targets_percentage": "off"
                  }
                ],
                "unhealthy_state_routing": [
                  {
                    "minimum_healthy_targets_count": 1,
                    "minimum_healthy_targets_percentage": "off"
                  }
                ]
              }
            ],
            "target_health_state": [
              {
                "enable_unhealthy_connection_termination": null,
                "unhealthy_draining_interval": null
              }
            ],
            "target_type": "instance",
            "vpc_id": "vpc-0cefea6b4193f2d34"
          },
          "sensitive_attributes": [],
          "identity_schema_version": 0,
          "identity": {
            "arn": "arn:aws:elasticloadbalancing:us-east-1:697755754723:targetgroup/users-tg/1d993e1d06e19946"
          },
          "private": "bnVsbA==",
          "dependencies": [
            "aws_vpc.main"
          ]
        }
      ]
    },
    {
      "mode": "managed",
      "type": "aws_route_table",
      "name": "public",
      "provider": "provider[\"registry.terraform.io/hashicorp/aws\"]",
      "instances": [
        {
          "schema_version": 0,
          "attributes": {
            "arn": "arn:aws:ec2:us-east-1:697755754723:route-table/rtb-0a38ec8b360563c7e",
            "id": "rtb-0a38ec8b360563c7e",
            "owner_id": "697755754723",
            "propagating_vgws": [],
            "region": "us-east-1",
            "route": [
              {
                "carrier_gateway_id": "",
                "cidr_block": "0.0.0.0/0",
                "core_network_arn": "",
                "destination_prefix_list_id": "",
                "egress_only_gateway_id": "",
                "gateway_id": "igw-0a1cea34da34bb9a3",
                "ipv6_cidr_block": "",
                "local_gateway_id": "",
                "nat_gateway_id": "",
                "network_interface_id": "",
                "transit_gateway_id": "",
                "vpc_endpoint_id": "",
                "vpc_peering_connection_id": ""
              }
            ],
            "tags": null,
            "tags_all": {
              "Environment": "users",
              "ManagedBy": "Terraform",
              "Project": "GradFlow"
            },
            "timeouts": null,
            "vpc_id": "vpc-0cefea6b4193f2d34"
          },
          "sensitive_attributes": [],
          "identity_schema_version": 0,
          "identity": {
            "account_id": "697755754723",
            "id": "rtb-0a38ec8b360563c7e",
            "region": "us-east-1"
          },
          "private": "eyJlMmJmYjczMC1lY2FhLTExZTYtOGY4OC0zNDM2M2JjN2M0YzAiOnsiY3JlYXRlIjozMDAwMDAwMDAwMDAsImRlbGV0ZSI6MzAwMDAwMDAwMDAwLCJ1cGRhdGUiOjEyMDAwMDAwMDAwMH19",
          "dependencies": [
            "aws_internet_gateway.igw",
            "aws_vpc.main"
          ]
        }
      ]
    },
    {
      "mode": "managed",
      "type": "aws_route_table_association",
      "name": "public",
      "provider": "provider[\"registry.terraform.io/hashicorp/aws\"]",
      "instances": [
        {
          "index_key": 0,
          "schema_version": 0,
          "attributes": {
            "gateway_id": "",
            "id": "rtbassoc-07861677c7fa5609b",
            "region": "us-east-1",
            "route_table_id": "rtb-0a38ec8b360563c7e",
            "subnet_id": "subnet-0fe422b6578ae5514",
            "timeouts": null
          },
          "sensitive_attributes": [],
          "identity_schema_version": 0,
          "private": "eyJlMmJmYjczMC1lY2FhLTExZTYtOGY4OC0zNDM2M2JjN2M0YzAiOnsiY3JlYXRlIjozMDAwMDAwMDAwMDAsImRlbGV0ZSI6MzAwMDAwMDAwMDAwLCJ1cGRhdGUiOjEyMDAwMDAwMDAwMH19",
          "dependencies": [
            "aws_internet_gateway.igw",
            "aws_route_table.public",
            "aws_subnet.public",
            "aws_vpc.main",
            "data.aws_availability_zones.available"
          ]
        },
        {
          "index_key": 1,
          "schema_version": 0,
          "attributes": {
            "gateway_id": "",
            "id": "rtbassoc-08b73d59d0a37e483",
            "region": "us-east-1",
            "route_table_id": "rtb-0a38ec8b360563c7e",
            "subnet_id": "subnet-051ce3439a8cf1e30",
            "timeouts": null
          },
          "sensitive_attributes": [],
          "identity_schema_version": 0,
          "private": "eyJlMmJmYjczMC1lY2FhLTExZTYtOGY4OC0zNDM2M2JjN2M0YzAiOnsiY3JlYXRlIjozMDAwMDAwMDAwMDAsImRlbGV0ZSI6MzAwMDAwMDAwMDAwLCJ1cGRhdGUiOjEyMDAwMDAwMDAwMH19",
          "dependencies": [
            "aws_internet_gateway.igw",
            "aws_route_table.public",
            "aws_subnet.public",
            "aws_vpc.main",
            "data.aws_availability_zones.available"
          ]
        }
      ]
    },
    {
      "mode": "managed",
      "type": "aws_security_group",
      "name": "lb",
      "provider": "provider[\"registry.terraform.io/hashicorp/aws\"]",
      "instances": [
        {
          "schema_version": 1,
          "attributes": {
            "arn": "arn:aws:ec2:us-east-1:697755754723:security-group/sg-00e142ede4a8b2de9",
            "description": "Managed by Terraform",
            "egress": [
              {
                "cidr_blocks": [
                  "0.0.0.0/0"
                ],
                "description": "",
                "from_port": 0,
                "ipv6_cidr_blocks": [],
                "prefix_list_ids": [],
                "protocol": "-1",
                "security_groups": [],
                "self": false,
                "to_port": 0
              }
            ],
            "id": "sg-00e142ede4a8b2de9",
            "ingress": [
              {
                "cidr_blocks": [
                  "0.0.0.0/0"
                ],
                "description": "",
                "from_port": 80,
                "ipv6_cidr_blocks": [],
                "prefix_list_ids": [],
                "protocol": "tcp",
                "security_groups": [],
                "self": false,
                "to_port": 80
              }
            ],
            "name": "lb_sg",
            "name_prefix": "",
            "owner_id": "697755754723",
            "region": "us-east-1",
            "revoke_rules_on_delete": false,
            "tags": null,
            "tags_all": {
              "Environment": "users",
              "ManagedBy": "Terraform",
              "Project": "GradFlow"
            },
            "timeouts": null,
            "vpc_id": "vpc-0cefea6b4193f2d34"
          },
          "sensitive_attributes": [],
          "identity_schema_version": 0,
          "identity": {
            "account_id": "697755754723",
            "id": "sg-00e142ede4a8b2de9",
            "region": "us-east-1"
          },
          "private": "eyJlMmJmYjczMC1lY2FhLTExZTYtOGY4OC0zNDM2M2JjN2M0YzAiOnsiY3JlYXRlIjo2MDAwMDAwMDAwMDAsImRlbGV0ZSI6OTAwMDAwMDAwMDAwfSwic2NoZW1hX3ZlcnNpb24iOiIxIn0=",
          "dependencies": [
            "aws_vpc.main"
          ]
        }
      ]
    },
    {
      "mode": "managed",
      "type": "aws_security_group",
      "name": "web",
      "provider": "provider[\"registry.terraform.io/hashicorp/aws\"]",
      "instances": [
        {
          "schema_version": 1,
          "attributes": {
            "arn": "arn:aws:ec2:us-east-1:697755754723:security-group/sg-0194f4fcbab24382c",
            "description": "Managed by Terraform",
            "egress": [
              {
                "cidr_blocks": [
                  "0.0.0.0/0"
                ],
                "description": "",
                "from_port": 0,
                "ipv6_cidr_blocks": [],
                "prefix_list_ids": [],
                "protocol": "-1",
                "security_groups": [],
                "self": false,
                "to_port": 0
              }
            ],
            "id": "sg-0194f4fcbab24382c",
            "ingress": [
              {
                "cidr_blocks": [
                  "0.0.0.0/0"
                ],
                "description": "SSH for CI/CD",
                "from_port": 22,
                "ipv6_cidr_blocks": [],
                "prefix_list_ids": [],
                "protocol": "tcp",
                "security_groups": [],
                "self": false,
                "to_port": 22
              },
              {
                "cidr_blocks": [],
                "description": "",
                "from_port": 80,
                "ipv6_cidr_blocks": [],
                "prefix_list_ids": [],
                "protocol": "tcp",
                "security_groups": [
                  "sg-00e142ede4a8b2de9"
                ],
                "self": false,
                "to_port": 80
              }
            ],
            "name": "web_sg",
            "name_prefix": "",
            "owner_id": "697755754723",
            "region": "us-east-1",
            "revoke_rules_on_delete": false,
            "tags": null,
            "tags_all": {
              "Environment": "users",
              "ManagedBy": "Terraform",
              "Project": "GradFlow"
            },
            "timeouts": null,
            "vpc_id": "vpc-0cefea6b4193f2d34"
          },
          "sensitive_attributes": [],
          "identity_schema_version": 0,
          "identity": {
            "account_id": "697755754723",
            "id": "sg-0194f4fcbab24382c",
            "region": "us-east-1"
          },
          "private": "eyJlMmJmYjczMC1lY2FhLTExZTYtOGY4OC0zNDM2M2JjN2M0YzAiOnsiY3JlYXRlIjo2MDAwMDAwMDAwMDAsImRlbGV0ZSI6OTAwMDAwMDAwMDAwfSwic2NoZW1hX3ZlcnNpb24iOiIxIn0=",
          "dependencies": [
            "aws_security_group.lb",
            "aws_vpc.main"
          ]
        }
      ]
    },
    {
      "mode": "managed",
      "type": "aws_subnet",
      "name": "public",
      "provider": "provider[\"registry.terraform.io/hashicorp/aws\"]",
      "instances": [
        {
          "index_key": 0,
          "schema_version": 1,
          "attributes": {
            "arn": "arn:aws:ec2:us-east-1:697755754723:subnet/subnet-0fe422b6578ae5514",
            "assign_ipv6_address_on_creation": false,
            "availability_zone": "us-east-1a",
            "availability_zone_id": "use1-az6",
            "cidr_block": "10.0.0.0/24",
            "customer_owned_ipv4_pool": "",
            "enable_dns64": false,
            "enable_lni_at_device_index": 0,
            "enable_resource_name_dns_a_record_on_launch": false,
            "enable_resource_name_dns_aaaa_record_on_launch": false,
            "id": "subnet-0fe422b6578ae5514",
            "ipv6_cidr_block": "",
            "ipv6_cidr_block_association_id": "",
            "ipv6_native": false,
            "map_customer_owned_ip_on_launch": false,
            "map_public_ip_on_launch": true,
            "outpost_arn": "",
            "owner_id": "697755754723",
            "private_dns_hostname_type_on_launch": "ip-name",
            "region": "us-east-1",
            "tags": null,
            "tags_all": {
              "Environment": "users",
              "ManagedBy": "Terraform",
              "Project": "GradFlow"
            },
            "timeouts": null,
            "vpc_id": "vpc-0cefea6b4193f2d34"
          },
          "sensitive_attributes": [],
          "identity_schema_version": 0,
          "identity": {
            "account_id": "697755754723",
            "id": "subnet-0fe422b6578ae5514",
            "region": "us-east-1"
          },
          "private": "eyJlMmJmYjczMC1lY2FhLTExZTYtOGY4OC0zNDM2M2JjN2M0YzAiOnsiY3JlYXRlIjo2MDAwMDAwMDAwMDAsImRlbGV0ZSI6MTIwMDAwMDAwMDAwMH0sInNjaGVtYV92ZXJzaW9uIjoiMSJ9",
          "dependencies": [
            "aws_vpc.main",
            "data.aws_availability_zones.available"
          ]
        },
        {
          "index_key": 1,
          "schema_version": 1,
          "attributes": {
            "arn": "arn:aws:ec2:us-east-1:697755754723:subnet/subnet-051ce3439a8cf1e30",
            "assign_ipv6_address_on_creation": false,
            "availability_zone": "us-east-1b",
            "availability_zone_id": "use1-az1",
            "cidr_block": "10.0.1.0/24",
            "customer_owned_ipv4_pool": "",
            "enable_dns64": false,
            "enable_lni_at_device_index": 0,
            "enable_resource_name_dns_a_record_on_launch": false,
            "enable_resource_name_dns_aaaa_record_on_launch": false,
            "id": "subnet-051ce3439a8cf1e30",
            "ipv6_cidr_block": "",
            "ipv6_cidr_block_association_id": "",
            "ipv6_native": false,
            "map_customer_owned_ip_on_launch": false,
            "map_public_ip_on_launch": true,
            "outpost_arn": "",
            "owner_id": "697755754723",
            "private_dns_hostname_type_on_launch": "ip-name",
            "region": "us-east-1",
            "tags": null,
            "tags_all": {
              "Environment": "users",
              "ManagedBy": "Terraform",
              "Project": "GradFlow"
            },
            "timeouts": null,
            "vpc_id": "vpc-0cefea6b4193f2d34"
          },
          "sensitive_attributes": [],
          "identity_schema_version": 0,
          "identity": {
            "account_id": "697755754723",
            "id": "subnet-051ce3439a8cf1e30",
            "region": "us-east-1"
          },
          "private": "eyJlMmJmYjczMC1lY2FhLTExZTYtOGY4OC0zNDM2M2JjN2M0YzAiOnsiY3JlYXRlIjo2MDAwMDAwMDAwMDAsImRlbGV0ZSI6MTIwMDAwMDAwMDAwMH0sInNjaGVtYV92ZXJzaW9uIjoiMSJ9",
          "dependencies": [
            "aws_vpc.main",
            "data.aws_availability_zones.available"
          ]
        }
      ]
    },
    {
      "mode": "managed",
      "type": "aws_vpc",
      "name": "main",
      "provider": "provider[\"registry.terraform.io/hashicorp/aws\"]",
      "instances": [
        {
          "schema_version": 1,
          "attributes": {
            "arn": "arn:aws:ec2:us-east-1:697755754723:vpc/vpc-0cefea6b4193f2d34",
            "assign_generated_ipv6_cidr_block": false,
            "cidr_block": "10.0.0.0/16",
            "default_network_acl_id": "acl-00c45636bbbe3be32",
            "default_route_table_id": "rtb-0ae368cb5f11b9b0c",
            "default_security_group_id": "sg-09d7d751d96723092",
            "dhcp_options_id": "dopt-09c9a738bb79b4b08",
            "enable_dns_hostnames": false,
            "enable_dns_support": true,
            "enable_network_address_usage_metrics": false,
            "id": "vpc-0cefea6b4193f2d34",
            "instance_tenancy": "default",
            "ipv4_ipam_pool_id": null,
            "ipv4_netmask_length": null,
            "ipv6_association_id": "",
            "ipv6_cidr_block": "",
            "ipv6_cidr_block_network_border_group": "",
            "ipv6_ipam_pool_id": "",
            "ipv6_netmask_length": 0,
            "main_route_table_id": "rtb-0ae368cb5f11b9b0c",
            "owner_id": "697755754723",
            "region": "us-east-1",
            "tags": null,
            "tags_all": {
              "Environment": "users",
              "ManagedBy": "Terraform",
              "Project": "GradFlow"
            }
          },
          "sensitive_attributes": [],
          "identity_schema_version": 0,
          "identity": {
            "account_id": "697755754723",
            "id": "vpc-0cefea6b4193f2d34",
            "region": "us-east-1"
          },
          "private": "eyJzY2hlbWFfdmVyc2lvbiI6IjEifQ=="
        }
      ]
    },
    {
      "mode": "managed",
      "type": "local_file",
      "name": "env_users_create",
      "provider": "provider[\"registry.terraform.io/hashicorp/local\"]",
      "instances": [
        {
          "schema_version": 0,
          "attributes": {
            "content": "# Database Configuration\r\nDB_HOST=aws-1-us-east-1.pooler.supabase.com\r\nDB_USER=postgres.zbjpxtiabdsvrwfytfld\r\nDB_PASSWORD=Tengouncuernodemamut1506\r\nDB_NAME=postgres\r\nDB_PORT=5432\r\n\r\n# Service Configuration\r\nPORT=3001\r\nNODE_ENV=production\r\n\r\n# API Gateway URL (use Load Balancer DNS)\r\nAPI_GATEWAY_URL=http://users-lb-1224830718.us-east-1.elb.amazonaws.com\r\n\r\n# Service URLs (use Load Balancer DNS for internal communication)\r\nUSERS_CREATE_URL=http://users-lb-1224830718.us-east-1.elb.amazonaws.com\r\nUSERS_DELETE_URL=http://users-lb-1224830718.us-east-1.elb.amazonaws.com\r\nUSERS_LIST_URL=http://users-lb-1224830718.us-east-1.elb.amazonaws.com\r\nUSERS_SEARCH_URL=http://users-lb-1224830718.us-east-1.elb.amazonaws.com\r\nUSERS_UPDATE_URL=http://users-lb-1224830718.us-east-1.elb.amazonaws.com\r\nAUTH_LOGIN_URL=http://users-lb-1224830718.us-east-1.elb.amazonaws.com\r\nAUTH_ROL_URL=http://users-lb-1224830718.us-east-1.elb.amazonaws.com\r\nAUTH_ME_URL=http://users-lb-1224830718.us-east-1.elb.amazonaws.com\r\nFILE_SERVICE_INIT_URL=http://users-lb-1224830718.us-east-1.elb.amazonaws.com\r\nFILE_SERVICE_UPDATE_URL=http://users-lb-1224830718.us-east-1.elb.amazonaws.com\r\nFILE_SERVICE_UPLOAD_URL=http://users-lb-1224830718.us-east-1.elb.amazonaws.com\r\nFILE_SERVICE_LIST_URL=http://users-lb-1224830718.us-east-1.elb.amazonaws.com\r\nFILE_SERVICE_DOWNLOAD_URL=http://users-lb-1224830718.us-east-1.elb.amazonaws.com\r\n\r\n# JWT Configuration\r\nJWT_SECRET=Tengouncuernodemamut2901\r\nJWT_EXPIRES_IN=24h\r\n",
            "content_base64": null,
            "content_base64sha256": "wKmJPDTEnd+34I4s4cgHvfoC6vAPfcbePyqYq/ZjbYY=",
            "content_base64sha512": "nztMXoPRH3GAR6lNGPe8azSE9DEBA6fhp2RvsM/5U1qfjNZTjcpiSj1D6AoQKUdVDKT2ux4FJJO/5mDVL4VBgg==",
            "content_md5": "2bf2b733a89069f8da26d5fc8963690e",
            "content_sha1": "888d74167777a3e3991d960e3a7704ba1e4824e9",
            "content_sha256": "c0a9893c34c49ddfb7e08e2ce1c807bdfa02eaf00f7dc6de3f2a98abf6636d86",
            "content_sha512": "9f3b4c5e83d11f718047a94d18f7bc6b3484f4310103a7e1a7646fb0cff9535a9f8cd6538dca624a3d43e80a102947550ca4f6bb1e052493bfe660d52f854182",
            "directory_permission": "0777",
            "file_permission": "0777",
            "filename": "./.env.users_create",
            "id": "888d74167777a3e3991d960e3a7704ba1e4824e9",
            "sensitive_content": null,
            "source": null
          },
          "sensitive_attributes": [
            [
              {
                "type": "get_attr",
                "value": "content"
              }
            ],
            [
              {
                "type": "get_attr",
                "value": "sensitive_content"
              }
            ]
          ],
          "identity_schema_version": 0,
          "dependencies": [
            "aws_lb.app",
            "aws_security_group.lb",
            "aws_subnet.public",
            "aws_vpc.main",
            "data.aws_availability_zones.available"
          ]
        }
      ]
    },
    {
      "mode": "managed",
      "type": "local_file",
      "name": "env_users_delete",
      "provider": "provider[\"registry.terraform.io/hashicorp/local\"]",
      "instances": [
        {
          "schema_version": 0,
          "attributes": {
            "content": "# Database Configuration\r\nDB_HOST=aws-1-us-east-1.pooler.supabase.com\r\nDB_USER=postgres.zbjpxtiabdsvrwfytfld\r\nDB_PASSWORD=Tengouncuernodemamut1506\r\nDB_NAME=postgres\r\nDB_PORT=5432\r\n\r\n# Service Configuration\r\nPORT=3002\r\nNODE_ENV=production\r\n\r\n# API Gateway URL (use Load Balancer DNS)\r\nAPI_GATEWAY_URL=http://users-lb-1224830718.us-east-1.elb.amazonaws.com\r\n\r\n# Service URLs (use Load Balancer DNS for internal communication)\r\nUSERS_CREATE_URL=http://users-lb-1224830718.us-east-1.elb.amazonaws.com\r\nUSERS_DELETE_URL=http://users-lb-1224830718.us-east-1.elb.amazonaws.com\r\nUSERS_LIST_URL=http://users-lb-1224830718.us-east-1.elb.amazonaws.com\r\nUSERS_SEARCH_URL=http://users-lb-1224830718.us-east-1.elb.amazonaws.com\r\nUSERS_UPDATE_URL=http://users-lb-1224830718.us-east-1.elb.amazonaws.com\r\nAUTH_LOGIN_URL=http://users-lb-1224830718.us-east-1.elb.amazonaws.com\r\nAUTH_ROL_URL=http://users-lb-1224830718.us-east-1.elb.amazonaws.com\r\nAUTH_ME_URL=http://users-lb-1224830718.us-east-1.elb.amazonaws.com\r\nFILE_SERVICE_INIT_URL=http://users-lb-1224830718.us-east-1.elb.amazonaws.com\r\nFILE_SERVICE_UPDATE_URL=http://users-lb-1224830718.us-east-1.elb.amazonaws.com\r\nFILE_SERVICE_UPLOAD_URL=http://users-lb-1224830718.us-east-1.elb.amazonaws.com\r\nFILE_SERVICE_LIST_URL=http://users-lb-1224830718.us-east-1.elb.amazonaws.com\r\nFILE_SERVICE_DOWNLOAD_URL=http://users-lb-1224830718.us-east-1.elb.amazonaws.com\r\n\r\n# JWT Configuration\r\nJWT_SECRET=Tengouncuernodemamut2901\r\nJWT_EXPIRES_IN=24h\r\n",
            "content_base64": null,
            "content_base64sha256": "QoKGugvH6nz/EH2fwav2x9XwO5X+2AzuxbwUyhxJiUo=",
            "content_base64sha512": "WvBeXCMx8ulN9/VxnWJ5dHrWQ8axqPeKhf4XQWSp8aIivk5E94XhKTExio9qU99yNkdz80DWcUVFS5EyxYYnww==",
            "content_md5": "d14e9ac82d2cf0215ce70efab9f90da5",
            "content_sha1": "81bb010c66baed0f37469dbcd24321984fcd1932",
            "content_sha256": "428286ba0bc7ea7cff107d9fc1abf6c7d5f03b95fed80ceec5bc14ca1c49894a",
            "content_sha512": "5af05e5c2331f2e94df7f5719d6279747ad643c6b1a8f78a85fe174164a9f1a222be4e44f785e12931318a8f6a53df72364773f340d67145454b9132c58627c3",
            "directory_permission": "0777",
            "file_permission": "0777",
            "filename": "./.env.users_delete",
            "id": "81bb010c66baed0f37469dbcd24321984fcd1932",
            "sensitive_content": null,
            "source": null
          },
          "sensitive_attributes": [
            [
              {
                "type": "get_attr",
                "value": "content"
              }
            ],
            [
              {
                "type": "get_attr",
                "value": "sensitive_content"
              }
            ]
          ],
          "identity_schema_version": 0,
          "dependencies": [
            "aws_lb.app",
            "aws_security_group.lb",
            "aws_subnet.public",
            "aws_vpc.main",
            "data.aws_availability_zones.available"
          ]
        }
      ]
    },
    {
      "mode": "managed",
      "type": "local_file",
      "name": "env_users_list",
      "provider": "provider[\"registry.terraform.io/hashicorp/local\"]",
      "instances": [
        {
          "schema_version": 0,
          "attributes": {
            "content": "# Database Configuration\r\nDB_HOST=aws-1-us-east-1.pooler.supabase.com\r\nDB_USER=postgres.zbjpxtiabdsvrwfytfld\r\nDB_PASSWORD=Tengouncuernodemamut1506\r\nDB_NAME=postgres\r\nDB_PORT=5432\r\n\r\n# Service Configuration\r\nPORT=3003\r\nNODE_ENV=production\r\n\r\n# API Gateway URL (use Load Balancer DNS)\r\nAPI_GATEWAY_URL=http://users-lb-1224830718.us-east-1.elb.amazonaws.com\r\n\r\n# Service URLs (use Load Balancer DNS for internal communication)\r\nUSERS_CREATE_URL=http://users-lb-1224830718.us-east-1.elb.amazonaws.com\r\nUSERS_DELETE_URL=http://users-lb-1224830718.us-east-1.elb.amazonaws.com\r\nUSERS_LIST_URL=http://users-lb-1224830718.us-east-1.elb.amazonaws.com\r\nUSERS_SEARCH_URL=http://users-lb-1224830718.us-east-1.elb.amazonaws.com\r\nUSERS_UPDATE_URL=http://users-lb-1224830718.us-east-1.elb.amazonaws.com\r\nAUTH_LOGIN_URL=http://users-lb-1224830718.us-east-1.elb.amazonaws.com\r\nAUTH_ROL_URL=http://users-lb-1224830718.us-east-1.elb.amazonaws.com\r\nAUTH_ME_URL=http://users-lb-1224830718.us-east-1.elb.amazonaws.com\r\nFILE_SERVICE_INIT_URL=http://users-lb-1224830718.us-east-1.elb.amazonaws.com\r\nFILE_SERVICE_UPDATE_URL=http://users-lb-1224830718.us-east-1.elb.amazonaws.com\r\nFILE_SERVICE_UPLOAD_URL=http://users-lb-1224830718.us-east-1.elb.amazonaws.com\r\nFILE_SERVICE_LIST_URL=http://users-lb-1224830718.us-east-1.elb.amazonaws.com\r\nFILE_SERVICE_DOWNLOAD_URL=http://users-lb-1224830718.us-east-1.elb.amazonaws.com\r\n\r\n# JWT Configuration\r\nJWT_SECRET=Tengouncuernodemamut2901\r\nJWT_EXPIRES_IN=24h\r\n",
            "content_base64": null,
            "content_base64sha256": "kMepAA273Ysjxy2EAXQmmK+65YBmqCJfEtaz7f3kTJw=",
            "content_base64sha512": "FPQgRxOmb78IgV9h7PWv5vyGCGKAjjoyQboy/SSJQbvP+7TCs6gm7KkVA6t5+woQNMXKqH8PFmqdGRGPbKgD7w==",
            "content_md5": "561bbabbf02b02f05c8762bd00359783",
            "content_sha1": "94f939ff3ef5fab539111c19a7433d6f394b69d6",
            "content_sha256": "90c7a9000dbbdd8b23c72d8401742698afbae58066a8225f12d6b3edfde44c9c",
            "content_sha512": "14f4204713a66fbf08815f61ecf5afe6fc860862808e3a3241ba32fd248941bbcffbb4c2b3a826eca91503ab79fb0a1034c5caa87f0f166a9d19118f6ca803ef",
            "directory_permission": "0777",
            "file_permission": "0777",
            "filename": "./.env.users_list",
            "id": "94f939ff3ef5fab539111c19a7433d6f394b69d6",
            "sensitive_content": null,
            "source": null
          },
          "sensitive_attributes": [
            [
              {
                "type": "get_attr",
                "value": "content"
              }
            ],
            [
              {
                "type": "get_attr",
                "value": "sensitive_content"
              }
            ]
          ],
          "identity_schema_version": 0,
          "dependencies": [
            "aws_lb.app",
            "aws_security_group.lb",
            "aws_subnet.public",
            "aws_vpc.main",
            "data.aws_availability_zones.available"
          ]
        }
      ]
    },
    {
      "mode": "managed",
      "type": "local_file",
      "name": "env_users_search",
      "provider": "provider[\"registry.terraform.io/hashicorp/local\"]",
      "instances": [
        {
          "schema_version": 0,
          "attributes": {
            "content": "# Database Configuration\r\nDB_HOST=aws-1-us-east-1.pooler.supabase.com\r\nDB_USER=postgres.zbjpxtiabdsvrwfytfld\r\nDB_PASSWORD=Tengouncuernodemamut1506\r\nDB_NAME=postgres\r\nDB_PORT=5432\r\n\r\n# Service Configuration\r\nPORT=3004\r\nNODE_ENV=production\r\n\r\n# API Gateway URL (use Load Balancer DNS)\r\nAPI_GATEWAY_URL=http://users-lb-1224830718.us-east-1.elb.amazonaws.com\r\n\r\n# Service URLs (use Load Balancer DNS for internal communication)\r\nUSERS_CREATE_URL=http://users-lb-1224830718.us-east-1.elb.amazonaws.com\r\nUSERS_DELETE_URL=http://users-lb-1224830718.us-east-1.elb.amazonaws.com\r\nUSERS_LIST_URL=http://users-lb-1224830718.us-east-1.elb.amazonaws.com\r\nUSERS_SEARCH_URL=http://users-lb-1224830718.us-east-1.elb.amazonaws.com\r\nUSERS_UPDATE_URL=http://users-lb-1224830718.us-east-1.elb.amazonaws.com\r\nAUTH_LOGIN_URL=http://users-lb-1224830718.us-east-1.elb.amazonaws.com\r\nAUTH_ROL_URL=http://users-lb-1224830718.us-east-1.elb.amazonaws.com\r\nAUTH_ME_URL=http://users-lb-1224830718.us-east-1.elb.amazonaws.com\r\nFILE_SERVICE_INIT_URL=http://users-lb-1224830718.us-east-1.elb.amazonaws.com\r\nFILE_SERVICE_UPDATE_URL=http://users-lb-1224830718.us-east-1.elb.amazonaws.com\r\nFILE_SERVICE_UPLOAD_URL=http://users-lb-1224830718.us-east-1.elb.amazonaws.com\r\nFILE_SERVICE_LIST_URL=http://users-lb-1224830718.us-east-1.elb.amazonaws.com\r\nFILE_SERVICE_DOWNLOAD_URL=http://users-lb-1224830718.us-east-1.elb.amazonaws.com\r\n\r\n# JWT Configuration\r\nJWT_SECRET=Tengouncuernodemamut2901\r\nJWT_EXPIRES_IN=24h\r\n",
            "content_base64": null,
            "content_base64sha256": "Jp2EUFRy0UtxUx/KDzLzxkBaJEEgXGs/UOpgTofGFmw=",
            "content_base64sha512": "07t0/jYEpvJjT+Dtk0D5lbAUreF2M6mYfsU8zUyNO0GSu5/9nmqHCjbNSJL+d0StMIzs7x4SPen8NXfhr27jCw==",
            "content_md5": "152f88447a96fa9f1e1d43a3689f0ec8",
            "content_sha1": "a1a10383c39d467d975e66ccd443f3405466287a",
            "content_sha256": "269d84505472d14b71531fca0f32f3c6405a2441205c6b3f50ea604e87c6166c",
            "content_sha512": "d3bb74fe3604a6f2634fe0ed9340f995b014ade17633a9987ec53ccd4c8d3b4192bb9ffd9e6a870a36cd4892fe7744ad308cecef1e123de9fc3577e1af6ee30b",
            "directory_permission": "0777",
            "file_permission": "0777",
            "filename": "./.env.users_search",
            "id": "a1a10383c39d467d975e66ccd443f3405466287a",
            "sensitive_content": null,
            "source": null
          },
          "sensitive_attributes": [
            [
              {
                "type": "get_attr",
                "value": "content"
              }
            ],
            [
              {
                "type": "get_attr",
                "value": "sensitive_content"
              }
            ]
          ],
          "identity_schema_version": 0,
          "dependencies": [
            "aws_lb.app",
            "aws_security_group.lb",
            "aws_subnet.public",
            "aws_vpc.main",
            "data.aws_availability_zones.available"
          ]
        }
      ]
    },
    {
      "mode": "managed",
      "type": "local_file",
      "name": "env_users_update",
      "provider": "provider[\"registry.terraform.io/hashicorp/local\"]",
      "instances": [
        {
          "schema_version": 0,
          "attributes": {
            "content": "# Database Configuration\r\nDB_HOST=aws-1-us-east-1.pooler.supabase.com\r\nDB_USER=postgres.zbjpxtiabdsvrwfytfld\r\nDB_PASSWORD=Tengouncuernodemamut1506\r\nDB_NAME=postgres\r\nDB_PORT=5432\r\n\r\n# Service Configuration\r\nPORT=3005\r\nNODE_ENV=production\r\n\r\n# API Gateway URL (use Load Balancer DNS)\r\nAPI_GATEWAY_URL=http://users-lb-1224830718.us-east-1.elb.amazonaws.com\r\n\r\n# Service URLs (use Load Balancer DNS for internal communication)\r\nUSERS_CREATE_URL=http://users-lb-1224830718.us-east-1.elb.amazonaws.com\r\nUSERS_DELETE_URL=http://users-lb-1224830718.us-east-1.elb.amazonaws.com\r\nUSERS_LIST_URL=http://users-lb-1224830718.us-east-1.elb.amazonaws.com\r\nUSERS_SEARCH_URL=http://users-lb-1224830718.us-east-1.elb.amazonaws.com\r\nUSERS_UPDATE_URL=http://users-lb-1224830718.us-east-1.elb.amazonaws.com\r\nAUTH_LOGIN_URL=http://users-lb-1224830718.us-east-1.elb.amazonaws.com\r\nAUTH_ROL_URL=http://users-lb-1224830718.us-east-1.elb.amazonaws.com\r\nAUTH_ME_URL=http://users-lb-1224830718.us-east-1.elb.amazonaws.com\r\nFILE_SERVICE_INIT_URL=http://users-lb-1224830718.us-east-1.elb.amazonaws.com\r\nFILE_SERVICE_UPDATE_URL=http://users-lb-1224830718.us-east-1.elb.amazonaws.com\r\nFILE_SERVICE_UPLOAD_URL=http://users-lb-1224830718.us-east-1.elb.amazonaws.com\r\nFILE_SERVICE_LIST_URL=http://users-lb-1224830718.us-east-1.elb.amazonaws.com\r\nFILE_SERVICE_DOWNLOAD_URL=http://users-lb-1224830718.us-east-1.elb.amazonaws.com\r\n\r\n# JWT Configuration\r\nJWT_SECRET=Tengouncuernodemamut2901\r\nJWT_EXPIRES_IN=24h\r\n",
            "content_base64": null,
            "content_base64sha256": "H/S+OttbLCHwt4G/eaQuE/7avBaWfW6+GuQk8hdDMmc=",
            "content_base64sha512": "KrytDt+jCeykdDp7zixyhGIItegBiHXZY7oQLR+vsx3RZZDynDoDPmUsmbmNNhgxiaIPx5mR9/KMRSfyfNnKEA==",
            "content_md5": "fc174bacce82fa18912be632aa077a93",
            "content_sha1": "4c04b5daa27823e5b2cac85604a98724e8921e0e",
            "content_sha256": "1ff4be3adb5b2c21f0b781bf79a42e13fedabc16967d6ebe1ae424f217433267",
            "content_sha512": "2abcad0edfa309eca4743a7bce2c72846208b5e8018875d963ba102d1fafb31dd16590f29c3a033e652c99b98d36183189a20fc79991f7f28c4527f27cd9ca10",
            "directory_permission": "0777",
            "file_permission": "0777",
            "filename": "./.env.users_update",
            "id": "4c04b5daa27823e5b2cac85604a98724e8921e0e",
            "sensitive_content": null,
            "source": null
          },
          "sensitive_attributes": [
            [
              {
                "type": "get_attr",
                "value": "content"
              }
            ],
            [
              {
                "type": "get_attr",
                "value": "sensitive_content"
              }
            ]
          ],
          "identity_schema_version": 0,
          "dependencies": [
            "aws_lb.app",
            "aws_security_group.lb",
            "aws_subnet.public",
            "aws_vpc.main",
            "data.aws_availability_zones.available"
          ]
        }
      ]
    },
    {
      "mode": "managed",
      "type": "local_file",
      "name": "private_key_pem",
      "provider": "provider[\"registry.terraform.io/hashicorp/local\"]",
      "instances": [
        {
          "index_key": 0,
          "schema_version": 0,
          "attributes": {
            "content": "-----BEGIN RSA PRIVATE KEY-----\nMIIJKQIBAAKCAgEA3DdWD8wiGxP0oKi23pmWeA+znXrl1KF0MxeH4zZHrBne7qCl\nJl/LTFedtBOCl+EziEvfx0dbm98qRGYjCHusRD52W+cXq+1ak9F6O01NqMwCG/EH\ndMOcQJkWOn8XQrzE2988jh7/H4ZxbBMz++yNWFo/v5aSf90R14C2OfiaPMbg1pVs\n4UIqU6DPbpE+Svv+fYRsdOerRYF6jqCIfkXVJk34O7gURNSzr6HdPR7Gjaq/pAq7\nGOZ9IvYW5aLQaTpBdvT36pYrKFk+6+/b+JqACOIp9HyWBkdpIxPwLdT//N5T4qV9\n27NKR6j0uqDIT28GpFYVolemQJMZv/9iQ58LUHFIUY/e9nUlDNDj0Hup6ml6+vos\nqKmXyQpaqlGYdDRXOxdxXEuV/Ieu6WXA8B0dgyPAvwTt80vI+XkRclYHPe2T6P8s\nk42LBNSXbPMYyI6b7td4UrV9GM99E7IZevdesckfVVUwNKLWCv0GluXAV+NjH0TD\n1/eZm/1QosHvcMWvv1zVREs5EOap0H5xKU43bYHOcEJM9Rp/yPZEyJb3PAUyfiKz\nRRc7yPx3HLVETL/+PnaagM1/WBEhuIM4GS030Z5lkoTrXS8Ps+i0Wk4/GUXj/HTr\ngkQtEAyCWjFfLhIiBL2z5mB8U8v03AwnPybQlBuS1efm+slRCjxiMtq9ykMCAwEA\nAQKCAgAZi7fJlFoefwWhP4EbOIDqg5PIAHI55NLYfHHQi0LsNYIVd4BA/9rTC9Tp\nB1xeZwr11Cts8Bux7MT380s8GDCnKAHN7nRiBuI7hJDj4TdRjfzupdrCElEFc1zP\nQ1/8524EvZRGPlVFIHD24xFkN5A8ABgmDv8GoywHLlC1T+AAjeeWLPZY+TZ0xhJa\nFrI9u5bNk7eLJjbJlNgVRI0g7NPpoiDaOKPtSilgBexmwzOwSm75xh7nKBG7JQYJ\n9IWtt0rR1GAQEASIpTW14/jGEZIptaa9TFiQ+Oa64Xy6rFtXx6i+gYkkm9tRjcl5\n/t3NzSjdlnjjALzx/758ddE92+zRXHvs5JXziYCHrBPIIgxH1iq0kHSaK2ntEkSk\nzQXuTEjRPbnvIZCR5tpE+nSXteYbDkbXCjFIqdaJ2NYa7owZWFLyAfr6+8WUPyCF\n2fkOd1hV4En+iEnPVtAAyw2+Yb7QSTsVP5oMZ5ewQcGoEjpTvEb7C2CsFmTyTjmv\nNW88X0Tu5/TP4GIKEoWHWWU8hDeJwD6A8nyXlRwumR6hWnMlz3liGMQz3X5Gl51p\n5/mEIIAdsEYWxIor9xSINi/H3ZjD8Ggn4tM6HzzBJcHmuHiyRfIfEia8Az8S3oI5\nCLaGq6coI/wBqvwZUVqKChng8BW4sQbkM5uhSrHaFejxmo4AaQKCAQEA9doylTDI\nofY+bYga6XdP27T9P5aQWX/uTsUkMP6Q3G7h38gT4RNsu+QYzluEDdM0ybEGnbXp\n7jyEoB5e9zKQLEUdcvfV/rJbJXb6HHzT5232Xp7YPfp/pkX0sLPWFmbG8WEYYDsG\ntf+F27mLVAo+K+xCtnDnmfx01RAWqR4dTk/h62V1uqg+1rhzFmqzEeQ08i/AUSLh\naLn4sF20kYDYeotHTIyxj9sjSWqNw0OwOYnkQJqJTPO3ZbMEW5Amp2/ajWMVhwI8\nUaGjcif8/lRm7jXU67Fr4E4gCaJOzkll6gRMA9hUe6t1EOZzJ9h2Vpq5rZWD4iWy\nP7Yt4jUDHD+8CwKCAQEA5U5A548twlgRF0rMW1A5H1L5BqpHHjQFwq6Ovfb3dLG6\n1Zlk2mHZcRrPn8dFSRANleKfECVnQkRBSAFPdHtHumUgRZO3fQOprVmPFxiqirLj\nSZf5K1jJ7rJceU5LPcPXPlUtuvq8ORq/M4Vi2pVaxQb9EneGpYneTLQh6+qar0/l\n5hcIhsUIQdOAS1U1nlQy07tnbWIbUIhaY90yMJSz5gB6sx7cVyLSDPTEgZZV6X7v\nrEAlenx9yuq6mI/0F66xNKqXbQc3lCT/W1Jp7VMb2jwNbiBn+xO//ZXccujQuHHp\nT8P6C4xAN0xSRo1Hy8KY/o/1jlsSafKE8d98O5FVqQKCAQEAw32NWzQ/VQoI+e+P\n9rT4uytfdIC0p3YieGAqNws1BRLmaJsfs4lOnNjzIKOEjbmz7+zj5eQQ728PxoJf\n4RBDs/ABSrnnX29TKqdAmgZoOU4m6XZFXIMjnYNi3l8hjQ6MgsNCLsLAw1c7iUww\njdLXPPXQ1mFQyBEGlaUFX9SiWPMMIbG7u4Cs9vAUE28klMVxlGKD+gBSXIQES7k3\nK7vYZxj4yNXXGxyVInun3eyk5BvRc81t/9KLskJ25JfrJJi8oFB5fbE5ZW+yF8PU\nWCek8SW8+O1LakC1GPQG1eFnOH3SM/yAsRXVMGsOhlCJSLQfkPeituBirGagdY7R\nulSzoQKCAQEAqdMn3Jc8w5dnqQF7khE7DQjtZ9NKcoMC1SlkjCpRILrUbYd6mwYm\n/U5nAKWbmb3q4dwCA/o/nGNimcpmpxT6jYCBwyXgmhTRYJJYmDlrbOeJz6JfJoxO\nmZq9RBYJQYg+bGq3QKicKAq4GpcqHErK++ruGPQu44DVA6fRC6EnyLj6wkrCxNU+\nBUp31NMZr9YaApfjxK4JHr6texKCLlqjVa97MBemBl7ChFfvBS5rGFArfz3OxAVZ\nQKRRZ9YNaFC36xKArX3P2sb/3AmQa/TGRv180NftSpVY9p07tFra4g9zROEW2eCY\nWpwKvze5OZ44oyfJLBIk9BRqA5yJrLA5aQKCAQBL4sx3pOlFd7bbVzNd4cQhu4tj\nBPbw92enD4wL8XBYh6sGL/Lq5LVz30+uYDsjOiY5o8TVvYctbNTzTK7bSJgqmdLI\nmCVNRLONnjUG1UdVhVmeG0JQVdzJaHxORRJ+DN+LObX2/a0VZKxwiOnZMexDBbta\nbotHpaXsqZLP8zHPM8lIRfkKbW9fMNbRv/1RGRuNRBu4lPwlFkyEkCeto/WJSKsP\nrtaVX9YX/eaH+cMpfD1+BUT6wqiHKtSBpDvENGZaC+Y3KuAdva6tw0V1vqR2M6Vs\nRahdZQpjuT1VLWdR/wZ/OSs8SOd6XbIK7hyKg19AH0FtamXOOxlVBy/gTYPY\n-----END RSA PRIVATE KEY-----\n",
            "content_base64": null,
            "content_base64sha256": "/l3zy+EuARKwULcPd2xWGum9YNTPQWfbIx2JUPIlHAg=",
            "content_base64sha512": "nO448c9kwO8f7soH4WcfgjhPH0VVCrecPpDd0jH7vMbIOzrF5kQdtwwNuPI5AHm4d8zKwinMnn3N1jYUkt/3kQ==",
            "content_md5": "116b3b9d778e6d126f31cd83d9819959",
            "content_sha1": "a41ee92b19c557b55c4e86b895fb9e3d5d53b871",
            "content_sha256": "fe5df3cbe12e0112b050b70f776c561ae9bd60d4cf4167db231d8950f2251c08",
            "content_sha512": "9cee38f1cf64c0ef1feeca07e1671f82384f1f45550ab79c3e90ddd231fbbcc6c83b3ac5e6441db70c0db8f2390079b877cccac229cc9e7dcdd6361492dff791",
            "directory_permission": "0777",
            "file_permission": "0600",
            "filename": "D:/llaves/gradflow-users.pem",
            "id": "a41ee92b19c557b55c4e86b895fb9e3d5d53b871",
            "sensitive_content": null,
            "source": null
          },
          "sensitive_attributes": [
            [
              {
                "type": "get_attr",
                "value": "content"
              }
            ],
            [
              {
                "type": "get_attr",
                "value": "sensitive_content"
              }
            ]
          ],
          "identity_schema_version": 0,
          "dependencies": [
            "tls_private_key.this"
          ]
        }
      ]
    },
    {
      "mode": "managed",
      "type": "tls_private_key",
      "name": "this",
      "provider": "provider[\"registry.terraform.io/hashicorp/tls\"]",
      "instances": [
        {
          "index_key": 0,
          "schema_version": 1,
          "attributes": {
            "algorithm": "RSA",
            "ecdsa_curve": "P224",
            "id": "7e6bdddca9b2f120e02b025d9f5125c185149de2",
            "private_key_openssh": "-----BEGIN OPENSSH PRIVATE KEY-----\nb3BlbnNzaC1rZXktdjEAAAAABG5vbmUAAAAEbm9uZQAAAAAAAAABAAACFwAAAAdz\nc2gtcnNhAAAAAwEAAQAAAgEA3DdWD8wiGxP0oKi23pmWeA+znXrl1KF0MxeH4zZH\nrBne7qClJl/LTFedtBOCl+EziEvfx0dbm98qRGYjCHusRD52W+cXq+1ak9F6O01N\nqMwCG/EHdMOcQJkWOn8XQrzE2988jh7/H4ZxbBMz++yNWFo/v5aSf90R14C2Ofia\nPMbg1pVs4UIqU6DPbpE+Svv+fYRsdOerRYF6jqCIfkXVJk34O7gURNSzr6HdPR7G\njaq/pAq7GOZ9IvYW5aLQaTpBdvT36pYrKFk+6+/b+JqACOIp9HyWBkdpIxPwLdT/\n/N5T4qV927NKR6j0uqDIT28GpFYVolemQJMZv/9iQ58LUHFIUY/e9nUlDNDj0Hup\n6ml6+vosqKmXyQpaqlGYdDRXOxdxXEuV/Ieu6WXA8B0dgyPAvwTt80vI+XkRclYH\nPe2T6P8sk42LBNSXbPMYyI6b7td4UrV9GM99E7IZevdesckfVVUwNKLWCv0GluXA\nV+NjH0TD1/eZm/1QosHvcMWvv1zVREs5EOap0H5xKU43bYHOcEJM9Rp/yPZEyJb3\nPAUyfiKzRRc7yPx3HLVETL/+PnaagM1/WBEhuIM4GS030Z5lkoTrXS8Ps+i0Wk4/\nGUXj/HTrgkQtEAyCWjFfLhIiBL2z5mB8U8v03AwnPybQlBuS1efm+slRCjxiMtq9\nykMAAAc4YlmeDmJZng4AAAAHc3NoLXJzYQAAAgEA3DdWD8wiGxP0oKi23pmWeA+z\nnXrl1KF0MxeH4zZHrBne7qClJl/LTFedtBOCl+EziEvfx0dbm98qRGYjCHusRD52\nW+cXq+1ak9F6O01NqMwCG/EHdMOcQJkWOn8XQrzE2988jh7/H4ZxbBMz++yNWFo/\nv5aSf90R14C2OfiaPMbg1pVs4UIqU6DPbpE+Svv+fYRsdOerRYF6jqCIfkXVJk34\nO7gURNSzr6HdPR7Gjaq/pAq7GOZ9IvYW5aLQaTpBdvT36pYrKFk+6+/b+JqACOIp\n9HyWBkdpIxPwLdT//N5T4qV927NKR6j0uqDIT28GpFYVolemQJMZv/9iQ58LUHFI\nUY/e9nUlDNDj0Hup6ml6+vosqKmXyQpaqlGYdDRXOxdxXEuV/Ieu6WXA8B0dgyPA\nvwTt80vI+XkRclYHPe2T6P8sk42LBNSXbPMYyI6b7td4UrV9GM99E7IZevdesckf\nVVUwNKLWCv0GluXAV+NjH0TD1/eZm/1QosHvcMWvv1zVREs5EOap0H5xKU43bYHO\ncEJM9Rp/yPZEyJb3PAUyfiKzRRc7yPx3HLVETL/+PnaagM1/WBEhuIM4GS030Z5l\nkoTrXS8Ps+i0Wk4/GUXj/HTrgkQtEAyCWjFfLhIiBL2z5mB8U8v03AwnPybQlBuS\n1efm+slRCjxiMtq9ykMAAAADAQABAAACABmLt8mUWh5/BaE/gRs4gOqDk8gAcjnk\n0th8cdCLQuw1ghV3gED/2tML1OkHXF5nCvXUK2zwG7HsxPfzSzwYMKcoAc3udGIG\n4juEkOPhN1GN/O6l2sISUQVzXM9DX/znbgS9lEY+VUUgcPbjEWQ3kDwAGCYO/waj\nLAcuULVP4ACN55Ys9lj5NnTGEloWsj27ls2Tt4smNsmU2BVEjSDs0+miINo4o+1K\nKWAF7GbDM7BKbvnGHucoEbslBgn0ha23StHUYBAQBIilNbXj+MYRkim1pr1MWJD4\n5rrhfLqsW1fHqL6BiSSb21GNyXn+3c3NKN2WeOMAvPH/vnx10T3b7NFce+zklfOJ\ngIesE8giDEfWKrSQdJorae0SRKTNBe5MSNE9ue8hkJHm2kT6dJe15hsORtcKMUip\n1onY1hrujBlYUvIB+vr7xZQ/IIXZ+Q53WFXgSf6ISc9W0ADLDb5hvtBJOxU/mgxn\nl7BBwagSOlO8RvsLYKwWZPJOOa81bzxfRO7n9M/gYgoShYdZZTyEN4nAPoDyfJeV\nHC6ZHqFacyXPeWIYxDPdfkaXnWnn+YQggB2wRhbEiiv3FIg2L8fdmMPwaCfi0zof\nPMElwea4eLJF8h8SJrwDPxLegjkItoarpygj/AGq/BlRWooKGeDwFbixBuQzm6FK\nsdoV6PGajgBpAAABAEvizHek6UV3tttXM13hxCG7i2ME9vD3Z6cPjAvxcFiHqwYv\n8urktXPfT65gOyM6JjmjxNW9hy1s1PNMrttImCqZ0siYJU1Es42eNQbVR1WFWZ4b\nQlBV3MlofE5FEn4M34s5tfb9rRVkrHCI6dkx7EMFu1pui0elpeypks/zMc8zyUhF\n+Qptb18w1tG//VEZG41EG7iU/CUWTISQJ62j9YlIqw+u1pVf1hf95of5wyl8PX4F\nRPrCqIcq1IGkO8Q0ZloL5jcq4B29rq3DRXW+pHYzpWxFqF1lCmO5PVUtZ1H/Bn85\nKzxI53pdsgruHIqDX0AfQW1qZc47GVUHL+BNg9gAAAEBAPXaMpUwyKH2Pm2IGul3\nT9u0/T+WkFl/7k7FJDD+kNxu4d/IE+ETbLvkGM5bhA3TNMmxBp216e48hKAeXvcy\nkCxFHXL31f6yWyV2+hx80+dt9l6e2D36f6ZF9LCz1hZmxvFhGGA7BrX/hdu5i1QK\nPivsQrZw55n8dNUQFqkeHU5P4etldbqoPta4cxZqsxHkNPIvwFEi4Wi5+LBdtJGA\n2HqLR0yMsY/bI0lqjcNDsDmJ5ECaiUzzt2WzBFuQJqdv2o1jFYcCPFGho3In/P5U\nZu411Ouxa+BOIAmiTs5JZeoETAPYVHurdRDmcyfYdlaaua2Vg+Ilsj+2LeI1Axw/\nvAsAAAEBAOVOQOePLcJYERdKzFtQOR9S+QaqRx40BcKujr3293SxutWZZNph2XEa\nz5/HRUkQDZXinxAlZ0JEQUgBT3R7R7plIEWTt30Dqa1ZjxcYqoqy40mX+StYye6y\nXHlOSz3D1z5VLbr6vDkavzOFYtqVWsUG/RJ3hqWJ3ky0Ievqmq9P5eYXCIbFCEHT\ngEtVNZ5UMtO7Z21iG1CIWmPdMjCUs+YAerMe3Fci0gz0xIGWVel+76xAJXp8fcrq\nupiP9BeusTSql20HN5Qk/1tSae1TG9o8DW4gZ/sTv/2V3HLo0Lhx6U/D+guMQDdM\nUkaNR8vCmP6P9Y5bEmnyhPHffDuRVakAAAAAAQID\n-----END OPENSSH PRIVATE KEY-----\n",
            "private_key_pem": "-----BEGIN RSA PRIVATE KEY-----\nMIIJKQIBAAKCAgEA3DdWD8wiGxP0oKi23pmWeA+znXrl1KF0MxeH4zZHrBne7qCl\nJl/LTFedtBOCl+EziEvfx0dbm98qRGYjCHusRD52W+cXq+1ak9F6O01NqMwCG/EH\ndMOcQJkWOn8XQrzE2988jh7/H4ZxbBMz++yNWFo/v5aSf90R14C2OfiaPMbg1pVs\n4UIqU6DPbpE+Svv+fYRsdOerRYF6jqCIfkXVJk34O7gURNSzr6HdPR7Gjaq/pAq7\nGOZ9IvYW5aLQaTpBdvT36pYrKFk+6+/b+JqACOIp9HyWBkdpIxPwLdT//N5T4qV9\n27NKR6j0uqDIT28GpFYVolemQJMZv/9iQ58LUHFIUY/e9nUlDNDj0Hup6ml6+vos\nqKmXyQpaqlGYdDRXOxdxXEuV/Ieu6WXA8B0dgyPAvwTt80vI+XkRclYHPe2T6P8s\nk42LBNSXbPMYyI6b7td4UrV9GM99E7IZevdesckfVVUwNKLWCv0GluXAV+NjH0TD\n1/eZm/1QosHvcMWvv1zVREs5EOap0H5xKU43bYHOcEJM9Rp/yPZEyJb3PAUyfiKz\nRRc7yPx3HLVETL/+PnaagM1/WBEhuIM4GS030Z5lkoTrXS8Ps+i0Wk4/GUXj/HTr\ngkQtEAyCWjFfLhIiBL2z5mB8U8v03AwnPybQlBuS1efm+slRCjxiMtq9ykMCAwEA\nAQKCAgAZi7fJlFoefwWhP4EbOIDqg5PIAHI55NLYfHHQi0LsNYIVd4BA/9rTC9Tp\nB1xeZwr11Cts8Bux7MT380s8GDCnKAHN7nRiBuI7hJDj4TdRjfzupdrCElEFc1zP\nQ1/8524EvZRGPlVFIHD24xFkN5A8ABgmDv8GoywHLlC1T+AAjeeWLPZY+TZ0xhJa\nFrI9u5bNk7eLJjbJlNgVRI0g7NPpoiDaOKPtSilgBexmwzOwSm75xh7nKBG7JQYJ\n9IWtt0rR1GAQEASIpTW14/jGEZIptaa9TFiQ+Oa64Xy6rFtXx6i+gYkkm9tRjcl5\n/t3NzSjdlnjjALzx/758ddE92+zRXHvs5JXziYCHrBPIIgxH1iq0kHSaK2ntEkSk\nzQXuTEjRPbnvIZCR5tpE+nSXteYbDkbXCjFIqdaJ2NYa7owZWFLyAfr6+8WUPyCF\n2fkOd1hV4En+iEnPVtAAyw2+Yb7QSTsVP5oMZ5ewQcGoEjpTvEb7C2CsFmTyTjmv\nNW88X0Tu5/TP4GIKEoWHWWU8hDeJwD6A8nyXlRwumR6hWnMlz3liGMQz3X5Gl51p\n5/mEIIAdsEYWxIor9xSINi/H3ZjD8Ggn4tM6HzzBJcHmuHiyRfIfEia8Az8S3oI5\nCLaGq6coI/wBqvwZUVqKChng8BW4sQbkM5uhSrHaFejxmo4AaQKCAQEA9doylTDI\nofY+bYga6XdP27T9P5aQWX/uTsUkMP6Q3G7h38gT4RNsu+QYzluEDdM0ybEGnbXp\n7jyEoB5e9zKQLEUdcvfV/rJbJXb6HHzT5232Xp7YPfp/pkX0sLPWFmbG8WEYYDsG\ntf+F27mLVAo+K+xCtnDnmfx01RAWqR4dTk/h62V1uqg+1rhzFmqzEeQ08i/AUSLh\naLn4sF20kYDYeotHTIyxj9sjSWqNw0OwOYnkQJqJTPO3ZbMEW5Amp2/ajWMVhwI8\nUaGjcif8/lRm7jXU67Fr4E4gCaJOzkll6gRMA9hUe6t1EOZzJ9h2Vpq5rZWD4iWy\nP7Yt4jUDHD+8CwKCAQEA5U5A548twlgRF0rMW1A5H1L5BqpHHjQFwq6Ovfb3dLG6\n1Zlk2mHZcRrPn8dFSRANleKfECVnQkRBSAFPdHtHumUgRZO3fQOprVmPFxiqirLj\nSZf5K1jJ7rJceU5LPcPXPlUtuvq8ORq/M4Vi2pVaxQb9EneGpYneTLQh6+qar0/l\n5hcIhsUIQdOAS1U1nlQy07tnbWIbUIhaY90yMJSz5gB6sx7cVyLSDPTEgZZV6X7v\nrEAlenx9yuq6mI/0F66xNKqXbQc3lCT/W1Jp7VMb2jwNbiBn+xO//ZXccujQuHHp\nT8P6C4xAN0xSRo1Hy8KY/o/1jlsSafKE8d98O5FVqQKCAQEAw32NWzQ/VQoI+e+P\n9rT4uytfdIC0p3YieGAqNws1BRLmaJsfs4lOnNjzIKOEjbmz7+zj5eQQ728PxoJf\n4RBDs/ABSrnnX29TKqdAmgZoOU4m6XZFXIMjnYNi3l8hjQ6MgsNCLsLAw1c7iUww\njdLXPPXQ1mFQyBEGlaUFX9SiWPMMIbG7u4Cs9vAUE28klMVxlGKD+gBSXIQES7k3\nK7vYZxj4yNXXGxyVInun3eyk5BvRc81t/9KLskJ25JfrJJi8oFB5fbE5ZW+yF8PU\nWCek8SW8+O1LakC1GPQG1eFnOH3SM/yAsRXVMGsOhlCJSLQfkPeituBirGagdY7R\nulSzoQKCAQEAqdMn3Jc8w5dnqQF7khE7DQjtZ9NKcoMC1SlkjCpRILrUbYd6mwYm\n/U5nAKWbmb3q4dwCA/o/nGNimcpmpxT6jYCBwyXgmhTRYJJYmDlrbOeJz6JfJoxO\nmZq9RBYJQYg+bGq3QKicKAq4GpcqHErK++ruGPQu44DVA6fRC6EnyLj6wkrCxNU+\nBUp31NMZr9YaApfjxK4JHr6texKCLlqjVa97MBemBl7ChFfvBS5rGFArfz3OxAVZ\nQKRRZ9YNaFC36xKArX3P2sb/3AmQa/TGRv180NftSpVY9p07tFra4g9zROEW2eCY\nWpwKvze5OZ44oyfJLBIk9BRqA5yJrLA5aQKCAQBL4sx3pOlFd7bbVzNd4cQhu4tj\nBPbw92enD4wL8XBYh6sGL/Lq5LVz30+uYDsjOiY5o8TVvYctbNTzTK7bSJgqmdLI\nmCVNRLONnjUG1UdVhVmeG0JQVdzJaHxORRJ+DN+LObX2/a0VZKxwiOnZMexDBbta\nbotHpaXsqZLP8zHPM8lIRfkKbW9fMNbRv/1RGRuNRBu4lPwlFkyEkCeto/WJSKsP\nrtaVX9YX/eaH+cMpfD1+BUT6wqiHKtSBpDvENGZaC+Y3KuAdva6tw0V1vqR2M6Vs\nRahdZQpjuT1VLWdR/wZ/OSs8SOd6XbIK7hyKg19AH0FtamXOOxlVBy/gTYPY\n-----END RSA PRIVATE KEY-----\n",
            "private_key_pem_pkcs8": "-----BEGIN PRIVATE KEY-----\nMIIJQwIBADANBgkqhkiG9w0BAQEFAASCCS0wggkpAgEAAoICAQDcN1YPzCIbE/Sg\nqLbemZZ4D7OdeuXUoXQzF4fjNkesGd7uoKUmX8tMV520E4KX4TOIS9/HR1ub3ypE\nZiMIe6xEPnZb5xer7VqT0Xo7TU2ozAIb8Qd0w5xAmRY6fxdCvMTb3zyOHv8fhnFs\nEzP77I1YWj+/lpJ/3RHXgLY5+Jo8xuDWlWzhQipToM9ukT5K+/59hGx056tFgXqO\noIh+RdUmTfg7uBRE1LOvod09HsaNqr+kCrsY5n0i9hblotBpOkF29PfqlisoWT7r\n79v4moAI4in0fJYGR2kjE/At1P/83lPipX3bs0pHqPS6oMhPbwakVhWiV6ZAkxm/\n/2JDnwtQcUhRj972dSUM0OPQe6nqaXr6+iyoqZfJClqqUZh0NFc7F3FcS5X8h67p\nZcDwHR2DI8C/BO3zS8j5eRFyVgc97ZPo/yyTjYsE1Jds8xjIjpvu13hStX0Yz30T\nshl6916xyR9VVTA0otYK/QaW5cBX42MfRMPX95mb/VCiwe9wxa+/XNVESzkQ5qnQ\nfnEpTjdtgc5wQkz1Gn/I9kTIlvc8BTJ+IrNFFzvI/HcctURMv/4+dpqAzX9YESG4\ngzgZLTfRnmWShOtdLw+z6LRaTj8ZReP8dOuCRC0QDIJaMV8uEiIEvbPmYHxTy/Tc\nDCc/JtCUG5LV5+b6yVEKPGIy2r3KQwIDAQABAoICABmLt8mUWh5/BaE/gRs4gOqD\nk8gAcjnk0th8cdCLQuw1ghV3gED/2tML1OkHXF5nCvXUK2zwG7HsxPfzSzwYMKco\nAc3udGIG4juEkOPhN1GN/O6l2sISUQVzXM9DX/znbgS9lEY+VUUgcPbjEWQ3kDwA\nGCYO/wajLAcuULVP4ACN55Ys9lj5NnTGEloWsj27ls2Tt4smNsmU2BVEjSDs0+mi\nINo4o+1KKWAF7GbDM7BKbvnGHucoEbslBgn0ha23StHUYBAQBIilNbXj+MYRkim1\npr1MWJD45rrhfLqsW1fHqL6BiSSb21GNyXn+3c3NKN2WeOMAvPH/vnx10T3b7NFc\ne+zklfOJgIesE8giDEfWKrSQdJorae0SRKTNBe5MSNE9ue8hkJHm2kT6dJe15hsO\nRtcKMUip1onY1hrujBlYUvIB+vr7xZQ/IIXZ+Q53WFXgSf6ISc9W0ADLDb5hvtBJ\nOxU/mgxnl7BBwagSOlO8RvsLYKwWZPJOOa81bzxfRO7n9M/gYgoShYdZZTyEN4nA\nPoDyfJeVHC6ZHqFacyXPeWIYxDPdfkaXnWnn+YQggB2wRhbEiiv3FIg2L8fdmMPw\naCfi0zofPMElwea4eLJF8h8SJrwDPxLegjkItoarpygj/AGq/BlRWooKGeDwFbix\nBuQzm6FKsdoV6PGajgBpAoIBAQD12jKVMMih9j5tiBrpd0/btP0/lpBZf+5OxSQw\n/pDcbuHfyBPhE2y75BjOW4QN0zTJsQadtenuPISgHl73MpAsRR1y99X+slsldvoc\nfNPnbfZentg9+n+mRfSws9YWZsbxYRhgOwa1/4XbuYtUCj4r7EK2cOeZ/HTVEBap\nHh1OT+HrZXW6qD7WuHMWarMR5DTyL8BRIuFoufiwXbSRgNh6i0dMjLGP2yNJao3D\nQ7A5ieRAmolM87dlswRbkCanb9qNYxWHAjxRoaNyJ/z+VGbuNdTrsWvgTiAJok7O\nSWXqBEwD2FR7q3UQ5nMn2HZWmrmtlYPiJbI/ti3iNQMcP7wLAoIBAQDlTkDnjy3C\nWBEXSsxbUDkfUvkGqkceNAXCro699vd0sbrVmWTaYdlxGs+fx0VJEA2V4p8QJWdC\nREFIAU90e0e6ZSBFk7d9A6mtWY8XGKqKsuNJl/krWMnuslx5Tks9w9c+VS26+rw5\nGr8zhWLalVrFBv0Sd4alid5MtCHr6pqvT+XmFwiGxQhB04BLVTWeVDLTu2dtYhtQ\niFpj3TIwlLPmAHqzHtxXItIM9MSBllXpfu+sQCV6fH3K6rqYj/QXrrE0qpdtBzeU\nJP9bUmntUxvaPA1uIGf7E7/9ldxy6NC4celPw/oLjEA3TFJGjUfLwpj+j/WOWxJp\n8oTx33w7kVWpAoIBAQDDfY1bND9VCgj574/2tPi7K190gLSndiJ4YCo3CzUFEuZo\nmx+ziU6c2PMgo4SNubPv7OPl5BDvbw/Ggl/hEEOz8AFKuedfb1Mqp0CaBmg5Tibp\ndkVcgyOdg2LeXyGNDoyCw0IuwsDDVzuJTDCN0tc89dDWYVDIEQaVpQVf1KJY8wwh\nsbu7gKz28BQTbySUxXGUYoP6AFJchARLuTcru9hnGPjI1dcbHJUie6fd7KTkG9Fz\nzW3/0ouyQnbkl+skmLygUHl9sTllb7IXw9RYJ6TxJbz47UtqQLUY9AbV4Wc4fdIz\n/ICxFdUwaw6GUIlItB+Q96K24GKsZqB1jtG6VLOhAoIBAQCp0yfclzzDl2epAXuS\nETsNCO1n00pygwLVKWSMKlEgutRth3qbBib9TmcApZuZverh3AID+j+cY2KZyman\nFPqNgIHDJeCaFNFgkliYOWts54nPol8mjE6Zmr1EFglBiD5sardAqJwoCrgalyoc\nSsr76u4Y9C7jgNUDp9ELoSfIuPrCSsLE1T4FSnfU0xmv1hoCl+PErgkevq17EoIu\nWqNVr3swF6YGXsKEV+8FLmsYUCt/Pc7EBVlApFFn1g1oULfrEoCtfc/axv/cCZBr\n9MZG/XzQ1+1KlVj2nTu0WtriD3NE4RbZ4JhanAq/N7k5njijJ8ksEiT0FGoDnIms\nsDlpAoIBAEvizHek6UV3tttXM13hxCG7i2ME9vD3Z6cPjAvxcFiHqwYv8urktXPf\nT65gOyM6JjmjxNW9hy1s1PNMrttImCqZ0siYJU1Es42eNQbVR1WFWZ4bQlBV3Mlo\nfE5FEn4M34s5tfb9rRVkrHCI6dkx7EMFu1pui0elpeypks/zMc8zyUhF+Qptb18w\n1tG//VEZG41EG7iU/CUWTISQJ62j9YlIqw+u1pVf1hf95of5wyl8PX4FRPrCqIcq\n1IGkO8Q0ZloL5jcq4B29rq3DRXW+pHYzpWxFqF1lCmO5PVUtZ1H/Bn85KzxI53pd\nsgruHIqDX0AfQW1qZc47GVUHL+BNg9g=\n-----END PRIVATE KEY-----\n",
            "public_key_fingerprint_md5": "a1:41:a9:84:cc:dc:32:da:42:21:0a:2f:6f:2c:51:0d",
            "public_key_fingerprint_sha256": "SHA256:+x45qJwqMQfNpu9ON6uxlHhOincO09+KWT0f1ZYdLp4",
            "public_key_openssh": "ssh-rsa AAAAB3NzaC1yc2EAAAADAQABAAACAQDcN1YPzCIbE/SgqLbemZZ4D7OdeuXUoXQzF4fjNkesGd7uoKUmX8tMV520E4KX4TOIS9/HR1ub3ypEZiMIe6xEPnZb5xer7VqT0Xo7TU2ozAIb8Qd0w5xAmRY6fxdCvMTb3zyOHv8fhnFsEzP77I1YWj+/lpJ/3RHXgLY5+Jo8xuDWlWzhQipToM9ukT5K+/59hGx056tFgXqOoIh+RdUmTfg7uBRE1LOvod09HsaNqr+kCrsY5n0i9hblotBpOkF29PfqlisoWT7r79v4moAI4in0fJYGR2kjE/At1P/83lPipX3bs0pHqPS6oMhPbwakVhWiV6ZAkxm//2JDnwtQcUhRj972dSUM0OPQe6nqaXr6+iyoqZfJClqqUZh0NFc7F3FcS5X8h67pZcDwHR2DI8C/BO3zS8j5eRFyVgc97ZPo/yyTjYsE1Jds8xjIjpvu13hStX0Yz30Tshl6916xyR9VVTA0otYK/QaW5cBX42MfRMPX95mb/VCiwe9wxa+/XNVESzkQ5qnQfnEpTjdtgc5wQkz1Gn/I9kTIlvc8BTJ+IrNFFzvI/HcctURMv/4+dpqAzX9YESG4gzgZLTfRnmWShOtdLw+z6LRaTj8ZReP8dOuCRC0QDIJaMV8uEiIEvbPmYHxTy/TcDCc/JtCUG5LV5+b6yVEKPGIy2r3KQw==\n",
            "public_key_pem": "-----BEGIN PUBLIC KEY-----\nMIICIjANBgkqhkiG9w0BAQEFAAOCAg8AMIICCgKCAgEA3DdWD8wiGxP0oKi23pmW\neA+znXrl1KF0MxeH4zZHrBne7qClJl/LTFedtBOCl+EziEvfx0dbm98qRGYjCHus\nRD52W+cXq+1ak9F6O01NqMwCG/EHdMOcQJkWOn8XQrzE2988jh7/H4ZxbBMz++yN\nWFo/v5aSf90R14C2OfiaPMbg1pVs4UIqU6DPbpE+Svv+fYRsdOerRYF6jqCIfkXV\nJk34O7gURNSzr6HdPR7Gjaq/pAq7GOZ9IvYW5aLQaTpBdvT36pYrKFk+6+/b+JqA\nCOIp9HyWBkdpIxPwLdT//N5T4qV927NKR6j0uqDIT28GpFYVolemQJMZv/9iQ58L\nUHFIUY/e9nUlDNDj0Hup6ml6+vosqKmXyQpaqlGYdDRXOxdxXEuV/Ieu6WXA8B0d\ngyPAvwTt80vI+XkRclYHPe2T6P8sk42LBNSXbPMYyI6b7td4UrV9GM99E7IZevde\nsckfVVUwNKLWCv0GluXAV+NjH0TD1/eZm/1QosHvcMWvv1zVREs5EOap0H5xKU43\nbYHOcEJM9Rp/yPZEyJb3PAUyfiKzRRc7yPx3HLVETL/+PnaagM1/WBEhuIM4GS03\n0Z5lkoTrXS8Ps+i0Wk4/GUXj/HTrgkQtEAyCWjFfLhIiBL2z5mB8U8v03AwnPybQ\nlBuS1efm+slRCjxiMtq9ykMCAwEAAQ==\n-----END PUBLIC KEY-----\n",
            "rsa_bits": 4096
          },
          "sensitive_attributes": [
            [
              {
                "type": "get_attr",
                "value": "private_key_openssh"
              }
            ],
            [
              {
                "type": "get_attr",
                "value": "private_key_pem"
              }
            ],
            [
              {
                "type": "get_attr",
                "value": "private_key_pem_pkcs8"
              }
            ]
          ],
          "identity_schema_version": 0
        }
      ]
    }
  ],
  "check_results": [
    {
      "object_kind": "var",
      "config_addr": "var.max_capacity",
      "status": "pass",
      "objects": [
        {
          "object_addr": "var.max_capacity",
          "status": "pass"
        }
      ]
    }
  ]
}
