{
  "version": 4,
  "terraform_version": "1.14.1",
  "serial": 639,
  "lineage": "5de68eff-eb21-9e50-18a6-c48e1db7a8e4",
  "outputs": {
    "asg_arn": {
      "value": "arn:aws:autoscaling:us-east-1:697755754723:autoScalingGroup:a9c6b820-2f0a-4f5d-a948-8091e8a0cd55:autoScalingGroupName/users-asg",
      "type": "string"
    },
    "asg_name": {
      "value": "users-asg",
      "type": "string"
    },
    "key_pair_name": {
      "value": "gradflow-users",
      "type": "string"
    },
    "loadbalancer_arn": {
      "value": "arn:aws:elasticloadbalancing:us-east-1:697755754723:loadbalancer/app/users-lb/2cb07d92eeb14144",
      "type": "string"
    },
    "loadbalancer_dns": {
      "value": "users-lb-23607344.us-east-1.elb.amazonaws.com",
      "type": "string"
    },
    "public_subnets": {
      "value": [
        "subnet-0bd5030233adfd02a",
        "subnet-02e94f06cc1fadb49"
      ],
      "type": [
        "tuple",
        [
          "string",
          "string"
        ]
      ]
    },
    "ssh_command_hint": {
      "value": "ssh -i \u003cruta-a-tu-pem\u003e ubuntu@\u003cip_publica-o-elastica\u003e",
      "type": "string"
    },
    "target_group_arn": {
      "value": "arn:aws:elasticloadbalancing:us-east-1:697755754723:targetgroup/users-tg/45d7f4892c9c54f4",
      "type": "string"
    },
    "target_group_name": {
      "value": "users-tg",
      "type": "string"
    },
    "vpc_id": {
      "value": "vpc-09164aacd4a9e47d1",
      "type": "string"
    }
  },
  "resources": [
    {
      "mode": "data",
      "type": "aws_availability_zones",
      "name": "available",
      "provider": "provider[\"registry.terraform.io/hashicorp/aws\"]",
      "instances": [
        {
          "schema_version": 0,
          "attributes": {
            "all_availability_zones": null,
            "exclude_names": null,
            "exclude_zone_ids": null,
            "filter": null,
            "group_names": [
              "us-east-1-zg-1"
            ],
            "id": "us-east-1",
            "names": [
              "us-east-1a",
              "us-east-1b",
              "us-east-1c",
              "us-east-1d",
              "us-east-1e",
              "us-east-1f"
            ],
            "region": "us-east-1",
            "state": null,
            "timeouts": null,
            "zone_ids": [
              "use1-az6",
              "use1-az1",
              "use1-az2",
              "use1-az4",
              "use1-az3",
              "use1-az5"
            ]
          },
          "sensitive_attributes": [],
          "identity_schema_version": 0
        }
      ]
    },
    {
      "mode": "managed",
      "type": "aws_autoscaling_group",
      "name": "app",
      "provider": "provider[\"registry.terraform.io/hashicorp/aws\"]",
      "instances": [
        {
          "schema_version": 1,
          "attributes": {
            "arn": "arn:aws:autoscaling:us-east-1:697755754723:autoScalingGroup:a9c6b820-2f0a-4f5d-a948-8091e8a0cd55:autoScalingGroupName/users-asg",
            "availability_zone_distribution": [
              {
                "capacity_distribution_strategy": "balanced-best-effort"
              }
            ],
            "availability_zones": [
              "us-east-1a",
              "us-east-1b"
            ],
            "capacity_rebalance": false,
            "capacity_reservation_specification": [
              {
                "capacity_reservation_preference": "default",
                "capacity_reservation_target": []
              }
            ],
            "context": "",
            "default_cooldown": 300,
            "default_instance_warmup": 0,
            "desired_capacity": 2,
            "desired_capacity_type": "",
            "enabled_metrics": null,
            "force_delete": false,
            "force_delete_warm_pool": false,
            "health_check_grace_period": 300,
            "health_check_type": "EC2",
            "id": "users-asg",
            "ignore_failed_scaling_activities": false,
            "initial_lifecycle_hook": [],
            "instance_maintenance_policy": [],
            "instance_refresh": [
              {
                "preferences": [
                  {
                    "alarm_specification": [],
                    "auto_rollback": false,
                    "checkpoint_delay": "",
                    "checkpoint_percentages": null,
                    "instance_warmup": "180",
                    "max_healthy_percentage": 100,
                    "min_healthy_percentage": 50,
                    "scale_in_protected_instances": "Ignore",
                    "skip_matching": false,
                    "standby_instances": "Ignore"
                  }
                ],
                "strategy": "Rolling",
                "triggers": [
                  "tag"
                ]
              }
            ],
            "launch_configuration": "",
            "launch_template": [
              {
                "id": "lt-0ccb67b4a9ea57f23",
                "name": "users-app-20260122202708991300000002",
                "version": "$Latest"
              }
            ],
            "load_balancers": [],
            "max_instance_lifetime": 0,
            "max_size": 5,
            "metrics_granularity": "1Minute",
            "min_elb_capacity": null,
            "min_size": 2,
            "mixed_instances_policy": [],
            "name": "users-asg",
            "name_prefix": "",
            "placement_group": "",
            "predicted_capacity": 0,
            "protect_from_scale_in": false,
            "region": "us-east-1",
            "service_linked_role_arn": "arn:aws:iam::697755754723:role/aws-service-role/autoscaling.amazonaws.com/AWSServiceRoleForAutoScaling",
            "suspended_processes": null,
            "tag": [
              {
                "key": "ManagedBy",
                "propagate_at_launch": true,
                "value": "Terraform"
              },
              {
                "key": "Name",
                "propagate_at_launch": true,
                "value": "users-instance"
              }
            ],
            "target_group_arns": [
              "arn:aws:elasticloadbalancing:us-east-1:697755754723:targetgroup/users-tg/45d7f4892c9c54f4"
            ],
            "termination_policies": [
              "Default"
            ],
            "timeouts": null,
            "traffic_source": [
              {
                "identifier": "arn:aws:elasticloadbalancing:us-east-1:697755754723:targetgroup/users-tg/45d7f4892c9c54f4",
                "type": "elbv2"
              }
            ],
            "vpc_zone_identifier": [
              "subnet-02e94f06cc1fadb49",
              "subnet-0bd5030233adfd02a"
            ],
            "wait_for_capacity_timeout": "10m",
            "wait_for_elb_capacity": null,
            "warm_pool": [],
            "warm_pool_size": 0
          },
          "sensitive_attributes": [],
          "identity_schema_version": 0,
          "private": "eyJlMmJmYjczMC1lY2FhLTExZTYtOGY4OC0zNDM2M2JjN2M0YzAiOnsiZGVsZXRlIjo2MDAwMDAwMDAwMDAsInVwZGF0ZSI6NjAwMDAwMDAwMDAwfSwic2NoZW1hX3ZlcnNpb24iOiIxIn0=",
          "dependencies": [
            "aws_key_pair.this",
            "aws_launch_template.app",
            "aws_lb.app",
            "aws_lb_target_group.app",
            "aws_security_group.lb",
            "aws_security_group.web",
            "aws_subnet.public",
            "aws_vpc.main",
            "data.aws_availability_zones.available",
            "tls_private_key.this"
          ]
        }
      ]
    },
    {
      "mode": "managed",
      "type": "aws_autoscaling_policy",
      "name": "cpu_scale_up",
      "provider": "provider[\"registry.terraform.io/hashicorp/aws\"]",
      "instances": [
        {
          "schema_version": 0,
          "attributes": {
            "adjustment_type": "",
            "arn": "arn:aws:autoscaling:us-east-1:697755754723:scalingPolicy:e2b2a696-2b3a-40fa-b96a-d97282bfe9d0:autoScalingGroupName/users-asg:policyName/scale-up-on-high-cpu",
            "autoscaling_group_name": "users-asg",
            "cooldown": 0,
            "enabled": true,
            "estimated_instance_warmup": 300,
            "id": "scale-up-on-high-cpu",
            "metric_aggregation_type": "",
            "min_adjustment_magnitude": 0,
            "name": "scale-up-on-high-cpu",
            "policy_type": "TargetTrackingScaling",
            "predictive_scaling_configuration": [],
            "region": "us-east-1",
            "scaling_adjustment": 0,
            "step_adjustment": [],
            "target_tracking_configuration": [
              {
                "customized_metric_specification": [],
                "disable_scale_in": false,
                "predefined_metric_specification": [
                  {
                    "predefined_metric_type": "ASGAverageCPUUtilization",
                    "resource_label": ""
                  }
                ],
                "target_value": 80
              }
            ]
          },
          "sensitive_attributes": [],
          "identity_schema_version": 0,
          "private": "bnVsbA==",
          "dependencies": [
            "aws_autoscaling_group.app",
            "aws_key_pair.this",
            "aws_launch_template.app",
            "aws_lb.app",
            "aws_lb_target_group.app",
            "aws_security_group.lb",
            "aws_security_group.web",
            "aws_subnet.public",
            "aws_vpc.main",
            "data.aws_availability_zones.available",
            "tls_private_key.this"
          ]
        }
      ]
    },
    {
      "mode": "managed",
      "type": "aws_autoscaling_policy",
      "name": "scale_in",
      "provider": "provider[\"registry.terraform.io/hashicorp/aws\"]",
      "instances": [
        {
          "schema_version": 0,
          "attributes": {
            "adjustment_type": "ChangeInCapacity",
            "arn": "arn:aws:autoscaling:us-east-1:697755754723:scalingPolicy:facb7ca6-72fb-4c99-a89e-a9be2e5eaa47:autoScalingGroupName/users-asg:policyName/scale-in-policy",
            "autoscaling_group_name": "users-asg",
            "cooldown": 600,
            "enabled": true,
            "estimated_instance_warmup": 0,
            "id": "scale-in-policy",
            "metric_aggregation_type": "",
            "min_adjustment_magnitude": 0,
            "name": "scale-in-policy",
            "policy_type": "SimpleScaling",
            "predictive_scaling_configuration": [],
            "region": "us-east-1",
            "scaling_adjustment": -1,
            "step_adjustment": [],
            "target_tracking_configuration": []
          },
          "sensitive_attributes": [],
          "identity_schema_version": 0,
          "private": "bnVsbA==",
          "dependencies": [
            "aws_autoscaling_group.app",
            "aws_key_pair.this",
            "aws_launch_template.app",
            "aws_lb.app",
            "aws_lb_target_group.app",
            "aws_security_group.lb",
            "aws_security_group.web",
            "aws_subnet.public",
            "aws_vpc.main",
            "data.aws_availability_zones.available",
            "tls_private_key.this"
          ]
        }
      ]
    },
    {
      "mode": "managed",
      "type": "aws_autoscaling_policy",
      "name": "scale_out",
      "provider": "provider[\"registry.terraform.io/hashicorp/aws\"]",
      "instances": [
        {
          "schema_version": 0,
          "attributes": {
            "adjustment_type": "ChangeInCapacity",
            "arn": "arn:aws:autoscaling:us-east-1:697755754723:scalingPolicy:8b6279d3-98a3-4b71-8784-950ec18cdffe:autoScalingGroupName/users-asg:policyName/scale-out-policy",
            "autoscaling_group_name": "users-asg",
            "cooldown": 300,
            "enabled": true,
            "estimated_instance_warmup": 0,
            "id": "scale-out-policy",
            "metric_aggregation_type": "",
            "min_adjustment_magnitude": 0,
            "name": "scale-out-policy",
            "policy_type": "SimpleScaling",
            "predictive_scaling_configuration": [],
            "region": "us-east-1",
            "scaling_adjustment": 1,
            "step_adjustment": [],
            "target_tracking_configuration": []
          },
          "sensitive_attributes": [],
          "identity_schema_version": 0,
          "private": "bnVsbA==",
          "dependencies": [
            "aws_autoscaling_group.app",
            "aws_key_pair.this",
            "aws_launch_template.app",
            "aws_lb.app",
            "aws_lb_target_group.app",
            "aws_security_group.lb",
            "aws_security_group.web",
            "aws_subnet.public",
            "aws_vpc.main",
            "data.aws_availability_zones.available",
            "tls_private_key.this"
          ]
        }
      ]
    },
    {
      "mode": "managed",
      "type": "aws_internet_gateway",
      "name": "igw",
      "provider": "provider[\"registry.terraform.io/hashicorp/aws\"]",
      "instances": [
        {
          "schema_version": 0,
          "attributes": {
            "arn": "arn:aws:ec2:us-east-1:697755754723:internet-gateway/igw-0f0f4502c626ae700",
            "id": "igw-0f0f4502c626ae700",
            "owner_id": "697755754723",
            "region": "us-east-1",
            "tags": null,
            "tags_all": {
              "Environment": "users",
              "ManagedBy": "Terraform",
              "Project": "GradFlow"
            },
            "timeouts": null,
            "vpc_id": "vpc-09164aacd4a9e47d1"
          },
          "sensitive_attributes": [],
          "identity_schema_version": 0,
          "private": "eyJlMmJmYjczMC1lY2FhLTExZTYtOGY4OC0zNDM2M2JjN2M0YzAiOnsiY3JlYXRlIjoxMjAwMDAwMDAwMDAwLCJkZWxldGUiOjEyMDAwMDAwMDAwMDAsInVwZGF0ZSI6MTIwMDAwMDAwMDAwMH19",
          "dependencies": [
            "aws_vpc.main"
          ]
        }
      ]
    },
    {
      "mode": "managed",
      "type": "aws_key_pair",
      "name": "this",
      "provider": "provider[\"registry.terraform.io/hashicorp/aws\"]",
      "instances": [
        {
          "index_key": 0,
          "schema_version": 1,
          "attributes": {
            "arn": "arn:aws:ec2:us-east-1:697755754723:key-pair/gradflow-users",
            "fingerprint": "74:e1:e1:10:61:4a:2b:99:69:3f:89:39:88:3e:29:9b",
            "id": "gradflow-users",
            "key_name": "gradflow-users",
            "key_name_prefix": "",
            "key_pair_id": "key-0885867e396a214cf",
            "key_type": "rsa",
            "public_key": "ssh-rsa AAAAB3NzaC1yc2EAAAADAQABAAACAQDk648XJ5ylnBxkkhnYLOivVPfsm0euMZjxCAL5fWY1TxQ80n1fsIEXM9XHRfIAurOJTYFHGLxl0A/zxWgQTypRyQ/AfNUvcI8dssr9pvup07ozScXZypNV5FV1WsYKAn8ivtJ52CKsbSdTryzWY8xSWi5uEzD9VM7THNRsipU45dgj5UQTOLsEHxnKf6qky++ibLwahk2+MC8JEieYRgi9ndllBG1vh2T248V8tgHPdX0+Mcr+uzD9hnZomgL09HUJ4/Zl6o+mgRXgUDnRKs1ZCHaRqu7DSBZwDMS+3pXev0Inm3RYLeg8yuMNNMIfALLrG1W8CQiZmmrUI1oh4QieCIWE0njpa7f4us7EsFdGH2nUGfPguWI+7EecWgMMkoc50wpRPHISJVKZR3fFe6jNzz44cQGtB2vVUDGwFl6C4KFKerfiCGjySoxb2P/G9j9WHPtSmVYc2+Id9TvedOAYqCUY/kihF7Kdxgqlmb90lpjD6ZhyvpLqXjV2KGTr0xMx6BEqoogUhHenwhzB18L8UAxBZ/+cs3RrQMNxKydIJ/Wd8MhvLtgxWykXEdV//d170qK8d5S0wi0n5toyAPf7/cIiMuOh9s5nlvwtVYCRVYCtA6PvFoUmdrqMaja6LoGI9V1ysWUPQaXsHYNfwWAl/JjWkj3A69YBToUGntHxkw==",
            "region": "us-east-1",
            "tags": null,
            "tags_all": {
              "Environment": "users",
              "ManagedBy": "Terraform",
              "Project": "GradFlow"
            }
          },
          "sensitive_attributes": [],
          "identity_schema_version": 0,
          "private": "eyJzY2hlbWFfdmVyc2lvbiI6IjEifQ==",
          "dependencies": [
            "tls_private_key.this"
          ]
        }
      ]
    },
    {
      "mode": "managed",
      "type": "aws_launch_template",
      "name": "app",
      "provider": "provider[\"registry.terraform.io/hashicorp/aws\"]",
      "instances": [
        {
          "schema_version": 1,
          "attributes": {
            "arn": "arn:aws:ec2:us-east-1:697755754723:launch-template/lt-0ccb67b4a9ea57f23",
            "block_device_mappings": [],
            "capacity_reservation_specification": [],
            "cpu_options": [],
            "credit_specification": [],
            "default_version": 1,
            "description": "",
            "disable_api_stop": false,
            "disable_api_termination": false,
            "ebs_optimized": "",
            "enclave_options": [],
            "hibernation_options": [],
            "iam_instance_profile": [],
            "id": "lt-0ccb67b4a9ea57f23",
            "image_id": "ami-0ecb62995f68bb549",
            "instance_initiated_shutdown_behavior": "",
            "instance_market_options": [],
            "instance_requirements": [],
            "instance_type": "t3.micro",
            "kernel_id": "",
            "key_name": "gradflow-users",
            "latest_version": 1,
            "license_specification": [],
            "maintenance_options": [],
            "metadata_options": [],
            "monitoring": [],
            "name": "users-app-20260122202708991300000002",
            "name_prefix": "users-app-",
            "network_interfaces": [],
            "placement": [],
            "private_dns_name_options": [],
            "ram_disk_id": "",
            "region": "us-east-1",
            "security_group_names": null,
            "tag_specifications": [],
            "tags": null,
            "tags_all": {
              "Environment": "users",
              "ManagedBy": "Terraform",
              "Project": "GradFlow"
            },
            "update_default_version": null,
            "user_data": "IyEvYmluL2Jhc2gKIyBVc2VyIERhdGEgc2NyaXB0IHRlbXBsYXRlIGZvciBFQzIgaW5zdGFuY2VzCiMgVmFyaWFibGVzIGFyZSBpbmplY3RlZCBieSBUZXJyYWZvcm0gdGVtcGxhdGVmaWxlKCkgZnVuY3Rpb24KIyBUaGlzIHNjcmlwdCBpbnN0YWxscyBOR0lOWCBhcyByZXZlcnNlIHByb3h5IGFuZCBkZXBsb3lzIDUgdXNlcnMgbWljcm9zZXJ2aWNlcwoKc2V0IC1ldW8gcGlwZWZhaWwKCmV4cG9ydCBERUJJQU5fRlJPTlRFTkQ9bm9uaW50ZXJhY3RpdmUKCkxPR19GSUxFPSIvdmFyL2xvZy91c2VyX2RhdGEubG9nIgpleGVjID4gPih0ZWUgLWEgJExPR19GSUxFKQpleGVjIDI+JjEKCmVjaG8gIj09PSBVc2VyIERhdGEgU2NyaXB0IFN0YXJ0ZWQgPT09IgplY2hvICJUaW1lc3RhbXA6ICQoZGF0ZSkiCgojIEluc3RhbGwgRG9ja2VyIGFuZCBOR0lOWAphcHQtZ2V0IHVwZGF0ZSAteQphcHQtZ2V0IGluc3RhbGwgLXkgZG9ja2VyLmlvIGN1cmwganEgbmdpbngKCnN5c3RlbWN0bCBlbmFibGUgZG9ja2VyCnN5c3RlbWN0bCBzdGFydCBkb2NrZXIKCnN5c3RlbWN0bCBlbmFibGUgbmdpbngKIyBEb24ndCBzdGFydCBOR0lOWCB5ZXQgLSB3ZSdsbCBzdGFydCBpdCBhZnRlciBjb250YWluZXJzIGFyZSByZWFkeQoKIyBBbGxvdyBkb2NrZXIgd2l0aG91dCBzdWRvCnVzZXJtb2QgLWFHIGRvY2tlciB1YnVudHUKCmVjaG8gIkRvY2tlciBpbnN0YWxsZWQ6ICQoZG9ja2VyIC0tdmVyc2lvbikiCmVjaG8gIk5HSU5YIGluc3RhbGxlZDogJChuZ2lueCAtdiAyPiYxKSIKCiMgRG9ja2VyIEh1YiBsb2dpbiBpZiBjcmVkZW50aWFscyBwcm92aWRlZAppZiBbIC1uICJsZXZpYXRoYW4xMTkiIF0gJiYgWyAtbiAiZGNrcl9wYXRfV2pBN0lHTEhkTHhrTHY3cktCZEhrZXZ3VlE0IiBdOyB0aGVuCiAgZWNobyAiZGNrcl9wYXRfV2pBN0lHTEhkTHhrTHY3cktCZEhrZXZ3VlE0IiB8IGRvY2tlciBsb2dpbiAtdSAibGV2aWF0aGFuMTE5IiAtLXBhc3N3b3JkLXN0ZGluIHx8IHRydWUKICBlY2hvICJEb2NrZXIgSHViIGxvZ2luIGNvbXBsZXRlZCIKZmkKCiMgQ3JlYXRlIC5lbnYgZmlsZSB3aXRoIFRlcnJhZm9ybSB2YXJpYWJsZXMKY2F0ID4gL2hvbWUvdWJ1bnR1Ly5lbnYgPDxFTlZGSUxFCiMgRGF0YWJhc2UgQ29uZmlndXJhdGlvbgpEQl9IT1NUPWF3cy0xLXVzLWVhc3QtMS5wb29sZXIuc3VwYWJhc2UuY29tCkRCX1VTRVI9cG9zdGdyZXMuemJqcHh0aWFiZHN2cndmeXRmbGQKREJfUEFTU1dPUkQ9VGVuZ291bmN1ZXJub2RlbWFtdXQxNTA2CkRCX05BTUU9cG9zdGdyZXMKREJfUE9SVD01NDMyCgojIFNlcnZpY2UgQ29uZmlndXJhdGlvbgpOT0RFX0VOVj1wcm9kdWN0aW9uCgojIEFQSSBHYXRld2F5IFVSTCAodXNlIExvYWQgQmFsYW5jZXIgRE5TIC0gQVBJIEdhdGV3YXkgaXMgaW4gYW5vdGhlciBhY2NvdW50KQpBUElfR0FURVdBWV9VUkw9aHR0cDovL3VzZXJzLWxiLTIzNjA3MzQ0LnVzLWVhc3QtMS5lbGIuYW1hem9uYXdzLmNvbQoKIyBTZXJ2aWNlIFVSTHMgKHVzZSBMb2FkIEJhbGFuY2VyIEROUyBmb3IgYWxsIHNlcnZpY2VzKQpVU0VSU19DUkVBVEVfVVJMPWh0dHA6Ly91c2Vycy1sYi0yMzYwNzM0NC51cy1lYXN0LTEuZWxiLmFtYXpvbmF3cy5jb20KVVNFUlNfREVMRVRFX1VSTD1odHRwOi8vdXNlcnMtbGItMjM2MDczNDQudXMtZWFzdC0xLmVsYi5hbWF6b25hd3MuY29tClVTRVJTX0xJU1RfVVJMPWh0dHA6Ly91c2Vycy1sYi0yMzYwNzM0NC51cy1lYXN0LTEuZWxiLmFtYXpvbmF3cy5jb20KVVNFUlNfU0VBUkNIX1VSTD1odHRwOi8vdXNlcnMtbGItMjM2MDczNDQudXMtZWFzdC0xLmVsYi5hbWF6b25hd3MuY29tClVTRVJTX1VQREFURV9VUkw9aHR0cDovL3VzZXJzLWxiLTIzNjA3MzQ0LnVzLWVhc3QtMS5lbGIuYW1hem9uYXdzLmNvbQpBVVRIX0xPR0lOX1VSTD1odHRwOi8vdXNlcnMtbGItMjM2MDczNDQudXMtZWFzdC0xLmVsYi5hbWF6b25hd3MuY29tCkFVVEhfUk9MX1VSTD1odHRwOi8vdXNlcnMtbGItMjM2MDczNDQudXMtZWFzdC0xLmVsYi5hbWF6b25hd3MuY29tCkFVVEhfTUVfVVJMPWh0dHA6Ly91c2Vycy1sYi0yMzYwNzM0NC51cy1lYXN0LTEuZWxiLmFtYXpvbmF3cy5jb20KRklMRV9TRVJWSUNFX0lOSVRfVVJMPWh0dHA6Ly91c2Vycy1sYi0yMzYwNzM0NC51cy1lYXN0LTEuZWxiLmFtYXpvbmF3cy5jb20KRklMRV9TRVJWSUNFX1VQREFURV9VUkw9aHR0cDovL3VzZXJzLWxiLTIzNjA3MzQ0LnVzLWVhc3QtMS5lbGIuYW1hem9uYXdzLmNvbQpGSUxFX1NFUlZJQ0VfVVBMT0FEX1VSTD1odHRwOi8vdXNlcnMtbGItMjM2MDczNDQudXMtZWFzdC0xLmVsYi5hbWF6b25hd3MuY29tCkZJTEVfU0VSVklDRV9MSVNUX1VSTD1odHRwOi8vdXNlcnMtbGItMjM2MDczNDQudXMtZWFzdC0xLmVsYi5hbWF6b25hd3MuY29tCkZJTEVfU0VSVklDRV9ET1dOTE9BRF9VUkw9aHR0cDovL3VzZXJzLWxiLTIzNjA3MzQ0LnVzLWVhc3QtMS5lbGIuYW1hem9uYXdzLmNvbQoKIyBKV1QgQ29uZmlndXJhdGlvbgpKV1RfU0VDUkVUPVRlbmdvdW5jdWVybm9kZW1hbXV0MjkwMQpKV1RfRVhQSVJFU19JTj0yNGgKRU5WRklMRQoKY2hvd24gdWJ1bnR1OnVidW50dSAvaG9tZS91YnVudHUvLmVudgpjaG1vZCA2MDAgL2hvbWUvdWJ1bnR1Ly5lbnYKCmVjaG8gIi5lbnYgZmlsZSBjcmVhdGVkIGF0IC9ob21lL3VidW50dS8uZW52IgplY2hvICJMb2FkIEJhbGFuY2VyIEROUzogdXNlcnMtbGItMjM2MDczNDQudXMtZWFzdC0xLmVsYi5hbWF6b25hd3MuY29tIgoKIyBDcmVhdGUgTkdJTlggY29uZmlndXJhdGlvbgpjYXQgPiAvZXRjL25naW54L2NvbmYuZC91c2Vycy5jb25mIDw8J05HSU5YQ09ORicKIyBOR0lOWCBDb25maWd1cmF0aW9uIGZvciBHcmFkRmxvdyBVc2VycyBTZXJ2aWNlcwojIFRoaXMgZmlsZSBpcyBnZW5lcmF0ZWQgYnkgdXNlci1kYXRhLXRlbXBsYXRlLnNoCgojIFVwc3RyZWFtIGRlZmluaXRpb25zIGZvciBiYWNrZW5kIHNlcnZpY2VzCnVwc3RyZWFtIHVzZXJzX2NyZWF0ZSB7CiAgICBzZXJ2ZXIgMTI3LjAuMC4xOjMwMDE7Cn0KCnVwc3RyZWFtIHVzZXJzX2RlbGV0ZSB7CiAgICBzZXJ2ZXIgMTI3LjAuMC4xOjMwMDI7Cn0KCnVwc3RyZWFtIHVzZXJzX2xpc3QgewogICAgc2VydmVyIDEyNy4wLjAuMTozMDAzOwp9Cgp1cHN0cmVhbSB1c2Vyc19zZWFyY2ggewogICAgc2VydmVyIDEyNy4wLjAuMTozMDA0Owp9Cgp1cHN0cmVhbSB1c2Vyc191cGRhdGUgewogICAgc2VydmVyIDEyNy4wLjAuMTozMDA1Owp9CgojIE1haW4gc2VydmVyIGJsb2NrCnNlcnZlciB7CiAgICBsaXN0ZW4gODA7CiAgICBzZXJ2ZXJfbmFtZSBfOwoKICAgICMgSW5jcmVhc2UgdGltZW91dHMgZm9yIGxvbmctcnVubmluZyByZXF1ZXN0cwogICAgcHJveHlfY29ubmVjdF90aW1lb3V0IDYwczsKICAgIHByb3h5X3NlbmRfdGltZW91dCA2MHM7CiAgICBwcm94eV9yZWFkX3RpbWVvdXQgNjBzOwoKICAgICMgQnVmZmVyIHNldHRpbmdzCiAgICBwcm94eV9idWZmZXJpbmcgb247CiAgICBwcm94eV9idWZmZXJfc2l6ZSA0azsKICAgIHByb3h5X2J1ZmZlcnMgOCA0azsKICAgIHByb3h5X2J1c3lfYnVmZmVyc19zaXplIDhrOwoKICAgICMgSGVhZGVycyBmb3IgcHJvcGVyIHByb3h5IGJlaGF2aW9yCiAgICBwcm94eV9zZXRfaGVhZGVyIEhvc3QgJGhvc3Q7CiAgICBwcm94eV9zZXRfaGVhZGVyIFgtUmVhbC1JUCAkcmVtb3RlX2FkZHI7CiAgICBwcm94eV9zZXRfaGVhZGVyIFgtRm9yd2FyZGVkLUZvciAkcHJveHlfYWRkX3hfZm9yd2FyZGVkX2ZvcjsKICAgIHByb3h5X3NldF9oZWFkZXIgWC1Gb3J3YXJkZWQtUHJvdG8gJHNjaGVtZTsKICAgIHByb3h5X3NldF9oZWFkZXIgWC1Gb3J3YXJkZWQtSG9zdCAkaG9zdDsKICAgIHByb3h5X3NldF9oZWFkZXIgWC1Gb3J3YXJkZWQtUG9ydCAkc2VydmVyX3BvcnQ7CgogICAgIyBSb3V0ZSAvYXBpL3VzZXJzL2NyZWF0ZSB0byB1c2Vycy1jcmVhdGUgc2VydmljZQogICAgbG9jYXRpb24gL2FwaS91c2Vycy9jcmVhdGUgewogICAgICAgIHByb3h5X3Bhc3MgaHR0cDovL3VzZXJzX2NyZWF0ZS9hcGkvdXNlcnM7CiAgICAgICAgcHJveHlfaHR0cF92ZXJzaW9uIDEuMTsKICAgICAgICBwcm94eV9zZXRfaGVhZGVyIENvbm5lY3Rpb24gIiI7CiAgICB9CgogICAgIyBSb3V0ZSAvYXBpL3VzZXJzL2RlbGV0ZSB0byB1c2Vycy1kZWxldGUgc2VydmljZQogICAgbG9jYXRpb24gfiBeL2FwaS91c2Vycy8oW14vXSspL2RlbGV0ZSQgewogICAgICAgIHByb3h5X3Bhc3MgaHR0cDovL3VzZXJzX2RlbGV0ZS9hcGkvdXNlcnMvJDE7CiAgICAgICAgcHJveHlfaHR0cF92ZXJzaW9uIDEuMTsKICAgICAgICBwcm94eV9zZXRfaGVhZGVyIENvbm5lY3Rpb24gIiI7CiAgICB9CgogICAgIyBSb3V0ZSAvYXBpL3VzZXJzIChsaXN0KSB0byB1c2Vycy1saXN0IHNlcnZpY2UKICAgIGxvY2F0aW9uIC9hcGkvdXNlcnMgewogICAgICAgIHByb3h5X3Bhc3MgaHR0cDovL3VzZXJzX2xpc3QvYXBpL3VzZXJzOwogICAgICAgIHByb3h5X2h0dHBfdmVyc2lvbiAxLjE7CiAgICAgICAgcHJveHlfc2V0X2hlYWRlciBDb25uZWN0aW9uICIiOwogICAgfQoKICAgICMgUm91dGUgL2FwaS91c2Vycy9zZWFyY2ggdG8gdXNlcnMtc2VhcmNoIHNlcnZpY2UKICAgIGxvY2F0aW9uIC9hcGkvdXNlcnMvc2VhcmNoIHsKICAgICAgICBwcm94eV9wYXNzIGh0dHA6Ly91c2Vyc19zZWFyY2gvYXBpL3VzZXJzL3NlYXJjaDsKICAgICAgICBwcm94eV9odHRwX3ZlcnNpb24gMS4xOwogICAgICAgIHByb3h5X3NldF9oZWFkZXIgQ29ubmVjdGlvbiAiIjsKICAgIH0KCiAgICAjIFJvdXRlIC9hcGkvdXNlcnMvdXBkYXRlIHRvIHVzZXJzLXVwZGF0ZSBzZXJ2aWNlCiAgICBsb2NhdGlvbiB+IF4vYXBpL3VzZXJzLyhbXi9dKykvdXBkYXRlJCB7CiAgICAgICAgcHJveHlfcGFzcyBodHRwOi8vdXNlcnNfdXBkYXRlL2FwaS91c2Vycy8kMTsKICAgICAgICBwcm94eV9odHRwX3ZlcnNpb24gMS4xOwogICAgICAgIHByb3h5X3NldF9oZWFkZXIgQ29ubmVjdGlvbiAiIjsKICAgIH0KCiAgICAjIEhlYWx0aCBjaGVjayBlbmRwb2ludCBmb3IgQUxCCiAgICBsb2NhdGlvbiAvIHsKICAgICAgICByZXR1cm4gMjAwICJPSyI7CiAgICAgICAgYWRkX2hlYWRlciBDb250ZW50LVR5cGUgdGV4dC9wbGFpbjsKICAgIH0KCiAgICAjIEVycm9yIHBhZ2VzCiAgICBlcnJvcl9wYWdlIDUwMiA1MDMgNTA0IC81MHguaHRtbDsKICAgIGxvY2F0aW9uID0gLzUweC5odG1sIHsKICAgICAgICByb290IC91c3Ivc2hhcmUvbmdpbngvaHRtbDsKICAgIH0KfQpOR0lOWENPTkYKCmNobW9kIDY0NCAvZXRjL25naW54L2NvbmYuZC91c2Vycy5jb25mCgojIFJlbW92ZSBkZWZhdWx0IE5HSU5YIHNpdGUKcm0gLWYgL2V0Yy9uZ2lueC9zaXRlcy1lbmFibGVkL2RlZmF1bHQKCiMgVGVzdCBOR0lOWCBjb25maWd1cmF0aW9uCm5naW54IC10IHx8IHsKICBlY2hvICJFUlJPUjogTkdJTlggY29uZmlndXJhdGlvbiB0ZXN0IGZhaWxlZCIKICBleGl0IDEKfQoKZWNobyAiTkdJTlggY29uZmlndXJhdGlvbiBjcmVhdGVkIGFuZCB2YWxpZGF0ZWQiCgojIEZ1bmN0aW9uIHRvIHN0b3AgYW5kIHJlbW92ZSBleGlzdGluZyBjb250YWluZXIKc3RvcF9hbmRfcmVtb3ZlX2NvbnRhaW5lcigpIHsKICBsb2NhbCBjb250YWluZXJfbmFtZT0kMQogIGRvY2tlciBzdG9wICIkY29udGFpbmVyX25hbWUiIDI+L2Rldi9udWxsIHx8IHRydWUKICBkb2NrZXIgcm0gIiRjb250YWluZXJfbmFtZSIgMj4vZGV2L251bGwgfHwgdHJ1ZQp9CgojIEZ1bmN0aW9uIHRvIHB1bGwgYW5kIHJ1biBjb250YWluZXIKZGVwbG95X2NvbnRhaW5lcigpIHsKICBsb2NhbCBjb250YWluZXJfbmFtZT0kMQogIGxvY2FsIGltYWdlX25hbWU9JDIKICBsb2NhbCBwb3J0PSQzCiAgbG9jYWwgZW52X2ZpbGU9Ii9ob21lL3VidW50dS8uZW52IgoKICBlY2hvICJEZXBsb3lpbmcgJGNvbnRhaW5lcl9uYW1lLi4uIgoKICAjIFN0b3AgYW5kIHJlbW92ZSBleGlzdGluZyBjb250YWluZXIKICBzdG9wX2FuZF9yZW1vdmVfY29udGFpbmVyICIkY29udGFpbmVyX25hbWUiCgogICMgUHVsbCBEb2NrZXIgaW1hZ2UKICBpZiBbIC1uICIkaW1hZ2VfbmFtZSIgXTsgdGhlbgogICAgZWNobyAiUHVsbGluZyBEb2NrZXIgaW1hZ2U6ICRpbWFnZV9uYW1lIgogICAgZG9ja2VyIHB1bGwgIiRpbWFnZV9uYW1lIiB8fCB7CiAgICAgIGVjaG8gIldhcm5pbmc6IEZhaWxlZCB0byBwdWxsIGltYWdlICRpbWFnZV9uYW1lIgogICAgICByZXR1cm4gMQogICAgfQogIGVsc2UKICAgIGVjaG8gIldhcm5pbmc6IE5vIGltYWdlIHNwZWNpZmllZCBmb3IgJGNvbnRhaW5lcl9uYW1lLCBza2lwcGluZyIKICAgIHJldHVybiAxCiAgZmkKCiAgIyBSdW4gY29udGFpbmVyCiAgZG9ja2VyIHJ1biAtZCBcCiAgICAtLW5hbWUgIiRjb250YWluZXJfbmFtZSIgXAogICAgLS1yZXN0YXJ0IGFsd2F5cyBcCiAgICAtcCAwLjAuMC4wOiRwb3J0OiRwb3J0IFwKICAgIC0tZW52LWZpbGUgIiRlbnZfZmlsZSIgXAogICAgIiRpbWFnZV9uYW1lIiB8fCB7CiAgICAgIGVjaG8gIldhcm5pbmc6IEZhaWxlZCB0byBzdGFydCBjb250YWluZXIgJGNvbnRhaW5lcl9uYW1lIgogICAgICByZXR1cm4gMQogICAgfQoKICBlY2hvICJDb250YWluZXIgJGNvbnRhaW5lcl9uYW1lIHN0YXJ0ZWQgb24gcG9ydCAkcG9ydCAobG9jYWxob3N0IG9ubHkpIgogIGRvY2tlciBwcyAtLWZpbHRlciAibmFtZT0kY29udGFpbmVyX25hbWUiIC0tZm9ybWF0ICJ7ey5OYW1lc319OiB7ey5TdGF0dXN9fSIKfQoKIyBEZXBsb3kgYWxsIDUgdXNlcnMgY29udGFpbmVycwpkZXBsb3lfY29udGFpbmVyICJ1c2Vycy1jcmVhdGUiICJsZXZpYXRoYW4xMTkvZ3JhZGZsb3ctdXNlcnMtY3JlYXRlOmxhdGVzdCIgMzAwMSB8fCB0cnVlCmRlcGxveV9jb250YWluZXIgInVzZXJzLWRlbGV0ZSIgImxldmlhdGhhbjExOS9ncmFkZmxvdy11c2Vycy1kZWxldGU6bGF0ZXN0IiAzMDAyIHx8IHRydWUKZGVwbG95X2NvbnRhaW5lciAidXNlcnMtbGlzdCIgImxldmlhdGhhbjExOS9ncmFkZmxvdy11c2Vycy1saXN0OmxhdGVzdCIgMzAwMyB8fCB0cnVlCmRlcGxveV9jb250YWluZXIgInVzZXJzLXNlYXJjaCIgImxldmlhdGhhbjExOS9ncmFkZmxvdy11c2Vycy1zZWFyY2g6bGF0ZXN0IiAzMDA0IHx8IHRydWUKZGVwbG95X2NvbnRhaW5lciAidXNlcnMtdXBkYXRlIiAibGV2aWF0aGFuMTE5L2dyYWRmbG93LXVzZXJzLXVwZGF0ZTpsYXRlc3QiIDMwMDUgfHwgdHJ1ZQoKIyBXYWl0IGEgZmV3IHNlY29uZHMgZm9yIGNvbnRhaW5lcnMgdG8gYmUgcmVhZHkKZWNobyAiV2FpdGluZyBmb3IgY29udGFpbmVycyB0byBpbml0aWFsaXplLi4uIgpzbGVlcCAxMAoKIyBWZXJpZnkgY29udGFpbmVycyBhcmUgcnVubmluZwplY2hvICJDb250YWluZXIgc3RhdHVzOiIKZG9ja2VyIHBzIC0tZm9ybWF0ICJ0YWJsZSB7ey5OYW1lc319XHR7ey5TdGF0dXN9fVx0e3suUG9ydHN9fSIKCiMgU3RhcnQgTkdJTlggKGFmdGVyIGNvbnRhaW5lcnMgYXJlIGRlcGxveWVkKQplY2hvICJTdGFydGluZyBOR0lOWC4uLiIKc3lzdGVtY3RsIHN0YXJ0IG5naW54CnN5c3RlbWN0bCBzdGF0dXMgbmdpbnggLS1uby1wYWdlciB8fCBlY2hvICJXYXJuaW5nOiBOR0lOWCBtYXkgbm90IGhhdmUgc3RhcnRlZCBjb3JyZWN0bHkiCgojIFZlcmlmeSBOR0lOWCBpcyBydW5uaW5nCmlmIHN5c3RlbWN0bCBpcy1hY3RpdmUgLS1xdWlldCBuZ2lueDsgdGhlbgogIGVjaG8gIk5HSU5YIGlzIHJ1bm5pbmcgc3VjY2Vzc2Z1bGx5IgplbHNlCiAgZWNobyAiRVJST1I6IE5HSU5YIGZhaWxlZCB0byBzdGFydCIKICBzeXN0ZW1jdGwgc3RhdHVzIG5naW54IC0tbm8tcGFnZXIKICBleGl0IDEKZmkKCiMgVGVzdCBOR0lOWCBjYW4gcmVhY2ggY29udGFpbmVycwplY2hvICJUZXN0aW5nIE5HSU5YIGNvbm5lY3Rpdml0eSB0byBjb250YWluZXJzLi4uIgpzbGVlcCA1CgojIFRlc3QgaGVhbHRoIGVuZHBvaW50IHRocm91Z2ggTkdJTlgKY3VybCAtZiBodHRwOi8vbG9jYWxob3N0LyA+IC9kZXYvbnVsbCAyPiYxICYmIGVjaG8gIuKckyBOR0lOWCBoZWFsdGggY2hlY2sgd29ya2luZyIgfHwgZWNobyAi4pqgIE5HSU5YIGhlYWx0aCBjaGVjayBmYWlsZWQiCgojIENsZWFudXAgdW51c2VkIGltYWdlcwpkb2NrZXIgaW1hZ2UgcHJ1bmUgLWEgLWYgfHwgdHJ1ZQoKZWNobyAiPT09IFVzZXIgRGF0YSBTY3JpcHQgQ29tcGxldGVkID09PSIKZWNobyAiVGltZXN0YW1wOiAkKGRhdGUpIgplY2hvICIiCmVjaG8gIlN1bW1hcnk6IgplY2hvICItIE5HSU5YIGluc3RhbGxlZCBhbmQgY29uZmlndXJlZCIKZWNobyAiLSA1IHVzZXJzIGNvbnRhaW5lcnMgZGVwbG95ZWQiCmVjaG8gIi0gTkdJTlggcm91dGluZyBjb25maWd1cmVkIgplY2hvICItIEFsbCBzZXJ2aWNlcyBhY2Nlc3NpYmxlIHZpYSBBTEIgb24gcG9ydCA4MCIKZWNobyAiIgplY2hvICJGaW5hbCBjb250YWluZXIgc3RhdHVzOiIKZG9ja2VyIHBzIC0tZm9ybWF0ICJ0YWJsZSB7ey5OYW1lc319XHR7ey5TdGF0dXN9fVx0e3suUG9ydHN9fSIK",
            "vpc_security_group_ids": [
              "sg-09b3a8b34ccc0ab9a"
            ]
          },
          "sensitive_attributes": [
            [
              {
                "type": "get_attr",
                "value": "user_data"
              }
            ]
          ],
          "identity_schema_version": 0,
          "private": "eyJzY2hlbWFfdmVyc2lvbiI6IjEifQ==",
          "dependencies": [
            "aws_key_pair.this",
            "aws_lb.app",
            "aws_security_group.lb",
            "aws_security_group.web",
            "aws_subnet.public",
            "aws_vpc.main",
            "data.aws_availability_zones.available",
            "tls_private_key.this"
          ]
        }
      ]
    },
    {
      "mode": "managed",
      "type": "aws_lb",
      "name": "app",
      "provider": "provider[\"registry.terraform.io/hashicorp/aws\"]",
      "instances": [
        {
          "schema_version": 0,
          "attributes": {
            "access_logs": [
              {
                "bucket": "",
                "enabled": false,
                "prefix": ""
              }
            ],
            "arn": "arn:aws:elasticloadbalancing:us-east-1:697755754723:loadbalancer/app/users-lb/2cb07d92eeb14144",
            "arn_suffix": "app/users-lb/2cb07d92eeb14144",
            "client_keep_alive": 3600,
            "connection_logs": [
              {
                "bucket": "",
                "enabled": false,
                "prefix": ""
              }
            ],
            "customer_owned_ipv4_pool": "",
            "desync_mitigation_mode": "defensive",
            "dns_name": "users-lb-23607344.us-east-1.elb.amazonaws.com",
            "dns_record_client_routing_policy": null,
            "drop_invalid_header_fields": false,
            "enable_cross_zone_load_balancing": true,
            "enable_deletion_protection": false,
            "enable_http2": true,
            "enable_tls_version_and_cipher_suite_headers": false,
            "enable_waf_fail_open": false,
            "enable_xff_client_port": false,
            "enable_zonal_shift": false,
            "enforce_security_group_inbound_rules_on_private_link_traffic": "",
            "health_check_logs": [
              {
                "bucket": "",
                "enabled": false,
                "prefix": ""
              }
            ],
            "id": "arn:aws:elasticloadbalancing:us-east-1:697755754723:loadbalancer/app/users-lb/2cb07d92eeb14144",
            "idle_timeout": 60,
            "internal": false,
            "ip_address_type": "ipv4",
            "ipam_pools": [],
            "load_balancer_type": "application",
            "minimum_load_balancer_capacity": [],
            "name": "users-lb",
            "name_prefix": "",
            "preserve_host_header": false,
            "region": "us-east-1",
            "secondary_ips_auto_assigned_per_subnet": null,
            "security_groups": [
              "sg-09bdd14021384947b"
            ],
            "subnet_mapping": [
              {
                "allocation_id": "",
                "ipv6_address": "",
                "outpost_id": "",
                "private_ipv4_address": "",
                "subnet_id": "subnet-02e94f06cc1fadb49"
              },
              {
                "allocation_id": "",
                "ipv6_address": "",
                "outpost_id": "",
                "private_ipv4_address": "",
                "subnet_id": "subnet-0bd5030233adfd02a"
              }
            ],
            "subnets": [
              "subnet-02e94f06cc1fadb49",
              "subnet-0bd5030233adfd02a"
            ],
            "tags": {
              "Name": "users-application-lb"
            },
            "tags_all": {
              "Environment": "users",
              "ManagedBy": "Terraform",
              "Name": "users-application-lb",
              "Project": "GradFlow"
            },
            "timeouts": null,
            "vpc_id": "vpc-09164aacd4a9e47d1",
            "xff_header_processing_mode": "append",
            "zone_id": "Z35SXDOTRQ7X7K"
          },
          "sensitive_attributes": [],
          "identity_schema_version": 0,
          "identity": {
            "arn": "arn:aws:elasticloadbalancing:us-east-1:697755754723:loadbalancer/app/users-lb/2cb07d92eeb14144"
          },
          "private": "eyJlMmJmYjczMC1lY2FhLTExZTYtOGY4OC0zNDM2M2JjN2M0YzAiOnsiY3JlYXRlIjo2MDAwMDAwMDAwMDAsImRlbGV0ZSI6NjAwMDAwMDAwMDAwLCJ1cGRhdGUiOjYwMDAwMDAwMDAwMH19",
          "dependencies": [
            "aws_security_group.lb",
            "aws_subnet.public",
            "aws_vpc.main",
            "data.aws_availability_zones.available"
          ]
        }
      ]
    },
    {
      "mode": "managed",
      "type": "aws_lb_listener",
      "name": "http",
      "provider": "provider[\"registry.terraform.io/hashicorp/aws\"]",
      "instances": [
        {
          "schema_version": 0,
          "attributes": {
            "alpn_policy": null,
            "arn": "arn:aws:elasticloadbalancing:us-east-1:697755754723:listener/app/users-lb/2cb07d92eeb14144/9f5f8483f8e6cc3e",
            "certificate_arn": null,
            "default_action": [
              {
                "authenticate_cognito": [],
                "authenticate_oidc": [],
                "fixed_response": [],
                "forward": [],
                "jwt_validation": [],
                "order": 1,
                "redirect": [],
                "target_group_arn": "arn:aws:elasticloadbalancing:us-east-1:697755754723:targetgroup/users-tg/45d7f4892c9c54f4",
                "type": "forward"
              }
            ],
            "id": "arn:aws:elasticloadbalancing:us-east-1:697755754723:listener/app/users-lb/2cb07d92eeb14144/9f5f8483f8e6cc3e",
            "load_balancer_arn": "arn:aws:elasticloadbalancing:us-east-1:697755754723:loadbalancer/app/users-lb/2cb07d92eeb14144",
            "mutual_authentication": [],
            "port": 80,
            "protocol": "HTTP",
            "region": "us-east-1",
            "routing_http_request_x_amzn_mtls_clientcert_header_name": null,
            "routing_http_request_x_amzn_mtls_clientcert_issuer_header_name": null,
            "routing_http_request_x_amzn_mtls_clientcert_leaf_header_name": null,
            "routing_http_request_x_amzn_mtls_clientcert_serial_number_header_name": null,
            "routing_http_request_x_amzn_mtls_clientcert_subject_header_name": null,
            "routing_http_request_x_amzn_mtls_clientcert_validity_header_name": null,
            "routing_http_request_x_amzn_tls_cipher_suite_header_name": null,
            "routing_http_request_x_amzn_tls_version_header_name": null,
            "routing_http_response_access_control_allow_credentials_header_value": "",
            "routing_http_response_access_control_allow_headers_header_value": "",
            "routing_http_response_access_control_allow_methods_header_value": "",
            "routing_http_response_access_control_allow_origin_header_value": "",
            "routing_http_response_access_control_expose_headers_header_value": "",
            "routing_http_response_access_control_max_age_header_value": "",
            "routing_http_response_content_security_policy_header_value": "",
            "routing_http_response_server_enabled": true,
            "routing_http_response_strict_transport_security_header_value": "",
            "routing_http_response_x_content_type_options_header_value": "",
            "routing_http_response_x_frame_options_header_value": "",
            "ssl_policy": "",
            "tags": null,
            "tags_all": {
              "Environment": "users",
              "ManagedBy": "Terraform",
              "Project": "GradFlow"
            },
            "tcp_idle_timeout_seconds": null,
            "timeouts": null
          },
          "sensitive_attributes": [],
          "identity_schema_version": 0,
          "identity": {
            "arn": "arn:aws:elasticloadbalancing:us-east-1:697755754723:listener/app/users-lb/2cb07d92eeb14144/9f5f8483f8e6cc3e"
          },
          "private": "eyJlMmJmYjczMC1lY2FhLTExZTYtOGY4OC0zNDM2M2JjN2M0YzAiOnsiY3JlYXRlIjozMDAwMDAwMDAwMDAsInVwZGF0ZSI6MzAwMDAwMDAwMDAwfX0=",
          "dependencies": [
            "aws_lb.app",
            "aws_lb_target_group.app",
            "aws_security_group.lb",
            "aws_subnet.public",
            "aws_vpc.main",
            "data.aws_availability_zones.available"
          ]
        }
      ]
    },
    {
      "mode": "managed",
      "type": "aws_lb_target_group",
      "name": "app",
      "provider": "provider[\"registry.terraform.io/hashicorp/aws\"]",
      "instances": [
        {
          "schema_version": 0,
          "attributes": {
            "arn": "arn:aws:elasticloadbalancing:us-east-1:697755754723:targetgroup/users-tg/45d7f4892c9c54f4",
            "arn_suffix": "targetgroup/users-tg/45d7f4892c9c54f4",
            "connection_termination": null,
            "deregistration_delay": "300",
            "health_check": [
              {
                "enabled": true,
                "healthy_threshold": 2,
                "interval": 60,
                "matcher": "200,404",
                "path": "/",
                "port": "traffic-port",
                "protocol": "HTTP",
                "timeout": 10,
                "unhealthy_threshold": 5
              }
            ],
            "id": "arn:aws:elasticloadbalancing:us-east-1:697755754723:targetgroup/users-tg/45d7f4892c9c54f4",
            "ip_address_type": "ipv4",
            "lambda_multi_value_headers_enabled": false,
            "load_balancer_arns": [],
            "load_balancing_algorithm_type": "round_robin",
            "load_balancing_anomaly_mitigation": "off",
            "load_balancing_cross_zone_enabled": "use_load_balancer_configuration",
            "name": "users-tg",
            "name_prefix": "",
            "port": 80,
            "preserve_client_ip": null,
            "protocol": "HTTP",
            "protocol_version": "HTTP1",
            "proxy_protocol_v2": false,
            "region": "us-east-1",
            "slow_start": 0,
            "stickiness": [
              {
                "cookie_duration": 86400,
                "cookie_name": "",
                "enabled": false,
                "type": "lb_cookie"
              }
            ],
            "tags": {
              "Name": "users-target-group"
            },
            "tags_all": {
              "Environment": "users",
              "ManagedBy": "Terraform",
              "Name": "users-target-group",
              "Project": "GradFlow"
            },
            "target_control_port": 0,
            "target_failover": [
              {
                "on_deregistration": null,
                "on_unhealthy": null
              }
            ],
            "target_group_health": [
              {
                "dns_failover": [
                  {
                    "minimum_healthy_targets_count": "1",
                    "minimum_healthy_targets_percentage": "off"
                  }
                ],
                "unhealthy_state_routing": [
                  {
                    "minimum_healthy_targets_count": 1,
                    "minimum_healthy_targets_percentage": "off"
                  }
                ]
              }
            ],
            "target_health_state": [
              {
                "enable_unhealthy_connection_termination": null,
                "unhealthy_draining_interval": null
              }
            ],
            "target_type": "instance",
            "vpc_id": "vpc-09164aacd4a9e47d1"
          },
          "sensitive_attributes": [],
          "identity_schema_version": 0,
          "identity": {
            "arn": "arn:aws:elasticloadbalancing:us-east-1:697755754723:targetgroup/users-tg/45d7f4892c9c54f4"
          },
          "private": "bnVsbA==",
          "dependencies": [
            "aws_vpc.main"
          ]
        }
      ]
    },
    {
      "mode": "managed",
      "type": "aws_route_table",
      "name": "public",
      "provider": "provider[\"registry.terraform.io/hashicorp/aws\"]",
      "instances": [
        {
          "schema_version": 0,
          "attributes": {
            "arn": "arn:aws:ec2:us-east-1:697755754723:route-table/rtb-02118c3d74bf5b0ad",
            "id": "rtb-02118c3d74bf5b0ad",
            "owner_id": "697755754723",
            "propagating_vgws": [],
            "region": "us-east-1",
            "route": [
              {
                "carrier_gateway_id": "",
                "cidr_block": "0.0.0.0/0",
                "core_network_arn": "",
                "destination_prefix_list_id": "",
                "egress_only_gateway_id": "",
                "gateway_id": "igw-0f0f4502c626ae700",
                "ipv6_cidr_block": "",
                "local_gateway_id": "",
                "nat_gateway_id": "",
                "network_interface_id": "",
                "transit_gateway_id": "",
                "vpc_endpoint_id": "",
                "vpc_peering_connection_id": ""
              }
            ],
            "tags": null,
            "tags_all": {
              "Environment": "users",
              "ManagedBy": "Terraform",
              "Project": "GradFlow"
            },
            "timeouts": null,
            "vpc_id": "vpc-09164aacd4a9e47d1"
          },
          "sensitive_attributes": [],
          "identity_schema_version": 0,
          "identity": {
            "account_id": "697755754723",
            "id": "rtb-02118c3d74bf5b0ad",
            "region": "us-east-1"
          },
          "private": "eyJlMmJmYjczMC1lY2FhLTExZTYtOGY4OC0zNDM2M2JjN2M0YzAiOnsiY3JlYXRlIjozMDAwMDAwMDAwMDAsImRlbGV0ZSI6MzAwMDAwMDAwMDAwLCJ1cGRhdGUiOjEyMDAwMDAwMDAwMH19",
          "dependencies": [
            "aws_internet_gateway.igw",
            "aws_vpc.main"
          ]
        }
      ]
    },
    {
      "mode": "managed",
      "type": "aws_route_table_association",
      "name": "public",
      "provider": "provider[\"registry.terraform.io/hashicorp/aws\"]",
      "instances": [
        {
          "index_key": 0,
          "schema_version": 0,
          "attributes": {
            "gateway_id": "",
            "id": "rtbassoc-03c3857f104e41ec7",
            "region": "us-east-1",
            "route_table_id": "rtb-02118c3d74bf5b0ad",
            "subnet_id": "subnet-0bd5030233adfd02a",
            "timeouts": null
          },
          "sensitive_attributes": [],
          "identity_schema_version": 0,
          "private": "eyJlMmJmYjczMC1lY2FhLTExZTYtOGY4OC0zNDM2M2JjN2M0YzAiOnsiY3JlYXRlIjozMDAwMDAwMDAwMDAsImRlbGV0ZSI6MzAwMDAwMDAwMDAwLCJ1cGRhdGUiOjEyMDAwMDAwMDAwMH19",
          "dependencies": [
            "aws_internet_gateway.igw",
            "aws_route_table.public",
            "aws_subnet.public",
            "aws_vpc.main",
            "data.aws_availability_zones.available"
          ]
        },
        {
          "index_key": 1,
          "schema_version": 0,
          "attributes": {
            "gateway_id": "",
            "id": "rtbassoc-0c7febe0077937c42",
            "region": "us-east-1",
            "route_table_id": "rtb-02118c3d74bf5b0ad",
            "subnet_id": "subnet-02e94f06cc1fadb49",
            "timeouts": null
          },
          "sensitive_attributes": [],
          "identity_schema_version": 0,
          "private": "eyJlMmJmYjczMC1lY2FhLTExZTYtOGY4OC0zNDM2M2JjN2M0YzAiOnsiY3JlYXRlIjozMDAwMDAwMDAwMDAsImRlbGV0ZSI6MzAwMDAwMDAwMDAwLCJ1cGRhdGUiOjEyMDAwMDAwMDAwMH19",
          "dependencies": [
            "aws_internet_gateway.igw",
            "aws_route_table.public",
            "aws_subnet.public",
            "aws_vpc.main",
            "data.aws_availability_zones.available"
          ]
        }
      ]
    },
    {
      "mode": "managed",
      "type": "aws_security_group",
      "name": "lb",
      "provider": "provider[\"registry.terraform.io/hashicorp/aws\"]",
      "instances": [
        {
          "schema_version": 1,
          "attributes": {
            "arn": "arn:aws:ec2:us-east-1:697755754723:security-group/sg-09bdd14021384947b",
            "description": "Managed by Terraform",
            "egress": [
              {
                "cidr_blocks": [
                  "0.0.0.0/0"
                ],
                "description": "",
                "from_port": 0,
                "ipv6_cidr_blocks": [],
                "prefix_list_ids": [],
                "protocol": "-1",
                "security_groups": [],
                "self": false,
                "to_port": 0
              }
            ],
            "id": "sg-09bdd14021384947b",
            "ingress": [
              {
                "cidr_blocks": [
                  "0.0.0.0/0"
                ],
                "description": "",
                "from_port": 80,
                "ipv6_cidr_blocks": [],
                "prefix_list_ids": [],
                "protocol": "tcp",
                "security_groups": [],
                "self": false,
                "to_port": 80
              }
            ],
            "name": "lb_sg",
            "name_prefix": "",
            "owner_id": "697755754723",
            "region": "us-east-1",
            "revoke_rules_on_delete": false,
            "tags": null,
            "tags_all": {
              "Environment": "users",
              "ManagedBy": "Terraform",
              "Project": "GradFlow"
            },
            "timeouts": null,
            "vpc_id": "vpc-09164aacd4a9e47d1"
          },
          "sensitive_attributes": [],
          "identity_schema_version": 0,
          "identity": {
            "account_id": "697755754723",
            "id": "sg-09bdd14021384947b",
            "region": "us-east-1"
          },
          "private": "eyJlMmJmYjczMC1lY2FhLTExZTYtOGY4OC0zNDM2M2JjN2M0YzAiOnsiY3JlYXRlIjo2MDAwMDAwMDAwMDAsImRlbGV0ZSI6OTAwMDAwMDAwMDAwfSwic2NoZW1hX3ZlcnNpb24iOiIxIn0=",
          "dependencies": [
            "aws_vpc.main"
          ]
        }
      ]
    },
    {
      "mode": "managed",
      "type": "aws_security_group",
      "name": "web",
      "provider": "provider[\"registry.terraform.io/hashicorp/aws\"]",
      "instances": [
        {
          "schema_version": 1,
          "attributes": {
            "arn": "arn:aws:ec2:us-east-1:697755754723:security-group/sg-09b3a8b34ccc0ab9a",
            "description": "Managed by Terraform",
            "egress": [
              {
                "cidr_blocks": [
                  "0.0.0.0/0"
                ],
                "description": "",
                "from_port": 0,
                "ipv6_cidr_blocks": [],
                "prefix_list_ids": [],
                "protocol": "-1",
                "security_groups": [],
                "self": false,
                "to_port": 0
              }
            ],
            "id": "sg-09b3a8b34ccc0ab9a",
            "ingress": [
              {
                "cidr_blocks": [
                  "0.0.0.0/0"
                ],
                "description": "SSH for CI/CD",
                "from_port": 22,
                "ipv6_cidr_blocks": [],
                "prefix_list_ids": [],
                "protocol": "tcp",
                "security_groups": [],
                "self": false,
                "to_port": 22
              },
              {
                "cidr_blocks": [],
                "description": "",
                "from_port": 80,
                "ipv6_cidr_blocks": [],
                "prefix_list_ids": [],
                "protocol": "tcp",
                "security_groups": [
                  "sg-09bdd14021384947b"
                ],
                "self": false,
                "to_port": 80
              }
            ],
            "name": "web_sg",
            "name_prefix": "",
            "owner_id": "697755754723",
            "region": "us-east-1",
            "revoke_rules_on_delete": false,
            "tags": null,
            "tags_all": {
              "Environment": "users",
              "ManagedBy": "Terraform",
              "Project": "GradFlow"
            },
            "timeouts": null,
            "vpc_id": "vpc-09164aacd4a9e47d1"
          },
          "sensitive_attributes": [],
          "identity_schema_version": 0,
          "identity": {
            "account_id": "697755754723",
            "id": "sg-09b3a8b34ccc0ab9a",
            "region": "us-east-1"
          },
          "private": "eyJlMmJmYjczMC1lY2FhLTExZTYtOGY4OC0zNDM2M2JjN2M0YzAiOnsiY3JlYXRlIjo2MDAwMDAwMDAwMDAsImRlbGV0ZSI6OTAwMDAwMDAwMDAwfSwic2NoZW1hX3ZlcnNpb24iOiIxIn0=",
          "dependencies": [
            "aws_security_group.lb",
            "aws_vpc.main"
          ]
        }
      ]
    },
    {
      "mode": "managed",
      "type": "aws_subnet",
      "name": "public",
      "provider": "provider[\"registry.terraform.io/hashicorp/aws\"]",
      "instances": [
        {
          "index_key": 0,
          "schema_version": 1,
          "attributes": {
            "arn": "arn:aws:ec2:us-east-1:697755754723:subnet/subnet-0bd5030233adfd02a",
            "assign_ipv6_address_on_creation": false,
            "availability_zone": "us-east-1a",
            "availability_zone_id": "use1-az6",
            "cidr_block": "10.0.0.0/24",
            "customer_owned_ipv4_pool": "",
            "enable_dns64": false,
            "enable_lni_at_device_index": 0,
            "enable_resource_name_dns_a_record_on_launch": false,
            "enable_resource_name_dns_aaaa_record_on_launch": false,
            "id": "subnet-0bd5030233adfd02a",
            "ipv6_cidr_block": "",
            "ipv6_cidr_block_association_id": "",
            "ipv6_native": false,
            "map_customer_owned_ip_on_launch": false,
            "map_public_ip_on_launch": true,
            "outpost_arn": "",
            "owner_id": "697755754723",
            "private_dns_hostname_type_on_launch": "ip-name",
            "region": "us-east-1",
            "tags": null,
            "tags_all": {
              "Environment": "users",
              "ManagedBy": "Terraform",
              "Project": "GradFlow"
            },
            "timeouts": null,
            "vpc_id": "vpc-09164aacd4a9e47d1"
          },
          "sensitive_attributes": [],
          "identity_schema_version": 0,
          "identity": {
            "account_id": "697755754723",
            "id": "subnet-0bd5030233adfd02a",
            "region": "us-east-1"
          },
          "private": "eyJlMmJmYjczMC1lY2FhLTExZTYtOGY4OC0zNDM2M2JjN2M0YzAiOnsiY3JlYXRlIjo2MDAwMDAwMDAwMDAsImRlbGV0ZSI6MTIwMDAwMDAwMDAwMH0sInNjaGVtYV92ZXJzaW9uIjoiMSJ9",
          "dependencies": [
            "aws_vpc.main",
            "data.aws_availability_zones.available"
          ]
        },
        {
          "index_key": 1,
          "schema_version": 1,
          "attributes": {
            "arn": "arn:aws:ec2:us-east-1:697755754723:subnet/subnet-02e94f06cc1fadb49",
            "assign_ipv6_address_on_creation": false,
            "availability_zone": "us-east-1b",
            "availability_zone_id": "use1-az1",
            "cidr_block": "10.0.1.0/24",
            "customer_owned_ipv4_pool": "",
            "enable_dns64": false,
            "enable_lni_at_device_index": 0,
            "enable_resource_name_dns_a_record_on_launch": false,
            "enable_resource_name_dns_aaaa_record_on_launch": false,
            "id": "subnet-02e94f06cc1fadb49",
            "ipv6_cidr_block": "",
            "ipv6_cidr_block_association_id": "",
            "ipv6_native": false,
            "map_customer_owned_ip_on_launch": false,
            "map_public_ip_on_launch": true,
            "outpost_arn": "",
            "owner_id": "697755754723",
            "private_dns_hostname_type_on_launch": "ip-name",
            "region": "us-east-1",
            "tags": null,
            "tags_all": {
              "Environment": "users",
              "ManagedBy": "Terraform",
              "Project": "GradFlow"
            },
            "timeouts": null,
            "vpc_id": "vpc-09164aacd4a9e47d1"
          },
          "sensitive_attributes": [],
          "identity_schema_version": 0,
          "identity": {
            "account_id": "697755754723",
            "id": "subnet-02e94f06cc1fadb49",
            "region": "us-east-1"
          },
          "private": "eyJlMmJmYjczMC1lY2FhLTExZTYtOGY4OC0zNDM2M2JjN2M0YzAiOnsiY3JlYXRlIjo2MDAwMDAwMDAwMDAsImRlbGV0ZSI6MTIwMDAwMDAwMDAwMH0sInNjaGVtYV92ZXJzaW9uIjoiMSJ9",
          "dependencies": [
            "aws_vpc.main",
            "data.aws_availability_zones.available"
          ]
        }
      ]
    },
    {
      "mode": "managed",
      "type": "aws_vpc",
      "name": "main",
      "provider": "provider[\"registry.terraform.io/hashicorp/aws\"]",
      "instances": [
        {
          "schema_version": 1,
          "attributes": {
            "arn": "arn:aws:ec2:us-east-1:697755754723:vpc/vpc-09164aacd4a9e47d1",
            "assign_generated_ipv6_cidr_block": false,
            "cidr_block": "10.0.0.0/16",
            "default_network_acl_id": "acl-066478068b07d3e1e",
            "default_route_table_id": "rtb-0786208527d97a119",
            "default_security_group_id": "sg-08d30bec51ecf1c27",
            "dhcp_options_id": "dopt-09c9a738bb79b4b08",
            "enable_dns_hostnames": false,
            "enable_dns_support": true,
            "enable_network_address_usage_metrics": false,
            "id": "vpc-09164aacd4a9e47d1",
            "instance_tenancy": "default",
            "ipv4_ipam_pool_id": null,
            "ipv4_netmask_length": null,
            "ipv6_association_id": "",
            "ipv6_cidr_block": "",
            "ipv6_cidr_block_network_border_group": "",
            "ipv6_ipam_pool_id": "",
            "ipv6_netmask_length": 0,
            "main_route_table_id": "rtb-0786208527d97a119",
            "owner_id": "697755754723",
            "region": "us-east-1",
            "tags": null,
            "tags_all": {
              "Environment": "users",
              "ManagedBy": "Terraform",
              "Project": "GradFlow"
            }
          },
          "sensitive_attributes": [],
          "identity_schema_version": 0,
          "identity": {
            "account_id": "697755754723",
            "id": "vpc-09164aacd4a9e47d1",
            "region": "us-east-1"
          },
          "private": "eyJzY2hlbWFfdmVyc2lvbiI6IjEifQ=="
        }
      ]
    },
    {
      "mode": "managed",
      "type": "local_file",
      "name": "env_users_create",
      "provider": "provider[\"registry.terraform.io/hashicorp/local\"]",
      "instances": [
        {
          "schema_version": 0,
          "attributes": {
            "content": "# Database Configuration\r\nDB_HOST=aws-1-us-east-1.pooler.supabase.com\r\nDB_USER=postgres.zbjpxtiabdsvrwfytfld\r\nDB_PASSWORD=Tengouncuernodemamut1506\r\nDB_NAME=postgres\r\nDB_PORT=5432\r\n\r\n# Service Configuration\r\nPORT=3001\r\nNODE_ENV=production\r\n\r\n# API Gateway URL (use Load Balancer DNS)\r\nAPI_GATEWAY_URL=http://users-lb-23607344.us-east-1.elb.amazonaws.com\r\n\r\n# Service URLs (use Load Balancer DNS for internal communication)\r\nUSERS_CREATE_URL=http://users-lb-23607344.us-east-1.elb.amazonaws.com\r\nUSERS_DELETE_URL=http://users-lb-23607344.us-east-1.elb.amazonaws.com\r\nUSERS_LIST_URL=http://users-lb-23607344.us-east-1.elb.amazonaws.com\r\nUSERS_SEARCH_URL=http://users-lb-23607344.us-east-1.elb.amazonaws.com\r\nUSERS_UPDATE_URL=http://users-lb-23607344.us-east-1.elb.amazonaws.com\r\nAUTH_LOGIN_URL=http://users-lb-23607344.us-east-1.elb.amazonaws.com\r\nAUTH_ROL_URL=http://users-lb-23607344.us-east-1.elb.amazonaws.com\r\nAUTH_ME_URL=http://users-lb-23607344.us-east-1.elb.amazonaws.com\r\nFILE_SERVICE_INIT_URL=http://users-lb-23607344.us-east-1.elb.amazonaws.com\r\nFILE_SERVICE_UPDATE_URL=http://users-lb-23607344.us-east-1.elb.amazonaws.com\r\nFILE_SERVICE_UPLOAD_URL=http://users-lb-23607344.us-east-1.elb.amazonaws.com\r\nFILE_SERVICE_LIST_URL=http://users-lb-23607344.us-east-1.elb.amazonaws.com\r\nFILE_SERVICE_DOWNLOAD_URL=http://users-lb-23607344.us-east-1.elb.amazonaws.com\r\n\r\n# JWT Configuration\r\nJWT_SECRET=Tengouncuernodemamut2901\r\nJWT_EXPIRES_IN=24h\r\n",
            "content_base64": null,
            "content_base64sha256": "5x/OL8B/Wijhe5v40fyKHEz6ohkk/NayEfaIvInl0NQ=",
            "content_base64sha512": "zFIwdQiGW2axtu91Ups2jM1NR5Id4iQ9x8ELt/W58a9JhxSHAuBtESXts+1bWaOyvp0oLYCO/e164ZMq3lF2xg==",
            "content_md5": "d8702f745b338d68ea2e1353a760d0e1",
            "content_sha1": "5153baaf2f8644f7fb6faf19bb986ecd6aad7108",
            "content_sha256": "e71fce2fc07f5a28e17b9bf8d1fc8a1c4cfaa21924fcd6b211f688bc89e5d0d4",
            "content_sha512": "cc52307508865b66b1b6ef75529b368ccd4d47921de2243dc7c10bb7f5b9f1af4987148702e06d1125edb3ed5b59a3b2be9d282d808efded7ae1932ade5176c6",
            "directory_permission": "0777",
            "file_permission": "0777",
            "filename": "./.env.users_create",
            "id": "5153baaf2f8644f7fb6faf19bb986ecd6aad7108",
            "sensitive_content": null,
            "source": null
          },
          "sensitive_attributes": [
            [
              {
                "type": "get_attr",
                "value": "content"
              }
            ],
            [
              {
                "type": "get_attr",
                "value": "sensitive_content"
              }
            ]
          ],
          "identity_schema_version": 0,
          "dependencies": [
            "aws_lb.app",
            "aws_security_group.lb",
            "aws_subnet.public",
            "aws_vpc.main",
            "data.aws_availability_zones.available"
          ]
        }
      ]
    },
    {
      "mode": "managed",
      "type": "local_file",
      "name": "env_users_delete",
      "provider": "provider[\"registry.terraform.io/hashicorp/local\"]",
      "instances": [
        {
          "schema_version": 0,
          "attributes": {
            "content": "# Database Configuration\r\nDB_HOST=aws-1-us-east-1.pooler.supabase.com\r\nDB_USER=postgres.zbjpxtiabdsvrwfytfld\r\nDB_PASSWORD=Tengouncuernodemamut1506\r\nDB_NAME=postgres\r\nDB_PORT=5432\r\n\r\n# Service Configuration\r\nPORT=3002\r\nNODE_ENV=production\r\n\r\n# API Gateway URL (use Load Balancer DNS)\r\nAPI_GATEWAY_URL=http://users-lb-23607344.us-east-1.elb.amazonaws.com\r\n\r\n# Service URLs (use Load Balancer DNS for internal communication)\r\nUSERS_CREATE_URL=http://users-lb-23607344.us-east-1.elb.amazonaws.com\r\nUSERS_DELETE_URL=http://users-lb-23607344.us-east-1.elb.amazonaws.com\r\nUSERS_LIST_URL=http://users-lb-23607344.us-east-1.elb.amazonaws.com\r\nUSERS_SEARCH_URL=http://users-lb-23607344.us-east-1.elb.amazonaws.com\r\nUSERS_UPDATE_URL=http://users-lb-23607344.us-east-1.elb.amazonaws.com\r\nAUTH_LOGIN_URL=http://users-lb-23607344.us-east-1.elb.amazonaws.com\r\nAUTH_ROL_URL=http://users-lb-23607344.us-east-1.elb.amazonaws.com\r\nAUTH_ME_URL=http://users-lb-23607344.us-east-1.elb.amazonaws.com\r\nFILE_SERVICE_INIT_URL=http://users-lb-23607344.us-east-1.elb.amazonaws.com\r\nFILE_SERVICE_UPDATE_URL=http://users-lb-23607344.us-east-1.elb.amazonaws.com\r\nFILE_SERVICE_UPLOAD_URL=http://users-lb-23607344.us-east-1.elb.amazonaws.com\r\nFILE_SERVICE_LIST_URL=http://users-lb-23607344.us-east-1.elb.amazonaws.com\r\nFILE_SERVICE_DOWNLOAD_URL=http://users-lb-23607344.us-east-1.elb.amazonaws.com\r\n\r\n# JWT Configuration\r\nJWT_SECRET=Tengouncuernodemamut2901\r\nJWT_EXPIRES_IN=24h\r\n",
            "content_base64": null,
            "content_base64sha256": "YNNkslC6GVNQP51KyNcpGaIiCM621vUTAwGL6xep+Ec=",
            "content_base64sha512": "FdiYVS4RAsCVJMfYJftnCWBFHGkXgxJCcsGcQ14zM+2gUaEF7cILkKuS7XGMsIVG1SZdIqx0cwmai6UUeyW/xg==",
            "content_md5": "074149232f9b5cbff1cd7f4d63d429ce",
            "content_sha1": "c2d2248c4cac785e22ef357f5570aba28a728083",
            "content_sha256": "60d364b250ba1953503f9d4ac8d72919a22208ceb6d6f51303018beb17a9f847",
            "content_sha512": "15d898552e1102c09524c7d825fb670960451c691783124272c19c435e3333eda051a105edc20b90ab92ed718cb08546d5265d22ac7473099a8ba5147b25bfc6",
            "directory_permission": "0777",
            "file_permission": "0777",
            "filename": "./.env.users_delete",
            "id": "c2d2248c4cac785e22ef357f5570aba28a728083",
            "sensitive_content": null,
            "source": null
          },
          "sensitive_attributes": [
            [
              {
                "type": "get_attr",
                "value": "content"
              }
            ],
            [
              {
                "type": "get_attr",
                "value": "sensitive_content"
              }
            ]
          ],
          "identity_schema_version": 0,
          "dependencies": [
            "aws_lb.app",
            "aws_security_group.lb",
            "aws_subnet.public",
            "aws_vpc.main",
            "data.aws_availability_zones.available"
          ]
        }
      ]
    },
    {
      "mode": "managed",
      "type": "local_file",
      "name": "env_users_list",
      "provider": "provider[\"registry.terraform.io/hashicorp/local\"]",
      "instances": [
        {
          "schema_version": 0,
          "attributes": {
            "content": "# Database Configuration\r\nDB_HOST=aws-1-us-east-1.pooler.supabase.com\r\nDB_USER=postgres.zbjpxtiabdsvrwfytfld\r\nDB_PASSWORD=Tengouncuernodemamut1506\r\nDB_NAME=postgres\r\nDB_PORT=5432\r\n\r\n# Service Configuration\r\nPORT=3003\r\nNODE_ENV=production\r\n\r\n# API Gateway URL (use Load Balancer DNS)\r\nAPI_GATEWAY_URL=http://users-lb-23607344.us-east-1.elb.amazonaws.com\r\n\r\n# Service URLs (use Load Balancer DNS for internal communication)\r\nUSERS_CREATE_URL=http://users-lb-23607344.us-east-1.elb.amazonaws.com\r\nUSERS_DELETE_URL=http://users-lb-23607344.us-east-1.elb.amazonaws.com\r\nUSERS_LIST_URL=http://users-lb-23607344.us-east-1.elb.amazonaws.com\r\nUSERS_SEARCH_URL=http://users-lb-23607344.us-east-1.elb.amazonaws.com\r\nUSERS_UPDATE_URL=http://users-lb-23607344.us-east-1.elb.amazonaws.com\r\nAUTH_LOGIN_URL=http://users-lb-23607344.us-east-1.elb.amazonaws.com\r\nAUTH_ROL_URL=http://users-lb-23607344.us-east-1.elb.amazonaws.com\r\nAUTH_ME_URL=http://users-lb-23607344.us-east-1.elb.amazonaws.com\r\nFILE_SERVICE_INIT_URL=http://users-lb-23607344.us-east-1.elb.amazonaws.com\r\nFILE_SERVICE_UPDATE_URL=http://users-lb-23607344.us-east-1.elb.amazonaws.com\r\nFILE_SERVICE_UPLOAD_URL=http://users-lb-23607344.us-east-1.elb.amazonaws.com\r\nFILE_SERVICE_LIST_URL=http://users-lb-23607344.us-east-1.elb.amazonaws.com\r\nFILE_SERVICE_DOWNLOAD_URL=http://users-lb-23607344.us-east-1.elb.amazonaws.com\r\n\r\n# JWT Configuration\r\nJWT_SECRET=Tengouncuernodemamut2901\r\nJWT_EXPIRES_IN=24h\r\n",
            "content_base64": null,
            "content_base64sha256": "Kds+xCOX5E3s2WoETOul1hUpw+Ymf+KSFSR7adkhUCE=",
            "content_base64sha512": "jEhicHM+ZLO82AULtlXLPutcCScGs1V5OQrPVF9mCM0YjwcLAr96zBm3U4YOPaMsxFXqXq5FwL5Eea05gxjCHA==",
            "content_md5": "71d374568cc510603cca0efc0a8514a2",
            "content_sha1": "89bcf9393bb89c6581548352b74b0a4f24fa7c95",
            "content_sha256": "29db3ec42397e44decd96a044ceba5d61529c3e6267fe29215247b69d9215021",
            "content_sha512": "8c486270733e64b3bcd8050bb655cb3eeb5c092706b35579390acf545f6608cd188f070b02bf7acc19b753860e3da32cc455ea5eae45c0be4479ad398318c21c",
            "directory_permission": "0777",
            "file_permission": "0777",
            "filename": "./.env.users_list",
            "id": "89bcf9393bb89c6581548352b74b0a4f24fa7c95",
            "sensitive_content": null,
            "source": null
          },
          "sensitive_attributes": [
            [
              {
                "type": "get_attr",
                "value": "content"
              }
            ],
            [
              {
                "type": "get_attr",
                "value": "sensitive_content"
              }
            ]
          ],
          "identity_schema_version": 0,
          "dependencies": [
            "aws_lb.app",
            "aws_security_group.lb",
            "aws_subnet.public",
            "aws_vpc.main",
            "data.aws_availability_zones.available"
          ]
        }
      ]
    },
    {
      "mode": "managed",
      "type": "local_file",
      "name": "env_users_search",
      "provider": "provider[\"registry.terraform.io/hashicorp/local\"]",
      "instances": [
        {
          "schema_version": 0,
          "attributes": {
            "content": "# Database Configuration\r\nDB_HOST=aws-1-us-east-1.pooler.supabase.com\r\nDB_USER=postgres.zbjpxtiabdsvrwfytfld\r\nDB_PASSWORD=Tengouncuernodemamut1506\r\nDB_NAME=postgres\r\nDB_PORT=5432\r\n\r\n# Service Configuration\r\nPORT=3004\r\nNODE_ENV=production\r\n\r\n# API Gateway URL (use Load Balancer DNS)\r\nAPI_GATEWAY_URL=http://users-lb-23607344.us-east-1.elb.amazonaws.com\r\n\r\n# Service URLs (use Load Balancer DNS for internal communication)\r\nUSERS_CREATE_URL=http://users-lb-23607344.us-east-1.elb.amazonaws.com\r\nUSERS_DELETE_URL=http://users-lb-23607344.us-east-1.elb.amazonaws.com\r\nUSERS_LIST_URL=http://users-lb-23607344.us-east-1.elb.amazonaws.com\r\nUSERS_SEARCH_URL=http://users-lb-23607344.us-east-1.elb.amazonaws.com\r\nUSERS_UPDATE_URL=http://users-lb-23607344.us-east-1.elb.amazonaws.com\r\nAUTH_LOGIN_URL=http://users-lb-23607344.us-east-1.elb.amazonaws.com\r\nAUTH_ROL_URL=http://users-lb-23607344.us-east-1.elb.amazonaws.com\r\nAUTH_ME_URL=http://users-lb-23607344.us-east-1.elb.amazonaws.com\r\nFILE_SERVICE_INIT_URL=http://users-lb-23607344.us-east-1.elb.amazonaws.com\r\nFILE_SERVICE_UPDATE_URL=http://users-lb-23607344.us-east-1.elb.amazonaws.com\r\nFILE_SERVICE_UPLOAD_URL=http://users-lb-23607344.us-east-1.elb.amazonaws.com\r\nFILE_SERVICE_LIST_URL=http://users-lb-23607344.us-east-1.elb.amazonaws.com\r\nFILE_SERVICE_DOWNLOAD_URL=http://users-lb-23607344.us-east-1.elb.amazonaws.com\r\n\r\n# JWT Configuration\r\nJWT_SECRET=Tengouncuernodemamut2901\r\nJWT_EXPIRES_IN=24h\r\n",
            "content_base64": null,
            "content_base64sha256": "gNE92GP33r9z2n+gee3w2aq30vL1XcflAESfxBydLFE=",
            "content_base64sha512": "u93sAaGFdYSQQpm3uh4hDvkIkyEc6BRzjV1TIbcmZt6+FWxB+lFjrBuRwIMekCSFlQjldMutKnWNCWaYylghpg==",
            "content_md5": "0e9cbda1a7c78c0a3ab6e6c6ac729a27",
            "content_sha1": "c3ce054bcdb9efb401f12da3b96c3522750a41cb",
            "content_sha256": "80d13dd863f7debf73da7fa079edf0d9aab7d2f2f55dc7e500449fc41c9d2c51",
            "content_sha512": "bbddec01a1857584904299b7ba1e210ef90893211ce814738d5d5321b72666debe156c41fa5163ac1b91c0831e9024859508e574cbad2a758d096698ca5821a6",
            "directory_permission": "0777",
            "file_permission": "0777",
            "filename": "./.env.users_search",
            "id": "c3ce054bcdb9efb401f12da3b96c3522750a41cb",
            "sensitive_content": null,
            "source": null
          },
          "sensitive_attributes": [
            [
              {
                "type": "get_attr",
                "value": "content"
              }
            ],
            [
              {
                "type": "get_attr",
                "value": "sensitive_content"
              }
            ]
          ],
          "identity_schema_version": 0,
          "dependencies": [
            "aws_lb.app",
            "aws_security_group.lb",
            "aws_subnet.public",
            "aws_vpc.main",
            "data.aws_availability_zones.available"
          ]
        }
      ]
    },
    {
      "mode": "managed",
      "type": "local_file",
      "name": "env_users_update",
      "provider": "provider[\"registry.terraform.io/hashicorp/local\"]",
      "instances": [
        {
          "schema_version": 0,
          "attributes": {
            "content": "# Database Configuration\r\nDB_HOST=aws-1-us-east-1.pooler.supabase.com\r\nDB_USER=postgres.zbjpxtiabdsvrwfytfld\r\nDB_PASSWORD=Tengouncuernodemamut1506\r\nDB_NAME=postgres\r\nDB_PORT=5432\r\n\r\n# Service Configuration\r\nPORT=3005\r\nNODE_ENV=production\r\n\r\n# API Gateway URL (use Load Balancer DNS)\r\nAPI_GATEWAY_URL=http://users-lb-23607344.us-east-1.elb.amazonaws.com\r\n\r\n# Service URLs (use Load Balancer DNS for internal communication)\r\nUSERS_CREATE_URL=http://users-lb-23607344.us-east-1.elb.amazonaws.com\r\nUSERS_DELETE_URL=http://users-lb-23607344.us-east-1.elb.amazonaws.com\r\nUSERS_LIST_URL=http://users-lb-23607344.us-east-1.elb.amazonaws.com\r\nUSERS_SEARCH_URL=http://users-lb-23607344.us-east-1.elb.amazonaws.com\r\nUSERS_UPDATE_URL=http://users-lb-23607344.us-east-1.elb.amazonaws.com\r\nAUTH_LOGIN_URL=http://users-lb-23607344.us-east-1.elb.amazonaws.com\r\nAUTH_ROL_URL=http://users-lb-23607344.us-east-1.elb.amazonaws.com\r\nAUTH_ME_URL=http://users-lb-23607344.us-east-1.elb.amazonaws.com\r\nFILE_SERVICE_INIT_URL=http://users-lb-23607344.us-east-1.elb.amazonaws.com\r\nFILE_SERVICE_UPDATE_URL=http://users-lb-23607344.us-east-1.elb.amazonaws.com\r\nFILE_SERVICE_UPLOAD_URL=http://users-lb-23607344.us-east-1.elb.amazonaws.com\r\nFILE_SERVICE_LIST_URL=http://users-lb-23607344.us-east-1.elb.amazonaws.com\r\nFILE_SERVICE_DOWNLOAD_URL=http://users-lb-23607344.us-east-1.elb.amazonaws.com\r\n\r\n# JWT Configuration\r\nJWT_SECRET=Tengouncuernodemamut2901\r\nJWT_EXPIRES_IN=24h\r\n",
            "content_base64": null,
            "content_base64sha256": "WWdkDTUh8JXHz+2bqrXqMeX86HNKs34HkYXWPVCGwNw=",
            "content_base64sha512": "f4pahHYU2p9umV2Ir0qopH6XwIZs9gII4o3z1UKYbVIIhejkDN6y3luWIKnNCyQEskuwMV9WSq6N6plzj+Yq+A==",
            "content_md5": "1f7ad1ca666561316008d56abeefa3c6",
            "content_sha1": "60f338e7665f6f9ba91953e2a64d8fd509795060",
            "content_sha256": "5967640d3521f095c7cfed9baab5ea31e5fce8734ab37e079185d63d5086c0dc",
            "content_sha512": "7f8a5a847614da9f6e995d88af4aa8a47e97c0866cf60208e28df3d542986d520885e8e40cdeb2de5b9620a9cd0b2404b24bb0315f564aae8dea99738fe62af8",
            "directory_permission": "0777",
            "file_permission": "0777",
            "filename": "./.env.users_update",
            "id": "60f338e7665f6f9ba91953e2a64d8fd509795060",
            "sensitive_content": null,
            "source": null
          },
          "sensitive_attributes": [
            [
              {
                "type": "get_attr",
                "value": "content"
              }
            ],
            [
              {
                "type": "get_attr",
                "value": "sensitive_content"
              }
            ]
          ],
          "identity_schema_version": 0,
          "dependencies": [
            "aws_lb.app",
            "aws_security_group.lb",
            "aws_subnet.public",
            "aws_vpc.main",
            "data.aws_availability_zones.available"
          ]
        }
      ]
    },
    {
      "mode": "managed",
      "type": "local_file",
      "name": "private_key_pem",
      "provider": "provider[\"registry.terraform.io/hashicorp/local\"]",
      "instances": [
        {
          "index_key": 0,
          "schema_version": 0,
          "attributes": {
            "content": "-----BEGIN RSA PRIVATE KEY-----\nMIIJKQIBAAKCAgEA5OuPFyecpZwcZJIZ2Czor1T37JtHrjGY8QgC+X1mNU8UPNJ9\nX7CBFzPVx0XyALqziU2BRxi8ZdAP88VoEE8qUckPwHzVL3CPHbLK/ab7qdO6M0nF\n2cqTVeRVdVrGCgJ/Ir7SedgirG0nU68s1mPMUloubhMw/VTO0xzUbIqVOOXYI+VE\nEzi7BB8Zyn+qpMvvomy8GoZNvjAvCRInmEYIvZ3ZZQRtb4dk9uPFfLYBz3V9PjHK\n/rsw/YZ2aJoC9PR1CeP2ZeqPpoEV4FA50SrNWQh2karuw0gWcAzEvt6V3r9CJ5t0\nWC3oPMrjDTTCHwCy6xtVvAkImZpq1CNaIeEIngiFhNJ46Wu3+LrOxLBXRh9p1Bnz\n4LliPuxHnFoDDJKHOdMKUTxyEiVSmUd3xXuozc8+OHEBrQdr1VAxsBZeguChSnq3\n4gho8kqMW9j/xvY/Vhz7UplWHNviHfU73nTgGKglGP5IoReyncYKpZm/dJaYw+mY\ncr6S6l41dihk69MTMegRKqKIFIR3p8IcwdfC/FAMQWf/nLN0a0DDcSsnSCf1nfDI\nby7YMVspFxHVf/3de9KivHeUtMItJ+baMgD3+/3CIjLjofbOZ5b8LVWAkVWArQOj\n7xaFJna6jGo2ui6BiPVdcrFlD0Gl7B2DX8FgJfyY1pI9wOvWAU6FBp7R8ZMCAwEA\nAQKCAgABxHfUW+/vr2bgt+gPLTmWsPdBEmnZRHTD16X+OyOg4b1sQsvJA1nbzgCm\nizm1G7vrIXgQDnbV6mdVIH8PMS1IeF7ww4X52cqhFhJPJwzmYMYdQ0KNzeyZSywF\nve+tgBtvLz38xthtsGIPWVjlRtv6/stA+lD0g8UdCCnztJY2XD/w9wIxi8yV2Y+f\naqDsqM5u2JwTMFpFT6XtUgCQQmoq3J8jEoetxsPWzCdoMReOfH+9DTFeCh/0tScQ\n46+GKKUGsIXkf40gYfrDQptPrB7twwz3TvSM+W+C6fZS6vEJSTy/hYm+bIxQe9iI\n75FYH+9BtXJSA1fXp8OPY758aHpiijzQiHJJc3VF94f8IN7bFemV3NJennDcCkpK\nBQeKYo+IvgeVa8kxFbITInXeXta7FP2hlxj5Zlmm9HwoQlOZEQRDmLQhbD/opCwF\nXhys+Y/8g6v9HZBa+OZecLOAc3afJSCuUWvDyw3wgbBzFMF4ocE0vhtC+sYLE7ny\ntjmZV6XA02pqiP4W3z/b2CohMRG9dpkGAGCdkTO5aItRcshUEqH1NAsQHXQ0FFuF\n77eQ9uhXF1SafV8ewrzRsZ1DNAYY/eCXfYLj3NVF9qQePUq1XWOpqs1Zn0otcQJl\n+NaYYpvTf8eEiYzHopLCzoc4t2XPTI4UDDuiJZpzIIOs4QsQsQKCAQEA6k9XF+WN\n8we+aZ+ViySDv3UjFu5I8ikxiYmjDYfj/t4DlxeB3upK/k0+yaVmjSAKYimXGsfy\nrLdZglEz+Axr7gtt2KKttE1fnlzPpufT3+rPaz1Bvm5lo2xMKD5vwWcnZQHU3xxs\n56MrIS20eN/QNnRk1zHmzuNkWlfJRecqF04Pkj1KV9L0J+2KViwQgKXUx0TewHC5\nFoulIW2/yBNgXaj2W814Ia/TAam935Filj7jJQOJHslEomS4zX2bU1wzvSuB2oj0\nLRs/qqJXohPb8v1dS8QJ+fOHRsi+KK/GajCIu3zXhcPFtgYXhj45ex9by8EZmGRC\n+UCERUpp2Ark9QKCAQEA+hx+Chj5c0M88hgVaoS98E/fWeyUVSWVZ6J/NW5M89QQ\nARiG1J6cNJmtMWzDwneaFLApkaO4rCIdoc3lG1uA4bj3drYGmkOYs/IOqHWAoHfm\n/mOct8IBdoRRw+mfyzbdJuTPtOK8X8C+uJ3RJqpSzoQ/Ck22ap1it3U7eBbEI2/m\nC1VrNyqSBilvXsyXb/Bc/eh5N/ERPSQqKRXzG1lKd0/F7+mu8rAxi0eMLHJQxQ/s\n1DobEyyCaNlq1RVYTdX0yWZgi8Q6k38l8V5y1lwvxSe1rkDRkAWdkzALWoleaid1\nzRgZHMwymZcJkS9FVCckD8Q1OsUQCpESTaEd7kSnZwKCAQEArNvdl96di2byHgBC\nlgVZQP0M5xTiMe0cA6jL5uaS2Gs34NbR0/+rVdLs+FySvJifsG2YcYSDTtJxMYfw\nvBWF5nb+Ee1qEvNmEHHOLAcpsy8K2MW3Y+MUDq2Nvb7aOad9U7I3NmZFHdqtreuH\nEgmkFRhncK765TSyy0eqUGzLC6hmKnAXEZWq1G4VOZ+GiTJOOLhhUT2X/r8FExVh\ngBxzYoWNQoriDpAlLjvovTAHuGoqrxrdpR29CcUe5VK+LZB/Bxc61FtnMIPCw4LC\n/eqCwNAUbRnydjkoWpssVt3elma56P+gDKoyiSgTYNE1HNU0pqwN0vRcyH/FVU0h\nquXWpQKCAQBLsnHnJnXhD7mTX/yjV3eREut7cOHX/17/lavAhRifN1B8tGqiUTrf\npJ9JdSyuX7pvhn2eSZnr5wtm3ET6CbCxIGUtNZw79jdyRtFu5NlAN+nellFpQDtn\nHlcM31lwjLNUQS4oBfOTW2edwo35kNUtEdNuj+Sk0et9sOqFxwYn34cVaQ3hDW5S\nlRnS7ELtKydJ5aFCcCCSi66C7tS8M0MZZzh2Cxja9L6Z89aV4SdW7SH1fXySSgdS\nKnNt+F7Yd+f1SJnx0zsTRwk5yycgf5gpqIIRMib62ug9Eu5swWSk5jp+D0wSbi7m\nU1Me8NqfxJTifLTLi7b2K8AJZLkFUxwDAoIBAQDEftn/ToNbbvJDlGk97/lxtRXx\nmFmeWDahaFekPv6TLYhqZ1+J2LPkQms8LCjdfphkhcwSTWWBIOCc7Kxo+cmllHhu\nnpXfG/zPyMU7QFPjSjfHvqfuXmkmdoLW6G1k5WBcSL0Foa22P7gXAKdD/6kREliZ\nJJSORi5HljcExbtNd5uodQGuMl9JcLKdfIWjGE9ClqO+HxjHaYksXQfUsYUD53Gx\ndl6N2Zc5zQfGNLzAI3pS2eIv8cfzOS4YN5rhYoyTCkZJom1ReCOPNiZ0O6HMTx+m\nNqOYJdl0aBCZP9SWjM9pd3c4fG1vAvLxX1V0HfFCIoNB2qje6xs5n2Wf8QB4\n-----END RSA PRIVATE KEY-----\n",
            "content_base64": null,
            "content_base64sha256": "nEGncwTsUOaBO+1kqp7kll4IFnPA1Jbk3IcSsU8U1Qw=",
            "content_base64sha512": "KbJA1yzA1OsNDykmsAVs9qQg4SHUwDV7RYAguPI22LSW5vv2kTWJVzUfjW3SwYMNNWgazXx+19Zm54+jKgzg5A==",
            "content_md5": "6558d0ced1ff5f025a96aac250aa2023",
            "content_sha1": "6cd855faa3703b5b52e76fe9ce81f0e483a613ea",
            "content_sha256": "9c41a77304ec50e6813bed64aa9ee4965e081673c0d496e4dc8712b14f14d50c",
            "content_sha512": "29b240d72cc0d4eb0d0f2926b0056cf6a420e121d4c0357b458020b8f236d8b496e6fbf691358957351f8d6dd2c1830d35681acd7c7ed7d666e78fa32a0ce0e4",
            "directory_permission": "0777",
            "file_permission": "0600",
            "filename": "D:/llaves/gradflow-users.pem",
            "id": "6cd855faa3703b5b52e76fe9ce81f0e483a613ea",
            "sensitive_content": null,
            "source": null
          },
          "sensitive_attributes": [
            [
              {
                "type": "get_attr",
                "value": "content"
              }
            ],
            [
              {
                "type": "get_attr",
                "value": "sensitive_content"
              }
            ]
          ],
          "identity_schema_version": 0,
          "dependencies": [
            "tls_private_key.this"
          ]
        }
      ]
    },
    {
      "mode": "managed",
      "type": "tls_private_key",
      "name": "this",
      "provider": "provider[\"registry.terraform.io/hashicorp/tls\"]",
      "instances": [
        {
          "index_key": 0,
          "schema_version": 1,
          "attributes": {
            "algorithm": "RSA",
            "ecdsa_curve": "P224",
            "id": "265767f8505aad121f4932ed911c5999accbcfa2",
            "private_key_openssh": "-----BEGIN OPENSSH PRIVATE KEY-----\nb3BlbnNzaC1rZXktdjEAAAAABG5vbmUAAAAEbm9uZQAAAAAAAAABAAACFwAAAAdz\nc2gtcnNhAAAAAwEAAQAAAgEA5OuPFyecpZwcZJIZ2Czor1T37JtHrjGY8QgC+X1m\nNU8UPNJ9X7CBFzPVx0XyALqziU2BRxi8ZdAP88VoEE8qUckPwHzVL3CPHbLK/ab7\nqdO6M0nF2cqTVeRVdVrGCgJ/Ir7SedgirG0nU68s1mPMUloubhMw/VTO0xzUbIqV\nOOXYI+VEEzi7BB8Zyn+qpMvvomy8GoZNvjAvCRInmEYIvZ3ZZQRtb4dk9uPFfLYB\nz3V9PjHK/rsw/YZ2aJoC9PR1CeP2ZeqPpoEV4FA50SrNWQh2karuw0gWcAzEvt6V\n3r9CJ5t0WC3oPMrjDTTCHwCy6xtVvAkImZpq1CNaIeEIngiFhNJ46Wu3+LrOxLBX\nRh9p1Bnz4LliPuxHnFoDDJKHOdMKUTxyEiVSmUd3xXuozc8+OHEBrQdr1VAxsBZe\nguChSnq34gho8kqMW9j/xvY/Vhz7UplWHNviHfU73nTgGKglGP5IoReyncYKpZm/\ndJaYw+mYcr6S6l41dihk69MTMegRKqKIFIR3p8IcwdfC/FAMQWf/nLN0a0DDcSsn\nSCf1nfDIby7YMVspFxHVf/3de9KivHeUtMItJ+baMgD3+/3CIjLjofbOZ5b8LVWA\nkVWArQOj7xaFJna6jGo2ui6BiPVdcrFlD0Gl7B2DX8FgJfyY1pI9wOvWAU6FBp7R\n8ZMAAAc4+GD7i/hg+4sAAAAHc3NoLXJzYQAAAgEA5OuPFyecpZwcZJIZ2Czor1T3\n7JtHrjGY8QgC+X1mNU8UPNJ9X7CBFzPVx0XyALqziU2BRxi8ZdAP88VoEE8qUckP\nwHzVL3CPHbLK/ab7qdO6M0nF2cqTVeRVdVrGCgJ/Ir7SedgirG0nU68s1mPMUlou\nbhMw/VTO0xzUbIqVOOXYI+VEEzi7BB8Zyn+qpMvvomy8GoZNvjAvCRInmEYIvZ3Z\nZQRtb4dk9uPFfLYBz3V9PjHK/rsw/YZ2aJoC9PR1CeP2ZeqPpoEV4FA50SrNWQh2\nkaruw0gWcAzEvt6V3r9CJ5t0WC3oPMrjDTTCHwCy6xtVvAkImZpq1CNaIeEIngiF\nhNJ46Wu3+LrOxLBXRh9p1Bnz4LliPuxHnFoDDJKHOdMKUTxyEiVSmUd3xXuozc8+\nOHEBrQdr1VAxsBZeguChSnq34gho8kqMW9j/xvY/Vhz7UplWHNviHfU73nTgGKgl\nGP5IoReyncYKpZm/dJaYw+mYcr6S6l41dihk69MTMegRKqKIFIR3p8IcwdfC/FAM\nQWf/nLN0a0DDcSsnSCf1nfDIby7YMVspFxHVf/3de9KivHeUtMItJ+baMgD3+/3C\nIjLjofbOZ5b8LVWAkVWArQOj7xaFJna6jGo2ui6BiPVdcrFlD0Gl7B2DX8FgJfyY\n1pI9wOvWAU6FBp7R8ZMAAAADAQABAAACAAHEd9Rb7++vZuC36A8tOZaw90ESadlE\ndMPXpf47I6DhvWxCy8kDWdvOAKaLObUbu+sheBAOdtXqZ1Ugfw8xLUh4XvDDhfnZ\nyqEWEk8nDOZgxh1DQo3N7JlLLAW9762AG28vPfzG2G2wYg9ZWOVG2/r+y0D6UPSD\nxR0IKfO0ljZcP/D3AjGLzJXZj59qoOyozm7YnBMwWkVPpe1SAJBCaircnyMSh63G\nw9bMJ2gxF458f70NMV4KH/S1JxDjr4YopQawheR/jSBh+sNCm0+sHu3DDPdO9Iz5\nb4Lp9lLq8QlJPL+Fib5sjFB72IjvkVgf70G1clIDV9enw49jvnxoemKKPNCIcklz\ndUX3h/wg3tsV6ZXc0l6ecNwKSkoFB4pij4i+B5VryTEVshMidd5e1rsU/aGXGPlm\nWab0fChCU5kRBEOYtCFsP+ikLAVeHKz5j/yDq/0dkFr45l5ws4Bzdp8lIK5Ra8PL\nDfCBsHMUwXihwTS+G0L6xgsTufK2OZlXpcDTamqI/hbfP9vYKiExEb12mQYAYJ2R\nM7loi1FyyFQSofU0CxAddDQUW4Xvt5D26FcXVJp9Xx7CvNGxnUM0Bhj94Jd9guPc\n1UX2pB49SrVdY6mqzVmfSi1xAmX41phim9N/x4SJjMeiksLOhzi3Zc9MjhQMO6Il\nmnMgg6zhCxCxAAABAQDEftn/ToNbbvJDlGk97/lxtRXxmFmeWDahaFekPv6TLYhq\nZ1+J2LPkQms8LCjdfphkhcwSTWWBIOCc7Kxo+cmllHhunpXfG/zPyMU7QFPjSjfH\nvqfuXmkmdoLW6G1k5WBcSL0Foa22P7gXAKdD/6kREliZJJSORi5HljcExbtNd5uo\ndQGuMl9JcLKdfIWjGE9ClqO+HxjHaYksXQfUsYUD53Gxdl6N2Zc5zQfGNLzAI3pS\n2eIv8cfzOS4YN5rhYoyTCkZJom1ReCOPNiZ0O6HMTx+mNqOYJdl0aBCZP9SWjM9p\nd3c4fG1vAvLxX1V0HfFCIoNB2qje6xs5n2Wf8QB4AAABAQDqT1cX5Y3zB75pn5WL\nJIO/dSMW7kjyKTGJiaMNh+P+3gOXF4He6kr+TT7JpWaNIApiKZcax/Kst1mCUTP4\nDGvuC23Yoq20TV+eXM+m59Pf6s9rPUG+bmWjbEwoPm/BZydlAdTfHGznoyshLbR4\n39A2dGTXMebO42RaV8lF5yoXTg+SPUpX0vQn7YpWLBCApdTHRN7AcLkWi6Uhbb/I\nE2BdqPZbzXghr9MBqb3fkWKWPuMlA4keyUSiZLjNfZtTXDO9K4HaiPQtGz+qolei\nE9vy/V1LxAn584dGyL4or8ZqMIi7fNeFw8W2BheGPjl7H1vLwRmYZEL5QIRFSmnY\nCuT1AAABAQD6HH4KGPlzQzzyGBVqhL3wT99Z7JRVJZVnon81bkzz1BABGIbUnpw0\nma0xbMPCd5oUsCmRo7isIh2hzeUbW4DhuPd2tgaaQ5iz8g6odYCgd+b+Y5y3wgF2\nhFHD6Z/LNt0m5M+04rxfwL64ndEmqlLOhD8KTbZqnWK3dTt4FsQjb+YLVWs3KpIG\nKW9ezJdv8Fz96Hk38RE9JCopFfMbWUp3T8Xv6a7ysDGLR4wsclDFD+zUOhsTLIJo\n2WrVFVhN1fTJZmCLxDqTfyXxXnLWXC/FJ7WuQNGQBZ2TMAtaiV5qJ3XNGBkczDKZ\nlwmRL0VUJyQPxDU6xRAKkRJNoR3uRKdnAAAAAAEC\n-----END OPENSSH PRIVATE KEY-----\n",
            "private_key_pem": "-----BEGIN RSA PRIVATE KEY-----\nMIIJKQIBAAKCAgEA5OuPFyecpZwcZJIZ2Czor1T37JtHrjGY8QgC+X1mNU8UPNJ9\nX7CBFzPVx0XyALqziU2BRxi8ZdAP88VoEE8qUckPwHzVL3CPHbLK/ab7qdO6M0nF\n2cqTVeRVdVrGCgJ/Ir7SedgirG0nU68s1mPMUloubhMw/VTO0xzUbIqVOOXYI+VE\nEzi7BB8Zyn+qpMvvomy8GoZNvjAvCRInmEYIvZ3ZZQRtb4dk9uPFfLYBz3V9PjHK\n/rsw/YZ2aJoC9PR1CeP2ZeqPpoEV4FA50SrNWQh2karuw0gWcAzEvt6V3r9CJ5t0\nWC3oPMrjDTTCHwCy6xtVvAkImZpq1CNaIeEIngiFhNJ46Wu3+LrOxLBXRh9p1Bnz\n4LliPuxHnFoDDJKHOdMKUTxyEiVSmUd3xXuozc8+OHEBrQdr1VAxsBZeguChSnq3\n4gho8kqMW9j/xvY/Vhz7UplWHNviHfU73nTgGKglGP5IoReyncYKpZm/dJaYw+mY\ncr6S6l41dihk69MTMegRKqKIFIR3p8IcwdfC/FAMQWf/nLN0a0DDcSsnSCf1nfDI\nby7YMVspFxHVf/3de9KivHeUtMItJ+baMgD3+/3CIjLjofbOZ5b8LVWAkVWArQOj\n7xaFJna6jGo2ui6BiPVdcrFlD0Gl7B2DX8FgJfyY1pI9wOvWAU6FBp7R8ZMCAwEA\nAQKCAgABxHfUW+/vr2bgt+gPLTmWsPdBEmnZRHTD16X+OyOg4b1sQsvJA1nbzgCm\nizm1G7vrIXgQDnbV6mdVIH8PMS1IeF7ww4X52cqhFhJPJwzmYMYdQ0KNzeyZSywF\nve+tgBtvLz38xthtsGIPWVjlRtv6/stA+lD0g8UdCCnztJY2XD/w9wIxi8yV2Y+f\naqDsqM5u2JwTMFpFT6XtUgCQQmoq3J8jEoetxsPWzCdoMReOfH+9DTFeCh/0tScQ\n46+GKKUGsIXkf40gYfrDQptPrB7twwz3TvSM+W+C6fZS6vEJSTy/hYm+bIxQe9iI\n75FYH+9BtXJSA1fXp8OPY758aHpiijzQiHJJc3VF94f8IN7bFemV3NJennDcCkpK\nBQeKYo+IvgeVa8kxFbITInXeXta7FP2hlxj5Zlmm9HwoQlOZEQRDmLQhbD/opCwF\nXhys+Y/8g6v9HZBa+OZecLOAc3afJSCuUWvDyw3wgbBzFMF4ocE0vhtC+sYLE7ny\ntjmZV6XA02pqiP4W3z/b2CohMRG9dpkGAGCdkTO5aItRcshUEqH1NAsQHXQ0FFuF\n77eQ9uhXF1SafV8ewrzRsZ1DNAYY/eCXfYLj3NVF9qQePUq1XWOpqs1Zn0otcQJl\n+NaYYpvTf8eEiYzHopLCzoc4t2XPTI4UDDuiJZpzIIOs4QsQsQKCAQEA6k9XF+WN\n8we+aZ+ViySDv3UjFu5I8ikxiYmjDYfj/t4DlxeB3upK/k0+yaVmjSAKYimXGsfy\nrLdZglEz+Axr7gtt2KKttE1fnlzPpufT3+rPaz1Bvm5lo2xMKD5vwWcnZQHU3xxs\n56MrIS20eN/QNnRk1zHmzuNkWlfJRecqF04Pkj1KV9L0J+2KViwQgKXUx0TewHC5\nFoulIW2/yBNgXaj2W814Ia/TAam935Filj7jJQOJHslEomS4zX2bU1wzvSuB2oj0\nLRs/qqJXohPb8v1dS8QJ+fOHRsi+KK/GajCIu3zXhcPFtgYXhj45ex9by8EZmGRC\n+UCERUpp2Ark9QKCAQEA+hx+Chj5c0M88hgVaoS98E/fWeyUVSWVZ6J/NW5M89QQ\nARiG1J6cNJmtMWzDwneaFLApkaO4rCIdoc3lG1uA4bj3drYGmkOYs/IOqHWAoHfm\n/mOct8IBdoRRw+mfyzbdJuTPtOK8X8C+uJ3RJqpSzoQ/Ck22ap1it3U7eBbEI2/m\nC1VrNyqSBilvXsyXb/Bc/eh5N/ERPSQqKRXzG1lKd0/F7+mu8rAxi0eMLHJQxQ/s\n1DobEyyCaNlq1RVYTdX0yWZgi8Q6k38l8V5y1lwvxSe1rkDRkAWdkzALWoleaid1\nzRgZHMwymZcJkS9FVCckD8Q1OsUQCpESTaEd7kSnZwKCAQEArNvdl96di2byHgBC\nlgVZQP0M5xTiMe0cA6jL5uaS2Gs34NbR0/+rVdLs+FySvJifsG2YcYSDTtJxMYfw\nvBWF5nb+Ee1qEvNmEHHOLAcpsy8K2MW3Y+MUDq2Nvb7aOad9U7I3NmZFHdqtreuH\nEgmkFRhncK765TSyy0eqUGzLC6hmKnAXEZWq1G4VOZ+GiTJOOLhhUT2X/r8FExVh\ngBxzYoWNQoriDpAlLjvovTAHuGoqrxrdpR29CcUe5VK+LZB/Bxc61FtnMIPCw4LC\n/eqCwNAUbRnydjkoWpssVt3elma56P+gDKoyiSgTYNE1HNU0pqwN0vRcyH/FVU0h\nquXWpQKCAQBLsnHnJnXhD7mTX/yjV3eREut7cOHX/17/lavAhRifN1B8tGqiUTrf\npJ9JdSyuX7pvhn2eSZnr5wtm3ET6CbCxIGUtNZw79jdyRtFu5NlAN+nellFpQDtn\nHlcM31lwjLNUQS4oBfOTW2edwo35kNUtEdNuj+Sk0et9sOqFxwYn34cVaQ3hDW5S\nlRnS7ELtKydJ5aFCcCCSi66C7tS8M0MZZzh2Cxja9L6Z89aV4SdW7SH1fXySSgdS\nKnNt+F7Yd+f1SJnx0zsTRwk5yycgf5gpqIIRMib62ug9Eu5swWSk5jp+D0wSbi7m\nU1Me8NqfxJTifLTLi7b2K8AJZLkFUxwDAoIBAQDEftn/ToNbbvJDlGk97/lxtRXx\nmFmeWDahaFekPv6TLYhqZ1+J2LPkQms8LCjdfphkhcwSTWWBIOCc7Kxo+cmllHhu\nnpXfG/zPyMU7QFPjSjfHvqfuXmkmdoLW6G1k5WBcSL0Foa22P7gXAKdD/6kREliZ\nJJSORi5HljcExbtNd5uodQGuMl9JcLKdfIWjGE9ClqO+HxjHaYksXQfUsYUD53Gx\ndl6N2Zc5zQfGNLzAI3pS2eIv8cfzOS4YN5rhYoyTCkZJom1ReCOPNiZ0O6HMTx+m\nNqOYJdl0aBCZP9SWjM9pd3c4fG1vAvLxX1V0HfFCIoNB2qje6xs5n2Wf8QB4\n-----END RSA PRIVATE KEY-----\n",
            "private_key_pem_pkcs8": "-----BEGIN PRIVATE KEY-----\nMIIJQwIBADANBgkqhkiG9w0BAQEFAASCCS0wggkpAgEAAoICAQDk648XJ5ylnBxk\nkhnYLOivVPfsm0euMZjxCAL5fWY1TxQ80n1fsIEXM9XHRfIAurOJTYFHGLxl0A/z\nxWgQTypRyQ/AfNUvcI8dssr9pvup07ozScXZypNV5FV1WsYKAn8ivtJ52CKsbSdT\nryzWY8xSWi5uEzD9VM7THNRsipU45dgj5UQTOLsEHxnKf6qky++ibLwahk2+MC8J\nEieYRgi9ndllBG1vh2T248V8tgHPdX0+Mcr+uzD9hnZomgL09HUJ4/Zl6o+mgRXg\nUDnRKs1ZCHaRqu7DSBZwDMS+3pXev0Inm3RYLeg8yuMNNMIfALLrG1W8CQiZmmrU\nI1oh4QieCIWE0njpa7f4us7EsFdGH2nUGfPguWI+7EecWgMMkoc50wpRPHISJVKZ\nR3fFe6jNzz44cQGtB2vVUDGwFl6C4KFKerfiCGjySoxb2P/G9j9WHPtSmVYc2+Id\n9TvedOAYqCUY/kihF7Kdxgqlmb90lpjD6ZhyvpLqXjV2KGTr0xMx6BEqoogUhHen\nwhzB18L8UAxBZ/+cs3RrQMNxKydIJ/Wd8MhvLtgxWykXEdV//d170qK8d5S0wi0n\n5toyAPf7/cIiMuOh9s5nlvwtVYCRVYCtA6PvFoUmdrqMaja6LoGI9V1ysWUPQaXs\nHYNfwWAl/JjWkj3A69YBToUGntHxkwIDAQABAoICAAHEd9Rb7++vZuC36A8tOZaw\n90ESadlEdMPXpf47I6DhvWxCy8kDWdvOAKaLObUbu+sheBAOdtXqZ1Ugfw8xLUh4\nXvDDhfnZyqEWEk8nDOZgxh1DQo3N7JlLLAW9762AG28vPfzG2G2wYg9ZWOVG2/r+\ny0D6UPSDxR0IKfO0ljZcP/D3AjGLzJXZj59qoOyozm7YnBMwWkVPpe1SAJBCairc\nnyMSh63Gw9bMJ2gxF458f70NMV4KH/S1JxDjr4YopQawheR/jSBh+sNCm0+sHu3D\nDPdO9Iz5b4Lp9lLq8QlJPL+Fib5sjFB72IjvkVgf70G1clIDV9enw49jvnxoemKK\nPNCIcklzdUX3h/wg3tsV6ZXc0l6ecNwKSkoFB4pij4i+B5VryTEVshMidd5e1rsU\n/aGXGPlmWab0fChCU5kRBEOYtCFsP+ikLAVeHKz5j/yDq/0dkFr45l5ws4Bzdp8l\nIK5Ra8PLDfCBsHMUwXihwTS+G0L6xgsTufK2OZlXpcDTamqI/hbfP9vYKiExEb12\nmQYAYJ2RM7loi1FyyFQSofU0CxAddDQUW4Xvt5D26FcXVJp9Xx7CvNGxnUM0Bhj9\n4Jd9guPc1UX2pB49SrVdY6mqzVmfSi1xAmX41phim9N/x4SJjMeiksLOhzi3Zc9M\njhQMO6IlmnMgg6zhCxCxAoIBAQDqT1cX5Y3zB75pn5WLJIO/dSMW7kjyKTGJiaMN\nh+P+3gOXF4He6kr+TT7JpWaNIApiKZcax/Kst1mCUTP4DGvuC23Yoq20TV+eXM+m\n59Pf6s9rPUG+bmWjbEwoPm/BZydlAdTfHGznoyshLbR439A2dGTXMebO42RaV8lF\n5yoXTg+SPUpX0vQn7YpWLBCApdTHRN7AcLkWi6Uhbb/IE2BdqPZbzXghr9MBqb3f\nkWKWPuMlA4keyUSiZLjNfZtTXDO9K4HaiPQtGz+qoleiE9vy/V1LxAn584dGyL4o\nr8ZqMIi7fNeFw8W2BheGPjl7H1vLwRmYZEL5QIRFSmnYCuT1AoIBAQD6HH4KGPlz\nQzzyGBVqhL3wT99Z7JRVJZVnon81bkzz1BABGIbUnpw0ma0xbMPCd5oUsCmRo7is\nIh2hzeUbW4DhuPd2tgaaQ5iz8g6odYCgd+b+Y5y3wgF2hFHD6Z/LNt0m5M+04rxf\nwL64ndEmqlLOhD8KTbZqnWK3dTt4FsQjb+YLVWs3KpIGKW9ezJdv8Fz96Hk38RE9\nJCopFfMbWUp3T8Xv6a7ysDGLR4wsclDFD+zUOhsTLIJo2WrVFVhN1fTJZmCLxDqT\nfyXxXnLWXC/FJ7WuQNGQBZ2TMAtaiV5qJ3XNGBkczDKZlwmRL0VUJyQPxDU6xRAK\nkRJNoR3uRKdnAoIBAQCs292X3p2LZvIeAEKWBVlA/QznFOIx7RwDqMvm5pLYazfg\n1tHT/6tV0uz4XJK8mJ+wbZhxhINO0nExh/C8FYXmdv4R7WoS82YQcc4sBymzLwrY\nxbdj4xQOrY29vto5p31Tsjc2ZkUd2q2t64cSCaQVGGdwrvrlNLLLR6pQbMsLqGYq\ncBcRlarUbhU5n4aJMk44uGFRPZf+vwUTFWGAHHNihY1CiuIOkCUuO+i9MAe4aiqv\nGt2lHb0JxR7lUr4tkH8HFzrUW2cwg8LDgsL96oLA0BRtGfJ2OShamyxW3d6WZrno\n/6AMqjKJKBNg0TUc1TSmrA3S9FzIf8VVTSGq5dalAoIBAEuycecmdeEPuZNf/KNX\nd5ES63tw4df/Xv+Vq8CFGJ83UHy0aqJROt+kn0l1LK5fum+GfZ5JmevnC2bcRPoJ\nsLEgZS01nDv2N3JG0W7k2UA36d6WUWlAO2ceVwzfWXCMs1RBLigF85NbZ53CjfmQ\n1S0R026P5KTR632w6oXHBiffhxVpDeENblKVGdLsQu0rJ0nloUJwIJKLroLu1Lwz\nQxlnOHYLGNr0vpnz1pXhJ1btIfV9fJJKB1Iqc234Xth35/VImfHTOxNHCTnLJyB/\nmCmoghEyJvra6D0S7mzBZKTmOn4PTBJuLuZTUx7w2p/ElOJ8tMuLtvYrwAlkuQVT\nHAMCggEBAMR+2f9Og1tu8kOUaT3v+XG1FfGYWZ5YNqFoV6Q+/pMtiGpnX4nYs+RC\nazwsKN1+mGSFzBJNZYEg4JzsrGj5yaWUeG6eld8b/M/IxTtAU+NKN8e+p+5eaSZ2\ngtbobWTlYFxIvQWhrbY/uBcAp0P/qRESWJkklI5GLkeWNwTFu013m6h1Aa4yX0lw\nsp18haMYT0KWo74fGMdpiSxdB9SxhQPncbF2Xo3ZlznNB8Y0vMAjelLZ4i/xx/M5\nLhg3muFijJMKRkmibVF4I482JnQ7ocxPH6Y2o5gl2XRoEJk/1JaMz2l3dzh8bW8C\n8vFfVXQd8UIig0HaqN7rGzmfZZ/xAHg=\n-----END PRIVATE KEY-----\n",
            "public_key_fingerprint_md5": "84:4e:88:d5:b3:a3:26:3b:cb:c2:b4:eb:3a:dc:71:1b",
            "public_key_fingerprint_sha256": "SHA256:A4aTD7GEKVcy37hByHOE0GM2VJsxXD44xP84dJIBlhc",
            "public_key_openssh": "ssh-rsa AAAAB3NzaC1yc2EAAAADAQABAAACAQDk648XJ5ylnBxkkhnYLOivVPfsm0euMZjxCAL5fWY1TxQ80n1fsIEXM9XHRfIAurOJTYFHGLxl0A/zxWgQTypRyQ/AfNUvcI8dssr9pvup07ozScXZypNV5FV1WsYKAn8ivtJ52CKsbSdTryzWY8xSWi5uEzD9VM7THNRsipU45dgj5UQTOLsEHxnKf6qky++ibLwahk2+MC8JEieYRgi9ndllBG1vh2T248V8tgHPdX0+Mcr+uzD9hnZomgL09HUJ4/Zl6o+mgRXgUDnRKs1ZCHaRqu7DSBZwDMS+3pXev0Inm3RYLeg8yuMNNMIfALLrG1W8CQiZmmrUI1oh4QieCIWE0njpa7f4us7EsFdGH2nUGfPguWI+7EecWgMMkoc50wpRPHISJVKZR3fFe6jNzz44cQGtB2vVUDGwFl6C4KFKerfiCGjySoxb2P/G9j9WHPtSmVYc2+Id9TvedOAYqCUY/kihF7Kdxgqlmb90lpjD6ZhyvpLqXjV2KGTr0xMx6BEqoogUhHenwhzB18L8UAxBZ/+cs3RrQMNxKydIJ/Wd8MhvLtgxWykXEdV//d170qK8d5S0wi0n5toyAPf7/cIiMuOh9s5nlvwtVYCRVYCtA6PvFoUmdrqMaja6LoGI9V1ysWUPQaXsHYNfwWAl/JjWkj3A69YBToUGntHxkw==\n",
            "public_key_pem": "-----BEGIN PUBLIC KEY-----\nMIICIjANBgkqhkiG9w0BAQEFAAOCAg8AMIICCgKCAgEA5OuPFyecpZwcZJIZ2Czo\nr1T37JtHrjGY8QgC+X1mNU8UPNJ9X7CBFzPVx0XyALqziU2BRxi8ZdAP88VoEE8q\nUckPwHzVL3CPHbLK/ab7qdO6M0nF2cqTVeRVdVrGCgJ/Ir7SedgirG0nU68s1mPM\nUloubhMw/VTO0xzUbIqVOOXYI+VEEzi7BB8Zyn+qpMvvomy8GoZNvjAvCRInmEYI\nvZ3ZZQRtb4dk9uPFfLYBz3V9PjHK/rsw/YZ2aJoC9PR1CeP2ZeqPpoEV4FA50SrN\nWQh2karuw0gWcAzEvt6V3r9CJ5t0WC3oPMrjDTTCHwCy6xtVvAkImZpq1CNaIeEI\nngiFhNJ46Wu3+LrOxLBXRh9p1Bnz4LliPuxHnFoDDJKHOdMKUTxyEiVSmUd3xXuo\nzc8+OHEBrQdr1VAxsBZeguChSnq34gho8kqMW9j/xvY/Vhz7UplWHNviHfU73nTg\nGKglGP5IoReyncYKpZm/dJaYw+mYcr6S6l41dihk69MTMegRKqKIFIR3p8IcwdfC\n/FAMQWf/nLN0a0DDcSsnSCf1nfDIby7YMVspFxHVf/3de9KivHeUtMItJ+baMgD3\n+/3CIjLjofbOZ5b8LVWAkVWArQOj7xaFJna6jGo2ui6BiPVdcrFlD0Gl7B2DX8Fg\nJfyY1pI9wOvWAU6FBp7R8ZMCAwEAAQ==\n-----END PUBLIC KEY-----\n",
            "rsa_bits": 4096
          },
          "sensitive_attributes": [
            [
              {
                "type": "get_attr",
                "value": "private_key_openssh"
              }
            ],
            [
              {
                "type": "get_attr",
                "value": "private_key_pem"
              }
            ],
            [
              {
                "type": "get_attr",
                "value": "private_key_pem_pkcs8"
              }
            ]
          ],
          "identity_schema_version": 0
        }
      ]
    }
  ],
  "check_results": [
    {
      "object_kind": "var",
      "config_addr": "var.max_capacity",
      "status": "pass",
      "objects": [
        {
          "object_addr": "var.max_capacity",
          "status": "pass"
        }
      ]
    }
  ]
}
