{
  "version": 4,
  "terraform_version": "1.14.1",
  "serial": 342,
  "lineage": "5de68eff-eb21-9e50-18a6-c48e1db7a8e4",
  "outputs": {
    "asg_name": {
      "value": "terraform-20260120195743744600000004",
      "type": "string"
    },
    "key_pair_name": {
      "value": "gradflow-users",
      "type": "string"
    },
    "loadbalancer_dns": {
      "value": "users-lb-763218019.us-east-1.elb.amazonaws.com",
      "type": "string"
    },
    "public_subnets": {
      "value": [
        "subnet-0cf85f036847b6d7d",
        "subnet-0724601846e29f14d"
      ],
      "type": [
        "tuple",
        [
          "string",
          "string"
        ]
      ]
    },
    "ssh_command_hint": {
      "value": "ssh -i \u003cruta-a-tu-pem\u003e ubuntu@\u003cip_publica\u003e",
      "type": "string"
    },
    "target_group_arn": {
      "value": "arn:aws:elasticloadbalancing:us-east-1:697755754723:targetgroup/hello-tg/e79f84ed5ab93b61",
      "type": "string"
    },
    "vpc_id": {
      "value": "vpc-0eb38a97bd121caf8",
      "type": "string"
    }
  },
  "resources": [
    {
      "mode": "data",
      "type": "aws_availability_zones",
      "name": "available",
      "provider": "provider[\"registry.terraform.io/hashicorp/aws\"]",
      "instances": [
        {
          "schema_version": 0,
          "attributes": {
            "all_availability_zones": null,
            "exclude_names": null,
            "exclude_zone_ids": null,
            "filter": null,
            "group_names": [
              "us-east-1-zg-1"
            ],
            "id": "us-east-1",
            "names": [
              "us-east-1a",
              "us-east-1b",
              "us-east-1c",
              "us-east-1d",
              "us-east-1e",
              "us-east-1f"
            ],
            "region": "us-east-1",
            "state": null,
            "timeouts": null,
            "zone_ids": [
              "use1-az6",
              "use1-az1",
              "use1-az2",
              "use1-az4",
              "use1-az3",
              "use1-az5"
            ]
          },
          "sensitive_attributes": [],
          "identity_schema_version": 0
        }
      ]
    },
    {
      "mode": "managed",
      "type": "aws_autoscaling_group",
      "name": "app",
      "provider": "provider[\"registry.terraform.io/hashicorp/aws\"]",
      "instances": [
        {
          "schema_version": 1,
          "attributes": {
            "arn": "arn:aws:autoscaling:us-east-1:697755754723:autoScalingGroup:7043680d-9302-4772-ac1d-840020be7fbd:autoScalingGroupName/terraform-20260120195743744600000004",
            "availability_zone_distribution": [
              {
                "capacity_distribution_strategy": "balanced-best-effort"
              }
            ],
            "availability_zones": [
              "us-east-1a",
              "us-east-1b"
            ],
            "capacity_rebalance": false,
            "capacity_reservation_specification": [
              {
                "capacity_reservation_preference": "default",
                "capacity_reservation_target": []
              }
            ],
            "context": "",
            "default_cooldown": 300,
            "default_instance_warmup": 0,
            "desired_capacity": 2,
            "desired_capacity_type": "",
            "enabled_metrics": null,
            "force_delete": false,
            "force_delete_warm_pool": false,
            "health_check_grace_period": 300,
            "health_check_type": "ELB",
            "id": "terraform-20260120195743744600000004",
            "ignore_failed_scaling_activities": false,
            "initial_lifecycle_hook": [],
            "instance_maintenance_policy": [],
            "instance_refresh": [
              {
                "preferences": [
                  {
                    "alarm_specification": [],
                    "auto_rollback": false,
                    "checkpoint_delay": "",
                    "checkpoint_percentages": null,
                    "instance_warmup": "180",
                    "max_healthy_percentage": 100,
                    "min_healthy_percentage": 50,
                    "scale_in_protected_instances": "Ignore",
                    "skip_matching": false,
                    "standby_instances": "Ignore"
                  }
                ],
                "strategy": "Rolling",
                "triggers": null
              }
            ],
            "launch_configuration": "",
            "launch_template": [
              {
                "id": "lt-02f22bd47dcff069e",
                "name": "users-app-20260120195737515100000002",
                "version": "$Latest"
              }
            ],
            "load_balancers": [],
            "max_instance_lifetime": 0,
            "max_size": 5,
            "metrics_granularity": "1Minute",
            "min_elb_capacity": null,
            "min_size": 2,
            "mixed_instances_policy": [],
            "name": "terraform-20260120195743744600000004",
            "name_prefix": "terraform-",
            "placement_group": "",
            "predicted_capacity": 0,
            "protect_from_scale_in": false,
            "region": "us-east-1",
            "service_linked_role_arn": "arn:aws:iam::697755754723:role/aws-service-role/autoscaling.amazonaws.com/AWSServiceRoleForAutoScaling",
            "suspended_processes": null,
            "tag": [
              {
                "key": "Name",
                "propagate_at_launch": true,
                "value": "users-instance"
              }
            ],
            "target_group_arns": [
              "arn:aws:elasticloadbalancing:us-east-1:697755754723:targetgroup/hello-tg/e79f84ed5ab93b61"
            ],
            "termination_policies": null,
            "timeouts": null,
            "traffic_source": [
              {
                "identifier": "arn:aws:elasticloadbalancing:us-east-1:697755754723:targetgroup/hello-tg/e79f84ed5ab93b61",
                "type": "elbv2"
              }
            ],
            "vpc_zone_identifier": [
              "subnet-0724601846e29f14d",
              "subnet-0cf85f036847b6d7d"
            ],
            "wait_for_capacity_timeout": "10m",
            "wait_for_elb_capacity": null,
            "warm_pool": [],
            "warm_pool_size": 0
          },
          "sensitive_attributes": [],
          "identity_schema_version": 0,
          "private": "eyJlMmJmYjczMC1lY2FhLTExZTYtOGY4OC0zNDM2M2JjN2M0YzAiOnsiZGVsZXRlIjo2MDAwMDAwMDAwMDAsInVwZGF0ZSI6NjAwMDAwMDAwMDAwfSwic2NoZW1hX3ZlcnNpb24iOiIxIn0=",
          "dependencies": [
            "aws_key_pair.this",
            "aws_launch_template.app",
            "aws_lb_target_group.app",
            "aws_security_group.lb",
            "aws_security_group.web",
            "aws_subnet.public",
            "aws_vpc.main",
            "data.aws_availability_zones.available",
            "tls_private_key.this"
          ]
        }
      ]
    },
    {
      "mode": "managed",
      "type": "aws_autoscaling_policy",
      "name": "cpu_tracking",
      "provider": "provider[\"registry.terraform.io/hashicorp/aws\"]",
      "instances": [
        {
          "schema_version": 0,
          "attributes": {
            "adjustment_type": "",
            "arn": "arn:aws:autoscaling:us-east-1:697755754723:scalingPolicy:9b71e056-6391-4896-8a3d-d8a791b0890c:autoScalingGroupName/terraform-20260120195743744600000004:policyName/scale-on-cpu",
            "autoscaling_group_name": "terraform-20260120195743744600000004",
            "cooldown": 0,
            "enabled": true,
            "estimated_instance_warmup": 120,
            "id": "scale-on-cpu",
            "metric_aggregation_type": "",
            "min_adjustment_magnitude": 0,
            "name": "scale-on-cpu",
            "policy_type": "TargetTrackingScaling",
            "predictive_scaling_configuration": [],
            "region": "us-east-1",
            "scaling_adjustment": 0,
            "step_adjustment": [],
            "target_tracking_configuration": [
              {
                "customized_metric_specification": [],
                "disable_scale_in": false,
                "predefined_metric_specification": [
                  {
                    "predefined_metric_type": "ASGAverageCPUUtilization",
                    "resource_label": ""
                  }
                ],
                "target_value": 40
              }
            ]
          },
          "sensitive_attributes": [],
          "identity_schema_version": 0,
          "private": "bnVsbA==",
          "dependencies": [
            "aws_autoscaling_group.app",
            "aws_key_pair.this",
            "aws_launch_template.app",
            "aws_lb_target_group.app",
            "aws_security_group.lb",
            "aws_security_group.web",
            "aws_subnet.public",
            "aws_vpc.main",
            "data.aws_availability_zones.available",
            "tls_private_key.this"
          ]
        }
      ]
    },
    {
      "mode": "managed",
      "type": "aws_autoscaling_policy",
      "name": "requests_tracking",
      "provider": "provider[\"registry.terraform.io/hashicorp/aws\"]",
      "instances": [
        {
          "schema_version": 0,
          "attributes": {
            "adjustment_type": "",
            "arn": "arn:aws:autoscaling:us-east-1:697755754723:scalingPolicy:9e964edd-2282-447f-ae60-74c535e41b5a:autoScalingGroupName/terraform-20260120195743744600000004:policyName/scale-on-requests",
            "autoscaling_group_name": "terraform-20260120195743744600000004",
            "cooldown": 0,
            "enabled": true,
            "estimated_instance_warmup": 120,
            "id": "scale-on-requests",
            "metric_aggregation_type": "",
            "min_adjustment_magnitude": 0,
            "name": "scale-on-requests",
            "policy_type": "TargetTrackingScaling",
            "predictive_scaling_configuration": [],
            "region": "us-east-1",
            "scaling_adjustment": 0,
            "step_adjustment": [],
            "target_tracking_configuration": [
              {
                "customized_metric_specification": [],
                "disable_scale_in": false,
                "predefined_metric_specification": [
                  {
                    "predefined_metric_type": "ALBRequestCountPerTarget",
                    "resource_label": "app/hello-lb/fac9ef88d2220f4f/targetgroup/hello-tg/e79f84ed5ab93b61"
                  }
                ],
                "target_value": 10
              }
            ]
          },
          "sensitive_attributes": [],
          "identity_schema_version": 0,
          "private": "bnVsbA==",
          "dependencies": [
            "aws_autoscaling_group.app",
            "aws_key_pair.this",
            "aws_launch_template.app",
            "aws_lb.app",
            "aws_lb_target_group.app",
            "aws_security_group.lb",
            "aws_security_group.web",
            "aws_subnet.public",
            "aws_vpc.main",
            "data.aws_availability_zones.available",
            "tls_private_key.this"
          ]
        }
      ]
    },
    {
      "mode": "managed",
      "type": "aws_internet_gateway",
      "name": "igw",
      "provider": "provider[\"registry.terraform.io/hashicorp/aws\"]",
      "instances": [
        {
          "schema_version": 0,
          "attributes": {
            "arn": "arn:aws:ec2:us-east-1:697755754723:internet-gateway/igw-061ac9f052cacdcbf",
            "id": "igw-061ac9f052cacdcbf",
            "owner_id": "697755754723",
            "region": "us-east-1",
            "tags": null,
            "tags_all": {
              "Environment": "users",
              "ManagedBy": "Terraform",
              "Project": "GradFlow"
            },
            "timeouts": null,
            "vpc_id": "vpc-0eb38a97bd121caf8"
          },
          "sensitive_attributes": [],
          "identity_schema_version": 0,
          "private": "eyJlMmJmYjczMC1lY2FhLTExZTYtOGY4OC0zNDM2M2JjN2M0YzAiOnsiY3JlYXRlIjoxMjAwMDAwMDAwMDAwLCJkZWxldGUiOjEyMDAwMDAwMDAwMDAsInVwZGF0ZSI6MTIwMDAwMDAwMDAwMH19",
          "dependencies": [
            "aws_vpc.main"
          ]
        }
      ]
    },
    {
      "mode": "managed",
      "type": "aws_key_pair",
      "name": "this",
      "provider": "provider[\"registry.terraform.io/hashicorp/aws\"]",
      "instances": [
        {
          "index_key": 0,
          "schema_version": 1,
          "attributes": {
            "arn": "arn:aws:ec2:us-east-1:697755754723:key-pair/gradflow-users",
            "fingerprint": "25:1f:50:00:84:38:03:56:0f:dd:99:6f:96:64:f8:45",
            "id": "gradflow-users",
            "key_name": "gradflow-users",
            "key_name_prefix": "",
            "key_pair_id": "key-07d9b088cc6765fca",
            "key_type": "rsa",
            "public_key": "ssh-rsa AAAAB3NzaC1yc2EAAAADAQABAAACAQDbQlcg6kw1eVAMkk4k7ewUwZ2EkmKeZzrKAN9KhDrEne3/BPStMHA4X0bIeuUsJoznoU7MESQ0lN2wBUjTkNh4pNjCawTtU+aFZIrNKAFIdSf3OLACdzhZSCc/jNt/kVHIUHYpj0yhSzuD8A5afEDWbl3ehRJnTjkc48a76biNFHkSn3y4lWGeQKcJVPprH61hbT6aFullLY3+WMk8cLEOCp6jcK/BIg5g7UHcCzQ43hZkXUUlVUcncptxeV/T6Xe1y5aGT5wJ8g6YcYRAC8M51UKi/ytzYuKH4CN592FuyYtngHi939c80HR6oJT0hBFFtdPFCBLtQU4fptEWccN4vu4LCNhVROGjVR5MwFj/WXEmgTlPB0QSUECKLfwMVfS2uzrGMbOKig1eHkXwgNHO1BOlTRXKP0226tbagE3IQb26UwjR6LfDOWw0kwO9mAn7RACQET88/HfgudSnMZJdA+Iy3bXz0WYf3marDj/X1SIZbHpu4/lIlYH4Eisz937uxNa/dv4rLU4a/zdywnT85U5lOw1/GiV057PacGrJqOoG2+yt6H2am8yG5mWNfKPv505nq68C51b7SpuJ2JICPNoRxPYeG1zW9an9BSCx7nhMSYbgFseKPg05J2EqjuR3AUWRVzEnRITWhV+2AnjdD4UW5IxNZh/cLcGfcNixuw==",
            "region": "us-east-1",
            "tags": null,
            "tags_all": {
              "Environment": "users",
              "ManagedBy": "Terraform",
              "Project": "GradFlow"
            }
          },
          "sensitive_attributes": [],
          "identity_schema_version": 0,
          "private": "eyJzY2hlbWFfdmVyc2lvbiI6IjEifQ==",
          "dependencies": [
            "tls_private_key.this"
          ]
        }
      ]
    },
    {
      "mode": "managed",
      "type": "aws_launch_template",
      "name": "app",
      "provider": "provider[\"registry.terraform.io/hashicorp/aws\"]",
      "instances": [
        {
          "schema_version": 1,
          "attributes": {
            "arn": "arn:aws:ec2:us-east-1:697755754723:launch-template/lt-02f22bd47dcff069e",
            "block_device_mappings": [],
            "capacity_reservation_specification": [],
            "cpu_options": [],
            "credit_specification": [],
            "default_version": 1,
            "description": "",
            "disable_api_stop": false,
            "disable_api_termination": false,
            "ebs_optimized": "",
            "enclave_options": [],
            "hibernation_options": [],
            "iam_instance_profile": [],
            "id": "lt-02f22bd47dcff069e",
            "image_id": "ami-0ecb62995f68bb549",
            "instance_initiated_shutdown_behavior": "",
            "instance_market_options": [],
            "instance_requirements": [],
            "instance_type": "t3.micro",
            "kernel_id": "",
            "key_name": "gradflow-users",
            "latest_version": 1,
            "license_specification": [],
            "maintenance_options": [],
            "metadata_options": [],
            "monitoring": [],
            "name": "users-app-20260120195737515100000002",
            "name_prefix": "users-app-",
            "network_interfaces": [],
            "placement": [],
            "private_dns_name_options": [],
            "ram_disk_id": "",
            "region": "us-east-1",
            "security_group_names": null,
            "tag_specifications": [],
            "tags": null,
            "tags_all": {
              "Environment": "users",
              "ManagedBy": "Terraform",
              "Project": "GradFlow"
            },
            "update_default_version": null,
            "user_data": "IyEvYmluL2Jhc2gKc2V0IC1ldW8gcGlwZWZhaWwKCmV4cG9ydCBERUJJQU5fRlJPTlRFTkQ9bm9uaW50ZXJhY3RpdmUKYXB0LWdldCB1cGRhdGUgLXkKYXB0LWdldCBpbnN0YWxsIC15IGRvY2tlci5pbyBjdXJsCgpzeXN0ZW1jdGwgZW5hYmxlIC0tbm93IGRvY2tlcgoKaWYgWyAtbiAiIiBdICYmIFsgLW4gIiIgXSAmJiBbIC1uICIiIF07IHRoZW4KICBlY2hvICIiIHwgZG9ja2VyIGxvZ2luICAtdSAiIiAtLXBhc3N3b3JkLXN0ZGluIHx8IHRydWUKZmkKCmRvY2tlciBwdWxsIGxldmlhdGhhbjExOS9oZWxsb3dvcmxkOmxhdGVzdAoKZG9ja2VyIHJtIC1mIGFwcCB8fCB0cnVlCgpkb2NrZXIgcnVuIC1kIC0tcmVzdGFydCBhbHdheXMgLS1uYW1lIGFwcCAtcCA4MDozMDAwIGxldmlhdGhhbjExOS9oZWxsb3dvcmxkOmxhdGVzdAo=",
            "vpc_security_group_ids": [
              "sg-0338f323d0b3528dd"
            ]
          },
          "sensitive_attributes": [
            [
              {
                "type": "get_attr",
                "value": "user_data"
              }
            ]
          ],
          "identity_schema_version": 0,
          "private": "eyJzY2hlbWFfdmVyc2lvbiI6IjEifQ==",
          "dependencies": [
            "aws_key_pair.this",
            "aws_security_group.lb",
            "aws_security_group.web",
            "aws_vpc.main",
            "tls_private_key.this"
          ]
        }
      ]
    },
    {
      "mode": "managed",
      "type": "aws_lb",
      "name": "app",
      "provider": "provider[\"registry.terraform.io/hashicorp/aws\"]",
      "instances": [
        {
          "schema_version": 0,
          "attributes": {
            "access_logs": [
              {
                "bucket": "",
                "enabled": false,
                "prefix": ""
              }
            ],
            "arn": "arn:aws:elasticloadbalancing:us-east-1:697755754723:loadbalancer/app/hello-lb/fac9ef88d2220f4f",
            "arn_suffix": "app/hello-lb/fac9ef88d2220f4f",
            "client_keep_alive": 3600,
            "connection_logs": [
              {
                "bucket": "",
                "enabled": false,
                "prefix": ""
              }
            ],
            "customer_owned_ipv4_pool": "",
            "desync_mitigation_mode": "defensive",
            "dns_name": "hello-lb-763218019.us-east-1.elb.amazonaws.com",
            "dns_record_client_routing_policy": null,
            "drop_invalid_header_fields": false,
            "enable_cross_zone_load_balancing": true,
            "enable_deletion_protection": false,
            "enable_http2": true,
            "enable_tls_version_and_cipher_suite_headers": false,
            "enable_waf_fail_open": false,
            "enable_xff_client_port": false,
            "enable_zonal_shift": false,
            "enforce_security_group_inbound_rules_on_private_link_traffic": "",
            "health_check_logs": [
              {
                "bucket": "",
                "enabled": false,
                "prefix": ""
              }
            ],
            "id": "arn:aws:elasticloadbalancing:us-east-1:697755754723:loadbalancer/app/hello-lb/fac9ef88d2220f4f",
            "idle_timeout": 60,
            "internal": false,
            "ip_address_type": "ipv4",
            "ipam_pools": [],
            "load_balancer_type": "application",
            "minimum_load_balancer_capacity": [],
            "name": "hello-lb",
            "name_prefix": "",
            "preserve_host_header": false,
            "region": "us-east-1",
            "secondary_ips_auto_assigned_per_subnet": null,
            "security_groups": [
              "sg-0a45aab04295836f0"
            ],
            "subnet_mapping": [
              {
                "allocation_id": "",
                "ipv6_address": "",
                "outpost_id": "",
                "private_ipv4_address": "",
                "subnet_id": "subnet-0724601846e29f14d"
              },
              {
                "allocation_id": "",
                "ipv6_address": "",
                "outpost_id": "",
                "private_ipv4_address": "",
                "subnet_id": "subnet-0cf85f036847b6d7d"
              }
            ],
            "subnets": [
              "subnet-0724601846e29f14d",
              "subnet-0cf85f036847b6d7d"
            ],
            "tags": null,
            "tags_all": {
              "Environment": "users",
              "ManagedBy": "Terraform",
              "Project": "GradFlow"
            },
            "timeouts": null,
            "vpc_id": "vpc-0eb38a97bd121caf8",
            "xff_header_processing_mode": "append",
            "zone_id": "Z35SXDOTRQ7X7K"
          },
          "sensitive_attributes": [],
          "identity_schema_version": 0,
          "identity": {
            "arn": "arn:aws:elasticloadbalancing:us-east-1:697755754723:loadbalancer/app/hello-lb/fac9ef88d2220f4f"
          },
          "private": "eyJlMmJmYjczMC1lY2FhLTExZTYtOGY4OC0zNDM2M2JjN2M0YzAiOnsiY3JlYXRlIjo2MDAwMDAwMDAwMDAsImRlbGV0ZSI6NjAwMDAwMDAwMDAwLCJ1cGRhdGUiOjYwMDAwMDAwMDAwMH19",
          "dependencies": [
            "aws_security_group.lb",
            "aws_subnet.public",
            "aws_vpc.main",
            "data.aws_availability_zones.available"
          ]
        }
      ]
    },
    {
      "mode": "managed",
      "type": "aws_lb_listener",
      "name": "http",
      "provider": "provider[\"registry.terraform.io/hashicorp/aws\"]",
      "instances": [
        {
          "schema_version": 0,
          "attributes": {
            "alpn_policy": null,
            "arn": "arn:aws:elasticloadbalancing:us-east-1:697755754723:listener/app/hello-lb/fac9ef88d2220f4f/3ef1203264dc328f",
            "certificate_arn": null,
            "default_action": [
              {
                "authenticate_cognito": [],
                "authenticate_oidc": [],
                "fixed_response": [],
                "forward": [],
                "jwt_validation": [],
                "order": 1,
                "redirect": [],
                "target_group_arn": "arn:aws:elasticloadbalancing:us-east-1:697755754723:targetgroup/hello-tg/e79f84ed5ab93b61",
                "type": "forward"
              }
            ],
            "id": "arn:aws:elasticloadbalancing:us-east-1:697755754723:listener/app/hello-lb/fac9ef88d2220f4f/3ef1203264dc328f",
            "load_balancer_arn": "arn:aws:elasticloadbalancing:us-east-1:697755754723:loadbalancer/app/hello-lb/fac9ef88d2220f4f",
            "mutual_authentication": [],
            "port": 80,
            "protocol": "HTTP",
            "region": "us-east-1",
            "routing_http_request_x_amzn_mtls_clientcert_header_name": null,
            "routing_http_request_x_amzn_mtls_clientcert_issuer_header_name": null,
            "routing_http_request_x_amzn_mtls_clientcert_leaf_header_name": null,
            "routing_http_request_x_amzn_mtls_clientcert_serial_number_header_name": null,
            "routing_http_request_x_amzn_mtls_clientcert_subject_header_name": null,
            "routing_http_request_x_amzn_mtls_clientcert_validity_header_name": null,
            "routing_http_request_x_amzn_tls_cipher_suite_header_name": null,
            "routing_http_request_x_amzn_tls_version_header_name": null,
            "routing_http_response_access_control_allow_credentials_header_value": "",
            "routing_http_response_access_control_allow_headers_header_value": "",
            "routing_http_response_access_control_allow_methods_header_value": "",
            "routing_http_response_access_control_allow_origin_header_value": "",
            "routing_http_response_access_control_expose_headers_header_value": "",
            "routing_http_response_access_control_max_age_header_value": "",
            "routing_http_response_content_security_policy_header_value": "",
            "routing_http_response_server_enabled": true,
            "routing_http_response_strict_transport_security_header_value": "",
            "routing_http_response_x_content_type_options_header_value": "",
            "routing_http_response_x_frame_options_header_value": "",
            "ssl_policy": "",
            "tags": null,
            "tags_all": {
              "Environment": "users",
              "ManagedBy": "Terraform",
              "Project": "GradFlow"
            },
            "tcp_idle_timeout_seconds": null,
            "timeouts": null
          },
          "sensitive_attributes": [],
          "identity_schema_version": 0,
          "identity": {
            "arn": "arn:aws:elasticloadbalancing:us-east-1:697755754723:listener/app/hello-lb/fac9ef88d2220f4f/3ef1203264dc328f"
          },
          "private": "eyJlMmJmYjczMC1lY2FhLTExZTYtOGY4OC0zNDM2M2JjN2M0YzAiOnsiY3JlYXRlIjozMDAwMDAwMDAwMDAsInVwZGF0ZSI6MzAwMDAwMDAwMDAwfX0=",
          "dependencies": [
            "aws_lb.app",
            "aws_lb_target_group.app",
            "aws_security_group.lb",
            "aws_subnet.public",
            "aws_vpc.main",
            "data.aws_availability_zones.available"
          ]
        }
      ]
    },
    {
      "mode": "managed",
      "type": "aws_lb_target_group",
      "name": "app",
      "provider": "provider[\"registry.terraform.io/hashicorp/aws\"]",
      "instances": [
        {
          "schema_version": 0,
          "attributes": {
            "arn": "arn:aws:elasticloadbalancing:us-east-1:697755754723:targetgroup/hello-tg/e79f84ed5ab93b61",
            "arn_suffix": "targetgroup/hello-tg/e79f84ed5ab93b61",
            "connection_termination": null,
            "deregistration_delay": "300",
            "health_check": [
              {
                "enabled": true,
                "healthy_threshold": 2,
                "interval": 30,
                "matcher": "200",
                "path": "/",
                "port": "traffic-port",
                "protocol": "HTTP",
                "timeout": 5,
                "unhealthy_threshold": 2
              }
            ],
            "id": "arn:aws:elasticloadbalancing:us-east-1:697755754723:targetgroup/hello-tg/e79f84ed5ab93b61",
            "ip_address_type": "ipv4",
            "lambda_multi_value_headers_enabled": false,
            "load_balancer_arns": [],
            "load_balancing_algorithm_type": "round_robin",
            "load_balancing_anomaly_mitigation": "off",
            "load_balancing_cross_zone_enabled": "use_load_balancer_configuration",
            "name": "hello-tg",
            "name_prefix": "",
            "port": 80,
            "preserve_client_ip": null,
            "protocol": "HTTP",
            "protocol_version": "HTTP1",
            "proxy_protocol_v2": false,
            "region": "us-east-1",
            "slow_start": 0,
            "stickiness": [
              {
                "cookie_duration": 86400,
                "cookie_name": "",
                "enabled": false,
                "type": "lb_cookie"
              }
            ],
            "tags": null,
            "tags_all": {
              "Environment": "users",
              "ManagedBy": "Terraform",
              "Project": "GradFlow"
            },
            "target_control_port": 0,
            "target_failover": [
              {
                "on_deregistration": null,
                "on_unhealthy": null
              }
            ],
            "target_group_health": [
              {
                "dns_failover": [
                  {
                    "minimum_healthy_targets_count": "1",
                    "minimum_healthy_targets_percentage": "off"
                  }
                ],
                "unhealthy_state_routing": [
                  {
                    "minimum_healthy_targets_count": 1,
                    "minimum_healthy_targets_percentage": "off"
                  }
                ]
              }
            ],
            "target_health_state": [
              {
                "enable_unhealthy_connection_termination": null,
                "unhealthy_draining_interval": null
              }
            ],
            "target_type": "instance",
            "vpc_id": "vpc-0eb38a97bd121caf8"
          },
          "sensitive_attributes": [],
          "identity_schema_version": 0,
          "identity": {
            "arn": "arn:aws:elasticloadbalancing:us-east-1:697755754723:targetgroup/hello-tg/e79f84ed5ab93b61"
          },
          "private": "bnVsbA==",
          "dependencies": [
            "aws_vpc.main"
          ]
        }
      ]
    },
    {
      "mode": "managed",
      "type": "aws_route_table",
      "name": "public",
      "provider": "provider[\"registry.terraform.io/hashicorp/aws\"]",
      "instances": [
        {
          "schema_version": 0,
          "attributes": {
            "arn": "arn:aws:ec2:us-east-1:697755754723:route-table/rtb-06cd64322f39b6b9c",
            "id": "rtb-06cd64322f39b6b9c",
            "owner_id": "697755754723",
            "propagating_vgws": [],
            "region": "us-east-1",
            "route": [
              {
                "carrier_gateway_id": "",
                "cidr_block": "0.0.0.0/0",
                "core_network_arn": "",
                "destination_prefix_list_id": "",
                "egress_only_gateway_id": "",
                "gateway_id": "igw-061ac9f052cacdcbf",
                "ipv6_cidr_block": "",
                "local_gateway_id": "",
                "nat_gateway_id": "",
                "network_interface_id": "",
                "transit_gateway_id": "",
                "vpc_endpoint_id": "",
                "vpc_peering_connection_id": ""
              }
            ],
            "tags": null,
            "tags_all": {
              "Environment": "users",
              "ManagedBy": "Terraform",
              "Project": "GradFlow"
            },
            "timeouts": null,
            "vpc_id": "vpc-0eb38a97bd121caf8"
          },
          "sensitive_attributes": [],
          "identity_schema_version": 0,
          "identity": {
            "account_id": "697755754723",
            "id": "rtb-06cd64322f39b6b9c",
            "region": "us-east-1"
          },
          "private": "eyJlMmJmYjczMC1lY2FhLTExZTYtOGY4OC0zNDM2M2JjN2M0YzAiOnsiY3JlYXRlIjozMDAwMDAwMDAwMDAsImRlbGV0ZSI6MzAwMDAwMDAwMDAwLCJ1cGRhdGUiOjEyMDAwMDAwMDAwMH19",
          "dependencies": [
            "aws_internet_gateway.igw",
            "aws_vpc.main"
          ]
        }
      ]
    },
    {
      "mode": "managed",
      "type": "aws_route_table_association",
      "name": "public",
      "provider": "provider[\"registry.terraform.io/hashicorp/aws\"]",
      "instances": [
        {
          "index_key": 0,
          "schema_version": 0,
          "attributes": {
            "gateway_id": "",
            "id": "rtbassoc-08974e1c6d4b28d41",
            "region": "us-east-1",
            "route_table_id": "rtb-06cd64322f39b6b9c",
            "subnet_id": "subnet-0cf85f036847b6d7d",
            "timeouts": null
          },
          "sensitive_attributes": [],
          "identity_schema_version": 0,
          "private": "eyJlMmJmYjczMC1lY2FhLTExZTYtOGY4OC0zNDM2M2JjN2M0YzAiOnsiY3JlYXRlIjozMDAwMDAwMDAwMDAsImRlbGV0ZSI6MzAwMDAwMDAwMDAwLCJ1cGRhdGUiOjEyMDAwMDAwMDAwMH19",
          "dependencies": [
            "aws_internet_gateway.igw",
            "aws_route_table.public",
            "aws_subnet.public",
            "aws_vpc.main",
            "data.aws_availability_zones.available"
          ]
        },
        {
          "index_key": 1,
          "schema_version": 0,
          "attributes": {
            "gateway_id": "",
            "id": "rtbassoc-0a639c0ba6de6ed2c",
            "region": "us-east-1",
            "route_table_id": "rtb-06cd64322f39b6b9c",
            "subnet_id": "subnet-0724601846e29f14d",
            "timeouts": null
          },
          "sensitive_attributes": [],
          "identity_schema_version": 0,
          "private": "eyJlMmJmYjczMC1lY2FhLTExZTYtOGY4OC0zNDM2M2JjN2M0YzAiOnsiY3JlYXRlIjozMDAwMDAwMDAwMDAsImRlbGV0ZSI6MzAwMDAwMDAwMDAwLCJ1cGRhdGUiOjEyMDAwMDAwMDAwMH19",
          "dependencies": [
            "aws_internet_gateway.igw",
            "aws_route_table.public",
            "aws_subnet.public",
            "aws_vpc.main",
            "data.aws_availability_zones.available"
          ]
        }
      ]
    },
    {
      "mode": "managed",
      "type": "aws_security_group",
      "name": "lb",
      "provider": "provider[\"registry.terraform.io/hashicorp/aws\"]",
      "instances": [
        {
          "schema_version": 1,
          "attributes": {
            "arn": "arn:aws:ec2:us-east-1:697755754723:security-group/sg-0a45aab04295836f0",
            "description": "Managed by Terraform",
            "egress": [
              {
                "cidr_blocks": [
                  "0.0.0.0/0"
                ],
                "description": "",
                "from_port": 0,
                "ipv6_cidr_blocks": [],
                "prefix_list_ids": [],
                "protocol": "-1",
                "security_groups": [],
                "self": false,
                "to_port": 0
              }
            ],
            "id": "sg-0a45aab04295836f0",
            "ingress": [
              {
                "cidr_blocks": [
                  "0.0.0.0/0"
                ],
                "description": "",
                "from_port": 80,
                "ipv6_cidr_blocks": [],
                "prefix_list_ids": [],
                "protocol": "tcp",
                "security_groups": [],
                "self": false,
                "to_port": 80
              }
            ],
            "name": "lb_sg",
            "name_prefix": "",
            "owner_id": "697755754723",
            "region": "us-east-1",
            "revoke_rules_on_delete": false,
            "tags": null,
            "tags_all": {
              "Environment": "users",
              "ManagedBy": "Terraform",
              "Project": "GradFlow"
            },
            "timeouts": null,
            "vpc_id": "vpc-0eb38a97bd121caf8"
          },
          "sensitive_attributes": [],
          "identity_schema_version": 0,
          "identity": {
            "account_id": "697755754723",
            "id": "sg-0a45aab04295836f0",
            "region": "us-east-1"
          },
          "private": "eyJlMmJmYjczMC1lY2FhLTExZTYtOGY4OC0zNDM2M2JjN2M0YzAiOnsiY3JlYXRlIjo2MDAwMDAwMDAwMDAsImRlbGV0ZSI6OTAwMDAwMDAwMDAwfSwic2NoZW1hX3ZlcnNpb24iOiIxIn0=",
          "dependencies": [
            "aws_vpc.main"
          ]
        }
      ]
    },
    {
      "mode": "managed",
      "type": "aws_security_group",
      "name": "web",
      "provider": "provider[\"registry.terraform.io/hashicorp/aws\"]",
      "instances": [
        {
          "schema_version": 1,
          "attributes": {
            "arn": "arn:aws:ec2:us-east-1:697755754723:security-group/sg-0338f323d0b3528dd",
            "description": "Managed by Terraform",
            "egress": [
              {
                "cidr_blocks": [
                  "0.0.0.0/0"
                ],
                "description": "",
                "from_port": 0,
                "ipv6_cidr_blocks": [],
                "prefix_list_ids": [],
                "protocol": "-1",
                "security_groups": [],
                "self": false,
                "to_port": 0
              }
            ],
            "id": "sg-0338f323d0b3528dd",
            "ingress": [
              {
                "cidr_blocks": [
                  "0.0.0.0/0"
                ],
                "description": "SSH for CI/CD",
                "from_port": 22,
                "ipv6_cidr_blocks": [],
                "prefix_list_ids": [],
                "protocol": "tcp",
                "security_groups": [],
                "self": false,
                "to_port": 22
              },
              {
                "cidr_blocks": [],
                "description": "",
                "from_port": 80,
                "ipv6_cidr_blocks": [],
                "prefix_list_ids": [],
                "protocol": "tcp",
                "security_groups": [
                  "sg-0a45aab04295836f0"
                ],
                "self": false,
                "to_port": 80
              }
            ],
            "name": "web_sg",
            "name_prefix": "",
            "owner_id": "697755754723",
            "region": "us-east-1",
            "revoke_rules_on_delete": false,
            "tags": null,
            "tags_all": {
              "Environment": "users",
              "ManagedBy": "Terraform",
              "Project": "GradFlow"
            },
            "timeouts": null,
            "vpc_id": "vpc-0eb38a97bd121caf8"
          },
          "sensitive_attributes": [],
          "identity_schema_version": 0,
          "identity": {
            "account_id": "697755754723",
            "id": "sg-0338f323d0b3528dd",
            "region": "us-east-1"
          },
          "private": "eyJlMmJmYjczMC1lY2FhLTExZTYtOGY4OC0zNDM2M2JjN2M0YzAiOnsiY3JlYXRlIjo2MDAwMDAwMDAwMDAsImRlbGV0ZSI6OTAwMDAwMDAwMDAwfSwic2NoZW1hX3ZlcnNpb24iOiIxIn0=",
          "dependencies": [
            "aws_security_group.lb",
            "aws_vpc.main"
          ]
        }
      ]
    },
    {
      "mode": "managed",
      "type": "aws_subnet",
      "name": "public",
      "provider": "provider[\"registry.terraform.io/hashicorp/aws\"]",
      "instances": [
        {
          "index_key": 0,
          "schema_version": 1,
          "attributes": {
            "arn": "arn:aws:ec2:us-east-1:697755754723:subnet/subnet-0cf85f036847b6d7d",
            "assign_ipv6_address_on_creation": false,
            "availability_zone": "us-east-1a",
            "availability_zone_id": "use1-az6",
            "cidr_block": "10.0.0.0/24",
            "customer_owned_ipv4_pool": "",
            "enable_dns64": false,
            "enable_lni_at_device_index": 0,
            "enable_resource_name_dns_a_record_on_launch": false,
            "enable_resource_name_dns_aaaa_record_on_launch": false,
            "id": "subnet-0cf85f036847b6d7d",
            "ipv6_cidr_block": "",
            "ipv6_cidr_block_association_id": "",
            "ipv6_native": false,
            "map_customer_owned_ip_on_launch": false,
            "map_public_ip_on_launch": true,
            "outpost_arn": "",
            "owner_id": "697755754723",
            "private_dns_hostname_type_on_launch": "ip-name",
            "region": "us-east-1",
            "tags": null,
            "tags_all": {
              "Environment": "users",
              "ManagedBy": "Terraform",
              "Project": "GradFlow"
            },
            "timeouts": null,
            "vpc_id": "vpc-0eb38a97bd121caf8"
          },
          "sensitive_attributes": [],
          "identity_schema_version": 0,
          "identity": {
            "account_id": "697755754723",
            "id": "subnet-0cf85f036847b6d7d",
            "region": "us-east-1"
          },
          "private": "eyJlMmJmYjczMC1lY2FhLTExZTYtOGY4OC0zNDM2M2JjN2M0YzAiOnsiY3JlYXRlIjo2MDAwMDAwMDAwMDAsImRlbGV0ZSI6MTIwMDAwMDAwMDAwMH0sInNjaGVtYV92ZXJzaW9uIjoiMSJ9",
          "dependencies": [
            "aws_vpc.main",
            "data.aws_availability_zones.available"
          ]
        },
        {
          "index_key": 1,
          "schema_version": 1,
          "attributes": {
            "arn": "arn:aws:ec2:us-east-1:697755754723:subnet/subnet-0724601846e29f14d",
            "assign_ipv6_address_on_creation": false,
            "availability_zone": "us-east-1b",
            "availability_zone_id": "use1-az1",
            "cidr_block": "10.0.1.0/24",
            "customer_owned_ipv4_pool": "",
            "enable_dns64": false,
            "enable_lni_at_device_index": 0,
            "enable_resource_name_dns_a_record_on_launch": false,
            "enable_resource_name_dns_aaaa_record_on_launch": false,
            "id": "subnet-0724601846e29f14d",
            "ipv6_cidr_block": "",
            "ipv6_cidr_block_association_id": "",
            "ipv6_native": false,
            "map_customer_owned_ip_on_launch": false,
            "map_public_ip_on_launch": true,
            "outpost_arn": "",
            "owner_id": "697755754723",
            "private_dns_hostname_type_on_launch": "ip-name",
            "region": "us-east-1",
            "tags": null,
            "tags_all": {
              "Environment": "users",
              "ManagedBy": "Terraform",
              "Project": "GradFlow"
            },
            "timeouts": null,
            "vpc_id": "vpc-0eb38a97bd121caf8"
          },
          "sensitive_attributes": [],
          "identity_schema_version": 0,
          "identity": {
            "account_id": "697755754723",
            "id": "subnet-0724601846e29f14d",
            "region": "us-east-1"
          },
          "private": "eyJlMmJmYjczMC1lY2FhLTExZTYtOGY4OC0zNDM2M2JjN2M0YzAiOnsiY3JlYXRlIjo2MDAwMDAwMDAwMDAsImRlbGV0ZSI6MTIwMDAwMDAwMDAwMH0sInNjaGVtYV92ZXJzaW9uIjoiMSJ9",
          "dependencies": [
            "aws_vpc.main",
            "data.aws_availability_zones.available"
          ]
        }
      ]
    },
    {
      "mode": "managed",
      "type": "aws_vpc",
      "name": "main",
      "provider": "provider[\"registry.terraform.io/hashicorp/aws\"]",
      "instances": [
        {
          "schema_version": 1,
          "attributes": {
            "arn": "arn:aws:ec2:us-east-1:697755754723:vpc/vpc-0eb38a97bd121caf8",
            "assign_generated_ipv6_cidr_block": false,
            "cidr_block": "10.0.0.0/16",
            "default_network_acl_id": "acl-0c9b95ccad576c739",
            "default_route_table_id": "rtb-0e081f5d68f73877d",
            "default_security_group_id": "sg-0d557742e9ea1643e",
            "dhcp_options_id": "dopt-09c9a738bb79b4b08",
            "enable_dns_hostnames": false,
            "enable_dns_support": true,
            "enable_network_address_usage_metrics": false,
            "id": "vpc-0eb38a97bd121caf8",
            "instance_tenancy": "default",
            "ipv4_ipam_pool_id": null,
            "ipv4_netmask_length": null,
            "ipv6_association_id": "",
            "ipv6_cidr_block": "",
            "ipv6_cidr_block_network_border_group": "",
            "ipv6_ipam_pool_id": "",
            "ipv6_netmask_length": 0,
            "main_route_table_id": "rtb-0e081f5d68f73877d",
            "owner_id": "697755754723",
            "region": "us-east-1",
            "tags": null,
            "tags_all": {
              "Environment": "users",
              "ManagedBy": "Terraform",
              "Project": "GradFlow"
            }
          },
          "sensitive_attributes": [],
          "identity_schema_version": 0,
          "identity": {
            "account_id": "697755754723",
            "id": "vpc-0eb38a97bd121caf8",
            "region": "us-east-1"
          },
          "private": "eyJzY2hlbWFfdmVyc2lvbiI6IjEifQ=="
        }
      ]
    },
    {
      "mode": "managed",
      "type": "local_file",
      "name": "private_key_pem",
      "provider": "provider[\"registry.terraform.io/hashicorp/local\"]",
      "instances": [
        {
          "index_key": 0,
          "schema_version": 0,
          "attributes": {
            "content": "-----BEGIN RSA PRIVATE KEY-----\nMIIJKAIBAAKCAgEA20JXIOpMNXlQDJJOJO3sFMGdhJJinmc6ygDfSoQ6xJ3t/wT0\nrTBwOF9GyHrlLCaM56FOzBEkNJTdsAVI05DYeKTYwmsE7VPmhWSKzSgBSHUn9ziw\nAnc4WUgnP4zbf5FRyFB2KY9MoUs7g/AOWnxA1m5d3oUSZ045HOPGu+m4jRR5Ep98\nuJVhnkCnCVT6ax+tYW0+mhbpZS2N/ljJPHCxDgqeo3CvwSIOYO1B3As0ON4WZF1F\nJVVHJ3KbcXlf0+l3tcuWhk+cCfIOmHGEQAvDOdVCov8rc2Lih+AjefdhbsmLZ4B4\nvd/XPNB0eqCU9IQRRbXTxQgS7UFOH6bRFnHDeL7uCwjYVUTho1UeTMBY/1lxJoE5\nTwdEElBAii38DFX0trs6xjGziooNXh5F8IDRztQTpU0Vyj9NturW2oBNyEG9ulMI\n0ei3wzlsNJMDvZgJ+0QAkBE/PPx34LnUpzGSXQPiMt2189FmH95mqw4/19UiGWx6\nbuP5SJWB+BIrM/d+7sTWv3b+Ky1OGv83csJ0/OVOZTsNfxoldOez2nBqyajqBtvs\nreh9mpvMhuZljXyj7+dOZ6uvAudW+0qbidiSAjzaEcT2Hhtc1vWp/QUgse54TEmG\n4BbHij4NOSdhKo7kdwFFkVcxJ0SE1oVftgJ43Q+FFuSMTWYf3C3Bn3DYsbsCAwEA\nAQKCAgASW3COCe/NflWsZ8dxIhZk+nzkr5jgKEZsyTvosj91XL+jXVfa9DZBEgEM\nIfX0B1o+vmupfDnqyRfyd87MH9Fv8GVRicJE2IRxYKSaXqIU3fI1qaJa4n5uQzM+\nB94MxS7ytYHfIudIjdLyzfN1sfd/vIfRbJTI32y6tXtbGktgTHmCjKXVknQ02rbh\neiLpOyK6CHp4TjjGRtUfmXFnxQud4Fe92V5trhtEFDkyYiHCLR300zZJ1OT7MYZA\nLuhOBrsGFoCIyDuJPaHpM3/eGN4Eho1otjJ+G6ZZt/Ngb8zRiMBKLyBszUPpDI7k\nAXPXMQN9MacEVRO4l4Ih9kaFOYsi9jVSpWSMQMK6TJWajz/ZYZLNkgyePw4zVERv\nbUAgB1CQ8S/qmfCD0PahXloSuUuZAV7VNuZia1F8ugTmkettG1Mzyji2IQMn19xd\n8qmxW1FX0GL9G+JHLCwPVqz36o5q0NrHNsGOxqyBGRyntfgS3TK0yPHUNld23rdO\nXnSG1vw0Xe5wqKDrT92lxBj05nUskylc7Sp/LlOdlZe4Bhxs7HRe9vIXkKAfF2yD\npEp5tdgBaf5L55KobDAtJYi8/rW1cyriDM14Ph6CZw1ihf/IbLwdBtXH+8M1hcEr\ngpL8srv9yW4F5/JpA7HIOp321lVN5HQdQCgBaOVdfPxhENLoAQKCAQEA7Mbrsm5N\nUV/tlWr00oQPaDi86bQpHld4f3EV/OzlU9AJsAb2ol8dZieBQh89fDoyA4DAx7V6\neMuZQbZ7fpYSO5gWHmLTC8D6iLaxXq9CRI5BgU4QPesPHeFtfQAnfMjffGDz7Sg/\nlOENariqQHXWyfeXUdAxxzea5gGAzTiZQ6Rz3fE2WsHlAXWHJ7K4cIYpcrx6F3Dl\nb5vfytsa38sCY47/C7P4O1hnP/sJQ47K461G53KVMCoow/mPHlAAqeCT/9NHXwCD\nT5LG0jQ4+QiA/Q+ZdkJ0Two1ShDw/VEkeJFS3KnzAO3ZYURXVI7BVuPlo0zZOT0U\ndZN1mmjl6SRduwKCAQEA7Q9VtGqbgkYsqOPzuCibtX4QEQC5rwzeYLUngRg8urt0\njh/98UE3LxMOgKN/9ZnKleNwmA6mMhnKovBJyWeCM3tjqTe7UYsb+FDWn5u5YLNt\nKhh3MzwmGoeLC1xVLagRRnxYA/kUqbpRIOCWErWrgs+3ipA+gQjpcXEE1X3zgtzj\nxxYfkmMwEQVWaH2i4SmcVNpq25oocOFkiMs8bHHqCPglwGcPyCCAaJLgLp0v2bAy\nrjmC/LqleJO21fDP/CHRG48P1jBXlZZANuD0LZQ6n4y6Vthr5RO5l1dvUgX65x+n\n1R2J/xhh/c78rQ0qxuph8vYM2ssFM/n6IZso+y28AQKCAQBo7NWx4nNc5jewiQ8o\n4uC4/LuqjO3Txktdnk1yIcCWXZCNcuiEl8W9aTA8jv9+N4PGTZ4gYel98iteFXGw\nbOxzgDf9CyofAUuEngEHxn6FRsz8cg18gtfWE/mi9RiKkbGHuqcdp0JVxU1ex6qa\nmh2urotd8/a7I4b++heL2dMBSLUX2zaNDXNgLCbSjr5xDuL7N06baKojxV1s1Z+Z\nIKtUVx/qnbwZAFnw3lwClhqOvlC3a+10xJoADm0/r5A7t4ueSJBOJzoJXy/AIuhE\nY2JVwj3tTBGinRF0WwGQIA8bZrrjkmRfOwejtNdGX2SKDr/Kl9mDJfAVEl2BKY8I\nu9bVAoIBAQCgodt5PSPSyqpIZu4mw51/BcTtQIiRzS6CaT4zg7Di91KrW5I/f+lc\nxJT3JdL3IRbdKhiJcKO9Hyzn69qT1serCtklONZ9Er4JLP3BeUvL8sjt1VYwKXnI\nUEAvmok9Pr01/dvGFWmi+NUwaf5G/0MQiJ/eDI/N77P/Yo3b/FSdQAA4Tw1lrEBN\nyEgc1cUgvYlpFfeChpsQoin1Z4GyGh5zpXIvRaaz/RIFykCOVYSvBW3SELZpei/V\n3IHvxhWoy2FeQzp/8JHokr9AcH4ExIRUyI8bedrihtMjcePEuLijFBgtmK6BZIxB\n55ffyyRJVVi5wXBEcX09Ew4i53iFeyABAoIBAG8kDq9h42TNBr6b2j8qt9fcm4wE\ng61eXUBHAb8lgn7lMXAwJdWbzzRWz111TehUN3KZ/afbAlxkuVQnGr9LcLuDdb5P\n8OJVgXvS8yZwJqDZF1bunYLpzq7UTikKvUsrLhJ6lyWAMkaf4i9yjxYbFwifw3ku\nTgz/k8rVzgCZnZndL46d3eB/u5D9vreK+TSFIm0YcZfHT56tVizRoeJ1Z9AXoakz\n5s8650djY0FP1qAK1kz9pwsKFF9djPUOotFIfpdd6Y8eg4yW0S7rUkSFzcB919Xo\nH1GmJFwVmWI74bErj58Z7uObAO22GxJcNb/KS8pkJrkjuoH6U1/10vx9/5k=\n-----END RSA PRIVATE KEY-----\n",
            "content_base64": null,
            "content_base64sha256": "IX/WeGBMS//iWgtquQd4VR4JvM/mXiOJ0h+rAhOcLMA=",
            "content_base64sha512": "QPBGwbGBMdywwG14UZPY1eMacpvhaoi+PGqjv5h5/9vOULwARKbHEcsPIqTNwc6LgNF7FmCoW7wIzGFgdxFEAw==",
            "content_md5": "e792b8d15b5ae9f21f5d054f5eb273c3",
            "content_sha1": "36391605b5ad844120ab082892a4a13e29870334",
            "content_sha256": "217fd678604c4bffe25a0b6ab90778551e09bccfe65e2389d21fab02139c2cc0",
            "content_sha512": "40f046c1b18131dcb0c06d785193d8d5e31a729be16a88be3c6aa3bf9879ffdbce50bc0044a6c711cb0f22a4cdc1ce8b80d17b1660a85bbc08cc616077114403",
            "directory_permission": "0777",
            "file_permission": "0600",
            "filename": "D:/llaves/gradflow-users.pem",
            "id": "36391605b5ad844120ab082892a4a13e29870334",
            "sensitive_content": null,
            "source": null
          },
          "sensitive_attributes": [
            [
              {
                "type": "get_attr",
                "value": "content"
              }
            ],
            [
              {
                "type": "get_attr",
                "value": "sensitive_content"
              }
            ]
          ],
          "identity_schema_version": 0,
          "dependencies": [
            "tls_private_key.this"
          ]
        }
      ]
    },
    {
      "mode": "managed",
      "type": "tls_private_key",
      "name": "this",
      "provider": "provider[\"registry.terraform.io/hashicorp/tls\"]",
      "instances": [
        {
          "index_key": 0,
          "schema_version": 1,
          "attributes": {
            "algorithm": "RSA",
            "ecdsa_curve": "P224",
            "id": "a2c133ee747c82da3e7c53f57e2a5ca2700b23b4",
            "private_key_openssh": "-----BEGIN OPENSSH PRIVATE KEY-----\nb3BlbnNzaC1rZXktdjEAAAAABG5vbmUAAAAEbm9uZQAAAAAAAAABAAACFwAAAAdz\nc2gtcnNhAAAAAwEAAQAAAgEA20JXIOpMNXlQDJJOJO3sFMGdhJJinmc6ygDfSoQ6\nxJ3t/wT0rTBwOF9GyHrlLCaM56FOzBEkNJTdsAVI05DYeKTYwmsE7VPmhWSKzSgB\nSHUn9ziwAnc4WUgnP4zbf5FRyFB2KY9MoUs7g/AOWnxA1m5d3oUSZ045HOPGu+m4\njRR5Ep98uJVhnkCnCVT6ax+tYW0+mhbpZS2N/ljJPHCxDgqeo3CvwSIOYO1B3As0\nON4WZF1FJVVHJ3KbcXlf0+l3tcuWhk+cCfIOmHGEQAvDOdVCov8rc2Lih+Ajefdh\nbsmLZ4B4vd/XPNB0eqCU9IQRRbXTxQgS7UFOH6bRFnHDeL7uCwjYVUTho1UeTMBY\n/1lxJoE5TwdEElBAii38DFX0trs6xjGziooNXh5F8IDRztQTpU0Vyj9NturW2oBN\nyEG9ulMI0ei3wzlsNJMDvZgJ+0QAkBE/PPx34LnUpzGSXQPiMt2189FmH95mqw4/\n19UiGWx6buP5SJWB+BIrM/d+7sTWv3b+Ky1OGv83csJ0/OVOZTsNfxoldOez2nBq\nyajqBtvsreh9mpvMhuZljXyj7+dOZ6uvAudW+0qbidiSAjzaEcT2Hhtc1vWp/QUg\nse54TEmG4BbHij4NOSdhKo7kdwFFkVcxJ0SE1oVftgJ43Q+FFuSMTWYf3C3Bn3DY\nsbsAAAc4NO0KAzTtCgMAAAAHc3NoLXJzYQAAAgEA20JXIOpMNXlQDJJOJO3sFMGd\nhJJinmc6ygDfSoQ6xJ3t/wT0rTBwOF9GyHrlLCaM56FOzBEkNJTdsAVI05DYeKTY\nwmsE7VPmhWSKzSgBSHUn9ziwAnc4WUgnP4zbf5FRyFB2KY9MoUs7g/AOWnxA1m5d\n3oUSZ045HOPGu+m4jRR5Ep98uJVhnkCnCVT6ax+tYW0+mhbpZS2N/ljJPHCxDgqe\no3CvwSIOYO1B3As0ON4WZF1FJVVHJ3KbcXlf0+l3tcuWhk+cCfIOmHGEQAvDOdVC\nov8rc2Lih+AjefdhbsmLZ4B4vd/XPNB0eqCU9IQRRbXTxQgS7UFOH6bRFnHDeL7u\nCwjYVUTho1UeTMBY/1lxJoE5TwdEElBAii38DFX0trs6xjGziooNXh5F8IDRztQT\npU0Vyj9NturW2oBNyEG9ulMI0ei3wzlsNJMDvZgJ+0QAkBE/PPx34LnUpzGSXQPi\nMt2189FmH95mqw4/19UiGWx6buP5SJWB+BIrM/d+7sTWv3b+Ky1OGv83csJ0/OVO\nZTsNfxoldOez2nBqyajqBtvsreh9mpvMhuZljXyj7+dOZ6uvAudW+0qbidiSAjza\nEcT2Hhtc1vWp/QUgse54TEmG4BbHij4NOSdhKo7kdwFFkVcxJ0SE1oVftgJ43Q+F\nFuSMTWYf3C3Bn3DYsbsAAAADAQABAAACABJbcI4J781+Vaxnx3EiFmT6fOSvmOAo\nRmzJO+iyP3Vcv6NdV9r0NkESAQwh9fQHWj6+a6l8OerJF/J3zswf0W/wZVGJwkTY\nhHFgpJpeohTd8jWpolrifm5DMz4H3gzFLvK1gd8i50iN0vLN83Wx93+8h9FslMjf\nbLq1e1saS2BMeYKMpdWSdDTatuF6Iuk7IroIenhOOMZG1R+ZcWfFC53gV73ZXm2u\nG0QUOTJiIcItHfTTNknU5PsxhkAu6E4GuwYWgIjIO4k9oekzf94Y3gSGjWi2Mn4b\nplm382BvzNGIwEovIGzNQ+kMjuQBc9cxA30xpwRVE7iXgiH2RoU5iyL2NVKlZIxA\nwrpMlZqPP9lhks2SDJ4/DjNURG9tQCAHUJDxL+qZ8IPQ9qFeWhK5S5kBXtU25mJr\nUXy6BOaR620bUzPKOLYhAyfX3F3yqbFbUVfQYv0b4kcsLA9WrPfqjmrQ2sc2wY7G\nrIEZHKe1+BLdMrTI8dQ2V3bet05edIbW/DRd7nCooOtP3aXEGPTmdSyTKVztKn8u\nU52Vl7gGHGzsdF728heQoB8XbIOkSnm12AFp/kvnkqhsMC0liLz+tbVzKuIMzXg+\nHoJnDWKF/8hsvB0G1cf7wzWFwSuCkvyyu/3JbgXn8mkDscg6nfbWVU3kdB1AKAFo\n5V18/GEQ0ugBAAABAG8kDq9h42TNBr6b2j8qt9fcm4wEg61eXUBHAb8lgn7lMXAw\nJdWbzzRWz111TehUN3KZ/afbAlxkuVQnGr9LcLuDdb5P8OJVgXvS8yZwJqDZF1bu\nnYLpzq7UTikKvUsrLhJ6lyWAMkaf4i9yjxYbFwifw3kuTgz/k8rVzgCZnZndL46d\n3eB/u5D9vreK+TSFIm0YcZfHT56tVizRoeJ1Z9AXoakz5s8650djY0FP1qAK1kz9\npwsKFF9djPUOotFIfpdd6Y8eg4yW0S7rUkSFzcB919XoH1GmJFwVmWI74bErj58Z\n7uObAO22GxJcNb/KS8pkJrkjuoH6U1/10vx9/5kAAAEBAOzG67JuTVFf7ZVq9NKE\nD2g4vOm0KR5XeH9xFfzs5VPQCbAG9qJfHWYngUIfPXw6MgOAwMe1enjLmUG2e36W\nEjuYFh5i0wvA+oi2sV6vQkSOQYFOED3rDx3hbX0AJ3zI33xg8+0oP5ThDWq4qkB1\n1sn3l1HQMcc3muYBgM04mUOkc93xNlrB5QF1hyeyuHCGKXK8ehdw5W+b38rbGt/L\nAmOO/wuz+DtYZz/7CUOOyuOtRudylTAqKMP5jx5QAKngk//TR18Ag0+SxtI0OPkI\ngP0PmXZCdE8KNUoQ8P1RJHiRUtyp8wDt2WFEV1SOwVbj5aNM2Tk9FHWTdZpo5ekk\nXbsAAAEBAO0PVbRqm4JGLKjj87gom7V+EBEAua8M3mC1J4EYPLq7dI4f/fFBNy8T\nDoCjf/WZypXjcJgOpjIZyqLwSclngjN7Y6k3u1GLG/hQ1p+buWCzbSoYdzM8JhqH\niwtcVS2oEUZ8WAP5FKm6USDglhK1q4LPt4qQPoEI6XFxBNV984Lc48cWH5JjMBEF\nVmh9ouEpnFTaatuaKHDhZIjLPGxx6gj4JcBnD8gggGiS4C6dL9mwMq45gvy6pXiT\nttXwz/wh0RuPD9YwV5WWQDbg9C2UOp+MulbYa+UTuZdXb1IF+ucfp9Udif8YYf3O\n/K0NKsbqYfL2DNrLBTP5+iGbKPstvAEAAAAAAQID\n-----END OPENSSH PRIVATE KEY-----\n",
            "private_key_pem": "-----BEGIN RSA PRIVATE KEY-----\nMIIJKAIBAAKCAgEA20JXIOpMNXlQDJJOJO3sFMGdhJJinmc6ygDfSoQ6xJ3t/wT0\nrTBwOF9GyHrlLCaM56FOzBEkNJTdsAVI05DYeKTYwmsE7VPmhWSKzSgBSHUn9ziw\nAnc4WUgnP4zbf5FRyFB2KY9MoUs7g/AOWnxA1m5d3oUSZ045HOPGu+m4jRR5Ep98\nuJVhnkCnCVT6ax+tYW0+mhbpZS2N/ljJPHCxDgqeo3CvwSIOYO1B3As0ON4WZF1F\nJVVHJ3KbcXlf0+l3tcuWhk+cCfIOmHGEQAvDOdVCov8rc2Lih+AjefdhbsmLZ4B4\nvd/XPNB0eqCU9IQRRbXTxQgS7UFOH6bRFnHDeL7uCwjYVUTho1UeTMBY/1lxJoE5\nTwdEElBAii38DFX0trs6xjGziooNXh5F8IDRztQTpU0Vyj9NturW2oBNyEG9ulMI\n0ei3wzlsNJMDvZgJ+0QAkBE/PPx34LnUpzGSXQPiMt2189FmH95mqw4/19UiGWx6\nbuP5SJWB+BIrM/d+7sTWv3b+Ky1OGv83csJ0/OVOZTsNfxoldOez2nBqyajqBtvs\nreh9mpvMhuZljXyj7+dOZ6uvAudW+0qbidiSAjzaEcT2Hhtc1vWp/QUgse54TEmG\n4BbHij4NOSdhKo7kdwFFkVcxJ0SE1oVftgJ43Q+FFuSMTWYf3C3Bn3DYsbsCAwEA\nAQKCAgASW3COCe/NflWsZ8dxIhZk+nzkr5jgKEZsyTvosj91XL+jXVfa9DZBEgEM\nIfX0B1o+vmupfDnqyRfyd87MH9Fv8GVRicJE2IRxYKSaXqIU3fI1qaJa4n5uQzM+\nB94MxS7ytYHfIudIjdLyzfN1sfd/vIfRbJTI32y6tXtbGktgTHmCjKXVknQ02rbh\neiLpOyK6CHp4TjjGRtUfmXFnxQud4Fe92V5trhtEFDkyYiHCLR300zZJ1OT7MYZA\nLuhOBrsGFoCIyDuJPaHpM3/eGN4Eho1otjJ+G6ZZt/Ngb8zRiMBKLyBszUPpDI7k\nAXPXMQN9MacEVRO4l4Ih9kaFOYsi9jVSpWSMQMK6TJWajz/ZYZLNkgyePw4zVERv\nbUAgB1CQ8S/qmfCD0PahXloSuUuZAV7VNuZia1F8ugTmkettG1Mzyji2IQMn19xd\n8qmxW1FX0GL9G+JHLCwPVqz36o5q0NrHNsGOxqyBGRyntfgS3TK0yPHUNld23rdO\nXnSG1vw0Xe5wqKDrT92lxBj05nUskylc7Sp/LlOdlZe4Bhxs7HRe9vIXkKAfF2yD\npEp5tdgBaf5L55KobDAtJYi8/rW1cyriDM14Ph6CZw1ihf/IbLwdBtXH+8M1hcEr\ngpL8srv9yW4F5/JpA7HIOp321lVN5HQdQCgBaOVdfPxhENLoAQKCAQEA7Mbrsm5N\nUV/tlWr00oQPaDi86bQpHld4f3EV/OzlU9AJsAb2ol8dZieBQh89fDoyA4DAx7V6\neMuZQbZ7fpYSO5gWHmLTC8D6iLaxXq9CRI5BgU4QPesPHeFtfQAnfMjffGDz7Sg/\nlOENariqQHXWyfeXUdAxxzea5gGAzTiZQ6Rz3fE2WsHlAXWHJ7K4cIYpcrx6F3Dl\nb5vfytsa38sCY47/C7P4O1hnP/sJQ47K461G53KVMCoow/mPHlAAqeCT/9NHXwCD\nT5LG0jQ4+QiA/Q+ZdkJ0Two1ShDw/VEkeJFS3KnzAO3ZYURXVI7BVuPlo0zZOT0U\ndZN1mmjl6SRduwKCAQEA7Q9VtGqbgkYsqOPzuCibtX4QEQC5rwzeYLUngRg8urt0\njh/98UE3LxMOgKN/9ZnKleNwmA6mMhnKovBJyWeCM3tjqTe7UYsb+FDWn5u5YLNt\nKhh3MzwmGoeLC1xVLagRRnxYA/kUqbpRIOCWErWrgs+3ipA+gQjpcXEE1X3zgtzj\nxxYfkmMwEQVWaH2i4SmcVNpq25oocOFkiMs8bHHqCPglwGcPyCCAaJLgLp0v2bAy\nrjmC/LqleJO21fDP/CHRG48P1jBXlZZANuD0LZQ6n4y6Vthr5RO5l1dvUgX65x+n\n1R2J/xhh/c78rQ0qxuph8vYM2ssFM/n6IZso+y28AQKCAQBo7NWx4nNc5jewiQ8o\n4uC4/LuqjO3Txktdnk1yIcCWXZCNcuiEl8W9aTA8jv9+N4PGTZ4gYel98iteFXGw\nbOxzgDf9CyofAUuEngEHxn6FRsz8cg18gtfWE/mi9RiKkbGHuqcdp0JVxU1ex6qa\nmh2urotd8/a7I4b++heL2dMBSLUX2zaNDXNgLCbSjr5xDuL7N06baKojxV1s1Z+Z\nIKtUVx/qnbwZAFnw3lwClhqOvlC3a+10xJoADm0/r5A7t4ueSJBOJzoJXy/AIuhE\nY2JVwj3tTBGinRF0WwGQIA8bZrrjkmRfOwejtNdGX2SKDr/Kl9mDJfAVEl2BKY8I\nu9bVAoIBAQCgodt5PSPSyqpIZu4mw51/BcTtQIiRzS6CaT4zg7Di91KrW5I/f+lc\nxJT3JdL3IRbdKhiJcKO9Hyzn69qT1serCtklONZ9Er4JLP3BeUvL8sjt1VYwKXnI\nUEAvmok9Pr01/dvGFWmi+NUwaf5G/0MQiJ/eDI/N77P/Yo3b/FSdQAA4Tw1lrEBN\nyEgc1cUgvYlpFfeChpsQoin1Z4GyGh5zpXIvRaaz/RIFykCOVYSvBW3SELZpei/V\n3IHvxhWoy2FeQzp/8JHokr9AcH4ExIRUyI8bedrihtMjcePEuLijFBgtmK6BZIxB\n55ffyyRJVVi5wXBEcX09Ew4i53iFeyABAoIBAG8kDq9h42TNBr6b2j8qt9fcm4wE\ng61eXUBHAb8lgn7lMXAwJdWbzzRWz111TehUN3KZ/afbAlxkuVQnGr9LcLuDdb5P\n8OJVgXvS8yZwJqDZF1bunYLpzq7UTikKvUsrLhJ6lyWAMkaf4i9yjxYbFwifw3ku\nTgz/k8rVzgCZnZndL46d3eB/u5D9vreK+TSFIm0YcZfHT56tVizRoeJ1Z9AXoakz\n5s8650djY0FP1qAK1kz9pwsKFF9djPUOotFIfpdd6Y8eg4yW0S7rUkSFzcB919Xo\nH1GmJFwVmWI74bErj58Z7uObAO22GxJcNb/KS8pkJrkjuoH6U1/10vx9/5k=\n-----END RSA PRIVATE KEY-----\n",
            "private_key_pem_pkcs8": "-----BEGIN PRIVATE KEY-----\nMIIJQgIBADANBgkqhkiG9w0BAQEFAASCCSwwggkoAgEAAoICAQDbQlcg6kw1eVAM\nkk4k7ewUwZ2EkmKeZzrKAN9KhDrEne3/BPStMHA4X0bIeuUsJoznoU7MESQ0lN2w\nBUjTkNh4pNjCawTtU+aFZIrNKAFIdSf3OLACdzhZSCc/jNt/kVHIUHYpj0yhSzuD\n8A5afEDWbl3ehRJnTjkc48a76biNFHkSn3y4lWGeQKcJVPprH61hbT6aFullLY3+\nWMk8cLEOCp6jcK/BIg5g7UHcCzQ43hZkXUUlVUcncptxeV/T6Xe1y5aGT5wJ8g6Y\ncYRAC8M51UKi/ytzYuKH4CN592FuyYtngHi939c80HR6oJT0hBFFtdPFCBLtQU4f\nptEWccN4vu4LCNhVROGjVR5MwFj/WXEmgTlPB0QSUECKLfwMVfS2uzrGMbOKig1e\nHkXwgNHO1BOlTRXKP0226tbagE3IQb26UwjR6LfDOWw0kwO9mAn7RACQET88/Hfg\nudSnMZJdA+Iy3bXz0WYf3marDj/X1SIZbHpu4/lIlYH4Eisz937uxNa/dv4rLU4a\n/zdywnT85U5lOw1/GiV057PacGrJqOoG2+yt6H2am8yG5mWNfKPv505nq68C51b7\nSpuJ2JICPNoRxPYeG1zW9an9BSCx7nhMSYbgFseKPg05J2EqjuR3AUWRVzEnRITW\nhV+2AnjdD4UW5IxNZh/cLcGfcNixuwIDAQABAoICABJbcI4J781+Vaxnx3EiFmT6\nfOSvmOAoRmzJO+iyP3Vcv6NdV9r0NkESAQwh9fQHWj6+a6l8OerJF/J3zswf0W/w\nZVGJwkTYhHFgpJpeohTd8jWpolrifm5DMz4H3gzFLvK1gd8i50iN0vLN83Wx93+8\nh9FslMjfbLq1e1saS2BMeYKMpdWSdDTatuF6Iuk7IroIenhOOMZG1R+ZcWfFC53g\nV73ZXm2uG0QUOTJiIcItHfTTNknU5PsxhkAu6E4GuwYWgIjIO4k9oekzf94Y3gSG\njWi2Mn4bplm382BvzNGIwEovIGzNQ+kMjuQBc9cxA30xpwRVE7iXgiH2RoU5iyL2\nNVKlZIxAwrpMlZqPP9lhks2SDJ4/DjNURG9tQCAHUJDxL+qZ8IPQ9qFeWhK5S5kB\nXtU25mJrUXy6BOaR620bUzPKOLYhAyfX3F3yqbFbUVfQYv0b4kcsLA9WrPfqjmrQ\n2sc2wY7GrIEZHKe1+BLdMrTI8dQ2V3bet05edIbW/DRd7nCooOtP3aXEGPTmdSyT\nKVztKn8uU52Vl7gGHGzsdF728heQoB8XbIOkSnm12AFp/kvnkqhsMC0liLz+tbVz\nKuIMzXg+HoJnDWKF/8hsvB0G1cf7wzWFwSuCkvyyu/3JbgXn8mkDscg6nfbWVU3k\ndB1AKAFo5V18/GEQ0ugBAoIBAQDsxuuybk1RX+2VavTShA9oOLzptCkeV3h/cRX8\n7OVT0AmwBvaiXx1mJ4FCHz18OjIDgMDHtXp4y5lBtnt+lhI7mBYeYtMLwPqItrFe\nr0JEjkGBThA96w8d4W19ACd8yN98YPPtKD+U4Q1quKpAddbJ95dR0DHHN5rmAYDN\nOJlDpHPd8TZaweUBdYcnsrhwhilyvHoXcOVvm9/K2xrfywJjjv8Ls/g7WGc/+wlD\njsrjrUbncpUwKijD+Y8eUACp4JP/00dfAINPksbSNDj5CID9D5l2QnRPCjVKEPD9\nUSR4kVLcqfMA7dlhRFdUjsFW4+WjTNk5PRR1k3WaaOXpJF27AoIBAQDtD1W0apuC\nRiyo4/O4KJu1fhARALmvDN5gtSeBGDy6u3SOH/3xQTcvEw6Ao3/1mcqV43CYDqYy\nGcqi8EnJZ4Ize2OpN7tRixv4UNafm7lgs20qGHczPCYah4sLXFUtqBFGfFgD+RSp\nulEg4JYStauCz7eKkD6BCOlxcQTVffOC3OPHFh+SYzARBVZofaLhKZxU2mrbmihw\n4WSIyzxsceoI+CXAZw/IIIBokuAunS/ZsDKuOYL8uqV4k7bV8M/8IdEbjw/WMFeV\nlkA24PQtlDqfjLpW2GvlE7mXV29SBfrnH6fVHYn/GGH9zvytDSrG6mHy9gzaywUz\n+fohmyj7LbwBAoIBAGjs1bHic1zmN7CJDyji4Lj8u6qM7dPGS12eTXIhwJZdkI1y\n6ISXxb1pMDyO/343g8ZNniBh6X3yK14VcbBs7HOAN/0LKh8BS4SeAQfGfoVGzPxy\nDXyC19YT+aL1GIqRsYe6px2nQlXFTV7HqpqaHa6ui13z9rsjhv76F4vZ0wFItRfb\nNo0Nc2AsJtKOvnEO4vs3TptoqiPFXWzVn5kgq1RXH+qdvBkAWfDeXAKWGo6+ULdr\n7XTEmgAObT+vkDu3i55IkE4nOglfL8Ai6ERjYlXCPe1MEaKdEXRbAZAgDxtmuuOS\nZF87B6O010ZfZIoOv8qX2YMl8BUSXYEpjwi71tUCggEBAKCh23k9I9LKqkhm7ibD\nnX8FxO1AiJHNLoJpPjODsOL3Uqtbkj9/6VzElPcl0vchFt0qGIlwo70fLOfr2pPW\nx6sK2SU41n0Svgks/cF5S8vyyO3VVjApechQQC+aiT0+vTX928YVaaL41TBp/kb/\nQxCIn94Mj83vs/9ijdv8VJ1AADhPDWWsQE3ISBzVxSC9iWkV94KGmxCiKfVngbIa\nHnOlci9FprP9EgXKQI5VhK8FbdIQtml6L9Xcge/GFajLYV5DOn/wkeiSv0BwfgTE\nhFTIjxt52uKG0yNx48S4uKMUGC2YroFkjEHnl9/LJElVWLnBcERxfT0TDiLneIV7\nIAECggEAbyQOr2HjZM0GvpvaPyq319ybjASDrV5dQEcBvyWCfuUxcDAl1ZvPNFbP\nXXVN6FQ3cpn9p9sCXGS5VCcav0twu4N1vk/w4lWBe9LzJnAmoNkXVu6dgunOrtRO\nKQq9SysuEnqXJYAyRp/iL3KPFhsXCJ/DeS5ODP+TytXOAJmdmd0vjp3d4H+7kP2+\nt4r5NIUibRhxl8dPnq1WLNGh4nVn0BehqTPmzzrnR2NjQU/WoArWTP2nCwoUX12M\n9Q6i0Uh+l13pjx6DjJbRLutSRIXNwH3X1egfUaYkXBWZYjvhsSuPnxnu45sA7bYb\nElw1v8pLymQmuSO6gfpTX/XS/H3/mQ==\n-----END PRIVATE KEY-----\n",
            "public_key_fingerprint_md5": "3a:a3:0b:bd:46:73:e4:a2:19:e0:ea:01:49:2b:ef:3d",
            "public_key_fingerprint_sha256": "SHA256:LG1jrbZjxIIws8FSWFHAsXowCTsl2kGHxmDw7/MlKKo",
            "public_key_openssh": "ssh-rsa AAAAB3NzaC1yc2EAAAADAQABAAACAQDbQlcg6kw1eVAMkk4k7ewUwZ2EkmKeZzrKAN9KhDrEne3/BPStMHA4X0bIeuUsJoznoU7MESQ0lN2wBUjTkNh4pNjCawTtU+aFZIrNKAFIdSf3OLACdzhZSCc/jNt/kVHIUHYpj0yhSzuD8A5afEDWbl3ehRJnTjkc48a76biNFHkSn3y4lWGeQKcJVPprH61hbT6aFullLY3+WMk8cLEOCp6jcK/BIg5g7UHcCzQ43hZkXUUlVUcncptxeV/T6Xe1y5aGT5wJ8g6YcYRAC8M51UKi/ytzYuKH4CN592FuyYtngHi939c80HR6oJT0hBFFtdPFCBLtQU4fptEWccN4vu4LCNhVROGjVR5MwFj/WXEmgTlPB0QSUECKLfwMVfS2uzrGMbOKig1eHkXwgNHO1BOlTRXKP0226tbagE3IQb26UwjR6LfDOWw0kwO9mAn7RACQET88/HfgudSnMZJdA+Iy3bXz0WYf3marDj/X1SIZbHpu4/lIlYH4Eisz937uxNa/dv4rLU4a/zdywnT85U5lOw1/GiV057PacGrJqOoG2+yt6H2am8yG5mWNfKPv505nq68C51b7SpuJ2JICPNoRxPYeG1zW9an9BSCx7nhMSYbgFseKPg05J2EqjuR3AUWRVzEnRITWhV+2AnjdD4UW5IxNZh/cLcGfcNixuw==\n",
            "public_key_pem": "-----BEGIN PUBLIC KEY-----\nMIICIjANBgkqhkiG9w0BAQEFAAOCAg8AMIICCgKCAgEA20JXIOpMNXlQDJJOJO3s\nFMGdhJJinmc6ygDfSoQ6xJ3t/wT0rTBwOF9GyHrlLCaM56FOzBEkNJTdsAVI05DY\neKTYwmsE7VPmhWSKzSgBSHUn9ziwAnc4WUgnP4zbf5FRyFB2KY9MoUs7g/AOWnxA\n1m5d3oUSZ045HOPGu+m4jRR5Ep98uJVhnkCnCVT6ax+tYW0+mhbpZS2N/ljJPHCx\nDgqeo3CvwSIOYO1B3As0ON4WZF1FJVVHJ3KbcXlf0+l3tcuWhk+cCfIOmHGEQAvD\nOdVCov8rc2Lih+AjefdhbsmLZ4B4vd/XPNB0eqCU9IQRRbXTxQgS7UFOH6bRFnHD\neL7uCwjYVUTho1UeTMBY/1lxJoE5TwdEElBAii38DFX0trs6xjGziooNXh5F8IDR\nztQTpU0Vyj9NturW2oBNyEG9ulMI0ei3wzlsNJMDvZgJ+0QAkBE/PPx34LnUpzGS\nXQPiMt2189FmH95mqw4/19UiGWx6buP5SJWB+BIrM/d+7sTWv3b+Ky1OGv83csJ0\n/OVOZTsNfxoldOez2nBqyajqBtvsreh9mpvMhuZljXyj7+dOZ6uvAudW+0qbidiS\nAjzaEcT2Hhtc1vWp/QUgse54TEmG4BbHij4NOSdhKo7kdwFFkVcxJ0SE1oVftgJ4\n3Q+FFuSMTWYf3C3Bn3DYsbsCAwEAAQ==\n-----END PUBLIC KEY-----\n",
            "rsa_bits": 4096
          },
          "sensitive_attributes": [
            [
              {
                "type": "get_attr",
                "value": "private_key_openssh"
              }
            ],
            [
              {
                "type": "get_attr",
                "value": "private_key_pem"
              }
            ],
            [
              {
                "type": "get_attr",
                "value": "private_key_pem_pkcs8"
              }
            ]
          ],
          "identity_schema_version": 0
        }
      ]
    }
  ],
  "check_results": [
    {
      "object_kind": "var",
      "config_addr": "var.max_capacity",
      "status": "pass",
      "objects": [
        {
          "object_addr": "var.max_capacity",
          "status": "pass"
        }
      ]
    }
  ]
}
