{
  "version": 4,
  "terraform_version": "1.14.1",
  "serial": 1014,
  "lineage": "5de68eff-eb21-9e50-18a6-c48e1db7a8e4",
  "outputs": {
    "asg_name": {
      "value": "users-asg",
      "type": "string"
    },
    "key_pair_name": {
      "value": "gradflow-users",
      "type": "string"
    },
    "loadbalancer_arn": {
      "value": "arn:aws:elasticloadbalancing:us-east-1:697755754723:loadbalancer/app/users-lb/c43481039903acb2",
      "type": "string"
    },
    "loadbalancer_dns": {
      "value": "users-lb-503814125.us-east-1.elb.amazonaws.com",
      "type": "string"
    },
    "public_subnets": {
      "value": [
        "subnet-0988c18449eafda98",
        "subnet-04c3c808018a0136b"
      ],
      "type": [
        "tuple",
        [
          "string",
          "string"
        ]
      ]
    },
    "ssh_command_hint": {
      "value": "ssh -i \u003cruta-a-tu-pem\u003e ubuntu@\u003cip_publica-o-elastica\u003e",
      "type": "string"
    },
    "target_groups_arns": {
      "value": [
        "arn:aws:elasticloadbalancing:us-east-1:697755754723:targetgroup/users-create-tg/20a8758d761e5724",
        "arn:aws:elasticloadbalancing:us-east-1:697755754723:targetgroup/users-delete-tg/37914c499fd6c9d8",
        "arn:aws:elasticloadbalancing:us-east-1:697755754723:targetgroup/users-list-tg/272162839d3f4442",
        "arn:aws:elasticloadbalancing:us-east-1:697755754723:targetgroup/users-search-tg/fcd4408891148eb8",
        "arn:aws:elasticloadbalancing:us-east-1:697755754723:targetgroup/users-update-tg/4155200e0e41287c"
      ],
      "type": [
        "tuple",
        [
          "string",
          "string",
          "string",
          "string",
          "string"
        ]
      ]
    },
    "target_groups_names": {
      "value": [
        "users-create-tg",
        "users-delete-tg",
        "users-list-tg",
        "users-search-tg",
        "users-update-tg"
      ],
      "type": [
        "tuple",
        [
          "string",
          "string",
          "string",
          "string",
          "string"
        ]
      ]
    },
    "vpc_id": {
      "value": "vpc-07c57400dd6aad472",
      "type": "string"
    }
  },
  "resources": [
    {
      "mode": "data",
      "type": "aws_availability_zones",
      "name": "available",
      "provider": "provider[\"registry.terraform.io/hashicorp/aws\"]",
      "instances": [
        {
          "schema_version": 0,
          "attributes": {
            "all_availability_zones": null,
            "exclude_names": null,
            "exclude_zone_ids": null,
            "filter": null,
            "group_names": [
              "us-east-1-zg-1"
            ],
            "id": "us-east-1",
            "names": [
              "us-east-1a",
              "us-east-1b",
              "us-east-1c",
              "us-east-1d",
              "us-east-1e",
              "us-east-1f"
            ],
            "region": "us-east-1",
            "state": null,
            "timeouts": null,
            "zone_ids": [
              "use1-az6",
              "use1-az1",
              "use1-az2",
              "use1-az4",
              "use1-az3",
              "use1-az5"
            ]
          },
          "sensitive_attributes": [],
          "identity_schema_version": 0
        }
      ]
    },
    {
      "mode": "managed",
      "type": "aws_internet_gateway",
      "name": "igw",
      "provider": "provider[\"registry.terraform.io/hashicorp/aws\"]",
      "instances": [
        {
          "schema_version": 0,
          "attributes": {
            "arn": "arn:aws:ec2:us-east-1:697755754723:internet-gateway/igw-0aea833e9078d187f",
            "id": "igw-0aea833e9078d187f",
            "owner_id": "697755754723",
            "region": "us-east-1",
            "tags": null,
            "tags_all": {
              "Environment": "users",
              "ManagedBy": "Terraform",
              "Project": "GradFlow"
            },
            "timeouts": null,
            "vpc_id": "vpc-07c57400dd6aad472"
          },
          "sensitive_attributes": [],
          "identity_schema_version": 0,
          "private": "eyJlMmJmYjczMC1lY2FhLTExZTYtOGY4OC0zNDM2M2JjN2M0YzAiOnsiY3JlYXRlIjoxMjAwMDAwMDAwMDAwLCJkZWxldGUiOjEyMDAwMDAwMDAwMDAsInVwZGF0ZSI6MTIwMDAwMDAwMDAwMH19",
          "dependencies": [
            "aws_vpc.main"
          ]
        }
      ]
    },
    {
      "mode": "managed",
      "type": "aws_key_pair",
      "name": "this",
      "provider": "provider[\"registry.terraform.io/hashicorp/aws\"]",
      "instances": [
        {
          "index_key": 0,
          "schema_version": 1,
          "attributes": {
            "arn": "arn:aws:ec2:us-east-1:697755754723:key-pair/gradflow-users",
            "fingerprint": "7f:ef:a1:c5:75:a7:f6:55:57:21:21:df:60:19:00:93",
            "id": "gradflow-users",
            "key_name": "gradflow-users",
            "key_name_prefix": "",
            "key_pair_id": "key-02940ed2530a4b3ac",
            "key_type": "rsa",
            "public_key": "ssh-rsa AAAAB3NzaC1yc2EAAAADAQABAAACAQCyt1BKwgxh45SvrlUQzLAYPe+d70RaaMbfaxqIUZITKIFaaj8IJYNpBGa2WDwG253CxHaKbByJFBpKHWmiK4Kf0ZQmVivUew2I1tyn6D5kHVjp+//+NpLLNeiXj0xLCAPA9sj1Bl0a/DrosW6CPZkOO1lPBTAupPGhYNLrfPCJi1XwauV4NqWDGiPBBwziQ7YS3e9jQlHS7+S2BxMOzLCDs1Dn6s3d1Cx3N7TsK7k1bsrqLarnqqOdr2/Xbu3BU4R8Qc0JxCaw043PRlh84Yocui2h/Ss7mrjLbV+1uHiqsmy63a8kOPa7uX0lkZrEmfCNySvyaLhYgsIYLmEZagCaXYw7sS65DvC5EgGh5dMOmVFavzCjep9NE7RB8jMUgb3eiRRXk7r+sLBOVgylOT2jd7h6f8UXYS5jkYPUtTkJPHFPTgoX6GFYvobWy6Jz4+dKA98/gAfoatQcWtJ9HgIXUrcBgHKB3O5p0VZ6OPPAEYZr427YesjEvkrq7E7VHjHi5KDbZ/m+mAsqh3sDfVQWvZXuzKtQQKRlLemTT3xEWXQFFRy5piEMogZ0tk+nhzNfPivh0UF5J0KnJiaSy7Ug+k4HScyYqjyQsKryyu0z04CoszF2jdWuYthMPo+daG/1rosu8zZmsusvPK7Ke69rHZGHqWScPbAyXtyl3jixJQ==",
            "region": "us-east-1",
            "tags": null,
            "tags_all": {
              "Environment": "users",
              "ManagedBy": "Terraform",
              "Project": "GradFlow"
            }
          },
          "sensitive_attributes": [],
          "identity_schema_version": 0,
          "private": "eyJzY2hlbWFfdmVyc2lvbiI6IjEifQ==",
          "dependencies": [
            "tls_private_key.this"
          ]
        }
      ]
    },
    {
      "mode": "managed",
      "type": "aws_launch_template",
      "name": "app",
      "provider": "provider[\"registry.terraform.io/hashicorp/aws\"]",
      "instances": [
        {
          "schema_version": 1,
          "attributes": {
            "arn": "arn:aws:ec2:us-east-1:697755754723:launch-template/lt-0d4d5f52796b9ea51",
            "block_device_mappings": [],
            "capacity_reservation_specification": [],
            "cpu_options": [],
            "credit_specification": [],
            "default_version": 1,
            "description": "",
            "disable_api_stop": false,
            "disable_api_termination": false,
            "ebs_optimized": "",
            "enclave_options": [],
            "hibernation_options": [],
            "iam_instance_profile": [],
            "id": "lt-0d4d5f52796b9ea51",
            "image_id": "ami-0ecb62995f68bb549",
            "instance_initiated_shutdown_behavior": "",
            "instance_market_options": [],
            "instance_requirements": [],
            "instance_type": "t3.micro",
            "kernel_id": "",
            "key_name": "gradflow-users",
            "latest_version": 1,
            "license_specification": [],
            "maintenance_options": [],
            "metadata_options": [],
            "monitoring": [],
            "name": "users-app-20260123145951427900000002",
            "name_prefix": "users-app-",
            "network_interfaces": [],
            "placement": [],
            "private_dns_name_options": [],
            "ram_disk_id": "",
            "region": "us-east-1",
            "security_group_names": null,
            "tag_specifications": [],
            "tags": null,
            "tags_all": {
              "Environment": "users",
              "ManagedBy": "Terraform",
              "Project": "GradFlow"
            },
            "update_default_version": null,
            "user_data": "IyEvYmluL2Jhc2gKIyBVc2VyIERhdGEgc2NyaXB0IHRlbXBsYXRlIGZvciBFQzIgaW5zdGFuY2VzCiMgVmFyaWFibGVzIGFyZSBpbmplY3RlZCBieSBUZXJyYWZvcm0gdGVtcGxhdGVmaWxlKCkgZnVuY3Rpb24KCnNldCAtZXVvIHBpcGVmYWlsCgpleHBvcnQgREVCSUFOX0ZST05URU5EPW5vbmludGVyYWN0aXZlCgpMT0dfRklMRT0iL3Zhci9sb2cvdXNlcl9kYXRhLmxvZyIKZXhlYyA+ID4odGVlIC1hICRMT0dfRklMRSkKZXhlYyAyPiYxCgplY2hvICI9PT0gVXNlciBEYXRhIFNjcmlwdCBTdGFydGVkID09PSIKZWNobyAiVGltZXN0YW1wOiAkKGRhdGUpIgoKIyBJbnN0YWxsIERvY2tlcgphcHQtZ2V0IHVwZGF0ZSAteQphcHQtZ2V0IGluc3RhbGwgLXkgZG9ja2VyLmlvIGN1cmwganEKCnN5c3RlbWN0bCBlbmFibGUgZG9ja2VyCnN5c3RlbWN0bCBzdGFydCBkb2NrZXIKCgojIEFsbG93IGRvY2tlciB3aXRob3V0IHN1ZG8KdXNlcm1vZCAtYUcgZG9ja2VyIHVidW50dQoKZWNobyAiRG9ja2VyIGluc3RhbGxlZDogJChkb2NrZXIgLS12ZXJzaW9uKSIKCiMgRG9ja2VyIEh1YiBsb2dpbiBpZiBjcmVkZW50aWFscyBwcm92aWRlZAppZiBbIC1uICJsZXZpYXRoYW4xMTkiIF0gJiYgWyAtbiAiZGNrcl9wYXRfV2pBN0lHTEhkTHhrTHY3cktCZEhrZXZ3VlE0IiBdOyB0aGVuCiAgZWNobyAiZGNrcl9wYXRfV2pBN0lHTEhkTHhrTHY3cktCZEhrZXZ3VlE0IiB8IGRvY2tlciBsb2dpbiAtdSAibGV2aWF0aGFuMTE5IiAtLXBhc3N3b3JkLXN0ZGluIHx8IHRydWUKICBlY2hvICJEb2NrZXIgSHViIGxvZ2luIGNvbXBsZXRlZCIKZmkKCiMgQ3JlYXRlIC5lbnYgZmlsZSB3aXRoIFRlcnJhZm9ybSB2YXJpYWJsZXMKY2F0ID4gL2hvbWUvdWJ1bnR1Ly5lbnYgPDxFTlZGSUxFCiMgRGF0YWJhc2UgQ29uZmlndXJhdGlvbgpEQl9IT1NUPWF3cy0xLXVzLWVhc3QtMS5wb29sZXIuc3VwYWJhc2UuY29tCkRCX1VTRVI9cG9zdGdyZXMuemJqcHh0aWFiZHN2cndmeXRmbGQKREJfUEFTU1dPUkQ9VGVuZ291bmN1ZXJub2RlbWFtdXQxNTA2CkRCX05BTUU9cG9zdGdyZXMKREJfUE9SVD01NDMyCgojIFNlcnZpY2UgQ29uZmlndXJhdGlvbgpOT0RFX0VOVj1wcm9kdWN0aW9uCgojIEFQSSBHYXRld2F5IFVSTCAodXNlIExvYWQgQmFsYW5jZXIgRE5TIC0gQVBJIEdhdGV3YXkgaXMgaW4gYW5vdGhlciBhY2NvdW50KQpBUElfR0FURVdBWV9VUkw9aHR0cDovL3VzZXJzLWxiLTUwMzgxNDEyNS51cy1lYXN0LTEuZWxiLmFtYXpvbmF3cy5jb20KCiMgU2VydmljZSBVUkxzICh1c2UgTG9hZCBCYWxhbmNlciBETlMgZm9yIGFsbCBzZXJ2aWNlcykKVVNFUlNfQ1JFQVRFX1VSTD1odHRwOi8vdXNlcnMtbGItNTAzODE0MTI1LnVzLWVhc3QtMS5lbGIuYW1hem9uYXdzLmNvbQpVU0VSU19ERUxFVEVfVVJMPWh0dHA6Ly91c2Vycy1sYi01MDM4MTQxMjUudXMtZWFzdC0xLmVsYi5hbWF6b25hd3MuY29tClVTRVJTX0xJU1RfVVJMPWh0dHA6Ly91c2Vycy1sYi01MDM4MTQxMjUudXMtZWFzdC0xLmVsYi5hbWF6b25hd3MuY29tClVTRVJTX1NFQVJDSF9VUkw9aHR0cDovL3VzZXJzLWxiLTUwMzgxNDEyNS51cy1lYXN0LTEuZWxiLmFtYXpvbmF3cy5jb20KVVNFUlNfVVBEQVRFX1VSTD1odHRwOi8vdXNlcnMtbGItNTAzODE0MTI1LnVzLWVhc3QtMS5lbGIuYW1hem9uYXdzLmNvbQpBVVRIX0xPR0lOX1VSTD1odHRwOi8vdXNlcnMtbGItNTAzODE0MTI1LnVzLWVhc3QtMS5lbGIuYW1hem9uYXdzLmNvbQpBVVRIX1JPTF9VUkw9aHR0cDovL3VzZXJzLWxiLTUwMzgxNDEyNS51cy1lYXN0LTEuZWxiLmFtYXpvbmF3cy5jb20KQVVUSF9NRV9VUkw9aHR0cDovL3VzZXJzLWxiLTUwMzgxNDEyNS51cy1lYXN0LTEuZWxiLmFtYXpvbmF3cy5jb20KRklMRV9TRVJWSUNFX0lOSVRfVVJMPWh0dHA6Ly91c2Vycy1sYi01MDM4MTQxMjUudXMtZWFzdC0xLmVsYi5hbWF6b25hd3MuY29tCkZJTEVfU0VSVklDRV9VUERBVEVfVVJMPWh0dHA6Ly91c2Vycy1sYi01MDM4MTQxMjUudXMtZWFzdC0xLmVsYi5hbWF6b25hd3MuY29tCkZJTEVfU0VSVklDRV9VUExPQURfVVJMPWh0dHA6Ly91c2Vycy1sYi01MDM4MTQxMjUudXMtZWFzdC0xLmVsYi5hbWF6b25hd3MuY29tCkZJTEVfU0VSVklDRV9MSVNUX1VSTD1odHRwOi8vdXNlcnMtbGItNTAzODE0MTI1LnVzLWVhc3QtMS5lbGIuYW1hem9uYXdzLmNvbQpGSUxFX1NFUlZJQ0VfRE9XTkxPQURfVVJMPWh0dHA6Ly91c2Vycy1sYi01MDM4MTQxMjUudXMtZWFzdC0xLmVsYi5hbWF6b25hd3MuY29tCgojIEpXVCBDb25maWd1cmF0aW9uCkpXVF9TRUNSRVQ9VGVuZ291bmN1ZXJub2RlbWFtdXQyOTAxCkpXVF9FWFBJUkVTX0lOPTI0aApFTlZGSUxFCgpjaG93biB1YnVudHU6dWJ1bnR1IC9ob21lL3VidW50dS8uZW52CmNobW9kIDYwMCAvaG9tZS91YnVudHUvLmVudgoKZWNobyAiLmVudiBmaWxlIGNyZWF0ZWQgYXQgL2hvbWUvdWJ1bnR1Ly5lbnYiCmVjaG8gIkxvYWQgQmFsYW5jZXIgRE5TOiB1c2Vycy1sYi01MDM4MTQxMjUudXMtZWFzdC0xLmVsYi5hbWF6b25hd3MuY29tIgoKCiMgRnVuY3Rpb24gdG8gc3RvcCBhbmQgcmVtb3ZlIGV4aXN0aW5nIGNvbnRhaW5lcgpzdG9wX2FuZF9yZW1vdmVfY29udGFpbmVyKCkgewogIGxvY2FsIGNvbnRhaW5lcl9uYW1lPSQxCiAgZG9ja2VyIHN0b3AgIiRjb250YWluZXJfbmFtZSIgMj4vZGV2L251bGwgfHwgdHJ1ZQogIGRvY2tlciBybSAiJGNvbnRhaW5lcl9uYW1lIiAyPi9kZXYvbnVsbCB8fCB0cnVlCn0KCiMgRnVuY3Rpb24gdG8gcHVsbCBhbmQgcnVuIGNvbnRhaW5lcgpkZXBsb3lfY29udGFpbmVyKCkgewogIGxvY2FsIGNvbnRhaW5lcl9uYW1lPSQxCiAgbG9jYWwgaW1hZ2VfbmFtZT0kMgogIGxvY2FsIHBvcnQ9JDMKICBsb2NhbCBlbnZfZmlsZT0iL2hvbWUvdWJ1bnR1Ly5lbnYiCgogIGVjaG8gIkRlcGxveWluZyAkY29udGFpbmVyX25hbWUuLi4iCgogICMgU3RvcCBhbmQgcmVtb3ZlIGV4aXN0aW5nIGNvbnRhaW5lcgogIHN0b3BfYW5kX3JlbW92ZV9jb250YWluZXIgIiRjb250YWluZXJfbmFtZSIKCiAgIyBQdWxsIERvY2tlciBpbWFnZQogIGlmIFsgLW4gIiRpbWFnZV9uYW1lIiBdOyB0aGVuCiAgICBlY2hvICJQdWxsaW5nIERvY2tlciBpbWFnZTogJGltYWdlX25hbWUiCiAgICBkb2NrZXIgcHVsbCAiJGltYWdlX25hbWUiIHx8IHsKICAgICAgZWNobyAiV2FybmluZzogRmFpbGVkIHRvIHB1bGwgaW1hZ2UgJGltYWdlX25hbWUiCiAgICAgIHJldHVybiAxCiAgICB9CiAgZWxzZQogICAgZWNobyAiV2FybmluZzogTm8gaW1hZ2Ugc3BlY2lmaWVkIGZvciAkY29udGFpbmVyX25hbWUsIHNraXBwaW5nIgogICAgcmV0dXJuIDEKICBmaQoKICAjIFJ1biBjb250YWluZXIKICBkb2NrZXIgcnVuIC1kIFwKICAgIC0tbmFtZSAiJGNvbnRhaW5lcl9uYW1lIiBcCiAgICAtLXJlc3RhcnQgYWx3YXlzIFwKICAgIC1wIDAuMC4wLjA6JHBvcnQ6JHBvcnQgXAogICAgLS1lbnYtZmlsZSAiJGVudl9maWxlIiBcCiAgICAiJGltYWdlX25hbWUiIHx8IHsKICAgICAgZWNobyAiV2FybmluZzogRmFpbGVkIHRvIHN0YXJ0IGNvbnRhaW5lciAkY29udGFpbmVyX25hbWUiCiAgICAgIHJldHVybiAxCiAgICB9CgogIGVjaG8gIkNvbnRhaW5lciAkY29udGFpbmVyX25hbWUgc3RhcnRlZCBvbiBwb3J0ICRwb3J0IChsb2NhbGhvc3Qgb25seSkiCiAgZG9ja2VyIHBzIC0tZmlsdGVyICJuYW1lPSRjb250YWluZXJfbmFtZSIgLS1mb3JtYXQgInt7Lk5hbWVzfX06IHt7LlN0YXR1c319Igp9CgojIERlcGxveSBhbGwgNSB1c2VycyBjb250YWluZXJzCmRlcGxveV9jb250YWluZXIgInVzZXJzLWNyZWF0ZSIgImxldmlhdGhhbjExOS9ncmFkZmxvdy11c2Vycy1jcmVhdGU6bGF0ZXN0IiAzMDAxIHx8IHRydWUKZGVwbG95X2NvbnRhaW5lciAidXNlcnMtZGVsZXRlIiAibGV2aWF0aGFuMTE5L2dyYWRmbG93LXVzZXJzLWRlbGV0ZTpsYXRlc3QiIDMwMDIgfHwgdHJ1ZQpkZXBsb3lfY29udGFpbmVyICJ1c2Vycy1saXN0IiAibGV2aWF0aGFuMTE5L2dyYWRmbG93LXVzZXJzLWxpc3Q6bGF0ZXN0IiAzMDAzIHx8IHRydWUKZGVwbG95X2NvbnRhaW5lciAidXNlcnMtc2VhcmNoIiAibGV2aWF0aGFuMTE5L2dyYWRmbG93LXVzZXJzLXNlYXJjaDpsYXRlc3QiIDMwMDQgfHwgdHJ1ZQpkZXBsb3lfY29udGFpbmVyICJ1c2Vycy11cGRhdGUiICJsZXZpYXRoYW4xMTkvZ3JhZGZsb3ctdXNlcnMtdXBkYXRlOmxhdGVzdCIgMzAwNSB8fCB0cnVlCgojIFdhaXQgYSBmZXcgc2Vjb25kcyBmb3IgY29udGFpbmVycyB0byBiZSByZWFkeQplY2hvICJXYWl0aW5nIGZvciBjb250YWluZXJzIHRvIGluaXRpYWxpemUuLi4iCnNsZWVwIDEwCgojIFZlcmlmeSBjb250YWluZXJzIGFyZSBydW5uaW5nCmVjaG8gIkNvbnRhaW5lciBzdGF0dXM6Igpkb2NrZXIgcHMgLS1mb3JtYXQgInRhYmxlIHt7Lk5hbWVzfX1cdHt7LlN0YXR1c319XHR7ey5Qb3J0c319IgoKIyBDbGVhbnVwIHVudXNlZCBpbWFnZXMKZG9ja2VyIGltYWdlIHBydW5lIC1hIC1mIHx8IHRydWUKCmVjaG8gIj09PSBVc2VyIERhdGEgU2NyaXB0IENvbXBsZXRlZCA9PT0iCmVjaG8gIlRpbWVzdGFtcDogJChkYXRlKSIKZWNobyAiIgplY2hvICJTdW1tYXJ5OiIKZWNobyAiIgplY2hvICJGaW5hbCBjb250YWluZXIgc3RhdHVzOiIKZG9ja2VyIHBzIC0tZm9ybWF0ICJ0YWJsZSB7ey5OYW1lc319XHR7ey5TdGF0dXN9fVx0e3suUG9ydHN9fSIK",
            "vpc_security_group_ids": [
              "sg-0757f4d3300bd1cee"
            ]
          },
          "sensitive_attributes": [
            [
              {
                "type": "get_attr",
                "value": "user_data"
              }
            ]
          ],
          "identity_schema_version": 0,
          "private": "eyJzY2hlbWFfdmVyc2lvbiI6IjEifQ==",
          "dependencies": [
            "aws_key_pair.this",
            "aws_lb.app",
            "aws_security_group.lb",
            "aws_security_group.web",
            "aws_subnet.public",
            "aws_vpc.main",
            "data.aws_availability_zones.available",
            "tls_private_key.this"
          ]
        }
      ]
    },
    {
      "mode": "managed",
      "type": "aws_lb",
      "name": "app",
      "provider": "provider[\"registry.terraform.io/hashicorp/aws\"]",
      "instances": [
        {
          "schema_version": 0,
          "attributes": {
            "access_logs": [
              {
                "bucket": "",
                "enabled": false,
                "prefix": ""
              }
            ],
            "arn": "arn:aws:elasticloadbalancing:us-east-1:697755754723:loadbalancer/app/users-lb/c43481039903acb2",
            "arn_suffix": "app/users-lb/c43481039903acb2",
            "client_keep_alive": 3600,
            "connection_logs": [
              {
                "bucket": "",
                "enabled": false,
                "prefix": ""
              }
            ],
            "customer_owned_ipv4_pool": "",
            "desync_mitigation_mode": "defensive",
            "dns_name": "users-lb-503814125.us-east-1.elb.amazonaws.com",
            "dns_record_client_routing_policy": null,
            "drop_invalid_header_fields": false,
            "enable_cross_zone_load_balancing": true,
            "enable_deletion_protection": false,
            "enable_http2": true,
            "enable_tls_version_and_cipher_suite_headers": false,
            "enable_waf_fail_open": false,
            "enable_xff_client_port": false,
            "enable_zonal_shift": false,
            "enforce_security_group_inbound_rules_on_private_link_traffic": "",
            "health_check_logs": [
              {
                "bucket": "",
                "enabled": false,
                "prefix": ""
              }
            ],
            "id": "arn:aws:elasticloadbalancing:us-east-1:697755754723:loadbalancer/app/users-lb/c43481039903acb2",
            "idle_timeout": 60,
            "internal": false,
            "ip_address_type": "ipv4",
            "ipam_pools": [],
            "load_balancer_type": "application",
            "minimum_load_balancer_capacity": [],
            "name": "users-lb",
            "name_prefix": "",
            "preserve_host_header": false,
            "region": "us-east-1",
            "secondary_ips_auto_assigned_per_subnet": null,
            "security_groups": [
              "sg-0a699b229eab95d9c"
            ],
            "subnet_mapping": [
              {
                "allocation_id": "",
                "ipv6_address": "",
                "outpost_id": "",
                "private_ipv4_address": "",
                "subnet_id": "subnet-04c3c808018a0136b"
              },
              {
                "allocation_id": "",
                "ipv6_address": "",
                "outpost_id": "",
                "private_ipv4_address": "",
                "subnet_id": "subnet-0988c18449eafda98"
              }
            ],
            "subnets": [
              "subnet-04c3c808018a0136b",
              "subnet-0988c18449eafda98"
            ],
            "tags": {
              "Name": "users-application-lb"
            },
            "tags_all": {
              "Environment": "users",
              "ManagedBy": "Terraform",
              "Name": "users-application-lb",
              "Project": "GradFlow"
            },
            "timeouts": null,
            "vpc_id": "vpc-07c57400dd6aad472",
            "xff_header_processing_mode": "append",
            "zone_id": "Z35SXDOTRQ7X7K"
          },
          "sensitive_attributes": [],
          "identity_schema_version": 0,
          "identity": {
            "arn": "arn:aws:elasticloadbalancing:us-east-1:697755754723:loadbalancer/app/users-lb/c43481039903acb2"
          },
          "private": "eyJlMmJmYjczMC1lY2FhLTExZTYtOGY4OC0zNDM2M2JjN2M0YzAiOnsiY3JlYXRlIjo2MDAwMDAwMDAwMDAsImRlbGV0ZSI6NjAwMDAwMDAwMDAwLCJ1cGRhdGUiOjYwMDAwMDAwMDAwMH19",
          "dependencies": [
            "aws_security_group.lb",
            "aws_subnet.public",
            "aws_vpc.main",
            "data.aws_availability_zones.available"
          ]
        }
      ]
    },
    {
      "mode": "managed",
      "type": "aws_lb_listener",
      "name": "http",
      "provider": "provider[\"registry.terraform.io/hashicorp/aws\"]",
      "instances": [
        {
          "schema_version": 0,
          "attributes": {
            "alpn_policy": null,
            "arn": "arn:aws:elasticloadbalancing:us-east-1:697755754723:listener/app/users-lb/c43481039903acb2/ea96e3dd00fc7a4d",
            "certificate_arn": null,
            "default_action": [
              {
                "authenticate_cognito": [],
                "authenticate_oidc": [],
                "fixed_response": [
                  {
                    "content_type": "text/plain",
                    "message_body": "Not Found",
                    "status_code": "404"
                  }
                ],
                "forward": [],
                "jwt_validation": [],
                "order": 1,
                "redirect": [],
                "target_group_arn": "",
                "type": "fixed-response"
              }
            ],
            "id": "arn:aws:elasticloadbalancing:us-east-1:697755754723:listener/app/users-lb/c43481039903acb2/ea96e3dd00fc7a4d",
            "load_balancer_arn": "arn:aws:elasticloadbalancing:us-east-1:697755754723:loadbalancer/app/users-lb/c43481039903acb2",
            "mutual_authentication": [],
            "port": 80,
            "protocol": "HTTP",
            "region": "us-east-1",
            "routing_http_request_x_amzn_mtls_clientcert_header_name": null,
            "routing_http_request_x_amzn_mtls_clientcert_issuer_header_name": null,
            "routing_http_request_x_amzn_mtls_clientcert_leaf_header_name": null,
            "routing_http_request_x_amzn_mtls_clientcert_serial_number_header_name": null,
            "routing_http_request_x_amzn_mtls_clientcert_subject_header_name": null,
            "routing_http_request_x_amzn_mtls_clientcert_validity_header_name": null,
            "routing_http_request_x_amzn_tls_cipher_suite_header_name": null,
            "routing_http_request_x_amzn_tls_version_header_name": null,
            "routing_http_response_access_control_allow_credentials_header_value": "",
            "routing_http_response_access_control_allow_headers_header_value": "",
            "routing_http_response_access_control_allow_methods_header_value": "",
            "routing_http_response_access_control_allow_origin_header_value": "",
            "routing_http_response_access_control_expose_headers_header_value": "",
            "routing_http_response_access_control_max_age_header_value": "",
            "routing_http_response_content_security_policy_header_value": "",
            "routing_http_response_server_enabled": true,
            "routing_http_response_strict_transport_security_header_value": "",
            "routing_http_response_x_content_type_options_header_value": "",
            "routing_http_response_x_frame_options_header_value": "",
            "ssl_policy": "",
            "tags": null,
            "tags_all": {
              "Environment": "users",
              "ManagedBy": "Terraform",
              "Project": "GradFlow"
            },
            "tcp_idle_timeout_seconds": null,
            "timeouts": null
          },
          "sensitive_attributes": [],
          "identity_schema_version": 0,
          "identity": {
            "arn": "arn:aws:elasticloadbalancing:us-east-1:697755754723:listener/app/users-lb/c43481039903acb2/ea96e3dd00fc7a4d"
          },
          "private": "eyJlMmJmYjczMC1lY2FhLTExZTYtOGY4OC0zNDM2M2JjN2M0YzAiOnsiY3JlYXRlIjozMDAwMDAwMDAwMDAsInVwZGF0ZSI6MzAwMDAwMDAwMDAwfX0=",
          "dependencies": [
            "aws_lb.app",
            "aws_security_group.lb",
            "aws_subnet.public",
            "aws_vpc.main",
            "data.aws_availability_zones.available"
          ]
        }
      ]
    },
    {
      "mode": "managed",
      "type": "aws_lb_listener_rule",
      "name": "users_routes",
      "provider": "provider[\"registry.terraform.io/hashicorp/aws\"]",
      "instances": [
        {
          "index_key": "create",
          "schema_version": 0,
          "attributes": {
            "action": [
              {
                "authenticate_cognito": [],
                "authenticate_oidc": [],
                "fixed_response": [],
                "forward": [],
                "jwt_validation": [],
                "order": 1,
                "redirect": [],
                "target_group_arn": "arn:aws:elasticloadbalancing:us-east-1:697755754723:targetgroup/users-create-tg/20a8758d761e5724",
                "type": "forward"
              }
            ],
            "arn": "arn:aws:elasticloadbalancing:us-east-1:697755754723:listener-rule/app/users-lb/c43481039903acb2/ea96e3dd00fc7a4d/3033ce0ab2cc7cf9",
            "condition": [
              {
                "host_header": [],
                "http_header": [],
                "http_request_method": [],
                "path_pattern": [
                  {
                    "regex_values": [],
                    "values": [
                      "/api/users/create*"
                    ]
                  }
                ],
                "query_string": [],
                "source_ip": []
              }
            ],
            "id": "arn:aws:elasticloadbalancing:us-east-1:697755754723:listener-rule/app/users-lb/c43481039903acb2/ea96e3dd00fc7a4d/3033ce0ab2cc7cf9",
            "listener_arn": "arn:aws:elasticloadbalancing:us-east-1:697755754723:listener/app/users-lb/c43481039903acb2/ea96e3dd00fc7a4d",
            "priority": 100,
            "region": "us-east-1",
            "tags": null,
            "tags_all": {
              "Environment": "users",
              "ManagedBy": "Terraform",
              "Project": "GradFlow"
            },
            "transform": []
          },
          "sensitive_attributes": [],
          "identity_schema_version": 0,
          "identity": {
            "arn": "arn:aws:elasticloadbalancing:us-east-1:697755754723:listener-rule/app/users-lb/c43481039903acb2/ea96e3dd00fc7a4d/3033ce0ab2cc7cf9"
          },
          "private": "bnVsbA==",
          "dependencies": [
            "aws_lb.app",
            "aws_lb_listener.http",
            "aws_lb_target_group.users",
            "aws_security_group.lb",
            "aws_subnet.public",
            "aws_vpc.main",
            "data.aws_availability_zones.available"
          ]
        },
        {
          "index_key": "delete",
          "schema_version": 0,
          "attributes": {
            "action": [
              {
                "authenticate_cognito": [],
                "authenticate_oidc": [],
                "fixed_response": [],
                "forward": [],
                "jwt_validation": [],
                "order": 1,
                "redirect": [],
                "target_group_arn": "arn:aws:elasticloadbalancing:us-east-1:697755754723:targetgroup/users-delete-tg/37914c499fd6c9d8",
                "type": "forward"
              }
            ],
            "arn": "arn:aws:elasticloadbalancing:us-east-1:697755754723:listener-rule/app/users-lb/c43481039903acb2/ea96e3dd00fc7a4d/74b04872c8859439",
            "condition": [
              {
                "host_header": [],
                "http_header": [],
                "http_request_method": [],
                "path_pattern": [
                  {
                    "regex_values": [],
                    "values": [
                      "/api/users/*/delete*"
                    ]
                  }
                ],
                "query_string": [],
                "source_ip": []
              }
            ],
            "id": "arn:aws:elasticloadbalancing:us-east-1:697755754723:listener-rule/app/users-lb/c43481039903acb2/ea96e3dd00fc7a4d/74b04872c8859439",
            "listener_arn": "arn:aws:elasticloadbalancing:us-east-1:697755754723:listener/app/users-lb/c43481039903acb2/ea96e3dd00fc7a4d",
            "priority": 101,
            "region": "us-east-1",
            "tags": null,
            "tags_all": {
              "Environment": "users",
              "ManagedBy": "Terraform",
              "Project": "GradFlow"
            },
            "transform": []
          },
          "sensitive_attributes": [],
          "identity_schema_version": 0,
          "identity": {
            "arn": "arn:aws:elasticloadbalancing:us-east-1:697755754723:listener-rule/app/users-lb/c43481039903acb2/ea96e3dd00fc7a4d/74b04872c8859439"
          },
          "private": "bnVsbA==",
          "dependencies": [
            "aws_lb.app",
            "aws_lb_listener.http",
            "aws_lb_target_group.users",
            "aws_security_group.lb",
            "aws_subnet.public",
            "aws_vpc.main",
            "data.aws_availability_zones.available"
          ]
        },
        {
          "index_key": "list",
          "schema_version": 0,
          "attributes": {
            "action": [
              {
                "authenticate_cognito": [],
                "authenticate_oidc": [],
                "fixed_response": [],
                "forward": [],
                "jwt_validation": [],
                "order": 1,
                "redirect": [],
                "target_group_arn": "arn:aws:elasticloadbalancing:us-east-1:697755754723:targetgroup/users-list-tg/272162839d3f4442",
                "type": "forward"
              }
            ],
            "arn": "arn:aws:elasticloadbalancing:us-east-1:697755754723:listener-rule/app/users-lb/c43481039903acb2/ea96e3dd00fc7a4d/4545f317580279f6",
            "condition": [
              {
                "host_header": [],
                "http_header": [],
                "http_request_method": [],
                "path_pattern": [
                  {
                    "regex_values": [],
                    "values": [
                      "/api/users"
                    ]
                  }
                ],
                "query_string": [],
                "source_ip": []
              }
            ],
            "id": "arn:aws:elasticloadbalancing:us-east-1:697755754723:listener-rule/app/users-lb/c43481039903acb2/ea96e3dd00fc7a4d/4545f317580279f6",
            "listener_arn": "arn:aws:elasticloadbalancing:us-east-1:697755754723:listener/app/users-lb/c43481039903acb2/ea96e3dd00fc7a4d",
            "priority": 102,
            "region": "us-east-1",
            "tags": null,
            "tags_all": {
              "Environment": "users",
              "ManagedBy": "Terraform",
              "Project": "GradFlow"
            },
            "transform": []
          },
          "sensitive_attributes": [],
          "identity_schema_version": 0,
          "identity": {
            "arn": "arn:aws:elasticloadbalancing:us-east-1:697755754723:listener-rule/app/users-lb/c43481039903acb2/ea96e3dd00fc7a4d/4545f317580279f6"
          },
          "private": "bnVsbA==",
          "dependencies": [
            "aws_lb.app",
            "aws_lb_listener.http",
            "aws_lb_target_group.users",
            "aws_security_group.lb",
            "aws_subnet.public",
            "aws_vpc.main",
            "data.aws_availability_zones.available"
          ]
        },
        {
          "index_key": "search",
          "schema_version": 0,
          "attributes": {
            "action": [
              {
                "authenticate_cognito": [],
                "authenticate_oidc": [],
                "fixed_response": [],
                "forward": [],
                "jwt_validation": [],
                "order": 1,
                "redirect": [],
                "target_group_arn": "arn:aws:elasticloadbalancing:us-east-1:697755754723:targetgroup/users-search-tg/fcd4408891148eb8",
                "type": "forward"
              }
            ],
            "arn": "arn:aws:elasticloadbalancing:us-east-1:697755754723:listener-rule/app/users-lb/c43481039903acb2/ea96e3dd00fc7a4d/0214ffe5fca6a7c2",
            "condition": [
              {
                "host_header": [],
                "http_header": [],
                "http_request_method": [],
                "path_pattern": [
                  {
                    "regex_values": [],
                    "values": [
                      "/api/users/search*"
                    ]
                  }
                ],
                "query_string": [],
                "source_ip": []
              }
            ],
            "id": "arn:aws:elasticloadbalancing:us-east-1:697755754723:listener-rule/app/users-lb/c43481039903acb2/ea96e3dd00fc7a4d/0214ffe5fca6a7c2",
            "listener_arn": "arn:aws:elasticloadbalancing:us-east-1:697755754723:listener/app/users-lb/c43481039903acb2/ea96e3dd00fc7a4d",
            "priority": 103,
            "region": "us-east-1",
            "tags": null,
            "tags_all": {
              "Environment": "users",
              "ManagedBy": "Terraform",
              "Project": "GradFlow"
            },
            "transform": []
          },
          "sensitive_attributes": [],
          "identity_schema_version": 0,
          "identity": {
            "arn": "arn:aws:elasticloadbalancing:us-east-1:697755754723:listener-rule/app/users-lb/c43481039903acb2/ea96e3dd00fc7a4d/0214ffe5fca6a7c2"
          },
          "private": "bnVsbA==",
          "dependencies": [
            "aws_lb.app",
            "aws_lb_listener.http",
            "aws_lb_target_group.users",
            "aws_security_group.lb",
            "aws_subnet.public",
            "aws_vpc.main",
            "data.aws_availability_zones.available"
          ]
        },
        {
          "index_key": "update",
          "schema_version": 0,
          "attributes": {
            "action": [
              {
                "authenticate_cognito": [],
                "authenticate_oidc": [],
                "fixed_response": [],
                "forward": [],
                "jwt_validation": [],
                "order": 1,
                "redirect": [],
                "target_group_arn": "arn:aws:elasticloadbalancing:us-east-1:697755754723:targetgroup/users-update-tg/4155200e0e41287c",
                "type": "forward"
              }
            ],
            "arn": "arn:aws:elasticloadbalancing:us-east-1:697755754723:listener-rule/app/users-lb/c43481039903acb2/ea96e3dd00fc7a4d/8c2c2262ca3bb358",
            "condition": [
              {
                "host_header": [],
                "http_header": [],
                "http_request_method": [],
                "path_pattern": [
                  {
                    "regex_values": [],
                    "values": [
                      "/api/users/*/update*"
                    ]
                  }
                ],
                "query_string": [],
                "source_ip": []
              }
            ],
            "id": "arn:aws:elasticloadbalancing:us-east-1:697755754723:listener-rule/app/users-lb/c43481039903acb2/ea96e3dd00fc7a4d/8c2c2262ca3bb358",
            "listener_arn": "arn:aws:elasticloadbalancing:us-east-1:697755754723:listener/app/users-lb/c43481039903acb2/ea96e3dd00fc7a4d",
            "priority": 104,
            "region": "us-east-1",
            "tags": null,
            "tags_all": {
              "Environment": "users",
              "ManagedBy": "Terraform",
              "Project": "GradFlow"
            },
            "transform": []
          },
          "sensitive_attributes": [],
          "identity_schema_version": 0,
          "identity": {
            "arn": "arn:aws:elasticloadbalancing:us-east-1:697755754723:listener-rule/app/users-lb/c43481039903acb2/ea96e3dd00fc7a4d/8c2c2262ca3bb358"
          },
          "private": "bnVsbA==",
          "dependencies": [
            "aws_lb.app",
            "aws_lb_listener.http",
            "aws_lb_target_group.users",
            "aws_security_group.lb",
            "aws_subnet.public",
            "aws_vpc.main",
            "data.aws_availability_zones.available"
          ]
        }
      ]
    },
    {
      "mode": "managed",
      "type": "aws_lb_target_group",
      "name": "users",
      "provider": "provider[\"registry.terraform.io/hashicorp/aws\"]",
      "instances": [
        {
          "index_key": "create",
          "schema_version": 0,
          "attributes": {
            "arn": "arn:aws:elasticloadbalancing:us-east-1:697755754723:targetgroup/users-create-tg/20a8758d761e5724",
            "arn_suffix": "targetgroup/users-create-tg/20a8758d761e5724",
            "connection_termination": null,
            "deregistration_delay": "300",
            "health_check": [
              {
                "enabled": true,
                "healthy_threshold": 2,
                "interval": 60,
                "matcher": "200",
                "path": "/api-docs",
                "port": "traffic-port",
                "protocol": "HTTP",
                "timeout": 10,
                "unhealthy_threshold": 5
              }
            ],
            "id": "arn:aws:elasticloadbalancing:us-east-1:697755754723:targetgroup/users-create-tg/20a8758d761e5724",
            "ip_address_type": "ipv4",
            "lambda_multi_value_headers_enabled": false,
            "load_balancer_arns": [],
            "load_balancing_algorithm_type": "round_robin",
            "load_balancing_anomaly_mitigation": "off",
            "load_balancing_cross_zone_enabled": "use_load_balancer_configuration",
            "name": "users-create-tg",
            "name_prefix": "",
            "port": 3001,
            "preserve_client_ip": null,
            "protocol": "HTTP",
            "protocol_version": "HTTP1",
            "proxy_protocol_v2": false,
            "region": "us-east-1",
            "slow_start": 0,
            "stickiness": [
              {
                "cookie_duration": 86400,
                "cookie_name": "",
                "enabled": false,
                "type": "lb_cookie"
              }
            ],
            "tags": {
              "Name": "users-create-target-group"
            },
            "tags_all": {
              "Environment": "users",
              "ManagedBy": "Terraform",
              "Name": "users-create-target-group",
              "Project": "GradFlow"
            },
            "target_control_port": 0,
            "target_failover": [
              {
                "on_deregistration": null,
                "on_unhealthy": null
              }
            ],
            "target_group_health": [
              {
                "dns_failover": [
                  {
                    "minimum_healthy_targets_count": "1",
                    "minimum_healthy_targets_percentage": "off"
                  }
                ],
                "unhealthy_state_routing": [
                  {
                    "minimum_healthy_targets_count": 1,
                    "minimum_healthy_targets_percentage": "off"
                  }
                ]
              }
            ],
            "target_health_state": [
              {
                "enable_unhealthy_connection_termination": null,
                "unhealthy_draining_interval": null
              }
            ],
            "target_type": "instance",
            "vpc_id": "vpc-07c57400dd6aad472"
          },
          "sensitive_attributes": [],
          "identity_schema_version": 0,
          "identity": {
            "arn": "arn:aws:elasticloadbalancing:us-east-1:697755754723:targetgroup/users-create-tg/20a8758d761e5724"
          },
          "private": "bnVsbA==",
          "dependencies": [
            "aws_vpc.main"
          ]
        },
        {
          "index_key": "delete",
          "schema_version": 0,
          "attributes": {
            "arn": "arn:aws:elasticloadbalancing:us-east-1:697755754723:targetgroup/users-delete-tg/37914c499fd6c9d8",
            "arn_suffix": "targetgroup/users-delete-tg/37914c499fd6c9d8",
            "connection_termination": null,
            "deregistration_delay": "300",
            "health_check": [
              {
                "enabled": true,
                "healthy_threshold": 2,
                "interval": 60,
                "matcher": "200",
                "path": "/api-docs",
                "port": "traffic-port",
                "protocol": "HTTP",
                "timeout": 10,
                "unhealthy_threshold": 5
              }
            ],
            "id": "arn:aws:elasticloadbalancing:us-east-1:697755754723:targetgroup/users-delete-tg/37914c499fd6c9d8",
            "ip_address_type": "ipv4",
            "lambda_multi_value_headers_enabled": false,
            "load_balancer_arns": [],
            "load_balancing_algorithm_type": "round_robin",
            "load_balancing_anomaly_mitigation": "off",
            "load_balancing_cross_zone_enabled": "use_load_balancer_configuration",
            "name": "users-delete-tg",
            "name_prefix": "",
            "port": 3002,
            "preserve_client_ip": null,
            "protocol": "HTTP",
            "protocol_version": "HTTP1",
            "proxy_protocol_v2": false,
            "region": "us-east-1",
            "slow_start": 0,
            "stickiness": [
              {
                "cookie_duration": 86400,
                "cookie_name": "",
                "enabled": false,
                "type": "lb_cookie"
              }
            ],
            "tags": {
              "Name": "users-delete-target-group"
            },
            "tags_all": {
              "Environment": "users",
              "ManagedBy": "Terraform",
              "Name": "users-delete-target-group",
              "Project": "GradFlow"
            },
            "target_control_port": 0,
            "target_failover": [
              {
                "on_deregistration": null,
                "on_unhealthy": null
              }
            ],
            "target_group_health": [
              {
                "dns_failover": [
                  {
                    "minimum_healthy_targets_count": "1",
                    "minimum_healthy_targets_percentage": "off"
                  }
                ],
                "unhealthy_state_routing": [
                  {
                    "minimum_healthy_targets_count": 1,
                    "minimum_healthy_targets_percentage": "off"
                  }
                ]
              }
            ],
            "target_health_state": [
              {
                "enable_unhealthy_connection_termination": null,
                "unhealthy_draining_interval": null
              }
            ],
            "target_type": "instance",
            "vpc_id": "vpc-07c57400dd6aad472"
          },
          "sensitive_attributes": [],
          "identity_schema_version": 0,
          "identity": {
            "arn": "arn:aws:elasticloadbalancing:us-east-1:697755754723:targetgroup/users-delete-tg/37914c499fd6c9d8"
          },
          "private": "bnVsbA==",
          "dependencies": [
            "aws_vpc.main"
          ]
        },
        {
          "index_key": "list",
          "schema_version": 0,
          "attributes": {
            "arn": "arn:aws:elasticloadbalancing:us-east-1:697755754723:targetgroup/users-list-tg/272162839d3f4442",
            "arn_suffix": "targetgroup/users-list-tg/272162839d3f4442",
            "connection_termination": null,
            "deregistration_delay": "300",
            "health_check": [
              {
                "enabled": true,
                "healthy_threshold": 2,
                "interval": 60,
                "matcher": "200",
                "path": "/api-docs",
                "port": "traffic-port",
                "protocol": "HTTP",
                "timeout": 10,
                "unhealthy_threshold": 5
              }
            ],
            "id": "arn:aws:elasticloadbalancing:us-east-1:697755754723:targetgroup/users-list-tg/272162839d3f4442",
            "ip_address_type": "ipv4",
            "lambda_multi_value_headers_enabled": false,
            "load_balancer_arns": [],
            "load_balancing_algorithm_type": "round_robin",
            "load_balancing_anomaly_mitigation": "off",
            "load_balancing_cross_zone_enabled": "use_load_balancer_configuration",
            "name": "users-list-tg",
            "name_prefix": "",
            "port": 3003,
            "preserve_client_ip": null,
            "protocol": "HTTP",
            "protocol_version": "HTTP1",
            "proxy_protocol_v2": false,
            "region": "us-east-1",
            "slow_start": 0,
            "stickiness": [
              {
                "cookie_duration": 86400,
                "cookie_name": "",
                "enabled": false,
                "type": "lb_cookie"
              }
            ],
            "tags": {
              "Name": "users-list-target-group"
            },
            "tags_all": {
              "Environment": "users",
              "ManagedBy": "Terraform",
              "Name": "users-list-target-group",
              "Project": "GradFlow"
            },
            "target_control_port": 0,
            "target_failover": [
              {
                "on_deregistration": null,
                "on_unhealthy": null
              }
            ],
            "target_group_health": [
              {
                "dns_failover": [
                  {
                    "minimum_healthy_targets_count": "1",
                    "minimum_healthy_targets_percentage": "off"
                  }
                ],
                "unhealthy_state_routing": [
                  {
                    "minimum_healthy_targets_count": 1,
                    "minimum_healthy_targets_percentage": "off"
                  }
                ]
              }
            ],
            "target_health_state": [
              {
                "enable_unhealthy_connection_termination": null,
                "unhealthy_draining_interval": null
              }
            ],
            "target_type": "instance",
            "vpc_id": "vpc-07c57400dd6aad472"
          },
          "sensitive_attributes": [],
          "identity_schema_version": 0,
          "identity": {
            "arn": "arn:aws:elasticloadbalancing:us-east-1:697755754723:targetgroup/users-list-tg/272162839d3f4442"
          },
          "private": "bnVsbA==",
          "dependencies": [
            "aws_vpc.main"
          ]
        },
        {
          "index_key": "search",
          "schema_version": 0,
          "attributes": {
            "arn": "arn:aws:elasticloadbalancing:us-east-1:697755754723:targetgroup/users-search-tg/fcd4408891148eb8",
            "arn_suffix": "targetgroup/users-search-tg/fcd4408891148eb8",
            "connection_termination": null,
            "deregistration_delay": "300",
            "health_check": [
              {
                "enabled": true,
                "healthy_threshold": 2,
                "interval": 60,
                "matcher": "200",
                "path": "/api-docs",
                "port": "traffic-port",
                "protocol": "HTTP",
                "timeout": 10,
                "unhealthy_threshold": 5
              }
            ],
            "id": "arn:aws:elasticloadbalancing:us-east-1:697755754723:targetgroup/users-search-tg/fcd4408891148eb8",
            "ip_address_type": "ipv4",
            "lambda_multi_value_headers_enabled": false,
            "load_balancer_arns": [],
            "load_balancing_algorithm_type": "round_robin",
            "load_balancing_anomaly_mitigation": "off",
            "load_balancing_cross_zone_enabled": "use_load_balancer_configuration",
            "name": "users-search-tg",
            "name_prefix": "",
            "port": 3004,
            "preserve_client_ip": null,
            "protocol": "HTTP",
            "protocol_version": "HTTP1",
            "proxy_protocol_v2": false,
            "region": "us-east-1",
            "slow_start": 0,
            "stickiness": [
              {
                "cookie_duration": 86400,
                "cookie_name": "",
                "enabled": false,
                "type": "lb_cookie"
              }
            ],
            "tags": {
              "Name": "users-search-target-group"
            },
            "tags_all": {
              "Environment": "users",
              "ManagedBy": "Terraform",
              "Name": "users-search-target-group",
              "Project": "GradFlow"
            },
            "target_control_port": 0,
            "target_failover": [
              {
                "on_deregistration": null,
                "on_unhealthy": null
              }
            ],
            "target_group_health": [
              {
                "dns_failover": [
                  {
                    "minimum_healthy_targets_count": "1",
                    "minimum_healthy_targets_percentage": "off"
                  }
                ],
                "unhealthy_state_routing": [
                  {
                    "minimum_healthy_targets_count": 1,
                    "minimum_healthy_targets_percentage": "off"
                  }
                ]
              }
            ],
            "target_health_state": [
              {
                "enable_unhealthy_connection_termination": null,
                "unhealthy_draining_interval": null
              }
            ],
            "target_type": "instance",
            "vpc_id": "vpc-07c57400dd6aad472"
          },
          "sensitive_attributes": [],
          "identity_schema_version": 0,
          "identity": {
            "arn": "arn:aws:elasticloadbalancing:us-east-1:697755754723:targetgroup/users-search-tg/fcd4408891148eb8"
          },
          "private": "bnVsbA==",
          "dependencies": [
            "aws_vpc.main"
          ]
        },
        {
          "index_key": "update",
          "schema_version": 0,
          "attributes": {
            "arn": "arn:aws:elasticloadbalancing:us-east-1:697755754723:targetgroup/users-update-tg/4155200e0e41287c",
            "arn_suffix": "targetgroup/users-update-tg/4155200e0e41287c",
            "connection_termination": null,
            "deregistration_delay": "300",
            "health_check": [
              {
                "enabled": true,
                "healthy_threshold": 2,
                "interval": 60,
                "matcher": "200",
                "path": "/api-docs",
                "port": "traffic-port",
                "protocol": "HTTP",
                "timeout": 10,
                "unhealthy_threshold": 5
              }
            ],
            "id": "arn:aws:elasticloadbalancing:us-east-1:697755754723:targetgroup/users-update-tg/4155200e0e41287c",
            "ip_address_type": "ipv4",
            "lambda_multi_value_headers_enabled": false,
            "load_balancer_arns": [],
            "load_balancing_algorithm_type": "round_robin",
            "load_balancing_anomaly_mitigation": "off",
            "load_balancing_cross_zone_enabled": "use_load_balancer_configuration",
            "name": "users-update-tg",
            "name_prefix": "",
            "port": 3005,
            "preserve_client_ip": null,
            "protocol": "HTTP",
            "protocol_version": "HTTP1",
            "proxy_protocol_v2": false,
            "region": "us-east-1",
            "slow_start": 0,
            "stickiness": [
              {
                "cookie_duration": 86400,
                "cookie_name": "",
                "enabled": false,
                "type": "lb_cookie"
              }
            ],
            "tags": {
              "Name": "users-update-target-group"
            },
            "tags_all": {
              "Environment": "users",
              "ManagedBy": "Terraform",
              "Name": "users-update-target-group",
              "Project": "GradFlow"
            },
            "target_control_port": 0,
            "target_failover": [
              {
                "on_deregistration": null,
                "on_unhealthy": null
              }
            ],
            "target_group_health": [
              {
                "dns_failover": [
                  {
                    "minimum_healthy_targets_count": "1",
                    "minimum_healthy_targets_percentage": "off"
                  }
                ],
                "unhealthy_state_routing": [
                  {
                    "minimum_healthy_targets_count": 1,
                    "minimum_healthy_targets_percentage": "off"
                  }
                ]
              }
            ],
            "target_health_state": [
              {
                "enable_unhealthy_connection_termination": null,
                "unhealthy_draining_interval": null
              }
            ],
            "target_type": "instance",
            "vpc_id": "vpc-07c57400dd6aad472"
          },
          "sensitive_attributes": [],
          "identity_schema_version": 0,
          "identity": {
            "arn": "arn:aws:elasticloadbalancing:us-east-1:697755754723:targetgroup/users-update-tg/4155200e0e41287c"
          },
          "private": "bnVsbA==",
          "dependencies": [
            "aws_vpc.main"
          ]
        }
      ]
    },
    {
      "mode": "managed",
      "type": "aws_route_table",
      "name": "public",
      "provider": "provider[\"registry.terraform.io/hashicorp/aws\"]",
      "instances": [
        {
          "schema_version": 0,
          "attributes": {
            "arn": "arn:aws:ec2:us-east-1:697755754723:route-table/rtb-0067e82d0a3d3c33f",
            "id": "rtb-0067e82d0a3d3c33f",
            "owner_id": "697755754723",
            "propagating_vgws": [],
            "region": "us-east-1",
            "route": [
              {
                "carrier_gateway_id": "",
                "cidr_block": "0.0.0.0/0",
                "core_network_arn": "",
                "destination_prefix_list_id": "",
                "egress_only_gateway_id": "",
                "gateway_id": "igw-0aea833e9078d187f",
                "ipv6_cidr_block": "",
                "local_gateway_id": "",
                "nat_gateway_id": "",
                "network_interface_id": "",
                "transit_gateway_id": "",
                "vpc_endpoint_id": "",
                "vpc_peering_connection_id": ""
              }
            ],
            "tags": null,
            "tags_all": {
              "Environment": "users",
              "ManagedBy": "Terraform",
              "Project": "GradFlow"
            },
            "timeouts": null,
            "vpc_id": "vpc-07c57400dd6aad472"
          },
          "sensitive_attributes": [],
          "identity_schema_version": 0,
          "identity": {
            "account_id": "697755754723",
            "id": "rtb-0067e82d0a3d3c33f",
            "region": "us-east-1"
          },
          "private": "eyJlMmJmYjczMC1lY2FhLTExZTYtOGY4OC0zNDM2M2JjN2M0YzAiOnsiY3JlYXRlIjozMDAwMDAwMDAwMDAsImRlbGV0ZSI6MzAwMDAwMDAwMDAwLCJ1cGRhdGUiOjEyMDAwMDAwMDAwMH19",
          "dependencies": [
            "aws_internet_gateway.igw",
            "aws_vpc.main"
          ]
        }
      ]
    },
    {
      "mode": "managed",
      "type": "aws_route_table_association",
      "name": "public",
      "provider": "provider[\"registry.terraform.io/hashicorp/aws\"]",
      "instances": [
        {
          "index_key": 0,
          "schema_version": 0,
          "attributes": {
            "gateway_id": "",
            "id": "rtbassoc-0d9f50bb94bb466bf",
            "region": "us-east-1",
            "route_table_id": "rtb-0067e82d0a3d3c33f",
            "subnet_id": "subnet-0988c18449eafda98",
            "timeouts": null
          },
          "sensitive_attributes": [],
          "identity_schema_version": 0,
          "private": "eyJlMmJmYjczMC1lY2FhLTExZTYtOGY4OC0zNDM2M2JjN2M0YzAiOnsiY3JlYXRlIjozMDAwMDAwMDAwMDAsImRlbGV0ZSI6MzAwMDAwMDAwMDAwLCJ1cGRhdGUiOjEyMDAwMDAwMDAwMH19",
          "dependencies": [
            "aws_internet_gateway.igw",
            "aws_route_table.public",
            "aws_subnet.public",
            "aws_vpc.main",
            "data.aws_availability_zones.available"
          ]
        },
        {
          "index_key": 1,
          "schema_version": 0,
          "attributes": {
            "gateway_id": "",
            "id": "rtbassoc-036aad36c7adf9187",
            "region": "us-east-1",
            "route_table_id": "rtb-0067e82d0a3d3c33f",
            "subnet_id": "subnet-04c3c808018a0136b",
            "timeouts": null
          },
          "sensitive_attributes": [],
          "identity_schema_version": 0,
          "private": "eyJlMmJmYjczMC1lY2FhLTExZTYtOGY4OC0zNDM2M2JjN2M0YzAiOnsiY3JlYXRlIjozMDAwMDAwMDAwMDAsImRlbGV0ZSI6MzAwMDAwMDAwMDAwLCJ1cGRhdGUiOjEyMDAwMDAwMDAwMH19",
          "dependencies": [
            "aws_internet_gateway.igw",
            "aws_route_table.public",
            "aws_subnet.public",
            "aws_vpc.main",
            "data.aws_availability_zones.available"
          ]
        }
      ]
    },
    {
      "mode": "managed",
      "type": "aws_security_group",
      "name": "lb",
      "provider": "provider[\"registry.terraform.io/hashicorp/aws\"]",
      "instances": [
        {
          "schema_version": 1,
          "attributes": {
            "arn": "arn:aws:ec2:us-east-1:697755754723:security-group/sg-0a699b229eab95d9c",
            "description": "Managed by Terraform",
            "egress": [
              {
                "cidr_blocks": [
                  "0.0.0.0/0"
                ],
                "description": "",
                "from_port": 0,
                "ipv6_cidr_blocks": [],
                "prefix_list_ids": [],
                "protocol": "-1",
                "security_groups": [],
                "self": false,
                "to_port": 0
              }
            ],
            "id": "sg-0a699b229eab95d9c",
            "ingress": [
              {
                "cidr_blocks": [
                  "0.0.0.0/0"
                ],
                "description": "",
                "from_port": 80,
                "ipv6_cidr_blocks": [],
                "prefix_list_ids": [],
                "protocol": "tcp",
                "security_groups": [],
                "self": false,
                "to_port": 80
              }
            ],
            "name": "lb_sg",
            "name_prefix": "",
            "owner_id": "697755754723",
            "region": "us-east-1",
            "revoke_rules_on_delete": false,
            "tags": null,
            "tags_all": {
              "Environment": "users",
              "ManagedBy": "Terraform",
              "Project": "GradFlow"
            },
            "timeouts": null,
            "vpc_id": "vpc-07c57400dd6aad472"
          },
          "sensitive_attributes": [],
          "identity_schema_version": 0,
          "identity": {
            "account_id": "697755754723",
            "id": "sg-0a699b229eab95d9c",
            "region": "us-east-1"
          },
          "private": "eyJlMmJmYjczMC1lY2FhLTExZTYtOGY4OC0zNDM2M2JjN2M0YzAiOnsiY3JlYXRlIjo2MDAwMDAwMDAwMDAsImRlbGV0ZSI6OTAwMDAwMDAwMDAwfSwic2NoZW1hX3ZlcnNpb24iOiIxIn0=",
          "dependencies": [
            "aws_vpc.main"
          ]
        }
      ]
    },
    {
      "mode": "managed",
      "type": "aws_security_group",
      "name": "web",
      "provider": "provider[\"registry.terraform.io/hashicorp/aws\"]",
      "instances": [
        {
          "schema_version": 1,
          "attributes": {
            "arn": "arn:aws:ec2:us-east-1:697755754723:security-group/sg-0757f4d3300bd1cee",
            "description": "Managed by Terraform",
            "egress": [
              {
                "cidr_blocks": [
                  "0.0.0.0/0"
                ],
                "description": "",
                "from_port": 0,
                "ipv6_cidr_blocks": [],
                "prefix_list_ids": [],
                "protocol": "-1",
                "security_groups": [],
                "self": false,
                "to_port": 0
              }
            ],
            "id": "sg-0757f4d3300bd1cee",
            "ingress": [
              {
                "cidr_blocks": [
                  "0.0.0.0/0"
                ],
                "description": "SSH (temporal)",
                "from_port": 22,
                "ipv6_cidr_blocks": [],
                "prefix_list_ids": [],
                "protocol": "tcp",
                "security_groups": [],
                "self": false,
                "to_port": 22
              },
              {
                "cidr_blocks": [],
                "description": "",
                "from_port": 3001,
                "ipv6_cidr_blocks": [],
                "prefix_list_ids": [],
                "protocol": "tcp",
                "security_groups": [
                  "sg-0a699b229eab95d9c"
                ],
                "self": false,
                "to_port": 3005
              }
            ],
            "name": "web_sg",
            "name_prefix": "",
            "owner_id": "697755754723",
            "region": "us-east-1",
            "revoke_rules_on_delete": false,
            "tags": null,
            "tags_all": {
              "Environment": "users",
              "ManagedBy": "Terraform",
              "Project": "GradFlow"
            },
            "timeouts": null,
            "vpc_id": "vpc-07c57400dd6aad472"
          },
          "sensitive_attributes": [],
          "identity_schema_version": 0,
          "identity": {
            "account_id": "697755754723",
            "id": "sg-0757f4d3300bd1cee",
            "region": "us-east-1"
          },
          "private": "eyJlMmJmYjczMC1lY2FhLTExZTYtOGY4OC0zNDM2M2JjN2M0YzAiOnsiY3JlYXRlIjo2MDAwMDAwMDAwMDAsImRlbGV0ZSI6OTAwMDAwMDAwMDAwfSwic2NoZW1hX3ZlcnNpb24iOiIxIn0=",
          "dependencies": [
            "aws_security_group.lb",
            "aws_vpc.main"
          ]
        }
      ]
    },
    {
      "mode": "managed",
      "type": "aws_subnet",
      "name": "public",
      "provider": "provider[\"registry.terraform.io/hashicorp/aws\"]",
      "instances": [
        {
          "index_key": 0,
          "schema_version": 1,
          "attributes": {
            "arn": "arn:aws:ec2:us-east-1:697755754723:subnet/subnet-0988c18449eafda98",
            "assign_ipv6_address_on_creation": false,
            "availability_zone": "us-east-1a",
            "availability_zone_id": "use1-az6",
            "cidr_block": "10.0.0.0/24",
            "customer_owned_ipv4_pool": "",
            "enable_dns64": false,
            "enable_lni_at_device_index": 0,
            "enable_resource_name_dns_a_record_on_launch": false,
            "enable_resource_name_dns_aaaa_record_on_launch": false,
            "id": "subnet-0988c18449eafda98",
            "ipv6_cidr_block": "",
            "ipv6_cidr_block_association_id": "",
            "ipv6_native": false,
            "map_customer_owned_ip_on_launch": false,
            "map_public_ip_on_launch": true,
            "outpost_arn": "",
            "owner_id": "697755754723",
            "private_dns_hostname_type_on_launch": "ip-name",
            "region": "us-east-1",
            "tags": null,
            "tags_all": {
              "Environment": "users",
              "ManagedBy": "Terraform",
              "Project": "GradFlow"
            },
            "timeouts": null,
            "vpc_id": "vpc-07c57400dd6aad472"
          },
          "sensitive_attributes": [],
          "identity_schema_version": 0,
          "identity": {
            "account_id": "697755754723",
            "id": "subnet-0988c18449eafda98",
            "region": "us-east-1"
          },
          "private": "eyJlMmJmYjczMC1lY2FhLTExZTYtOGY4OC0zNDM2M2JjN2M0YzAiOnsiY3JlYXRlIjo2MDAwMDAwMDAwMDAsImRlbGV0ZSI6MTIwMDAwMDAwMDAwMH0sInNjaGVtYV92ZXJzaW9uIjoiMSJ9",
          "dependencies": [
            "aws_vpc.main",
            "data.aws_availability_zones.available"
          ]
        },
        {
          "index_key": 1,
          "schema_version": 1,
          "attributes": {
            "arn": "arn:aws:ec2:us-east-1:697755754723:subnet/subnet-04c3c808018a0136b",
            "assign_ipv6_address_on_creation": false,
            "availability_zone": "us-east-1b",
            "availability_zone_id": "use1-az1",
            "cidr_block": "10.0.1.0/24",
            "customer_owned_ipv4_pool": "",
            "enable_dns64": false,
            "enable_lni_at_device_index": 0,
            "enable_resource_name_dns_a_record_on_launch": false,
            "enable_resource_name_dns_aaaa_record_on_launch": false,
            "id": "subnet-04c3c808018a0136b",
            "ipv6_cidr_block": "",
            "ipv6_cidr_block_association_id": "",
            "ipv6_native": false,
            "map_customer_owned_ip_on_launch": false,
            "map_public_ip_on_launch": true,
            "outpost_arn": "",
            "owner_id": "697755754723",
            "private_dns_hostname_type_on_launch": "ip-name",
            "region": "us-east-1",
            "tags": null,
            "tags_all": {
              "Environment": "users",
              "ManagedBy": "Terraform",
              "Project": "GradFlow"
            },
            "timeouts": null,
            "vpc_id": "vpc-07c57400dd6aad472"
          },
          "sensitive_attributes": [],
          "identity_schema_version": 0,
          "identity": {
            "account_id": "697755754723",
            "id": "subnet-04c3c808018a0136b",
            "region": "us-east-1"
          },
          "private": "eyJlMmJmYjczMC1lY2FhLTExZTYtOGY4OC0zNDM2M2JjN2M0YzAiOnsiY3JlYXRlIjo2MDAwMDAwMDAwMDAsImRlbGV0ZSI6MTIwMDAwMDAwMDAwMH0sInNjaGVtYV92ZXJzaW9uIjoiMSJ9",
          "dependencies": [
            "aws_vpc.main",
            "data.aws_availability_zones.available"
          ]
        }
      ]
    },
    {
      "mode": "managed",
      "type": "aws_vpc",
      "name": "main",
      "provider": "provider[\"registry.terraform.io/hashicorp/aws\"]",
      "instances": [
        {
          "schema_version": 1,
          "attributes": {
            "arn": "arn:aws:ec2:us-east-1:697755754723:vpc/vpc-07c57400dd6aad472",
            "assign_generated_ipv6_cidr_block": false,
            "cidr_block": "10.0.0.0/16",
            "default_network_acl_id": "acl-008f0cae26c66d25e",
            "default_route_table_id": "rtb-061afa780407d4ab3",
            "default_security_group_id": "sg-0328e91e279b2b882",
            "dhcp_options_id": "dopt-09c9a738bb79b4b08",
            "enable_dns_hostnames": false,
            "enable_dns_support": true,
            "enable_network_address_usage_metrics": false,
            "id": "vpc-07c57400dd6aad472",
            "instance_tenancy": "default",
            "ipv4_ipam_pool_id": null,
            "ipv4_netmask_length": null,
            "ipv6_association_id": "",
            "ipv6_cidr_block": "",
            "ipv6_cidr_block_network_border_group": "",
            "ipv6_ipam_pool_id": "",
            "ipv6_netmask_length": 0,
            "main_route_table_id": "rtb-061afa780407d4ab3",
            "owner_id": "697755754723",
            "region": "us-east-1",
            "tags": null,
            "tags_all": {
              "Environment": "users",
              "ManagedBy": "Terraform",
              "Project": "GradFlow"
            }
          },
          "sensitive_attributes": [],
          "identity_schema_version": 0,
          "identity": {
            "account_id": "697755754723",
            "id": "vpc-07c57400dd6aad472",
            "region": "us-east-1"
          },
          "private": "eyJzY2hlbWFfdmVyc2lvbiI6IjEifQ=="
        }
      ]
    },
    {
      "mode": "managed",
      "type": "local_file",
      "name": "env_users_create",
      "provider": "provider[\"registry.terraform.io/hashicorp/local\"]",
      "instances": [
        {
          "schema_version": 0,
          "attributes": {
            "content": "# Database Configuration\r\nDB_HOST=aws-1-us-east-1.pooler.supabase.com\r\nDB_USER=postgres.zbjpxtiabdsvrwfytfld\r\nDB_PASSWORD=Tengouncuernodemamut1506\r\nDB_NAME=postgres\r\nDB_PORT=5432\r\n\r\n# Service Configuration\r\nPORT=3001\r\nNODE_ENV=production\r\n\r\n# API Gateway URL (use Load Balancer DNS)\r\nAPI_GATEWAY_URL=http://users-lb-503814125.us-east-1.elb.amazonaws.com\r\n\r\n# Service URLs (use Load Balancer DNS for internal communication)\r\nUSERS_CREATE_URL=http://users-lb-503814125.us-east-1.elb.amazonaws.com\r\nUSERS_DELETE_URL=http://users-lb-503814125.us-east-1.elb.amazonaws.com\r\nUSERS_LIST_URL=http://users-lb-503814125.us-east-1.elb.amazonaws.com\r\nUSERS_SEARCH_URL=http://users-lb-503814125.us-east-1.elb.amazonaws.com\r\nUSERS_UPDATE_URL=http://users-lb-503814125.us-east-1.elb.amazonaws.com\r\nAUTH_LOGIN_URL=http://users-lb-503814125.us-east-1.elb.amazonaws.com\r\nAUTH_ROL_URL=http://users-lb-503814125.us-east-1.elb.amazonaws.com\r\nAUTH_ME_URL=http://users-lb-503814125.us-east-1.elb.amazonaws.com\r\nFILE_SERVICE_INIT_URL=http://users-lb-503814125.us-east-1.elb.amazonaws.com\r\nFILE_SERVICE_UPDATE_URL=http://users-lb-503814125.us-east-1.elb.amazonaws.com\r\nFILE_SERVICE_UPLOAD_URL=http://users-lb-503814125.us-east-1.elb.amazonaws.com\r\nFILE_SERVICE_LIST_URL=http://users-lb-503814125.us-east-1.elb.amazonaws.com\r\nFILE_SERVICE_DOWNLOAD_URL=http://users-lb-503814125.us-east-1.elb.amazonaws.com\r\n\r\n# JWT Configuration\r\nJWT_SECRET=Tengouncuernodemamut2901\r\nJWT_EXPIRES_IN=24h\r\n",
            "content_base64": null,
            "content_base64sha256": "z54UHogIbTOwFpJaNlTPzPjK0G7CdyOY12OH3oyBtZo=",
            "content_base64sha512": "f5lvPGdjNRNI37csPDLtY5Anmmx/LEWyBG1ECECZZ2G5bSlSOYr6EHs2YxCEwhCngEAqmCCSbZIj++1X8DO8TQ==",
            "content_md5": "12b091d8500692a96af5e247cf6ced33",
            "content_sha1": "0176169606fa4f89cf81a9f170ad23eaeca31c2e",
            "content_sha256": "cf9e141e88086d33b016925a3654cfccf8cad06ec2772398d76387de8c81b59a",
            "content_sha512": "7f996f3c6763351348dfb72c3c32ed6390279a6c7f2c45b2046d440840996761b96d2952398afa107b36631084c210a780402a9820926d9223fbed57f033bc4d",
            "directory_permission": "0777",
            "file_permission": "0777",
            "filename": "./.env.users_create",
            "id": "0176169606fa4f89cf81a9f170ad23eaeca31c2e",
            "sensitive_content": null,
            "source": null
          },
          "sensitive_attributes": [
            [
              {
                "type": "get_attr",
                "value": "content"
              }
            ],
            [
              {
                "type": "get_attr",
                "value": "sensitive_content"
              }
            ]
          ],
          "identity_schema_version": 0,
          "dependencies": [
            "aws_lb.app",
            "aws_security_group.lb",
            "aws_subnet.public",
            "aws_vpc.main",
            "data.aws_availability_zones.available"
          ]
        }
      ]
    },
    {
      "mode": "managed",
      "type": "local_file",
      "name": "env_users_delete",
      "provider": "provider[\"registry.terraform.io/hashicorp/local\"]",
      "instances": [
        {
          "schema_version": 0,
          "attributes": {
            "content": "# Database Configuration\r\nDB_HOST=aws-1-us-east-1.pooler.supabase.com\r\nDB_USER=postgres.zbjpxtiabdsvrwfytfld\r\nDB_PASSWORD=Tengouncuernodemamut1506\r\nDB_NAME=postgres\r\nDB_PORT=5432\r\n\r\n# Service Configuration\r\nPORT=3002\r\nNODE_ENV=production\r\n\r\n# API Gateway URL (use Load Balancer DNS)\r\nAPI_GATEWAY_URL=http://users-lb-503814125.us-east-1.elb.amazonaws.com\r\n\r\n# Service URLs (use Load Balancer DNS for internal communication)\r\nUSERS_CREATE_URL=http://users-lb-503814125.us-east-1.elb.amazonaws.com\r\nUSERS_DELETE_URL=http://users-lb-503814125.us-east-1.elb.amazonaws.com\r\nUSERS_LIST_URL=http://users-lb-503814125.us-east-1.elb.amazonaws.com\r\nUSERS_SEARCH_URL=http://users-lb-503814125.us-east-1.elb.amazonaws.com\r\nUSERS_UPDATE_URL=http://users-lb-503814125.us-east-1.elb.amazonaws.com\r\nAUTH_LOGIN_URL=http://users-lb-503814125.us-east-1.elb.amazonaws.com\r\nAUTH_ROL_URL=http://users-lb-503814125.us-east-1.elb.amazonaws.com\r\nAUTH_ME_URL=http://users-lb-503814125.us-east-1.elb.amazonaws.com\r\nFILE_SERVICE_INIT_URL=http://users-lb-503814125.us-east-1.elb.amazonaws.com\r\nFILE_SERVICE_UPDATE_URL=http://users-lb-503814125.us-east-1.elb.amazonaws.com\r\nFILE_SERVICE_UPLOAD_URL=http://users-lb-503814125.us-east-1.elb.amazonaws.com\r\nFILE_SERVICE_LIST_URL=http://users-lb-503814125.us-east-1.elb.amazonaws.com\r\nFILE_SERVICE_DOWNLOAD_URL=http://users-lb-503814125.us-east-1.elb.amazonaws.com\r\n\r\n# JWT Configuration\r\nJWT_SECRET=Tengouncuernodemamut2901\r\nJWT_EXPIRES_IN=24h\r\n",
            "content_base64": null,
            "content_base64sha256": "pMKKTcGSL2rB7/bScTLHy8WC+SY59NJ7iIG+ryNhCZI=",
            "content_base64sha512": "/a9vEk0oeEOJ/9viD2lr+8krGb8a+b5/05RflNFRqb+X221KJ5ksWoEHrYfEdjmteyUNuCmZTpHIZkjzTzoj7A==",
            "content_md5": "931b4c33abcea0e43f5644ad5ea1949f",
            "content_sha1": "230ec1b839517a4ee0d23df4a728c1a4c27a8135",
            "content_sha256": "a4c28a4dc1922f6ac1eff6d27132c7cbc582f92639f4d27b8881beaf23610992",
            "content_sha512": "fdaf6f124d28784389ffdbe20f696bfbc92b19bf1af9be7fd3945f94d151a9bf97db6d4a27992c5a8107ad87c47639ad7b250db829994e91c86648f34f3a23ec",
            "directory_permission": "0777",
            "file_permission": "0777",
            "filename": "./.env.users_delete",
            "id": "230ec1b839517a4ee0d23df4a728c1a4c27a8135",
            "sensitive_content": null,
            "source": null
          },
          "sensitive_attributes": [
            [
              {
                "type": "get_attr",
                "value": "content"
              }
            ],
            [
              {
                "type": "get_attr",
                "value": "sensitive_content"
              }
            ]
          ],
          "identity_schema_version": 0,
          "dependencies": [
            "aws_lb.app",
            "aws_security_group.lb",
            "aws_subnet.public",
            "aws_vpc.main",
            "data.aws_availability_zones.available"
          ]
        }
      ]
    },
    {
      "mode": "managed",
      "type": "local_file",
      "name": "env_users_list",
      "provider": "provider[\"registry.terraform.io/hashicorp/local\"]",
      "instances": [
        {
          "schema_version": 0,
          "attributes": {
            "content": "# Database Configuration\r\nDB_HOST=aws-1-us-east-1.pooler.supabase.com\r\nDB_USER=postgres.zbjpxtiabdsvrwfytfld\r\nDB_PASSWORD=Tengouncuernodemamut1506\r\nDB_NAME=postgres\r\nDB_PORT=5432\r\n\r\n# Service Configuration\r\nPORT=3003\r\nNODE_ENV=production\r\n\r\n# API Gateway URL (use Load Balancer DNS)\r\nAPI_GATEWAY_URL=http://users-lb-503814125.us-east-1.elb.amazonaws.com\r\n\r\n# Service URLs (use Load Balancer DNS for internal communication)\r\nUSERS_CREATE_URL=http://users-lb-503814125.us-east-1.elb.amazonaws.com\r\nUSERS_DELETE_URL=http://users-lb-503814125.us-east-1.elb.amazonaws.com\r\nUSERS_LIST_URL=http://users-lb-503814125.us-east-1.elb.amazonaws.com\r\nUSERS_SEARCH_URL=http://users-lb-503814125.us-east-1.elb.amazonaws.com\r\nUSERS_UPDATE_URL=http://users-lb-503814125.us-east-1.elb.amazonaws.com\r\nAUTH_LOGIN_URL=http://users-lb-503814125.us-east-1.elb.amazonaws.com\r\nAUTH_ROL_URL=http://users-lb-503814125.us-east-1.elb.amazonaws.com\r\nAUTH_ME_URL=http://users-lb-503814125.us-east-1.elb.amazonaws.com\r\nFILE_SERVICE_INIT_URL=http://users-lb-503814125.us-east-1.elb.amazonaws.com\r\nFILE_SERVICE_UPDATE_URL=http://users-lb-503814125.us-east-1.elb.amazonaws.com\r\nFILE_SERVICE_UPLOAD_URL=http://users-lb-503814125.us-east-1.elb.amazonaws.com\r\nFILE_SERVICE_LIST_URL=http://users-lb-503814125.us-east-1.elb.amazonaws.com\r\nFILE_SERVICE_DOWNLOAD_URL=http://users-lb-503814125.us-east-1.elb.amazonaws.com\r\n\r\n# JWT Configuration\r\nJWT_SECRET=Tengouncuernodemamut2901\r\nJWT_EXPIRES_IN=24h\r\n",
            "content_base64": null,
            "content_base64sha256": "4+u94MtR7qdupJ2tAcmNlEILEHdaBKnQ0xAe+x9z2/8=",
            "content_base64sha512": "5jtkKyqCjDNYQhf9sDvYXvmGBopD4Bg0vc9aH6y3Mj7OSP2kmKHM9f1IUeufYeQ+P6JayW2tW4rfur80zowaeA==",
            "content_md5": "5262309a1cf5b559f16210e3db9fe0c7",
            "content_sha1": "60171279c18cd8e758f3dda5a419ca569b638382",
            "content_sha256": "e3ebbde0cb51eea76ea49dad01c98d94420b10775a04a9d0d3101efb1f73dbff",
            "content_sha512": "e63b642b2a828c33584217fdb03bd85ef986068a43e01834bdcf5a1facb7323ece48fda498a1ccf5fd4851eb9f61e43e3fa25ac96dad5b8adfbabf34ce8c1a78",
            "directory_permission": "0777",
            "file_permission": "0777",
            "filename": "./.env.users_list",
            "id": "60171279c18cd8e758f3dda5a419ca569b638382",
            "sensitive_content": null,
            "source": null
          },
          "sensitive_attributes": [
            [
              {
                "type": "get_attr",
                "value": "content"
              }
            ],
            [
              {
                "type": "get_attr",
                "value": "sensitive_content"
              }
            ]
          ],
          "identity_schema_version": 0,
          "dependencies": [
            "aws_lb.app",
            "aws_security_group.lb",
            "aws_subnet.public",
            "aws_vpc.main",
            "data.aws_availability_zones.available"
          ]
        }
      ]
    },
    {
      "mode": "managed",
      "type": "local_file",
      "name": "env_users_search",
      "provider": "provider[\"registry.terraform.io/hashicorp/local\"]",
      "instances": [
        {
          "schema_version": 0,
          "attributes": {
            "content": "# Database Configuration\r\nDB_HOST=aws-1-us-east-1.pooler.supabase.com\r\nDB_USER=postgres.zbjpxtiabdsvrwfytfld\r\nDB_PASSWORD=Tengouncuernodemamut1506\r\nDB_NAME=postgres\r\nDB_PORT=5432\r\n\r\n# Service Configuration\r\nPORT=3004\r\nNODE_ENV=production\r\n\r\n# API Gateway URL (use Load Balancer DNS)\r\nAPI_GATEWAY_URL=http://users-lb-503814125.us-east-1.elb.amazonaws.com\r\n\r\n# Service URLs (use Load Balancer DNS for internal communication)\r\nUSERS_CREATE_URL=http://users-lb-503814125.us-east-1.elb.amazonaws.com\r\nUSERS_DELETE_URL=http://users-lb-503814125.us-east-1.elb.amazonaws.com\r\nUSERS_LIST_URL=http://users-lb-503814125.us-east-1.elb.amazonaws.com\r\nUSERS_SEARCH_URL=http://users-lb-503814125.us-east-1.elb.amazonaws.com\r\nUSERS_UPDATE_URL=http://users-lb-503814125.us-east-1.elb.amazonaws.com\r\nAUTH_LOGIN_URL=http://users-lb-503814125.us-east-1.elb.amazonaws.com\r\nAUTH_ROL_URL=http://users-lb-503814125.us-east-1.elb.amazonaws.com\r\nAUTH_ME_URL=http://users-lb-503814125.us-east-1.elb.amazonaws.com\r\nFILE_SERVICE_INIT_URL=http://users-lb-503814125.us-east-1.elb.amazonaws.com\r\nFILE_SERVICE_UPDATE_URL=http://users-lb-503814125.us-east-1.elb.amazonaws.com\r\nFILE_SERVICE_UPLOAD_URL=http://users-lb-503814125.us-east-1.elb.amazonaws.com\r\nFILE_SERVICE_LIST_URL=http://users-lb-503814125.us-east-1.elb.amazonaws.com\r\nFILE_SERVICE_DOWNLOAD_URL=http://users-lb-503814125.us-east-1.elb.amazonaws.com\r\n\r\n# JWT Configuration\r\nJWT_SECRET=Tengouncuernodemamut2901\r\nJWT_EXPIRES_IN=24h\r\n",
            "content_base64": null,
            "content_base64sha256": "YUTT2DMAa5PaGjAFK7DrhvEOyWR/JTM3ZUHOa+Ee1Yc=",
            "content_base64sha512": "FjlSnLs89JUc5CfewKQzMsdocgjFPtGMWy0RWajhl8Y8sNItzRx8f6UxH6ZyOtyiJBMDI9bJM1jPkeDzhqdq3w==",
            "content_md5": "9d6e9c107951b47dcb68dad06b80df7d",
            "content_sha1": "45b1f8f7cae10cac2e25365206569aa964ac7d19",
            "content_sha256": "6144d3d833006b93da1a30052bb0eb86f10ec9647f2533376541ce6be11ed587",
            "content_sha512": "1639529cbb3cf4951ce427dec0a43332c7687208c53ed18c5b2d1159a8e197c63cb0d22dcd1c7c7fa5311fa6723adca224130323d6c93358cf91e0f386a76adf",
            "directory_permission": "0777",
            "file_permission": "0777",
            "filename": "./.env.users_search",
            "id": "45b1f8f7cae10cac2e25365206569aa964ac7d19",
            "sensitive_content": null,
            "source": null
          },
          "sensitive_attributes": [
            [
              {
                "type": "get_attr",
                "value": "content"
              }
            ],
            [
              {
                "type": "get_attr",
                "value": "sensitive_content"
              }
            ]
          ],
          "identity_schema_version": 0,
          "dependencies": [
            "aws_lb.app",
            "aws_security_group.lb",
            "aws_subnet.public",
            "aws_vpc.main",
            "data.aws_availability_zones.available"
          ]
        }
      ]
    },
    {
      "mode": "managed",
      "type": "local_file",
      "name": "env_users_update",
      "provider": "provider[\"registry.terraform.io/hashicorp/local\"]",
      "instances": [
        {
          "schema_version": 0,
          "attributes": {
            "content": "# Database Configuration\r\nDB_HOST=aws-1-us-east-1.pooler.supabase.com\r\nDB_USER=postgres.zbjpxtiabdsvrwfytfld\r\nDB_PASSWORD=Tengouncuernodemamut1506\r\nDB_NAME=postgres\r\nDB_PORT=5432\r\n\r\n# Service Configuration\r\nPORT=3005\r\nNODE_ENV=production\r\n\r\n# API Gateway URL (use Load Balancer DNS)\r\nAPI_GATEWAY_URL=http://users-lb-503814125.us-east-1.elb.amazonaws.com\r\n\r\n# Service URLs (use Load Balancer DNS for internal communication)\r\nUSERS_CREATE_URL=http://users-lb-503814125.us-east-1.elb.amazonaws.com\r\nUSERS_DELETE_URL=http://users-lb-503814125.us-east-1.elb.amazonaws.com\r\nUSERS_LIST_URL=http://users-lb-503814125.us-east-1.elb.amazonaws.com\r\nUSERS_SEARCH_URL=http://users-lb-503814125.us-east-1.elb.amazonaws.com\r\nUSERS_UPDATE_URL=http://users-lb-503814125.us-east-1.elb.amazonaws.com\r\nAUTH_LOGIN_URL=http://users-lb-503814125.us-east-1.elb.amazonaws.com\r\nAUTH_ROL_URL=http://users-lb-503814125.us-east-1.elb.amazonaws.com\r\nAUTH_ME_URL=http://users-lb-503814125.us-east-1.elb.amazonaws.com\r\nFILE_SERVICE_INIT_URL=http://users-lb-503814125.us-east-1.elb.amazonaws.com\r\nFILE_SERVICE_UPDATE_URL=http://users-lb-503814125.us-east-1.elb.amazonaws.com\r\nFILE_SERVICE_UPLOAD_URL=http://users-lb-503814125.us-east-1.elb.amazonaws.com\r\nFILE_SERVICE_LIST_URL=http://users-lb-503814125.us-east-1.elb.amazonaws.com\r\nFILE_SERVICE_DOWNLOAD_URL=http://users-lb-503814125.us-east-1.elb.amazonaws.com\r\n\r\n# JWT Configuration\r\nJWT_SECRET=Tengouncuernodemamut2901\r\nJWT_EXPIRES_IN=24h\r\n",
            "content_base64": null,
            "content_base64sha256": "mOshlH3qIyacfFeUdyp4xcsFE6kAVVvdazN5e1jAg2Q=",
            "content_base64sha512": "oXwY3BQDSo1edpNm+NiMxHEINe0MOIXDv3up093zgXqZvygkL+dknu+JkVjeQuDj1fz7cNwZNuryw/sIhdLBcw==",
            "content_md5": "d364410eebc7e5e37b3b4bc1a9b9a0a0",
            "content_sha1": "92b326ab7ec9eaee269f7808e92adaca8d9607c2",
            "content_sha256": "98eb21947dea23269c7c5794772a78c5cb0513a900555bdd6b33797b58c08364",
            "content_sha512": "a17c18dc14034a8d5e769366f8d88cc4710835ed0c3885c3bf7ba9d3ddf3817a99bf28242fe7649eef899158de42e0e3d5fcfb70dc1936eaf2c3fb0885d2c173",
            "directory_permission": "0777",
            "file_permission": "0777",
            "filename": "./.env.users_update",
            "id": "92b326ab7ec9eaee269f7808e92adaca8d9607c2",
            "sensitive_content": null,
            "source": null
          },
          "sensitive_attributes": [
            [
              {
                "type": "get_attr",
                "value": "content"
              }
            ],
            [
              {
                "type": "get_attr",
                "value": "sensitive_content"
              }
            ]
          ],
          "identity_schema_version": 0,
          "dependencies": [
            "aws_lb.app",
            "aws_security_group.lb",
            "aws_subnet.public",
            "aws_vpc.main",
            "data.aws_availability_zones.available"
          ]
        }
      ]
    },
    {
      "mode": "managed",
      "type": "local_file",
      "name": "private_key_pem",
      "provider": "provider[\"registry.terraform.io/hashicorp/local\"]",
      "instances": [
        {
          "index_key": 0,
          "schema_version": 0,
          "attributes": {
            "content": "-----BEGIN RSA PRIVATE KEY-----\nMIIJKAIBAAKCAgEAsrdQSsIMYeOUr65VEMywGD3vne9EWmjG32saiFGSEyiBWmo/\nCCWDaQRmtlg8BtudwsR2imwciRQaSh1poiuCn9GUJlYr1HsNiNbcp+g+ZB1Y6fv/\n/jaSyzXol49MSwgDwPbI9QZdGvw66LFugj2ZDjtZTwUwLqTxoWDS63zwiYtV8Grl\neDalgxojwQcM4kO2Et3vY0JR0u/ktgcTDsywg7NQ5+rN3dQsdze07Cu5NW7K6i2q\n56qjna9v127twVOEfEHNCcQmsNONz0ZYfOGKHLotof0rO5q4y21ftbh4qrJsut2v\nJDj2u7l9JZGaxJnwjckr8mi4WILCGC5hGWoAml2MO7EuuQ7wuRIBoeXTDplRWr8w\no3qfTRO0QfIzFIG93okUV5O6/rCwTlYMpTk9o3e4en/FF2EuY5GD1LU5CTxxT04K\nF+hhWL6G1suic+PnSgPfP4AH6GrUHFrSfR4CF1K3AYBygdzuadFWejjzwBGGa+Nu\n2HrIxL5K6uxO1R4x4uSg22f5vpgLKod7A31UFr2V7syrUECkZS3pk098RFl0BRUc\nuaYhDKIGdLZPp4czXz4r4dFBeSdCpyYmksu1IPpOB0nMmKo8kLCq8srtM9OAqLMx\ndo3VrmLYTD6PnWhv9a6LLvM2ZrLrLzyuynuvax2Rh6lknD2wMl7cpd44sSUCAwEA\nAQKCAgAWr0+dCagWNdPN//gyv3SbwyLa/n/D5RhXTCpMQuRik6nlruZM06wsRJ+A\nBk+qRC6whg0Q8Xumx7s1jKm3qMO2Ix1lx1rdZ/g2FiXgl0lyHkqGutLJ8yXrbu6U\n7F7QCFano/uqpHHlhr44gqsnE4gNxylFL0CoLw4vwJFNTGjg4KOaNotlmLQmIceH\njSxMvTELkIm+JPErcAFtPJUl9AP016pNod+bSH8Ta+oGb19dQbC2jHDs4ptNnPL6\nms1JlJ8Uwapz0qbhm5zcwk5hnaRRFK3NqcvWz0MlKT80mxOQAUFtb823MJbbCcax\noduOGIcxDCfMp4+8xm46MQrotayZNTjChgYC2QRk3hg1ZaNLwNz+ieJeNI/qXxCm\nemn3h3xXpD4DHKeI+WmTbJ5NOvfKIfy6Hw+CuFT/13f1Tbazod6oQIKxL7VCL4u0\nbc9Epi2RydtRzbpcpRPATu0r84Sh/vTNPRxobHWRDnbRIIIgmCc/jJ1DuIldVteC\nDvim7Mgci6MrM/zCexGTRwrPII1TT9Oj0qRg5hRrb4r7Nm6U5Zwtq/q0vDHCZOxs\nBNLLEuk3sUc2vhIqBr9S61kj2t30yPcB+0m7WvRHfohRBnPXPHD66/+WLhvQbNtU\n7x8ovu9ENKvpihQkfOPLYP+6K+YwRnN5lUmtd1ef3NgRg5XrGQKCAQEA1zI+gCdv\n6+MT/+Iv8ylmIvXgpB8A8pyijjz8Y7UjHRKuNs52zH389LihS0+8ZkAHaWo7zKFm\nO7xkDLVcUuPeOy6tsrEGKnnm+RYvmMKzjsl0u/j7TfH9FWflql7oPqKeH/+E7MfG\nTwW/k3ikHPi65IGXG3JRcce6cBhK3e3C5dQiuwQsyKtQ0MOTdV73ai4OUHrPGhw5\nmlEg2jPAbuVxeNeCQZBVxrV7lWtoh/9+FZ4DsQBpiLqQZ4pOqnheiukni4MLUmjB\ncahB4uO5ByKBI6XDaymAXkF5r6ZeLefLn1Gzf/70xGVN/d8fgJi3SyXN1AukKiFp\nP8vBbExeGR3VWQKCAQEA1JpMgJ3EH68Opgb+28DbcSgYaQGtBv64rYxVx7e3BEYH\n+2DVLdllQi2sd3ZzHwwxfDYJtrZ7eUwcM3RNW2Kk3AfHvPhXTS5frK+UKC6GpA9k\nvj6k2tgnAY1AvTknR/CeLYemflYMs42irZRcaWpFsTpq6HF1Mz0Rh+0v5NAHjSed\n9xMkrm7PxIYO3qcrqSZElZsXoEXoMK6yD10z2yf9QTk7zZropkvf3u9qduYoJRf/\nRLslCAE5fKFIf54iR+0+cBl3h5jvw99/ZNJ2ye13di+W6KHDjo4OyAViLxaIUV56\nrz2KLA6Sq7LVBFEf7wwi5yl9Nk4Xz2Xgnn3V9qckrQKCAQEAw+zG4r8FM2rnho1U\nwrrqduINyN9BaaIajg4QbGc6tPmRC+0mVEBQ0i5XC85o5V9eYCeMkl5QSgrXvIpS\nqFU2vANfudVam8mo9Rex9g8uk83vLkUd6HVtytNxUpBeOsir1s45I6svbjr5lTa9\nlHMRFYK3JRIL/N+vaudzImOaks11YXgHnhv71FZ8JtxzvoR4G+X0MP2JpGpA0ulT\nRqQ3j6IGwdK7hdMt1XiZD1kaXmwjSD/r1cSmPN67iJFW4nosuuRwpnMhzG04r25N\nw6UyllYReburWCWcuMNr87eauE8Wcm6aQ0VIoN9IOzjPiOe+YlTG/mS1ApRsYkGV\nWqDC4QKCAQA2GN0GjR5ugXjUvkrzV+t+q5kqfwasFPyhDGh3XUPwjnFRgZ49AGhH\nop+T9kvsxomA9a8bEuvwPXGfliRo8HzKkCA+8WIlfXtS0Yp9fvk7nb8guYfxN7cV\nKgAjJfvczlkxdKbk1rh8p7mROYMaP7RkGF1DsDsGQq/HSo85RcXmIQKM8A4RZJjx\nhLsb5KWzcM1a1A/69E7UtF8SkcC0L0S95/ZTpus0BXJ9o6YPgxkL90M5FfWiR818\n7P0pm+9VJgUROSm1EzFPQfuEiBk54HbZV9qqbx73kyYnt1b4bF9bdRL6rEoQU9T2\nY5bYdlwN06S99UyrGMvuNholuhdLn9QxAoIBAGyATdebWlsGY31Ur233qlxGjBZC\nFKCQomBJgW9Z6PtZDUUFrOm7YehFLtAnPeXdQ3j96yA/Ch07mPaUi6qCM7VbHASO\niAAcJ1J54bU5tbcgKoIupfRIQspId9NvibXE+HXpi8Fvrjdk/v0mS0HYoibM70ln\nErSejoKIN5cYlognImaVKsw92SL7BtjSJUMXkYGRDfH1HihfJJfBq6Z/Et1uHAEo\nFPfBKaQPNbukeqat2Mv/X5cr+OY6VETeI3mjmoCvMwAADzC3Bsil1X95Q1PTfqVi\nUZUgKgLsb+PT/s68iiCGS6wgxlX77OaHFWZRoiUBhDt1bz3jA4JbrujOJ3s=\n-----END RSA PRIVATE KEY-----\n",
            "content_base64": null,
            "content_base64sha256": "82bni0Gyet8S5Ii/AkoOOdq8dymfux0vrLLcL1uj6O8=",
            "content_base64sha512": "0pMc4IMNmwIzSCI2Dz4BX+nj7Jnpuu2d+KUC1XfydT+u8JAvehUwj1uHVRpaKne0esv+zViXDSjrEtgSDIGUGQ==",
            "content_md5": "b2a593ea1852e65f35edd5506ec5da48",
            "content_sha1": "3fdf7889b929878f1ebd62e0c390f412bbb8cbdc",
            "content_sha256": "f366e78b41b27adf12e488bf024a0e39dabc77299fbb1d2facb2dc2f5ba3e8ef",
            "content_sha512": "d2931ce0830d9b02334822360f3e015fe9e3ec99e9baed9df8a502d577f2753faef0902f7a15308f5b87551a5a2a77b47acbfecd58970d28eb12d8120c819419",
            "directory_permission": "0777",
            "file_permission": "0600",
            "filename": "D:/llaves/gradflow-users.pem",
            "id": "3fdf7889b929878f1ebd62e0c390f412bbb8cbdc",
            "sensitive_content": null,
            "source": null
          },
          "sensitive_attributes": [
            [
              {
                "type": "get_attr",
                "value": "content"
              }
            ],
            [
              {
                "type": "get_attr",
                "value": "sensitive_content"
              }
            ]
          ],
          "identity_schema_version": 0,
          "dependencies": [
            "tls_private_key.this"
          ]
        }
      ]
    },
    {
      "mode": "managed",
      "type": "tls_private_key",
      "name": "this",
      "provider": "provider[\"registry.terraform.io/hashicorp/tls\"]",
      "instances": [
        {
          "index_key": 0,
          "schema_version": 1,
          "attributes": {
            "algorithm": "RSA",
            "ecdsa_curve": "P224",
            "id": "33da4a36f2def9abbee4f42490761bf0ac751182",
            "private_key_openssh": "-----BEGIN OPENSSH PRIVATE KEY-----\nb3BlbnNzaC1rZXktdjEAAAAABG5vbmUAAAAEbm9uZQAAAAAAAAABAAACFwAAAAdz\nc2gtcnNhAAAAAwEAAQAAAgEAsrdQSsIMYeOUr65VEMywGD3vne9EWmjG32saiFGS\nEyiBWmo/CCWDaQRmtlg8BtudwsR2imwciRQaSh1poiuCn9GUJlYr1HsNiNbcp+g+\nZB1Y6fv//jaSyzXol49MSwgDwPbI9QZdGvw66LFugj2ZDjtZTwUwLqTxoWDS63zw\niYtV8GrleDalgxojwQcM4kO2Et3vY0JR0u/ktgcTDsywg7NQ5+rN3dQsdze07Cu5\nNW7K6i2q56qjna9v127twVOEfEHNCcQmsNONz0ZYfOGKHLotof0rO5q4y21ftbh4\nqrJsut2vJDj2u7l9JZGaxJnwjckr8mi4WILCGC5hGWoAml2MO7EuuQ7wuRIBoeXT\nDplRWr8wo3qfTRO0QfIzFIG93okUV5O6/rCwTlYMpTk9o3e4en/FF2EuY5GD1LU5\nCTxxT04KF+hhWL6G1suic+PnSgPfP4AH6GrUHFrSfR4CF1K3AYBygdzuadFWejjz\nwBGGa+Nu2HrIxL5K6uxO1R4x4uSg22f5vpgLKod7A31UFr2V7syrUECkZS3pk098\nRFl0BRUcuaYhDKIGdLZPp4czXz4r4dFBeSdCpyYmksu1IPpOB0nMmKo8kLCq8srt\nM9OAqLMxdo3VrmLYTD6PnWhv9a6LLvM2ZrLrLzyuynuvax2Rh6lknD2wMl7cpd44\nsSUAAAc4872SdfO9knUAAAAHc3NoLXJzYQAAAgEAsrdQSsIMYeOUr65VEMywGD3v\nne9EWmjG32saiFGSEyiBWmo/CCWDaQRmtlg8BtudwsR2imwciRQaSh1poiuCn9GU\nJlYr1HsNiNbcp+g+ZB1Y6fv//jaSyzXol49MSwgDwPbI9QZdGvw66LFugj2ZDjtZ\nTwUwLqTxoWDS63zwiYtV8GrleDalgxojwQcM4kO2Et3vY0JR0u/ktgcTDsywg7NQ\n5+rN3dQsdze07Cu5NW7K6i2q56qjna9v127twVOEfEHNCcQmsNONz0ZYfOGKHLot\nof0rO5q4y21ftbh4qrJsut2vJDj2u7l9JZGaxJnwjckr8mi4WILCGC5hGWoAml2M\nO7EuuQ7wuRIBoeXTDplRWr8wo3qfTRO0QfIzFIG93okUV5O6/rCwTlYMpTk9o3e4\nen/FF2EuY5GD1LU5CTxxT04KF+hhWL6G1suic+PnSgPfP4AH6GrUHFrSfR4CF1K3\nAYBygdzuadFWejjzwBGGa+Nu2HrIxL5K6uxO1R4x4uSg22f5vpgLKod7A31UFr2V\n7syrUECkZS3pk098RFl0BRUcuaYhDKIGdLZPp4czXz4r4dFBeSdCpyYmksu1IPpO\nB0nMmKo8kLCq8srtM9OAqLMxdo3VrmLYTD6PnWhv9a6LLvM2ZrLrLzyuynuvax2R\nh6lknD2wMl7cpd44sSUAAAADAQABAAACABavT50JqBY1083/+DK/dJvDItr+f8Pl\nGFdMKkxC5GKTqeWu5kzTrCxEn4AGT6pELrCGDRDxe6bHuzWMqbeow7YjHWXHWt1n\n+DYWJeCXSXIeSoa60snzJetu7pTsXtAIVqej+6qkceWGvjiCqycTiA3HKUUvQKgv\nDi/AkU1MaODgo5o2i2WYtCYhx4eNLEy9MQuQib4k8StwAW08lSX0A/TXqk2h35tI\nfxNr6gZvX11BsLaMcOzim02c8vqazUmUnxTBqnPSpuGbnNzCTmGdpFEUrc2py9bP\nQyUpPzSbE5ABQW1vzbcwltsJxrGh244YhzEMJ8ynj7zGbjoxCui1rJk1OMKGBgLZ\nBGTeGDVlo0vA3P6J4l40j+pfEKZ6afeHfFekPgMcp4j5aZNsnk0698oh/LofD4K4\nVP/Xd/VNtrOh3qhAgrEvtUIvi7Rtz0SmLZHJ21HNulylE8BO7SvzhKH+9M09HGhs\ndZEOdtEggiCYJz+MnUO4iV1W14IO+KbsyByLoysz/MJ7EZNHCs8gjVNP06PSpGDm\nFGtvivs2bpTlnC2r+rS8McJk7GwE0ssS6TexRza+EioGv1LrWSPa3fTI9wH7Sbta\n9Ed+iFEGc9c8cPrr/5YuG9Bs21TvHyi+70Q0q+mKFCR848tg/7or5jBGc3mVSa13\nV5/c2BGDlesZAAABAGyATdebWlsGY31Ur233qlxGjBZCFKCQomBJgW9Z6PtZDUUF\nrOm7YehFLtAnPeXdQ3j96yA/Ch07mPaUi6qCM7VbHASOiAAcJ1J54bU5tbcgKoIu\npfRIQspId9NvibXE+HXpi8Fvrjdk/v0mS0HYoibM70lnErSejoKIN5cYlognImaV\nKsw92SL7BtjSJUMXkYGRDfH1HihfJJfBq6Z/Et1uHAEoFPfBKaQPNbukeqat2Mv/\nX5cr+OY6VETeI3mjmoCvMwAADzC3Bsil1X95Q1PTfqViUZUgKgLsb+PT/s68iiCG\nS6wgxlX77OaHFWZRoiUBhDt1bz3jA4JbrujOJ3sAAAEBANcyPoAnb+vjE//iL/Mp\nZiL14KQfAPKcoo48/GO1Ix0SrjbOdsx9/PS4oUtPvGZAB2lqO8yhZju8ZAy1XFLj\n3jsurbKxBip55vkWL5jCs47JdLv4+03x/RVn5ape6D6inh//hOzHxk8Fv5N4pBz4\nuuSBlxtyUXHHunAYSt3twuXUIrsELMirUNDDk3Ve92ouDlB6zxocOZpRINozwG7l\ncXjXgkGQVca1e5VraIf/fhWeA7EAaYi6kGeKTqp4XorpJ4uDC1JowXGoQeLjuQci\ngSOlw2spgF5Bea+mXi3ny59Rs3/+9MRlTf3fH4CYt0slzdQLpCohaT/LwWxMXhkd\n1VkAAAEBANSaTICdxB+vDqYG/tvA23EoGGkBrQb+uK2MVce3twRGB/tg1S3ZZUIt\nrHd2cx8MMXw2Cba2e3lMHDN0TVtipNwHx7z4V00uX6yvlCguhqQPZL4+pNrYJwGN\nQL05J0fwni2Hpn5WDLONoq2UXGlqRbE6auhxdTM9EYftL+TQB40nnfcTJK5uz8SG\nDt6nK6kmRJWbF6BF6DCusg9dM9sn/UE5O82a6KZL397vanbmKCUX/0S7JQgBOXyh\nSH+eIkftPnAZd4eY78Pff2TSdsntd3Yvluihw46ODsgFYi8WiFFeeq89iiwOkquy\n1QRRH+8MIucpfTZOF89l4J591fanJK0AAAAAAQID\n-----END OPENSSH PRIVATE KEY-----\n",
            "private_key_pem": "-----BEGIN RSA PRIVATE KEY-----\nMIIJKAIBAAKCAgEAsrdQSsIMYeOUr65VEMywGD3vne9EWmjG32saiFGSEyiBWmo/\nCCWDaQRmtlg8BtudwsR2imwciRQaSh1poiuCn9GUJlYr1HsNiNbcp+g+ZB1Y6fv/\n/jaSyzXol49MSwgDwPbI9QZdGvw66LFugj2ZDjtZTwUwLqTxoWDS63zwiYtV8Grl\neDalgxojwQcM4kO2Et3vY0JR0u/ktgcTDsywg7NQ5+rN3dQsdze07Cu5NW7K6i2q\n56qjna9v127twVOEfEHNCcQmsNONz0ZYfOGKHLotof0rO5q4y21ftbh4qrJsut2v\nJDj2u7l9JZGaxJnwjckr8mi4WILCGC5hGWoAml2MO7EuuQ7wuRIBoeXTDplRWr8w\no3qfTRO0QfIzFIG93okUV5O6/rCwTlYMpTk9o3e4en/FF2EuY5GD1LU5CTxxT04K\nF+hhWL6G1suic+PnSgPfP4AH6GrUHFrSfR4CF1K3AYBygdzuadFWejjzwBGGa+Nu\n2HrIxL5K6uxO1R4x4uSg22f5vpgLKod7A31UFr2V7syrUECkZS3pk098RFl0BRUc\nuaYhDKIGdLZPp4czXz4r4dFBeSdCpyYmksu1IPpOB0nMmKo8kLCq8srtM9OAqLMx\ndo3VrmLYTD6PnWhv9a6LLvM2ZrLrLzyuynuvax2Rh6lknD2wMl7cpd44sSUCAwEA\nAQKCAgAWr0+dCagWNdPN//gyv3SbwyLa/n/D5RhXTCpMQuRik6nlruZM06wsRJ+A\nBk+qRC6whg0Q8Xumx7s1jKm3qMO2Ix1lx1rdZ/g2FiXgl0lyHkqGutLJ8yXrbu6U\n7F7QCFano/uqpHHlhr44gqsnE4gNxylFL0CoLw4vwJFNTGjg4KOaNotlmLQmIceH\njSxMvTELkIm+JPErcAFtPJUl9AP016pNod+bSH8Ta+oGb19dQbC2jHDs4ptNnPL6\nms1JlJ8Uwapz0qbhm5zcwk5hnaRRFK3NqcvWz0MlKT80mxOQAUFtb823MJbbCcax\noduOGIcxDCfMp4+8xm46MQrotayZNTjChgYC2QRk3hg1ZaNLwNz+ieJeNI/qXxCm\nemn3h3xXpD4DHKeI+WmTbJ5NOvfKIfy6Hw+CuFT/13f1Tbazod6oQIKxL7VCL4u0\nbc9Epi2RydtRzbpcpRPATu0r84Sh/vTNPRxobHWRDnbRIIIgmCc/jJ1DuIldVteC\nDvim7Mgci6MrM/zCexGTRwrPII1TT9Oj0qRg5hRrb4r7Nm6U5Zwtq/q0vDHCZOxs\nBNLLEuk3sUc2vhIqBr9S61kj2t30yPcB+0m7WvRHfohRBnPXPHD66/+WLhvQbNtU\n7x8ovu9ENKvpihQkfOPLYP+6K+YwRnN5lUmtd1ef3NgRg5XrGQKCAQEA1zI+gCdv\n6+MT/+Iv8ylmIvXgpB8A8pyijjz8Y7UjHRKuNs52zH389LihS0+8ZkAHaWo7zKFm\nO7xkDLVcUuPeOy6tsrEGKnnm+RYvmMKzjsl0u/j7TfH9FWflql7oPqKeH/+E7MfG\nTwW/k3ikHPi65IGXG3JRcce6cBhK3e3C5dQiuwQsyKtQ0MOTdV73ai4OUHrPGhw5\nmlEg2jPAbuVxeNeCQZBVxrV7lWtoh/9+FZ4DsQBpiLqQZ4pOqnheiukni4MLUmjB\ncahB4uO5ByKBI6XDaymAXkF5r6ZeLefLn1Gzf/70xGVN/d8fgJi3SyXN1AukKiFp\nP8vBbExeGR3VWQKCAQEA1JpMgJ3EH68Opgb+28DbcSgYaQGtBv64rYxVx7e3BEYH\n+2DVLdllQi2sd3ZzHwwxfDYJtrZ7eUwcM3RNW2Kk3AfHvPhXTS5frK+UKC6GpA9k\nvj6k2tgnAY1AvTknR/CeLYemflYMs42irZRcaWpFsTpq6HF1Mz0Rh+0v5NAHjSed\n9xMkrm7PxIYO3qcrqSZElZsXoEXoMK6yD10z2yf9QTk7zZropkvf3u9qduYoJRf/\nRLslCAE5fKFIf54iR+0+cBl3h5jvw99/ZNJ2ye13di+W6KHDjo4OyAViLxaIUV56\nrz2KLA6Sq7LVBFEf7wwi5yl9Nk4Xz2Xgnn3V9qckrQKCAQEAw+zG4r8FM2rnho1U\nwrrqduINyN9BaaIajg4QbGc6tPmRC+0mVEBQ0i5XC85o5V9eYCeMkl5QSgrXvIpS\nqFU2vANfudVam8mo9Rex9g8uk83vLkUd6HVtytNxUpBeOsir1s45I6svbjr5lTa9\nlHMRFYK3JRIL/N+vaudzImOaks11YXgHnhv71FZ8JtxzvoR4G+X0MP2JpGpA0ulT\nRqQ3j6IGwdK7hdMt1XiZD1kaXmwjSD/r1cSmPN67iJFW4nosuuRwpnMhzG04r25N\nw6UyllYReburWCWcuMNr87eauE8Wcm6aQ0VIoN9IOzjPiOe+YlTG/mS1ApRsYkGV\nWqDC4QKCAQA2GN0GjR5ugXjUvkrzV+t+q5kqfwasFPyhDGh3XUPwjnFRgZ49AGhH\nop+T9kvsxomA9a8bEuvwPXGfliRo8HzKkCA+8WIlfXtS0Yp9fvk7nb8guYfxN7cV\nKgAjJfvczlkxdKbk1rh8p7mROYMaP7RkGF1DsDsGQq/HSo85RcXmIQKM8A4RZJjx\nhLsb5KWzcM1a1A/69E7UtF8SkcC0L0S95/ZTpus0BXJ9o6YPgxkL90M5FfWiR818\n7P0pm+9VJgUROSm1EzFPQfuEiBk54HbZV9qqbx73kyYnt1b4bF9bdRL6rEoQU9T2\nY5bYdlwN06S99UyrGMvuNholuhdLn9QxAoIBAGyATdebWlsGY31Ur233qlxGjBZC\nFKCQomBJgW9Z6PtZDUUFrOm7YehFLtAnPeXdQ3j96yA/Ch07mPaUi6qCM7VbHASO\niAAcJ1J54bU5tbcgKoIupfRIQspId9NvibXE+HXpi8Fvrjdk/v0mS0HYoibM70ln\nErSejoKIN5cYlognImaVKsw92SL7BtjSJUMXkYGRDfH1HihfJJfBq6Z/Et1uHAEo\nFPfBKaQPNbukeqat2Mv/X5cr+OY6VETeI3mjmoCvMwAADzC3Bsil1X95Q1PTfqVi\nUZUgKgLsb+PT/s68iiCGS6wgxlX77OaHFWZRoiUBhDt1bz3jA4JbrujOJ3s=\n-----END RSA PRIVATE KEY-----\n",
            "private_key_pem_pkcs8": "-----BEGIN PRIVATE KEY-----\nMIIJQgIBADANBgkqhkiG9w0BAQEFAASCCSwwggkoAgEAAoICAQCyt1BKwgxh45Sv\nrlUQzLAYPe+d70RaaMbfaxqIUZITKIFaaj8IJYNpBGa2WDwG253CxHaKbByJFBpK\nHWmiK4Kf0ZQmVivUew2I1tyn6D5kHVjp+//+NpLLNeiXj0xLCAPA9sj1Bl0a/Dro\nsW6CPZkOO1lPBTAupPGhYNLrfPCJi1XwauV4NqWDGiPBBwziQ7YS3e9jQlHS7+S2\nBxMOzLCDs1Dn6s3d1Cx3N7TsK7k1bsrqLarnqqOdr2/Xbu3BU4R8Qc0JxCaw043P\nRlh84Yocui2h/Ss7mrjLbV+1uHiqsmy63a8kOPa7uX0lkZrEmfCNySvyaLhYgsIY\nLmEZagCaXYw7sS65DvC5EgGh5dMOmVFavzCjep9NE7RB8jMUgb3eiRRXk7r+sLBO\nVgylOT2jd7h6f8UXYS5jkYPUtTkJPHFPTgoX6GFYvobWy6Jz4+dKA98/gAfoatQc\nWtJ9HgIXUrcBgHKB3O5p0VZ6OPPAEYZr427YesjEvkrq7E7VHjHi5KDbZ/m+mAsq\nh3sDfVQWvZXuzKtQQKRlLemTT3xEWXQFFRy5piEMogZ0tk+nhzNfPivh0UF5J0Kn\nJiaSy7Ug+k4HScyYqjyQsKryyu0z04CoszF2jdWuYthMPo+daG/1rosu8zZmsusv\nPK7Ke69rHZGHqWScPbAyXtyl3jixJQIDAQABAoICABavT50JqBY1083/+DK/dJvD\nItr+f8PlGFdMKkxC5GKTqeWu5kzTrCxEn4AGT6pELrCGDRDxe6bHuzWMqbeow7Yj\nHWXHWt1n+DYWJeCXSXIeSoa60snzJetu7pTsXtAIVqej+6qkceWGvjiCqycTiA3H\nKUUvQKgvDi/AkU1MaODgo5o2i2WYtCYhx4eNLEy9MQuQib4k8StwAW08lSX0A/TX\nqk2h35tIfxNr6gZvX11BsLaMcOzim02c8vqazUmUnxTBqnPSpuGbnNzCTmGdpFEU\nrc2py9bPQyUpPzSbE5ABQW1vzbcwltsJxrGh244YhzEMJ8ynj7zGbjoxCui1rJk1\nOMKGBgLZBGTeGDVlo0vA3P6J4l40j+pfEKZ6afeHfFekPgMcp4j5aZNsnk0698oh\n/LofD4K4VP/Xd/VNtrOh3qhAgrEvtUIvi7Rtz0SmLZHJ21HNulylE8BO7SvzhKH+\n9M09HGhsdZEOdtEggiCYJz+MnUO4iV1W14IO+KbsyByLoysz/MJ7EZNHCs8gjVNP\n06PSpGDmFGtvivs2bpTlnC2r+rS8McJk7GwE0ssS6TexRza+EioGv1LrWSPa3fTI\n9wH7Sbta9Ed+iFEGc9c8cPrr/5YuG9Bs21TvHyi+70Q0q+mKFCR848tg/7or5jBG\nc3mVSa13V5/c2BGDlesZAoIBAQDXMj6AJ2/r4xP/4i/zKWYi9eCkHwDynKKOPPxj\ntSMdEq42znbMffz0uKFLT7xmQAdpajvMoWY7vGQMtVxS4947Lq2ysQYqeeb5Fi+Y\nwrOOyXS7+PtN8f0VZ+WqXug+op4f/4Tsx8ZPBb+TeKQc+LrkgZcbclFxx7pwGErd\n7cLl1CK7BCzIq1DQw5N1XvdqLg5Qes8aHDmaUSDaM8Bu5XF414JBkFXGtXuVa2iH\n/34VngOxAGmIupBnik6qeF6K6SeLgwtSaMFxqEHi47kHIoEjpcNrKYBeQXmvpl4t\n58ufUbN//vTEZU393x+AmLdLJc3UC6QqIWk/y8FsTF4ZHdVZAoIBAQDUmkyAncQf\nrw6mBv7bwNtxKBhpAa0G/ritjFXHt7cERgf7YNUt2WVCLax3dnMfDDF8Ngm2tnt5\nTBwzdE1bYqTcB8e8+FdNLl+sr5QoLoakD2S+PqTa2CcBjUC9OSdH8J4th6Z+Vgyz\njaKtlFxpakWxOmrocXUzPRGH7S/k0AeNJ533EySubs/Ehg7epyupJkSVmxegRegw\nrrIPXTPbJ/1BOTvNmuimS9/e72p25iglF/9EuyUIATl8oUh/niJH7T5wGXeHmO/D\n339k0nbJ7Xd2L5boocOOjg7IBWIvFohRXnqvPYosDpKrstUEUR/vDCLnKX02ThfP\nZeCefdX2pyStAoIBAQDD7MbivwUzaueGjVTCuup24g3I30FpohqODhBsZzq0+ZEL\n7SZUQFDSLlcLzmjlX15gJ4ySXlBKCte8ilKoVTa8A1+51Vqbyaj1F7H2Dy6Tze8u\nRR3odW3K03FSkF46yKvWzjkjqy9uOvmVNr2UcxEVgrclEgv8369q53MiY5qSzXVh\neAeeG/vUVnwm3HO+hHgb5fQw/YmkakDS6VNGpDePogbB0ruF0y3VeJkPWRpebCNI\nP+vVxKY83ruIkVbieiy65HCmcyHMbTivbk3DpTKWVhF5u6tYJZy4w2vzt5q4TxZy\nbppDRUig30g7OM+I575iVMb+ZLUClGxiQZVaoMLhAoIBADYY3QaNHm6BeNS+SvNX\n636rmSp/BqwU/KEMaHddQ/COcVGBnj0AaEein5P2S+zGiYD1rxsS6/A9cZ+WJGjw\nfMqQID7xYiV9e1LRin1++TudvyC5h/E3txUqACMl+9zOWTF0puTWuHynuZE5gxo/\ntGQYXUOwOwZCr8dKjzlFxeYhAozwDhFkmPGEuxvkpbNwzVrUD/r0TtS0XxKRwLQv\nRL3n9lOm6zQFcn2jpg+DGQv3QzkV9aJHzXzs/Smb71UmBRE5KbUTMU9B+4SIGTng\ndtlX2qpvHveTJie3VvhsX1t1EvqsShBT1PZjlth2XA3TpL31TKsYy+42GiW6F0uf\n1DECggEAbIBN15taWwZjfVSvbfeqXEaMFkIUoJCiYEmBb1no+1kNRQWs6bth6EUu\n0Cc95d1DeP3rID8KHTuY9pSLqoIztVscBI6IABwnUnnhtTm1tyAqgi6l9EhCykh3\n02+JtcT4demLwW+uN2T+/SZLQdiiJszvSWcStJ6Ogog3lxiWiCciZpUqzD3ZIvsG\n2NIlQxeRgZEN8fUeKF8kl8Grpn8S3W4cASgU98EppA81u6R6pq3Yy/9flyv45jpU\nRN4jeaOagK8zAAAPMLcGyKXVf3lDU9N+pWJRlSAqAuxv49P+zryKIIZLrCDGVfvs\n5ocVZlGiJQGEO3VvPeMDgluu6M4new==\n-----END PRIVATE KEY-----\n",
            "public_key_fingerprint_md5": "03:78:18:62:8f:4e:56:34:ea:fc:49:af:b4:01:18:1c",
            "public_key_fingerprint_sha256": "SHA256:BhVsnh2PkKh4ZzjBwGAsKO4sKcbh+b8tAA+FY/V0dig",
            "public_key_openssh": "ssh-rsa AAAAB3NzaC1yc2EAAAADAQABAAACAQCyt1BKwgxh45SvrlUQzLAYPe+d70RaaMbfaxqIUZITKIFaaj8IJYNpBGa2WDwG253CxHaKbByJFBpKHWmiK4Kf0ZQmVivUew2I1tyn6D5kHVjp+//+NpLLNeiXj0xLCAPA9sj1Bl0a/DrosW6CPZkOO1lPBTAupPGhYNLrfPCJi1XwauV4NqWDGiPBBwziQ7YS3e9jQlHS7+S2BxMOzLCDs1Dn6s3d1Cx3N7TsK7k1bsrqLarnqqOdr2/Xbu3BU4R8Qc0JxCaw043PRlh84Yocui2h/Ss7mrjLbV+1uHiqsmy63a8kOPa7uX0lkZrEmfCNySvyaLhYgsIYLmEZagCaXYw7sS65DvC5EgGh5dMOmVFavzCjep9NE7RB8jMUgb3eiRRXk7r+sLBOVgylOT2jd7h6f8UXYS5jkYPUtTkJPHFPTgoX6GFYvobWy6Jz4+dKA98/gAfoatQcWtJ9HgIXUrcBgHKB3O5p0VZ6OPPAEYZr427YesjEvkrq7E7VHjHi5KDbZ/m+mAsqh3sDfVQWvZXuzKtQQKRlLemTT3xEWXQFFRy5piEMogZ0tk+nhzNfPivh0UF5J0KnJiaSy7Ug+k4HScyYqjyQsKryyu0z04CoszF2jdWuYthMPo+daG/1rosu8zZmsusvPK7Ke69rHZGHqWScPbAyXtyl3jixJQ==\n",
            "public_key_pem": "-----BEGIN PUBLIC KEY-----\nMIICIjANBgkqhkiG9w0BAQEFAAOCAg8AMIICCgKCAgEAsrdQSsIMYeOUr65VEMyw\nGD3vne9EWmjG32saiFGSEyiBWmo/CCWDaQRmtlg8BtudwsR2imwciRQaSh1poiuC\nn9GUJlYr1HsNiNbcp+g+ZB1Y6fv//jaSyzXol49MSwgDwPbI9QZdGvw66LFugj2Z\nDjtZTwUwLqTxoWDS63zwiYtV8GrleDalgxojwQcM4kO2Et3vY0JR0u/ktgcTDsyw\ng7NQ5+rN3dQsdze07Cu5NW7K6i2q56qjna9v127twVOEfEHNCcQmsNONz0ZYfOGK\nHLotof0rO5q4y21ftbh4qrJsut2vJDj2u7l9JZGaxJnwjckr8mi4WILCGC5hGWoA\nml2MO7EuuQ7wuRIBoeXTDplRWr8wo3qfTRO0QfIzFIG93okUV5O6/rCwTlYMpTk9\no3e4en/FF2EuY5GD1LU5CTxxT04KF+hhWL6G1suic+PnSgPfP4AH6GrUHFrSfR4C\nF1K3AYBygdzuadFWejjzwBGGa+Nu2HrIxL5K6uxO1R4x4uSg22f5vpgLKod7A31U\nFr2V7syrUECkZS3pk098RFl0BRUcuaYhDKIGdLZPp4czXz4r4dFBeSdCpyYmksu1\nIPpOB0nMmKo8kLCq8srtM9OAqLMxdo3VrmLYTD6PnWhv9a6LLvM2ZrLrLzyuynuv\nax2Rh6lknD2wMl7cpd44sSUCAwEAAQ==\n-----END PUBLIC KEY-----\n",
            "rsa_bits": 4096
          },
          "sensitive_attributes": [
            [
              {
                "type": "get_attr",
                "value": "private_key_openssh"
              }
            ],
            [
              {
                "type": "get_attr",
                "value": "private_key_pem"
              }
            ],
            [
              {
                "type": "get_attr",
                "value": "private_key_pem_pkcs8"
              }
            ]
          ],
          "identity_schema_version": 0
        }
      ]
    }
  ],
  "check_results": null
}
