{
  "version": 4,
  "terraform_version": "1.14.1",
  "serial": 1224,
  "lineage": "5de68eff-eb21-9e50-18a6-c48e1db7a8e4",
  "outputs": {
    "asg_arn": {
      "value": "arn:aws:autoscaling:us-east-1:697755754723:autoScalingGroup:ee193bf3-d237-4024-b027-bf121f66e0ee:autoScalingGroupName/users-asg",
      "type": "string"
    },
    "asg_name": {
      "value": "users-asg",
      "type": "string"
    },
    "key_pair_name": {
      "value": "gradflow-users",
      "type": "string"
    },
    "loadbalancer_arn": {
      "value": "arn:aws:elasticloadbalancing:us-east-1:697755754723:loadbalancer/app/users-lb/738e7410e24e5b79",
      "type": "string"
    },
    "loadbalancer_dns": {
      "value": "users-lb-1843252633.us-east-1.elb.amazonaws.com",
      "type": "string"
    },
    "public_subnets": {
      "value": [
        "subnet-05d15697a14c9b6da",
        "subnet-04f5db5ed36a52c04"
      ],
      "type": [
        "tuple",
        [
          "string",
          "string"
        ]
      ]
    },
    "ssh_command_hint": {
      "value": "ssh -i \u003cruta-a-tu-pem\u003e ubuntu@\u003cip_publica-o-elastica\u003e",
      "type": "string"
    },
    "tg_users_create_arn": {
      "value": "arn:aws:elasticloadbalancing:us-east-1:697755754723:targetgroup/tg-users-create/f50c11c3c55ba827",
      "type": "string"
    },
    "tg_users_delete_arn": {
      "value": "arn:aws:elasticloadbalancing:us-east-1:697755754723:targetgroup/tg-users-delete/a14bf1e221dc4044",
      "type": "string"
    },
    "tg_users_list_arn": {
      "value": "arn:aws:elasticloadbalancing:us-east-1:697755754723:targetgroup/tg-users-list/cc479f08b7177f8a",
      "type": "string"
    },
    "tg_users_search_arn": {
      "value": "arn:aws:elasticloadbalancing:us-east-1:697755754723:targetgroup/tg-users-search/1e46a0d89e0b4301",
      "type": "string"
    },
    "tg_users_update_arn": {
      "value": "arn:aws:elasticloadbalancing:us-east-1:697755754723:targetgroup/tg-users-update/184820c2d2846cef",
      "type": "string"
    },
    "vpc_id": {
      "value": "vpc-0644e6a9b5ffdae5c",
      "type": "string"
    }
  },
  "resources": [
    {
      "mode": "data",
      "type": "aws_availability_zones",
      "name": "available",
      "provider": "provider[\"registry.terraform.io/hashicorp/aws\"]",
      "instances": [
        {
          "schema_version": 0,
          "attributes": {
            "all_availability_zones": null,
            "exclude_names": null,
            "exclude_zone_ids": null,
            "filter": null,
            "group_names": [
              "us-east-1-zg-1"
            ],
            "id": "us-east-1",
            "names": [
              "us-east-1a",
              "us-east-1b",
              "us-east-1c",
              "us-east-1d",
              "us-east-1e",
              "us-east-1f"
            ],
            "region": "us-east-1",
            "state": null,
            "timeouts": null,
            "zone_ids": [
              "use1-az6",
              "use1-az1",
              "use1-az2",
              "use1-az4",
              "use1-az3",
              "use1-az5"
            ]
          },
          "sensitive_attributes": [],
          "identity_schema_version": 0
        }
      ]
    },
    {
      "mode": "managed",
      "type": "aws_autoscaling_group",
      "name": "app",
      "provider": "provider[\"registry.terraform.io/hashicorp/aws\"]",
      "instances": [
        {
          "schema_version": 1,
          "attributes": {
            "arn": "arn:aws:autoscaling:us-east-1:697755754723:autoScalingGroup:ee193bf3-d237-4024-b027-bf121f66e0ee:autoScalingGroupName/users-asg",
            "availability_zone_distribution": [
              {
                "capacity_distribution_strategy": "balanced-best-effort"
              }
            ],
            "availability_zones": [
              "us-east-1a",
              "us-east-1b"
            ],
            "capacity_rebalance": false,
            "capacity_reservation_specification": [
              {
                "capacity_reservation_preference": "default",
                "capacity_reservation_target": []
              }
            ],
            "context": "",
            "default_cooldown": 300,
            "default_instance_warmup": 0,
            "desired_capacity": 2,
            "desired_capacity_type": "",
            "enabled_metrics": null,
            "force_delete": false,
            "force_delete_warm_pool": false,
            "health_check_grace_period": 300,
            "health_check_type": "EC2",
            "id": "users-asg",
            "ignore_failed_scaling_activities": false,
            "initial_lifecycle_hook": [],
            "instance_maintenance_policy": [],
            "instance_refresh": [
              {
                "preferences": [
                  {
                    "alarm_specification": [],
                    "auto_rollback": false,
                    "checkpoint_delay": "",
                    "checkpoint_percentages": null,
                    "instance_warmup": "180",
                    "max_healthy_percentage": 100,
                    "min_healthy_percentage": 50,
                    "scale_in_protected_instances": "Ignore",
                    "skip_matching": false,
                    "standby_instances": "Ignore"
                  }
                ],
                "strategy": "Rolling",
                "triggers": [
                  "tag"
                ]
              }
            ],
            "launch_configuration": "",
            "launch_template": [
              {
                "id": "lt-0f813962de5d960fa",
                "name": "users-app-20260123215635249800000002",
                "version": "$Latest"
              }
            ],
            "load_balancers": [],
            "max_instance_lifetime": 0,
            "max_size": 5,
            "metrics_granularity": "1Minute",
            "min_elb_capacity": null,
            "min_size": 2,
            "mixed_instances_policy": [],
            "name": "users-asg",
            "name_prefix": "",
            "placement_group": "",
            "predicted_capacity": 0,
            "protect_from_scale_in": false,
            "region": "us-east-1",
            "service_linked_role_arn": "arn:aws:iam::697755754723:role/aws-service-role/autoscaling.amazonaws.com/AWSServiceRoleForAutoScaling",
            "suspended_processes": null,
            "tag": [
              {
                "key": "ManagedBy",
                "propagate_at_launch": true,
                "value": "Terraform"
              },
              {
                "key": "Name",
                "propagate_at_launch": true,
                "value": "users-instance"
              }
            ],
            "target_group_arns": [
              "arn:aws:elasticloadbalancing:us-east-1:697755754723:targetgroup/tg-users-create/f50c11c3c55ba827",
              "arn:aws:elasticloadbalancing:us-east-1:697755754723:targetgroup/tg-users-delete/a14bf1e221dc4044",
              "arn:aws:elasticloadbalancing:us-east-1:697755754723:targetgroup/tg-users-list/cc479f08b7177f8a",
              "arn:aws:elasticloadbalancing:us-east-1:697755754723:targetgroup/tg-users-search/1e46a0d89e0b4301",
              "arn:aws:elasticloadbalancing:us-east-1:697755754723:targetgroup/tg-users-update/184820c2d2846cef"
            ],
            "termination_policies": [
              "Default"
            ],
            "timeouts": null,
            "traffic_source": [
              {
                "identifier": "arn:aws:elasticloadbalancing:us-east-1:697755754723:targetgroup/tg-users-create/f50c11c3c55ba827",
                "type": "elbv2"
              },
              {
                "identifier": "arn:aws:elasticloadbalancing:us-east-1:697755754723:targetgroup/tg-users-delete/a14bf1e221dc4044",
                "type": "elbv2"
              },
              {
                "identifier": "arn:aws:elasticloadbalancing:us-east-1:697755754723:targetgroup/tg-users-list/cc479f08b7177f8a",
                "type": "elbv2"
              },
              {
                "identifier": "arn:aws:elasticloadbalancing:us-east-1:697755754723:targetgroup/tg-users-search/1e46a0d89e0b4301",
                "type": "elbv2"
              },
              {
                "identifier": "arn:aws:elasticloadbalancing:us-east-1:697755754723:targetgroup/tg-users-update/184820c2d2846cef",
                "type": "elbv2"
              }
            ],
            "vpc_zone_identifier": [
              "subnet-04f5db5ed36a52c04",
              "subnet-05d15697a14c9b6da"
            ],
            "wait_for_capacity_timeout": "10m",
            "wait_for_elb_capacity": null,
            "warm_pool": [],
            "warm_pool_size": 0
          },
          "sensitive_attributes": [],
          "identity_schema_version": 0,
          "private": "eyJlMmJmYjczMC1lY2FhLTExZTYtOGY4OC0zNDM2M2JjN2M0YzAiOnsiZGVsZXRlIjo2MDAwMDAwMDAwMDAsInVwZGF0ZSI6NjAwMDAwMDAwMDAwfSwic2NoZW1hX3ZlcnNpb24iOiIxIn0=",
          "dependencies": [
            "aws_key_pair.this",
            "aws_launch_template.app",
            "aws_lb.app",
            "aws_lb_target_group.users_create",
            "aws_lb_target_group.users_delete",
            "aws_lb_target_group.users_list",
            "aws_lb_target_group.users_search",
            "aws_lb_target_group.users_update",
            "aws_security_group.lb",
            "aws_security_group.web",
            "aws_subnet.public",
            "aws_vpc.main",
            "data.aws_availability_zones.available",
            "tls_private_key.this"
          ]
        }
      ]
    },
    {
      "mode": "managed",
      "type": "aws_autoscaling_policy",
      "name": "cpu_scale_up",
      "provider": "provider[\"registry.terraform.io/hashicorp/aws\"]",
      "instances": [
        {
          "schema_version": 0,
          "attributes": {
            "adjustment_type": "",
            "arn": "arn:aws:autoscaling:us-east-1:697755754723:scalingPolicy:4f35d98b-5c51-4bb1-ad62-2fa0cf07b89c:autoScalingGroupName/users-asg:policyName/scale-up-on-high-cpu",
            "autoscaling_group_name": "users-asg",
            "cooldown": 0,
            "enabled": true,
            "estimated_instance_warmup": 300,
            "id": "scale-up-on-high-cpu",
            "metric_aggregation_type": "",
            "min_adjustment_magnitude": 0,
            "name": "scale-up-on-high-cpu",
            "policy_type": "TargetTrackingScaling",
            "predictive_scaling_configuration": [],
            "region": "us-east-1",
            "scaling_adjustment": 0,
            "step_adjustment": [],
            "target_tracking_configuration": [
              {
                "customized_metric_specification": [],
                "disable_scale_in": false,
                "predefined_metric_specification": [
                  {
                    "predefined_metric_type": "ASGAverageCPUUtilization",
                    "resource_label": ""
                  }
                ],
                "target_value": 80
              }
            ]
          },
          "sensitive_attributes": [],
          "identity_schema_version": 0,
          "private": "bnVsbA==",
          "dependencies": [
            "aws_autoscaling_group.app",
            "aws_key_pair.this",
            "aws_launch_template.app",
            "aws_lb.app",
            "aws_lb_target_group.users_create",
            "aws_lb_target_group.users_delete",
            "aws_lb_target_group.users_list",
            "aws_lb_target_group.users_search",
            "aws_lb_target_group.users_update",
            "aws_security_group.lb",
            "aws_security_group.web",
            "aws_subnet.public",
            "aws_vpc.main",
            "data.aws_availability_zones.available",
            "tls_private_key.this"
          ]
        }
      ]
    },
    {
      "mode": "managed",
      "type": "aws_autoscaling_policy",
      "name": "scale_in",
      "provider": "provider[\"registry.terraform.io/hashicorp/aws\"]",
      "instances": [
        {
          "schema_version": 0,
          "attributes": {
            "adjustment_type": "ChangeInCapacity",
            "arn": "arn:aws:autoscaling:us-east-1:697755754723:scalingPolicy:ccb07049-1fed-413d-9586-15e4fe0ea382:autoScalingGroupName/users-asg:policyName/scale-in-policy",
            "autoscaling_group_name": "users-asg",
            "cooldown": 600,
            "enabled": true,
            "estimated_instance_warmup": 0,
            "id": "scale-in-policy",
            "metric_aggregation_type": "",
            "min_adjustment_magnitude": 0,
            "name": "scale-in-policy",
            "policy_type": "SimpleScaling",
            "predictive_scaling_configuration": [],
            "region": "us-east-1",
            "scaling_adjustment": -1,
            "step_adjustment": [],
            "target_tracking_configuration": []
          },
          "sensitive_attributes": [],
          "identity_schema_version": 0,
          "private": "bnVsbA==",
          "dependencies": [
            "aws_autoscaling_group.app",
            "aws_key_pair.this",
            "aws_launch_template.app",
            "aws_lb.app",
            "aws_lb_target_group.users_create",
            "aws_lb_target_group.users_delete",
            "aws_lb_target_group.users_list",
            "aws_lb_target_group.users_search",
            "aws_lb_target_group.users_update",
            "aws_security_group.lb",
            "aws_security_group.web",
            "aws_subnet.public",
            "aws_vpc.main",
            "data.aws_availability_zones.available",
            "tls_private_key.this"
          ]
        }
      ]
    },
    {
      "mode": "managed",
      "type": "aws_autoscaling_policy",
      "name": "scale_out",
      "provider": "provider[\"registry.terraform.io/hashicorp/aws\"]",
      "instances": [
        {
          "schema_version": 0,
          "attributes": {
            "adjustment_type": "ChangeInCapacity",
            "arn": "arn:aws:autoscaling:us-east-1:697755754723:scalingPolicy:23c9336c-7758-4a70-9892-2cd14e927f77:autoScalingGroupName/users-asg:policyName/scale-out-policy",
            "autoscaling_group_name": "users-asg",
            "cooldown": 300,
            "enabled": true,
            "estimated_instance_warmup": 0,
            "id": "scale-out-policy",
            "metric_aggregation_type": "",
            "min_adjustment_magnitude": 0,
            "name": "scale-out-policy",
            "policy_type": "SimpleScaling",
            "predictive_scaling_configuration": [],
            "region": "us-east-1",
            "scaling_adjustment": 1,
            "step_adjustment": [],
            "target_tracking_configuration": []
          },
          "sensitive_attributes": [],
          "identity_schema_version": 0,
          "private": "bnVsbA==",
          "dependencies": [
            "aws_autoscaling_group.app",
            "aws_key_pair.this",
            "aws_launch_template.app",
            "aws_lb.app",
            "aws_lb_target_group.users_create",
            "aws_lb_target_group.users_delete",
            "aws_lb_target_group.users_list",
            "aws_lb_target_group.users_search",
            "aws_lb_target_group.users_update",
            "aws_security_group.lb",
            "aws_security_group.web",
            "aws_subnet.public",
            "aws_vpc.main",
            "data.aws_availability_zones.available",
            "tls_private_key.this"
          ]
        }
      ]
    },
    {
      "mode": "managed",
      "type": "aws_internet_gateway",
      "name": "igw",
      "provider": "provider[\"registry.terraform.io/hashicorp/aws\"]",
      "instances": [
        {
          "schema_version": 0,
          "attributes": {
            "arn": "arn:aws:ec2:us-east-1:697755754723:internet-gateway/igw-0f767b753d9920672",
            "id": "igw-0f767b753d9920672",
            "owner_id": "697755754723",
            "region": "us-east-1",
            "tags": null,
            "tags_all": {
              "Environment": "users",
              "ManagedBy": "Terraform",
              "Project": "GradFlow"
            },
            "timeouts": null,
            "vpc_id": "vpc-0644e6a9b5ffdae5c"
          },
          "sensitive_attributes": [],
          "identity_schema_version": 0,
          "private": "eyJlMmJmYjczMC1lY2FhLTExZTYtOGY4OC0zNDM2M2JjN2M0YzAiOnsiY3JlYXRlIjoxMjAwMDAwMDAwMDAwLCJkZWxldGUiOjEyMDAwMDAwMDAwMDAsInVwZGF0ZSI6MTIwMDAwMDAwMDAwMH19",
          "dependencies": [
            "aws_vpc.main"
          ]
        }
      ]
    },
    {
      "mode": "managed",
      "type": "aws_key_pair",
      "name": "this",
      "provider": "provider[\"registry.terraform.io/hashicorp/aws\"]",
      "instances": [
        {
          "index_key": 0,
          "schema_version": 1,
          "attributes": {
            "arn": "arn:aws:ec2:us-east-1:697755754723:key-pair/gradflow-users",
            "fingerprint": "71:18:2a:2b:fb:89:4c:ac:20:84:e8:a5:60:30:f9:48",
            "id": "gradflow-users",
            "key_name": "gradflow-users",
            "key_name_prefix": "",
            "key_pair_id": "key-0da4eb131c906b6a1",
            "key_type": "rsa",
            "public_key": "ssh-rsa AAAAB3NzaC1yc2EAAAADAQABAAACAQC302vamXsfeDvH1cJ7OZjLCzJRJDMilr8WQRP9VZDZOKgSiEkn2MjKIhLOdtnHEBRQ5PM5S2oR+Z+8QIBj8tM+sWEyuwKqjhouC71xoINMFbHhjWbT3HD2fW0cDnl1n6yDwxdS+Q09+LGPrEABIHLbPzFfTM+5gyoVdwfGC/wT7Sz5ZnfbDqffvxqJAQ1dNvn4QiLPGSp7i0gC1+BfGdCeXMtnTYDqGE9N+9cI3qPAGOsOIQ9nOf9dsdiNchpUnEAbafgGo+2jba9IgtDXjUHbfDR1OSplAunc8fGqFgZD7swMAcnTmU6l/tATjpg8Pwr2HlqR4++loID19caODGw6cxhcon9L8dR+NPakhRp9wC0djrtiWeoDJ7gL87tBheE560dqZg4gr9tkGaNfgaoebeplOulcRV3lCbFZd3wukmmOUAtPEz9cJfh9+ZQMHTfd3KAdQfIFSD2mcrELsU/YCfIEjalIQ40w6JfrOfxNHzZjDsZmsYRN6fOVu93nUeMTPo2F0IFJtRYqrjfCSV3etKTsE/bHvzbIRXWhjK2/Kj8erkJnaUQl58uu4u3utMs6rskDIGG4gFPSpBVDtx4qD+ySw8r6D6DZIFCBN7dmXgvzTdea4yOEUSDixaApWG23j0uo9Ga2EI7ra3cIDgydS7t815GP4Kw15FSFmD+qAw==",
            "region": "us-east-1",
            "tags": null,
            "tags_all": {
              "Environment": "users",
              "ManagedBy": "Terraform",
              "Project": "GradFlow"
            }
          },
          "sensitive_attributes": [],
          "identity_schema_version": 0,
          "private": "eyJzY2hlbWFfdmVyc2lvbiI6IjEifQ==",
          "dependencies": [
            "tls_private_key.this"
          ]
        }
      ]
    },
    {
      "mode": "managed",
      "type": "aws_launch_template",
      "name": "app",
      "provider": "provider[\"registry.terraform.io/hashicorp/aws\"]",
      "instances": [
        {
          "schema_version": 1,
          "attributes": {
            "arn": "arn:aws:ec2:us-east-1:697755754723:launch-template/lt-0f813962de5d960fa",
            "block_device_mappings": [],
            "capacity_reservation_specification": [],
            "cpu_options": [],
            "credit_specification": [],
            "default_version": 1,
            "description": "",
            "disable_api_stop": false,
            "disable_api_termination": false,
            "ebs_optimized": "",
            "enclave_options": [],
            "hibernation_options": [],
            "iam_instance_profile": [],
            "id": "lt-0f813962de5d960fa",
            "image_id": "ami-0ecb62995f68bb549",
            "instance_initiated_shutdown_behavior": "",
            "instance_market_options": [],
            "instance_requirements": [],
            "instance_type": "t3.micro",
            "kernel_id": "",
            "key_name": "gradflow-users",
            "latest_version": 1,
            "license_specification": [],
            "maintenance_options": [],
            "metadata_options": [],
            "monitoring": [],
            "name": "users-app-20260123215635249800000002",
            "name_prefix": "users-app-",
            "network_interfaces": [],
            "placement": [],
            "private_dns_name_options": [],
            "ram_disk_id": "",
            "region": "us-east-1",
            "security_group_names": null,
            "tag_specifications": [],
            "tags": null,
            "tags_all": {
              "Environment": "users",
              "ManagedBy": "Terraform",
              "Project": "GradFlow"
            },
            "update_default_version": null,
            "user_data": "IyEvYmluL2Jhc2gKIyBVc2VyIERhdGEgc2NyaXB0IHRlbXBsYXRlIGZvciBFQzIgaW5zdGFuY2VzCiMgVmFyaWFibGVzIGFyZSBpbmplY3RlZCBieSBUZXJyYWZvcm0gdGVtcGxhdGVmaWxlKCkgZnVuY3Rpb24KCnNldCAtZXVvIHBpcGVmYWlsCgpleHBvcnQgREVCSUFOX0ZST05URU5EPW5vbmludGVyYWN0aXZlCgpMT0dfRklMRT0iL3Zhci9sb2cvdXNlcl9kYXRhLmxvZyIKZXhlYyA+ID4odGVlIC1hICRMT0dfRklMRSkKZXhlYyAyPiYxCgplY2hvICI9PT0gVXNlciBEYXRhIFNjcmlwdCBTdGFydGVkID09PSIKZWNobyAiVGltZXN0YW1wOiAkKGRhdGUpIgoKIyBJbnN0YWxsIERvY2tlcgphcHQtZ2V0IHVwZGF0ZSAteQphcHQtZ2V0IGluc3RhbGwgLXkgZG9ja2VyLmlvIGN1cmwganEKCnN5c3RlbWN0bCBlbmFibGUgZG9ja2VyCnN5c3RlbWN0bCBzdGFydCBkb2NrZXIKCgojIEFsbG93IGRvY2tlciB3aXRob3V0IHN1ZG8KdXNlcm1vZCAtYUcgZG9ja2VyIHVidW50dQoKZWNobyAiRG9ja2VyIGluc3RhbGxlZDogJChkb2NrZXIgLS12ZXJzaW9uKSIKCiMgRG9ja2VyIEh1YiBsb2dpbiBpZiBjcmVkZW50aWFscyBwcm92aWRlZAppZiBbIC1uICJsZXZpYXRoYW4xMTkiIF0gJiYgWyAtbiAiZGNrcl9wYXRfV2pBN0lHTEhkTHhrTHY3cktCZEhrZXZ3VlE0IiBdOyB0aGVuCiAgZWNobyAiZGNrcl9wYXRfV2pBN0lHTEhkTHhrTHY3cktCZEhrZXZ3VlE0IiB8IGRvY2tlciBsb2dpbiAtdSAibGV2aWF0aGFuMTE5IiAtLXBhc3N3b3JkLXN0ZGluIHx8IHRydWUKICBlY2hvICJEb2NrZXIgSHViIGxvZ2luIGNvbXBsZXRlZCIKZmkKCiMgQ3JlYXRlIC5lbnYgZmlsZSB3aXRoIFRlcnJhZm9ybSB2YXJpYWJsZXMKY2F0ID4gL2hvbWUvdWJ1bnR1Ly5lbnYgPDxFTlZGSUxFCiMgRGF0YWJhc2UgQ29uZmlndXJhdGlvbgpEQl9IT1NUPWF3cy0xLXVzLWVhc3QtMS5wb29sZXIuc3VwYWJhc2UuY29tCkRCX1VTRVI9cG9zdGdyZXMuemJqcHh0aWFiZHN2cndmeXRmbGQKREJfUEFTU1dPUkQ9VGVuZ291bmN1ZXJub2RlbWFtdXQxNTA2CkRCX05BTUU9cG9zdGdyZXMKREJfUE9SVD01NDMyCgojIFNlcnZpY2UgQ29uZmlndXJhdGlvbgpOT0RFX0VOVj1wcm9kdWN0aW9uCgojIEFQSSBHYXRld2F5IFVSTCAodXNlIExvYWQgQmFsYW5jZXIgRE5TIC0gQVBJIEdhdGV3YXkgaXMgaW4gYW5vdGhlciBhY2NvdW50KQpBUElfR0FURVdBWV9VUkw9aHR0cDovL3VzZXJzLWxiLTE4NDMyNTI2MzMudXMtZWFzdC0xLmVsYi5hbWF6b25hd3MuY29tCgojIFNlcnZpY2UgVVJMcyAodXNlIExvYWQgQmFsYW5jZXIgRE5TIGZvciBhbGwgc2VydmljZXMpClVTRVJTX0NSRUFURV9VUkw9aHR0cDovL3VzZXJzLWxiLTE4NDMyNTI2MzMudXMtZWFzdC0xLmVsYi5hbWF6b25hd3MuY29tClVTRVJTX0RFTEVURV9VUkw9aHR0cDovL3VzZXJzLWxiLTE4NDMyNTI2MzMudXMtZWFzdC0xLmVsYi5hbWF6b25hd3MuY29tClVTRVJTX0xJU1RfVVJMPWh0dHA6Ly91c2Vycy1sYi0xODQzMjUyNjMzLnVzLWVhc3QtMS5lbGIuYW1hem9uYXdzLmNvbQpVU0VSU19TRUFSQ0hfVVJMPWh0dHA6Ly91c2Vycy1sYi0xODQzMjUyNjMzLnVzLWVhc3QtMS5lbGIuYW1hem9uYXdzLmNvbQpVU0VSU19VUERBVEVfVVJMPWh0dHA6Ly91c2Vycy1sYi0xODQzMjUyNjMzLnVzLWVhc3QtMS5lbGIuYW1hem9uYXdzLmNvbQpBVVRIX0xPR0lOX1VSTD1odHRwOi8vdXNlcnMtbGItMTg0MzI1MjYzMy51cy1lYXN0LTEuZWxiLmFtYXpvbmF3cy5jb20KQVVUSF9ST0xfVVJMPWh0dHA6Ly91c2Vycy1sYi0xODQzMjUyNjMzLnVzLWVhc3QtMS5lbGIuYW1hem9uYXdzLmNvbQpBVVRIX01FX1VSTD1odHRwOi8vdXNlcnMtbGItMTg0MzI1MjYzMy51cy1lYXN0LTEuZWxiLmFtYXpvbmF3cy5jb20KRklMRV9TRVJWSUNFX0lOSVRfVVJMPWh0dHA6Ly91c2Vycy1sYi0xODQzMjUyNjMzLnVzLWVhc3QtMS5lbGIuYW1hem9uYXdzLmNvbQpGSUxFX1NFUlZJQ0VfVVBEQVRFX1VSTD1odHRwOi8vdXNlcnMtbGItMTg0MzI1MjYzMy51cy1lYXN0LTEuZWxiLmFtYXpvbmF3cy5jb20KRklMRV9TRVJWSUNFX1VQTE9BRF9VUkw9aHR0cDovL3VzZXJzLWxiLTE4NDMyNTI2MzMudXMtZWFzdC0xLmVsYi5hbWF6b25hd3MuY29tCkZJTEVfU0VSVklDRV9MSVNUX1VSTD1odHRwOi8vdXNlcnMtbGItMTg0MzI1MjYzMy51cy1lYXN0LTEuZWxiLmFtYXpvbmF3cy5jb20KRklMRV9TRVJWSUNFX0RPV05MT0FEX1VSTD1odHRwOi8vdXNlcnMtbGItMTg0MzI1MjYzMy51cy1lYXN0LTEuZWxiLmFtYXpvbmF3cy5jb20KCiMgSldUIENvbmZpZ3VyYXRpb24KSldUX1NFQ1JFVD1UZW5nb3VuY3Vlcm5vZGVtYW11dDI5MDEKSldUX0VYUElSRVNfSU49MjRoCkVOVkZJTEUKCmNob3duIHVidW50dTp1YnVudHUgL2hvbWUvdWJ1bnR1Ly5lbnYKY2htb2QgNjAwIC9ob21lL3VidW50dS8uZW52CgplY2hvICIuZW52IGZpbGUgY3JlYXRlZCBhdCAvaG9tZS91YnVudHUvLmVudiIKZWNobyAiTG9hZCBCYWxhbmNlciBETlM6IHVzZXJzLWxiLTE4NDMyNTI2MzMudXMtZWFzdC0xLmVsYi5hbWF6b25hd3MuY29tIgoKCiMgRnVuY3Rpb24gdG8gc3RvcCBhbmQgcmVtb3ZlIGV4aXN0aW5nIGNvbnRhaW5lcgpzdG9wX2FuZF9yZW1vdmVfY29udGFpbmVyKCkgewogIGxvY2FsIGNvbnRhaW5lcl9uYW1lPSQxCiAgZG9ja2VyIHN0b3AgIiRjb250YWluZXJfbmFtZSIgMj4vZGV2L251bGwgfHwgdHJ1ZQogIGRvY2tlciBybSAiJGNvbnRhaW5lcl9uYW1lIiAyPi9kZXYvbnVsbCB8fCB0cnVlCn0KCiMgRnVuY3Rpb24gdG8gcHVsbCBhbmQgcnVuIGNvbnRhaW5lcgpkZXBsb3lfY29udGFpbmVyKCkgewogIGxvY2FsIGNvbnRhaW5lcl9uYW1lPSQxCiAgbG9jYWwgaW1hZ2VfbmFtZT0kMgogIGxvY2FsIHBvcnQ9JDMKICBsb2NhbCBlbnZfZmlsZT0iL2hvbWUvdWJ1bnR1Ly5lbnYiCgogIGVjaG8gIkRlcGxveWluZyAkY29udGFpbmVyX25hbWUuLi4iCgogICMgU3RvcCBhbmQgcmVtb3ZlIGV4aXN0aW5nIGNvbnRhaW5lcgogIHN0b3BfYW5kX3JlbW92ZV9jb250YWluZXIgIiRjb250YWluZXJfbmFtZSIKCiAgIyBQdWxsIERvY2tlciBpbWFnZQogIGlmIFsgLW4gIiRpbWFnZV9uYW1lIiBdOyB0aGVuCiAgICBlY2hvICJQdWxsaW5nIERvY2tlciBpbWFnZTogJGltYWdlX25hbWUiCiAgICBkb2NrZXIgcHVsbCAiJGltYWdlX25hbWUiIHx8IHsKICAgICAgZWNobyAiV2FybmluZzogRmFpbGVkIHRvIHB1bGwgaW1hZ2UgJGltYWdlX25hbWUiCiAgICAgIHJldHVybiAxCiAgICB9CiAgZWxzZQogICAgZWNobyAiV2FybmluZzogTm8gaW1hZ2Ugc3BlY2lmaWVkIGZvciAkY29udGFpbmVyX25hbWUsIHNraXBwaW5nIgogICAgcmV0dXJuIDEKICBmaQoKICAjIFJ1biBjb250YWluZXIKICBkb2NrZXIgcnVuIC1kIFwKICAgIC0tbmFtZSAiJGNvbnRhaW5lcl9uYW1lIiBcCiAgICAtLXJlc3RhcnQgYWx3YXlzIFwKICAgIC1wIDAuMC4wLjA6JHBvcnQ6JHBvcnQgXAogICAgLS1lbnYtZmlsZSAiJGVudl9maWxlIiBcCiAgICAiJGltYWdlX25hbWUiIHx8IHsKICAgICAgZWNobyAiV2FybmluZzogRmFpbGVkIHRvIHN0YXJ0IGNvbnRhaW5lciAkY29udGFpbmVyX25hbWUiCiAgICAgIHJldHVybiAxCiAgICB9CgogIGVjaG8gIkNvbnRhaW5lciAkY29udGFpbmVyX25hbWUgc3RhcnRlZCBvbiBwb3J0ICRwb3J0IChsb2NhbGhvc3Qgb25seSkiCiAgZG9ja2VyIHBzIC0tZmlsdGVyICJuYW1lPSRjb250YWluZXJfbmFtZSIgLS1mb3JtYXQgInt7Lk5hbWVzfX06IHt7LlN0YXR1c319Igp9CgojIERlcGxveSBhbGwgNSB1c2VycyBjb250YWluZXJzCmRlcGxveV9jb250YWluZXIgInVzZXJzLWNyZWF0ZSIgImxldmlhdGhhbjExOS9ncmFkZmxvdy11c2Vycy1jcmVhdGU6bGF0ZXN0IiAzMDAxIHx8IHRydWUKZGVwbG95X2NvbnRhaW5lciAidXNlcnMtZGVsZXRlIiAibGV2aWF0aGFuMTE5L2dyYWRmbG93LXVzZXJzLWRlbGV0ZTpsYXRlc3QiIDMwMDIgfHwgdHJ1ZQpkZXBsb3lfY29udGFpbmVyICJ1c2Vycy1saXN0IiAibGV2aWF0aGFuMTE5L2dyYWRmbG93LXVzZXJzLWxpc3Q6bGF0ZXN0IiAzMDAzIHx8IHRydWUKZGVwbG95X2NvbnRhaW5lciAidXNlcnMtc2VhcmNoIiAibGV2aWF0aGFuMTE5L2dyYWRmbG93LXVzZXJzLXNlYXJjaDpsYXRlc3QiIDMwMDQgfHwgdHJ1ZQpkZXBsb3lfY29udGFpbmVyICJ1c2Vycy11cGRhdGUiICJsZXZpYXRoYW4xMTkvZ3JhZGZsb3ctdXNlcnMtdXBkYXRlOmxhdGVzdCIgMzAwNSB8fCB0cnVlCgojIFdhaXQgYSBmZXcgc2Vjb25kcyBmb3IgY29udGFpbmVycyB0byBiZSByZWFkeQplY2hvICJXYWl0aW5nIGZvciBjb250YWluZXJzIHRvIGluaXRpYWxpemUuLi4iCnNsZWVwIDEwCgojIFZlcmlmeSBjb250YWluZXJzIGFyZSBydW5uaW5nCmVjaG8gIkNvbnRhaW5lciBzdGF0dXM6Igpkb2NrZXIgcHMgLS1mb3JtYXQgInRhYmxlIHt7Lk5hbWVzfX1cdHt7LlN0YXR1c319XHR7ey5Qb3J0c319IgoKIyBDbGVhbnVwIHVudXNlZCBpbWFnZXMKZG9ja2VyIGltYWdlIHBydW5lIC1hIC1mIHx8IHRydWUKCmVjaG8gIj09PSBVc2VyIERhdGEgU2NyaXB0IENvbXBsZXRlZCA9PT0iCmVjaG8gIlRpbWVzdGFtcDogJChkYXRlKSIKZWNobyAiIgplY2hvICJTdW1tYXJ5OiIKZWNobyAiIgplY2hvICJGaW5hbCBjb250YWluZXIgc3RhdHVzOiIKZG9ja2VyIHBzIC0tZm9ybWF0ICJ0YWJsZSB7ey5OYW1lc319XHR7ey5TdGF0dXN9fVx0e3suUG9ydHN9fSIKCiMgdXBkYXRlIGRvY2tlciB1c2VycwoKY2F0ID4gL2hvbWUvdWJ1bnR1L3VwZGF0ZS1jb250YWluZXJzLnNoIDw8J0VPRicKIyEvYmluL2Jhc2gKc2V0IC1lCgplY2hvICI9PT0gR3JhZEZsb3cgdXBkYXRlICQkKGRhdGUpID09PSIKCmRvY2tlciBsb2dpbiAtdSAiJCRkb2NrZXJodWJfdXNlcm5hbWUiIC1wICIkJGRvY2tlcmh1Yl90b2tlbiIgfHwgdHJ1ZQoKY29udGFpbmVycz0oCiAgInVzZXJzLWNyZWF0ZTokJGRvY2tlcl9pbWFnZV91c2Vyc19jcmVhdGU6MzAwMSIKICAidXNlcnMtZGVsZXRlOiQkZG9ja2VyX2ltYWdlX3VzZXJzX2RlbGV0ZTozMDAyIgogICJ1c2Vycy1saXN0OiQkZG9ja2VyX2ltYWdlX3VzZXJzX2xpc3Q6MzAwMyIKICAidXNlcnMtc2VhcmNoOiQkZG9ja2VyX2ltYWdlX3VzZXJzX3NlYXJjaDozMDA0IgogICJ1c2Vycy11cGRhdGU6JCRkb2NrZXJfaW1hZ2VfdXNlcnNfdXBkYXRlOjMwMDUiCikKCmZvciBpdGVtIGluICIke2NvbnRhaW5lcnNbQF19IjsgZG8KICBJRlM9IjoiIHJlYWQgLXIgbmFtZSBpbWFnZSBwb3J0IDw8PCAiJCRpdGVtIgoKICBlY2hvICJVcGRhdGluZyAkJG5hbWUiCgogIGRvY2tlciBwdWxsICIkJGltYWdlIiB8fCBjb250aW51ZQoKICBkb2NrZXIgc3RvcCAiJCRuYW1lIiAyPi9kZXYvbnVsbCB8fCB0cnVlCiAgZG9ja2VyIHJtICIkJG5hbWUiIDI+L2Rldi9udWxsIHx8IHRydWUKCiAgZG9ja2VyIHJ1biAtZCBcCiAgICAtLXJlc3RhcnQgYWx3YXlzIFwKICAgIC0tbmFtZSAiJCRuYW1lIiBcCiAgICAtcCAwLjAuMC4wOiQkcG9ydDokJHBvcnQgXAogICAgLS1lbnYtZmlsZSAvaG9tZS91YnVudHUvLmVudiBcCiAgICAiJCRpbWFnZSIKZG9uZQoKZG9ja2VyIGltYWdlIHBydW5lIC1hZgpFT0YKCmNobW9kICt4IC9ob21lL3VidW50dS91cGRhdGUtY29udGFpbmVycy5zaApjaG93biB1YnVudHU6dWJ1bnR1IC9ob21lL3VidW50dS91cGRhdGUtY29udGFpbmVycy5zaAoKCmNhdCA+IC9ldGMvc3lzdGVtZC9zeXN0ZW0vZ3JhZGZsb3ctdXBkYXRlLnNlcnZpY2UgPDxFT0YKW1VuaXRdCkRlc2NyaXB0aW9uPUdyYWRGbG93IGNvbnRhaW5lcnMgYXV0by11cGRhdGUKQWZ0ZXI9ZG9ja2VyLnNlcnZpY2UKCltTZXJ2aWNlXQpUeXBlPW9uZXNob3QKVXNlcj11YnVudHUKRXhlY1N0YXJ0PS9ob21lL3VidW50dS91cGRhdGUtY29udGFpbmVycy5zaApFT0YKCgpjYXQgPiAvZXRjL3N5c3RlbWQvc3lzdGVtL2dyYWRmbG93LXVwZGF0ZS50aW1lciA8PEVPRgpbVW5pdF0KRGVzY3JpcHRpb249UnVuIEdyYWRGbG93IHVwZGF0ZSBldmVyeSAyIG1pbnV0ZXMKCltUaW1lcl0KT25Cb290U2VjPTFtaW4KT25Vbml0QWN0aXZlU2VjPTJtaW4KUGVyc2lzdGVudD10cnVlCgpbSW5zdGFsbF0KV2FudGVkQnk9dGltZXJzLnRhcmdldApFT0YKCnN5c3RlbWN0bCBkYWVtb24tcmVleGVjCnN5c3RlbWN0bCBkYWVtb24tcmVsb2FkCnN5c3RlbWN0bCBlbmFibGUgZ3JhZGZsb3ctdXBkYXRlLnRpbWVyCnN5c3RlbWN0bCBzdGFydCBncmFkZmxvdy11cGRhdGUudGltZXI=",
            "vpc_security_group_ids": [
              "sg-01ec17fb7eedf796c"
            ]
          },
          "sensitive_attributes": [
            [
              {
                "type": "get_attr",
                "value": "user_data"
              }
            ]
          ],
          "identity_schema_version": 0,
          "private": "eyJzY2hlbWFfdmVyc2lvbiI6IjEifQ==",
          "dependencies": [
            "aws_key_pair.this",
            "aws_lb.app",
            "aws_security_group.lb",
            "aws_security_group.web",
            "aws_subnet.public",
            "aws_vpc.main",
            "data.aws_availability_zones.available",
            "tls_private_key.this"
          ]
        }
      ]
    },
    {
      "mode": "managed",
      "type": "aws_lb",
      "name": "app",
      "provider": "provider[\"registry.terraform.io/hashicorp/aws\"]",
      "instances": [
        {
          "schema_version": 0,
          "attributes": {
            "access_logs": [
              {
                "bucket": "",
                "enabled": false,
                "prefix": ""
              }
            ],
            "arn": "arn:aws:elasticloadbalancing:us-east-1:697755754723:loadbalancer/app/users-lb/738e7410e24e5b79",
            "arn_suffix": "app/users-lb/738e7410e24e5b79",
            "client_keep_alive": 3600,
            "connection_logs": [
              {
                "bucket": "",
                "enabled": false,
                "prefix": ""
              }
            ],
            "customer_owned_ipv4_pool": "",
            "desync_mitigation_mode": "defensive",
            "dns_name": "users-lb-1843252633.us-east-1.elb.amazonaws.com",
            "dns_record_client_routing_policy": null,
            "drop_invalid_header_fields": false,
            "enable_cross_zone_load_balancing": true,
            "enable_deletion_protection": false,
            "enable_http2": true,
            "enable_tls_version_and_cipher_suite_headers": false,
            "enable_waf_fail_open": false,
            "enable_xff_client_port": false,
            "enable_zonal_shift": false,
            "enforce_security_group_inbound_rules_on_private_link_traffic": "",
            "health_check_logs": [
              {
                "bucket": "",
                "enabled": false,
                "prefix": ""
              }
            ],
            "id": "arn:aws:elasticloadbalancing:us-east-1:697755754723:loadbalancer/app/users-lb/738e7410e24e5b79",
            "idle_timeout": 60,
            "internal": false,
            "ip_address_type": "ipv4",
            "ipam_pools": [],
            "load_balancer_type": "application",
            "minimum_load_balancer_capacity": [],
            "name": "users-lb",
            "name_prefix": "",
            "preserve_host_header": false,
            "region": "us-east-1",
            "secondary_ips_auto_assigned_per_subnet": null,
            "security_groups": [
              "sg-09501bec6bcc9bd08"
            ],
            "subnet_mapping": [
              {
                "allocation_id": "",
                "ipv6_address": "",
                "outpost_id": "",
                "private_ipv4_address": "",
                "subnet_id": "subnet-04f5db5ed36a52c04"
              },
              {
                "allocation_id": "",
                "ipv6_address": "",
                "outpost_id": "",
                "private_ipv4_address": "",
                "subnet_id": "subnet-05d15697a14c9b6da"
              }
            ],
            "subnets": [
              "subnet-04f5db5ed36a52c04",
              "subnet-05d15697a14c9b6da"
            ],
            "tags": {
              "Name": "users-application-lb"
            },
            "tags_all": {
              "Environment": "users",
              "ManagedBy": "Terraform",
              "Name": "users-application-lb",
              "Project": "GradFlow"
            },
            "timeouts": null,
            "vpc_id": "vpc-0644e6a9b5ffdae5c",
            "xff_header_processing_mode": "append",
            "zone_id": "Z35SXDOTRQ7X7K"
          },
          "sensitive_attributes": [],
          "identity_schema_version": 0,
          "identity": {
            "arn": "arn:aws:elasticloadbalancing:us-east-1:697755754723:loadbalancer/app/users-lb/738e7410e24e5b79"
          },
          "private": "eyJlMmJmYjczMC1lY2FhLTExZTYtOGY4OC0zNDM2M2JjN2M0YzAiOnsiY3JlYXRlIjo2MDAwMDAwMDAwMDAsImRlbGV0ZSI6NjAwMDAwMDAwMDAwLCJ1cGRhdGUiOjYwMDAwMDAwMDAwMH19",
          "dependencies": [
            "aws_security_group.lb",
            "aws_subnet.public",
            "aws_vpc.main",
            "data.aws_availability_zones.available"
          ]
        }
      ]
    },
    {
      "mode": "managed",
      "type": "aws_lb_listener",
      "name": "http",
      "provider": "provider[\"registry.terraform.io/hashicorp/aws\"]",
      "instances": [
        {
          "schema_version": 0,
          "attributes": {
            "alpn_policy": null,
            "arn": "arn:aws:elasticloadbalancing:us-east-1:697755754723:listener/app/users-lb/738e7410e24e5b79/ca6718a41da208c7",
            "certificate_arn": null,
            "default_action": [
              {
                "authenticate_cognito": [],
                "authenticate_oidc": [],
                "fixed_response": [
                  {
                    "content_type": "text/plain",
                    "message_body": "Ruta no encontrada",
                    "status_code": "404"
                  }
                ],
                "forward": [],
                "jwt_validation": [],
                "order": 1,
                "redirect": [],
                "target_group_arn": "",
                "type": "fixed-response"
              }
            ],
            "id": "arn:aws:elasticloadbalancing:us-east-1:697755754723:listener/app/users-lb/738e7410e24e5b79/ca6718a41da208c7",
            "load_balancer_arn": "arn:aws:elasticloadbalancing:us-east-1:697755754723:loadbalancer/app/users-lb/738e7410e24e5b79",
            "mutual_authentication": [],
            "port": 80,
            "protocol": "HTTP",
            "region": "us-east-1",
            "routing_http_request_x_amzn_mtls_clientcert_header_name": null,
            "routing_http_request_x_amzn_mtls_clientcert_issuer_header_name": null,
            "routing_http_request_x_amzn_mtls_clientcert_leaf_header_name": null,
            "routing_http_request_x_amzn_mtls_clientcert_serial_number_header_name": null,
            "routing_http_request_x_amzn_mtls_clientcert_subject_header_name": null,
            "routing_http_request_x_amzn_mtls_clientcert_validity_header_name": null,
            "routing_http_request_x_amzn_tls_cipher_suite_header_name": null,
            "routing_http_request_x_amzn_tls_version_header_name": null,
            "routing_http_response_access_control_allow_credentials_header_value": "",
            "routing_http_response_access_control_allow_headers_header_value": "",
            "routing_http_response_access_control_allow_methods_header_value": "",
            "routing_http_response_access_control_allow_origin_header_value": "",
            "routing_http_response_access_control_expose_headers_header_value": "",
            "routing_http_response_access_control_max_age_header_value": "",
            "routing_http_response_content_security_policy_header_value": "",
            "routing_http_response_server_enabled": true,
            "routing_http_response_strict_transport_security_header_value": "",
            "routing_http_response_x_content_type_options_header_value": "",
            "routing_http_response_x_frame_options_header_value": "",
            "ssl_policy": "",
            "tags": null,
            "tags_all": {
              "Environment": "users",
              "ManagedBy": "Terraform",
              "Project": "GradFlow"
            },
            "tcp_idle_timeout_seconds": null,
            "timeouts": null
          },
          "sensitive_attributes": [],
          "identity_schema_version": 0,
          "identity": {
            "arn": "arn:aws:elasticloadbalancing:us-east-1:697755754723:listener/app/users-lb/738e7410e24e5b79/ca6718a41da208c7"
          },
          "private": "eyJlMmJmYjczMC1lY2FhLTExZTYtOGY4OC0zNDM2M2JjN2M0YzAiOnsiY3JlYXRlIjozMDAwMDAwMDAwMDAsInVwZGF0ZSI6MzAwMDAwMDAwMDAwfX0=",
          "dependencies": [
            "aws_lb.app",
            "aws_security_group.lb",
            "aws_subnet.public",
            "aws_vpc.main",
            "data.aws_availability_zones.available"
          ]
        }
      ]
    },
    {
      "mode": "managed",
      "type": "aws_lb_listener_rule",
      "name": "users_create_rule",
      "provider": "provider[\"registry.terraform.io/hashicorp/aws\"]",
      "instances": [
        {
          "schema_version": 0,
          "attributes": {
            "action": [
              {
                "authenticate_cognito": [],
                "authenticate_oidc": [],
                "fixed_response": [],
                "forward": [],
                "jwt_validation": [],
                "order": 1,
                "redirect": [],
                "target_group_arn": "arn:aws:elasticloadbalancing:us-east-1:697755754723:targetgroup/tg-users-create/f50c11c3c55ba827",
                "type": "forward"
              }
            ],
            "arn": "arn:aws:elasticloadbalancing:us-east-1:697755754723:listener-rule/app/users-lb/738e7410e24e5b79/ca6718a41da208c7/07367f0d8b19f3eb",
            "condition": [
              {
                "host_header": [],
                "http_header": [],
                "http_request_method": [],
                "path_pattern": [
                  {
                    "regex_values": [],
                    "values": [
                      "/users_create/*"
                    ]
                  }
                ],
                "query_string": [],
                "source_ip": []
              }
            ],
            "id": "arn:aws:elasticloadbalancing:us-east-1:697755754723:listener-rule/app/users-lb/738e7410e24e5b79/ca6718a41da208c7/07367f0d8b19f3eb",
            "listener_arn": "arn:aws:elasticloadbalancing:us-east-1:697755754723:listener/app/users-lb/738e7410e24e5b79/ca6718a41da208c7",
            "priority": 10,
            "region": "us-east-1",
            "tags": null,
            "tags_all": {
              "Environment": "users",
              "ManagedBy": "Terraform",
              "Project": "GradFlow"
            },
            "transform": []
          },
          "sensitive_attributes": [],
          "identity_schema_version": 0,
          "identity": {
            "arn": "arn:aws:elasticloadbalancing:us-east-1:697755754723:listener-rule/app/users-lb/738e7410e24e5b79/ca6718a41da208c7/07367f0d8b19f3eb"
          },
          "private": "bnVsbA==",
          "dependencies": [
            "aws_lb.app",
            "aws_lb_listener.http",
            "aws_lb_target_group.users_create",
            "aws_security_group.lb",
            "aws_subnet.public",
            "aws_vpc.main",
            "data.aws_availability_zones.available"
          ]
        }
      ]
    },
    {
      "mode": "managed",
      "type": "aws_lb_listener_rule",
      "name": "users_delete_rule",
      "provider": "provider[\"registry.terraform.io/hashicorp/aws\"]",
      "instances": [
        {
          "schema_version": 0,
          "attributes": {
            "action": [
              {
                "authenticate_cognito": [],
                "authenticate_oidc": [],
                "fixed_response": [],
                "forward": [],
                "jwt_validation": [],
                "order": 1,
                "redirect": [],
                "target_group_arn": "arn:aws:elasticloadbalancing:us-east-1:697755754723:targetgroup/tg-users-delete/a14bf1e221dc4044",
                "type": "forward"
              }
            ],
            "arn": "arn:aws:elasticloadbalancing:us-east-1:697755754723:listener-rule/app/users-lb/738e7410e24e5b79/ca6718a41da208c7/9967f4a6b29ae38d",
            "condition": [
              {
                "host_header": [],
                "http_header": [],
                "http_request_method": [],
                "path_pattern": [
                  {
                    "regex_values": [],
                    "values": [
                      "/users_delete/*"
                    ]
                  }
                ],
                "query_string": [],
                "source_ip": []
              }
            ],
            "id": "arn:aws:elasticloadbalancing:us-east-1:697755754723:listener-rule/app/users-lb/738e7410e24e5b79/ca6718a41da208c7/9967f4a6b29ae38d",
            "listener_arn": "arn:aws:elasticloadbalancing:us-east-1:697755754723:listener/app/users-lb/738e7410e24e5b79/ca6718a41da208c7",
            "priority": 20,
            "region": "us-east-1",
            "tags": null,
            "tags_all": {
              "Environment": "users",
              "ManagedBy": "Terraform",
              "Project": "GradFlow"
            },
            "transform": []
          },
          "sensitive_attributes": [],
          "identity_schema_version": 0,
          "identity": {
            "arn": "arn:aws:elasticloadbalancing:us-east-1:697755754723:listener-rule/app/users-lb/738e7410e24e5b79/ca6718a41da208c7/9967f4a6b29ae38d"
          },
          "private": "bnVsbA==",
          "dependencies": [
            "aws_lb.app",
            "aws_lb_listener.http",
            "aws_lb_target_group.users_delete",
            "aws_security_group.lb",
            "aws_subnet.public",
            "aws_vpc.main",
            "data.aws_availability_zones.available"
          ]
        }
      ]
    },
    {
      "mode": "managed",
      "type": "aws_lb_listener_rule",
      "name": "users_list_rule",
      "provider": "provider[\"registry.terraform.io/hashicorp/aws\"]",
      "instances": [
        {
          "schema_version": 0,
          "attributes": {
            "action": [
              {
                "authenticate_cognito": [],
                "authenticate_oidc": [],
                "fixed_response": [],
                "forward": [],
                "jwt_validation": [],
                "order": 1,
                "redirect": [],
                "target_group_arn": "arn:aws:elasticloadbalancing:us-east-1:697755754723:targetgroup/tg-users-list/cc479f08b7177f8a",
                "type": "forward"
              }
            ],
            "arn": "arn:aws:elasticloadbalancing:us-east-1:697755754723:listener-rule/app/users-lb/738e7410e24e5b79/ca6718a41da208c7/539c0eb90cf6ec91",
            "condition": [
              {
                "host_header": [],
                "http_header": [],
                "http_request_method": [],
                "path_pattern": [
                  {
                    "regex_values": [],
                    "values": [
                      "/users_list/*"
                    ]
                  }
                ],
                "query_string": [],
                "source_ip": []
              }
            ],
            "id": "arn:aws:elasticloadbalancing:us-east-1:697755754723:listener-rule/app/users-lb/738e7410e24e5b79/ca6718a41da208c7/539c0eb90cf6ec91",
            "listener_arn": "arn:aws:elasticloadbalancing:us-east-1:697755754723:listener/app/users-lb/738e7410e24e5b79/ca6718a41da208c7",
            "priority": 30,
            "region": "us-east-1",
            "tags": null,
            "tags_all": {
              "Environment": "users",
              "ManagedBy": "Terraform",
              "Project": "GradFlow"
            },
            "transform": []
          },
          "sensitive_attributes": [],
          "identity_schema_version": 0,
          "identity": {
            "arn": "arn:aws:elasticloadbalancing:us-east-1:697755754723:listener-rule/app/users-lb/738e7410e24e5b79/ca6718a41da208c7/539c0eb90cf6ec91"
          },
          "private": "bnVsbA==",
          "dependencies": [
            "aws_lb.app",
            "aws_lb_listener.http",
            "aws_lb_target_group.users_list",
            "aws_security_group.lb",
            "aws_subnet.public",
            "aws_vpc.main",
            "data.aws_availability_zones.available"
          ]
        }
      ]
    },
    {
      "mode": "managed",
      "type": "aws_lb_listener_rule",
      "name": "users_search_rule",
      "provider": "provider[\"registry.terraform.io/hashicorp/aws\"]",
      "instances": [
        {
          "schema_version": 0,
          "attributes": {
            "action": [
              {
                "authenticate_cognito": [],
                "authenticate_oidc": [],
                "fixed_response": [],
                "forward": [],
                "jwt_validation": [],
                "order": 1,
                "redirect": [],
                "target_group_arn": "arn:aws:elasticloadbalancing:us-east-1:697755754723:targetgroup/tg-users-search/1e46a0d89e0b4301",
                "type": "forward"
              }
            ],
            "arn": "arn:aws:elasticloadbalancing:us-east-1:697755754723:listener-rule/app/users-lb/738e7410e24e5b79/ca6718a41da208c7/e44d4a99bac3c374",
            "condition": [
              {
                "host_header": [],
                "http_header": [],
                "http_request_method": [],
                "path_pattern": [
                  {
                    "regex_values": [],
                    "values": [
                      "/users_search/*"
                    ]
                  }
                ],
                "query_string": [],
                "source_ip": []
              }
            ],
            "id": "arn:aws:elasticloadbalancing:us-east-1:697755754723:listener-rule/app/users-lb/738e7410e24e5b79/ca6718a41da208c7/e44d4a99bac3c374",
            "listener_arn": "arn:aws:elasticloadbalancing:us-east-1:697755754723:listener/app/users-lb/738e7410e24e5b79/ca6718a41da208c7",
            "priority": 50,
            "region": "us-east-1",
            "tags": null,
            "tags_all": {
              "Environment": "users",
              "ManagedBy": "Terraform",
              "Project": "GradFlow"
            },
            "transform": []
          },
          "sensitive_attributes": [],
          "identity_schema_version": 0,
          "identity": {
            "arn": "arn:aws:elasticloadbalancing:us-east-1:697755754723:listener-rule/app/users-lb/738e7410e24e5b79/ca6718a41da208c7/e44d4a99bac3c374"
          },
          "private": "bnVsbA==",
          "dependencies": [
            "aws_lb.app",
            "aws_lb_listener.http",
            "aws_lb_target_group.users_search",
            "aws_security_group.lb",
            "aws_subnet.public",
            "aws_vpc.main",
            "data.aws_availability_zones.available"
          ]
        }
      ]
    },
    {
      "mode": "managed",
      "type": "aws_lb_listener_rule",
      "name": "users_update_rule",
      "provider": "provider[\"registry.terraform.io/hashicorp/aws\"]",
      "instances": [
        {
          "schema_version": 0,
          "attributes": {
            "action": [
              {
                "authenticate_cognito": [],
                "authenticate_oidc": [],
                "fixed_response": [],
                "forward": [],
                "jwt_validation": [],
                "order": 1,
                "redirect": [],
                "target_group_arn": "arn:aws:elasticloadbalancing:us-east-1:697755754723:targetgroup/tg-users-update/184820c2d2846cef",
                "type": "forward"
              }
            ],
            "arn": "arn:aws:elasticloadbalancing:us-east-1:697755754723:listener-rule/app/users-lb/738e7410e24e5b79/ca6718a41da208c7/442b0deeb9e1463c",
            "condition": [
              {
                "host_header": [],
                "http_header": [],
                "http_request_method": [],
                "path_pattern": [
                  {
                    "regex_values": [],
                    "values": [
                      "/users_update/*"
                    ]
                  }
                ],
                "query_string": [],
                "source_ip": []
              }
            ],
            "id": "arn:aws:elasticloadbalancing:us-east-1:697755754723:listener-rule/app/users-lb/738e7410e24e5b79/ca6718a41da208c7/442b0deeb9e1463c",
            "listener_arn": "arn:aws:elasticloadbalancing:us-east-1:697755754723:listener/app/users-lb/738e7410e24e5b79/ca6718a41da208c7",
            "priority": 40,
            "region": "us-east-1",
            "tags": null,
            "tags_all": {
              "Environment": "users",
              "ManagedBy": "Terraform",
              "Project": "GradFlow"
            },
            "transform": []
          },
          "sensitive_attributes": [],
          "identity_schema_version": 0,
          "identity": {
            "arn": "arn:aws:elasticloadbalancing:us-east-1:697755754723:listener-rule/app/users-lb/738e7410e24e5b79/ca6718a41da208c7/442b0deeb9e1463c"
          },
          "private": "bnVsbA==",
          "dependencies": [
            "aws_lb.app",
            "aws_lb_listener.http",
            "aws_lb_target_group.users_update",
            "aws_security_group.lb",
            "aws_subnet.public",
            "aws_vpc.main",
            "data.aws_availability_zones.available"
          ]
        }
      ]
    },
    {
      "mode": "managed",
      "type": "aws_lb_target_group",
      "name": "users_create",
      "provider": "provider[\"registry.terraform.io/hashicorp/aws\"]",
      "instances": [
        {
          "schema_version": 0,
          "attributes": {
            "arn": "arn:aws:elasticloadbalancing:us-east-1:697755754723:targetgroup/tg-users-create/f50c11c3c55ba827",
            "arn_suffix": "targetgroup/tg-users-create/f50c11c3c55ba827",
            "connection_termination": null,
            "deregistration_delay": "300",
            "health_check": [
              {
                "enabled": true,
                "healthy_threshold": 2,
                "interval": 30,
                "matcher": "200",
                "path": "/api-docs",
                "port": "traffic-port",
                "protocol": "HTTP",
                "timeout": 5,
                "unhealthy_threshold": 3
              }
            ],
            "id": "arn:aws:elasticloadbalancing:us-east-1:697755754723:targetgroup/tg-users-create/f50c11c3c55ba827",
            "ip_address_type": "ipv4",
            "lambda_multi_value_headers_enabled": false,
            "load_balancer_arns": [],
            "load_balancing_algorithm_type": "round_robin",
            "load_balancing_anomaly_mitigation": "off",
            "load_balancing_cross_zone_enabled": "use_load_balancer_configuration",
            "name": "tg-users-create",
            "name_prefix": "",
            "port": 3001,
            "preserve_client_ip": null,
            "protocol": "HTTP",
            "protocol_version": "HTTP1",
            "proxy_protocol_v2": false,
            "region": "us-east-1",
            "slow_start": 0,
            "stickiness": [
              {
                "cookie_duration": 86400,
                "cookie_name": "",
                "enabled": false,
                "type": "lb_cookie"
              }
            ],
            "tags": null,
            "tags_all": {
              "Environment": "users",
              "ManagedBy": "Terraform",
              "Project": "GradFlow"
            },
            "target_control_port": 0,
            "target_failover": [
              {
                "on_deregistration": null,
                "on_unhealthy": null
              }
            ],
            "target_group_health": [
              {
                "dns_failover": [
                  {
                    "minimum_healthy_targets_count": "1",
                    "minimum_healthy_targets_percentage": "off"
                  }
                ],
                "unhealthy_state_routing": [
                  {
                    "minimum_healthy_targets_count": 1,
                    "minimum_healthy_targets_percentage": "off"
                  }
                ]
              }
            ],
            "target_health_state": [
              {
                "enable_unhealthy_connection_termination": null,
                "unhealthy_draining_interval": null
              }
            ],
            "target_type": "instance",
            "vpc_id": "vpc-0644e6a9b5ffdae5c"
          },
          "sensitive_attributes": [],
          "identity_schema_version": 0,
          "identity": {
            "arn": "arn:aws:elasticloadbalancing:us-east-1:697755754723:targetgroup/tg-users-create/f50c11c3c55ba827"
          },
          "private": "bnVsbA==",
          "dependencies": [
            "aws_vpc.main"
          ]
        }
      ]
    },
    {
      "mode": "managed",
      "type": "aws_lb_target_group",
      "name": "users_delete",
      "provider": "provider[\"registry.terraform.io/hashicorp/aws\"]",
      "instances": [
        {
          "schema_version": 0,
          "attributes": {
            "arn": "arn:aws:elasticloadbalancing:us-east-1:697755754723:targetgroup/tg-users-delete/a14bf1e221dc4044",
            "arn_suffix": "targetgroup/tg-users-delete/a14bf1e221dc4044",
            "connection_termination": null,
            "deregistration_delay": "300",
            "health_check": [
              {
                "enabled": true,
                "healthy_threshold": 2,
                "interval": 30,
                "matcher": "200",
                "path": "/api-docs",
                "port": "traffic-port",
                "protocol": "HTTP",
                "timeout": 5,
                "unhealthy_threshold": 3
              }
            ],
            "id": "arn:aws:elasticloadbalancing:us-east-1:697755754723:targetgroup/tg-users-delete/a14bf1e221dc4044",
            "ip_address_type": "ipv4",
            "lambda_multi_value_headers_enabled": false,
            "load_balancer_arns": [],
            "load_balancing_algorithm_type": "round_robin",
            "load_balancing_anomaly_mitigation": "off",
            "load_balancing_cross_zone_enabled": "use_load_balancer_configuration",
            "name": "tg-users-delete",
            "name_prefix": "",
            "port": 3002,
            "preserve_client_ip": null,
            "protocol": "HTTP",
            "protocol_version": "HTTP1",
            "proxy_protocol_v2": false,
            "region": "us-east-1",
            "slow_start": 0,
            "stickiness": [
              {
                "cookie_duration": 86400,
                "cookie_name": "",
                "enabled": false,
                "type": "lb_cookie"
              }
            ],
            "tags": null,
            "tags_all": {
              "Environment": "users",
              "ManagedBy": "Terraform",
              "Project": "GradFlow"
            },
            "target_control_port": 0,
            "target_failover": [
              {
                "on_deregistration": null,
                "on_unhealthy": null
              }
            ],
            "target_group_health": [
              {
                "dns_failover": [
                  {
                    "minimum_healthy_targets_count": "1",
                    "minimum_healthy_targets_percentage": "off"
                  }
                ],
                "unhealthy_state_routing": [
                  {
                    "minimum_healthy_targets_count": 1,
                    "minimum_healthy_targets_percentage": "off"
                  }
                ]
              }
            ],
            "target_health_state": [
              {
                "enable_unhealthy_connection_termination": null,
                "unhealthy_draining_interval": null
              }
            ],
            "target_type": "instance",
            "vpc_id": "vpc-0644e6a9b5ffdae5c"
          },
          "sensitive_attributes": [],
          "identity_schema_version": 0,
          "identity": {
            "arn": "arn:aws:elasticloadbalancing:us-east-1:697755754723:targetgroup/tg-users-delete/a14bf1e221dc4044"
          },
          "private": "bnVsbA==",
          "dependencies": [
            "aws_vpc.main"
          ]
        }
      ]
    },
    {
      "mode": "managed",
      "type": "aws_lb_target_group",
      "name": "users_list",
      "provider": "provider[\"registry.terraform.io/hashicorp/aws\"]",
      "instances": [
        {
          "schema_version": 0,
          "attributes": {
            "arn": "arn:aws:elasticloadbalancing:us-east-1:697755754723:targetgroup/tg-users-list/cc479f08b7177f8a",
            "arn_suffix": "targetgroup/tg-users-list/cc479f08b7177f8a",
            "connection_termination": null,
            "deregistration_delay": "300",
            "health_check": [
              {
                "enabled": true,
                "healthy_threshold": 2,
                "interval": 30,
                "matcher": "200",
                "path": "/api-docs",
                "port": "traffic-port",
                "protocol": "HTTP",
                "timeout": 5,
                "unhealthy_threshold": 3
              }
            ],
            "id": "arn:aws:elasticloadbalancing:us-east-1:697755754723:targetgroup/tg-users-list/cc479f08b7177f8a",
            "ip_address_type": "ipv4",
            "lambda_multi_value_headers_enabled": false,
            "load_balancer_arns": [],
            "load_balancing_algorithm_type": "round_robin",
            "load_balancing_anomaly_mitigation": "off",
            "load_balancing_cross_zone_enabled": "use_load_balancer_configuration",
            "name": "tg-users-list",
            "name_prefix": "",
            "port": 3003,
            "preserve_client_ip": null,
            "protocol": "HTTP",
            "protocol_version": "HTTP1",
            "proxy_protocol_v2": false,
            "region": "us-east-1",
            "slow_start": 0,
            "stickiness": [
              {
                "cookie_duration": 86400,
                "cookie_name": "",
                "enabled": false,
                "type": "lb_cookie"
              }
            ],
            "tags": null,
            "tags_all": {
              "Environment": "users",
              "ManagedBy": "Terraform",
              "Project": "GradFlow"
            },
            "target_control_port": 0,
            "target_failover": [
              {
                "on_deregistration": null,
                "on_unhealthy": null
              }
            ],
            "target_group_health": [
              {
                "dns_failover": [
                  {
                    "minimum_healthy_targets_count": "1",
                    "minimum_healthy_targets_percentage": "off"
                  }
                ],
                "unhealthy_state_routing": [
                  {
                    "minimum_healthy_targets_count": 1,
                    "minimum_healthy_targets_percentage": "off"
                  }
                ]
              }
            ],
            "target_health_state": [
              {
                "enable_unhealthy_connection_termination": null,
                "unhealthy_draining_interval": null
              }
            ],
            "target_type": "instance",
            "vpc_id": "vpc-0644e6a9b5ffdae5c"
          },
          "sensitive_attributes": [],
          "identity_schema_version": 0,
          "identity": {
            "arn": "arn:aws:elasticloadbalancing:us-east-1:697755754723:targetgroup/tg-users-list/cc479f08b7177f8a"
          },
          "private": "bnVsbA==",
          "dependencies": [
            "aws_vpc.main"
          ]
        }
      ]
    },
    {
      "mode": "managed",
      "type": "aws_lb_target_group",
      "name": "users_search",
      "provider": "provider[\"registry.terraform.io/hashicorp/aws\"]",
      "instances": [
        {
          "schema_version": 0,
          "attributes": {
            "arn": "arn:aws:elasticloadbalancing:us-east-1:697755754723:targetgroup/tg-users-search/1e46a0d89e0b4301",
            "arn_suffix": "targetgroup/tg-users-search/1e46a0d89e0b4301",
            "connection_termination": null,
            "deregistration_delay": "300",
            "health_check": [
              {
                "enabled": true,
                "healthy_threshold": 2,
                "interval": 30,
                "matcher": "200",
                "path": "/api-docs",
                "port": "traffic-port",
                "protocol": "HTTP",
                "timeout": 5,
                "unhealthy_threshold": 3
              }
            ],
            "id": "arn:aws:elasticloadbalancing:us-east-1:697755754723:targetgroup/tg-users-search/1e46a0d89e0b4301",
            "ip_address_type": "ipv4",
            "lambda_multi_value_headers_enabled": false,
            "load_balancer_arns": [],
            "load_balancing_algorithm_type": "round_robin",
            "load_balancing_anomaly_mitigation": "off",
            "load_balancing_cross_zone_enabled": "use_load_balancer_configuration",
            "name": "tg-users-search",
            "name_prefix": "",
            "port": 3005,
            "preserve_client_ip": null,
            "protocol": "HTTP",
            "protocol_version": "HTTP1",
            "proxy_protocol_v2": false,
            "region": "us-east-1",
            "slow_start": 0,
            "stickiness": [
              {
                "cookie_duration": 86400,
                "cookie_name": "",
                "enabled": false,
                "type": "lb_cookie"
              }
            ],
            "tags": null,
            "tags_all": {
              "Environment": "users",
              "ManagedBy": "Terraform",
              "Project": "GradFlow"
            },
            "target_control_port": 0,
            "target_failover": [
              {
                "on_deregistration": null,
                "on_unhealthy": null
              }
            ],
            "target_group_health": [
              {
                "dns_failover": [
                  {
                    "minimum_healthy_targets_count": "1",
                    "minimum_healthy_targets_percentage": "off"
                  }
                ],
                "unhealthy_state_routing": [
                  {
                    "minimum_healthy_targets_count": 1,
                    "minimum_healthy_targets_percentage": "off"
                  }
                ]
              }
            ],
            "target_health_state": [
              {
                "enable_unhealthy_connection_termination": null,
                "unhealthy_draining_interval": null
              }
            ],
            "target_type": "instance",
            "vpc_id": "vpc-0644e6a9b5ffdae5c"
          },
          "sensitive_attributes": [],
          "identity_schema_version": 0,
          "identity": {
            "arn": "arn:aws:elasticloadbalancing:us-east-1:697755754723:targetgroup/tg-users-search/1e46a0d89e0b4301"
          },
          "private": "bnVsbA==",
          "dependencies": [
            "aws_vpc.main"
          ]
        }
      ]
    },
    {
      "mode": "managed",
      "type": "aws_lb_target_group",
      "name": "users_update",
      "provider": "provider[\"registry.terraform.io/hashicorp/aws\"]",
      "instances": [
        {
          "schema_version": 0,
          "attributes": {
            "arn": "arn:aws:elasticloadbalancing:us-east-1:697755754723:targetgroup/tg-users-update/184820c2d2846cef",
            "arn_suffix": "targetgroup/tg-users-update/184820c2d2846cef",
            "connection_termination": null,
            "deregistration_delay": "300",
            "health_check": [
              {
                "enabled": true,
                "healthy_threshold": 2,
                "interval": 30,
                "matcher": "200",
                "path": "/api-docs",
                "port": "traffic-port",
                "protocol": "HTTP",
                "timeout": 5,
                "unhealthy_threshold": 3
              }
            ],
            "id": "arn:aws:elasticloadbalancing:us-east-1:697755754723:targetgroup/tg-users-update/184820c2d2846cef",
            "ip_address_type": "ipv4",
            "lambda_multi_value_headers_enabled": false,
            "load_balancer_arns": [],
            "load_balancing_algorithm_type": "round_robin",
            "load_balancing_anomaly_mitigation": "off",
            "load_balancing_cross_zone_enabled": "use_load_balancer_configuration",
            "name": "tg-users-update",
            "name_prefix": "",
            "port": 3004,
            "preserve_client_ip": null,
            "protocol": "HTTP",
            "protocol_version": "HTTP1",
            "proxy_protocol_v2": false,
            "region": "us-east-1",
            "slow_start": 0,
            "stickiness": [
              {
                "cookie_duration": 86400,
                "cookie_name": "",
                "enabled": false,
                "type": "lb_cookie"
              }
            ],
            "tags": null,
            "tags_all": {
              "Environment": "users",
              "ManagedBy": "Terraform",
              "Project": "GradFlow"
            },
            "target_control_port": 0,
            "target_failover": [
              {
                "on_deregistration": null,
                "on_unhealthy": null
              }
            ],
            "target_group_health": [
              {
                "dns_failover": [
                  {
                    "minimum_healthy_targets_count": "1",
                    "minimum_healthy_targets_percentage": "off"
                  }
                ],
                "unhealthy_state_routing": [
                  {
                    "minimum_healthy_targets_count": 1,
                    "minimum_healthy_targets_percentage": "off"
                  }
                ]
              }
            ],
            "target_health_state": [
              {
                "enable_unhealthy_connection_termination": null,
                "unhealthy_draining_interval": null
              }
            ],
            "target_type": "instance",
            "vpc_id": "vpc-0644e6a9b5ffdae5c"
          },
          "sensitive_attributes": [],
          "identity_schema_version": 0,
          "identity": {
            "arn": "arn:aws:elasticloadbalancing:us-east-1:697755754723:targetgroup/tg-users-update/184820c2d2846cef"
          },
          "private": "bnVsbA==",
          "dependencies": [
            "aws_vpc.main"
          ]
        }
      ]
    },
    {
      "mode": "managed",
      "type": "aws_route_table",
      "name": "public",
      "provider": "provider[\"registry.terraform.io/hashicorp/aws\"]",
      "instances": [
        {
          "schema_version": 0,
          "attributes": {
            "arn": "arn:aws:ec2:us-east-1:697755754723:route-table/rtb-00e2292a38e1cc578",
            "id": "rtb-00e2292a38e1cc578",
            "owner_id": "697755754723",
            "propagating_vgws": [],
            "region": "us-east-1",
            "route": [
              {
                "carrier_gateway_id": "",
                "cidr_block": "0.0.0.0/0",
                "core_network_arn": "",
                "destination_prefix_list_id": "",
                "egress_only_gateway_id": "",
                "gateway_id": "igw-0f767b753d9920672",
                "ipv6_cidr_block": "",
                "local_gateway_id": "",
                "nat_gateway_id": "",
                "network_interface_id": "",
                "transit_gateway_id": "",
                "vpc_endpoint_id": "",
                "vpc_peering_connection_id": ""
              }
            ],
            "tags": null,
            "tags_all": {
              "Environment": "users",
              "ManagedBy": "Terraform",
              "Project": "GradFlow"
            },
            "timeouts": null,
            "vpc_id": "vpc-0644e6a9b5ffdae5c"
          },
          "sensitive_attributes": [],
          "identity_schema_version": 0,
          "identity": {
            "account_id": "697755754723",
            "id": "rtb-00e2292a38e1cc578",
            "region": "us-east-1"
          },
          "private": "eyJlMmJmYjczMC1lY2FhLTExZTYtOGY4OC0zNDM2M2JjN2M0YzAiOnsiY3JlYXRlIjozMDAwMDAwMDAwMDAsImRlbGV0ZSI6MzAwMDAwMDAwMDAwLCJ1cGRhdGUiOjEyMDAwMDAwMDAwMH19",
          "dependencies": [
            "aws_internet_gateway.igw",
            "aws_vpc.main"
          ]
        }
      ]
    },
    {
      "mode": "managed",
      "type": "aws_route_table_association",
      "name": "public",
      "provider": "provider[\"registry.terraform.io/hashicorp/aws\"]",
      "instances": [
        {
          "index_key": 0,
          "schema_version": 0,
          "attributes": {
            "gateway_id": "",
            "id": "rtbassoc-0d04d3cc8f86493b2",
            "region": "us-east-1",
            "route_table_id": "rtb-00e2292a38e1cc578",
            "subnet_id": "subnet-05d15697a14c9b6da",
            "timeouts": null
          },
          "sensitive_attributes": [],
          "identity_schema_version": 0,
          "private": "eyJlMmJmYjczMC1lY2FhLTExZTYtOGY4OC0zNDM2M2JjN2M0YzAiOnsiY3JlYXRlIjozMDAwMDAwMDAwMDAsImRlbGV0ZSI6MzAwMDAwMDAwMDAwLCJ1cGRhdGUiOjEyMDAwMDAwMDAwMH19",
          "dependencies": [
            "aws_internet_gateway.igw",
            "aws_route_table.public",
            "aws_subnet.public",
            "aws_vpc.main",
            "data.aws_availability_zones.available"
          ]
        },
        {
          "index_key": 1,
          "schema_version": 0,
          "attributes": {
            "gateway_id": "",
            "id": "rtbassoc-087bc233565d6eec5",
            "region": "us-east-1",
            "route_table_id": "rtb-00e2292a38e1cc578",
            "subnet_id": "subnet-04f5db5ed36a52c04",
            "timeouts": null
          },
          "sensitive_attributes": [],
          "identity_schema_version": 0,
          "private": "eyJlMmJmYjczMC1lY2FhLTExZTYtOGY4OC0zNDM2M2JjN2M0YzAiOnsiY3JlYXRlIjozMDAwMDAwMDAwMDAsImRlbGV0ZSI6MzAwMDAwMDAwMDAwLCJ1cGRhdGUiOjEyMDAwMDAwMDAwMH19",
          "dependencies": [
            "aws_internet_gateway.igw",
            "aws_route_table.public",
            "aws_subnet.public",
            "aws_vpc.main",
            "data.aws_availability_zones.available"
          ]
        }
      ]
    },
    {
      "mode": "managed",
      "type": "aws_security_group",
      "name": "lb",
      "provider": "provider[\"registry.terraform.io/hashicorp/aws\"]",
      "instances": [
        {
          "schema_version": 1,
          "attributes": {
            "arn": "arn:aws:ec2:us-east-1:697755754723:security-group/sg-09501bec6bcc9bd08",
            "description": "Managed by Terraform",
            "egress": [
              {
                "cidr_blocks": [
                  "0.0.0.0/0"
                ],
                "description": "Permitir todo el trafico de salida",
                "from_port": 0,
                "ipv6_cidr_blocks": [],
                "prefix_list_ids": [],
                "protocol": "-1",
                "security_groups": [],
                "self": false,
                "to_port": 0
              }
            ],
            "id": "sg-09501bec6bcc9bd08",
            "ingress": [
              {
                "cidr_blocks": [
                  "0.0.0.0/0"
                ],
                "description": "Permitir trafico HTTP desde internet",
                "from_port": 80,
                "ipv6_cidr_blocks": [],
                "prefix_list_ids": [],
                "protocol": "tcp",
                "security_groups": [],
                "self": false,
                "to_port": 80
              }
            ],
            "name": "lb_sg",
            "name_prefix": "",
            "owner_id": "697755754723",
            "region": "us-east-1",
            "revoke_rules_on_delete": false,
            "tags": null,
            "tags_all": {
              "Environment": "users",
              "ManagedBy": "Terraform",
              "Project": "GradFlow"
            },
            "timeouts": null,
            "vpc_id": "vpc-0644e6a9b5ffdae5c"
          },
          "sensitive_attributes": [],
          "identity_schema_version": 0,
          "identity": {
            "account_id": "697755754723",
            "id": "sg-09501bec6bcc9bd08",
            "region": "us-east-1"
          },
          "private": "eyJlMmJmYjczMC1lY2FhLTExZTYtOGY4OC0zNDM2M2JjN2M0YzAiOnsiY3JlYXRlIjo2MDAwMDAwMDAwMDAsImRlbGV0ZSI6OTAwMDAwMDAwMDAwfSwic2NoZW1hX3ZlcnNpb24iOiIxIn0=",
          "dependencies": [
            "aws_vpc.main"
          ]
        }
      ]
    },
    {
      "mode": "managed",
      "type": "aws_security_group",
      "name": "web",
      "provider": "provider[\"registry.terraform.io/hashicorp/aws\"]",
      "instances": [
        {
          "schema_version": 1,
          "attributes": {
            "arn": "arn:aws:ec2:us-east-1:697755754723:security-group/sg-01ec17fb7eedf796c",
            "description": "Managed by Terraform",
            "egress": [
              {
                "cidr_blocks": [
                  "0.0.0.0/0"
                ],
                "description": "Permitir todo el trafico de salida",
                "from_port": 0,
                "ipv6_cidr_blocks": [],
                "prefix_list_ids": [],
                "protocol": "-1",
                "security_groups": [],
                "self": false,
                "to_port": 0
              }
            ],
            "id": "sg-01ec17fb7eedf796c",
            "ingress": [
              {
                "cidr_blocks": [
                  "0.0.0.0/0"
                ],
                "description": "SSH for CI/CD",
                "from_port": 22,
                "ipv6_cidr_blocks": [],
                "prefix_list_ids": [],
                "protocol": "tcp",
                "security_groups": [],
                "self": false,
                "to_port": 22
              },
              {
                "cidr_blocks": [],
                "description": "Permitir trafico del ALB a los microservicios",
                "from_port": 3001,
                "ipv6_cidr_blocks": [],
                "prefix_list_ids": [],
                "protocol": "tcp",
                "security_groups": [
                  "sg-09501bec6bcc9bd08"
                ],
                "self": false,
                "to_port": 3005
              }
            ],
            "name": "web_sg",
            "name_prefix": "",
            "owner_id": "697755754723",
            "region": "us-east-1",
            "revoke_rules_on_delete": false,
            "tags": null,
            "tags_all": {
              "Environment": "users",
              "ManagedBy": "Terraform",
              "Project": "GradFlow"
            },
            "timeouts": null,
            "vpc_id": "vpc-0644e6a9b5ffdae5c"
          },
          "sensitive_attributes": [],
          "identity_schema_version": 0,
          "identity": {
            "account_id": "697755754723",
            "id": "sg-01ec17fb7eedf796c",
            "region": "us-east-1"
          },
          "private": "eyJlMmJmYjczMC1lY2FhLTExZTYtOGY4OC0zNDM2M2JjN2M0YzAiOnsiY3JlYXRlIjo2MDAwMDAwMDAwMDAsImRlbGV0ZSI6OTAwMDAwMDAwMDAwfSwic2NoZW1hX3ZlcnNpb24iOiIxIn0=",
          "dependencies": [
            "aws_security_group.lb",
            "aws_vpc.main"
          ]
        }
      ]
    },
    {
      "mode": "managed",
      "type": "aws_subnet",
      "name": "public",
      "provider": "provider[\"registry.terraform.io/hashicorp/aws\"]",
      "instances": [
        {
          "index_key": 0,
          "schema_version": 1,
          "attributes": {
            "arn": "arn:aws:ec2:us-east-1:697755754723:subnet/subnet-05d15697a14c9b6da",
            "assign_ipv6_address_on_creation": false,
            "availability_zone": "us-east-1a",
            "availability_zone_id": "use1-az6",
            "cidr_block": "10.0.0.0/24",
            "customer_owned_ipv4_pool": "",
            "enable_dns64": false,
            "enable_lni_at_device_index": 0,
            "enable_resource_name_dns_a_record_on_launch": false,
            "enable_resource_name_dns_aaaa_record_on_launch": false,
            "id": "subnet-05d15697a14c9b6da",
            "ipv6_cidr_block": "",
            "ipv6_cidr_block_association_id": "",
            "ipv6_native": false,
            "map_customer_owned_ip_on_launch": false,
            "map_public_ip_on_launch": true,
            "outpost_arn": "",
            "owner_id": "697755754723",
            "private_dns_hostname_type_on_launch": "ip-name",
            "region": "us-east-1",
            "tags": null,
            "tags_all": {
              "Environment": "users",
              "ManagedBy": "Terraform",
              "Project": "GradFlow"
            },
            "timeouts": null,
            "vpc_id": "vpc-0644e6a9b5ffdae5c"
          },
          "sensitive_attributes": [],
          "identity_schema_version": 0,
          "identity": {
            "account_id": "697755754723",
            "id": "subnet-05d15697a14c9b6da",
            "region": "us-east-1"
          },
          "private": "eyJlMmJmYjczMC1lY2FhLTExZTYtOGY4OC0zNDM2M2JjN2M0YzAiOnsiY3JlYXRlIjo2MDAwMDAwMDAwMDAsImRlbGV0ZSI6MTIwMDAwMDAwMDAwMH0sInNjaGVtYV92ZXJzaW9uIjoiMSJ9",
          "dependencies": [
            "aws_vpc.main",
            "data.aws_availability_zones.available"
          ]
        },
        {
          "index_key": 1,
          "schema_version": 1,
          "attributes": {
            "arn": "arn:aws:ec2:us-east-1:697755754723:subnet/subnet-04f5db5ed36a52c04",
            "assign_ipv6_address_on_creation": false,
            "availability_zone": "us-east-1b",
            "availability_zone_id": "use1-az1",
            "cidr_block": "10.0.1.0/24",
            "customer_owned_ipv4_pool": "",
            "enable_dns64": false,
            "enable_lni_at_device_index": 0,
            "enable_resource_name_dns_a_record_on_launch": false,
            "enable_resource_name_dns_aaaa_record_on_launch": false,
            "id": "subnet-04f5db5ed36a52c04",
            "ipv6_cidr_block": "",
            "ipv6_cidr_block_association_id": "",
            "ipv6_native": false,
            "map_customer_owned_ip_on_launch": false,
            "map_public_ip_on_launch": true,
            "outpost_arn": "",
            "owner_id": "697755754723",
            "private_dns_hostname_type_on_launch": "ip-name",
            "region": "us-east-1",
            "tags": null,
            "tags_all": {
              "Environment": "users",
              "ManagedBy": "Terraform",
              "Project": "GradFlow"
            },
            "timeouts": null,
            "vpc_id": "vpc-0644e6a9b5ffdae5c"
          },
          "sensitive_attributes": [],
          "identity_schema_version": 0,
          "identity": {
            "account_id": "697755754723",
            "id": "subnet-04f5db5ed36a52c04",
            "region": "us-east-1"
          },
          "private": "eyJlMmJmYjczMC1lY2FhLTExZTYtOGY4OC0zNDM2M2JjN2M0YzAiOnsiY3JlYXRlIjo2MDAwMDAwMDAwMDAsImRlbGV0ZSI6MTIwMDAwMDAwMDAwMH0sInNjaGVtYV92ZXJzaW9uIjoiMSJ9",
          "dependencies": [
            "aws_vpc.main",
            "data.aws_availability_zones.available"
          ]
        }
      ]
    },
    {
      "mode": "managed",
      "type": "aws_vpc",
      "name": "main",
      "provider": "provider[\"registry.terraform.io/hashicorp/aws\"]",
      "instances": [
        {
          "schema_version": 1,
          "attributes": {
            "arn": "arn:aws:ec2:us-east-1:697755754723:vpc/vpc-0644e6a9b5ffdae5c",
            "assign_generated_ipv6_cidr_block": false,
            "cidr_block": "10.0.0.0/16",
            "default_network_acl_id": "acl-0e3cf90015532e03b",
            "default_route_table_id": "rtb-0d7bce0f94e3a9a80",
            "default_security_group_id": "sg-08861cb3067e1ab17",
            "dhcp_options_id": "dopt-09c9a738bb79b4b08",
            "enable_dns_hostnames": false,
            "enable_dns_support": true,
            "enable_network_address_usage_metrics": false,
            "id": "vpc-0644e6a9b5ffdae5c",
            "instance_tenancy": "default",
            "ipv4_ipam_pool_id": null,
            "ipv4_netmask_length": null,
            "ipv6_association_id": "",
            "ipv6_cidr_block": "",
            "ipv6_cidr_block_network_border_group": "",
            "ipv6_ipam_pool_id": "",
            "ipv6_netmask_length": 0,
            "main_route_table_id": "rtb-0d7bce0f94e3a9a80",
            "owner_id": "697755754723",
            "region": "us-east-1",
            "tags": null,
            "tags_all": {
              "Environment": "users",
              "ManagedBy": "Terraform",
              "Project": "GradFlow"
            }
          },
          "sensitive_attributes": [],
          "identity_schema_version": 0,
          "identity": {
            "account_id": "697755754723",
            "id": "vpc-0644e6a9b5ffdae5c",
            "region": "us-east-1"
          },
          "private": "eyJzY2hlbWFfdmVyc2lvbiI6IjEifQ=="
        }
      ]
    },
    {
      "mode": "managed",
      "type": "local_file",
      "name": "env_users_create",
      "provider": "provider[\"registry.terraform.io/hashicorp/local\"]",
      "instances": [
        {
          "schema_version": 0,
          "attributes": {
            "content": "# Database Configuration\r\nDB_HOST=aws-1-us-east-1.pooler.supabase.com\r\nDB_USER=postgres.zbjpxtiabdsvrwfytfld\r\nDB_PASSWORD=Tengouncuernodemamut1506\r\nDB_NAME=postgres\r\nDB_PORT=5432\r\n\r\n# Service Configuration\r\nPORT=3001\r\nNODE_ENV=production\r\n\r\n# API Gateway URL (use Load Balancer DNS)\r\nAPI_GATEWAY_URL=http://users-lb-1843252633.us-east-1.elb.amazonaws.com\r\n\r\n# Service URLs (use Load Balancer DNS for internal communication)\r\nUSERS_CREATE_URL=http://users-lb-1843252633.us-east-1.elb.amazonaws.com\r\nUSERS_DELETE_URL=http://users-lb-1843252633.us-east-1.elb.amazonaws.com\r\nUSERS_LIST_URL=http://users-lb-1843252633.us-east-1.elb.amazonaws.com\r\nUSERS_SEARCH_URL=http://users-lb-1843252633.us-east-1.elb.amazonaws.com\r\nUSERS_UPDATE_URL=http://users-lb-1843252633.us-east-1.elb.amazonaws.com\r\nAUTH_LOGIN_URL=http://users-lb-1843252633.us-east-1.elb.amazonaws.com\r\nAUTH_ROL_URL=http://users-lb-1843252633.us-east-1.elb.amazonaws.com\r\nAUTH_ME_URL=http://users-lb-1843252633.us-east-1.elb.amazonaws.com\r\nFILE_SERVICE_INIT_URL=http://users-lb-1843252633.us-east-1.elb.amazonaws.com\r\nFILE_SERVICE_UPDATE_URL=http://users-lb-1843252633.us-east-1.elb.amazonaws.com\r\nFILE_SERVICE_UPLOAD_URL=http://users-lb-1843252633.us-east-1.elb.amazonaws.com\r\nFILE_SERVICE_LIST_URL=http://users-lb-1843252633.us-east-1.elb.amazonaws.com\r\nFILE_SERVICE_DOWNLOAD_URL=http://users-lb-1843252633.us-east-1.elb.amazonaws.com\r\n\r\n# JWT Configuration\r\nJWT_SECRET=Tengouncuernodemamut2901\r\nJWT_EXPIRES_IN=24h\r\n",
            "content_base64": null,
            "content_base64sha256": "IeUZiF/b0G716Ffhu+XlNe32sGPabGXn+TgCr5zzKX8=",
            "content_base64sha512": "dSrB3cWfVkkbTvBtvq40VT6zA+gXaN1SNrXPCg5lBbzidjTu4XwENoB967qxj5zyRoTiZSFLhTcLIs2MYtoVWw==",
            "content_md5": "2c718f1d828bd392eb3aa3be5ca5745f",
            "content_sha1": "49e544eeac7641b4bf92c616cadabc072ba43b56",
            "content_sha256": "21e519885fdbd06ef5e857e1bbe5e535edf6b063da6c65e7f93802af9cf3297f",
            "content_sha512": "752ac1ddc59f56491b4ef06dbeae34553eb303e81768dd5236b5cf0a0e6505bce27634eee17c0436807debbab18f9cf24684e265214b85370b22cd8c62da155b",
            "directory_permission": "0777",
            "file_permission": "0777",
            "filename": "./.env.users_create",
            "id": "49e544eeac7641b4bf92c616cadabc072ba43b56",
            "sensitive_content": null,
            "source": null
          },
          "sensitive_attributes": [
            [
              {
                "type": "get_attr",
                "value": "content"
              }
            ],
            [
              {
                "type": "get_attr",
                "value": "sensitive_content"
              }
            ]
          ],
          "identity_schema_version": 0,
          "dependencies": [
            "aws_lb.app",
            "aws_security_group.lb",
            "aws_subnet.public",
            "aws_vpc.main",
            "data.aws_availability_zones.available"
          ]
        }
      ]
    },
    {
      "mode": "managed",
      "type": "local_file",
      "name": "env_users_delete",
      "provider": "provider[\"registry.terraform.io/hashicorp/local\"]",
      "instances": [
        {
          "schema_version": 0,
          "attributes": {
            "content": "# Database Configuration\r\nDB_HOST=aws-1-us-east-1.pooler.supabase.com\r\nDB_USER=postgres.zbjpxtiabdsvrwfytfld\r\nDB_PASSWORD=Tengouncuernodemamut1506\r\nDB_NAME=postgres\r\nDB_PORT=5432\r\n\r\n# Service Configuration\r\nPORT=3002\r\nNODE_ENV=production\r\n\r\n# API Gateway URL (use Load Balancer DNS)\r\nAPI_GATEWAY_URL=http://users-lb-1843252633.us-east-1.elb.amazonaws.com\r\n\r\n# Service URLs (use Load Balancer DNS for internal communication)\r\nUSERS_CREATE_URL=http://users-lb-1843252633.us-east-1.elb.amazonaws.com\r\nUSERS_DELETE_URL=http://users-lb-1843252633.us-east-1.elb.amazonaws.com\r\nUSERS_LIST_URL=http://users-lb-1843252633.us-east-1.elb.amazonaws.com\r\nUSERS_SEARCH_URL=http://users-lb-1843252633.us-east-1.elb.amazonaws.com\r\nUSERS_UPDATE_URL=http://users-lb-1843252633.us-east-1.elb.amazonaws.com\r\nAUTH_LOGIN_URL=http://users-lb-1843252633.us-east-1.elb.amazonaws.com\r\nAUTH_ROL_URL=http://users-lb-1843252633.us-east-1.elb.amazonaws.com\r\nAUTH_ME_URL=http://users-lb-1843252633.us-east-1.elb.amazonaws.com\r\nFILE_SERVICE_INIT_URL=http://users-lb-1843252633.us-east-1.elb.amazonaws.com\r\nFILE_SERVICE_UPDATE_URL=http://users-lb-1843252633.us-east-1.elb.amazonaws.com\r\nFILE_SERVICE_UPLOAD_URL=http://users-lb-1843252633.us-east-1.elb.amazonaws.com\r\nFILE_SERVICE_LIST_URL=http://users-lb-1843252633.us-east-1.elb.amazonaws.com\r\nFILE_SERVICE_DOWNLOAD_URL=http://users-lb-1843252633.us-east-1.elb.amazonaws.com\r\n\r\n# JWT Configuration\r\nJWT_SECRET=Tengouncuernodemamut2901\r\nJWT_EXPIRES_IN=24h\r\n",
            "content_base64": null,
            "content_base64sha256": "P1ww4DazZ9bogdt9Qek3ujnOht9TmkjIWbJK7XPaOgM=",
            "content_base64sha512": "mA5RBOAo4G5iWGkZkZ1YFgzquuKsSD46NVaZFKf+zlkZfCQ3R0WMNzoLiMHhO6O2UC89SfJqyNln3GnSM/03rw==",
            "content_md5": "6f39a3bdf35b3ea8d60e54a03a067d06",
            "content_sha1": "dea9429fe353386afd356c833ae8d1e7f79327b9",
            "content_sha256": "3f5c30e036b367d6e881db7d41e937ba39ce86df539a48c859b24aed73da3a03",
            "content_sha512": "980e5104e028e06e62586919919d58160ceabae2ac483e3a35569914a7fece59197c243747458c373a0b88c1e13ba3b6502f3d49f26ac8d967dc69d233fd37af",
            "directory_permission": "0777",
            "file_permission": "0777",
            "filename": "./.env.users_delete",
            "id": "dea9429fe353386afd356c833ae8d1e7f79327b9",
            "sensitive_content": null,
            "source": null
          },
          "sensitive_attributes": [
            [
              {
                "type": "get_attr",
                "value": "content"
              }
            ],
            [
              {
                "type": "get_attr",
                "value": "sensitive_content"
              }
            ]
          ],
          "identity_schema_version": 0,
          "dependencies": [
            "aws_lb.app",
            "aws_security_group.lb",
            "aws_subnet.public",
            "aws_vpc.main",
            "data.aws_availability_zones.available"
          ]
        }
      ]
    },
    {
      "mode": "managed",
      "type": "local_file",
      "name": "env_users_list",
      "provider": "provider[\"registry.terraform.io/hashicorp/local\"]",
      "instances": [
        {
          "schema_version": 0,
          "attributes": {
            "content": "# Database Configuration\r\nDB_HOST=aws-1-us-east-1.pooler.supabase.com\r\nDB_USER=postgres.zbjpxtiabdsvrwfytfld\r\nDB_PASSWORD=Tengouncuernodemamut1506\r\nDB_NAME=postgres\r\nDB_PORT=5432\r\n\r\n# Service Configuration\r\nPORT=3003\r\nNODE_ENV=production\r\n\r\n# API Gateway URL (use Load Balancer DNS)\r\nAPI_GATEWAY_URL=http://users-lb-1843252633.us-east-1.elb.amazonaws.com\r\n\r\n# Service URLs (use Load Balancer DNS for internal communication)\r\nUSERS_CREATE_URL=http://users-lb-1843252633.us-east-1.elb.amazonaws.com\r\nUSERS_DELETE_URL=http://users-lb-1843252633.us-east-1.elb.amazonaws.com\r\nUSERS_LIST_URL=http://users-lb-1843252633.us-east-1.elb.amazonaws.com\r\nUSERS_SEARCH_URL=http://users-lb-1843252633.us-east-1.elb.amazonaws.com\r\nUSERS_UPDATE_URL=http://users-lb-1843252633.us-east-1.elb.amazonaws.com\r\nAUTH_LOGIN_URL=http://users-lb-1843252633.us-east-1.elb.amazonaws.com\r\nAUTH_ROL_URL=http://users-lb-1843252633.us-east-1.elb.amazonaws.com\r\nAUTH_ME_URL=http://users-lb-1843252633.us-east-1.elb.amazonaws.com\r\nFILE_SERVICE_INIT_URL=http://users-lb-1843252633.us-east-1.elb.amazonaws.com\r\nFILE_SERVICE_UPDATE_URL=http://users-lb-1843252633.us-east-1.elb.amazonaws.com\r\nFILE_SERVICE_UPLOAD_URL=http://users-lb-1843252633.us-east-1.elb.amazonaws.com\r\nFILE_SERVICE_LIST_URL=http://users-lb-1843252633.us-east-1.elb.amazonaws.com\r\nFILE_SERVICE_DOWNLOAD_URL=http://users-lb-1843252633.us-east-1.elb.amazonaws.com\r\n\r\n# JWT Configuration\r\nJWT_SECRET=Tengouncuernodemamut2901\r\nJWT_EXPIRES_IN=24h\r\n",
            "content_base64": null,
            "content_base64sha256": "Qc15IK6v9zvtqoRxmOXdGGG+Yt/48pNwujp6Y46GFRg=",
            "content_base64sha512": "tcGAFyijMwuF+dii1HD0TzE4VGpnuSORBap38FEiasdftJgtQxmh2J6H/WqdNXkFrx7sPP1MQTiSZ4a5yxm/ZA==",
            "content_md5": "93aa1c8c25b93b7546832681d23d8dd0",
            "content_sha1": "bd7ae700b60733f6cacd5f94979593e86f699f6c",
            "content_sha256": "41cd7920aeaff73bedaa847198e5dd1861be62dff8f29370ba3a7a638e861518",
            "content_sha512": "b5c1801728a3330b85f9d8a2d470f44f3138546a67b9239105aa77f051226ac75fb4982d4319a1d89e87fd6a9d357905af1eec3cfd4c4138926786b9cb19bf64",
            "directory_permission": "0777",
            "file_permission": "0777",
            "filename": "./.env.users_list",
            "id": "bd7ae700b60733f6cacd5f94979593e86f699f6c",
            "sensitive_content": null,
            "source": null
          },
          "sensitive_attributes": [
            [
              {
                "type": "get_attr",
                "value": "content"
              }
            ],
            [
              {
                "type": "get_attr",
                "value": "sensitive_content"
              }
            ]
          ],
          "identity_schema_version": 0,
          "dependencies": [
            "aws_lb.app",
            "aws_security_group.lb",
            "aws_subnet.public",
            "aws_vpc.main",
            "data.aws_availability_zones.available"
          ]
        }
      ]
    },
    {
      "mode": "managed",
      "type": "local_file",
      "name": "env_users_search",
      "provider": "provider[\"registry.terraform.io/hashicorp/local\"]",
      "instances": [
        {
          "schema_version": 0,
          "attributes": {
            "content": "# Database Configuration\r\nDB_HOST=aws-1-us-east-1.pooler.supabase.com\r\nDB_USER=postgres.zbjpxtiabdsvrwfytfld\r\nDB_PASSWORD=Tengouncuernodemamut1506\r\nDB_NAME=postgres\r\nDB_PORT=5432\r\n\r\n# Service Configuration\r\nPORT=3004\r\nNODE_ENV=production\r\n\r\n# API Gateway URL (use Load Balancer DNS)\r\nAPI_GATEWAY_URL=http://users-lb-1843252633.us-east-1.elb.amazonaws.com\r\n\r\n# Service URLs (use Load Balancer DNS for internal communication)\r\nUSERS_CREATE_URL=http://users-lb-1843252633.us-east-1.elb.amazonaws.com\r\nUSERS_DELETE_URL=http://users-lb-1843252633.us-east-1.elb.amazonaws.com\r\nUSERS_LIST_URL=http://users-lb-1843252633.us-east-1.elb.amazonaws.com\r\nUSERS_SEARCH_URL=http://users-lb-1843252633.us-east-1.elb.amazonaws.com\r\nUSERS_UPDATE_URL=http://users-lb-1843252633.us-east-1.elb.amazonaws.com\r\nAUTH_LOGIN_URL=http://users-lb-1843252633.us-east-1.elb.amazonaws.com\r\nAUTH_ROL_URL=http://users-lb-1843252633.us-east-1.elb.amazonaws.com\r\nAUTH_ME_URL=http://users-lb-1843252633.us-east-1.elb.amazonaws.com\r\nFILE_SERVICE_INIT_URL=http://users-lb-1843252633.us-east-1.elb.amazonaws.com\r\nFILE_SERVICE_UPDATE_URL=http://users-lb-1843252633.us-east-1.elb.amazonaws.com\r\nFILE_SERVICE_UPLOAD_URL=http://users-lb-1843252633.us-east-1.elb.amazonaws.com\r\nFILE_SERVICE_LIST_URL=http://users-lb-1843252633.us-east-1.elb.amazonaws.com\r\nFILE_SERVICE_DOWNLOAD_URL=http://users-lb-1843252633.us-east-1.elb.amazonaws.com\r\n\r\n# JWT Configuration\r\nJWT_SECRET=Tengouncuernodemamut2901\r\nJWT_EXPIRES_IN=24h\r\n",
            "content_base64": null,
            "content_base64sha256": "KDXHBe0GXoNLP51fpUhbYT5mDemIodc6eH8mSQ4FzSU=",
            "content_base64sha512": "LsDE/S8n/AHNq1moQ13WMGPqLYPOoIfsLmn2r6IZY6cGUsMyKDoDrZwpD9aCcR7W0arIz9WPXAmWZabKHlXlDA==",
            "content_md5": "255b167a3a1b84cdfd898bfeecfd1bad",
            "content_sha1": "bfac2839254964558c564b08b0a57456c66f834f",
            "content_sha256": "2835c705ed065e834b3f9d5fa5485b613e660de988a1d73a787f26490e05cd25",
            "content_sha512": "2ec0c4fd2f27fc01cdab59a8435dd63063ea2d83cea087ec2e69f6afa21963a70652c332283a03ad9c290fd682711ed6d1aac8cfd58f5c099665a6ca1e55e50c",
            "directory_permission": "0777",
            "file_permission": "0777",
            "filename": "./.env.users_search",
            "id": "bfac2839254964558c564b08b0a57456c66f834f",
            "sensitive_content": null,
            "source": null
          },
          "sensitive_attributes": [
            [
              {
                "type": "get_attr",
                "value": "content"
              }
            ],
            [
              {
                "type": "get_attr",
                "value": "sensitive_content"
              }
            ]
          ],
          "identity_schema_version": 0,
          "dependencies": [
            "aws_lb.app",
            "aws_security_group.lb",
            "aws_subnet.public",
            "aws_vpc.main",
            "data.aws_availability_zones.available"
          ]
        }
      ]
    },
    {
      "mode": "managed",
      "type": "local_file",
      "name": "env_users_update",
      "provider": "provider[\"registry.terraform.io/hashicorp/local\"]",
      "instances": [
        {
          "schema_version": 0,
          "attributes": {
            "content": "# Database Configuration\r\nDB_HOST=aws-1-us-east-1.pooler.supabase.com\r\nDB_USER=postgres.zbjpxtiabdsvrwfytfld\r\nDB_PASSWORD=Tengouncuernodemamut1506\r\nDB_NAME=postgres\r\nDB_PORT=5432\r\n\r\n# Service Configuration\r\nPORT=3005\r\nNODE_ENV=production\r\n\r\n# API Gateway URL (use Load Balancer DNS)\r\nAPI_GATEWAY_URL=http://users-lb-1843252633.us-east-1.elb.amazonaws.com\r\n\r\n# Service URLs (use Load Balancer DNS for internal communication)\r\nUSERS_CREATE_URL=http://users-lb-1843252633.us-east-1.elb.amazonaws.com\r\nUSERS_DELETE_URL=http://users-lb-1843252633.us-east-1.elb.amazonaws.com\r\nUSERS_LIST_URL=http://users-lb-1843252633.us-east-1.elb.amazonaws.com\r\nUSERS_SEARCH_URL=http://users-lb-1843252633.us-east-1.elb.amazonaws.com\r\nUSERS_UPDATE_URL=http://users-lb-1843252633.us-east-1.elb.amazonaws.com\r\nAUTH_LOGIN_URL=http://users-lb-1843252633.us-east-1.elb.amazonaws.com\r\nAUTH_ROL_URL=http://users-lb-1843252633.us-east-1.elb.amazonaws.com\r\nAUTH_ME_URL=http://users-lb-1843252633.us-east-1.elb.amazonaws.com\r\nFILE_SERVICE_INIT_URL=http://users-lb-1843252633.us-east-1.elb.amazonaws.com\r\nFILE_SERVICE_UPDATE_URL=http://users-lb-1843252633.us-east-1.elb.amazonaws.com\r\nFILE_SERVICE_UPLOAD_URL=http://users-lb-1843252633.us-east-1.elb.amazonaws.com\r\nFILE_SERVICE_LIST_URL=http://users-lb-1843252633.us-east-1.elb.amazonaws.com\r\nFILE_SERVICE_DOWNLOAD_URL=http://users-lb-1843252633.us-east-1.elb.amazonaws.com\r\n\r\n# JWT Configuration\r\nJWT_SECRET=Tengouncuernodemamut2901\r\nJWT_EXPIRES_IN=24h\r\n",
            "content_base64": null,
            "content_base64sha256": "3XVMfOaCumrrgB5tu4QDodOS80wzMJnneFS8aY4rc44=",
            "content_base64sha512": "VF4Q4bgqGWIaZc/JpemxjI7g+re49R3Y1kUMIY0bQjn8uWnMuuK8LVdVJliHW94Av9cOrtIRPZxPw7XUFb22Rw==",
            "content_md5": "4f109e358e0e65b739f11a9369317872",
            "content_sha1": "74b9453791d36431ee41e5b19b1f611bc40688a7",
            "content_sha256": "dd754c7ce682ba6aeb801e6dbb8403a1d392f34c333099e77854bc698e2b738e",
            "content_sha512": "545e10e1b82a19621a65cfc9a5e9b18c8ee0fab7b8f51dd8d6450c218d1b4239fcb969ccbae2bc2d57552658875bde00bfd70eaed2113d9c4fc3b5d415bdb647",
            "directory_permission": "0777",
            "file_permission": "0777",
            "filename": "./.env.users_update",
            "id": "74b9453791d36431ee41e5b19b1f611bc40688a7",
            "sensitive_content": null,
            "source": null
          },
          "sensitive_attributes": [
            [
              {
                "type": "get_attr",
                "value": "content"
              }
            ],
            [
              {
                "type": "get_attr",
                "value": "sensitive_content"
              }
            ]
          ],
          "identity_schema_version": 0,
          "dependencies": [
            "aws_lb.app",
            "aws_security_group.lb",
            "aws_subnet.public",
            "aws_vpc.main",
            "data.aws_availability_zones.available"
          ]
        }
      ]
    },
    {
      "mode": "managed",
      "type": "local_file",
      "name": "private_key_pem",
      "provider": "provider[\"registry.terraform.io/hashicorp/local\"]",
      "instances": [
        {
          "index_key": 0,
          "schema_version": 0,
          "attributes": {
            "content": "-----BEGIN RSA PRIVATE KEY-----\nMIIJKQIBAAKCAgEAt9Nr2pl7H3g7x9XCezmYywsyUSQzIpa/FkET/VWQ2TioEohJ\nJ9jIyiISznbZxxAUUOTzOUtqEfmfvECAY/LTPrFhMrsCqo4aLgu9caCDTBWx4Y1m\n09xw9n1tHA55dZ+sg8MXUvkNPfixj6xAASBy2z8xX0zPuYMqFXcHxgv8E+0s+WZ3\n2w6n378aiQENXTb5+EIizxkqe4tIAtfgXxnQnlzLZ02A6hhPTfvXCN6jwBjrDiEP\nZzn/XbHYjXIaVJxAG2n4BqPto22vSILQ141B23w0dTkqZQLp3PHxqhYGQ+7MDAHJ\n05lOpf7QE46YPD8K9h5akePvpaCA9fXGjgxsOnMYXKJ/S/HUfjT2pIUafcAtHY67\nYlnqAye4C/O7QYXhOetHamYOIK/bZBmjX4GqHm3qZTrpXEVd5QmxWXd8LpJpjlAL\nTxM/XCX4ffmUDB033dygHUHyBUg9pnKxC7FP2AnyBI2pSEONMOiX6zn8TR82Yw7G\nZrGETenzlbvd51HjEz6NhdCBSbUWKq43wkld3rSk7BP2x782yEV1oYytvyo/Hq5C\nZ2lEJefLruLt7rTLOq7JAyBhuIBT0qQVQ7ceKg/sksPK+g+g2SBQgTe3Zl4L803X\nmuMjhFEg4sWgKVhtt49LqPRmthCO62t3CA4MnUu7fNeRj+CsNeRUhZg/qgMCAwEA\nAQKCAgABMJACktjz4YK1EJcRbOrqByQF1+KEA3fsXUWEdx/re0WYIsH1vhayHST8\nqWHXYNLhTo8zICslbJOZor3R+pm43aYjidMR25Gjv2o7m3fkqATRUQeyTspsuMoW\nXk8khB8frPKV5vlhOvj1VTq7SQSBg79kBi5izj17OH594qqePzhUQ9MQ0G67h1vF\n3s6bt6BW8QKiXjJ5gzdXH3z1SRPtLyiAUPoQZ+hmi3s1tIPgJLgzUFsquSBHw7/d\nikACI8OuVQiBG6yNFJqAMUFAlUp8Fny6MOcj1mUE5iLmpDmsNtI5ivZ6ol4pu6B6\nAGWEekzL8wmTqwUwHvZOO49bUoWr9Wl44/Fmi9wkZy8GYzko3MHY7ztoBhjornOi\npeRd/5QJzRpF5iUd9fwgG7H0RRC/iNE/hQs6/U7KCV50HpdBowDegK1k4fmyMei7\nReP9Wxn+5p1+O3BDQJQAFbwRXDudpKgJ0DnbBeXeJcz1aZLJ/o4mRohUwlSSr9bY\n8N93tDM246qGpKdM1Dm95F+cNoHYD3bEKD2IVot1w/g2F0ucAAw16QYvj56tx/+o\nCfSYOCh3KLXSZmjoA/0KVzHVSL8MWq7oWkZjpwJx+vvhmbM8huCOMJ1ftdBqU1D3\n8rZrUzQF7glbVhtSpU4wdL3cn40kk9B+UdYLoNSlZIrAgouCaQKCAQEAyUox1PER\nP4u4QXBxkUFgEsexpMR8CL5fUUAUYj8E18VOTvXPHIN9CbsrqJZSF8zJCoF9fiX+\nPqjAkwLeEgkJ2z8isPvGibPFR0itLscydogPFWMivC0QzYa79trOlJ7Do6WjNcJf\n+rHJm0I/VfHGKC3Z85HhAPdnXRbL4v0U1gxxWVfwxkVXv380/Pdulfk8kAyqG4xD\nTAFpi3W+GdcWe9Cbwv8auHAgE33s1qcIIt4rWeCAqe+ioFmLGp2JaquwOLtWTrF+\nckad/gWgKBKGLpQDd/Gip0CTWQEZ70WuTK91Bv7jMOOGyjh6stlQN9rXfACPTC9K\njm7V4MSdcyuLywKCAQEA6coUSp6aXSgcXbTKTB4VZuIjGdk92XTyYp+05Lb5Ia/v\n9qqmKleAz7zKC12z4QEh0KTl/7tpfRYk2PG3I9xGVy184jUYejadX+TWSuYoXHeI\nZWaKBE7TRdtQwKhUCyZIDZbQfPjz5q8aUSh9E9T24MrKRSRMadJac7kLafdkSQva\nFMhBw5keHEyh8L+XY4vXjNBwuZD93J3msf1d3JJ0jkeyFgpM02f5NQSmm2af0XkF\nCTnIP180/IrLU8CKf4OU02UoExZd7G502kSP1SS/YeMwVPsqIKZ7nRw7/bNgjqF5\ni4R70ElWsf72Ai7waUAOaC0ZHyk4UBqNk3XZ5/cDqQKCAQBYaC3ayMY6krMqiqhW\nk9AOb4amR2XysSpMFUjena8S1aW/KFb+vwF79KkIMn171oW2B4mGjklMW/G4n9nJ\nMg8SLHigIvTgJgTPeiwWD4cqaDe3vQLUgzaODk8f7JouzExA4877HZPqF4vklQQc\nS0QtAXZoc/nO4tqTGCAUYfN0z6I5C1bEvk/723L6Z/I6DG19FxLfZotoJnakueH0\nl3NYjhbbXg/uUdDEvtn2rQX1yn5fyyq3eHiE1M8zsV1ZbG7Je/48MdjHeByMJQxi\njUBB1OBxHb/ClaohvUoWvRQAuk8781b1cfkReBzr0GZbIdLis5w8acjlJejp/3Dn\n1IhhAoIBAQCJ7PZbr4ZSPz+86NQQZA8sS2156nhaumvlU2NdK7V+8lUXqUWu5UDR\nTgfE/NsKe6h/d0lZvi9V5KKIetIZDfNRqzxqF/kA4Qenc1IZjf9xzfNiH0R9liN+\nqwzRHH24tjT8D2Wg1R7Pka5tAv4HnTSpGfqLIAcUx00lyJ27PoCjt6JJcHub8dGZ\n0HwZlG60A+R+5toaIDgk1+MqTtf5MU4iQpoF9r2sW0LizIOeWsUex874ymYhPQH9\nm8So/Ia5A9/hd2RVHnT6749w1dIlZTCjh20UNbl82btDzUx3OERW4VzbuqVxFFNZ\nX5mzYA3liiz1uOWBRMg8Oe4ceQK9nzVBAoIBAQCQ3RbxEpwHj3cSadqSFKEZyFOH\n7JCT8nSxYx2aRVzn3gWzAB72JQXZPpewqsKl+xDKZOX/v/7BjJJo0Bn1lI60Y6iR\nga/KHl3bWgF/cyKewHwF57Bl/ovpgKfRrRl2316YkqjuQSzjs8Z2eJgM5Yp+c2hd\njuZB/RgGIIags7dkCqM6mHG2k6Mk8l1IDuoM/vlzgVBLSLyX6YmWXa2pHiqkQH0g\nI+Ig2vE6Ran7mIGXuER6FDUjBPKimlW4LRgOr+cBxZs2cDfNbx59frb4Woem3J8h\nArZIYNwxz4skFpNZZdcFIXc8oZ2ru52dZThBcPuiOLkxXxVqubcBpD2XnGth\n-----END RSA PRIVATE KEY-----\n",
            "content_base64": null,
            "content_base64sha256": "21jqnVoYi/59JUv4A+Ng2ABrMltmau90y1kNWh2y1Kk=",
            "content_base64sha512": "r1UsyIvphr+8wfWDiZBzImmu5M9BsGwLUK0xbE7WFTcO8gmG60sVENmVtHIWR3Z4jho6guJayX47pkGUfpnYfQ==",
            "content_md5": "6219f64d95dde7e8f5a35a5d917ab7dc",
            "content_sha1": "fd61ddfcecb30c17c0eefdb659c3eb3c00a1a0f3",
            "content_sha256": "db58ea9d5a188bfe7d254bf803e360d8006b325b666aef74cb590d5a1db2d4a9",
            "content_sha512": "af552cc88be986bfbcc1f5838990732269aee4cf41b06c0b50ad316c4ed615370ef20986eb4b1510d995b472164776788e1a3a82e25ac97e3ba641947e99d87d",
            "directory_permission": "0777",
            "file_permission": "0600",
            "filename": "D:/llaves/gradflow-users.pem",
            "id": "fd61ddfcecb30c17c0eefdb659c3eb3c00a1a0f3",
            "sensitive_content": null,
            "source": null
          },
          "sensitive_attributes": [
            [
              {
                "type": "get_attr",
                "value": "content"
              }
            ],
            [
              {
                "type": "get_attr",
                "value": "sensitive_content"
              }
            ]
          ],
          "identity_schema_version": 0,
          "dependencies": [
            "tls_private_key.this"
          ]
        }
      ]
    },
    {
      "mode": "managed",
      "type": "tls_private_key",
      "name": "this",
      "provider": "provider[\"registry.terraform.io/hashicorp/tls\"]",
      "instances": [
        {
          "index_key": 0,
          "schema_version": 1,
          "attributes": {
            "algorithm": "RSA",
            "ecdsa_curve": "P224",
            "id": "3bcc3dbb297828ca8af751dde8528a9caa6212d0",
            "private_key_openssh": "-----BEGIN OPENSSH PRIVATE KEY-----\nb3BlbnNzaC1rZXktdjEAAAAABG5vbmUAAAAEbm9uZQAAAAAAAAABAAACFwAAAAdz\nc2gtcnNhAAAAAwEAAQAAAgEAt9Nr2pl7H3g7x9XCezmYywsyUSQzIpa/FkET/VWQ\n2TioEohJJ9jIyiISznbZxxAUUOTzOUtqEfmfvECAY/LTPrFhMrsCqo4aLgu9caCD\nTBWx4Y1m09xw9n1tHA55dZ+sg8MXUvkNPfixj6xAASBy2z8xX0zPuYMqFXcHxgv8\nE+0s+WZ32w6n378aiQENXTb5+EIizxkqe4tIAtfgXxnQnlzLZ02A6hhPTfvXCN6j\nwBjrDiEPZzn/XbHYjXIaVJxAG2n4BqPto22vSILQ141B23w0dTkqZQLp3PHxqhYG\nQ+7MDAHJ05lOpf7QE46YPD8K9h5akePvpaCA9fXGjgxsOnMYXKJ/S/HUfjT2pIUa\nfcAtHY67YlnqAye4C/O7QYXhOetHamYOIK/bZBmjX4GqHm3qZTrpXEVd5QmxWXd8\nLpJpjlALTxM/XCX4ffmUDB033dygHUHyBUg9pnKxC7FP2AnyBI2pSEONMOiX6zn8\nTR82Yw7GZrGETenzlbvd51HjEz6NhdCBSbUWKq43wkld3rSk7BP2x782yEV1oYyt\nvyo/Hq5CZ2lEJefLruLt7rTLOq7JAyBhuIBT0qQVQ7ceKg/sksPK+g+g2SBQgTe3\nZl4L803XmuMjhFEg4sWgKVhtt49LqPRmthCO62t3CA4MnUu7fNeRj+CsNeRUhZg/\nqgMAAAc4vhUl4L4VJeAAAAAHc3NoLXJzYQAAAgEAt9Nr2pl7H3g7x9XCezmYywsy\nUSQzIpa/FkET/VWQ2TioEohJJ9jIyiISznbZxxAUUOTzOUtqEfmfvECAY/LTPrFh\nMrsCqo4aLgu9caCDTBWx4Y1m09xw9n1tHA55dZ+sg8MXUvkNPfixj6xAASBy2z8x\nX0zPuYMqFXcHxgv8E+0s+WZ32w6n378aiQENXTb5+EIizxkqe4tIAtfgXxnQnlzL\nZ02A6hhPTfvXCN6jwBjrDiEPZzn/XbHYjXIaVJxAG2n4BqPto22vSILQ141B23w0\ndTkqZQLp3PHxqhYGQ+7MDAHJ05lOpf7QE46YPD8K9h5akePvpaCA9fXGjgxsOnMY\nXKJ/S/HUfjT2pIUafcAtHY67YlnqAye4C/O7QYXhOetHamYOIK/bZBmjX4GqHm3q\nZTrpXEVd5QmxWXd8LpJpjlALTxM/XCX4ffmUDB033dygHUHyBUg9pnKxC7FP2Any\nBI2pSEONMOiX6zn8TR82Yw7GZrGETenzlbvd51HjEz6NhdCBSbUWKq43wkld3rSk\n7BP2x782yEV1oYytvyo/Hq5CZ2lEJefLruLt7rTLOq7JAyBhuIBT0qQVQ7ceKg/s\nksPK+g+g2SBQgTe3Zl4L803XmuMjhFEg4sWgKVhtt49LqPRmthCO62t3CA4MnUu7\nfNeRj+CsNeRUhZg/qgMAAAADAQABAAACAAEwkAKS2PPhgrUQlxFs6uoHJAXX4oQD\nd+xdRYR3H+t7RZgiwfW+FrIdJPypYddg0uFOjzMgKyVsk5mivdH6mbjdpiOJ0xHb\nkaO/ajubd+SoBNFRB7JOymy4yhZeTySEHx+s8pXm+WE6+PVVOrtJBIGDv2QGLmLO\nPXs4fn3iqp4/OFRD0xDQbruHW8Xezpu3oFbxAqJeMnmDN1cffPVJE+0vKIBQ+hBn\n6GaLezW0g+AkuDNQWyq5IEfDv92KQAIjw65VCIEbrI0UmoAxQUCVSnwWfLow5yPW\nZQTmIuakOaw20jmK9nqiXim7oHoAZYR6TMvzCZOrBTAe9k47j1tShav1aXjj8WaL\n3CRnLwZjOSjcwdjvO2gGGOiuc6Kl5F3/lAnNGkXmJR31/CAbsfRFEL+I0T+FCzr9\nTsoJXnQel0GjAN6ArWTh+bIx6LtF4/1bGf7mnX47cENAlAAVvBFcO52kqAnQOdsF\n5d4lzPVpksn+jiZGiFTCVJKv1tjw33e0Mzbjqoakp0zUOb3kX5w2gdgPdsQoPYhW\ni3XD+DYXS5wADDXpBi+Pnq3H/6gJ9Jg4KHcotdJmaOgD/QpXMdVIvwxaruhaRmOn\nAnH6++GZszyG4I4wnV+10GpTUPfytmtTNAXuCVtWG1KlTjB0vdyfjSST0H5R1gug\n1KVkisCCi4JpAAABAQCQ3RbxEpwHj3cSadqSFKEZyFOH7JCT8nSxYx2aRVzn3gWz\nAB72JQXZPpewqsKl+xDKZOX/v/7BjJJo0Bn1lI60Y6iRga/KHl3bWgF/cyKewHwF\n57Bl/ovpgKfRrRl2316YkqjuQSzjs8Z2eJgM5Yp+c2hdjuZB/RgGIIags7dkCqM6\nmHG2k6Mk8l1IDuoM/vlzgVBLSLyX6YmWXa2pHiqkQH0gI+Ig2vE6Ran7mIGXuER6\nFDUjBPKimlW4LRgOr+cBxZs2cDfNbx59frb4Woem3J8hArZIYNwxz4skFpNZZdcF\nIXc8oZ2ru52dZThBcPuiOLkxXxVqubcBpD2XnGthAAABAQDJSjHU8RE/i7hBcHGR\nQWASx7GkxHwIvl9RQBRiPwTXxU5O9c8cg30JuyuollIXzMkKgX1+Jf4+qMCTAt4S\nCQnbPyKw+8aJs8VHSK0uxzJ2iA8VYyK8LRDNhrv22s6UnsOjpaM1wl/6scmbQj9V\n8cYoLdnzkeEA92ddFsvi/RTWDHFZV/DGRVe/fzT8926V+TyQDKobjENMAWmLdb4Z\n1xZ70JvC/xq4cCATfezWpwgi3itZ4ICp76KgWYsanYlqq7A4u1ZOsX5yRp3+BaAo\nEoYulAN38aKnQJNZARnvRa5Mr3UG/uMw44bKOHqy2VA32td8AI9ML0qObtXgxJ1z\nK4vLAAABAQDpyhRKnppdKBxdtMpMHhVm4iMZ2T3ZdPJin7Tktvkhr+/2qqYqV4DP\nvMoLXbPhASHQpOX/u2l9FiTY8bcj3EZXLXziNRh6Np1f5NZK5ihcd4hlZooETtNF\n21DAqFQLJkgNltB8+PPmrxpRKH0T1PbgyspFJExp0lpzuQtp92RJC9oUyEHDmR4c\nTKHwv5dji9eM0HC5kP3cneax/V3cknSOR7IWCkzTZ/k1BKabZp/ReQUJOcg/XzT8\nistTwIp/g5TTZSgTFl3sbnTaRI/VJL9h4zBU+yogpnudHDv9s2COoXmLhHvQSVax\n/vYCLvBpQA5oLRkfKThQGo2Tddnn9wOpAAAAAAEC\n-----END OPENSSH PRIVATE KEY-----\n",
            "private_key_pem": "-----BEGIN RSA PRIVATE KEY-----\nMIIJKQIBAAKCAgEAt9Nr2pl7H3g7x9XCezmYywsyUSQzIpa/FkET/VWQ2TioEohJ\nJ9jIyiISznbZxxAUUOTzOUtqEfmfvECAY/LTPrFhMrsCqo4aLgu9caCDTBWx4Y1m\n09xw9n1tHA55dZ+sg8MXUvkNPfixj6xAASBy2z8xX0zPuYMqFXcHxgv8E+0s+WZ3\n2w6n378aiQENXTb5+EIizxkqe4tIAtfgXxnQnlzLZ02A6hhPTfvXCN6jwBjrDiEP\nZzn/XbHYjXIaVJxAG2n4BqPto22vSILQ141B23w0dTkqZQLp3PHxqhYGQ+7MDAHJ\n05lOpf7QE46YPD8K9h5akePvpaCA9fXGjgxsOnMYXKJ/S/HUfjT2pIUafcAtHY67\nYlnqAye4C/O7QYXhOetHamYOIK/bZBmjX4GqHm3qZTrpXEVd5QmxWXd8LpJpjlAL\nTxM/XCX4ffmUDB033dygHUHyBUg9pnKxC7FP2AnyBI2pSEONMOiX6zn8TR82Yw7G\nZrGETenzlbvd51HjEz6NhdCBSbUWKq43wkld3rSk7BP2x782yEV1oYytvyo/Hq5C\nZ2lEJefLruLt7rTLOq7JAyBhuIBT0qQVQ7ceKg/sksPK+g+g2SBQgTe3Zl4L803X\nmuMjhFEg4sWgKVhtt49LqPRmthCO62t3CA4MnUu7fNeRj+CsNeRUhZg/qgMCAwEA\nAQKCAgABMJACktjz4YK1EJcRbOrqByQF1+KEA3fsXUWEdx/re0WYIsH1vhayHST8\nqWHXYNLhTo8zICslbJOZor3R+pm43aYjidMR25Gjv2o7m3fkqATRUQeyTspsuMoW\nXk8khB8frPKV5vlhOvj1VTq7SQSBg79kBi5izj17OH594qqePzhUQ9MQ0G67h1vF\n3s6bt6BW8QKiXjJ5gzdXH3z1SRPtLyiAUPoQZ+hmi3s1tIPgJLgzUFsquSBHw7/d\nikACI8OuVQiBG6yNFJqAMUFAlUp8Fny6MOcj1mUE5iLmpDmsNtI5ivZ6ol4pu6B6\nAGWEekzL8wmTqwUwHvZOO49bUoWr9Wl44/Fmi9wkZy8GYzko3MHY7ztoBhjornOi\npeRd/5QJzRpF5iUd9fwgG7H0RRC/iNE/hQs6/U7KCV50HpdBowDegK1k4fmyMei7\nReP9Wxn+5p1+O3BDQJQAFbwRXDudpKgJ0DnbBeXeJcz1aZLJ/o4mRohUwlSSr9bY\n8N93tDM246qGpKdM1Dm95F+cNoHYD3bEKD2IVot1w/g2F0ucAAw16QYvj56tx/+o\nCfSYOCh3KLXSZmjoA/0KVzHVSL8MWq7oWkZjpwJx+vvhmbM8huCOMJ1ftdBqU1D3\n8rZrUzQF7glbVhtSpU4wdL3cn40kk9B+UdYLoNSlZIrAgouCaQKCAQEAyUox1PER\nP4u4QXBxkUFgEsexpMR8CL5fUUAUYj8E18VOTvXPHIN9CbsrqJZSF8zJCoF9fiX+\nPqjAkwLeEgkJ2z8isPvGibPFR0itLscydogPFWMivC0QzYa79trOlJ7Do6WjNcJf\n+rHJm0I/VfHGKC3Z85HhAPdnXRbL4v0U1gxxWVfwxkVXv380/Pdulfk8kAyqG4xD\nTAFpi3W+GdcWe9Cbwv8auHAgE33s1qcIIt4rWeCAqe+ioFmLGp2JaquwOLtWTrF+\nckad/gWgKBKGLpQDd/Gip0CTWQEZ70WuTK91Bv7jMOOGyjh6stlQN9rXfACPTC9K\njm7V4MSdcyuLywKCAQEA6coUSp6aXSgcXbTKTB4VZuIjGdk92XTyYp+05Lb5Ia/v\n9qqmKleAz7zKC12z4QEh0KTl/7tpfRYk2PG3I9xGVy184jUYejadX+TWSuYoXHeI\nZWaKBE7TRdtQwKhUCyZIDZbQfPjz5q8aUSh9E9T24MrKRSRMadJac7kLafdkSQva\nFMhBw5keHEyh8L+XY4vXjNBwuZD93J3msf1d3JJ0jkeyFgpM02f5NQSmm2af0XkF\nCTnIP180/IrLU8CKf4OU02UoExZd7G502kSP1SS/YeMwVPsqIKZ7nRw7/bNgjqF5\ni4R70ElWsf72Ai7waUAOaC0ZHyk4UBqNk3XZ5/cDqQKCAQBYaC3ayMY6krMqiqhW\nk9AOb4amR2XysSpMFUjena8S1aW/KFb+vwF79KkIMn171oW2B4mGjklMW/G4n9nJ\nMg8SLHigIvTgJgTPeiwWD4cqaDe3vQLUgzaODk8f7JouzExA4877HZPqF4vklQQc\nS0QtAXZoc/nO4tqTGCAUYfN0z6I5C1bEvk/723L6Z/I6DG19FxLfZotoJnakueH0\nl3NYjhbbXg/uUdDEvtn2rQX1yn5fyyq3eHiE1M8zsV1ZbG7Je/48MdjHeByMJQxi\njUBB1OBxHb/ClaohvUoWvRQAuk8781b1cfkReBzr0GZbIdLis5w8acjlJejp/3Dn\n1IhhAoIBAQCJ7PZbr4ZSPz+86NQQZA8sS2156nhaumvlU2NdK7V+8lUXqUWu5UDR\nTgfE/NsKe6h/d0lZvi9V5KKIetIZDfNRqzxqF/kA4Qenc1IZjf9xzfNiH0R9liN+\nqwzRHH24tjT8D2Wg1R7Pka5tAv4HnTSpGfqLIAcUx00lyJ27PoCjt6JJcHub8dGZ\n0HwZlG60A+R+5toaIDgk1+MqTtf5MU4iQpoF9r2sW0LizIOeWsUex874ymYhPQH9\nm8So/Ia5A9/hd2RVHnT6749w1dIlZTCjh20UNbl82btDzUx3OERW4VzbuqVxFFNZ\nX5mzYA3liiz1uOWBRMg8Oe4ceQK9nzVBAoIBAQCQ3RbxEpwHj3cSadqSFKEZyFOH\n7JCT8nSxYx2aRVzn3gWzAB72JQXZPpewqsKl+xDKZOX/v/7BjJJo0Bn1lI60Y6iR\nga/KHl3bWgF/cyKewHwF57Bl/ovpgKfRrRl2316YkqjuQSzjs8Z2eJgM5Yp+c2hd\njuZB/RgGIIags7dkCqM6mHG2k6Mk8l1IDuoM/vlzgVBLSLyX6YmWXa2pHiqkQH0g\nI+Ig2vE6Ran7mIGXuER6FDUjBPKimlW4LRgOr+cBxZs2cDfNbx59frb4Woem3J8h\nArZIYNwxz4skFpNZZdcFIXc8oZ2ru52dZThBcPuiOLkxXxVqubcBpD2XnGth\n-----END RSA PRIVATE KEY-----\n",
            "private_key_pem_pkcs8": "-----BEGIN PRIVATE KEY-----\nMIIJQwIBADANBgkqhkiG9w0BAQEFAASCCS0wggkpAgEAAoICAQC302vamXsfeDvH\n1cJ7OZjLCzJRJDMilr8WQRP9VZDZOKgSiEkn2MjKIhLOdtnHEBRQ5PM5S2oR+Z+8\nQIBj8tM+sWEyuwKqjhouC71xoINMFbHhjWbT3HD2fW0cDnl1n6yDwxdS+Q09+LGP\nrEABIHLbPzFfTM+5gyoVdwfGC/wT7Sz5ZnfbDqffvxqJAQ1dNvn4QiLPGSp7i0gC\n1+BfGdCeXMtnTYDqGE9N+9cI3qPAGOsOIQ9nOf9dsdiNchpUnEAbafgGo+2jba9I\ngtDXjUHbfDR1OSplAunc8fGqFgZD7swMAcnTmU6l/tATjpg8Pwr2HlqR4++loID1\n9caODGw6cxhcon9L8dR+NPakhRp9wC0djrtiWeoDJ7gL87tBheE560dqZg4gr9tk\nGaNfgaoebeplOulcRV3lCbFZd3wukmmOUAtPEz9cJfh9+ZQMHTfd3KAdQfIFSD2m\ncrELsU/YCfIEjalIQ40w6JfrOfxNHzZjDsZmsYRN6fOVu93nUeMTPo2F0IFJtRYq\nrjfCSV3etKTsE/bHvzbIRXWhjK2/Kj8erkJnaUQl58uu4u3utMs6rskDIGG4gFPS\npBVDtx4qD+ySw8r6D6DZIFCBN7dmXgvzTdea4yOEUSDixaApWG23j0uo9Ga2EI7r\na3cIDgydS7t815GP4Kw15FSFmD+qAwIDAQABAoICAAEwkAKS2PPhgrUQlxFs6uoH\nJAXX4oQDd+xdRYR3H+t7RZgiwfW+FrIdJPypYddg0uFOjzMgKyVsk5mivdH6mbjd\npiOJ0xHbkaO/ajubd+SoBNFRB7JOymy4yhZeTySEHx+s8pXm+WE6+PVVOrtJBIGD\nv2QGLmLOPXs4fn3iqp4/OFRD0xDQbruHW8Xezpu3oFbxAqJeMnmDN1cffPVJE+0v\nKIBQ+hBn6GaLezW0g+AkuDNQWyq5IEfDv92KQAIjw65VCIEbrI0UmoAxQUCVSnwW\nfLow5yPWZQTmIuakOaw20jmK9nqiXim7oHoAZYR6TMvzCZOrBTAe9k47j1tShav1\naXjj8WaL3CRnLwZjOSjcwdjvO2gGGOiuc6Kl5F3/lAnNGkXmJR31/CAbsfRFEL+I\n0T+FCzr9TsoJXnQel0GjAN6ArWTh+bIx6LtF4/1bGf7mnX47cENAlAAVvBFcO52k\nqAnQOdsF5d4lzPVpksn+jiZGiFTCVJKv1tjw33e0Mzbjqoakp0zUOb3kX5w2gdgP\ndsQoPYhWi3XD+DYXS5wADDXpBi+Pnq3H/6gJ9Jg4KHcotdJmaOgD/QpXMdVIvwxa\nruhaRmOnAnH6++GZszyG4I4wnV+10GpTUPfytmtTNAXuCVtWG1KlTjB0vdyfjSST\n0H5R1gug1KVkisCCi4JpAoIBAQDJSjHU8RE/i7hBcHGRQWASx7GkxHwIvl9RQBRi\nPwTXxU5O9c8cg30JuyuollIXzMkKgX1+Jf4+qMCTAt4SCQnbPyKw+8aJs8VHSK0u\nxzJ2iA8VYyK8LRDNhrv22s6UnsOjpaM1wl/6scmbQj9V8cYoLdnzkeEA92ddFsvi\n/RTWDHFZV/DGRVe/fzT8926V+TyQDKobjENMAWmLdb4Z1xZ70JvC/xq4cCATfezW\npwgi3itZ4ICp76KgWYsanYlqq7A4u1ZOsX5yRp3+BaAoEoYulAN38aKnQJNZARnv\nRa5Mr3UG/uMw44bKOHqy2VA32td8AI9ML0qObtXgxJ1zK4vLAoIBAQDpyhRKnppd\nKBxdtMpMHhVm4iMZ2T3ZdPJin7Tktvkhr+/2qqYqV4DPvMoLXbPhASHQpOX/u2l9\nFiTY8bcj3EZXLXziNRh6Np1f5NZK5ihcd4hlZooETtNF21DAqFQLJkgNltB8+PPm\nrxpRKH0T1PbgyspFJExp0lpzuQtp92RJC9oUyEHDmR4cTKHwv5dji9eM0HC5kP3c\nneax/V3cknSOR7IWCkzTZ/k1BKabZp/ReQUJOcg/XzT8istTwIp/g5TTZSgTFl3s\nbnTaRI/VJL9h4zBU+yogpnudHDv9s2COoXmLhHvQSVax/vYCLvBpQA5oLRkfKThQ\nGo2Tddnn9wOpAoIBAFhoLdrIxjqSsyqKqFaT0A5vhqZHZfKxKkwVSN6drxLVpb8o\nVv6/AXv0qQgyfXvWhbYHiYaOSUxb8bif2ckyDxIseKAi9OAmBM96LBYPhypoN7e9\nAtSDNo4OTx/smi7MTEDjzvsdk+oXi+SVBBxLRC0Bdmhz+c7i2pMYIBRh83TPojkL\nVsS+T/vbcvpn8joMbX0XEt9mi2gmdqS54fSXc1iOFtteD+5R0MS+2fatBfXKfl/L\nKrd4eITUzzOxXVlsbsl7/jwx2Md4HIwlDGKNQEHU4HEdv8KVqiG9Sha9FAC6Tzvz\nVvVx+RF4HOvQZlsh0uKznDxpyOUl6On/cOfUiGECggEBAIns9luvhlI/P7zo1BBk\nDyxLbXnqeFq6a+VTY10rtX7yVRepRa7lQNFOB8T82wp7qH93SVm+L1Xkooh60hkN\n81GrPGoX+QDhB6dzUhmN/3HN82IfRH2WI36rDNEcfbi2NPwPZaDVHs+Rrm0C/ged\nNKkZ+osgBxTHTSXInbs+gKO3oklwe5vx0ZnQfBmUbrQD5H7m2hogOCTX4ypO1/kx\nTiJCmgX2vaxbQuLMg55axR7HzvjKZiE9Af2bxKj8hrkD3+F3ZFUedPrvj3DV0iVl\nMKOHbRQ1uXzZu0PNTHc4RFbhXNu6pXEUU1lfmbNgDeWKLPW45YFEyDw57hx5Ar2f\nNUECggEBAJDdFvESnAePdxJp2pIUoRnIU4fskJPydLFjHZpFXOfeBbMAHvYlBdk+\nl7CqwqX7EMpk5f+//sGMkmjQGfWUjrRjqJGBr8oeXdtaAX9zIp7AfAXnsGX+i+mA\np9GtGXbfXpiSqO5BLOOzxnZ4mAzlin5zaF2O5kH9GAYghqCzt2QKozqYcbaToyTy\nXUgO6gz++XOBUEtIvJfpiZZdrakeKqRAfSAj4iDa8TpFqfuYgZe4RHoUNSME8qKa\nVbgtGA6v5wHFmzZwN81vHn1+tvhah6bcnyECtkhg3DHPiyQWk1ll1wUhdzyhnau7\nnZ1lOEFw+6I4uTFfFWq5twGkPZeca2E=\n-----END PRIVATE KEY-----\n",
            "public_key_fingerprint_md5": "ed:a0:ec:84:f8:5c:13:e3:cd:d9:76:03:1d:80:4e:48",
            "public_key_fingerprint_sha256": "SHA256:n7YHHqY1DnJ5kS7qANAyfhmIcrfg7FPqx3bSO/9+Q8Y",
            "public_key_openssh": "ssh-rsa AAAAB3NzaC1yc2EAAAADAQABAAACAQC302vamXsfeDvH1cJ7OZjLCzJRJDMilr8WQRP9VZDZOKgSiEkn2MjKIhLOdtnHEBRQ5PM5S2oR+Z+8QIBj8tM+sWEyuwKqjhouC71xoINMFbHhjWbT3HD2fW0cDnl1n6yDwxdS+Q09+LGPrEABIHLbPzFfTM+5gyoVdwfGC/wT7Sz5ZnfbDqffvxqJAQ1dNvn4QiLPGSp7i0gC1+BfGdCeXMtnTYDqGE9N+9cI3qPAGOsOIQ9nOf9dsdiNchpUnEAbafgGo+2jba9IgtDXjUHbfDR1OSplAunc8fGqFgZD7swMAcnTmU6l/tATjpg8Pwr2HlqR4++loID19caODGw6cxhcon9L8dR+NPakhRp9wC0djrtiWeoDJ7gL87tBheE560dqZg4gr9tkGaNfgaoebeplOulcRV3lCbFZd3wukmmOUAtPEz9cJfh9+ZQMHTfd3KAdQfIFSD2mcrELsU/YCfIEjalIQ40w6JfrOfxNHzZjDsZmsYRN6fOVu93nUeMTPo2F0IFJtRYqrjfCSV3etKTsE/bHvzbIRXWhjK2/Kj8erkJnaUQl58uu4u3utMs6rskDIGG4gFPSpBVDtx4qD+ySw8r6D6DZIFCBN7dmXgvzTdea4yOEUSDixaApWG23j0uo9Ga2EI7ra3cIDgydS7t815GP4Kw15FSFmD+qAw==\n",
            "public_key_pem": "-----BEGIN PUBLIC KEY-----\nMIICIjANBgkqhkiG9w0BAQEFAAOCAg8AMIICCgKCAgEAt9Nr2pl7H3g7x9XCezmY\nywsyUSQzIpa/FkET/VWQ2TioEohJJ9jIyiISznbZxxAUUOTzOUtqEfmfvECAY/LT\nPrFhMrsCqo4aLgu9caCDTBWx4Y1m09xw9n1tHA55dZ+sg8MXUvkNPfixj6xAASBy\n2z8xX0zPuYMqFXcHxgv8E+0s+WZ32w6n378aiQENXTb5+EIizxkqe4tIAtfgXxnQ\nnlzLZ02A6hhPTfvXCN6jwBjrDiEPZzn/XbHYjXIaVJxAG2n4BqPto22vSILQ141B\n23w0dTkqZQLp3PHxqhYGQ+7MDAHJ05lOpf7QE46YPD8K9h5akePvpaCA9fXGjgxs\nOnMYXKJ/S/HUfjT2pIUafcAtHY67YlnqAye4C/O7QYXhOetHamYOIK/bZBmjX4Gq\nHm3qZTrpXEVd5QmxWXd8LpJpjlALTxM/XCX4ffmUDB033dygHUHyBUg9pnKxC7FP\n2AnyBI2pSEONMOiX6zn8TR82Yw7GZrGETenzlbvd51HjEz6NhdCBSbUWKq43wkld\n3rSk7BP2x782yEV1oYytvyo/Hq5CZ2lEJefLruLt7rTLOq7JAyBhuIBT0qQVQ7ce\nKg/sksPK+g+g2SBQgTe3Zl4L803XmuMjhFEg4sWgKVhtt49LqPRmthCO62t3CA4M\nnUu7fNeRj+CsNeRUhZg/qgMCAwEAAQ==\n-----END PUBLIC KEY-----\n",
            "rsa_bits": 4096
          },
          "sensitive_attributes": [
            [
              {
                "type": "get_attr",
                "value": "private_key_openssh"
              }
            ],
            [
              {
                "type": "get_attr",
                "value": "private_key_pem"
              }
            ],
            [
              {
                "type": "get_attr",
                "value": "private_key_pem_pkcs8"
              }
            ]
          ],
          "identity_schema_version": 0
        }
      ]
    }
  ],
  "check_results": [
    {
      "object_kind": "var",
      "config_addr": "var.max_capacity",
      "status": "pass",
      "objects": [
        {
          "object_addr": "var.max_capacity",
          "status": "pass"
        }
      ]
    }
  ]
}
