{
  "version": 4,
  "terraform_version": "1.14.1",
  "serial": 301,
  "lineage": "5de68eff-eb21-9e50-18a6-c48e1db7a8e4",
  "outputs": {
    "asg_name": {
      "value": "terraform-20260120113206290500000004",
      "type": "string"
    },
    "key_pair_name": {
      "value": "gradflow-users",
      "type": "string"
    },
    "loadbalancer_dns": {
      "value": "hello-lb-114167561.us-east-1.elb.amazonaws.com",
      "type": "string"
    },
    "public_subnets": {
      "value": [
        "subnet-0722daad8ce9da0e6",
        "subnet-0bf54f436ce971b7b"
      ],
      "type": [
        "tuple",
        [
          "string",
          "string"
        ]
      ]
    },
    "ssh_command_hint": {
      "value": "ssh -i \u003cruta-a-tu-pem\u003e ubuntu@\u003cip_publica\u003e",
      "type": "string"
    },
    "target_group_arn": {
      "value": "arn:aws:elasticloadbalancing:us-east-1:697755754723:targetgroup/hello-tg/40092ba7845501bc",
      "type": "string"
    },
    "vpc_id": {
      "value": "vpc-0fd56f0af9fa9722b",
      "type": "string"
    }
  },
  "resources": [
    {
      "mode": "data",
      "type": "aws_availability_zones",
      "name": "available",
      "provider": "provider[\"registry.terraform.io/hashicorp/aws\"]",
      "instances": [
        {
          "schema_version": 0,
          "attributes": {
            "all_availability_zones": null,
            "exclude_names": null,
            "exclude_zone_ids": null,
            "filter": null,
            "group_names": [
              "us-east-1-zg-1"
            ],
            "id": "us-east-1",
            "names": [
              "us-east-1a",
              "us-east-1b",
              "us-east-1c",
              "us-east-1d",
              "us-east-1e",
              "us-east-1f"
            ],
            "region": "us-east-1",
            "state": null,
            "timeouts": null,
            "zone_ids": [
              "use1-az6",
              "use1-az1",
              "use1-az2",
              "use1-az4",
              "use1-az3",
              "use1-az5"
            ]
          },
          "sensitive_attributes": [],
          "identity_schema_version": 0
        }
      ]
    },
    {
      "mode": "managed",
      "type": "aws_autoscaling_group",
      "name": "app",
      "provider": "provider[\"registry.terraform.io/hashicorp/aws\"]",
      "instances": [
        {
          "schema_version": 1,
          "attributes": {
            "arn": "arn:aws:autoscaling:us-east-1:697755754723:autoScalingGroup:4aa7ba16-3670-4ad2-9f1a-3f394f9a420f:autoScalingGroupName/terraform-20260120113206290500000004",
            "availability_zone_distribution": [
              {
                "capacity_distribution_strategy": "balanced-best-effort"
              }
            ],
            "availability_zones": [
              "us-east-1a",
              "us-east-1b"
            ],
            "capacity_rebalance": false,
            "capacity_reservation_specification": [
              {
                "capacity_reservation_preference": "default",
                "capacity_reservation_target": []
              }
            ],
            "context": "",
            "default_cooldown": 300,
            "default_instance_warmup": 0,
            "desired_capacity": 2,
            "desired_capacity_type": "",
            "enabled_metrics": null,
            "force_delete": false,
            "force_delete_warm_pool": false,
            "health_check_grace_period": 300,
            "health_check_type": "ELB",
            "id": "terraform-20260120113206290500000004",
            "ignore_failed_scaling_activities": false,
            "initial_lifecycle_hook": [],
            "instance_maintenance_policy": [],
            "instance_refresh": [
              {
                "preferences": [
                  {
                    "alarm_specification": [],
                    "auto_rollback": false,
                    "checkpoint_delay": "",
                    "checkpoint_percentages": null,
                    "instance_warmup": "180",
                    "max_healthy_percentage": 100,
                    "min_healthy_percentage": 50,
                    "scale_in_protected_instances": "Ignore",
                    "skip_matching": false,
                    "standby_instances": "Ignore"
                  }
                ],
                "strategy": "Rolling",
                "triggers": null
              }
            ],
            "launch_configuration": "",
            "launch_template": [
              {
                "id": "lt-0c64374eea18a9fb3",
                "name": "users-app-20260120113200114900000002",
                "version": "$Latest"
              }
            ],
            "load_balancers": [],
            "max_instance_lifetime": 0,
            "max_size": 5,
            "metrics_granularity": "1Minute",
            "min_elb_capacity": null,
            "min_size": 2,
            "mixed_instances_policy": [],
            "name": "terraform-20260120113206290500000004",
            "name_prefix": "terraform-",
            "placement_group": "",
            "predicted_capacity": 0,
            "protect_from_scale_in": false,
            "region": "us-east-1",
            "service_linked_role_arn": "arn:aws:iam::697755754723:role/aws-service-role/autoscaling.amazonaws.com/AWSServiceRoleForAutoScaling",
            "suspended_processes": null,
            "tag": [
              {
                "key": "Name",
                "propagate_at_launch": true,
                "value": "users-instance"
              }
            ],
            "target_group_arns": [
              "arn:aws:elasticloadbalancing:us-east-1:697755754723:targetgroup/hello-tg/40092ba7845501bc"
            ],
            "termination_policies": null,
            "timeouts": null,
            "traffic_source": [
              {
                "identifier": "arn:aws:elasticloadbalancing:us-east-1:697755754723:targetgroup/hello-tg/40092ba7845501bc",
                "type": "elbv2"
              }
            ],
            "vpc_zone_identifier": [
              "subnet-0722daad8ce9da0e6",
              "subnet-0bf54f436ce971b7b"
            ],
            "wait_for_capacity_timeout": "10m",
            "wait_for_elb_capacity": null,
            "warm_pool": [],
            "warm_pool_size": 0
          },
          "sensitive_attributes": [],
          "identity_schema_version": 0,
          "private": "eyJlMmJmYjczMC1lY2FhLTExZTYtOGY4OC0zNDM2M2JjN2M0YzAiOnsiZGVsZXRlIjo2MDAwMDAwMDAwMDAsInVwZGF0ZSI6NjAwMDAwMDAwMDAwfSwic2NoZW1hX3ZlcnNpb24iOiIxIn0=",
          "dependencies": [
            "aws_key_pair.this",
            "aws_launch_template.app",
            "aws_lb_target_group.app",
            "aws_security_group.lb",
            "aws_security_group.web",
            "aws_subnet.public",
            "aws_vpc.main",
            "data.aws_availability_zones.available",
            "tls_private_key.this"
          ]
        }
      ]
    },
    {
      "mode": "managed",
      "type": "aws_autoscaling_policy",
      "name": "cpu_tracking",
      "provider": "provider[\"registry.terraform.io/hashicorp/aws\"]",
      "instances": [
        {
          "schema_version": 0,
          "attributes": {
            "adjustment_type": "",
            "arn": "arn:aws:autoscaling:us-east-1:697755754723:scalingPolicy:903c190b-6050-4280-bff0-bc46d3a658d1:autoScalingGroupName/terraform-20260120113206290500000004:policyName/scale-on-cpu",
            "autoscaling_group_name": "terraform-20260120113206290500000004",
            "cooldown": 0,
            "enabled": true,
            "estimated_instance_warmup": 120,
            "id": "scale-on-cpu",
            "metric_aggregation_type": "",
            "min_adjustment_magnitude": 0,
            "name": "scale-on-cpu",
            "policy_type": "TargetTrackingScaling",
            "predictive_scaling_configuration": [],
            "region": "us-east-1",
            "scaling_adjustment": 0,
            "step_adjustment": [],
            "target_tracking_configuration": [
              {
                "customized_metric_specification": [],
                "disable_scale_in": false,
                "predefined_metric_specification": [
                  {
                    "predefined_metric_type": "ASGAverageCPUUtilization",
                    "resource_label": ""
                  }
                ],
                "target_value": 40
              }
            ]
          },
          "sensitive_attributes": [],
          "identity_schema_version": 0,
          "private": "bnVsbA==",
          "dependencies": [
            "aws_autoscaling_group.app",
            "aws_key_pair.this",
            "aws_launch_template.app",
            "aws_lb_target_group.app",
            "aws_security_group.lb",
            "aws_security_group.web",
            "aws_subnet.public",
            "aws_vpc.main",
            "data.aws_availability_zones.available",
            "tls_private_key.this"
          ]
        }
      ]
    },
    {
      "mode": "managed",
      "type": "aws_autoscaling_policy",
      "name": "requests_tracking",
      "provider": "provider[\"registry.terraform.io/hashicorp/aws\"]",
      "instances": [
        {
          "schema_version": 0,
          "attributes": {
            "adjustment_type": "",
            "arn": "arn:aws:autoscaling:us-east-1:697755754723:scalingPolicy:05a9ec50-8ece-4b3e-b416-0b51f3156592:autoScalingGroupName/terraform-20260120113206290500000004:policyName/scale-on-requests",
            "autoscaling_group_name": "terraform-20260120113206290500000004",
            "cooldown": 0,
            "enabled": true,
            "estimated_instance_warmup": 120,
            "id": "scale-on-requests",
            "metric_aggregation_type": "",
            "min_adjustment_magnitude": 0,
            "name": "scale-on-requests",
            "policy_type": "TargetTrackingScaling",
            "predictive_scaling_configuration": [],
            "region": "us-east-1",
            "scaling_adjustment": 0,
            "step_adjustment": [],
            "target_tracking_configuration": [
              {
                "customized_metric_specification": [],
                "disable_scale_in": false,
                "predefined_metric_specification": [
                  {
                    "predefined_metric_type": "ALBRequestCountPerTarget",
                    "resource_label": "app/hello-lb/0ea9d290155b9822/targetgroup/hello-tg/40092ba7845501bc"
                  }
                ],
                "target_value": 10
              }
            ]
          },
          "sensitive_attributes": [],
          "identity_schema_version": 0,
          "private": "bnVsbA==",
          "dependencies": [
            "aws_autoscaling_group.app",
            "aws_key_pair.this",
            "aws_launch_template.app",
            "aws_lb.app",
            "aws_lb_target_group.app",
            "aws_security_group.lb",
            "aws_security_group.web",
            "aws_subnet.public",
            "aws_vpc.main",
            "data.aws_availability_zones.available",
            "tls_private_key.this"
          ]
        }
      ]
    },
    {
      "mode": "managed",
      "type": "aws_internet_gateway",
      "name": "igw",
      "provider": "provider[\"registry.terraform.io/hashicorp/aws\"]",
      "instances": [
        {
          "schema_version": 0,
          "attributes": {
            "arn": "arn:aws:ec2:us-east-1:697755754723:internet-gateway/igw-0aadbd51af6cf7515",
            "id": "igw-0aadbd51af6cf7515",
            "owner_id": "697755754723",
            "region": "us-east-1",
            "tags": null,
            "tags_all": {
              "Environment": "users",
              "ManagedBy": "Terraform",
              "Project": "GradFlow"
            },
            "timeouts": null,
            "vpc_id": "vpc-0fd56f0af9fa9722b"
          },
          "sensitive_attributes": [],
          "identity_schema_version": 0,
          "private": "eyJlMmJmYjczMC1lY2FhLTExZTYtOGY4OC0zNDM2M2JjN2M0YzAiOnsiY3JlYXRlIjoxMjAwMDAwMDAwMDAwLCJkZWxldGUiOjEyMDAwMDAwMDAwMDAsInVwZGF0ZSI6MTIwMDAwMDAwMDAwMH19",
          "dependencies": [
            "aws_vpc.main"
          ]
        }
      ]
    },
    {
      "mode": "managed",
      "type": "aws_key_pair",
      "name": "this",
      "provider": "provider[\"registry.terraform.io/hashicorp/aws\"]",
      "instances": [
        {
          "index_key": 0,
          "schema_version": 1,
          "attributes": {
            "arn": "arn:aws:ec2:us-east-1:697755754723:key-pair/gradflow-users",
            "fingerprint": "09:bd:83:94:9c:62:c5:ca:33:37:b1:62:aa:29:81:94",
            "id": "gradflow-users",
            "key_name": "gradflow-users",
            "key_name_prefix": "",
            "key_pair_id": "key-0bb0df75c5723f3b5",
            "key_type": "rsa",
            "public_key": "ssh-rsa AAAAB3NzaC1yc2EAAAADAQABAAACAQDNVGywXsS3BLUHHZz6cF0m1VWoId7NWYaDw99mNE8jk2C2iZrvsGp873Y8OiPU/lLsogA4gBwWixA0W7SndlF7jZsgQhj+QhZK/OOAsR83hYCGdRxLoxpIxzSx13dIYGe8Wi32cAReC3BoJG0T2KviIFSftgj76ESN7SM2QxzqcJ0K0fLmXCnx5oGhBzvgYUDgdOlL4HubrPuch9ED3XFWhgXfHmc/yAVerZcbCq6Wt84EAcYK8OjwQzl7RWy67WB6meLc3xYNYsLWGjdMcNXaWWx5Uh9O4Xv5Ln27ZlMWXYxlpfQzhkkrI2kjhO5wpdU3l3KAzFxG5carirCb3qcbn6wx8dw5RT5h/3hBMTc9XBJ2qjEYegFdtkCCkukwj3q//yBvZEksJhbZWzRbECVmuPfJ1WppVdQ+wM10okZf+X671xkPv4NLh4M96ALleUAj8KGbB4aWXPGuPZKGhOQFXyKzTO7+CUSSy5iOx4KvQOJ2r8IeCnRbpyvEY1JLtV9/C5ZNvVaqq7C1Uj2lYa9uBUFeVQC7h664cTILq4jjRhbZVCcVwdN1Wmu2MttNDJXX/3ZUUlRiiu69fZf6V0c7t1juMrtmFq6YPDIMyw7UBIIHdsOMb6qt4VaHBPw7JO2ioq4PL6HA+dA+SR5mr9OUh40vBspDhQpBofLmwe7tsw==",
            "region": "us-east-1",
            "tags": null,
            "tags_all": {
              "Environment": "users",
              "ManagedBy": "Terraform",
              "Project": "GradFlow"
            }
          },
          "sensitive_attributes": [],
          "identity_schema_version": 0,
          "private": "eyJzY2hlbWFfdmVyc2lvbiI6IjEifQ==",
          "dependencies": [
            "tls_private_key.this"
          ]
        }
      ]
    },
    {
      "mode": "managed",
      "type": "aws_launch_template",
      "name": "app",
      "provider": "provider[\"registry.terraform.io/hashicorp/aws\"]",
      "instances": [
        {
          "schema_version": 1,
          "attributes": {
            "arn": "arn:aws:ec2:us-east-1:697755754723:launch-template/lt-0c64374eea18a9fb3",
            "block_device_mappings": [],
            "capacity_reservation_specification": [],
            "cpu_options": [],
            "credit_specification": [],
            "default_version": 1,
            "description": "",
            "disable_api_stop": false,
            "disable_api_termination": false,
            "ebs_optimized": "",
            "enclave_options": [],
            "hibernation_options": [],
            "iam_instance_profile": [],
            "id": "lt-0c64374eea18a9fb3",
            "image_id": "ami-0ecb62995f68bb549",
            "instance_initiated_shutdown_behavior": "",
            "instance_market_options": [],
            "instance_requirements": [],
            "instance_type": "t3.micro",
            "kernel_id": "",
            "key_name": "gradflow-users",
            "latest_version": 1,
            "license_specification": [],
            "maintenance_options": [],
            "metadata_options": [],
            "monitoring": [],
            "name": "users-app-20260120113200114900000002",
            "name_prefix": "users-app-",
            "network_interfaces": [],
            "placement": [],
            "private_dns_name_options": [],
            "ram_disk_id": "",
            "region": "us-east-1",
            "security_group_names": null,
            "tag_specifications": [],
            "tags": null,
            "tags_all": {
              "Environment": "users",
              "ManagedBy": "Terraform",
              "Project": "GradFlow"
            },
            "update_default_version": null,
            "user_data": "IyEvYmluL2Jhc2gKc2V0IC1ldW8gcGlwZWZhaWwKCmV4cG9ydCBERUJJQU5fRlJPTlRFTkQ9bm9uaW50ZXJhY3RpdmUKYXB0LWdldCB1cGRhdGUgLXkKYXB0LWdldCBpbnN0YWxsIC15IGRvY2tlci5pbyBjdXJsCgpzeXN0ZW1jdGwgZW5hYmxlIC0tbm93IGRvY2tlcgoKaWYgWyAtbiAiIiBdICYmIFsgLW4gIiIgXSAmJiBbIC1uICIiIF07IHRoZW4KICBlY2hvICIiIHwgZG9ja2VyIGxvZ2luICAtdSAiIiAtLXBhc3N3b3JkLXN0ZGluIHx8IHRydWUKZmkKCmRvY2tlciBwdWxsIGxldmlhdGhhbjExOS9oZWxsb3dvcmxkOmxhdGVzdAoKZG9ja2VyIHJtIC1mIGFwcCB8fCB0cnVlCgpkb2NrZXIgcnVuIC1kIC0tcmVzdGFydCBhbHdheXMgLS1uYW1lIGFwcCAtcCA4MDozMDAwIGxldmlhdGhhbjExOS9oZWxsb3dvcmxkOmxhdGVzdAo=",
            "vpc_security_group_ids": [
              "sg-0c488780354648d1e"
            ]
          },
          "sensitive_attributes": [
            [
              {
                "type": "get_attr",
                "value": "user_data"
              }
            ]
          ],
          "identity_schema_version": 0,
          "private": "eyJzY2hlbWFfdmVyc2lvbiI6IjEifQ==",
          "dependencies": [
            "aws_key_pair.this",
            "aws_security_group.lb",
            "aws_security_group.web",
            "aws_vpc.main",
            "tls_private_key.this"
          ]
        }
      ]
    },
    {
      "mode": "managed",
      "type": "aws_lb",
      "name": "app",
      "provider": "provider[\"registry.terraform.io/hashicorp/aws\"]",
      "instances": [
        {
          "schema_version": 0,
          "attributes": {
            "access_logs": [
              {
                "bucket": "",
                "enabled": false,
                "prefix": ""
              }
            ],
            "arn": "arn:aws:elasticloadbalancing:us-east-1:697755754723:loadbalancer/app/hello-lb/0ea9d290155b9822",
            "arn_suffix": "app/hello-lb/0ea9d290155b9822",
            "client_keep_alive": 3600,
            "connection_logs": [
              {
                "bucket": "",
                "enabled": false,
                "prefix": ""
              }
            ],
            "customer_owned_ipv4_pool": "",
            "desync_mitigation_mode": "defensive",
            "dns_name": "hello-lb-114167561.us-east-1.elb.amazonaws.com",
            "dns_record_client_routing_policy": null,
            "drop_invalid_header_fields": false,
            "enable_cross_zone_load_balancing": true,
            "enable_deletion_protection": false,
            "enable_http2": true,
            "enable_tls_version_and_cipher_suite_headers": false,
            "enable_waf_fail_open": false,
            "enable_xff_client_port": false,
            "enable_zonal_shift": false,
            "enforce_security_group_inbound_rules_on_private_link_traffic": "",
            "health_check_logs": [
              {
                "bucket": "",
                "enabled": false,
                "prefix": ""
              }
            ],
            "id": "arn:aws:elasticloadbalancing:us-east-1:697755754723:loadbalancer/app/hello-lb/0ea9d290155b9822",
            "idle_timeout": 60,
            "internal": false,
            "ip_address_type": "ipv4",
            "ipam_pools": [],
            "load_balancer_type": "application",
            "minimum_load_balancer_capacity": [],
            "name": "hello-lb",
            "name_prefix": "",
            "preserve_host_header": false,
            "region": "us-east-1",
            "secondary_ips_auto_assigned_per_subnet": null,
            "security_groups": [
              "sg-0a6daae6ada5544b2"
            ],
            "subnet_mapping": [
              {
                "allocation_id": "",
                "ipv6_address": "",
                "outpost_id": "",
                "private_ipv4_address": "",
                "subnet_id": "subnet-0722daad8ce9da0e6"
              },
              {
                "allocation_id": "",
                "ipv6_address": "",
                "outpost_id": "",
                "private_ipv4_address": "",
                "subnet_id": "subnet-0bf54f436ce971b7b"
              }
            ],
            "subnets": [
              "subnet-0722daad8ce9da0e6",
              "subnet-0bf54f436ce971b7b"
            ],
            "tags": null,
            "tags_all": {
              "Environment": "users",
              "ManagedBy": "Terraform",
              "Project": "GradFlow"
            },
            "timeouts": null,
            "vpc_id": "vpc-0fd56f0af9fa9722b",
            "xff_header_processing_mode": "append",
            "zone_id": "Z35SXDOTRQ7X7K"
          },
          "sensitive_attributes": [],
          "identity_schema_version": 0,
          "identity": {
            "arn": "arn:aws:elasticloadbalancing:us-east-1:697755754723:loadbalancer/app/hello-lb/0ea9d290155b9822"
          },
          "private": "eyJlMmJmYjczMC1lY2FhLTExZTYtOGY4OC0zNDM2M2JjN2M0YzAiOnsiY3JlYXRlIjo2MDAwMDAwMDAwMDAsImRlbGV0ZSI6NjAwMDAwMDAwMDAwLCJ1cGRhdGUiOjYwMDAwMDAwMDAwMH19",
          "dependencies": [
            "aws_security_group.lb",
            "aws_subnet.public",
            "aws_vpc.main",
            "data.aws_availability_zones.available"
          ]
        }
      ]
    },
    {
      "mode": "managed",
      "type": "aws_lb_listener",
      "name": "http",
      "provider": "provider[\"registry.terraform.io/hashicorp/aws\"]",
      "instances": [
        {
          "schema_version": 0,
          "attributes": {
            "alpn_policy": null,
            "arn": "arn:aws:elasticloadbalancing:us-east-1:697755754723:listener/app/hello-lb/0ea9d290155b9822/e97e08888412c419",
            "certificate_arn": null,
            "default_action": [
              {
                "authenticate_cognito": [],
                "authenticate_oidc": [],
                "fixed_response": [],
                "forward": [],
                "jwt_validation": [],
                "order": 1,
                "redirect": [],
                "target_group_arn": "arn:aws:elasticloadbalancing:us-east-1:697755754723:targetgroup/hello-tg/40092ba7845501bc",
                "type": "forward"
              }
            ],
            "id": "arn:aws:elasticloadbalancing:us-east-1:697755754723:listener/app/hello-lb/0ea9d290155b9822/e97e08888412c419",
            "load_balancer_arn": "arn:aws:elasticloadbalancing:us-east-1:697755754723:loadbalancer/app/hello-lb/0ea9d290155b9822",
            "mutual_authentication": [],
            "port": 80,
            "protocol": "HTTP",
            "region": "us-east-1",
            "routing_http_request_x_amzn_mtls_clientcert_header_name": null,
            "routing_http_request_x_amzn_mtls_clientcert_issuer_header_name": null,
            "routing_http_request_x_amzn_mtls_clientcert_leaf_header_name": null,
            "routing_http_request_x_amzn_mtls_clientcert_serial_number_header_name": null,
            "routing_http_request_x_amzn_mtls_clientcert_subject_header_name": null,
            "routing_http_request_x_amzn_mtls_clientcert_validity_header_name": null,
            "routing_http_request_x_amzn_tls_cipher_suite_header_name": null,
            "routing_http_request_x_amzn_tls_version_header_name": null,
            "routing_http_response_access_control_allow_credentials_header_value": "",
            "routing_http_response_access_control_allow_headers_header_value": "",
            "routing_http_response_access_control_allow_methods_header_value": "",
            "routing_http_response_access_control_allow_origin_header_value": "",
            "routing_http_response_access_control_expose_headers_header_value": "",
            "routing_http_response_access_control_max_age_header_value": "",
            "routing_http_response_content_security_policy_header_value": "",
            "routing_http_response_server_enabled": true,
            "routing_http_response_strict_transport_security_header_value": "",
            "routing_http_response_x_content_type_options_header_value": "",
            "routing_http_response_x_frame_options_header_value": "",
            "ssl_policy": "",
            "tags": null,
            "tags_all": {
              "Environment": "users",
              "ManagedBy": "Terraform",
              "Project": "GradFlow"
            },
            "tcp_idle_timeout_seconds": null,
            "timeouts": null
          },
          "sensitive_attributes": [],
          "identity_schema_version": 0,
          "identity": {
            "arn": "arn:aws:elasticloadbalancing:us-east-1:697755754723:listener/app/hello-lb/0ea9d290155b9822/e97e08888412c419"
          },
          "private": "eyJlMmJmYjczMC1lY2FhLTExZTYtOGY4OC0zNDM2M2JjN2M0YzAiOnsiY3JlYXRlIjozMDAwMDAwMDAwMDAsInVwZGF0ZSI6MzAwMDAwMDAwMDAwfX0=",
          "dependencies": [
            "aws_lb.app",
            "aws_lb_target_group.app",
            "aws_security_group.lb",
            "aws_subnet.public",
            "aws_vpc.main",
            "data.aws_availability_zones.available"
          ]
        }
      ]
    },
    {
      "mode": "managed",
      "type": "aws_lb_target_group",
      "name": "app",
      "provider": "provider[\"registry.terraform.io/hashicorp/aws\"]",
      "instances": [
        {
          "schema_version": 0,
          "attributes": {
            "arn": "arn:aws:elasticloadbalancing:us-east-1:697755754723:targetgroup/hello-tg/40092ba7845501bc",
            "arn_suffix": "targetgroup/hello-tg/40092ba7845501bc",
            "connection_termination": null,
            "deregistration_delay": "300",
            "health_check": [
              {
                "enabled": true,
                "healthy_threshold": 2,
                "interval": 30,
                "matcher": "200",
                "path": "/",
                "port": "traffic-port",
                "protocol": "HTTP",
                "timeout": 5,
                "unhealthy_threshold": 2
              }
            ],
            "id": "arn:aws:elasticloadbalancing:us-east-1:697755754723:targetgroup/hello-tg/40092ba7845501bc",
            "ip_address_type": "ipv4",
            "lambda_multi_value_headers_enabled": false,
            "load_balancer_arns": [],
            "load_balancing_algorithm_type": "round_robin",
            "load_balancing_anomaly_mitigation": "off",
            "load_balancing_cross_zone_enabled": "use_load_balancer_configuration",
            "name": "hello-tg",
            "name_prefix": "",
            "port": 80,
            "preserve_client_ip": null,
            "protocol": "HTTP",
            "protocol_version": "HTTP1",
            "proxy_protocol_v2": false,
            "region": "us-east-1",
            "slow_start": 0,
            "stickiness": [
              {
                "cookie_duration": 86400,
                "cookie_name": "",
                "enabled": false,
                "type": "lb_cookie"
              }
            ],
            "tags": null,
            "tags_all": {
              "Environment": "users",
              "ManagedBy": "Terraform",
              "Project": "GradFlow"
            },
            "target_control_port": 0,
            "target_failover": [
              {
                "on_deregistration": null,
                "on_unhealthy": null
              }
            ],
            "target_group_health": [
              {
                "dns_failover": [
                  {
                    "minimum_healthy_targets_count": "1",
                    "minimum_healthy_targets_percentage": "off"
                  }
                ],
                "unhealthy_state_routing": [
                  {
                    "minimum_healthy_targets_count": 1,
                    "minimum_healthy_targets_percentage": "off"
                  }
                ]
              }
            ],
            "target_health_state": [
              {
                "enable_unhealthy_connection_termination": null,
                "unhealthy_draining_interval": null
              }
            ],
            "target_type": "instance",
            "vpc_id": "vpc-0fd56f0af9fa9722b"
          },
          "sensitive_attributes": [],
          "identity_schema_version": 0,
          "identity": {
            "arn": "arn:aws:elasticloadbalancing:us-east-1:697755754723:targetgroup/hello-tg/40092ba7845501bc"
          },
          "private": "bnVsbA==",
          "dependencies": [
            "aws_vpc.main"
          ]
        }
      ]
    },
    {
      "mode": "managed",
      "type": "aws_route_table",
      "name": "public",
      "provider": "provider[\"registry.terraform.io/hashicorp/aws\"]",
      "instances": [
        {
          "schema_version": 0,
          "attributes": {
            "arn": "arn:aws:ec2:us-east-1:697755754723:route-table/rtb-0f5ee02ebfd4737a8",
            "id": "rtb-0f5ee02ebfd4737a8",
            "owner_id": "697755754723",
            "propagating_vgws": [],
            "region": "us-east-1",
            "route": [
              {
                "carrier_gateway_id": "",
                "cidr_block": "0.0.0.0/0",
                "core_network_arn": "",
                "destination_prefix_list_id": "",
                "egress_only_gateway_id": "",
                "gateway_id": "igw-0aadbd51af6cf7515",
                "ipv6_cidr_block": "",
                "local_gateway_id": "",
                "nat_gateway_id": "",
                "network_interface_id": "",
                "transit_gateway_id": "",
                "vpc_endpoint_id": "",
                "vpc_peering_connection_id": ""
              }
            ],
            "tags": null,
            "tags_all": {
              "Environment": "users",
              "ManagedBy": "Terraform",
              "Project": "GradFlow"
            },
            "timeouts": null,
            "vpc_id": "vpc-0fd56f0af9fa9722b"
          },
          "sensitive_attributes": [],
          "identity_schema_version": 0,
          "identity": {
            "account_id": "697755754723",
            "id": "rtb-0f5ee02ebfd4737a8",
            "region": "us-east-1"
          },
          "private": "eyJlMmJmYjczMC1lY2FhLTExZTYtOGY4OC0zNDM2M2JjN2M0YzAiOnsiY3JlYXRlIjozMDAwMDAwMDAwMDAsImRlbGV0ZSI6MzAwMDAwMDAwMDAwLCJ1cGRhdGUiOjEyMDAwMDAwMDAwMH19",
          "dependencies": [
            "aws_internet_gateway.igw",
            "aws_vpc.main"
          ]
        }
      ]
    },
    {
      "mode": "managed",
      "type": "aws_route_table_association",
      "name": "public",
      "provider": "provider[\"registry.terraform.io/hashicorp/aws\"]",
      "instances": [
        {
          "index_key": 0,
          "schema_version": 0,
          "attributes": {
            "gateway_id": "",
            "id": "rtbassoc-035d54b28f5fabd5a",
            "region": "us-east-1",
            "route_table_id": "rtb-0f5ee02ebfd4737a8",
            "subnet_id": "subnet-0722daad8ce9da0e6",
            "timeouts": null
          },
          "sensitive_attributes": [],
          "identity_schema_version": 0,
          "private": "eyJlMmJmYjczMC1lY2FhLTExZTYtOGY4OC0zNDM2M2JjN2M0YzAiOnsiY3JlYXRlIjozMDAwMDAwMDAwMDAsImRlbGV0ZSI6MzAwMDAwMDAwMDAwLCJ1cGRhdGUiOjEyMDAwMDAwMDAwMH19",
          "dependencies": [
            "aws_internet_gateway.igw",
            "aws_route_table.public",
            "aws_subnet.public",
            "aws_vpc.main",
            "data.aws_availability_zones.available"
          ]
        },
        {
          "index_key": 1,
          "schema_version": 0,
          "attributes": {
            "gateway_id": "",
            "id": "rtbassoc-0ffa77f9926e9f5d7",
            "region": "us-east-1",
            "route_table_id": "rtb-0f5ee02ebfd4737a8",
            "subnet_id": "subnet-0bf54f436ce971b7b",
            "timeouts": null
          },
          "sensitive_attributes": [],
          "identity_schema_version": 0,
          "private": "eyJlMmJmYjczMC1lY2FhLTExZTYtOGY4OC0zNDM2M2JjN2M0YzAiOnsiY3JlYXRlIjozMDAwMDAwMDAwMDAsImRlbGV0ZSI6MzAwMDAwMDAwMDAwLCJ1cGRhdGUiOjEyMDAwMDAwMDAwMH19",
          "dependencies": [
            "aws_internet_gateway.igw",
            "aws_route_table.public",
            "aws_subnet.public",
            "aws_vpc.main",
            "data.aws_availability_zones.available"
          ]
        }
      ]
    },
    {
      "mode": "managed",
      "type": "aws_security_group",
      "name": "lb",
      "provider": "provider[\"registry.terraform.io/hashicorp/aws\"]",
      "instances": [
        {
          "schema_version": 1,
          "attributes": {
            "arn": "arn:aws:ec2:us-east-1:697755754723:security-group/sg-0a6daae6ada5544b2",
            "description": "Managed by Terraform",
            "egress": [
              {
                "cidr_blocks": [
                  "0.0.0.0/0"
                ],
                "description": "",
                "from_port": 0,
                "ipv6_cidr_blocks": [],
                "prefix_list_ids": [],
                "protocol": "-1",
                "security_groups": [],
                "self": false,
                "to_port": 0
              }
            ],
            "id": "sg-0a6daae6ada5544b2",
            "ingress": [
              {
                "cidr_blocks": [
                  "0.0.0.0/0"
                ],
                "description": "",
                "from_port": 80,
                "ipv6_cidr_blocks": [],
                "prefix_list_ids": [],
                "protocol": "tcp",
                "security_groups": [],
                "self": false,
                "to_port": 80
              }
            ],
            "name": "lb_sg",
            "name_prefix": "",
            "owner_id": "697755754723",
            "region": "us-east-1",
            "revoke_rules_on_delete": false,
            "tags": null,
            "tags_all": {
              "Environment": "users",
              "ManagedBy": "Terraform",
              "Project": "GradFlow"
            },
            "timeouts": null,
            "vpc_id": "vpc-0fd56f0af9fa9722b"
          },
          "sensitive_attributes": [],
          "identity_schema_version": 0,
          "identity": {
            "account_id": "697755754723",
            "id": "sg-0a6daae6ada5544b2",
            "region": "us-east-1"
          },
          "private": "eyJlMmJmYjczMC1lY2FhLTExZTYtOGY4OC0zNDM2M2JjN2M0YzAiOnsiY3JlYXRlIjo2MDAwMDAwMDAwMDAsImRlbGV0ZSI6OTAwMDAwMDAwMDAwfSwic2NoZW1hX3ZlcnNpb24iOiIxIn0=",
          "dependencies": [
            "aws_vpc.main"
          ]
        }
      ]
    },
    {
      "mode": "managed",
      "type": "aws_security_group",
      "name": "web",
      "provider": "provider[\"registry.terraform.io/hashicorp/aws\"]",
      "instances": [
        {
          "schema_version": 1,
          "attributes": {
            "arn": "arn:aws:ec2:us-east-1:697755754723:security-group/sg-0c488780354648d1e",
            "description": "Managed by Terraform",
            "egress": [
              {
                "cidr_blocks": [
                  "0.0.0.0/0"
                ],
                "description": "",
                "from_port": 0,
                "ipv6_cidr_blocks": [],
                "prefix_list_ids": [],
                "protocol": "-1",
                "security_groups": [],
                "self": false,
                "to_port": 0
              }
            ],
            "id": "sg-0c488780354648d1e",
            "ingress": [
              {
                "cidr_blocks": [],
                "description": "",
                "from_port": 80,
                "ipv6_cidr_blocks": [],
                "prefix_list_ids": [],
                "protocol": "tcp",
                "security_groups": [
                  "sg-0a6daae6ada5544b2"
                ],
                "self": false,
                "to_port": 80
              }
            ],
            "name": "web_sg",
            "name_prefix": "",
            "owner_id": "697755754723",
            "region": "us-east-1",
            "revoke_rules_on_delete": false,
            "tags": null,
            "tags_all": {
              "Environment": "users",
              "ManagedBy": "Terraform",
              "Project": "GradFlow"
            },
            "timeouts": null,
            "vpc_id": "vpc-0fd56f0af9fa9722b"
          },
          "sensitive_attributes": [],
          "identity_schema_version": 0,
          "identity": {
            "account_id": "697755754723",
            "id": "sg-0c488780354648d1e",
            "region": "us-east-1"
          },
          "private": "eyJlMmJmYjczMC1lY2FhLTExZTYtOGY4OC0zNDM2M2JjN2M0YzAiOnsiY3JlYXRlIjo2MDAwMDAwMDAwMDAsImRlbGV0ZSI6OTAwMDAwMDAwMDAwfSwic2NoZW1hX3ZlcnNpb24iOiIxIn0=",
          "dependencies": [
            "aws_security_group.lb",
            "aws_vpc.main"
          ]
        }
      ]
    },
    {
      "mode": "managed",
      "type": "aws_subnet",
      "name": "public",
      "provider": "provider[\"registry.terraform.io/hashicorp/aws\"]",
      "instances": [
        {
          "index_key": 0,
          "schema_version": 1,
          "attributes": {
            "arn": "arn:aws:ec2:us-east-1:697755754723:subnet/subnet-0722daad8ce9da0e6",
            "assign_ipv6_address_on_creation": false,
            "availability_zone": "us-east-1a",
            "availability_zone_id": "use1-az6",
            "cidr_block": "10.0.0.0/24",
            "customer_owned_ipv4_pool": "",
            "enable_dns64": false,
            "enable_lni_at_device_index": 0,
            "enable_resource_name_dns_a_record_on_launch": false,
            "enable_resource_name_dns_aaaa_record_on_launch": false,
            "id": "subnet-0722daad8ce9da0e6",
            "ipv6_cidr_block": "",
            "ipv6_cidr_block_association_id": "",
            "ipv6_native": false,
            "map_customer_owned_ip_on_launch": false,
            "map_public_ip_on_launch": true,
            "outpost_arn": "",
            "owner_id": "697755754723",
            "private_dns_hostname_type_on_launch": "ip-name",
            "region": "us-east-1",
            "tags": null,
            "tags_all": {
              "Environment": "users",
              "ManagedBy": "Terraform",
              "Project": "GradFlow"
            },
            "timeouts": null,
            "vpc_id": "vpc-0fd56f0af9fa9722b"
          },
          "sensitive_attributes": [],
          "identity_schema_version": 0,
          "identity": {
            "account_id": "697755754723",
            "id": "subnet-0722daad8ce9da0e6",
            "region": "us-east-1"
          },
          "private": "eyJlMmJmYjczMC1lY2FhLTExZTYtOGY4OC0zNDM2M2JjN2M0YzAiOnsiY3JlYXRlIjo2MDAwMDAwMDAwMDAsImRlbGV0ZSI6MTIwMDAwMDAwMDAwMH0sInNjaGVtYV92ZXJzaW9uIjoiMSJ9",
          "dependencies": [
            "aws_vpc.main",
            "data.aws_availability_zones.available"
          ]
        },
        {
          "index_key": 1,
          "schema_version": 1,
          "attributes": {
            "arn": "arn:aws:ec2:us-east-1:697755754723:subnet/subnet-0bf54f436ce971b7b",
            "assign_ipv6_address_on_creation": false,
            "availability_zone": "us-east-1b",
            "availability_zone_id": "use1-az1",
            "cidr_block": "10.0.1.0/24",
            "customer_owned_ipv4_pool": "",
            "enable_dns64": false,
            "enable_lni_at_device_index": 0,
            "enable_resource_name_dns_a_record_on_launch": false,
            "enable_resource_name_dns_aaaa_record_on_launch": false,
            "id": "subnet-0bf54f436ce971b7b",
            "ipv6_cidr_block": "",
            "ipv6_cidr_block_association_id": "",
            "ipv6_native": false,
            "map_customer_owned_ip_on_launch": false,
            "map_public_ip_on_launch": true,
            "outpost_arn": "",
            "owner_id": "697755754723",
            "private_dns_hostname_type_on_launch": "ip-name",
            "region": "us-east-1",
            "tags": null,
            "tags_all": {
              "Environment": "users",
              "ManagedBy": "Terraform",
              "Project": "GradFlow"
            },
            "timeouts": null,
            "vpc_id": "vpc-0fd56f0af9fa9722b"
          },
          "sensitive_attributes": [],
          "identity_schema_version": 0,
          "identity": {
            "account_id": "697755754723",
            "id": "subnet-0bf54f436ce971b7b",
            "region": "us-east-1"
          },
          "private": "eyJlMmJmYjczMC1lY2FhLTExZTYtOGY4OC0zNDM2M2JjN2M0YzAiOnsiY3JlYXRlIjo2MDAwMDAwMDAwMDAsImRlbGV0ZSI6MTIwMDAwMDAwMDAwMH0sInNjaGVtYV92ZXJzaW9uIjoiMSJ9",
          "dependencies": [
            "aws_vpc.main",
            "data.aws_availability_zones.available"
          ]
        }
      ]
    },
    {
      "mode": "managed",
      "type": "aws_vpc",
      "name": "main",
      "provider": "provider[\"registry.terraform.io/hashicorp/aws\"]",
      "instances": [
        {
          "schema_version": 1,
          "attributes": {
            "arn": "arn:aws:ec2:us-east-1:697755754723:vpc/vpc-0fd56f0af9fa9722b",
            "assign_generated_ipv6_cidr_block": false,
            "cidr_block": "10.0.0.0/16",
            "default_network_acl_id": "acl-0de1cf50621b6d1cf",
            "default_route_table_id": "rtb-09b210284d6776693",
            "default_security_group_id": "sg-0b15df63f50712705",
            "dhcp_options_id": "dopt-09c9a738bb79b4b08",
            "enable_dns_hostnames": false,
            "enable_dns_support": true,
            "enable_network_address_usage_metrics": false,
            "id": "vpc-0fd56f0af9fa9722b",
            "instance_tenancy": "default",
            "ipv4_ipam_pool_id": null,
            "ipv4_netmask_length": null,
            "ipv6_association_id": "",
            "ipv6_cidr_block": "",
            "ipv6_cidr_block_network_border_group": "",
            "ipv6_ipam_pool_id": "",
            "ipv6_netmask_length": 0,
            "main_route_table_id": "rtb-09b210284d6776693",
            "owner_id": "697755754723",
            "region": "us-east-1",
            "tags": null,
            "tags_all": {
              "Environment": "users",
              "ManagedBy": "Terraform",
              "Project": "GradFlow"
            }
          },
          "sensitive_attributes": [],
          "identity_schema_version": 0,
          "identity": {
            "account_id": "697755754723",
            "id": "vpc-0fd56f0af9fa9722b",
            "region": "us-east-1"
          },
          "private": "eyJzY2hlbWFfdmVyc2lvbiI6IjEifQ=="
        }
      ]
    },
    {
      "mode": "managed",
      "type": "local_file",
      "name": "private_key_pem",
      "provider": "provider[\"registry.terraform.io/hashicorp/local\"]",
      "instances": [
        {
          "index_key": 0,
          "schema_version": 0,
          "attributes": {
            "content": "-----BEGIN RSA PRIVATE KEY-----\nMIIJJwIBAAKCAgEAzVRssF7EtwS1Bx2c+nBdJtVVqCHezVmGg8PfZjRPI5Ngtoma\n77BqfO92PDoj1P5S7KIAOIAcFosQNFu0p3ZRe42bIEIY/kIWSvzjgLEfN4WAhnUc\nS6MaSMc0sdd3SGBnvFot9nAEXgtwaCRtE9ir4iBUn7YI++hEje0jNkMc6nCdCtHy\n5lwp8eaBoQc74GFA4HTpS+B7m6z7nIfRA91xVoYF3x5nP8gFXq2XGwqulrfOBAHG\nCvDo8EM5e0Vsuu1gepni3N8WDWLC1ho3THDV2llseVIfTuF7+S59u2ZTFl2MZaX0\nM4ZJKyNpI4TucKXVN5dygMxcRuXGq4qwm96nG5+sMfHcOUU+Yf94QTE3PVwSdqox\nGHoBXbZAgpLpMI96v/8gb2RJLCYW2Vs0WxAlZrj3ydVqaVXUPsDNdKJGX/l+u9cZ\nD7+DS4eDPegC5XlAI/ChmweGllzxrj2ShoTkBV8is0zu/glEksuYjseCr0Didq/C\nHgp0W6crxGNSS7VffwuWTb1WqquwtVI9pWGvbgVBXlUAu4euuHEyC6uI40YW2VQn\nFcHTdVprtjLbTQyV1/92VFJUYoruvX2X+ldHO7dY7jK7ZhaumDwyDMsO1ASCB3bD\njG+qreFWhwT8OyTtoqKuDy+hwPnQPkkeZq/TlIeNLwbKQ4UKQaHy5sHu7bMCAwEA\nAQKCAgA2LF8czXQjQXetr+951+mL1F9sI7uP/F3UJ/qqEYULwteScY3STX5bBibw\nzvojORKR4lAimBJRFFGrLsLkKABpk7vo7+d+NduB32T60ECHOo7lasKTZi4KI5zQ\niyOqkdzswfI8geN1GJmIsIui39jBqXwKQ1HtfKORuo4+w8g+RoX4k9n9UzWx3/o1\njR4MHjyqu83NuiWCtkoQS3knBubfSC8GZhQhrNlV2ID0noXfuBD/16PzwQoEUgg5\ncOC2FOkOj8leMvGziGoVaQdMAL07hbpr6/HcsvstjEmaBu5HCVmAfB+I9JYbbpVP\nzMPILsipiSipuMFj5z3ahpYAGeeGliJwdDxBQkc2YN6PqSxu0D3n7dgTJXS2JYkg\nqK7ptcMWrBm22jQSA9I8qowjaVb5aEWTQKNsmnasEu5AYB1I7n0wER3Mv+kSf+Z7\nlxqi6IS5H2dzaY/t6MecrcX90XZsdwXEunZVq5BWGg89sfp942dQMtD8gLP4FbgZ\nxn66QgMz05bgTMIm7mYiOFHctplm36oKfGQmGXp5Zap6Zl11AmQpFNY1laR3SrYK\nG6jTSNmOo4uKNaQHKSdWe3LqAIfiOglxCnlY9bTkvA36rNpIp6UryKTGHTqWtgNb\nVnwGvjWDpsmgrUQlgP0kFdQsUESAHUcv/62IQ9rOmjik0C4v8QKCAQEA2jxqv0M+\nLl7rYdrT4shO9Ju0yyJFSGp9crQyV3exrVwxdezMFnlkbETOUeAUGwtnZGRkhck6\nMKIRX98T3MSSlkfW6s2FyAqCSm9xfUEjOGO+J/EcWy46numOy8Bw7zIbvk9kc/vW\n6taZy+OIxe9OI+Oh5FBILWbjpOrg6ddIFiaGQnOq7ZTXsSz8WqxYR65l3MVG8XbH\n0uLAudH3A7MN3lj3J2RTC9Uz7pavJStAvtObmHJZh+b6AyP/oLVhKDI1m/wXGF13\nw/HgxaPkS/MY8cgbKEO3mpFSfM0C7bc1xFSiDiGBHXL7vGuxZL7I4jAFgfAgO71G\nDUebQAFTYNObiQKCAQEA8NxHMe+Gm4Hl+wmw4dHREI93CKVs8JiGevXq2QI2ZqFu\nFGk77xaAlmrErzYxd70VHsm9EwGfdez71LRZ5XoWh49VWcSiWv8M01ow3OcvyAZY\nuUS+cJmwBNaTw82PVmnEW0BeQacQ4fbaeqVgty0EUIt5OLDfPWn2EQbI7zhoihLZ\nrsGpjayJ4E7brdIal/On1VL5fYcaIbnvv7o3BW/kmQqJ70yfRN1MutvAewqRrO4c\npLExCPY6Vb4LRMD/jn1gNrLFAxZLyfACw5tWx9kKLe0ks/8w4KMIgNRK9ZEw/ZNN\n47lg+bJ7jSeYcNQS0YzfBMt0KuwupUVjunJWcWSEWwKCAQBzzz/ug2aKAQD0CsYK\nQLX1hHNqoKMXjLtJlWpplDELiDMPGzwqaPzrn4/FTx4cQ+74DXZysJhamoaR07Wc\noAwSB8l7DNmDkGAX1A/rohdoozWTyJV9pYiiL9sBMPw9Ut/6G/N4wRoJwRwYYISC\nVT2oOfH9UMUcos8HA0WbkgzFBGiW9v6r2SKk+PRpwa+PSnLvtxiwppHfzUjs0wk8\nQ1aGubteghS34MoQQJJtLQjMu0qEmZn9Tos6A25yAA6w4AQm5J305hTaPI9FEnXh\n//0qwT/4HAdg1OFrLPfy4hh8OVVOHmWAFTaVhKi8h6nerhEeJSlVyllUTr2KN6nh\nZinRAoIBABUvCoP10Rz0O8nsfEYgMgcG1y1Hf2FZyNofrtwPOcGlCQ16g+7vR7fz\nBAF0/rzNQIJIs/xr9B5nDW8TvaRVLI4XqSYQCUd/jx03nXyQSL+K71q8FRPKMJT8\nWlqqRaUQAFkWPDQCAZYeI/ENgogZyXtcCPlXdQrtutqcgieoCmm6ZrLcDZGMT0QP\nK3sKM5SRtX0pow/LRh0ZQWDXe+dag/yB1MfbMVbZL9pvYWpw74cKGjLR8sIbBd5s\nrIkLgG6D0GZ/Kpyu5VOJbHTPwL4q9J49cTDzjNT1AdZy1XTrpCdpQTx6HXFYpU0w\n4lNqE42imirNyhXMV/3pMHBBhiDK+mkCggEAeOUVXhcK8JTIryro4TtsyR7ZSlvT\n0IYqvJFA+NtF6A83yBoQH4z94qQ6UtGHkigo/DyK+YxCdcLlPFqW7PChRDl5sysS\nH6p3NNjVADz2H/gXCW/lqDhR4SpMGlkXURs2w2DRka9IKWp65tXEK7GB/PbkUKD2\nW6RFJttiQrtb96NntjLpzBpML39ATCgYFZXiSrM/5+rgiv5poD35SPkKNnbzRpgm\nwD+ajqmQZtwNF0xoQNQhqnzXXKy6+vywLLL7rTDbWRjoKlSbI9i0/4PW6bNw/B4g\nzUuAoNc9UJdzF9v7PWVabCKyCi+E3YjAq7hNxLnAUNJeDxiVMMGYb5D0/w==\n-----END RSA PRIVATE KEY-----\n",
            "content_base64": null,
            "content_base64sha256": "xFq/OQJtulw0pF8ZW0xKLZO47ffb6EENnxyj9ZjeFzE=",
            "content_base64sha512": "kgQlWEcuHNbJQx9LXT9HPhKh7sox21q1kMOSWwS1AVZsOP40TvnWcvYyyQBqu5h52ekSTTw8qoI+wUf1C/+WMw==",
            "content_md5": "5ffe0e4c4bdd289f18edf1d141a7686c",
            "content_sha1": "82e94abd7dd2790b94ab01af93858be1d5cd0f25",
            "content_sha256": "c45abf39026dba5c34a45f195b4c4a2d93b8edf7dbe8410d9f1ca3f598de1731",
            "content_sha512": "92042558472e1cd6c9431f4b5d3f473e12a1eeca31db5ab590c3925b04b501566c38fe344ef9d672f632c9006abb9879d9e9124d3c3caa823ec147f50bff9633",
            "directory_permission": "0777",
            "file_permission": "0600",
            "filename": "D:/llaves/gradflow-users.pem",
            "id": "82e94abd7dd2790b94ab01af93858be1d5cd0f25",
            "sensitive_content": null,
            "source": null
          },
          "sensitive_attributes": [
            [
              {
                "type": "get_attr",
                "value": "content"
              }
            ],
            [
              {
                "type": "get_attr",
                "value": "sensitive_content"
              }
            ]
          ],
          "identity_schema_version": 0,
          "dependencies": [
            "tls_private_key.this"
          ]
        }
      ]
    },
    {
      "mode": "managed",
      "type": "tls_private_key",
      "name": "this",
      "provider": "provider[\"registry.terraform.io/hashicorp/tls\"]",
      "instances": [
        {
          "index_key": 0,
          "schema_version": 1,
          "attributes": {
            "algorithm": "RSA",
            "ecdsa_curve": "P224",
            "id": "aa66f5a9e8784371cd99896f2e9f7af064e2ec62",
            "private_key_openssh": "-----BEGIN OPENSSH PRIVATE KEY-----\nb3BlbnNzaC1rZXktdjEAAAAABG5vbmUAAAAEbm9uZQAAAAAAAAABAAACFwAAAAdz\nc2gtcnNhAAAAAwEAAQAAAgEAzVRssF7EtwS1Bx2c+nBdJtVVqCHezVmGg8PfZjRP\nI5Ngtoma77BqfO92PDoj1P5S7KIAOIAcFosQNFu0p3ZRe42bIEIY/kIWSvzjgLEf\nN4WAhnUcS6MaSMc0sdd3SGBnvFot9nAEXgtwaCRtE9ir4iBUn7YI++hEje0jNkMc\n6nCdCtHy5lwp8eaBoQc74GFA4HTpS+B7m6z7nIfRA91xVoYF3x5nP8gFXq2XGwqu\nlrfOBAHGCvDo8EM5e0Vsuu1gepni3N8WDWLC1ho3THDV2llseVIfTuF7+S59u2ZT\nFl2MZaX0M4ZJKyNpI4TucKXVN5dygMxcRuXGq4qwm96nG5+sMfHcOUU+Yf94QTE3\nPVwSdqoxGHoBXbZAgpLpMI96v/8gb2RJLCYW2Vs0WxAlZrj3ydVqaVXUPsDNdKJG\nX/l+u9cZD7+DS4eDPegC5XlAI/ChmweGllzxrj2ShoTkBV8is0zu/glEksuYjseC\nr0Didq/CHgp0W6crxGNSS7VffwuWTb1WqquwtVI9pWGvbgVBXlUAu4euuHEyC6uI\n40YW2VQnFcHTdVprtjLbTQyV1/92VFJUYoruvX2X+ldHO7dY7jK7ZhaumDwyDMsO\n1ASCB3bDjG+qreFWhwT8OyTtoqKuDy+hwPnQPkkeZq/TlIeNLwbKQ4UKQaHy5sHu\n7bMAAAc4NucaCzbnGgsAAAAHc3NoLXJzYQAAAgEAzVRssF7EtwS1Bx2c+nBdJtVV\nqCHezVmGg8PfZjRPI5Ngtoma77BqfO92PDoj1P5S7KIAOIAcFosQNFu0p3ZRe42b\nIEIY/kIWSvzjgLEfN4WAhnUcS6MaSMc0sdd3SGBnvFot9nAEXgtwaCRtE9ir4iBU\nn7YI++hEje0jNkMc6nCdCtHy5lwp8eaBoQc74GFA4HTpS+B7m6z7nIfRA91xVoYF\n3x5nP8gFXq2XGwqulrfOBAHGCvDo8EM5e0Vsuu1gepni3N8WDWLC1ho3THDV2lls\neVIfTuF7+S59u2ZTFl2MZaX0M4ZJKyNpI4TucKXVN5dygMxcRuXGq4qwm96nG5+s\nMfHcOUU+Yf94QTE3PVwSdqoxGHoBXbZAgpLpMI96v/8gb2RJLCYW2Vs0WxAlZrj3\nydVqaVXUPsDNdKJGX/l+u9cZD7+DS4eDPegC5XlAI/ChmweGllzxrj2ShoTkBV8i\ns0zu/glEksuYjseCr0Didq/CHgp0W6crxGNSS7VffwuWTb1WqquwtVI9pWGvbgVB\nXlUAu4euuHEyC6uI40YW2VQnFcHTdVprtjLbTQyV1/92VFJUYoruvX2X+ldHO7dY\n7jK7ZhaumDwyDMsO1ASCB3bDjG+qreFWhwT8OyTtoqKuDy+hwPnQPkkeZq/TlIeN\nLwbKQ4UKQaHy5sHu7bMAAAADAQABAAACADYsXxzNdCNBd62v73nX6YvUX2wju4/8\nXdQn+qoRhQvC15JxjdJNflsGJvDO+iM5EpHiUCKYElEUUasuwuQoAGmTu+jv5341\n24HfZPrQQIc6juVqwpNmLgojnNCLI6qR3OzB8jyB43UYmYiwi6Lf2MGpfApDUe18\no5G6jj7DyD5GhfiT2f1TNbHf+jWNHgwePKq7zc26JYK2ShBLeScG5t9ILwZmFCGs\n2VXYgPSehd+4EP/Xo/PBCgRSCDlw4LYU6Q6PyV4y8bOIahVpB0wAvTuFumvr8dyy\n+y2MSZoG7kcJWYB8H4j0lhtulU/Mw8guyKmJKKm4wWPnPdqGlgAZ54aWInB0PEFC\nRzZg3o+pLG7QPeft2BMldLYliSCorum1wxasGbbaNBID0jyqjCNpVvloRZNAo2ya\ndqwS7kBgHUjufTARHcy/6RJ/5nuXGqLohLkfZ3Npj+3ox5ytxf3Rdmx3BcS6dlWr\nkFYaDz2x+n3jZ1Ay0PyAs/gVuBnGfrpCAzPTluBMwibuZiI4Udy2mWbfqgp8ZCYZ\nenllqnpmXXUCZCkU1jWVpHdKtgobqNNI2Y6ji4o1pAcpJ1Z7cuoAh+I6CXEKeVj1\ntOS8Dfqs2kinpSvIpMYdOpa2A1tWfAa+NYOmyaCtRCWA/SQV1CxQRIAdRy//rYhD\n2s6aOKTQLi/xAAABAHjlFV4XCvCUyK8q6OE7bMke2Upb09CGKryRQPjbRegPN8ga\nEB+M/eKkOlLRh5IoKPw8ivmMQnXC5TxaluzwoUQ5ebMrEh+qdzTY1QA89h/4Fwlv\n5ag4UeEqTBpZF1EbNsNg0ZGvSClqeubVxCuxgfz25FCg9lukRSbbYkK7W/ejZ7Yy\n6cwaTC9/QEwoGBWV4kqzP+fq4Ir+aaA9+Uj5CjZ280aYJsA/mo6pkGbcDRdMaEDU\nIap811ysuvr8sCyy+60w21kY6CpUmyPYtP+D1umzcPweIM1LgKDXPVCXcxfb+z1l\nWmwisgovhN2IwKu4TcS5wFDSXg8YlTDBmG+Q9P8AAAEBANo8ar9DPi5e62Ha0+LI\nTvSbtMsiRUhqfXK0Mld3sa1cMXXszBZ5ZGxEzlHgFBsLZ2RkZIXJOjCiEV/fE9zE\nkpZH1urNhcgKgkpvcX1BIzhjvifxHFsuOp7pjsvAcO8yG75PZHP71urWmcvjiMXv\nTiPjoeRQSC1m46Tq4OnXSBYmhkJzqu2U17Es/FqsWEeuZdzFRvF2x9LiwLnR9wOz\nDd5Y9ydkUwvVM+6WryUrQL7Tm5hyWYfm+gMj/6C1YSgyNZv8Fxhdd8Px4MWj5Evz\nGPHIGyhDt5qRUnzNAu23NcRUog4hgR1y+7xrsWS+yOIwBYHwIDu9Rg1Hm0ABU2DT\nm4kAAAEBAPDcRzHvhpuB5fsJsOHR0RCPdwilbPCYhnr16tkCNmahbhRpO+8WgJZq\nxK82MXe9FR7JvRMBn3Xs+9S0WeV6FoePVVnEolr/DNNaMNznL8gGWLlEvnCZsATW\nk8PNj1ZpxFtAXkGnEOH22nqlYLctBFCLeTiw3z1p9hEGyO84aIoS2a7BqY2sieBO\n263SGpfzp9VS+X2HGiG577+6NwVv5JkKie9Mn0TdTLrbwHsKkazuHKSxMQj2OlW+\nC0TA/459YDayxQMWS8nwAsObVsfZCi3tJLP/MOCjCIDUSvWRMP2TTeO5YPmye40n\nmHDUEtGM3wTLdCrsLqVFY7pyVnFkhFsAAAAAAQID\n-----END OPENSSH PRIVATE KEY-----\n",
            "private_key_pem": "-----BEGIN RSA PRIVATE KEY-----\nMIIJJwIBAAKCAgEAzVRssF7EtwS1Bx2c+nBdJtVVqCHezVmGg8PfZjRPI5Ngtoma\n77BqfO92PDoj1P5S7KIAOIAcFosQNFu0p3ZRe42bIEIY/kIWSvzjgLEfN4WAhnUc\nS6MaSMc0sdd3SGBnvFot9nAEXgtwaCRtE9ir4iBUn7YI++hEje0jNkMc6nCdCtHy\n5lwp8eaBoQc74GFA4HTpS+B7m6z7nIfRA91xVoYF3x5nP8gFXq2XGwqulrfOBAHG\nCvDo8EM5e0Vsuu1gepni3N8WDWLC1ho3THDV2llseVIfTuF7+S59u2ZTFl2MZaX0\nM4ZJKyNpI4TucKXVN5dygMxcRuXGq4qwm96nG5+sMfHcOUU+Yf94QTE3PVwSdqox\nGHoBXbZAgpLpMI96v/8gb2RJLCYW2Vs0WxAlZrj3ydVqaVXUPsDNdKJGX/l+u9cZ\nD7+DS4eDPegC5XlAI/ChmweGllzxrj2ShoTkBV8is0zu/glEksuYjseCr0Didq/C\nHgp0W6crxGNSS7VffwuWTb1WqquwtVI9pWGvbgVBXlUAu4euuHEyC6uI40YW2VQn\nFcHTdVprtjLbTQyV1/92VFJUYoruvX2X+ldHO7dY7jK7ZhaumDwyDMsO1ASCB3bD\njG+qreFWhwT8OyTtoqKuDy+hwPnQPkkeZq/TlIeNLwbKQ4UKQaHy5sHu7bMCAwEA\nAQKCAgA2LF8czXQjQXetr+951+mL1F9sI7uP/F3UJ/qqEYULwteScY3STX5bBibw\nzvojORKR4lAimBJRFFGrLsLkKABpk7vo7+d+NduB32T60ECHOo7lasKTZi4KI5zQ\niyOqkdzswfI8geN1GJmIsIui39jBqXwKQ1HtfKORuo4+w8g+RoX4k9n9UzWx3/o1\njR4MHjyqu83NuiWCtkoQS3knBubfSC8GZhQhrNlV2ID0noXfuBD/16PzwQoEUgg5\ncOC2FOkOj8leMvGziGoVaQdMAL07hbpr6/HcsvstjEmaBu5HCVmAfB+I9JYbbpVP\nzMPILsipiSipuMFj5z3ahpYAGeeGliJwdDxBQkc2YN6PqSxu0D3n7dgTJXS2JYkg\nqK7ptcMWrBm22jQSA9I8qowjaVb5aEWTQKNsmnasEu5AYB1I7n0wER3Mv+kSf+Z7\nlxqi6IS5H2dzaY/t6MecrcX90XZsdwXEunZVq5BWGg89sfp942dQMtD8gLP4FbgZ\nxn66QgMz05bgTMIm7mYiOFHctplm36oKfGQmGXp5Zap6Zl11AmQpFNY1laR3SrYK\nG6jTSNmOo4uKNaQHKSdWe3LqAIfiOglxCnlY9bTkvA36rNpIp6UryKTGHTqWtgNb\nVnwGvjWDpsmgrUQlgP0kFdQsUESAHUcv/62IQ9rOmjik0C4v8QKCAQEA2jxqv0M+\nLl7rYdrT4shO9Ju0yyJFSGp9crQyV3exrVwxdezMFnlkbETOUeAUGwtnZGRkhck6\nMKIRX98T3MSSlkfW6s2FyAqCSm9xfUEjOGO+J/EcWy46numOy8Bw7zIbvk9kc/vW\n6taZy+OIxe9OI+Oh5FBILWbjpOrg6ddIFiaGQnOq7ZTXsSz8WqxYR65l3MVG8XbH\n0uLAudH3A7MN3lj3J2RTC9Uz7pavJStAvtObmHJZh+b6AyP/oLVhKDI1m/wXGF13\nw/HgxaPkS/MY8cgbKEO3mpFSfM0C7bc1xFSiDiGBHXL7vGuxZL7I4jAFgfAgO71G\nDUebQAFTYNObiQKCAQEA8NxHMe+Gm4Hl+wmw4dHREI93CKVs8JiGevXq2QI2ZqFu\nFGk77xaAlmrErzYxd70VHsm9EwGfdez71LRZ5XoWh49VWcSiWv8M01ow3OcvyAZY\nuUS+cJmwBNaTw82PVmnEW0BeQacQ4fbaeqVgty0EUIt5OLDfPWn2EQbI7zhoihLZ\nrsGpjayJ4E7brdIal/On1VL5fYcaIbnvv7o3BW/kmQqJ70yfRN1MutvAewqRrO4c\npLExCPY6Vb4LRMD/jn1gNrLFAxZLyfACw5tWx9kKLe0ks/8w4KMIgNRK9ZEw/ZNN\n47lg+bJ7jSeYcNQS0YzfBMt0KuwupUVjunJWcWSEWwKCAQBzzz/ug2aKAQD0CsYK\nQLX1hHNqoKMXjLtJlWpplDELiDMPGzwqaPzrn4/FTx4cQ+74DXZysJhamoaR07Wc\noAwSB8l7DNmDkGAX1A/rohdoozWTyJV9pYiiL9sBMPw9Ut/6G/N4wRoJwRwYYISC\nVT2oOfH9UMUcos8HA0WbkgzFBGiW9v6r2SKk+PRpwa+PSnLvtxiwppHfzUjs0wk8\nQ1aGubteghS34MoQQJJtLQjMu0qEmZn9Tos6A25yAA6w4AQm5J305hTaPI9FEnXh\n//0qwT/4HAdg1OFrLPfy4hh8OVVOHmWAFTaVhKi8h6nerhEeJSlVyllUTr2KN6nh\nZinRAoIBABUvCoP10Rz0O8nsfEYgMgcG1y1Hf2FZyNofrtwPOcGlCQ16g+7vR7fz\nBAF0/rzNQIJIs/xr9B5nDW8TvaRVLI4XqSYQCUd/jx03nXyQSL+K71q8FRPKMJT8\nWlqqRaUQAFkWPDQCAZYeI/ENgogZyXtcCPlXdQrtutqcgieoCmm6ZrLcDZGMT0QP\nK3sKM5SRtX0pow/LRh0ZQWDXe+dag/yB1MfbMVbZL9pvYWpw74cKGjLR8sIbBd5s\nrIkLgG6D0GZ/Kpyu5VOJbHTPwL4q9J49cTDzjNT1AdZy1XTrpCdpQTx6HXFYpU0w\n4lNqE42imirNyhXMV/3pMHBBhiDK+mkCggEAeOUVXhcK8JTIryro4TtsyR7ZSlvT\n0IYqvJFA+NtF6A83yBoQH4z94qQ6UtGHkigo/DyK+YxCdcLlPFqW7PChRDl5sysS\nH6p3NNjVADz2H/gXCW/lqDhR4SpMGlkXURs2w2DRka9IKWp65tXEK7GB/PbkUKD2\nW6RFJttiQrtb96NntjLpzBpML39ATCgYFZXiSrM/5+rgiv5poD35SPkKNnbzRpgm\nwD+ajqmQZtwNF0xoQNQhqnzXXKy6+vywLLL7rTDbWRjoKlSbI9i0/4PW6bNw/B4g\nzUuAoNc9UJdzF9v7PWVabCKyCi+E3YjAq7hNxLnAUNJeDxiVMMGYb5D0/w==\n-----END RSA PRIVATE KEY-----\n",
            "private_key_pem_pkcs8": "-----BEGIN PRIVATE KEY-----\nMIIJQQIBADANBgkqhkiG9w0BAQEFAASCCSswggknAgEAAoICAQDNVGywXsS3BLUH\nHZz6cF0m1VWoId7NWYaDw99mNE8jk2C2iZrvsGp873Y8OiPU/lLsogA4gBwWixA0\nW7SndlF7jZsgQhj+QhZK/OOAsR83hYCGdRxLoxpIxzSx13dIYGe8Wi32cAReC3Bo\nJG0T2KviIFSftgj76ESN7SM2QxzqcJ0K0fLmXCnx5oGhBzvgYUDgdOlL4HubrPuc\nh9ED3XFWhgXfHmc/yAVerZcbCq6Wt84EAcYK8OjwQzl7RWy67WB6meLc3xYNYsLW\nGjdMcNXaWWx5Uh9O4Xv5Ln27ZlMWXYxlpfQzhkkrI2kjhO5wpdU3l3KAzFxG5car\nirCb3qcbn6wx8dw5RT5h/3hBMTc9XBJ2qjEYegFdtkCCkukwj3q//yBvZEksJhbZ\nWzRbECVmuPfJ1WppVdQ+wM10okZf+X671xkPv4NLh4M96ALleUAj8KGbB4aWXPGu\nPZKGhOQFXyKzTO7+CUSSy5iOx4KvQOJ2r8IeCnRbpyvEY1JLtV9/C5ZNvVaqq7C1\nUj2lYa9uBUFeVQC7h664cTILq4jjRhbZVCcVwdN1Wmu2MttNDJXX/3ZUUlRiiu69\nfZf6V0c7t1juMrtmFq6YPDIMyw7UBIIHdsOMb6qt4VaHBPw7JO2ioq4PL6HA+dA+\nSR5mr9OUh40vBspDhQpBofLmwe7tswIDAQABAoICADYsXxzNdCNBd62v73nX6YvU\nX2wju4/8XdQn+qoRhQvC15JxjdJNflsGJvDO+iM5EpHiUCKYElEUUasuwuQoAGmT\nu+jv534124HfZPrQQIc6juVqwpNmLgojnNCLI6qR3OzB8jyB43UYmYiwi6Lf2MGp\nfApDUe18o5G6jj7DyD5GhfiT2f1TNbHf+jWNHgwePKq7zc26JYK2ShBLeScG5t9I\nLwZmFCGs2VXYgPSehd+4EP/Xo/PBCgRSCDlw4LYU6Q6PyV4y8bOIahVpB0wAvTuF\numvr8dyy+y2MSZoG7kcJWYB8H4j0lhtulU/Mw8guyKmJKKm4wWPnPdqGlgAZ54aW\nInB0PEFCRzZg3o+pLG7QPeft2BMldLYliSCorum1wxasGbbaNBID0jyqjCNpVvlo\nRZNAo2yadqwS7kBgHUjufTARHcy/6RJ/5nuXGqLohLkfZ3Npj+3ox5ytxf3Rdmx3\nBcS6dlWrkFYaDz2x+n3jZ1Ay0PyAs/gVuBnGfrpCAzPTluBMwibuZiI4Udy2mWbf\nqgp8ZCYZenllqnpmXXUCZCkU1jWVpHdKtgobqNNI2Y6ji4o1pAcpJ1Z7cuoAh+I6\nCXEKeVj1tOS8Dfqs2kinpSvIpMYdOpa2A1tWfAa+NYOmyaCtRCWA/SQV1CxQRIAd\nRy//rYhD2s6aOKTQLi/xAoIBAQDaPGq/Qz4uXuth2tPiyE70m7TLIkVIan1ytDJX\nd7GtXDF17MwWeWRsRM5R4BQbC2dkZGSFyTowohFf3xPcxJKWR9bqzYXICoJKb3F9\nQSM4Y74n8RxbLjqe6Y7LwHDvMhu+T2Rz+9bq1pnL44jF704j46HkUEgtZuOk6uDp\n10gWJoZCc6rtlNexLPxarFhHrmXcxUbxdsfS4sC50fcDsw3eWPcnZFML1TPulq8l\nK0C+05uYclmH5voDI/+gtWEoMjWb/BcYXXfD8eDFo+RL8xjxyBsoQ7eakVJ8zQLt\ntzXEVKIOIYEdcvu8a7FkvsjiMAWB8CA7vUYNR5tAAVNg05uJAoIBAQDw3Ecx74ab\ngeX7CbDh0dEQj3cIpWzwmIZ69erZAjZmoW4UaTvvFoCWasSvNjF3vRUeyb0TAZ91\n7PvUtFnlehaHj1VZxKJa/wzTWjDc5y/IBli5RL5wmbAE1pPDzY9WacRbQF5BpxDh\n9tp6pWC3LQRQi3k4sN89afYRBsjvOGiKEtmuwamNrIngTtut0hqX86fVUvl9hxoh\nue+/ujcFb+SZConvTJ9E3Uy628B7CpGs7hyksTEI9jpVvgtEwP+OfWA2ssUDFkvJ\n8ALDm1bH2Qot7SSz/zDgowiA1Er1kTD9k03juWD5snuNJ5hw1BLRjN8Ey3Qq7C6l\nRWO6clZxZIRbAoIBAHPPP+6DZooBAPQKxgpAtfWEc2qgoxeMu0mVammUMQuIMw8b\nPCpo/Oufj8VPHhxD7vgNdnKwmFqahpHTtZygDBIHyXsM2YOQYBfUD+uiF2ijNZPI\nlX2liKIv2wEw/D1S3/ob83jBGgnBHBhghIJVPag58f1QxRyizwcDRZuSDMUEaJb2\n/qvZIqT49GnBr49Kcu+3GLCmkd/NSOzTCTxDVoa5u16CFLfgyhBAkm0tCMy7SoSZ\nmf1OizoDbnIADrDgBCbknfTmFNo8j0USdeH//SrBP/gcB2DU4Wss9/LiGHw5VU4e\nZYAVNpWEqLyHqd6uER4lKVXKWVROvYo3qeFmKdECggEAFS8Kg/XRHPQ7yex8RiAy\nBwbXLUd/YVnI2h+u3A85waUJDXqD7u9Ht/MEAXT+vM1Agkiz/Gv0HmcNbxO9pFUs\njhepJhAJR3+PHTedfJBIv4rvWrwVE8owlPxaWqpFpRAAWRY8NAIBlh4j8Q2CiBnJ\ne1wI+Vd1Cu262pyCJ6gKabpmstwNkYxPRA8rewozlJG1fSmjD8tGHRlBYNd751qD\n/IHUx9sxVtkv2m9hanDvhwoaMtHywhsF3mysiQuAboPQZn8qnK7lU4lsdM/Avir0\nnj1xMPOM1PUB1nLVdOukJ2lBPHodcVilTTDiU2oTjaKaKs3KFcxX/ekwcEGGIMr6\naQKCAQB45RVeFwrwlMivKujhO2zJHtlKW9PQhiq8kUD420XoDzfIGhAfjP3ipDpS\n0YeSKCj8PIr5jEJ1wuU8Wpbs8KFEOXmzKxIfqnc02NUAPPYf+BcJb+WoOFHhKkwa\nWRdRGzbDYNGRr0gpanrm1cQrsYH89uRQoPZbpEUm22JCu1v3o2e2MunMGkwvf0BM\nKBgVleJKsz/n6uCK/mmgPflI+Qo2dvNGmCbAP5qOqZBm3A0XTGhA1CGqfNdcrLr6\n/LAssvutMNtZGOgqVJsj2LT/g9bps3D8HiDNS4Cg1z1Ql3MX2/s9ZVpsIrIKL4Td\niMCruE3EucBQ0l4PGJUwwZhvkPT/\n-----END PRIVATE KEY-----\n",
            "public_key_fingerprint_md5": "d7:54:2e:6f:1c:48:a2:1f:7d:5d:69:ff:63:d4:3c:32",
            "public_key_fingerprint_sha256": "SHA256:ZEFfwkq1Zwu3i9Uz06nEhF0ob7dA3scYChrRdsuQYyE",
            "public_key_openssh": "ssh-rsa AAAAB3NzaC1yc2EAAAADAQABAAACAQDNVGywXsS3BLUHHZz6cF0m1VWoId7NWYaDw99mNE8jk2C2iZrvsGp873Y8OiPU/lLsogA4gBwWixA0W7SndlF7jZsgQhj+QhZK/OOAsR83hYCGdRxLoxpIxzSx13dIYGe8Wi32cAReC3BoJG0T2KviIFSftgj76ESN7SM2QxzqcJ0K0fLmXCnx5oGhBzvgYUDgdOlL4HubrPuch9ED3XFWhgXfHmc/yAVerZcbCq6Wt84EAcYK8OjwQzl7RWy67WB6meLc3xYNYsLWGjdMcNXaWWx5Uh9O4Xv5Ln27ZlMWXYxlpfQzhkkrI2kjhO5wpdU3l3KAzFxG5carirCb3qcbn6wx8dw5RT5h/3hBMTc9XBJ2qjEYegFdtkCCkukwj3q//yBvZEksJhbZWzRbECVmuPfJ1WppVdQ+wM10okZf+X671xkPv4NLh4M96ALleUAj8KGbB4aWXPGuPZKGhOQFXyKzTO7+CUSSy5iOx4KvQOJ2r8IeCnRbpyvEY1JLtV9/C5ZNvVaqq7C1Uj2lYa9uBUFeVQC7h664cTILq4jjRhbZVCcVwdN1Wmu2MttNDJXX/3ZUUlRiiu69fZf6V0c7t1juMrtmFq6YPDIMyw7UBIIHdsOMb6qt4VaHBPw7JO2ioq4PL6HA+dA+SR5mr9OUh40vBspDhQpBofLmwe7tsw==\n",
            "public_key_pem": "-----BEGIN PUBLIC KEY-----\nMIICIjANBgkqhkiG9w0BAQEFAAOCAg8AMIICCgKCAgEAzVRssF7EtwS1Bx2c+nBd\nJtVVqCHezVmGg8PfZjRPI5Ngtoma77BqfO92PDoj1P5S7KIAOIAcFosQNFu0p3ZR\ne42bIEIY/kIWSvzjgLEfN4WAhnUcS6MaSMc0sdd3SGBnvFot9nAEXgtwaCRtE9ir\n4iBUn7YI++hEje0jNkMc6nCdCtHy5lwp8eaBoQc74GFA4HTpS+B7m6z7nIfRA91x\nVoYF3x5nP8gFXq2XGwqulrfOBAHGCvDo8EM5e0Vsuu1gepni3N8WDWLC1ho3THDV\n2llseVIfTuF7+S59u2ZTFl2MZaX0M4ZJKyNpI4TucKXVN5dygMxcRuXGq4qwm96n\nG5+sMfHcOUU+Yf94QTE3PVwSdqoxGHoBXbZAgpLpMI96v/8gb2RJLCYW2Vs0WxAl\nZrj3ydVqaVXUPsDNdKJGX/l+u9cZD7+DS4eDPegC5XlAI/ChmweGllzxrj2ShoTk\nBV8is0zu/glEksuYjseCr0Didq/CHgp0W6crxGNSS7VffwuWTb1WqquwtVI9pWGv\nbgVBXlUAu4euuHEyC6uI40YW2VQnFcHTdVprtjLbTQyV1/92VFJUYoruvX2X+ldH\nO7dY7jK7ZhaumDwyDMsO1ASCB3bDjG+qreFWhwT8OyTtoqKuDy+hwPnQPkkeZq/T\nlIeNLwbKQ4UKQaHy5sHu7bMCAwEAAQ==\n-----END PUBLIC KEY-----\n",
            "rsa_bits": 4096
          },
          "sensitive_attributes": [
            [
              {
                "type": "get_attr",
                "value": "private_key_openssh"
              }
            ],
            [
              {
                "type": "get_attr",
                "value": "private_key_pem"
              }
            ],
            [
              {
                "type": "get_attr",
                "value": "private_key_pem_pkcs8"
              }
            ]
          ],
          "identity_schema_version": 0
        }
      ]
    }
  ],
  "check_results": [
    {
      "object_kind": "var",
      "config_addr": "var.max_capacity",
      "status": "pass",
      "objects": [
        {
          "object_addr": "var.max_capacity",
          "status": "pass"
        }
      ]
    }
  ]
}
