{
  "version": 4,
  "terraform_version": "1.14.1",
  "serial": 437,
  "lineage": "5de68eff-eb21-9e50-18a6-c48e1db7a8e4",
  "outputs": {
    "asg_arn": {
      "value": "arn:aws:autoscaling:us-east-1:697755754723:autoScalingGroup:74af6b59-1f6d-490f-9588-a3ae60831904:autoScalingGroupName/users-asg",
      "type": "string"
    },
    "asg_name": {
      "value": "users-asg",
      "type": "string"
    },
    "key_pair_name": {
      "value": "gradflow-users",
      "type": "string"
    },
    "loadbalancer_arn": {
      "value": "arn:aws:elasticloadbalancing:us-east-1:697755754723:loadbalancer/app/users-lb/32a49401e0060079",
      "type": "string"
    },
    "loadbalancer_dns": {
      "value": "users-lb-1787110905.us-east-1.elb.amazonaws.com",
      "type": "string"
    },
    "public_subnets": {
      "value": [
        "subnet-0678a7c2aafcfa3df",
        "subnet-0dd8e8c0621ff263e"
      ],
      "type": [
        "tuple",
        [
          "string",
          "string"
        ]
      ]
    },
    "ssh_command_hint": {
      "value": "ssh -i \u003cruta-a-tu-pem\u003e ubuntu@\u003cip_publica-o-elastica\u003e",
      "type": "string"
    },
    "target_group_arn": {
      "value": "arn:aws:elasticloadbalancing:us-east-1:697755754723:targetgroup/users-tg/405f95502201b79c",
      "type": "string"
    },
    "target_group_name": {
      "value": "users-tg",
      "type": "string"
    },
    "vpc_id": {
      "value": "vpc-0597b45a3c0335f32",
      "type": "string"
    }
  },
  "resources": [
    {
      "mode": "data",
      "type": "aws_availability_zones",
      "name": "available",
      "provider": "provider[\"registry.terraform.io/hashicorp/aws\"]",
      "instances": [
        {
          "schema_version": 0,
          "attributes": {
            "all_availability_zones": null,
            "exclude_names": null,
            "exclude_zone_ids": null,
            "filter": null,
            "group_names": [
              "us-east-1-zg-1"
            ],
            "id": "us-east-1",
            "names": [
              "us-east-1a",
              "us-east-1b",
              "us-east-1c",
              "us-east-1d",
              "us-east-1e",
              "us-east-1f"
            ],
            "region": "us-east-1",
            "state": null,
            "timeouts": null,
            "zone_ids": [
              "use1-az6",
              "use1-az1",
              "use1-az2",
              "use1-az4",
              "use1-az3",
              "use1-az5"
            ]
          },
          "sensitive_attributes": [],
          "identity_schema_version": 0
        }
      ]
    },
    {
      "mode": "managed",
      "type": "aws_autoscaling_group",
      "name": "app",
      "provider": "provider[\"registry.terraform.io/hashicorp/aws\"]",
      "instances": [
        {
          "schema_version": 1,
          "attributes": {
            "arn": "arn:aws:autoscaling:us-east-1:697755754723:autoScalingGroup:74af6b59-1f6d-490f-9588-a3ae60831904:autoScalingGroupName/users-asg",
            "availability_zone_distribution": [
              {
                "capacity_distribution_strategy": "balanced-best-effort"
              }
            ],
            "availability_zones": [
              "us-east-1a",
              "us-east-1b"
            ],
            "capacity_rebalance": false,
            "capacity_reservation_specification": [
              {
                "capacity_reservation_preference": "default",
                "capacity_reservation_target": []
              }
            ],
            "context": "",
            "default_cooldown": 300,
            "default_instance_warmup": 0,
            "desired_capacity": 2,
            "desired_capacity_type": "",
            "enabled_metrics": null,
            "force_delete": false,
            "force_delete_warm_pool": false,
            "health_check_grace_period": 300,
            "health_check_type": "ELB",
            "id": "users-asg",
            "ignore_failed_scaling_activities": false,
            "initial_lifecycle_hook": [],
            "instance_maintenance_policy": [],
            "instance_refresh": [
              {
                "preferences": [
                  {
                    "alarm_specification": [],
                    "auto_rollback": false,
                    "checkpoint_delay": "",
                    "checkpoint_percentages": null,
                    "instance_warmup": "180",
                    "max_healthy_percentage": 100,
                    "min_healthy_percentage": 50,
                    "scale_in_protected_instances": "Ignore",
                    "skip_matching": false,
                    "standby_instances": "Ignore"
                  }
                ],
                "strategy": "Rolling",
                "triggers": [
                  "tag"
                ]
              }
            ],
            "launch_configuration": "",
            "launch_template": [
              {
                "id": "lt-01761a16f70f0feaf",
                "name": "users-app-20260121160512672600000002",
                "version": "$Latest"
              }
            ],
            "load_balancers": [],
            "max_instance_lifetime": 0,
            "max_size": 5,
            "metrics_granularity": "1Minute",
            "min_elb_capacity": null,
            "min_size": 2,
            "mixed_instances_policy": [],
            "name": "users-asg",
            "name_prefix": "",
            "placement_group": "",
            "predicted_capacity": 0,
            "protect_from_scale_in": false,
            "region": "us-east-1",
            "service_linked_role_arn": "arn:aws:iam::697755754723:role/aws-service-role/autoscaling.amazonaws.com/AWSServiceRoleForAutoScaling",
            "suspended_processes": null,
            "tag": [
              {
                "key": "ManagedBy",
                "propagate_at_launch": true,
                "value": "Terraform"
              },
              {
                "key": "Name",
                "propagate_at_launch": true,
                "value": "users-instance"
              }
            ],
            "target_group_arns": [
              "arn:aws:elasticloadbalancing:us-east-1:697755754723:targetgroup/users-tg/405f95502201b79c"
            ],
            "termination_policies": [
              "OldestInstance",
              "Default"
            ],
            "timeouts": null,
            "traffic_source": [
              {
                "identifier": "arn:aws:elasticloadbalancing:us-east-1:697755754723:targetgroup/users-tg/405f95502201b79c",
                "type": "elbv2"
              }
            ],
            "vpc_zone_identifier": [
              "subnet-0678a7c2aafcfa3df",
              "subnet-0dd8e8c0621ff263e"
            ],
            "wait_for_capacity_timeout": "10m",
            "wait_for_elb_capacity": null,
            "warm_pool": [],
            "warm_pool_size": 0
          },
          "sensitive_attributes": [],
          "identity_schema_version": 0,
          "private": "eyJlMmJmYjczMC1lY2FhLTExZTYtOGY4OC0zNDM2M2JjN2M0YzAiOnsiZGVsZXRlIjo2MDAwMDAwMDAwMDAsInVwZGF0ZSI6NjAwMDAwMDAwMDAwfSwic2NoZW1hX3ZlcnNpb24iOiIxIn0=",
          "dependencies": [
            "aws_key_pair.this",
            "aws_launch_template.app",
            "aws_lb_target_group.app",
            "aws_security_group.lb",
            "aws_security_group.web",
            "aws_subnet.public",
            "aws_vpc.main",
            "data.aws_availability_zones.available",
            "tls_private_key.this"
          ]
        }
      ]
    },
    {
      "mode": "managed",
      "type": "aws_autoscaling_policy",
      "name": "cpu_scale_up",
      "provider": "provider[\"registry.terraform.io/hashicorp/aws\"]",
      "instances": [
        {
          "schema_version": 0,
          "attributes": {
            "adjustment_type": "",
            "arn": "arn:aws:autoscaling:us-east-1:697755754723:scalingPolicy:760b468f-8589-4549-b110-e64da5e5c501:autoScalingGroupName/users-asg:policyName/scale-up-on-high-cpu",
            "autoscaling_group_name": "users-asg",
            "cooldown": 0,
            "enabled": true,
            "estimated_instance_warmup": 300,
            "id": "scale-up-on-high-cpu",
            "metric_aggregation_type": "",
            "min_adjustment_magnitude": 0,
            "name": "scale-up-on-high-cpu",
            "policy_type": "TargetTrackingScaling",
            "predictive_scaling_configuration": [],
            "region": "us-east-1",
            "scaling_adjustment": 0,
            "step_adjustment": [],
            "target_tracking_configuration": [
              {
                "customized_metric_specification": [],
                "disable_scale_in": false,
                "predefined_metric_specification": [
                  {
                    "predefined_metric_type": "ASGAverageCPUUtilization",
                    "resource_label": ""
                  }
                ],
                "target_value": 80
              }
            ]
          },
          "sensitive_attributes": [],
          "identity_schema_version": 0,
          "private": "bnVsbA==",
          "dependencies": [
            "aws_autoscaling_group.app",
            "aws_key_pair.this",
            "aws_launch_template.app",
            "aws_lb_target_group.app",
            "aws_security_group.lb",
            "aws_security_group.web",
            "aws_subnet.public",
            "aws_vpc.main",
            "data.aws_availability_zones.available",
            "tls_private_key.this"
          ]
        }
      ]
    },
    {
      "mode": "managed",
      "type": "aws_autoscaling_policy",
      "name": "scale_in",
      "provider": "provider[\"registry.terraform.io/hashicorp/aws\"]",
      "instances": [
        {
          "schema_version": 0,
          "attributes": {
            "adjustment_type": "ChangeInCapacity",
            "arn": "arn:aws:autoscaling:us-east-1:697755754723:scalingPolicy:1fa6cc73-28a3-4bd1-9e1b-f8eed185e501:autoScalingGroupName/users-asg:policyName/scale-in-policy",
            "autoscaling_group_name": "users-asg",
            "cooldown": 600,
            "enabled": true,
            "estimated_instance_warmup": 0,
            "id": "scale-in-policy",
            "metric_aggregation_type": "",
            "min_adjustment_magnitude": 0,
            "name": "scale-in-policy",
            "policy_type": "SimpleScaling",
            "predictive_scaling_configuration": [],
            "region": "us-east-1",
            "scaling_adjustment": -1,
            "step_adjustment": [],
            "target_tracking_configuration": []
          },
          "sensitive_attributes": [],
          "identity_schema_version": 0,
          "private": "bnVsbA==",
          "dependencies": [
            "aws_autoscaling_group.app",
            "aws_key_pair.this",
            "aws_launch_template.app",
            "aws_lb_target_group.app",
            "aws_security_group.lb",
            "aws_security_group.web",
            "aws_subnet.public",
            "aws_vpc.main",
            "data.aws_availability_zones.available",
            "tls_private_key.this"
          ]
        }
      ]
    },
    {
      "mode": "managed",
      "type": "aws_autoscaling_policy",
      "name": "scale_out",
      "provider": "provider[\"registry.terraform.io/hashicorp/aws\"]",
      "instances": [
        {
          "schema_version": 0,
          "attributes": {
            "adjustment_type": "ChangeInCapacity",
            "arn": "arn:aws:autoscaling:us-east-1:697755754723:scalingPolicy:1fe40b2d-91f2-42a6-8e3a-05552a2776ab:autoScalingGroupName/users-asg:policyName/scale-out-policy",
            "autoscaling_group_name": "users-asg",
            "cooldown": 300,
            "enabled": true,
            "estimated_instance_warmup": 0,
            "id": "scale-out-policy",
            "metric_aggregation_type": "",
            "min_adjustment_magnitude": 0,
            "name": "scale-out-policy",
            "policy_type": "SimpleScaling",
            "predictive_scaling_configuration": [],
            "region": "us-east-1",
            "scaling_adjustment": 1,
            "step_adjustment": [],
            "target_tracking_configuration": []
          },
          "sensitive_attributes": [],
          "identity_schema_version": 0,
          "private": "bnVsbA==",
          "dependencies": [
            "aws_autoscaling_group.app",
            "aws_key_pair.this",
            "aws_launch_template.app",
            "aws_lb_target_group.app",
            "aws_security_group.lb",
            "aws_security_group.web",
            "aws_subnet.public",
            "aws_vpc.main",
            "data.aws_availability_zones.available",
            "tls_private_key.this"
          ]
        }
      ]
    },
    {
      "mode": "managed",
      "type": "aws_internet_gateway",
      "name": "igw",
      "provider": "provider[\"registry.terraform.io/hashicorp/aws\"]",
      "instances": [
        {
          "schema_version": 0,
          "attributes": {
            "arn": "arn:aws:ec2:us-east-1:697755754723:internet-gateway/igw-00e872f9134b75ec0",
            "id": "igw-00e872f9134b75ec0",
            "owner_id": "697755754723",
            "region": "us-east-1",
            "tags": null,
            "tags_all": {
              "Environment": "users",
              "ManagedBy": "Terraform",
              "Project": "GradFlow"
            },
            "timeouts": null,
            "vpc_id": "vpc-0597b45a3c0335f32"
          },
          "sensitive_attributes": [],
          "identity_schema_version": 0,
          "private": "eyJlMmJmYjczMC1lY2FhLTExZTYtOGY4OC0zNDM2M2JjN2M0YzAiOnsiY3JlYXRlIjoxMjAwMDAwMDAwMDAwLCJkZWxldGUiOjEyMDAwMDAwMDAwMDAsInVwZGF0ZSI6MTIwMDAwMDAwMDAwMH19",
          "dependencies": [
            "aws_vpc.main"
          ]
        }
      ]
    },
    {
      "mode": "managed",
      "type": "aws_key_pair",
      "name": "this",
      "provider": "provider[\"registry.terraform.io/hashicorp/aws\"]",
      "instances": [
        {
          "index_key": 0,
          "schema_version": 1,
          "attributes": {
            "arn": "arn:aws:ec2:us-east-1:697755754723:key-pair/gradflow-users",
            "fingerprint": "e4:7e:8f:bf:44:50:fd:0a:07:cd:4f:6b:1e:9e:ab:4d",
            "id": "gradflow-users",
            "key_name": "gradflow-users",
            "key_name_prefix": "",
            "key_pair_id": "key-04efcfa5495ab352c",
            "key_type": "rsa",
            "public_key": "ssh-rsa AAAAB3NzaC1yc2EAAAADAQABAAACAQDMR0Eo+Zyd8clbU0+teG3OBWYL2hbQfH2zZyakRtfhAvkn7B+k55KiY7+bE1NK8Iu3z+qSt6VAGFpHeFUoBH1/7rFp/QHfPRR0+GHQSLNkIL4hHJjvh2M5ALVJgGPcvL7AyT2QL1XIkYV7OC/Fi8EABikZ1SVQZOSim0uih2SY6GfM0BKDLfiMXAxPShduaW1JsIeHcnyf8phDVP3uaeNGdgeHt2iG6lRIsWgKwk6IZi5dE6ZprEpqvNjiw6dk+WRg79kHvJAJEg45DU21a3WDZfDM+BZWqjEEkXBcaOASU/X0M8SfT7xqwxnwe46qVGnEKQqnNICAinBBa3U/FfHHnv2vArFPkDxYkVsyIlyo3H0IYk+1liYvcYsU/vTrgcLKhbMqWLwDmNDr7NXPZiqY5q1fyhtdmos8BzVSuLIWpK5T0N343PvFlgHYpfQr/rPCBnKTVBxAcgPoLIID+8FbvSXO2ejt5oJnMK1AMAUokz2aHc9SRQwaKjp3TFB/0rCKE/Odw3IhZlXP52jVWmNwvniyn8RpVF0CTu1L1XhGcO8/ct5ESJ+dq7NBIvzvBJkkgOg9NVNYeTLBbj1FOcv0Spkf2uq6ciB/0Fd3juEy1pNwfbo2eKpobSovdB0HWST6Zfs7M6fmIhRui+87iHKfotxOF690uivXH6BLWZ1l3w==",
            "region": "us-east-1",
            "tags": null,
            "tags_all": {
              "Environment": "users",
              "ManagedBy": "Terraform",
              "Project": "GradFlow"
            }
          },
          "sensitive_attributes": [],
          "identity_schema_version": 0,
          "private": "eyJzY2hlbWFfdmVyc2lvbiI6IjEifQ==",
          "dependencies": [
            "tls_private_key.this"
          ]
        }
      ]
    },
    {
      "mode": "managed",
      "type": "aws_launch_template",
      "name": "app",
      "provider": "provider[\"registry.terraform.io/hashicorp/aws\"]",
      "instances": [
        {
          "schema_version": 1,
          "attributes": {
            "arn": "arn:aws:ec2:us-east-1:697755754723:launch-template/lt-01761a16f70f0feaf",
            "block_device_mappings": [],
            "capacity_reservation_specification": [],
            "cpu_options": [],
            "credit_specification": [],
            "default_version": 1,
            "description": "",
            "disable_api_stop": false,
            "disable_api_termination": false,
            "ebs_optimized": "",
            "enclave_options": [],
            "hibernation_options": [],
            "iam_instance_profile": [],
            "id": "lt-01761a16f70f0feaf",
            "image_id": "ami-0ecb62995f68bb549",
            "instance_initiated_shutdown_behavior": "",
            "instance_market_options": [],
            "instance_requirements": [],
            "instance_type": "t3.micro",
            "kernel_id": "",
            "key_name": "gradflow-users",
            "latest_version": 1,
            "license_specification": [],
            "maintenance_options": [],
            "metadata_options": [],
            "monitoring": [],
            "name": "users-app-20260121160512672600000002",
            "name_prefix": "users-app-",
            "network_interfaces": [],
            "placement": [],
            "private_dns_name_options": [],
            "ram_disk_id": "",
            "region": "us-east-1",
            "security_group_names": null,
            "tag_specifications": [],
            "tags": null,
            "tags_all": {
              "Environment": "users",
              "ManagedBy": "Terraform",
              "Project": "GradFlow"
            },
            "update_default_version": null,
            "user_data": "IyEvYmluL2Jhc2gKc2V0IC1lCgpleHBvcnQgREVCSUFOX0ZST05URU5EPW5vbmludGVyYWN0aXZlCgphcHQtZ2V0IHVwZGF0ZSAteQphcHQtZ2V0IGluc3RhbGwgLXkgZG9ja2VyLmlvCgpzeXN0ZW1jdGwgZW5hYmxlIGRvY2tlcgpzeXN0ZW1jdGwgc3RhcnQgZG9ja2VyCgojIFBlcm1pdGlyIHVzYXIgZG9ja2VyIHNpbiBzdWRvICh1c3VhcmlvIHVidW50dSkKdXNlcm1vZCAtYUcgZG9ja2VyIHVidW50dQoKIyBMb2cgcGFyYSBkZWJ1Z2dpbmcKZWNobyAiRG9ja2VyIGluc3RhbGFkbyBjb3JyZWN0YW1lbnRlIiA+IC92YXIvbG9nL3VzZXJfZGF0YS5sb2cKZG9ja2VyIC0tdmVyc2lvbiA+PiAvdmFyL2xvZy91c2VyX2RhdGEubG9nCg==",
            "vpc_security_group_ids": [
              "sg-093088e708390924a"
            ]
          },
          "sensitive_attributes": [],
          "identity_schema_version": 0,
          "private": "eyJzY2hlbWFfdmVyc2lvbiI6IjEifQ==",
          "dependencies": [
            "aws_key_pair.this",
            "aws_security_group.lb",
            "aws_security_group.web",
            "aws_vpc.main",
            "tls_private_key.this"
          ]
        }
      ]
    },
    {
      "mode": "managed",
      "type": "aws_lb",
      "name": "app",
      "provider": "provider[\"registry.terraform.io/hashicorp/aws\"]",
      "instances": [
        {
          "schema_version": 0,
          "attributes": {
            "access_logs": [
              {
                "bucket": "",
                "enabled": false,
                "prefix": ""
              }
            ],
            "arn": "arn:aws:elasticloadbalancing:us-east-1:697755754723:loadbalancer/app/users-lb/32a49401e0060079",
            "arn_suffix": "app/users-lb/32a49401e0060079",
            "client_keep_alive": 3600,
            "connection_logs": [
              {
                "bucket": "",
                "enabled": false,
                "prefix": ""
              }
            ],
            "customer_owned_ipv4_pool": "",
            "desync_mitigation_mode": "defensive",
            "dns_name": "users-lb-1787110905.us-east-1.elb.amazonaws.com",
            "dns_record_client_routing_policy": null,
            "drop_invalid_header_fields": false,
            "enable_cross_zone_load_balancing": true,
            "enable_deletion_protection": false,
            "enable_http2": true,
            "enable_tls_version_and_cipher_suite_headers": false,
            "enable_waf_fail_open": false,
            "enable_xff_client_port": false,
            "enable_zonal_shift": false,
            "enforce_security_group_inbound_rules_on_private_link_traffic": "",
            "health_check_logs": [
              {
                "bucket": "",
                "enabled": false,
                "prefix": ""
              }
            ],
            "id": "arn:aws:elasticloadbalancing:us-east-1:697755754723:loadbalancer/app/users-lb/32a49401e0060079",
            "idle_timeout": 60,
            "internal": false,
            "ip_address_type": "ipv4",
            "ipam_pools": [],
            "load_balancer_type": "application",
            "minimum_load_balancer_capacity": [],
            "name": "users-lb",
            "name_prefix": "",
            "preserve_host_header": false,
            "region": "us-east-1",
            "secondary_ips_auto_assigned_per_subnet": null,
            "security_groups": [
              "sg-0cee4db4928fa0260"
            ],
            "subnet_mapping": [
              {
                "allocation_id": "",
                "ipv6_address": "",
                "outpost_id": "",
                "private_ipv4_address": "",
                "subnet_id": "subnet-0678a7c2aafcfa3df"
              },
              {
                "allocation_id": "",
                "ipv6_address": "",
                "outpost_id": "",
                "private_ipv4_address": "",
                "subnet_id": "subnet-0dd8e8c0621ff263e"
              }
            ],
            "subnets": [
              "subnet-0678a7c2aafcfa3df",
              "subnet-0dd8e8c0621ff263e"
            ],
            "tags": {
              "Name": "users-application-lb"
            },
            "tags_all": {
              "Environment": "users",
              "ManagedBy": "Terraform",
              "Name": "users-application-lb",
              "Project": "GradFlow"
            },
            "timeouts": null,
            "vpc_id": "vpc-0597b45a3c0335f32",
            "xff_header_processing_mode": "append",
            "zone_id": "Z35SXDOTRQ7X7K"
          },
          "sensitive_attributes": [],
          "identity_schema_version": 0,
          "identity": {
            "arn": "arn:aws:elasticloadbalancing:us-east-1:697755754723:loadbalancer/app/users-lb/32a49401e0060079"
          },
          "private": "eyJlMmJmYjczMC1lY2FhLTExZTYtOGY4OC0zNDM2M2JjN2M0YzAiOnsiY3JlYXRlIjo2MDAwMDAwMDAwMDAsImRlbGV0ZSI6NjAwMDAwMDAwMDAwLCJ1cGRhdGUiOjYwMDAwMDAwMDAwMH19",
          "dependencies": [
            "aws_security_group.lb",
            "aws_subnet.public",
            "aws_vpc.main",
            "data.aws_availability_zones.available"
          ]
        }
      ]
    },
    {
      "mode": "managed",
      "type": "aws_lb_listener",
      "name": "http",
      "provider": "provider[\"registry.terraform.io/hashicorp/aws\"]",
      "instances": [
        {
          "schema_version": 0,
          "attributes": {
            "alpn_policy": null,
            "arn": "arn:aws:elasticloadbalancing:us-east-1:697755754723:listener/app/users-lb/32a49401e0060079/a98e83995ac2120c",
            "certificate_arn": null,
            "default_action": [
              {
                "authenticate_cognito": [],
                "authenticate_oidc": [],
                "fixed_response": [],
                "forward": [],
                "jwt_validation": [],
                "order": 1,
                "redirect": [],
                "target_group_arn": "arn:aws:elasticloadbalancing:us-east-1:697755754723:targetgroup/users-tg/405f95502201b79c",
                "type": "forward"
              }
            ],
            "id": "arn:aws:elasticloadbalancing:us-east-1:697755754723:listener/app/users-lb/32a49401e0060079/a98e83995ac2120c",
            "load_balancer_arn": "arn:aws:elasticloadbalancing:us-east-1:697755754723:loadbalancer/app/users-lb/32a49401e0060079",
            "mutual_authentication": [],
            "port": 80,
            "protocol": "HTTP",
            "region": "us-east-1",
            "routing_http_request_x_amzn_mtls_clientcert_header_name": null,
            "routing_http_request_x_amzn_mtls_clientcert_issuer_header_name": null,
            "routing_http_request_x_amzn_mtls_clientcert_leaf_header_name": null,
            "routing_http_request_x_amzn_mtls_clientcert_serial_number_header_name": null,
            "routing_http_request_x_amzn_mtls_clientcert_subject_header_name": null,
            "routing_http_request_x_amzn_mtls_clientcert_validity_header_name": null,
            "routing_http_request_x_amzn_tls_cipher_suite_header_name": null,
            "routing_http_request_x_amzn_tls_version_header_name": null,
            "routing_http_response_access_control_allow_credentials_header_value": "",
            "routing_http_response_access_control_allow_headers_header_value": "",
            "routing_http_response_access_control_allow_methods_header_value": "",
            "routing_http_response_access_control_allow_origin_header_value": "",
            "routing_http_response_access_control_expose_headers_header_value": "",
            "routing_http_response_access_control_max_age_header_value": "",
            "routing_http_response_content_security_policy_header_value": "",
            "routing_http_response_server_enabled": true,
            "routing_http_response_strict_transport_security_header_value": "",
            "routing_http_response_x_content_type_options_header_value": "",
            "routing_http_response_x_frame_options_header_value": "",
            "ssl_policy": "",
            "tags": null,
            "tags_all": {
              "Environment": "users",
              "ManagedBy": "Terraform",
              "Project": "GradFlow"
            },
            "tcp_idle_timeout_seconds": null,
            "timeouts": null
          },
          "sensitive_attributes": [],
          "identity_schema_version": 0,
          "identity": {
            "arn": "arn:aws:elasticloadbalancing:us-east-1:697755754723:listener/app/users-lb/32a49401e0060079/a98e83995ac2120c"
          },
          "private": "eyJlMmJmYjczMC1lY2FhLTExZTYtOGY4OC0zNDM2M2JjN2M0YzAiOnsiY3JlYXRlIjozMDAwMDAwMDAwMDAsInVwZGF0ZSI6MzAwMDAwMDAwMDAwfX0=",
          "dependencies": [
            "aws_lb.app",
            "aws_lb_target_group.app",
            "aws_security_group.lb",
            "aws_subnet.public",
            "aws_vpc.main",
            "data.aws_availability_zones.available"
          ]
        }
      ]
    },
    {
      "mode": "managed",
      "type": "aws_lb_target_group",
      "name": "app",
      "provider": "provider[\"registry.terraform.io/hashicorp/aws\"]",
      "instances": [
        {
          "schema_version": 0,
          "attributes": {
            "arn": "arn:aws:elasticloadbalancing:us-east-1:697755754723:targetgroup/users-tg/405f95502201b79c",
            "arn_suffix": "targetgroup/users-tg/405f95502201b79c",
            "connection_termination": null,
            "deregistration_delay": "30",
            "health_check": [
              {
                "enabled": true,
                "healthy_threshold": 2,
                "interval": 30,
                "matcher": "200",
                "path": "/health",
                "port": "traffic-port",
                "protocol": "HTTP",
                "timeout": 5,
                "unhealthy_threshold": 3
              }
            ],
            "id": "arn:aws:elasticloadbalancing:us-east-1:697755754723:targetgroup/users-tg/405f95502201b79c",
            "ip_address_type": "ipv4",
            "lambda_multi_value_headers_enabled": false,
            "load_balancer_arns": [],
            "load_balancing_algorithm_type": "round_robin",
            "load_balancing_anomaly_mitigation": "off",
            "load_balancing_cross_zone_enabled": "use_load_balancer_configuration",
            "name": "users-tg",
            "name_prefix": "",
            "port": 80,
            "preserve_client_ip": null,
            "protocol": "HTTP",
            "protocol_version": "HTTP1",
            "proxy_protocol_v2": false,
            "region": "us-east-1",
            "slow_start": 0,
            "stickiness": [
              {
                "cookie_duration": 86400,
                "cookie_name": "",
                "enabled": false,
                "type": "lb_cookie"
              }
            ],
            "tags": {
              "Name": "users-target-group"
            },
            "tags_all": {
              "Environment": "users",
              "ManagedBy": "Terraform",
              "Name": "users-target-group",
              "Project": "GradFlow"
            },
            "target_control_port": 0,
            "target_failover": [
              {
                "on_deregistration": null,
                "on_unhealthy": null
              }
            ],
            "target_group_health": [
              {
                "dns_failover": [
                  {
                    "minimum_healthy_targets_count": "1",
                    "minimum_healthy_targets_percentage": "off"
                  }
                ],
                "unhealthy_state_routing": [
                  {
                    "minimum_healthy_targets_count": 1,
                    "minimum_healthy_targets_percentage": "off"
                  }
                ]
              }
            ],
            "target_health_state": [
              {
                "enable_unhealthy_connection_termination": null,
                "unhealthy_draining_interval": null
              }
            ],
            "target_type": "instance",
            "vpc_id": "vpc-0597b45a3c0335f32"
          },
          "sensitive_attributes": [],
          "identity_schema_version": 0,
          "identity": {
            "arn": "arn:aws:elasticloadbalancing:us-east-1:697755754723:targetgroup/users-tg/405f95502201b79c"
          },
          "private": "bnVsbA==",
          "dependencies": [
            "aws_vpc.main"
          ]
        }
      ]
    },
    {
      "mode": "managed",
      "type": "aws_route_table",
      "name": "public",
      "provider": "provider[\"registry.terraform.io/hashicorp/aws\"]",
      "instances": [
        {
          "schema_version": 0,
          "attributes": {
            "arn": "arn:aws:ec2:us-east-1:697755754723:route-table/rtb-04161ea87ddd0f23b",
            "id": "rtb-04161ea87ddd0f23b",
            "owner_id": "697755754723",
            "propagating_vgws": [],
            "region": "us-east-1",
            "route": [
              {
                "carrier_gateway_id": "",
                "cidr_block": "0.0.0.0/0",
                "core_network_arn": "",
                "destination_prefix_list_id": "",
                "egress_only_gateway_id": "",
                "gateway_id": "igw-00e872f9134b75ec0",
                "ipv6_cidr_block": "",
                "local_gateway_id": "",
                "nat_gateway_id": "",
                "network_interface_id": "",
                "transit_gateway_id": "",
                "vpc_endpoint_id": "",
                "vpc_peering_connection_id": ""
              }
            ],
            "tags": null,
            "tags_all": {
              "Environment": "users",
              "ManagedBy": "Terraform",
              "Project": "GradFlow"
            },
            "timeouts": null,
            "vpc_id": "vpc-0597b45a3c0335f32"
          },
          "sensitive_attributes": [],
          "identity_schema_version": 0,
          "identity": {
            "account_id": "697755754723",
            "id": "rtb-04161ea87ddd0f23b",
            "region": "us-east-1"
          },
          "private": "eyJlMmJmYjczMC1lY2FhLTExZTYtOGY4OC0zNDM2M2JjN2M0YzAiOnsiY3JlYXRlIjozMDAwMDAwMDAwMDAsImRlbGV0ZSI6MzAwMDAwMDAwMDAwLCJ1cGRhdGUiOjEyMDAwMDAwMDAwMH19",
          "dependencies": [
            "aws_internet_gateway.igw",
            "aws_vpc.main"
          ]
        }
      ]
    },
    {
      "mode": "managed",
      "type": "aws_route_table_association",
      "name": "public",
      "provider": "provider[\"registry.terraform.io/hashicorp/aws\"]",
      "instances": [
        {
          "index_key": 0,
          "schema_version": 0,
          "attributes": {
            "gateway_id": "",
            "id": "rtbassoc-0f73070784a8e1228",
            "region": "us-east-1",
            "route_table_id": "rtb-04161ea87ddd0f23b",
            "subnet_id": "subnet-0678a7c2aafcfa3df",
            "timeouts": null
          },
          "sensitive_attributes": [],
          "identity_schema_version": 0,
          "private": "eyJlMmJmYjczMC1lY2FhLTExZTYtOGY4OC0zNDM2M2JjN2M0YzAiOnsiY3JlYXRlIjozMDAwMDAwMDAwMDAsImRlbGV0ZSI6MzAwMDAwMDAwMDAwLCJ1cGRhdGUiOjEyMDAwMDAwMDAwMH19",
          "dependencies": [
            "aws_internet_gateway.igw",
            "aws_route_table.public",
            "aws_subnet.public",
            "aws_vpc.main",
            "data.aws_availability_zones.available"
          ]
        },
        {
          "index_key": 1,
          "schema_version": 0,
          "attributes": {
            "gateway_id": "",
            "id": "rtbassoc-005d5687727c4a2b6",
            "region": "us-east-1",
            "route_table_id": "rtb-04161ea87ddd0f23b",
            "subnet_id": "subnet-0dd8e8c0621ff263e",
            "timeouts": null
          },
          "sensitive_attributes": [],
          "identity_schema_version": 0,
          "private": "eyJlMmJmYjczMC1lY2FhLTExZTYtOGY4OC0zNDM2M2JjN2M0YzAiOnsiY3JlYXRlIjozMDAwMDAwMDAwMDAsImRlbGV0ZSI6MzAwMDAwMDAwMDAwLCJ1cGRhdGUiOjEyMDAwMDAwMDAwMH19",
          "dependencies": [
            "aws_internet_gateway.igw",
            "aws_route_table.public",
            "aws_subnet.public",
            "aws_vpc.main",
            "data.aws_availability_zones.available"
          ]
        }
      ]
    },
    {
      "mode": "managed",
      "type": "aws_security_group",
      "name": "lb",
      "provider": "provider[\"registry.terraform.io/hashicorp/aws\"]",
      "instances": [
        {
          "schema_version": 1,
          "attributes": {
            "arn": "arn:aws:ec2:us-east-1:697755754723:security-group/sg-0cee4db4928fa0260",
            "description": "Managed by Terraform",
            "egress": [
              {
                "cidr_blocks": [
                  "0.0.0.0/0"
                ],
                "description": "",
                "from_port": 0,
                "ipv6_cidr_blocks": [],
                "prefix_list_ids": [],
                "protocol": "-1",
                "security_groups": [],
                "self": false,
                "to_port": 0
              }
            ],
            "id": "sg-0cee4db4928fa0260",
            "ingress": [
              {
                "cidr_blocks": [
                  "0.0.0.0/0"
                ],
                "description": "",
                "from_port": 80,
                "ipv6_cidr_blocks": [],
                "prefix_list_ids": [],
                "protocol": "tcp",
                "security_groups": [],
                "self": false,
                "to_port": 80
              }
            ],
            "name": "lb_sg",
            "name_prefix": "",
            "owner_id": "697755754723",
            "region": "us-east-1",
            "revoke_rules_on_delete": false,
            "tags": null,
            "tags_all": {
              "Environment": "users",
              "ManagedBy": "Terraform",
              "Project": "GradFlow"
            },
            "timeouts": null,
            "vpc_id": "vpc-0597b45a3c0335f32"
          },
          "sensitive_attributes": [],
          "identity_schema_version": 0,
          "identity": {
            "account_id": "697755754723",
            "id": "sg-0cee4db4928fa0260",
            "region": "us-east-1"
          },
          "private": "eyJlMmJmYjczMC1lY2FhLTExZTYtOGY4OC0zNDM2M2JjN2M0YzAiOnsiY3JlYXRlIjo2MDAwMDAwMDAwMDAsImRlbGV0ZSI6OTAwMDAwMDAwMDAwfSwic2NoZW1hX3ZlcnNpb24iOiIxIn0=",
          "dependencies": [
            "aws_vpc.main"
          ]
        }
      ]
    },
    {
      "mode": "managed",
      "type": "aws_security_group",
      "name": "web",
      "provider": "provider[\"registry.terraform.io/hashicorp/aws\"]",
      "instances": [
        {
          "schema_version": 1,
          "attributes": {
            "arn": "arn:aws:ec2:us-east-1:697755754723:security-group/sg-093088e708390924a",
            "description": "Managed by Terraform",
            "egress": [
              {
                "cidr_blocks": [
                  "0.0.0.0/0"
                ],
                "description": "",
                "from_port": 0,
                "ipv6_cidr_blocks": [],
                "prefix_list_ids": [],
                "protocol": "-1",
                "security_groups": [],
                "self": false,
                "to_port": 0
              }
            ],
            "id": "sg-093088e708390924a",
            "ingress": [
              {
                "cidr_blocks": [
                  "0.0.0.0/0"
                ],
                "description": "SSH for CI/CD",
                "from_port": 22,
                "ipv6_cidr_blocks": [],
                "prefix_list_ids": [],
                "protocol": "tcp",
                "security_groups": [],
                "self": false,
                "to_port": 22
              },
              {
                "cidr_blocks": [],
                "description": "",
                "from_port": 80,
                "ipv6_cidr_blocks": [],
                "prefix_list_ids": [],
                "protocol": "tcp",
                "security_groups": [
                  "sg-0cee4db4928fa0260"
                ],
                "self": false,
                "to_port": 80
              }
            ],
            "name": "web_sg",
            "name_prefix": "",
            "owner_id": "697755754723",
            "region": "us-east-1",
            "revoke_rules_on_delete": false,
            "tags": null,
            "tags_all": {
              "Environment": "users",
              "ManagedBy": "Terraform",
              "Project": "GradFlow"
            },
            "timeouts": null,
            "vpc_id": "vpc-0597b45a3c0335f32"
          },
          "sensitive_attributes": [],
          "identity_schema_version": 0,
          "identity": {
            "account_id": "697755754723",
            "id": "sg-093088e708390924a",
            "region": "us-east-1"
          },
          "private": "eyJlMmJmYjczMC1lY2FhLTExZTYtOGY4OC0zNDM2M2JjN2M0YzAiOnsiY3JlYXRlIjo2MDAwMDAwMDAwMDAsImRlbGV0ZSI6OTAwMDAwMDAwMDAwfSwic2NoZW1hX3ZlcnNpb24iOiIxIn0=",
          "dependencies": [
            "aws_security_group.lb",
            "aws_vpc.main"
          ]
        }
      ]
    },
    {
      "mode": "managed",
      "type": "aws_subnet",
      "name": "public",
      "provider": "provider[\"registry.terraform.io/hashicorp/aws\"]",
      "instances": [
        {
          "index_key": 0,
          "schema_version": 1,
          "attributes": {
            "arn": "arn:aws:ec2:us-east-1:697755754723:subnet/subnet-0678a7c2aafcfa3df",
            "assign_ipv6_address_on_creation": false,
            "availability_zone": "us-east-1a",
            "availability_zone_id": "use1-az6",
            "cidr_block": "10.0.0.0/24",
            "customer_owned_ipv4_pool": "",
            "enable_dns64": false,
            "enable_lni_at_device_index": 0,
            "enable_resource_name_dns_a_record_on_launch": false,
            "enable_resource_name_dns_aaaa_record_on_launch": false,
            "id": "subnet-0678a7c2aafcfa3df",
            "ipv6_cidr_block": "",
            "ipv6_cidr_block_association_id": "",
            "ipv6_native": false,
            "map_customer_owned_ip_on_launch": false,
            "map_public_ip_on_launch": true,
            "outpost_arn": "",
            "owner_id": "697755754723",
            "private_dns_hostname_type_on_launch": "ip-name",
            "region": "us-east-1",
            "tags": null,
            "tags_all": {
              "Environment": "users",
              "ManagedBy": "Terraform",
              "Project": "GradFlow"
            },
            "timeouts": null,
            "vpc_id": "vpc-0597b45a3c0335f32"
          },
          "sensitive_attributes": [],
          "identity_schema_version": 0,
          "identity": {
            "account_id": "697755754723",
            "id": "subnet-0678a7c2aafcfa3df",
            "region": "us-east-1"
          },
          "private": "eyJlMmJmYjczMC1lY2FhLTExZTYtOGY4OC0zNDM2M2JjN2M0YzAiOnsiY3JlYXRlIjo2MDAwMDAwMDAwMDAsImRlbGV0ZSI6MTIwMDAwMDAwMDAwMH0sInNjaGVtYV92ZXJzaW9uIjoiMSJ9",
          "dependencies": [
            "aws_vpc.main",
            "data.aws_availability_zones.available"
          ]
        },
        {
          "index_key": 1,
          "schema_version": 1,
          "attributes": {
            "arn": "arn:aws:ec2:us-east-1:697755754723:subnet/subnet-0dd8e8c0621ff263e",
            "assign_ipv6_address_on_creation": false,
            "availability_zone": "us-east-1b",
            "availability_zone_id": "use1-az1",
            "cidr_block": "10.0.1.0/24",
            "customer_owned_ipv4_pool": "",
            "enable_dns64": false,
            "enable_lni_at_device_index": 0,
            "enable_resource_name_dns_a_record_on_launch": false,
            "enable_resource_name_dns_aaaa_record_on_launch": false,
            "id": "subnet-0dd8e8c0621ff263e",
            "ipv6_cidr_block": "",
            "ipv6_cidr_block_association_id": "",
            "ipv6_native": false,
            "map_customer_owned_ip_on_launch": false,
            "map_public_ip_on_launch": true,
            "outpost_arn": "",
            "owner_id": "697755754723",
            "private_dns_hostname_type_on_launch": "ip-name",
            "region": "us-east-1",
            "tags": null,
            "tags_all": {
              "Environment": "users",
              "ManagedBy": "Terraform",
              "Project": "GradFlow"
            },
            "timeouts": null,
            "vpc_id": "vpc-0597b45a3c0335f32"
          },
          "sensitive_attributes": [],
          "identity_schema_version": 0,
          "identity": {
            "account_id": "697755754723",
            "id": "subnet-0dd8e8c0621ff263e",
            "region": "us-east-1"
          },
          "private": "eyJlMmJmYjczMC1lY2FhLTExZTYtOGY4OC0zNDM2M2JjN2M0YzAiOnsiY3JlYXRlIjo2MDAwMDAwMDAwMDAsImRlbGV0ZSI6MTIwMDAwMDAwMDAwMH0sInNjaGVtYV92ZXJzaW9uIjoiMSJ9",
          "dependencies": [
            "aws_vpc.main",
            "data.aws_availability_zones.available"
          ]
        }
      ]
    },
    {
      "mode": "managed",
      "type": "aws_vpc",
      "name": "main",
      "provider": "provider[\"registry.terraform.io/hashicorp/aws\"]",
      "instances": [
        {
          "schema_version": 1,
          "attributes": {
            "arn": "arn:aws:ec2:us-east-1:697755754723:vpc/vpc-0597b45a3c0335f32",
            "assign_generated_ipv6_cidr_block": false,
            "cidr_block": "10.0.0.0/16",
            "default_network_acl_id": "acl-05162e7c3d5ce272b",
            "default_route_table_id": "rtb-057daf621a24335e1",
            "default_security_group_id": "sg-0ca93e695e9e99c69",
            "dhcp_options_id": "dopt-09c9a738bb79b4b08",
            "enable_dns_hostnames": false,
            "enable_dns_support": true,
            "enable_network_address_usage_metrics": false,
            "id": "vpc-0597b45a3c0335f32",
            "instance_tenancy": "default",
            "ipv4_ipam_pool_id": null,
            "ipv4_netmask_length": null,
            "ipv6_association_id": "",
            "ipv6_cidr_block": "",
            "ipv6_cidr_block_network_border_group": "",
            "ipv6_ipam_pool_id": "",
            "ipv6_netmask_length": 0,
            "main_route_table_id": "rtb-057daf621a24335e1",
            "owner_id": "697755754723",
            "region": "us-east-1",
            "tags": null,
            "tags_all": {
              "Environment": "users",
              "ManagedBy": "Terraform",
              "Project": "GradFlow"
            }
          },
          "sensitive_attributes": [],
          "identity_schema_version": 0,
          "identity": {
            "account_id": "697755754723",
            "id": "vpc-0597b45a3c0335f32",
            "region": "us-east-1"
          },
          "private": "eyJzY2hlbWFfdmVyc2lvbiI6IjEifQ=="
        }
      ]
    },
    {
      "mode": "managed",
      "type": "local_file",
      "name": "private_key_pem",
      "provider": "provider[\"registry.terraform.io/hashicorp/local\"]",
      "instances": [
        {
          "index_key": 0,
          "schema_version": 0,
          "attributes": {
            "content": "-----BEGIN RSA PRIVATE KEY-----\nMIIJKQIBAAKCAgEAzEdBKPmcnfHJW1NPrXhtzgVmC9oW0Hx9s2cmpEbX4QL5J+wf\npOeSomO/mxNTSvCLt8/qkrelQBhaR3hVKAR9f+6xaf0B3z0UdPhh0EizZCC+IRyY\n74djOQC1SYBj3Ly+wMk9kC9VyJGFezgvxYvBAAYpGdUlUGTkoptLoodkmOhnzNAS\ngy34jFwMT0oXbmltSbCHh3J8n/KYQ1T97mnjRnYHh7dohupUSLFoCsJOiGYuXROm\naaxKarzY4sOnZPlkYO/ZB7yQCRIOOQ1NtWt1g2XwzPgWVqoxBJFwXGjgElP19DPE\nn0+8asMZ8HuOqlRpxCkKpzSAgIpwQWt1PxXxx579rwKxT5A8WJFbMiJcqNx9CGJP\ntZYmL3GLFP7064HCyoWzKli8A5jQ6+zVz2YqmOatX8obXZqLPAc1UriyFqSuU9Dd\n+Nz7xZYB2KX0K/6zwgZyk1QcQHID6CyCA/vBW70lztno7eaCZzCtQDAFKJM9mh3P\nUkUMGio6d0xQf9KwihPzncNyIWZVz+do1VpjcL54sp/EaVRdAk7tS9V4RnDvP3Le\nREifnauzQSL87wSZJIDoPTVTWHkywW49RTnL9EqZH9rqunIgf9BXd47hMtaTcH26\nNniqaG0qL3QdB1kk+mX7OzOn5iIUbovvO4hyn6LcThevdLor1x+gS1mdZd8CAwEA\nAQKCAgBkh3xtqcmFgQPSycEgYW/IP6fklUM8/sbtjwnZNnPu7AOpve4kvUHQYL5e\nlrga3R4lK1EJOw8758AmA/YEZ5FLcDAnNLfDIM/8cG/SjLSbxfFLYkNxPXN7Dfop\nXeHHM6u8PEzrtB/HQLYr2Y7I7OniFSYM7HQciEpsK3ihV3gON/E9PfieTfVPPc1h\nB9lYINIDvbg01Aa4wC5mlGES/1E1z8gM5hmuq4sm6weEo/L59S9D5vOydXN5683g\nauDqNEFN4zsvL4DCtfwB36YqbeO68mP6uuxjYgYVdW2STJpY6rDTqNZOgHL9J16Q\nln2zHS+ftYLknlXO7FIqH7Png+kjrmpq2EV+FfTBq31vPGlEsh+agwKekZxtAb6x\njk6+7sCa9wE66lez0F+h3wu2VQqPM5Zw46qn5aX4uhEJH57cCD7pkLfhIaUMI2+F\nU7mXUlrHe4HeemlGmr3ipWCO5BLvBxQKIOx8AYXNKhCXIXwufHDx0dSZ8vHTxiQ9\n41gfKcJ36HYLPBi+1fIoOe++9jzUPeSSwd/DQqQ5UsaI720ts3zaWUugZ2MNz4LV\nLt0GhvobvNO57phRoE8B9ozzrKghSR53OcM9Or5FPy17u8Qy6SM0foqpt/Y7S39j\n77Ewdl/vbhBt1ODvazH3KZWgi4SVSCtPzYoMcH2ktEKLVRTO4QKCAQEA1fTrTpDH\n5lVhRp/4s7G1IQW9/740bed3i6adTkUtg6fnaGMOfOQP/KRla5KakyIyDLrxiwzS\n/UPFdezZTVVgdqFJBL1VmTD3FnZnxe41JkRvUpBsLS9OnYzg+9HV/CoiRIRkQtWO\nPsBEjpKQfUOq6eYzgGy4jmjB3RIRBXMtq/IrzPGs7aJmnVUna+vGSa5j2XAsVbiU\nmiRDstCln8kvAzy7KTtySip4/7vSzQxRIKVrGROcUEmHPPm/YukFH+g4lPvMVAGX\nucp3v+JPfyqOxEDq3mqYFYqSUu5babdDLqaVFVEE6BN2IOdTafuNLgGRYaSEQkJv\nATu1ZIBNDGj/BQKCAQEA9Gt3EdGMjrvB2tHfR4w9tuxhIQcHxnaLt3HS7oBUYVvt\n4X6TVliNuUsE8Zzz26FGo8zd3MtUirDKazuO+O92dv0vP9Aa6xjlvEDarAaC9V/I\nYbQpyPq3UIo5zjTD8tAQZwxneJMxD+pnmF/0jCc/70JlawKvf1z3JZDC7S/JlG1D\n/zSVmb2b3v9W0hpHDnRjQ8TL9gQLEHVrRip2eVOMItemTnpjm28JqfYPa+zT1WfP\n9N5CMqYvJYxVaEUWhxRLlyL1i5cR6JmYc590wmceI7x9i0BwrZw09SkBSqaI9Kyk\nIeX3Y17POMJoSeMXNt9ph6qYtbFlZYvK2RI3lNz+kwKCAQEAoa+imw7CYggnqO1/\nTpx+2uOx/7BHgr6nErvoqJuSl6mtMK+a5Tqb8jpyAmcZtRLka8ZifshEMeyjLki8\ntrpMWZnsyk4if9AHCcyVA3jOZYrV7bkCZusXJ+ysoOCkKxnUJ588/VzRUA6QQIX1\n9xPJ91RlmymOFuCHkH70qf+uhgBOpWQFYNeXYFJXpjDY+hl1j347otQISKwbFOik\nISoyAupELhakefO62NehqB8kt90KIDs3p1zJfITn4uFhZAljqQLYGKvTcy3UbQej\nN+B7X0gHtekr4SuFBHLoVe2OMZTlmORPJup+HMNzv+W/fQLmULm40THPHUl3/OkQ\nUM6P2QKCAQBdpccrRpSKI5o00vCvoyYKLitQ0jbCba0+jhf5VaX+35AXM74T+T3j\n3sB4KmCsp/A+1kGzVRyBPxdvWpR/AJDtKjiuRHfr19A9/sNJ4fzPMvG9rZ/M53LR\nIwTe4wyovdtrAC+s3QiRRoiGs00pXeh7LX9aLt86902iUQK+ie68Ndk1sNoY27Mb\nD84eFf9fpGxcDMzw57+tgK+nZKGb/szUlLednfsIFNUpD6P8//Jx86KT+Yx3h4DM\n7CXVG5N0EeycbcKSx0EPU7o7or7DtWqw2olnjzsc6ZrIy/s4tPIIfRUt/8R3iF3x\nK1t149KDLbprRovYIa3t6E/CN96f5MSNAoIBAQCcopC7cVDGMExWNaoTUP9XgwkB\nttpsX/0uqS7/6emfTcOjaj5RFQ+FSCEJmydoH3SmHcMy7MfgbS2uOFhsvCDrhgXd\ntfuzzdgWrVeVg+9HX7lkLl7b90mWog96PlExUlmxowyvYyvhV1T0GiEoKWr44es6\n0fSf65v8XVz0nAjxosd7dL4bQnrEbu4BoXoFuWAiwvl0rOMcEWQM9f9TxwGN5afy\nCIRbn6XWZJN16o642wX1O+dXloZIillElJgMjA/o3ltd603VxAF24/tA5NtrJ3+N\nztJdol2mdjkAs54/Gh0sL5dnuIGiTAXRYvyM942jp2HxReIr9nMH3T4et7Nm\n-----END RSA PRIVATE KEY-----\n",
            "content_base64": null,
            "content_base64sha256": "fEhNWG7qx4z5jHE+qUrWAOlyqv3f1EJe0o5KKaIF/J8=",
            "content_base64sha512": "miwMjcx/bVBKrw+TMpGqwKIe2ZLRJXGaclCWqqCijIQEDPKcVeUmojQtfCcDpDf28BJMgylas5qL9hX2eHPZsQ==",
            "content_md5": "16559239cebde3b5c330867bfc5fd19a",
            "content_sha1": "3be41f2d5abcd6bb488d1fd4d30931d7e12861da",
            "content_sha256": "7c484d586eeac78cf98c713ea94ad600e972aafddfd4425ed28e4a29a205fc9f",
            "content_sha512": "9a2c0c8dcc7f6d504aaf0f933291aac0a21ed992d125719a725096aaa0a28c84040cf29c55e526a2342d7c2703a437f6f0124c83295ab39a8bf615f67873d9b1",
            "directory_permission": "0777",
            "file_permission": "0600",
            "filename": "D:/llaves/gradflow-users.pem",
            "id": "3be41f2d5abcd6bb488d1fd4d30931d7e12861da",
            "sensitive_content": null,
            "source": null
          },
          "sensitive_attributes": [
            [
              {
                "type": "get_attr",
                "value": "content"
              }
            ],
            [
              {
                "type": "get_attr",
                "value": "sensitive_content"
              }
            ]
          ],
          "identity_schema_version": 0,
          "dependencies": [
            "tls_private_key.this"
          ]
        }
      ]
    },
    {
      "mode": "managed",
      "type": "tls_private_key",
      "name": "this",
      "provider": "provider[\"registry.terraform.io/hashicorp/tls\"]",
      "instances": [
        {
          "index_key": 0,
          "schema_version": 1,
          "attributes": {
            "algorithm": "RSA",
            "ecdsa_curve": "P224",
            "id": "4c6f1f7dff38877e541d2b4777aeeaeacab41b1c",
            "private_key_openssh": "-----BEGIN OPENSSH PRIVATE KEY-----\nb3BlbnNzaC1rZXktdjEAAAAABG5vbmUAAAAEbm9uZQAAAAAAAAABAAACFwAAAAdz\nc2gtcnNhAAAAAwEAAQAAAgEAzEdBKPmcnfHJW1NPrXhtzgVmC9oW0Hx9s2cmpEbX\n4QL5J+wfpOeSomO/mxNTSvCLt8/qkrelQBhaR3hVKAR9f+6xaf0B3z0UdPhh0Eiz\nZCC+IRyY74djOQC1SYBj3Ly+wMk9kC9VyJGFezgvxYvBAAYpGdUlUGTkoptLoodk\nmOhnzNASgy34jFwMT0oXbmltSbCHh3J8n/KYQ1T97mnjRnYHh7dohupUSLFoCsJO\niGYuXROmaaxKarzY4sOnZPlkYO/ZB7yQCRIOOQ1NtWt1g2XwzPgWVqoxBJFwXGjg\nElP19DPEn0+8asMZ8HuOqlRpxCkKpzSAgIpwQWt1PxXxx579rwKxT5A8WJFbMiJc\nqNx9CGJPtZYmL3GLFP7064HCyoWzKli8A5jQ6+zVz2YqmOatX8obXZqLPAc1Uriy\nFqSuU9Dd+Nz7xZYB2KX0K/6zwgZyk1QcQHID6CyCA/vBW70lztno7eaCZzCtQDAF\nKJM9mh3PUkUMGio6d0xQf9KwihPzncNyIWZVz+do1VpjcL54sp/EaVRdAk7tS9V4\nRnDvP3LeREifnauzQSL87wSZJIDoPTVTWHkywW49RTnL9EqZH9rqunIgf9BXd47h\nMtaTcH26NniqaG0qL3QdB1kk+mX7OzOn5iIUbovvO4hyn6LcThevdLor1x+gS1md\nZd8AAAc4iuApnorgKZ4AAAAHc3NoLXJzYQAAAgEAzEdBKPmcnfHJW1NPrXhtzgVm\nC9oW0Hx9s2cmpEbX4QL5J+wfpOeSomO/mxNTSvCLt8/qkrelQBhaR3hVKAR9f+6x\naf0B3z0UdPhh0EizZCC+IRyY74djOQC1SYBj3Ly+wMk9kC9VyJGFezgvxYvBAAYp\nGdUlUGTkoptLoodkmOhnzNASgy34jFwMT0oXbmltSbCHh3J8n/KYQ1T97mnjRnYH\nh7dohupUSLFoCsJOiGYuXROmaaxKarzY4sOnZPlkYO/ZB7yQCRIOOQ1NtWt1g2Xw\nzPgWVqoxBJFwXGjgElP19DPEn0+8asMZ8HuOqlRpxCkKpzSAgIpwQWt1PxXxx579\nrwKxT5A8WJFbMiJcqNx9CGJPtZYmL3GLFP7064HCyoWzKli8A5jQ6+zVz2YqmOat\nX8obXZqLPAc1UriyFqSuU9Dd+Nz7xZYB2KX0K/6zwgZyk1QcQHID6CyCA/vBW70l\nztno7eaCZzCtQDAFKJM9mh3PUkUMGio6d0xQf9KwihPzncNyIWZVz+do1VpjcL54\nsp/EaVRdAk7tS9V4RnDvP3LeREifnauzQSL87wSZJIDoPTVTWHkywW49RTnL9EqZ\nH9rqunIgf9BXd47hMtaTcH26NniqaG0qL3QdB1kk+mX7OzOn5iIUbovvO4hyn6Lc\nThevdLor1x+gS1mdZd8AAAADAQABAAACAGSHfG2pyYWBA9LJwSBhb8g/p+SVQzz+\nxu2PCdk2c+7sA6m97iS9QdBgvl6WuBrdHiUrUQk7DzvnwCYD9gRnkUtwMCc0t8Mg\nz/xwb9KMtJvF8UtiQ3E9c3sN+ild4cczq7w8TOu0H8dAtivZjsjs6eIVJgzsdByI\nSmwreKFXeA438T09+J5N9U89zWEH2Vgg0gO9uDTUBrjALmaUYRL/UTXPyAzmGa6r\niybrB4Sj8vn1L0Pm87J1c3nrzeBq4Oo0QU3jOy8vgMK1/AHfpipt47ryY/q67GNi\nBhV1bZJMmljqsNOo1k6Acv0nXpCWfbMdL5+1guSeVc7sUiofs+eD6SOuamrYRX4V\n9MGrfW88aUSyH5qDAp6RnG0BvrGOTr7uwJr3ATrqV7PQX6HfC7ZVCo8zlnDjqqfl\npfi6EQkfntwIPumQt+EhpQwjb4VTuZdSWsd7gd56aUaaveKlYI7kEu8HFAog7HwB\nhc0qEJchfC58cPHR1Jny8dPGJD3jWB8pwnfodgs8GL7V8ig57772PNQ95JLB38NC\npDlSxojvbS2zfNpZS6BnYw3PgtUu3QaG+hu807numFGgTwH2jPOsqCFJHnc5wz06\nvkU/LXu7xDLpIzR+iqm39jtLf2PvsTB2X+9uEG3U4O9rMfcplaCLhJVIK0/Nigxw\nfaS0QotVFM7hAAABAQCcopC7cVDGMExWNaoTUP9XgwkBttpsX/0uqS7/6emfTcOj\naj5RFQ+FSCEJmydoH3SmHcMy7MfgbS2uOFhsvCDrhgXdtfuzzdgWrVeVg+9HX7lk\nLl7b90mWog96PlExUlmxowyvYyvhV1T0GiEoKWr44es60fSf65v8XVz0nAjxosd7\ndL4bQnrEbu4BoXoFuWAiwvl0rOMcEWQM9f9TxwGN5afyCIRbn6XWZJN16o642wX1\nO+dXloZIillElJgMjA/o3ltd603VxAF24/tA5NtrJ3+NztJdol2mdjkAs54/Gh0s\nL5dnuIGiTAXRYvyM942jp2HxReIr9nMH3T4et7NmAAABAQDV9OtOkMfmVWFGn/iz\nsbUhBb3/vjRt53eLpp1ORS2Dp+doYw585A/8pGVrkpqTIjIMuvGLDNL9Q8V17NlN\nVWB2oUkEvVWZMPcWdmfF7jUmRG9SkGwtL06djOD70dX8KiJEhGRC1Y4+wESOkpB9\nQ6rp5jOAbLiOaMHdEhEFcy2r8ivM8aztomadVSdr68ZJrmPZcCxVuJSaJEOy0KWf\nyS8DPLspO3JKKnj/u9LNDFEgpWsZE5xQSYc8+b9i6QUf6DiU+8xUAZe5yne/4k9/\nKo7EQOreapgVipJS7ltpt0MuppUVUQToE3Yg51Np+40uAZFhpIRCQm8BO7VkgE0M\naP8FAAABAQD0a3cR0YyOu8Ha0d9HjD227GEhBwfGdou3cdLugFRhW+3hfpNWWI25\nSwTxnPPboUajzN3cy1SKsMprO47473Z2/S8/0BrrGOW8QNqsBoL1X8hhtCnI+rdQ\nijnONMPy0BBnDGd4kzEP6meYX/SMJz/vQmVrAq9/XPclkMLtL8mUbUP/NJWZvZve\n/1bSGkcOdGNDxMv2BAsQdWtGKnZ5U4wi16ZOemObbwmp9g9r7NPVZ8/03kIypi8l\njFVoRRaHFEuXIvWLlxHomZhzn3TCZx4jvH2LQHCtnDT1KQFKpoj0rKQh5fdjXs84\nwmhJ4xc232mHqpi1sWVli8rZEjeU3P6TAAAAAAEC\n-----END OPENSSH PRIVATE KEY-----\n",
            "private_key_pem": "-----BEGIN RSA PRIVATE KEY-----\nMIIJKQIBAAKCAgEAzEdBKPmcnfHJW1NPrXhtzgVmC9oW0Hx9s2cmpEbX4QL5J+wf\npOeSomO/mxNTSvCLt8/qkrelQBhaR3hVKAR9f+6xaf0B3z0UdPhh0EizZCC+IRyY\n74djOQC1SYBj3Ly+wMk9kC9VyJGFezgvxYvBAAYpGdUlUGTkoptLoodkmOhnzNAS\ngy34jFwMT0oXbmltSbCHh3J8n/KYQ1T97mnjRnYHh7dohupUSLFoCsJOiGYuXROm\naaxKarzY4sOnZPlkYO/ZB7yQCRIOOQ1NtWt1g2XwzPgWVqoxBJFwXGjgElP19DPE\nn0+8asMZ8HuOqlRpxCkKpzSAgIpwQWt1PxXxx579rwKxT5A8WJFbMiJcqNx9CGJP\ntZYmL3GLFP7064HCyoWzKli8A5jQ6+zVz2YqmOatX8obXZqLPAc1UriyFqSuU9Dd\n+Nz7xZYB2KX0K/6zwgZyk1QcQHID6CyCA/vBW70lztno7eaCZzCtQDAFKJM9mh3P\nUkUMGio6d0xQf9KwihPzncNyIWZVz+do1VpjcL54sp/EaVRdAk7tS9V4RnDvP3Le\nREifnauzQSL87wSZJIDoPTVTWHkywW49RTnL9EqZH9rqunIgf9BXd47hMtaTcH26\nNniqaG0qL3QdB1kk+mX7OzOn5iIUbovvO4hyn6LcThevdLor1x+gS1mdZd8CAwEA\nAQKCAgBkh3xtqcmFgQPSycEgYW/IP6fklUM8/sbtjwnZNnPu7AOpve4kvUHQYL5e\nlrga3R4lK1EJOw8758AmA/YEZ5FLcDAnNLfDIM/8cG/SjLSbxfFLYkNxPXN7Dfop\nXeHHM6u8PEzrtB/HQLYr2Y7I7OniFSYM7HQciEpsK3ihV3gON/E9PfieTfVPPc1h\nB9lYINIDvbg01Aa4wC5mlGES/1E1z8gM5hmuq4sm6weEo/L59S9D5vOydXN5683g\nauDqNEFN4zsvL4DCtfwB36YqbeO68mP6uuxjYgYVdW2STJpY6rDTqNZOgHL9J16Q\nln2zHS+ftYLknlXO7FIqH7Png+kjrmpq2EV+FfTBq31vPGlEsh+agwKekZxtAb6x\njk6+7sCa9wE66lez0F+h3wu2VQqPM5Zw46qn5aX4uhEJH57cCD7pkLfhIaUMI2+F\nU7mXUlrHe4HeemlGmr3ipWCO5BLvBxQKIOx8AYXNKhCXIXwufHDx0dSZ8vHTxiQ9\n41gfKcJ36HYLPBi+1fIoOe++9jzUPeSSwd/DQqQ5UsaI720ts3zaWUugZ2MNz4LV\nLt0GhvobvNO57phRoE8B9ozzrKghSR53OcM9Or5FPy17u8Qy6SM0foqpt/Y7S39j\n77Ewdl/vbhBt1ODvazH3KZWgi4SVSCtPzYoMcH2ktEKLVRTO4QKCAQEA1fTrTpDH\n5lVhRp/4s7G1IQW9/740bed3i6adTkUtg6fnaGMOfOQP/KRla5KakyIyDLrxiwzS\n/UPFdezZTVVgdqFJBL1VmTD3FnZnxe41JkRvUpBsLS9OnYzg+9HV/CoiRIRkQtWO\nPsBEjpKQfUOq6eYzgGy4jmjB3RIRBXMtq/IrzPGs7aJmnVUna+vGSa5j2XAsVbiU\nmiRDstCln8kvAzy7KTtySip4/7vSzQxRIKVrGROcUEmHPPm/YukFH+g4lPvMVAGX\nucp3v+JPfyqOxEDq3mqYFYqSUu5babdDLqaVFVEE6BN2IOdTafuNLgGRYaSEQkJv\nATu1ZIBNDGj/BQKCAQEA9Gt3EdGMjrvB2tHfR4w9tuxhIQcHxnaLt3HS7oBUYVvt\n4X6TVliNuUsE8Zzz26FGo8zd3MtUirDKazuO+O92dv0vP9Aa6xjlvEDarAaC9V/I\nYbQpyPq3UIo5zjTD8tAQZwxneJMxD+pnmF/0jCc/70JlawKvf1z3JZDC7S/JlG1D\n/zSVmb2b3v9W0hpHDnRjQ8TL9gQLEHVrRip2eVOMItemTnpjm28JqfYPa+zT1WfP\n9N5CMqYvJYxVaEUWhxRLlyL1i5cR6JmYc590wmceI7x9i0BwrZw09SkBSqaI9Kyk\nIeX3Y17POMJoSeMXNt9ph6qYtbFlZYvK2RI3lNz+kwKCAQEAoa+imw7CYggnqO1/\nTpx+2uOx/7BHgr6nErvoqJuSl6mtMK+a5Tqb8jpyAmcZtRLka8ZifshEMeyjLki8\ntrpMWZnsyk4if9AHCcyVA3jOZYrV7bkCZusXJ+ysoOCkKxnUJ588/VzRUA6QQIX1\n9xPJ91RlmymOFuCHkH70qf+uhgBOpWQFYNeXYFJXpjDY+hl1j347otQISKwbFOik\nISoyAupELhakefO62NehqB8kt90KIDs3p1zJfITn4uFhZAljqQLYGKvTcy3UbQej\nN+B7X0gHtekr4SuFBHLoVe2OMZTlmORPJup+HMNzv+W/fQLmULm40THPHUl3/OkQ\nUM6P2QKCAQBdpccrRpSKI5o00vCvoyYKLitQ0jbCba0+jhf5VaX+35AXM74T+T3j\n3sB4KmCsp/A+1kGzVRyBPxdvWpR/AJDtKjiuRHfr19A9/sNJ4fzPMvG9rZ/M53LR\nIwTe4wyovdtrAC+s3QiRRoiGs00pXeh7LX9aLt86902iUQK+ie68Ndk1sNoY27Mb\nD84eFf9fpGxcDMzw57+tgK+nZKGb/szUlLednfsIFNUpD6P8//Jx86KT+Yx3h4DM\n7CXVG5N0EeycbcKSx0EPU7o7or7DtWqw2olnjzsc6ZrIy/s4tPIIfRUt/8R3iF3x\nK1t149KDLbprRovYIa3t6E/CN96f5MSNAoIBAQCcopC7cVDGMExWNaoTUP9XgwkB\nttpsX/0uqS7/6emfTcOjaj5RFQ+FSCEJmydoH3SmHcMy7MfgbS2uOFhsvCDrhgXd\ntfuzzdgWrVeVg+9HX7lkLl7b90mWog96PlExUlmxowyvYyvhV1T0GiEoKWr44es6\n0fSf65v8XVz0nAjxosd7dL4bQnrEbu4BoXoFuWAiwvl0rOMcEWQM9f9TxwGN5afy\nCIRbn6XWZJN16o642wX1O+dXloZIillElJgMjA/o3ltd603VxAF24/tA5NtrJ3+N\nztJdol2mdjkAs54/Gh0sL5dnuIGiTAXRYvyM942jp2HxReIr9nMH3T4et7Nm\n-----END RSA PRIVATE KEY-----\n",
            "private_key_pem_pkcs8": "-----BEGIN PRIVATE KEY-----\nMIIJQwIBADANBgkqhkiG9w0BAQEFAASCCS0wggkpAgEAAoICAQDMR0Eo+Zyd8clb\nU0+teG3OBWYL2hbQfH2zZyakRtfhAvkn7B+k55KiY7+bE1NK8Iu3z+qSt6VAGFpH\neFUoBH1/7rFp/QHfPRR0+GHQSLNkIL4hHJjvh2M5ALVJgGPcvL7AyT2QL1XIkYV7\nOC/Fi8EABikZ1SVQZOSim0uih2SY6GfM0BKDLfiMXAxPShduaW1JsIeHcnyf8phD\nVP3uaeNGdgeHt2iG6lRIsWgKwk6IZi5dE6ZprEpqvNjiw6dk+WRg79kHvJAJEg45\nDU21a3WDZfDM+BZWqjEEkXBcaOASU/X0M8SfT7xqwxnwe46qVGnEKQqnNICAinBB\na3U/FfHHnv2vArFPkDxYkVsyIlyo3H0IYk+1liYvcYsU/vTrgcLKhbMqWLwDmNDr\n7NXPZiqY5q1fyhtdmos8BzVSuLIWpK5T0N343PvFlgHYpfQr/rPCBnKTVBxAcgPo\nLIID+8FbvSXO2ejt5oJnMK1AMAUokz2aHc9SRQwaKjp3TFB/0rCKE/Odw3IhZlXP\n52jVWmNwvniyn8RpVF0CTu1L1XhGcO8/ct5ESJ+dq7NBIvzvBJkkgOg9NVNYeTLB\nbj1FOcv0Spkf2uq6ciB/0Fd3juEy1pNwfbo2eKpobSovdB0HWST6Zfs7M6fmIhRu\ni+87iHKfotxOF690uivXH6BLWZ1l3wIDAQABAoICAGSHfG2pyYWBA9LJwSBhb8g/\np+SVQzz+xu2PCdk2c+7sA6m97iS9QdBgvl6WuBrdHiUrUQk7DzvnwCYD9gRnkUtw\nMCc0t8Mgz/xwb9KMtJvF8UtiQ3E9c3sN+ild4cczq7w8TOu0H8dAtivZjsjs6eIV\nJgzsdByISmwreKFXeA438T09+J5N9U89zWEH2Vgg0gO9uDTUBrjALmaUYRL/UTXP\nyAzmGa6riybrB4Sj8vn1L0Pm87J1c3nrzeBq4Oo0QU3jOy8vgMK1/AHfpipt47ry\nY/q67GNiBhV1bZJMmljqsNOo1k6Acv0nXpCWfbMdL5+1guSeVc7sUiofs+eD6SOu\namrYRX4V9MGrfW88aUSyH5qDAp6RnG0BvrGOTr7uwJr3ATrqV7PQX6HfC7ZVCo8z\nlnDjqqflpfi6EQkfntwIPumQt+EhpQwjb4VTuZdSWsd7gd56aUaaveKlYI7kEu8H\nFAog7HwBhc0qEJchfC58cPHR1Jny8dPGJD3jWB8pwnfodgs8GL7V8ig57772PNQ9\n5JLB38NCpDlSxojvbS2zfNpZS6BnYw3PgtUu3QaG+hu807numFGgTwH2jPOsqCFJ\nHnc5wz06vkU/LXu7xDLpIzR+iqm39jtLf2PvsTB2X+9uEG3U4O9rMfcplaCLhJVI\nK0/NigxwfaS0QotVFM7hAoIBAQDV9OtOkMfmVWFGn/izsbUhBb3/vjRt53eLpp1O\nRS2Dp+doYw585A/8pGVrkpqTIjIMuvGLDNL9Q8V17NlNVWB2oUkEvVWZMPcWdmfF\n7jUmRG9SkGwtL06djOD70dX8KiJEhGRC1Y4+wESOkpB9Q6rp5jOAbLiOaMHdEhEF\ncy2r8ivM8aztomadVSdr68ZJrmPZcCxVuJSaJEOy0KWfyS8DPLspO3JKKnj/u9LN\nDFEgpWsZE5xQSYc8+b9i6QUf6DiU+8xUAZe5yne/4k9/Ko7EQOreapgVipJS7ltp\nt0MuppUVUQToE3Yg51Np+40uAZFhpIRCQm8BO7VkgE0MaP8FAoIBAQD0a3cR0YyO\nu8Ha0d9HjD227GEhBwfGdou3cdLugFRhW+3hfpNWWI25SwTxnPPboUajzN3cy1SK\nsMprO47473Z2/S8/0BrrGOW8QNqsBoL1X8hhtCnI+rdQijnONMPy0BBnDGd4kzEP\n6meYX/SMJz/vQmVrAq9/XPclkMLtL8mUbUP/NJWZvZve/1bSGkcOdGNDxMv2BAsQ\ndWtGKnZ5U4wi16ZOemObbwmp9g9r7NPVZ8/03kIypi8ljFVoRRaHFEuXIvWLlxHo\nmZhzn3TCZx4jvH2LQHCtnDT1KQFKpoj0rKQh5fdjXs84wmhJ4xc232mHqpi1sWVl\ni8rZEjeU3P6TAoIBAQChr6KbDsJiCCeo7X9OnH7a47H/sEeCvqcSu+iom5KXqa0w\nr5rlOpvyOnICZxm1EuRrxmJ+yEQx7KMuSLy2ukxZmezKTiJ/0AcJzJUDeM5litXt\nuQJm6xcn7Kyg4KQrGdQnnzz9XNFQDpBAhfX3E8n3VGWbKY4W4IeQfvSp/66GAE6l\nZAVg15dgUlemMNj6GXWPfjui1AhIrBsU6KQhKjIC6kQuFqR587rY16GoHyS33Qog\nOzenXMl8hOfi4WFkCWOpAtgYq9NzLdRtB6M34HtfSAe16SvhK4UEcuhV7Y4xlOWY\n5E8m6n4cw3O/5b99AuZQubjRMc8dSXf86RBQzo/ZAoIBAF2lxytGlIojmjTS8K+j\nJgouK1DSNsJtrT6OF/lVpf7fkBczvhP5PePewHgqYKyn8D7WQbNVHIE/F29alH8A\nkO0qOK5Ed+vX0D3+w0nh/M8y8b2tn8znctEjBN7jDKi922sAL6zdCJFGiIazTSld\n6Hstf1ou3zr3TaJRAr6J7rw12TWw2hjbsxsPzh4V/1+kbFwMzPDnv62Ar6dkoZv+\nzNSUt52d+wgU1SkPo/z/8nHzopP5jHeHgMzsJdUbk3QR7JxtwpLHQQ9TujuivsO1\narDaiWePOxzpmsjL+zi08gh9FS3/xHeIXfErW3Xj0oMtumtGi9ghre3oT8I33p/k\nxI0CggEBAJyikLtxUMYwTFY1qhNQ/1eDCQG22mxf/S6pLv/p6Z9Nw6NqPlEVD4VI\nIQmbJ2gfdKYdwzLsx+BtLa44WGy8IOuGBd21+7PN2BatV5WD70dfuWQuXtv3SZai\nD3o+UTFSWbGjDK9jK+FXVPQaISgpavjh6zrR9J/rm/xdXPScCPGix3t0vhtCesRu\n7gGhegW5YCLC+XSs4xwRZAz1/1PHAY3lp/IIhFufpdZkk3XqjrjbBfU751eWhkiK\nWUSUmAyMD+jeW13rTdXEAXbj+0Dk22snf43O0l2iXaZ2OQCznj8aHSwvl2e4gaJM\nBdFi/Iz3jaOnYfFF4iv2cwfdPh63s2Y=\n-----END PRIVATE KEY-----\n",
            "public_key_fingerprint_md5": "b8:b8:9f:6d:74:b9:46:e3:df:d7:67:57:66:94:33:63",
            "public_key_fingerprint_sha256": "SHA256:bWJNhLsq4e/0qXwKP40Auyyp/S1jKxddOddzGDEFdvw",
            "public_key_openssh": "ssh-rsa AAAAB3NzaC1yc2EAAAADAQABAAACAQDMR0Eo+Zyd8clbU0+teG3OBWYL2hbQfH2zZyakRtfhAvkn7B+k55KiY7+bE1NK8Iu3z+qSt6VAGFpHeFUoBH1/7rFp/QHfPRR0+GHQSLNkIL4hHJjvh2M5ALVJgGPcvL7AyT2QL1XIkYV7OC/Fi8EABikZ1SVQZOSim0uih2SY6GfM0BKDLfiMXAxPShduaW1JsIeHcnyf8phDVP3uaeNGdgeHt2iG6lRIsWgKwk6IZi5dE6ZprEpqvNjiw6dk+WRg79kHvJAJEg45DU21a3WDZfDM+BZWqjEEkXBcaOASU/X0M8SfT7xqwxnwe46qVGnEKQqnNICAinBBa3U/FfHHnv2vArFPkDxYkVsyIlyo3H0IYk+1liYvcYsU/vTrgcLKhbMqWLwDmNDr7NXPZiqY5q1fyhtdmos8BzVSuLIWpK5T0N343PvFlgHYpfQr/rPCBnKTVBxAcgPoLIID+8FbvSXO2ejt5oJnMK1AMAUokz2aHc9SRQwaKjp3TFB/0rCKE/Odw3IhZlXP52jVWmNwvniyn8RpVF0CTu1L1XhGcO8/ct5ESJ+dq7NBIvzvBJkkgOg9NVNYeTLBbj1FOcv0Spkf2uq6ciB/0Fd3juEy1pNwfbo2eKpobSovdB0HWST6Zfs7M6fmIhRui+87iHKfotxOF690uivXH6BLWZ1l3w==\n",
            "public_key_pem": "-----BEGIN PUBLIC KEY-----\nMIICIjANBgkqhkiG9w0BAQEFAAOCAg8AMIICCgKCAgEAzEdBKPmcnfHJW1NPrXht\nzgVmC9oW0Hx9s2cmpEbX4QL5J+wfpOeSomO/mxNTSvCLt8/qkrelQBhaR3hVKAR9\nf+6xaf0B3z0UdPhh0EizZCC+IRyY74djOQC1SYBj3Ly+wMk9kC9VyJGFezgvxYvB\nAAYpGdUlUGTkoptLoodkmOhnzNASgy34jFwMT0oXbmltSbCHh3J8n/KYQ1T97mnj\nRnYHh7dohupUSLFoCsJOiGYuXROmaaxKarzY4sOnZPlkYO/ZB7yQCRIOOQ1NtWt1\ng2XwzPgWVqoxBJFwXGjgElP19DPEn0+8asMZ8HuOqlRpxCkKpzSAgIpwQWt1PxXx\nx579rwKxT5A8WJFbMiJcqNx9CGJPtZYmL3GLFP7064HCyoWzKli8A5jQ6+zVz2Yq\nmOatX8obXZqLPAc1UriyFqSuU9Dd+Nz7xZYB2KX0K/6zwgZyk1QcQHID6CyCA/vB\nW70lztno7eaCZzCtQDAFKJM9mh3PUkUMGio6d0xQf9KwihPzncNyIWZVz+do1Vpj\ncL54sp/EaVRdAk7tS9V4RnDvP3LeREifnauzQSL87wSZJIDoPTVTWHkywW49RTnL\n9EqZH9rqunIgf9BXd47hMtaTcH26NniqaG0qL3QdB1kk+mX7OzOn5iIUbovvO4hy\nn6LcThevdLor1x+gS1mdZd8CAwEAAQ==\n-----END PUBLIC KEY-----\n",
            "rsa_bits": 4096
          },
          "sensitive_attributes": [
            [
              {
                "type": "get_attr",
                "value": "private_key_openssh"
              }
            ],
            [
              {
                "type": "get_attr",
                "value": "private_key_pem"
              }
            ],
            [
              {
                "type": "get_attr",
                "value": "private_key_pem_pkcs8"
              }
            ]
          ],
          "identity_schema_version": 0
        }
      ]
    }
  ],
  "check_results": [
    {
      "object_kind": "var",
      "config_addr": "var.max_capacity",
      "status": "pass",
      "objects": [
        {
          "object_addr": "var.max_capacity",
          "status": "pass"
        }
      ]
    }
  ]
}
