{
  "version": 4,
  "terraform_version": "1.14.1",
  "serial": 485,
  "lineage": "5de68eff-eb21-9e50-18a6-c48e1db7a8e4",
  "outputs": {
    "asg_arn": {
      "value": "arn:aws:autoscaling:us-east-1:697755754723:autoScalingGroup:13733295-f75e-4911-903e-39f42674c063:autoScalingGroupName/users-asg",
      "type": "string"
    },
    "asg_name": {
      "value": "users-asg",
      "type": "string"
    },
    "docker_container_port": {
      "value": 3000,
      "type": "number"
    },
    "docker_image": {
      "value": "leviathan119/helloworld:latest",
      "type": "string"
    },
    "docker_registry": {
      "value": "",
      "type": "string"
    },
    "docker_registry_username": {
      "value": "",
      "type": "string",
      "sensitive": true
    },
    "key_pair_name": {
      "value": "gradflow-users",
      "type": "string"
    },
    "loadbalancer_arn": {
      "value": "arn:aws:elasticloadbalancing:us-east-1:697755754723:loadbalancer/app/users-lb/16d112cd3b1165c0",
      "type": "string"
    },
    "loadbalancer_dns": {
      "value": "users-lb-1369653096.us-east-1.elb.amazonaws.com",
      "type": "string"
    },
    "public_subnets": {
      "value": [
        "subnet-0d008bd405ffde34e",
        "subnet-02753e5a376100c12"
      ],
      "type": [
        "tuple",
        [
          "string",
          "string"
        ]
      ]
    },
    "ssh_command_hint": {
      "value": "ssh -i \u003cruta-a-tu-pem\u003e ubuntu@\u003cip_publica-o-elastica\u003e",
      "type": "string"
    },
    "target_group_arn": {
      "value": "arn:aws:elasticloadbalancing:us-east-1:697755754723:targetgroup/users-tg/0eda100b14a9534d",
      "type": "string"
    },
    "target_group_name": {
      "value": "users-tg",
      "type": "string"
    },
    "vpc_id": {
      "value": "vpc-06c6fc14fad4e3acf",
      "type": "string"
    }
  },
  "resources": [
    {
      "mode": "data",
      "type": "aws_availability_zones",
      "name": "available",
      "provider": "provider[\"registry.terraform.io/hashicorp/aws\"]",
      "instances": [
        {
          "schema_version": 0,
          "attributes": {
            "all_availability_zones": null,
            "exclude_names": null,
            "exclude_zone_ids": null,
            "filter": null,
            "group_names": [
              "us-east-1-zg-1"
            ],
            "id": "us-east-1",
            "names": [
              "us-east-1a",
              "us-east-1b",
              "us-east-1c",
              "us-east-1d",
              "us-east-1e",
              "us-east-1f"
            ],
            "region": "us-east-1",
            "state": null,
            "timeouts": null,
            "zone_ids": [
              "use1-az6",
              "use1-az1",
              "use1-az2",
              "use1-az4",
              "use1-az3",
              "use1-az5"
            ]
          },
          "sensitive_attributes": [],
          "identity_schema_version": 0
        }
      ]
    },
    {
      "mode": "managed",
      "type": "aws_autoscaling_group",
      "name": "app",
      "provider": "provider[\"registry.terraform.io/hashicorp/aws\"]",
      "instances": [
        {
          "schema_version": 1,
          "attributes": {
            "arn": "arn:aws:autoscaling:us-east-1:697755754723:autoScalingGroup:13733295-f75e-4911-903e-39f42674c063:autoScalingGroupName/users-asg",
            "availability_zone_distribution": [
              {
                "capacity_distribution_strategy": "balanced-best-effort"
              }
            ],
            "availability_zones": [
              "us-east-1a",
              "us-east-1b"
            ],
            "capacity_rebalance": false,
            "capacity_reservation_specification": [
              {
                "capacity_reservation_preference": "default",
                "capacity_reservation_target": []
              }
            ],
            "context": "",
            "default_cooldown": 300,
            "default_instance_warmup": 0,
            "desired_capacity": 2,
            "desired_capacity_type": "",
            "enabled_metrics": null,
            "force_delete": false,
            "force_delete_warm_pool": false,
            "health_check_grace_period": 300,
            "health_check_type": "ELB",
            "id": "users-asg",
            "ignore_failed_scaling_activities": false,
            "initial_lifecycle_hook": [],
            "instance_maintenance_policy": [],
            "instance_refresh": [
              {
                "preferences": [
                  {
                    "alarm_specification": [],
                    "auto_rollback": false,
                    "checkpoint_delay": "",
                    "checkpoint_percentages": null,
                    "instance_warmup": "180",
                    "max_healthy_percentage": 100,
                    "min_healthy_percentage": 50,
                    "scale_in_protected_instances": "Ignore",
                    "skip_matching": false,
                    "standby_instances": "Ignore"
                  }
                ],
                "strategy": "Rolling",
                "triggers": [
                  "tag"
                ]
              }
            ],
            "launch_configuration": "",
            "launch_template": [
              {
                "id": "lt-03f80ef6ba6ad6a25",
                "name": "users-app-20260121184246269500000002",
                "version": "$Latest"
              }
            ],
            "load_balancers": [],
            "max_instance_lifetime": 0,
            "max_size": 5,
            "metrics_granularity": "1Minute",
            "min_elb_capacity": null,
            "min_size": 2,
            "mixed_instances_policy": [],
            "name": "users-asg",
            "name_prefix": "",
            "placement_group": "",
            "predicted_capacity": 0,
            "protect_from_scale_in": false,
            "region": "us-east-1",
            "service_linked_role_arn": "arn:aws:iam::697755754723:role/aws-service-role/autoscaling.amazonaws.com/AWSServiceRoleForAutoScaling",
            "suspended_processes": null,
            "tag": [
              {
                "key": "ManagedBy",
                "propagate_at_launch": true,
                "value": "Terraform"
              },
              {
                "key": "Name",
                "propagate_at_launch": true,
                "value": "users-instance"
              }
            ],
            "target_group_arns": [
              "arn:aws:elasticloadbalancing:us-east-1:697755754723:targetgroup/users-tg/0eda100b14a9534d"
            ],
            "termination_policies": [
              "OldestInstance",
              "Default"
            ],
            "timeouts": null,
            "traffic_source": [
              {
                "identifier": "arn:aws:elasticloadbalancing:us-east-1:697755754723:targetgroup/users-tg/0eda100b14a9534d",
                "type": "elbv2"
              }
            ],
            "vpc_zone_identifier": [
              "subnet-02753e5a376100c12",
              "subnet-0d008bd405ffde34e"
            ],
            "wait_for_capacity_timeout": "10m",
            "wait_for_elb_capacity": null,
            "warm_pool": [],
            "warm_pool_size": 0
          },
          "sensitive_attributes": [],
          "identity_schema_version": 0,
          "private": "eyJlMmJmYjczMC1lY2FhLTExZTYtOGY4OC0zNDM2M2JjN2M0YzAiOnsiZGVsZXRlIjo2MDAwMDAwMDAwMDAsInVwZGF0ZSI6NjAwMDAwMDAwMDAwfSwic2NoZW1hX3ZlcnNpb24iOiIxIn0=",
          "dependencies": [
            "aws_key_pair.this",
            "aws_launch_template.app",
            "aws_lb.app",
            "aws_lb_target_group.app",
            "aws_security_group.lb",
            "aws_security_group.web",
            "aws_subnet.public",
            "aws_vpc.main",
            "data.aws_availability_zones.available",
            "tls_private_key.this"
          ]
        }
      ]
    },
    {
      "mode": "managed",
      "type": "aws_autoscaling_policy",
      "name": "cpu_scale_up",
      "provider": "provider[\"registry.terraform.io/hashicorp/aws\"]",
      "instances": [
        {
          "schema_version": 0,
          "attributes": {
            "adjustment_type": "",
            "arn": "arn:aws:autoscaling:us-east-1:697755754723:scalingPolicy:3adf31e7-fa14-466c-afdf-4882419ac055:autoScalingGroupName/users-asg:policyName/scale-up-on-high-cpu",
            "autoscaling_group_name": "users-asg",
            "cooldown": 0,
            "enabled": true,
            "estimated_instance_warmup": 300,
            "id": "scale-up-on-high-cpu",
            "metric_aggregation_type": "",
            "min_adjustment_magnitude": 0,
            "name": "scale-up-on-high-cpu",
            "policy_type": "TargetTrackingScaling",
            "predictive_scaling_configuration": [],
            "region": "us-east-1",
            "scaling_adjustment": 0,
            "step_adjustment": [],
            "target_tracking_configuration": [
              {
                "customized_metric_specification": [],
                "disable_scale_in": false,
                "predefined_metric_specification": [
                  {
                    "predefined_metric_type": "ASGAverageCPUUtilization",
                    "resource_label": ""
                  }
                ],
                "target_value": 80
              }
            ]
          },
          "sensitive_attributes": [],
          "identity_schema_version": 0,
          "private": "bnVsbA==",
          "dependencies": [
            "aws_autoscaling_group.app",
            "aws_key_pair.this",
            "aws_launch_template.app",
            "aws_lb.app",
            "aws_lb_target_group.app",
            "aws_security_group.lb",
            "aws_security_group.web",
            "aws_subnet.public",
            "aws_vpc.main",
            "data.aws_availability_zones.available",
            "tls_private_key.this"
          ]
        }
      ]
    },
    {
      "mode": "managed",
      "type": "aws_autoscaling_policy",
      "name": "scale_in",
      "provider": "provider[\"registry.terraform.io/hashicorp/aws\"]",
      "instances": [
        {
          "schema_version": 0,
          "attributes": {
            "adjustment_type": "ChangeInCapacity",
            "arn": "arn:aws:autoscaling:us-east-1:697755754723:scalingPolicy:367e66bd-cc27-434e-9cea-61ecc985b68e:autoScalingGroupName/users-asg:policyName/scale-in-policy",
            "autoscaling_group_name": "users-asg",
            "cooldown": 600,
            "enabled": true,
            "estimated_instance_warmup": 0,
            "id": "scale-in-policy",
            "metric_aggregation_type": "",
            "min_adjustment_magnitude": 0,
            "name": "scale-in-policy",
            "policy_type": "SimpleScaling",
            "predictive_scaling_configuration": [],
            "region": "us-east-1",
            "scaling_adjustment": -1,
            "step_adjustment": [],
            "target_tracking_configuration": []
          },
          "sensitive_attributes": [],
          "identity_schema_version": 0,
          "private": "bnVsbA==",
          "dependencies": [
            "aws_autoscaling_group.app",
            "aws_key_pair.this",
            "aws_launch_template.app",
            "aws_lb.app",
            "aws_lb_target_group.app",
            "aws_security_group.lb",
            "aws_security_group.web",
            "aws_subnet.public",
            "aws_vpc.main",
            "data.aws_availability_zones.available",
            "tls_private_key.this"
          ]
        }
      ]
    },
    {
      "mode": "managed",
      "type": "aws_autoscaling_policy",
      "name": "scale_out",
      "provider": "provider[\"registry.terraform.io/hashicorp/aws\"]",
      "instances": [
        {
          "schema_version": 0,
          "attributes": {
            "adjustment_type": "ChangeInCapacity",
            "arn": "arn:aws:autoscaling:us-east-1:697755754723:scalingPolicy:6d0d7ac0-be96-4b77-ad98-ff628ce76ccd:autoScalingGroupName/users-asg:policyName/scale-out-policy",
            "autoscaling_group_name": "users-asg",
            "cooldown": 300,
            "enabled": true,
            "estimated_instance_warmup": 0,
            "id": "scale-out-policy",
            "metric_aggregation_type": "",
            "min_adjustment_magnitude": 0,
            "name": "scale-out-policy",
            "policy_type": "SimpleScaling",
            "predictive_scaling_configuration": [],
            "region": "us-east-1",
            "scaling_adjustment": 1,
            "step_adjustment": [],
            "target_tracking_configuration": []
          },
          "sensitive_attributes": [],
          "identity_schema_version": 0,
          "private": "bnVsbA==",
          "dependencies": [
            "aws_autoscaling_group.app",
            "aws_key_pair.this",
            "aws_launch_template.app",
            "aws_lb.app",
            "aws_lb_target_group.app",
            "aws_security_group.lb",
            "aws_security_group.web",
            "aws_subnet.public",
            "aws_vpc.main",
            "data.aws_availability_zones.available",
            "tls_private_key.this"
          ]
        }
      ]
    },
    {
      "mode": "managed",
      "type": "aws_internet_gateway",
      "name": "igw",
      "provider": "provider[\"registry.terraform.io/hashicorp/aws\"]",
      "instances": [
        {
          "schema_version": 0,
          "attributes": {
            "arn": "arn:aws:ec2:us-east-1:697755754723:internet-gateway/igw-0d1f1912499a0d799",
            "id": "igw-0d1f1912499a0d799",
            "owner_id": "697755754723",
            "region": "us-east-1",
            "tags": null,
            "tags_all": {
              "Environment": "users",
              "ManagedBy": "Terraform",
              "Project": "GradFlow"
            },
            "timeouts": null,
            "vpc_id": "vpc-06c6fc14fad4e3acf"
          },
          "sensitive_attributes": [],
          "identity_schema_version": 0,
          "private": "eyJlMmJmYjczMC1lY2FhLTExZTYtOGY4OC0zNDM2M2JjN2M0YzAiOnsiY3JlYXRlIjoxMjAwMDAwMDAwMDAwLCJkZWxldGUiOjEyMDAwMDAwMDAwMDAsInVwZGF0ZSI6MTIwMDAwMDAwMDAwMH19",
          "dependencies": [
            "aws_vpc.main"
          ]
        }
      ]
    },
    {
      "mode": "managed",
      "type": "aws_key_pair",
      "name": "this",
      "provider": "provider[\"registry.terraform.io/hashicorp/aws\"]",
      "instances": [
        {
          "index_key": 0,
          "schema_version": 1,
          "attributes": {
            "arn": "arn:aws:ec2:us-east-1:697755754723:key-pair/gradflow-users",
            "fingerprint": "2a:03:b6:3c:03:29:f8:a5:5f:d8:49:1a:cb:2b:cd:35",
            "id": "gradflow-users",
            "key_name": "gradflow-users",
            "key_name_prefix": "",
            "key_pair_id": "key-08cd68bd7ddc3c593",
            "key_type": "rsa",
            "public_key": "ssh-rsa AAAAB3NzaC1yc2EAAAADAQABAAACAQDEKeEKzplgfSIhVSWXpi7PDDI6VsayYWKVPuRu5ejxyhmMnYkN0HYpa8fqY3yRCYBigb6BUqimDu04tpNG6QzQcEXAOQWX4etltL60ZA5VOEjqd5aLvxiSaYtzxWMQxAWaHOKHWFhIrNGmc9F6sShkEZiOji0FYiev6mOo0CuHYD+ccV14BlQ5aM82ki8NJ0YIO5V9Jz6C8IQLQsoYChNa6juOaPTUcQLxrIQDf2CxjIAuytr7VB8fsYquDUcoQ2OR98Bw/SFlZF/SZBXsO2JVshIlIa+WTYmmjRkrjipinmsFzVxjesF7+t9IiIOVhtIoyz1gjFXVLBQ49GjhY/kDzb392EAcNFzR1vhJZqIs8x6wHGxCAE2+o0blfCP4Cxddb8q1lrra08e18OXVxGj0o39m4yNnf9V5CTeKLfjQgfSGFlTfVRljgOzHHQKsxlNR1ZFW4UQKM1fZnUDACx8KIA79U4HavpBDOJjxitfAdKkpNSHz6TkMuM7YX3c5f6my1DrRIWPJ/pPvj6tF/KJWM+ozH05KeP3ddUEH5n2Fq30pkSp68pZk9YSfTl+qX14jap39pQIyHsrAMgLyt0inLSedTUGTxVI8rl26D5tMGxhJ1wGjTAXpLIglV4bbbqi6u7wXnixTJQIeLlV/TJbxWk8CiWA+8mMn+GRlnSzTww==",
            "region": "us-east-1",
            "tags": null,
            "tags_all": {
              "Environment": "users",
              "ManagedBy": "Terraform",
              "Project": "GradFlow"
            }
          },
          "sensitive_attributes": [],
          "identity_schema_version": 0,
          "private": "eyJzY2hlbWFfdmVyc2lvbiI6IjEifQ==",
          "dependencies": [
            "tls_private_key.this"
          ]
        }
      ]
    },
    {
      "mode": "managed",
      "type": "aws_launch_template",
      "name": "app",
      "provider": "provider[\"registry.terraform.io/hashicorp/aws\"]",
      "instances": [
        {
          "schema_version": 1,
          "attributes": {
            "arn": "arn:aws:ec2:us-east-1:697755754723:launch-template/lt-03f80ef6ba6ad6a25",
            "block_device_mappings": [],
            "capacity_reservation_specification": [],
            "cpu_options": [],
            "credit_specification": [],
            "default_version": 1,
            "description": "",
            "disable_api_stop": false,
            "disable_api_termination": false,
            "ebs_optimized": "",
            "enclave_options": [],
            "hibernation_options": [],
            "iam_instance_profile": [],
            "id": "lt-03f80ef6ba6ad6a25",
            "image_id": "ami-0ecb62995f68bb549",
            "instance_initiated_shutdown_behavior": "",
            "instance_market_options": [],
            "instance_requirements": [],
            "instance_type": "t3.micro",
            "kernel_id": "",
            "key_name": "gradflow-users",
            "latest_version": 1,
            "license_specification": [],
            "maintenance_options": [],
            "metadata_options": [],
            "monitoring": [],
            "name": "users-app-20260121184246269500000002",
            "name_prefix": "users-app-",
            "network_interfaces": [],
            "placement": [],
            "private_dns_name_options": [],
            "ram_disk_id": "",
            "region": "us-east-1",
            "security_group_names": null,
            "tag_specifications": [],
            "tags": null,
            "tags_all": {
              "Environment": "users",
              "ManagedBy": "Terraform",
              "Project": "GradFlow"
            },
            "update_default_version": null,
            "user_data": "IyEvYmluL2Jhc2gKIyBVc2VyIERhdGEgc2NyaXB0IHRlbXBsYXRlIGZvciBFQzIgaW5zdGFuY2VzCiMgVmFyaWFibGVzIGFyZSBpbmplY3RlZCBieSBUZXJyYWZvcm0gdGVtcGxhdGVmaWxlKCkgZnVuY3Rpb24KCnNldCAtZXVvIHBpcGVmYWlsCgpleHBvcnQgREVCSUFOX0ZST05URU5EPW5vbmludGVyYWN0aXZlCgpMT0dfRklMRT0iL3Zhci9sb2cvdXNlcl9kYXRhLmxvZyIKZXhlYyA+ID4odGVlIC1hICRMT0dfRklMRSkKZXhlYyAyPiYxCgplY2hvICI9PT0gVXNlciBEYXRhIFNjcmlwdCBTdGFydGVkID09PSIKZWNobyAiVGltZXN0YW1wOiAkKGRhdGUpIgoKIyBJbnN0YWxsIERvY2tlcgphcHQtZ2V0IHVwZGF0ZSAteQphcHQtZ2V0IGluc3RhbGwgLXkgZG9ja2VyLmlvIGN1cmwganEKCnN5c3RlbWN0bCBlbmFibGUgZG9ja2VyCnN5c3RlbWN0bCBzdGFydCBkb2NrZXIKCiMgQWxsb3cgZG9ja2VyIHdpdGhvdXQgc3Vkbwp1c2VybW9kIC1hRyBkb2NrZXIgdWJ1bnR1CgplY2hvICJEb2NrZXIgaW5zdGFsbGVkOiAkKGRvY2tlciAtLXZlcnNpb24pIgoKIyBEb2NrZXIgbG9naW4gaWYgY3JlZGVudGlhbHMgcHJvdmlkZWQKaWYgWyAtbiAiIiBdICYmIFsgLW4gIiIgXSAmJiBbIC1uICIiIF07IHRoZW4KICBlY2hvICIiIHwgZG9ja2VyIGxvZ2luICIiIC11ICIiIC0tcGFzc3dvcmQtc3RkaW4gfHwgdHJ1ZQogIGVjaG8gIkRvY2tlciByZWdpc3RyeSBsb2dpbiBjb21wbGV0ZWQiCmZpCgojIERvY2tlciBIdWIgbG9naW4gaWYgY3JlZGVudGlhbHMgcHJvdmlkZWQKaWYgWyAtbiAiIiBdICYmIFsgLW4gIiIgXTsgdGhlbgogIGVjaG8gIiIgfCBkb2NrZXIgbG9naW4gLXUgIiIgLS1wYXNzd29yZC1zdGRpbiB8fCB0cnVlCiAgZWNobyAiRG9ja2VyIEh1YiBsb2dpbiBjb21wbGV0ZWQiCmZpCgojIENyZWF0ZSAuZW52IGZpbGUgd2l0aCBUZXJyYWZvcm0gdmFyaWFibGVzCmNhdCA+IC9ob21lL3VidW50dS8uZW52IDw8RU5WRklMRQojIERhdGFiYXNlIENvbmZpZ3VyYXRpb24KREJfSE9TVD0KREJfVVNFUj0KREJfUEFTU1dPUkQ9CkRCX05BTUU9Z3JhZGZsb3cKREJfUE9SVD01NDMyCgojIFNlcnZpY2UgQ29uZmlndXJhdGlvbgpQT1JUPTMwMDAKTk9ERV9FTlY9cHJvZHVjdGlvbgoKIyBBUEkgR2F0ZXdheSBVUkwgKHVzZSBMb2FkIEJhbGFuY2VyIEROUykKQVBJX0dBVEVXQVlfVVJMPWh0dHA6Ly91c2Vycy1sYi0xMzY5NjUzMDk2LnVzLWVhc3QtMS5lbGIuYW1hem9uYXdzLmNvbQoKIyBTZXJ2aWNlIFVSTHMgKHVzZSBMb2FkIEJhbGFuY2VyIEROUyBmb3IgYWxsIHNlcnZpY2VzKQpVU0VSU19DUkVBVEVfVVJMPWh0dHA6Ly91c2Vycy1sYi0xMzY5NjUzMDk2LnVzLWVhc3QtMS5lbGIuYW1hem9uYXdzLmNvbQpVU0VSU19ERUxFVEVfVVJMPWh0dHA6Ly91c2Vycy1sYi0xMzY5NjUzMDk2LnVzLWVhc3QtMS5lbGIuYW1hem9uYXdzLmNvbQpVU0VSU19MSVNUX1VSTD1odHRwOi8vdXNlcnMtbGItMTM2OTY1MzA5Ni51cy1lYXN0LTEuZWxiLmFtYXpvbmF3cy5jb20KVVNFUlNfU0VBUkNIX1VSTD1odHRwOi8vdXNlcnMtbGItMTM2OTY1MzA5Ni51cy1lYXN0LTEuZWxiLmFtYXpvbmF3cy5jb20KVVNFUlNfVVBEQVRFX1VSTD1odHRwOi8vdXNlcnMtbGItMTM2OTY1MzA5Ni51cy1lYXN0LTEuZWxiLmFtYXpvbmF3cy5jb20KQVVUSF9MT0dJTl9VUkw9aHR0cDovL3VzZXJzLWxiLTEzNjk2NTMwOTYudXMtZWFzdC0xLmVsYi5hbWF6b25hd3MuY29tCkFVVEhfUk9MX1VSTD1odHRwOi8vdXNlcnMtbGItMTM2OTY1MzA5Ni51cy1lYXN0LTEuZWxiLmFtYXpvbmF3cy5jb20KQVVUSF9NRV9VUkw9aHR0cDovL3VzZXJzLWxiLTEzNjk2NTMwOTYudXMtZWFzdC0xLmVsYi5hbWF6b25hd3MuY29tCkZJTEVfU0VSVklDRV9JTklUX1VSTD1odHRwOi8vdXNlcnMtbGItMTM2OTY1MzA5Ni51cy1lYXN0LTEuZWxiLmFtYXpvbmF3cy5jb20KRklMRV9TRVJWSUNFX1VQREFURV9VUkw9aHR0cDovL3VzZXJzLWxiLTEzNjk2NTMwOTYudXMtZWFzdC0xLmVsYi5hbWF6b25hd3MuY29tCkZJTEVfU0VSVklDRV9VUExPQURfVVJMPWh0dHA6Ly91c2Vycy1sYi0xMzY5NjUzMDk2LnVzLWVhc3QtMS5lbGIuYW1hem9uYXdzLmNvbQpGSUxFX1NFUlZJQ0VfTElTVF9VUkw9aHR0cDovL3VzZXJzLWxiLTEzNjk2NTMwOTYudXMtZWFzdC0xLmVsYi5hbWF6b25hd3MuY29tCkZJTEVfU0VSVklDRV9ET1dOTE9BRF9VUkw9aHR0cDovL3VzZXJzLWxiLTEzNjk2NTMwOTYudXMtZWFzdC0xLmVsYi5hbWF6b25hd3MuY29tCgojIEpXVCBDb25maWd1cmF0aW9uCkpXVF9TRUNSRVQ9CkpXVF9FWFBJUkVTX0lOPTI0aAoKIyBEb2NrZXIgUmVnaXN0cnkKRE9DS0VSX1JFR0lTVFJZPQpET0NLRVJfUkVHSVNUUllfVVNFUk5BTUU9CkRPQ0tFUl9SRUdJU1RSWV9QQVNTV09SRD0KRU5WRklMRQoKY2hvd24gdWJ1bnR1OnVidW50dSAvaG9tZS91YnVudHUvLmVudgpjaG1vZCA2MDAgL2hvbWUvdWJ1bnR1Ly5lbnYKCmVjaG8gIi5lbnYgZmlsZSBjcmVhdGVkIGF0IC9ob21lL3VidW50dS8uZW52IgplY2hvICJMb2FkIEJhbGFuY2VyIEROUzogdXNlcnMtbGItMTM2OTY1MzA5Ni51cy1lYXN0LTEuZWxiLmFtYXpvbmF3cy5jb20iCgojIFB1bGwgRG9ja2VyIGltYWdlIGlmIHNwZWNpZmllZAppZiBbIC1uICJsZXZpYXRoYW4xMTkvaGVsbG93b3JsZDpsYXRlc3QiIF07IHRoZW4KICBlY2hvICJQdWxsaW5nIERvY2tlciBpbWFnZTogbGV2aWF0aGFuMTE5L2hlbGxvd29ybGQ6bGF0ZXN0IgogIGRvY2tlciBwdWxsICJsZXZpYXRoYW4xMTkvaGVsbG93b3JsZDpsYXRlc3QiIHx8IGVjaG8gIldhcm5pbmc6IEZhaWxlZCB0byBwdWxsIGltYWdlIGxldmlhdGhhbjExOS9oZWxsb3dvcmxkOmxhdGVzdCIKZmkKCiMgU3RvcCBhbmQgcmVtb3ZlIGV4aXN0aW5nIGNvbnRhaW5lciBpZiBleGlzdHMKZG9ja2VyIHN0b3AgYXBwIDI+L2Rldi9udWxsIHx8IHRydWUKZG9ja2VyIHJtIGFwcCAyPi9kZXYvbnVsbCB8fCB0cnVlCgojIFJ1biBEb2NrZXIgY29udGFpbmVyCmlmIFsgLW4gImxldmlhdGhhbjExOS9oZWxsb3dvcmxkOmxhdGVzdCIgXTsgdGhlbgogIGVjaG8gIlN0YXJ0aW5nIGNvbnRhaW5lciBmcm9tIGltYWdlOiBsZXZpYXRoYW4xMTkvaGVsbG93b3JsZDpsYXRlc3QiCiAgZG9ja2VyIHJ1biAtZCBcCiAgICAtLW5hbWUgYXBwIFwKICAgIC0tcmVzdGFydCBhbHdheXMgXAogICAgLXAgODA6MzAwMCBcCiAgICAtLWVudi1maWxlIC9ob21lL3VidW50dS8uZW52IFwKICAgICJsZXZpYXRoYW4xMTkvaGVsbG93b3JsZDpsYXRlc3QiIHx8IGVjaG8gIldhcm5pbmc6IEZhaWxlZCB0byBzdGFydCBjb250YWluZXIiCiAgCiAgZWNobyAiQ29udGFpbmVyIHN0YXJ0ZWQuIFN0YXR1czoiCiAgZG9ja2VyIHBzIC0tZmlsdGVyICJuYW1lPWFwcCIgLS1mb3JtYXQgInt7Lk5hbWVzfX06IHt7LlN0YXR1c319IgpmaQoKIyBDbGVhbnVwIHVudXNlZCBpbWFnZXMKZG9ja2VyIGltYWdlIHBydW5lIC1hIC1mIHx8IHRydWUKCmVjaG8gIj09PSBVc2VyIERhdGEgU2NyaXB0IENvbXBsZXRlZCA9PT0iCmVjaG8gIlRpbWVzdGFtcDogJChkYXRlKSIK",
            "vpc_security_group_ids": [
              "sg-0fc16dddd8d261c1f"
            ]
          },
          "sensitive_attributes": [
            [
              {
                "type": "get_attr",
                "value": "user_data"
              }
            ]
          ],
          "identity_schema_version": 0,
          "private": "eyJzY2hlbWFfdmVyc2lvbiI6IjEifQ==",
          "dependencies": [
            "aws_key_pair.this",
            "aws_lb.app",
            "aws_security_group.lb",
            "aws_security_group.web",
            "aws_subnet.public",
            "aws_vpc.main",
            "data.aws_availability_zones.available",
            "tls_private_key.this"
          ]
        }
      ]
    },
    {
      "mode": "managed",
      "type": "aws_lb",
      "name": "app",
      "provider": "provider[\"registry.terraform.io/hashicorp/aws\"]",
      "instances": [
        {
          "schema_version": 0,
          "attributes": {
            "access_logs": [
              {
                "bucket": "",
                "enabled": false,
                "prefix": ""
              }
            ],
            "arn": "arn:aws:elasticloadbalancing:us-east-1:697755754723:loadbalancer/app/users-lb/16d112cd3b1165c0",
            "arn_suffix": "app/users-lb/16d112cd3b1165c0",
            "client_keep_alive": 3600,
            "connection_logs": [
              {
                "bucket": "",
                "enabled": false,
                "prefix": ""
              }
            ],
            "customer_owned_ipv4_pool": "",
            "desync_mitigation_mode": "defensive",
            "dns_name": "users-lb-1369653096.us-east-1.elb.amazonaws.com",
            "dns_record_client_routing_policy": null,
            "drop_invalid_header_fields": false,
            "enable_cross_zone_load_balancing": true,
            "enable_deletion_protection": false,
            "enable_http2": true,
            "enable_tls_version_and_cipher_suite_headers": false,
            "enable_waf_fail_open": false,
            "enable_xff_client_port": false,
            "enable_zonal_shift": false,
            "enforce_security_group_inbound_rules_on_private_link_traffic": "",
            "health_check_logs": [
              {
                "bucket": "",
                "enabled": false,
                "prefix": ""
              }
            ],
            "id": "arn:aws:elasticloadbalancing:us-east-1:697755754723:loadbalancer/app/users-lb/16d112cd3b1165c0",
            "idle_timeout": 60,
            "internal": false,
            "ip_address_type": "ipv4",
            "ipam_pools": [],
            "load_balancer_type": "application",
            "minimum_load_balancer_capacity": [],
            "name": "users-lb",
            "name_prefix": "",
            "preserve_host_header": false,
            "region": "us-east-1",
            "secondary_ips_auto_assigned_per_subnet": null,
            "security_groups": [
              "sg-00139301962b9e8fe"
            ],
            "subnet_mapping": [
              {
                "allocation_id": "",
                "ipv6_address": "",
                "outpost_id": "",
                "private_ipv4_address": "",
                "subnet_id": "subnet-02753e5a376100c12"
              },
              {
                "allocation_id": "",
                "ipv6_address": "",
                "outpost_id": "",
                "private_ipv4_address": "",
                "subnet_id": "subnet-0d008bd405ffde34e"
              }
            ],
            "subnets": [
              "subnet-02753e5a376100c12",
              "subnet-0d008bd405ffde34e"
            ],
            "tags": {
              "Name": "users-application-lb"
            },
            "tags_all": {
              "Environment": "users",
              "ManagedBy": "Terraform",
              "Name": "users-application-lb",
              "Project": "GradFlow"
            },
            "timeouts": null,
            "vpc_id": "vpc-06c6fc14fad4e3acf",
            "xff_header_processing_mode": "append",
            "zone_id": "Z35SXDOTRQ7X7K"
          },
          "sensitive_attributes": [],
          "identity_schema_version": 0,
          "identity": {
            "arn": "arn:aws:elasticloadbalancing:us-east-1:697755754723:loadbalancer/app/users-lb/16d112cd3b1165c0"
          },
          "private": "eyJlMmJmYjczMC1lY2FhLTExZTYtOGY4OC0zNDM2M2JjN2M0YzAiOnsiY3JlYXRlIjo2MDAwMDAwMDAwMDAsImRlbGV0ZSI6NjAwMDAwMDAwMDAwLCJ1cGRhdGUiOjYwMDAwMDAwMDAwMH19",
          "dependencies": [
            "aws_security_group.lb",
            "aws_subnet.public",
            "aws_vpc.main",
            "data.aws_availability_zones.available"
          ]
        }
      ]
    },
    {
      "mode": "managed",
      "type": "aws_lb_listener",
      "name": "http",
      "provider": "provider[\"registry.terraform.io/hashicorp/aws\"]",
      "instances": [
        {
          "schema_version": 0,
          "attributes": {
            "alpn_policy": null,
            "arn": "arn:aws:elasticloadbalancing:us-east-1:697755754723:listener/app/users-lb/16d112cd3b1165c0/22377b0f52e37529",
            "certificate_arn": null,
            "default_action": [
              {
                "authenticate_cognito": [],
                "authenticate_oidc": [],
                "fixed_response": [],
                "forward": [],
                "jwt_validation": [],
                "order": 1,
                "redirect": [],
                "target_group_arn": "arn:aws:elasticloadbalancing:us-east-1:697755754723:targetgroup/users-tg/0eda100b14a9534d",
                "type": "forward"
              }
            ],
            "id": "arn:aws:elasticloadbalancing:us-east-1:697755754723:listener/app/users-lb/16d112cd3b1165c0/22377b0f52e37529",
            "load_balancer_arn": "arn:aws:elasticloadbalancing:us-east-1:697755754723:loadbalancer/app/users-lb/16d112cd3b1165c0",
            "mutual_authentication": [],
            "port": 80,
            "protocol": "HTTP",
            "region": "us-east-1",
            "routing_http_request_x_amzn_mtls_clientcert_header_name": null,
            "routing_http_request_x_amzn_mtls_clientcert_issuer_header_name": null,
            "routing_http_request_x_amzn_mtls_clientcert_leaf_header_name": null,
            "routing_http_request_x_amzn_mtls_clientcert_serial_number_header_name": null,
            "routing_http_request_x_amzn_mtls_clientcert_subject_header_name": null,
            "routing_http_request_x_amzn_mtls_clientcert_validity_header_name": null,
            "routing_http_request_x_amzn_tls_cipher_suite_header_name": null,
            "routing_http_request_x_amzn_tls_version_header_name": null,
            "routing_http_response_access_control_allow_credentials_header_value": "",
            "routing_http_response_access_control_allow_headers_header_value": "",
            "routing_http_response_access_control_allow_methods_header_value": "",
            "routing_http_response_access_control_allow_origin_header_value": "",
            "routing_http_response_access_control_expose_headers_header_value": "",
            "routing_http_response_access_control_max_age_header_value": "",
            "routing_http_response_content_security_policy_header_value": "",
            "routing_http_response_server_enabled": true,
            "routing_http_response_strict_transport_security_header_value": "",
            "routing_http_response_x_content_type_options_header_value": "",
            "routing_http_response_x_frame_options_header_value": "",
            "ssl_policy": "",
            "tags": null,
            "tags_all": {
              "Environment": "users",
              "ManagedBy": "Terraform",
              "Project": "GradFlow"
            },
            "tcp_idle_timeout_seconds": null,
            "timeouts": null
          },
          "sensitive_attributes": [],
          "identity_schema_version": 0,
          "identity": {
            "arn": "arn:aws:elasticloadbalancing:us-east-1:697755754723:listener/app/users-lb/16d112cd3b1165c0/22377b0f52e37529"
          },
          "private": "eyJlMmJmYjczMC1lY2FhLTExZTYtOGY4OC0zNDM2M2JjN2M0YzAiOnsiY3JlYXRlIjozMDAwMDAwMDAwMDAsInVwZGF0ZSI6MzAwMDAwMDAwMDAwfX0=",
          "dependencies": [
            "aws_lb.app",
            "aws_lb_target_group.app",
            "aws_security_group.lb",
            "aws_subnet.public",
            "aws_vpc.main",
            "data.aws_availability_zones.available"
          ]
        }
      ]
    },
    {
      "mode": "managed",
      "type": "aws_lb_target_group",
      "name": "app",
      "provider": "provider[\"registry.terraform.io/hashicorp/aws\"]",
      "instances": [
        {
          "schema_version": 0,
          "attributes": {
            "arn": "arn:aws:elasticloadbalancing:us-east-1:697755754723:targetgroup/users-tg/0eda100b14a9534d",
            "arn_suffix": "targetgroup/users-tg/0eda100b14a9534d",
            "connection_termination": null,
            "deregistration_delay": "30",
            "health_check": [
              {
                "enabled": true,
                "healthy_threshold": 2,
                "interval": 30,
                "matcher": "200",
                "path": "/health",
                "port": "traffic-port",
                "protocol": "HTTP",
                "timeout": 5,
                "unhealthy_threshold": 3
              }
            ],
            "id": "arn:aws:elasticloadbalancing:us-east-1:697755754723:targetgroup/users-tg/0eda100b14a9534d",
            "ip_address_type": "ipv4",
            "lambda_multi_value_headers_enabled": false,
            "load_balancer_arns": [],
            "load_balancing_algorithm_type": "round_robin",
            "load_balancing_anomaly_mitigation": "off",
            "load_balancing_cross_zone_enabled": "use_load_balancer_configuration",
            "name": "users-tg",
            "name_prefix": "",
            "port": 80,
            "preserve_client_ip": null,
            "protocol": "HTTP",
            "protocol_version": "HTTP1",
            "proxy_protocol_v2": false,
            "region": "us-east-1",
            "slow_start": 0,
            "stickiness": [
              {
                "cookie_duration": 86400,
                "cookie_name": "",
                "enabled": false,
                "type": "lb_cookie"
              }
            ],
            "tags": {
              "Name": "users-target-group"
            },
            "tags_all": {
              "Environment": "users",
              "ManagedBy": "Terraform",
              "Name": "users-target-group",
              "Project": "GradFlow"
            },
            "target_control_port": 0,
            "target_failover": [
              {
                "on_deregistration": null,
                "on_unhealthy": null
              }
            ],
            "target_group_health": [
              {
                "dns_failover": [
                  {
                    "minimum_healthy_targets_count": "1",
                    "minimum_healthy_targets_percentage": "off"
                  }
                ],
                "unhealthy_state_routing": [
                  {
                    "minimum_healthy_targets_count": 1,
                    "minimum_healthy_targets_percentage": "off"
                  }
                ]
              }
            ],
            "target_health_state": [
              {
                "enable_unhealthy_connection_termination": null,
                "unhealthy_draining_interval": null
              }
            ],
            "target_type": "instance",
            "vpc_id": "vpc-06c6fc14fad4e3acf"
          },
          "sensitive_attributes": [],
          "identity_schema_version": 0,
          "identity": {
            "arn": "arn:aws:elasticloadbalancing:us-east-1:697755754723:targetgroup/users-tg/0eda100b14a9534d"
          },
          "private": "bnVsbA==",
          "dependencies": [
            "aws_vpc.main"
          ]
        }
      ]
    },
    {
      "mode": "managed",
      "type": "aws_route_table",
      "name": "public",
      "provider": "provider[\"registry.terraform.io/hashicorp/aws\"]",
      "instances": [
        {
          "schema_version": 0,
          "attributes": {
            "arn": "arn:aws:ec2:us-east-1:697755754723:route-table/rtb-0924e6d68df5dd2bd",
            "id": "rtb-0924e6d68df5dd2bd",
            "owner_id": "697755754723",
            "propagating_vgws": [],
            "region": "us-east-1",
            "route": [
              {
                "carrier_gateway_id": "",
                "cidr_block": "0.0.0.0/0",
                "core_network_arn": "",
                "destination_prefix_list_id": "",
                "egress_only_gateway_id": "",
                "gateway_id": "igw-0d1f1912499a0d799",
                "ipv6_cidr_block": "",
                "local_gateway_id": "",
                "nat_gateway_id": "",
                "network_interface_id": "",
                "transit_gateway_id": "",
                "vpc_endpoint_id": "",
                "vpc_peering_connection_id": ""
              }
            ],
            "tags": null,
            "tags_all": {
              "Environment": "users",
              "ManagedBy": "Terraform",
              "Project": "GradFlow"
            },
            "timeouts": null,
            "vpc_id": "vpc-06c6fc14fad4e3acf"
          },
          "sensitive_attributes": [],
          "identity_schema_version": 0,
          "identity": {
            "account_id": "697755754723",
            "id": "rtb-0924e6d68df5dd2bd",
            "region": "us-east-1"
          },
          "private": "eyJlMmJmYjczMC1lY2FhLTExZTYtOGY4OC0zNDM2M2JjN2M0YzAiOnsiY3JlYXRlIjozMDAwMDAwMDAwMDAsImRlbGV0ZSI6MzAwMDAwMDAwMDAwLCJ1cGRhdGUiOjEyMDAwMDAwMDAwMH19",
          "dependencies": [
            "aws_internet_gateway.igw",
            "aws_vpc.main"
          ]
        }
      ]
    },
    {
      "mode": "managed",
      "type": "aws_route_table_association",
      "name": "public",
      "provider": "provider[\"registry.terraform.io/hashicorp/aws\"]",
      "instances": [
        {
          "index_key": 0,
          "schema_version": 0,
          "attributes": {
            "gateway_id": "",
            "id": "rtbassoc-08a48b85b5ec28ea8",
            "region": "us-east-1",
            "route_table_id": "rtb-0924e6d68df5dd2bd",
            "subnet_id": "subnet-0d008bd405ffde34e",
            "timeouts": null
          },
          "sensitive_attributes": [],
          "identity_schema_version": 0,
          "private": "eyJlMmJmYjczMC1lY2FhLTExZTYtOGY4OC0zNDM2M2JjN2M0YzAiOnsiY3JlYXRlIjozMDAwMDAwMDAwMDAsImRlbGV0ZSI6MzAwMDAwMDAwMDAwLCJ1cGRhdGUiOjEyMDAwMDAwMDAwMH19",
          "dependencies": [
            "aws_internet_gateway.igw",
            "aws_route_table.public",
            "aws_subnet.public",
            "aws_vpc.main",
            "data.aws_availability_zones.available"
          ]
        },
        {
          "index_key": 1,
          "schema_version": 0,
          "attributes": {
            "gateway_id": "",
            "id": "rtbassoc-0e19b94a641e16b8d",
            "region": "us-east-1",
            "route_table_id": "rtb-0924e6d68df5dd2bd",
            "subnet_id": "subnet-02753e5a376100c12",
            "timeouts": null
          },
          "sensitive_attributes": [],
          "identity_schema_version": 0,
          "private": "eyJlMmJmYjczMC1lY2FhLTExZTYtOGY4OC0zNDM2M2JjN2M0YzAiOnsiY3JlYXRlIjozMDAwMDAwMDAwMDAsImRlbGV0ZSI6MzAwMDAwMDAwMDAwLCJ1cGRhdGUiOjEyMDAwMDAwMDAwMH19",
          "dependencies": [
            "aws_internet_gateway.igw",
            "aws_route_table.public",
            "aws_subnet.public",
            "aws_vpc.main",
            "data.aws_availability_zones.available"
          ]
        }
      ]
    },
    {
      "mode": "managed",
      "type": "aws_security_group",
      "name": "lb",
      "provider": "provider[\"registry.terraform.io/hashicorp/aws\"]",
      "instances": [
        {
          "schema_version": 1,
          "attributes": {
            "arn": "arn:aws:ec2:us-east-1:697755754723:security-group/sg-00139301962b9e8fe",
            "description": "Managed by Terraform",
            "egress": [
              {
                "cidr_blocks": [
                  "0.0.0.0/0"
                ],
                "description": "",
                "from_port": 0,
                "ipv6_cidr_blocks": [],
                "prefix_list_ids": [],
                "protocol": "-1",
                "security_groups": [],
                "self": false,
                "to_port": 0
              }
            ],
            "id": "sg-00139301962b9e8fe",
            "ingress": [
              {
                "cidr_blocks": [
                  "0.0.0.0/0"
                ],
                "description": "",
                "from_port": 80,
                "ipv6_cidr_blocks": [],
                "prefix_list_ids": [],
                "protocol": "tcp",
                "security_groups": [],
                "self": false,
                "to_port": 80
              }
            ],
            "name": "lb_sg",
            "name_prefix": "",
            "owner_id": "697755754723",
            "region": "us-east-1",
            "revoke_rules_on_delete": false,
            "tags": null,
            "tags_all": {
              "Environment": "users",
              "ManagedBy": "Terraform",
              "Project": "GradFlow"
            },
            "timeouts": null,
            "vpc_id": "vpc-06c6fc14fad4e3acf"
          },
          "sensitive_attributes": [],
          "identity_schema_version": 0,
          "identity": {
            "account_id": "697755754723",
            "id": "sg-00139301962b9e8fe",
            "region": "us-east-1"
          },
          "private": "eyJlMmJmYjczMC1lY2FhLTExZTYtOGY4OC0zNDM2M2JjN2M0YzAiOnsiY3JlYXRlIjo2MDAwMDAwMDAwMDAsImRlbGV0ZSI6OTAwMDAwMDAwMDAwfSwic2NoZW1hX3ZlcnNpb24iOiIxIn0=",
          "dependencies": [
            "aws_vpc.main"
          ]
        }
      ]
    },
    {
      "mode": "managed",
      "type": "aws_security_group",
      "name": "web",
      "provider": "provider[\"registry.terraform.io/hashicorp/aws\"]",
      "instances": [
        {
          "schema_version": 1,
          "attributes": {
            "arn": "arn:aws:ec2:us-east-1:697755754723:security-group/sg-0fc16dddd8d261c1f",
            "description": "Managed by Terraform",
            "egress": [
              {
                "cidr_blocks": [
                  "0.0.0.0/0"
                ],
                "description": "",
                "from_port": 0,
                "ipv6_cidr_blocks": [],
                "prefix_list_ids": [],
                "protocol": "-1",
                "security_groups": [],
                "self": false,
                "to_port": 0
              }
            ],
            "id": "sg-0fc16dddd8d261c1f",
            "ingress": [
              {
                "cidr_blocks": [
                  "0.0.0.0/0"
                ],
                "description": "SSH for CI/CD",
                "from_port": 22,
                "ipv6_cidr_blocks": [],
                "prefix_list_ids": [],
                "protocol": "tcp",
                "security_groups": [],
                "self": false,
                "to_port": 22
              },
              {
                "cidr_blocks": [],
                "description": "",
                "from_port": 80,
                "ipv6_cidr_blocks": [],
                "prefix_list_ids": [],
                "protocol": "tcp",
                "security_groups": [
                  "sg-00139301962b9e8fe"
                ],
                "self": false,
                "to_port": 80
              }
            ],
            "name": "web_sg",
            "name_prefix": "",
            "owner_id": "697755754723",
            "region": "us-east-1",
            "revoke_rules_on_delete": false,
            "tags": null,
            "tags_all": {
              "Environment": "users",
              "ManagedBy": "Terraform",
              "Project": "GradFlow"
            },
            "timeouts": null,
            "vpc_id": "vpc-06c6fc14fad4e3acf"
          },
          "sensitive_attributes": [],
          "identity_schema_version": 0,
          "identity": {
            "account_id": "697755754723",
            "id": "sg-0fc16dddd8d261c1f",
            "region": "us-east-1"
          },
          "private": "eyJlMmJmYjczMC1lY2FhLTExZTYtOGY4OC0zNDM2M2JjN2M0YzAiOnsiY3JlYXRlIjo2MDAwMDAwMDAwMDAsImRlbGV0ZSI6OTAwMDAwMDAwMDAwfSwic2NoZW1hX3ZlcnNpb24iOiIxIn0=",
          "dependencies": [
            "aws_security_group.lb",
            "aws_vpc.main"
          ]
        }
      ]
    },
    {
      "mode": "managed",
      "type": "aws_subnet",
      "name": "public",
      "provider": "provider[\"registry.terraform.io/hashicorp/aws\"]",
      "instances": [
        {
          "index_key": 0,
          "schema_version": 1,
          "attributes": {
            "arn": "arn:aws:ec2:us-east-1:697755754723:subnet/subnet-0d008bd405ffde34e",
            "assign_ipv6_address_on_creation": false,
            "availability_zone": "us-east-1a",
            "availability_zone_id": "use1-az6",
            "cidr_block": "10.0.0.0/24",
            "customer_owned_ipv4_pool": "",
            "enable_dns64": false,
            "enable_lni_at_device_index": 0,
            "enable_resource_name_dns_a_record_on_launch": false,
            "enable_resource_name_dns_aaaa_record_on_launch": false,
            "id": "subnet-0d008bd405ffde34e",
            "ipv6_cidr_block": "",
            "ipv6_cidr_block_association_id": "",
            "ipv6_native": false,
            "map_customer_owned_ip_on_launch": false,
            "map_public_ip_on_launch": true,
            "outpost_arn": "",
            "owner_id": "697755754723",
            "private_dns_hostname_type_on_launch": "ip-name",
            "region": "us-east-1",
            "tags": null,
            "tags_all": {
              "Environment": "users",
              "ManagedBy": "Terraform",
              "Project": "GradFlow"
            },
            "timeouts": null,
            "vpc_id": "vpc-06c6fc14fad4e3acf"
          },
          "sensitive_attributes": [],
          "identity_schema_version": 0,
          "identity": {
            "account_id": "697755754723",
            "id": "subnet-0d008bd405ffde34e",
            "region": "us-east-1"
          },
          "private": "eyJlMmJmYjczMC1lY2FhLTExZTYtOGY4OC0zNDM2M2JjN2M0YzAiOnsiY3JlYXRlIjo2MDAwMDAwMDAwMDAsImRlbGV0ZSI6MTIwMDAwMDAwMDAwMH0sInNjaGVtYV92ZXJzaW9uIjoiMSJ9",
          "dependencies": [
            "aws_vpc.main",
            "data.aws_availability_zones.available"
          ]
        },
        {
          "index_key": 1,
          "schema_version": 1,
          "attributes": {
            "arn": "arn:aws:ec2:us-east-1:697755754723:subnet/subnet-02753e5a376100c12",
            "assign_ipv6_address_on_creation": false,
            "availability_zone": "us-east-1b",
            "availability_zone_id": "use1-az1",
            "cidr_block": "10.0.1.0/24",
            "customer_owned_ipv4_pool": "",
            "enable_dns64": false,
            "enable_lni_at_device_index": 0,
            "enable_resource_name_dns_a_record_on_launch": false,
            "enable_resource_name_dns_aaaa_record_on_launch": false,
            "id": "subnet-02753e5a376100c12",
            "ipv6_cidr_block": "",
            "ipv6_cidr_block_association_id": "",
            "ipv6_native": false,
            "map_customer_owned_ip_on_launch": false,
            "map_public_ip_on_launch": true,
            "outpost_arn": "",
            "owner_id": "697755754723",
            "private_dns_hostname_type_on_launch": "ip-name",
            "region": "us-east-1",
            "tags": null,
            "tags_all": {
              "Environment": "users",
              "ManagedBy": "Terraform",
              "Project": "GradFlow"
            },
            "timeouts": null,
            "vpc_id": "vpc-06c6fc14fad4e3acf"
          },
          "sensitive_attributes": [],
          "identity_schema_version": 0,
          "identity": {
            "account_id": "697755754723",
            "id": "subnet-02753e5a376100c12",
            "region": "us-east-1"
          },
          "private": "eyJlMmJmYjczMC1lY2FhLTExZTYtOGY4OC0zNDM2M2JjN2M0YzAiOnsiY3JlYXRlIjo2MDAwMDAwMDAwMDAsImRlbGV0ZSI6MTIwMDAwMDAwMDAwMH0sInNjaGVtYV92ZXJzaW9uIjoiMSJ9",
          "dependencies": [
            "aws_vpc.main",
            "data.aws_availability_zones.available"
          ]
        }
      ]
    },
    {
      "mode": "managed",
      "type": "aws_vpc",
      "name": "main",
      "provider": "provider[\"registry.terraform.io/hashicorp/aws\"]",
      "instances": [
        {
          "schema_version": 1,
          "attributes": {
            "arn": "arn:aws:ec2:us-east-1:697755754723:vpc/vpc-06c6fc14fad4e3acf",
            "assign_generated_ipv6_cidr_block": false,
            "cidr_block": "10.0.0.0/16",
            "default_network_acl_id": "acl-0d3e5233a7f679474",
            "default_route_table_id": "rtb-0fabceeec567738ae",
            "default_security_group_id": "sg-0b0207faf1ed7241f",
            "dhcp_options_id": "dopt-09c9a738bb79b4b08",
            "enable_dns_hostnames": false,
            "enable_dns_support": true,
            "enable_network_address_usage_metrics": false,
            "id": "vpc-06c6fc14fad4e3acf",
            "instance_tenancy": "default",
            "ipv4_ipam_pool_id": null,
            "ipv4_netmask_length": null,
            "ipv6_association_id": "",
            "ipv6_cidr_block": "",
            "ipv6_cidr_block_network_border_group": "",
            "ipv6_ipam_pool_id": "",
            "ipv6_netmask_length": 0,
            "main_route_table_id": "rtb-0fabceeec567738ae",
            "owner_id": "697755754723",
            "region": "us-east-1",
            "tags": null,
            "tags_all": {
              "Environment": "users",
              "ManagedBy": "Terraform",
              "Project": "GradFlow"
            }
          },
          "sensitive_attributes": [],
          "identity_schema_version": 0,
          "identity": {
            "account_id": "697755754723",
            "id": "vpc-06c6fc14fad4e3acf",
            "region": "us-east-1"
          },
          "private": "eyJzY2hlbWFfdmVyc2lvbiI6IjEifQ=="
        }
      ]
    },
    {
      "mode": "managed",
      "type": "local_file",
      "name": "env_users_create",
      "provider": "provider[\"registry.terraform.io/hashicorp/local\"]",
      "instances": [
        {
          "schema_version": 0,
          "attributes": {
            "content": "# Database Configuration\r\nDB_HOST=\r\nDB_USER=\r\nDB_PASSWORD=\r\nDB_NAME=gradflow\r\nDB_PORT=5432\r\n\r\n# Service Configuration\r\nPORT=3001\r\nNODE_ENV=production\r\n\r\n# API Gateway URL (use Load Balancer DNS)\r\nAPI_GATEWAY_URL=http://users-lb-1369653096.us-east-1.elb.amazonaws.com\r\n\r\n# Service URLs (use Load Balancer DNS for internal communication)\r\nUSERS_CREATE_URL=http://users-lb-1369653096.us-east-1.elb.amazonaws.com\r\nUSERS_DELETE_URL=http://users-lb-1369653096.us-east-1.elb.amazonaws.com\r\nUSERS_LIST_URL=http://users-lb-1369653096.us-east-1.elb.amazonaws.com\r\nUSERS_SEARCH_URL=http://users-lb-1369653096.us-east-1.elb.amazonaws.com\r\nUSERS_UPDATE_URL=http://users-lb-1369653096.us-east-1.elb.amazonaws.com\r\nAUTH_LOGIN_URL=http://users-lb-1369653096.us-east-1.elb.amazonaws.com\r\nAUTH_ROL_URL=http://users-lb-1369653096.us-east-1.elb.amazonaws.com\r\nAUTH_ME_URL=http://users-lb-1369653096.us-east-1.elb.amazonaws.com\r\nFILE_SERVICE_INIT_URL=http://users-lb-1369653096.us-east-1.elb.amazonaws.com\r\nFILE_SERVICE_UPDATE_URL=http://users-lb-1369653096.us-east-1.elb.amazonaws.com\r\nFILE_SERVICE_UPLOAD_URL=http://users-lb-1369653096.us-east-1.elb.amazonaws.com\r\nFILE_SERVICE_LIST_URL=http://users-lb-1369653096.us-east-1.elb.amazonaws.com\r\nFILE_SERVICE_DOWNLOAD_URL=http://users-lb-1369653096.us-east-1.elb.amazonaws.com\r\n\r\n# JWT Configuration\r\nJWT_SECRET=\r\nJWT_EXPIRES_IN=24h\r\n\r\n# Docker Registry (if needed)\r\nDOCKER_REGISTRY=\r\nDOCKER_REGISTRY_USERNAME=\r\nDOCKER_REGISTRY_PASSWORD=\r\n",
            "content_base64": null,
            "content_base64sha256": "9aZknJgM/PdhE31rRRi3k7zAWHRwzpJsV25GlJaoXQA=",
            "content_base64sha512": "soGLMEA+/yMYHy+qr5cpkT/29zL9531dbIKUOK3/Ci+AK0wWRV9uj9EXprk3eXva9waKEI5pJaAIlgz3uIcOLA==",
            "content_md5": "b1407aa109d721ccb6d1e561bd529e34",
            "content_sha1": "b3c7908402527468a2e7e59f6760e02d666bceee",
            "content_sha256": "f5a6649c980cfcf761137d6b4518b793bcc0587470ce926c576e469496a85d00",
            "content_sha512": "b2818b30403eff23181f2faaaf9729913ff6f732fde77d5d6c829438adff0a2f802b4c16455f6e8fd117a6b937797bdaf7068a108e6925a008960cf7b8870e2c",
            "directory_permission": "0777",
            "file_permission": "0777",
            "filename": "./.env.users_create",
            "id": "b3c7908402527468a2e7e59f6760e02d666bceee",
            "sensitive_content": null,
            "source": null
          },
          "sensitive_attributes": [
            [
              {
                "type": "get_attr",
                "value": "content"
              }
            ],
            [
              {
                "type": "get_attr",
                "value": "sensitive_content"
              }
            ]
          ],
          "identity_schema_version": 0,
          "dependencies": [
            "aws_lb.app",
            "aws_security_group.lb",
            "aws_subnet.public",
            "aws_vpc.main",
            "data.aws_availability_zones.available"
          ]
        }
      ]
    },
    {
      "mode": "managed",
      "type": "local_file",
      "name": "env_users_delete",
      "provider": "provider[\"registry.terraform.io/hashicorp/local\"]",
      "instances": [
        {
          "schema_version": 0,
          "attributes": {
            "content": "# Database Configuration\r\nDB_HOST=\r\nDB_USER=\r\nDB_PASSWORD=\r\nDB_NAME=gradflow\r\nDB_PORT=5432\r\n\r\n# Service Configuration\r\nPORT=3002\r\nNODE_ENV=production\r\n\r\n# API Gateway URL (use Load Balancer DNS)\r\nAPI_GATEWAY_URL=http://users-lb-1369653096.us-east-1.elb.amazonaws.com\r\n\r\n# Service URLs (use Load Balancer DNS for internal communication)\r\nUSERS_CREATE_URL=http://users-lb-1369653096.us-east-1.elb.amazonaws.com\r\nUSERS_DELETE_URL=http://users-lb-1369653096.us-east-1.elb.amazonaws.com\r\nUSERS_LIST_URL=http://users-lb-1369653096.us-east-1.elb.amazonaws.com\r\nUSERS_SEARCH_URL=http://users-lb-1369653096.us-east-1.elb.amazonaws.com\r\nUSERS_UPDATE_URL=http://users-lb-1369653096.us-east-1.elb.amazonaws.com\r\nAUTH_LOGIN_URL=http://users-lb-1369653096.us-east-1.elb.amazonaws.com\r\nAUTH_ROL_URL=http://users-lb-1369653096.us-east-1.elb.amazonaws.com\r\nAUTH_ME_URL=http://users-lb-1369653096.us-east-1.elb.amazonaws.com\r\nFILE_SERVICE_INIT_URL=http://users-lb-1369653096.us-east-1.elb.amazonaws.com\r\nFILE_SERVICE_UPDATE_URL=http://users-lb-1369653096.us-east-1.elb.amazonaws.com\r\nFILE_SERVICE_UPLOAD_URL=http://users-lb-1369653096.us-east-1.elb.amazonaws.com\r\nFILE_SERVICE_LIST_URL=http://users-lb-1369653096.us-east-1.elb.amazonaws.com\r\nFILE_SERVICE_DOWNLOAD_URL=http://users-lb-1369653096.us-east-1.elb.amazonaws.com\r\n\r\n# JWT Configuration\r\nJWT_SECRET=\r\nJWT_EXPIRES_IN=24h\r\n\r\n# Docker Registry (if needed)\r\nDOCKER_REGISTRY=\r\nDOCKER_REGISTRY_USERNAME=\r\nDOCKER_REGISTRY_PASSWORD=\r\n",
            "content_base64": null,
            "content_base64sha256": "gR77A62nN+J8qoDQOd1kypw+WG7m8ocKcMjdLfOXJKQ=",
            "content_base64sha512": "xPYDS1Rg0TBf9nwzD+7Y4HeaFU8kC2oHveCbfBYGi8A43+8ZOkh9Yc869HQyBM6GVOkk/7A1Ekjk7B7i3ZdeLQ==",
            "content_md5": "cbe2bcf8afdebe41aa63a8d53e0a51e3",
            "content_sha1": "55d96086f8aaa5cfb69a44eed307c5dd58609b8f",
            "content_sha256": "811efb03ada737e27caa80d039dd64ca9c3e586ee6f2870a70c8dd2df39724a4",
            "content_sha512": "c4f6034b5460d1305ff67c330feed8e0779a154f240b6a07bde09b7c16068bc038dfef193a487d61cf3af4743204ce8654e924ffb0351248e4ec1ee2dd975e2d",
            "directory_permission": "0777",
            "file_permission": "0777",
            "filename": "./.env.users_delete",
            "id": "55d96086f8aaa5cfb69a44eed307c5dd58609b8f",
            "sensitive_content": null,
            "source": null
          },
          "sensitive_attributes": [
            [
              {
                "type": "get_attr",
                "value": "content"
              }
            ],
            [
              {
                "type": "get_attr",
                "value": "sensitive_content"
              }
            ]
          ],
          "identity_schema_version": 0,
          "dependencies": [
            "aws_lb.app",
            "aws_security_group.lb",
            "aws_subnet.public",
            "aws_vpc.main",
            "data.aws_availability_zones.available"
          ]
        }
      ]
    },
    {
      "mode": "managed",
      "type": "local_file",
      "name": "env_users_list",
      "provider": "provider[\"registry.terraform.io/hashicorp/local\"]",
      "instances": [
        {
          "schema_version": 0,
          "attributes": {
            "content": "# Database Configuration\r\nDB_HOST=\r\nDB_USER=\r\nDB_PASSWORD=\r\nDB_NAME=gradflow\r\nDB_PORT=5432\r\n\r\n# Service Configuration\r\nPORT=3003\r\nNODE_ENV=production\r\n\r\n# API Gateway URL (use Load Balancer DNS)\r\nAPI_GATEWAY_URL=http://users-lb-1369653096.us-east-1.elb.amazonaws.com\r\n\r\n# Service URLs (use Load Balancer DNS for internal communication)\r\nUSERS_CREATE_URL=http://users-lb-1369653096.us-east-1.elb.amazonaws.com\r\nUSERS_DELETE_URL=http://users-lb-1369653096.us-east-1.elb.amazonaws.com\r\nUSERS_LIST_URL=http://users-lb-1369653096.us-east-1.elb.amazonaws.com\r\nUSERS_SEARCH_URL=http://users-lb-1369653096.us-east-1.elb.amazonaws.com\r\nUSERS_UPDATE_URL=http://users-lb-1369653096.us-east-1.elb.amazonaws.com\r\nAUTH_LOGIN_URL=http://users-lb-1369653096.us-east-1.elb.amazonaws.com\r\nAUTH_ROL_URL=http://users-lb-1369653096.us-east-1.elb.amazonaws.com\r\nAUTH_ME_URL=http://users-lb-1369653096.us-east-1.elb.amazonaws.com\r\nFILE_SERVICE_INIT_URL=http://users-lb-1369653096.us-east-1.elb.amazonaws.com\r\nFILE_SERVICE_UPDATE_URL=http://users-lb-1369653096.us-east-1.elb.amazonaws.com\r\nFILE_SERVICE_UPLOAD_URL=http://users-lb-1369653096.us-east-1.elb.amazonaws.com\r\nFILE_SERVICE_LIST_URL=http://users-lb-1369653096.us-east-1.elb.amazonaws.com\r\nFILE_SERVICE_DOWNLOAD_URL=http://users-lb-1369653096.us-east-1.elb.amazonaws.com\r\n\r\n# JWT Configuration\r\nJWT_SECRET=\r\nJWT_EXPIRES_IN=24h\r\n\r\n# Docker Registry (if needed)\r\nDOCKER_REGISTRY=\r\nDOCKER_REGISTRY_USERNAME=\r\nDOCKER_REGISTRY_PASSWORD=\r\n",
            "content_base64": null,
            "content_base64sha256": "TGOEDakT9/oaN+IJkzCuPBElG4FVQMmfaAcO1OE5W0w=",
            "content_base64sha512": "Bi7cTk7d2LtLXQdSUbNP09Ucf93WoOVKaJv7P8o7czdd36s/lQzhllh7QVca6mp3+akinIe5i8z2GTEpknBi6g==",
            "content_md5": "6660aef79dfb3850cdb97d2c188118e8",
            "content_sha1": "a084176062b7b991a486346c4c9ad4925ee2afc5",
            "content_sha256": "4c63840da913f7fa1a37e2099330ae3c11251b815540c99f68070ed4e1395b4c",
            "content_sha512": "062edc4e4eddd8bb4b5d075251b34fd3d51c7fddd6a0e54a689bfb3fca3b73375ddfab3f950ce196587b41571aea6a77f9a9229c87b98bccf6193129927062ea",
            "directory_permission": "0777",
            "file_permission": "0777",
            "filename": "./.env.users_list",
            "id": "a084176062b7b991a486346c4c9ad4925ee2afc5",
            "sensitive_content": null,
            "source": null
          },
          "sensitive_attributes": [
            [
              {
                "type": "get_attr",
                "value": "content"
              }
            ],
            [
              {
                "type": "get_attr",
                "value": "sensitive_content"
              }
            ]
          ],
          "identity_schema_version": 0,
          "dependencies": [
            "aws_lb.app",
            "aws_security_group.lb",
            "aws_subnet.public",
            "aws_vpc.main",
            "data.aws_availability_zones.available"
          ]
        }
      ]
    },
    {
      "mode": "managed",
      "type": "local_file",
      "name": "env_users_search",
      "provider": "provider[\"registry.terraform.io/hashicorp/local\"]",
      "instances": [
        {
          "schema_version": 0,
          "attributes": {
            "content": "# Database Configuration\r\nDB_HOST=\r\nDB_USER=\r\nDB_PASSWORD=\r\nDB_NAME=gradflow\r\nDB_PORT=5432\r\n\r\n# Service Configuration\r\nPORT=3004\r\nNODE_ENV=production\r\n\r\n# API Gateway URL (use Load Balancer DNS)\r\nAPI_GATEWAY_URL=http://users-lb-1369653096.us-east-1.elb.amazonaws.com\r\n\r\n# Service URLs (use Load Balancer DNS for internal communication)\r\nUSERS_CREATE_URL=http://users-lb-1369653096.us-east-1.elb.amazonaws.com\r\nUSERS_DELETE_URL=http://users-lb-1369653096.us-east-1.elb.amazonaws.com\r\nUSERS_LIST_URL=http://users-lb-1369653096.us-east-1.elb.amazonaws.com\r\nUSERS_SEARCH_URL=http://users-lb-1369653096.us-east-1.elb.amazonaws.com\r\nUSERS_UPDATE_URL=http://users-lb-1369653096.us-east-1.elb.amazonaws.com\r\nAUTH_LOGIN_URL=http://users-lb-1369653096.us-east-1.elb.amazonaws.com\r\nAUTH_ROL_URL=http://users-lb-1369653096.us-east-1.elb.amazonaws.com\r\nAUTH_ME_URL=http://users-lb-1369653096.us-east-1.elb.amazonaws.com\r\nFILE_SERVICE_INIT_URL=http://users-lb-1369653096.us-east-1.elb.amazonaws.com\r\nFILE_SERVICE_UPDATE_URL=http://users-lb-1369653096.us-east-1.elb.amazonaws.com\r\nFILE_SERVICE_UPLOAD_URL=http://users-lb-1369653096.us-east-1.elb.amazonaws.com\r\nFILE_SERVICE_LIST_URL=http://users-lb-1369653096.us-east-1.elb.amazonaws.com\r\nFILE_SERVICE_DOWNLOAD_URL=http://users-lb-1369653096.us-east-1.elb.amazonaws.com\r\n\r\n# JWT Configuration\r\nJWT_SECRET=\r\nJWT_EXPIRES_IN=24h\r\n\r\n# Docker Registry (if needed)\r\nDOCKER_REGISTRY=\r\nDOCKER_REGISTRY_USERNAME=\r\nDOCKER_REGISTRY_PASSWORD=\r\n",
            "content_base64": null,
            "content_base64sha256": "+nJNBNqpjCHlkfSgXTwxU5AIc0oJahL25EFy5DDH+/k=",
            "content_base64sha512": "G6FjdFANv9ziJZrBMSKXhBv7p/ZmhWs005+MvnGVbXUMoZqtBjsLdF4MnUxuxTzDDh/uGyvhVegXCb7in4bMaw==",
            "content_md5": "853d980a9583f87cd3ebcfa4700b7636",
            "content_sha1": "301aded248d24c61011cc40baf71aec682802cf5",
            "content_sha256": "fa724d04daa98c21e591f4a05d3c31539008734a096a12f6e44172e430c7fbf9",
            "content_sha512": "1ba16374500dbfdce2259ac1312297841bfba7f666856b34d39f8cbe71956d750ca19aad063b0b745e0c9d4c6ec53cc30e1fee1b2be155e81709bee29f86cc6b",
            "directory_permission": "0777",
            "file_permission": "0777",
            "filename": "./.env.users_search",
            "id": "301aded248d24c61011cc40baf71aec682802cf5",
            "sensitive_content": null,
            "source": null
          },
          "sensitive_attributes": [
            [
              {
                "type": "get_attr",
                "value": "content"
              }
            ],
            [
              {
                "type": "get_attr",
                "value": "sensitive_content"
              }
            ]
          ],
          "identity_schema_version": 0,
          "dependencies": [
            "aws_lb.app",
            "aws_security_group.lb",
            "aws_subnet.public",
            "aws_vpc.main",
            "data.aws_availability_zones.available"
          ]
        }
      ]
    },
    {
      "mode": "managed",
      "type": "local_file",
      "name": "env_users_update",
      "provider": "provider[\"registry.terraform.io/hashicorp/local\"]",
      "instances": [
        {
          "schema_version": 0,
          "attributes": {
            "content": "# Database Configuration\r\nDB_HOST=\r\nDB_USER=\r\nDB_PASSWORD=\r\nDB_NAME=gradflow\r\nDB_PORT=5432\r\n\r\n# Service Configuration\r\nPORT=3005\r\nNODE_ENV=production\r\n\r\n# API Gateway URL (use Load Balancer DNS)\r\nAPI_GATEWAY_URL=http://users-lb-1369653096.us-east-1.elb.amazonaws.com\r\n\r\n# Service URLs (use Load Balancer DNS for internal communication)\r\nUSERS_CREATE_URL=http://users-lb-1369653096.us-east-1.elb.amazonaws.com\r\nUSERS_DELETE_URL=http://users-lb-1369653096.us-east-1.elb.amazonaws.com\r\nUSERS_LIST_URL=http://users-lb-1369653096.us-east-1.elb.amazonaws.com\r\nUSERS_SEARCH_URL=http://users-lb-1369653096.us-east-1.elb.amazonaws.com\r\nUSERS_UPDATE_URL=http://users-lb-1369653096.us-east-1.elb.amazonaws.com\r\nAUTH_LOGIN_URL=http://users-lb-1369653096.us-east-1.elb.amazonaws.com\r\nAUTH_ROL_URL=http://users-lb-1369653096.us-east-1.elb.amazonaws.com\r\nAUTH_ME_URL=http://users-lb-1369653096.us-east-1.elb.amazonaws.com\r\nFILE_SERVICE_INIT_URL=http://users-lb-1369653096.us-east-1.elb.amazonaws.com\r\nFILE_SERVICE_UPDATE_URL=http://users-lb-1369653096.us-east-1.elb.amazonaws.com\r\nFILE_SERVICE_UPLOAD_URL=http://users-lb-1369653096.us-east-1.elb.amazonaws.com\r\nFILE_SERVICE_LIST_URL=http://users-lb-1369653096.us-east-1.elb.amazonaws.com\r\nFILE_SERVICE_DOWNLOAD_URL=http://users-lb-1369653096.us-east-1.elb.amazonaws.com\r\n\r\n# JWT Configuration\r\nJWT_SECRET=\r\nJWT_EXPIRES_IN=24h\r\n\r\n# Docker Registry (if needed)\r\nDOCKER_REGISTRY=\r\nDOCKER_REGISTRY_USERNAME=\r\nDOCKER_REGISTRY_PASSWORD=\r\n",
            "content_base64": null,
            "content_base64sha256": "xoodnDZoqhU43mc0XE6cXZwzCO7iR/WABvWbNdK2hOk=",
            "content_base64sha512": "87iL92tvVLrpaC/yiGPF4ag0vhKwQAd0xAmJCm973UYNSF9T//GeTomono5FfiVv9iNFA7Y5ao54RPyABcvKUw==",
            "content_md5": "6a9f49fa7247f57e44a60fd539d29e88",
            "content_sha1": "c41b8ed80f23129326b560d8e7a67cd6c017b321",
            "content_sha256": "c68a1d9c3668aa1538de67345c4e9c5d9c3308eee247f58006f59b35d2b684e9",
            "content_sha512": "f3b88bf76b6f54bae9682ff28863c5e1a834be12b0400774c409890a6f7bdd460d485f53fff19e4e89a89e8e457e256ff6234503b6396a8e7844fc8005cbca53",
            "directory_permission": "0777",
            "file_permission": "0777",
            "filename": "./.env.users_update",
            "id": "c41b8ed80f23129326b560d8e7a67cd6c017b321",
            "sensitive_content": null,
            "source": null
          },
          "sensitive_attributes": [
            [
              {
                "type": "get_attr",
                "value": "content"
              }
            ],
            [
              {
                "type": "get_attr",
                "value": "sensitive_content"
              }
            ]
          ],
          "identity_schema_version": 0,
          "dependencies": [
            "aws_lb.app",
            "aws_security_group.lb",
            "aws_subnet.public",
            "aws_vpc.main",
            "data.aws_availability_zones.available"
          ]
        }
      ]
    },
    {
      "mode": "managed",
      "type": "local_file",
      "name": "private_key_pem",
      "provider": "provider[\"registry.terraform.io/hashicorp/local\"]",
      "instances": [
        {
          "index_key": 0,
          "schema_version": 0,
          "attributes": {
            "content": "-----BEGIN RSA PRIVATE KEY-----\nMIIJKgIBAAKCAgEAxCnhCs6ZYH0iIVUll6YuzwwyOlbGsmFilT7kbuXo8coZjJ2J\nDdB2KWvH6mN8kQmAYoG+gVKopg7tOLaTRukM0HBFwDkFl+HrZbS+tGQOVThI6neW\ni78YkmmLc8VjEMQFmhzih1hYSKzRpnPRerEoZBGYjo4tBWInr+pjqNArh2A/nHFd\neAZUOWjPNpIvDSdGCDuVfSc+gvCEC0LKGAoTWuo7jmj01HEC8ayEA39gsYyALsra\n+1QfH7GKrg1HKENjkffAcP0hZWRf0mQV7DtiVbISJSGvlk2Jpo0ZK44qYp5rBc1c\nY3rBe/rfSIiDlYbSKMs9YIxV1SwUOPRo4WP5A829/dhAHDRc0db4SWaiLPMesBxs\nQgBNvqNG5Xwj+AsXXW/KtZa62tPHtfDl1cRo9KN/ZuMjZ3/VeQk3ii340IH0hhZU\n31UZY4Dsxx0CrMZTUdWRVuFECjNX2Z1AwAsfCiAO/VOB2r6QQziY8YrXwHSpKTUh\n8+k5DLjO2F93OX+pstQ60SFjyf6T74+rRfyiVjPqMx9OSnj93XVBB+Z9hat9KZEq\nevKWZPWEn05fql9eI2qd/aUCMh7KwDIC8rdIpy0nnU1Bk8VSPK5dug+bTBsYSdcB\no0wF6SyIJVeG226ouru8F54sUyUCHi5Vf0yW8VpPAolgPvJjJ/hkZZ0s08MCAwEA\nAQKCAgAlNCIjyBIrzB/EfZ8fF1wKVbBTAzE1FKY7Uw3FAKLA9MkKs7gSICbA7Vmh\nmRO/eDNau2uzoEcvE2anWm0tRjbxc1GvRsFKUIUyKWj/0ngrbnzZxyuMvoX9Arp5\njwaeX+cGFxNZgwZfZjNu48lngSD9dZ7e7pUYT8jiIsya8DxJNRZrZ87H3D9uEfQ2\nz9vPnVK5bf+ImIBRGieY8SZeD88i74izFjHU9sgNqN/yv95JXjHTbhLBFu++NZBt\nOUR1HO7N+NSNOVzzm2lXADduMccRJLAvTae9FGCWb21GJvTf9laq54ttrJL0nhxp\n58Y4/jRumzk9TfBbeTwunyAjGzBXVCGVdjIWWQD8P70JalmliB+pl6RYPKan51IW\n13LygxNTY4rbo/pjSr/zCASoj35PXMlNHw2WCW/pf1oRewZ4G7D8wYZ19UNlIVpl\nBcAE7Rnpwmo1H6ohVaKaFcmXqqzXWWQnsv7J2uoiHILzrzM29nopszZiW7fY4UTS\n7nfxw2HANTvkQ0hMbNpw+Vq7pyOWa33W4RI73ujgX0mk+lZyDDo4QeMghCsE6QvE\nAkptqzo3dObONa0pG5KKGLsMFINeZe8SvhCuM4q1Wiq5BGB53oOtDf/545sxPzEg\nSrU55LvzW/Rb6va/fuRc6U68mZGOLaqmEyyRQ0TD8d4Xq/idyQKCAQEA/tnZoY9e\nrHPGGwcEZWrjSj0KcUKPd9VT4eJSQ+jSB9jAqB2p0Tj6HjhxQPlZDL5P87BIiqml\nzwMvUGN1zdD+BO9KxxssYttqlrowKXPgniymiDJ3iPGzDD++IVjUol6qrjxupvI3\nWKRnkvz2/cFrFSzPmlgvSN5jOexxYHKXpRSW89E9BA8UL473MkZ2srJw2xdUXA7z\n3BtZirGgA5PBSjfyBvfuhSUjp9uK7KHQZ1ShoY69xQ3VlyfTXjqLOaE3RAco1XRZ\n3k27Byfk9q/dl+Y+POrYsUXS+FhwTY9X/+jIuGwEQVbSUYY2fKIOMF+7L5zPlkFk\nGPCH/67OMhfCOQKCAQEAxQxKsRpI1MdVwy+5aAKYSk9mTvxt9VAhOkWa+85mzCSU\nYSSniIrHsT1h6fBzSAHUb91qB3oYNvcdgcNjzYMM2CLJyyCfn1h2D/MqlOrmX47b\nkqgh16RSz88W5LIPwYKtMLptU2aKrbWgtUAyu/ydprmr4417TUu/mm10BGgTd0HW\nNd0kyepJGVfqGy7jiZhJ9SSrpRT+aseR2J7eONTlL6NvNYTKf45V03r7+WR3BY+V\njiYuWQ1miOZqTcf/CUGCMZ2VU4iNlyB/svgaF6nWkIKN5mBnhmOsvlu7WENGOL1T\n5e2JMmmsQA9BCWq9QhwCX4df54rksp+Xm1NY00MV2wKCAQEAn5IyRYmqoto+4a9s\nHkBmHpbH0hD2GfdV9WqrTeAamlUqlFk2ek1ttrxqlV9LVcJX92KamVAOBOeemXwd\nSAii9N4L+U1XZnKyc7wS6fGnZALbJw5KcFG+ZV4II4MmaKBTyJMISboB05vlSlDg\nKhUQgoqzVpX+zWaJxLv6ZYR61R9mQTXzOXZjkj+3IiCis9Ms/NHHvXiTUm9Biqkb\nYwICFgGfpqNZEr8lazX475+GCR0hszHYOuklouaJ30dS43vBSfQdqkGW/621/I4L\nPDbzzeeZcrUthxoMNfnSH44wcIkGHQttQqglOmyJ81HZBor6fp52EEPTdBYvYXXH\nn+/maQKCAQEAie2KsuFFLbvCKnhTfZyjYRCm+o7zoQ1P1Ow4Ch52EltgiYcQxiDu\nmv/uc8RdzX+KZitENqueG4tqWhSc3ZPn/7qKKedSFEXljlCV89thGm5y//s0hS9+\nz/uTeM2y/a8s77jvIbvbQrCqJ3UijjfLWpMI4KV+M6LcIYqP9S2swoORH+8F+1hF\nhrnlItX1a7Dvw+rBQzKoy7GaQ1khEALl0izCgWHMJPFK3ldt3SoXrgrNkszjEG6y\n4Qz4SC3ANYhnS7eUeP5SrgCPooTMLtgxWsIn9aRxkr5egnjPcH7Wvoy4F2/n4yPY\n8JY83gybIZVdi+TEmty8LNRNWOpEeMyylQKCAQEAm4AFFubjaQCX0wroRwK8i0ST\nrLb2O1kto2IOJ8HyanDIX1TzF1K10x/VZ5NNqVLqXHRaJUgbcZNu99fMql0iyrJp\n/z8HEaDOG59CCtVx0cx5YWy0hG5yaT2iLUrofaid2DUtm56ta85mtGCSAJgvyMoN\nWnP/dSXYEgHQa+3L6XDmQvx+daGXJZPhJhBwwwdWY8Ri7sfwkPLF2hJUd3q2wnFe\neL66kYNI1IAx1Od6qoshcP9SyvOThhGsacRNYeAbcCnztADY4k+ey/xqyDAY5nQe\n8CnQVnhkLsVaa2fyHfy0Pp2kdcInPdoS3+/A9TTow3ZPxbudb05yUgQ1Plar0g==\n-----END RSA PRIVATE KEY-----\n",
            "content_base64": null,
            "content_base64sha256": "mGFJbT2wgDeSD9lwBjXcty6x8Lz1xQWdrJBf9AS2rE8=",
            "content_base64sha512": "x3jyk2iD/MmGBJG9+jrxRWU/zMhZmRfIaVwofjjUaYdtRVsYxlHKe3bNc16PhbOfUtH5LTFn4vs2OqnDTpvJBQ==",
            "content_md5": "1b8fa1edeb3997c35879886b345522fb",
            "content_sha1": "ba8e2282e8758975b294bdd8ba23b82966d17a5e",
            "content_sha256": "9861496d3db08037920fd9700635dcb72eb1f0bcf5c5059dac905ff404b6ac4f",
            "content_sha512": "c778f2936883fcc9860491bdfa3af145653fccc8599917c8695c287e38d469876d455b18c651ca7b76cd735e8f85b39f52d1f92d3167e2fb363aa9c34e9bc905",
            "directory_permission": "0777",
            "file_permission": "0600",
            "filename": "D:/llaves/gradflow-users.pem",
            "id": "ba8e2282e8758975b294bdd8ba23b82966d17a5e",
            "sensitive_content": null,
            "source": null
          },
          "sensitive_attributes": [
            [
              {
                "type": "get_attr",
                "value": "content"
              }
            ],
            [
              {
                "type": "get_attr",
                "value": "sensitive_content"
              }
            ]
          ],
          "identity_schema_version": 0,
          "dependencies": [
            "tls_private_key.this"
          ]
        }
      ]
    },
    {
      "mode": "managed",
      "type": "tls_private_key",
      "name": "this",
      "provider": "provider[\"registry.terraform.io/hashicorp/tls\"]",
      "instances": [
        {
          "index_key": 0,
          "schema_version": 1,
          "attributes": {
            "algorithm": "RSA",
            "ecdsa_curve": "P224",
            "id": "a9b00007a3a0459f6ded5da1e952524f1d13b3ed",
            "private_key_openssh": "-----BEGIN OPENSSH PRIVATE KEY-----\nb3BlbnNzaC1rZXktdjEAAAAABG5vbmUAAAAEbm9uZQAAAAAAAAABAAACFwAAAAdz\nc2gtcnNhAAAAAwEAAQAAAgEAxCnhCs6ZYH0iIVUll6YuzwwyOlbGsmFilT7kbuXo\n8coZjJ2JDdB2KWvH6mN8kQmAYoG+gVKopg7tOLaTRukM0HBFwDkFl+HrZbS+tGQO\nVThI6neWi78YkmmLc8VjEMQFmhzih1hYSKzRpnPRerEoZBGYjo4tBWInr+pjqNAr\nh2A/nHFdeAZUOWjPNpIvDSdGCDuVfSc+gvCEC0LKGAoTWuo7jmj01HEC8ayEA39g\nsYyALsra+1QfH7GKrg1HKENjkffAcP0hZWRf0mQV7DtiVbISJSGvlk2Jpo0ZK44q\nYp5rBc1cY3rBe/rfSIiDlYbSKMs9YIxV1SwUOPRo4WP5A829/dhAHDRc0db4SWai\nLPMesBxsQgBNvqNG5Xwj+AsXXW/KtZa62tPHtfDl1cRo9KN/ZuMjZ3/VeQk3ii34\n0IH0hhZU31UZY4Dsxx0CrMZTUdWRVuFECjNX2Z1AwAsfCiAO/VOB2r6QQziY8YrX\nwHSpKTUh8+k5DLjO2F93OX+pstQ60SFjyf6T74+rRfyiVjPqMx9OSnj93XVBB+Z9\nhat9KZEqevKWZPWEn05fql9eI2qd/aUCMh7KwDIC8rdIpy0nnU1Bk8VSPK5dug+b\nTBsYSdcBo0wF6SyIJVeG226ouru8F54sUyUCHi5Vf0yW8VpPAolgPvJjJ/hkZZ0s\n08MAAAc4RgB9tEYAfbQAAAAHc3NoLXJzYQAAAgEAxCnhCs6ZYH0iIVUll6Yuzwwy\nOlbGsmFilT7kbuXo8coZjJ2JDdB2KWvH6mN8kQmAYoG+gVKopg7tOLaTRukM0HBF\nwDkFl+HrZbS+tGQOVThI6neWi78YkmmLc8VjEMQFmhzih1hYSKzRpnPRerEoZBGY\njo4tBWInr+pjqNArh2A/nHFdeAZUOWjPNpIvDSdGCDuVfSc+gvCEC0LKGAoTWuo7\njmj01HEC8ayEA39gsYyALsra+1QfH7GKrg1HKENjkffAcP0hZWRf0mQV7DtiVbIS\nJSGvlk2Jpo0ZK44qYp5rBc1cY3rBe/rfSIiDlYbSKMs9YIxV1SwUOPRo4WP5A829\n/dhAHDRc0db4SWaiLPMesBxsQgBNvqNG5Xwj+AsXXW/KtZa62tPHtfDl1cRo9KN/\nZuMjZ3/VeQk3ii340IH0hhZU31UZY4Dsxx0CrMZTUdWRVuFECjNX2Z1AwAsfCiAO\n/VOB2r6QQziY8YrXwHSpKTUh8+k5DLjO2F93OX+pstQ60SFjyf6T74+rRfyiVjPq\nMx9OSnj93XVBB+Z9hat9KZEqevKWZPWEn05fql9eI2qd/aUCMh7KwDIC8rdIpy0n\nnU1Bk8VSPK5dug+bTBsYSdcBo0wF6SyIJVeG226ouru8F54sUyUCHi5Vf0yW8VpP\nAolgPvJjJ/hkZZ0s08MAAAADAQABAAACACU0IiPIEivMH8R9nx8XXApVsFMDMTUU\npjtTDcUAosD0yQqzuBIgJsDtWaGZE794M1q7a7OgRy8TZqdabS1GNvFzUa9GwUpQ\nhTIpaP/SeCtufNnHK4y+hf0CunmPBp5f5wYXE1mDBl9mM27jyWeBIP11nt7ulRhP\nyOIizJrwPEk1FmtnzsfcP24R9DbP28+dUrlt/4iYgFEaJ5jxJl4PzyLviLMWMdT2\nyA2o3/K/3kleMdNuEsEW7741kG05RHUc7s341I05XPObaVcAN24xxxEksC9Np70U\nYJZvbUYm9N/2Vqrni22skvSeHGnnxjj+NG6bOT1N8Ft5PC6fICMbMFdUIZV2MhZZ\nAPw/vQlqWaWIH6mXpFg8pqfnUhbXcvKDE1Njituj+mNKv/MIBKiPfk9cyU0fDZYJ\nb+l/WhF7BngbsPzBhnX1Q2UhWmUFwATtGenCajUfqiFVopoVyZeqrNdZZCey/sna\n6iIcgvOvMzb2eimzNmJbt9jhRNLud/HDYcA1O+RDSExs2nD5WrunI5ZrfdbhEjve\n6OBfSaT6VnIMOjhB4yCEKwTpC8QCSm2rOjd05s41rSkbkooYuwwUg15l7xK+EK4z\nirVaKrkEYHneg60N//njmzE/MSBKtTnku/Nb9Fvq9r9+5FzpTryZkY4tqqYTLJFD\nRMPx3her+J3JAAABAQCbgAUW5uNpAJfTCuhHAryLRJOstvY7WS2jYg4nwfJqcMhf\nVPMXUrXTH9Vnk02pUupcdFolSBtxk27318yqXSLKsmn/PwcRoM4bn0IK1XHRzHlh\nbLSEbnJpPaItSuh9qJ3YNS2bnq1rzma0YJIAmC/Iyg1ac/91JdgSAdBr7cvpcOZC\n/H51oZclk+EmEHDDB1ZjxGLux/CQ8sXaElR3erbCcV54vrqRg0jUgDHU53qqiyFw\n/1LK85OGEaxpxE1h4BtwKfO0ANjiT57L/GrIMBjmdB7wKdBWeGQuxVprZ/Id/LQ+\nnaR1wic92hLf78D1NOjDdk/Fu51vTnJSBDU+VqvSAAABAQD+2dmhj16sc8YbBwRl\nauNKPQpxQo931VPh4lJD6NIH2MCoHanROPoeOHFA+VkMvk/zsEiKqaXPAy9QY3XN\n0P4E70rHGyxi22qWujApc+CeLKaIMneI8bMMP74hWNSiXqquPG6m8jdYpGeS/Pb9\nwWsVLM+aWC9I3mM57HFgcpelFJbz0T0EDxQvjvcyRnaysnDbF1RcDvPcG1mKsaAD\nk8FKN/IG9+6FJSOn24rsodBnVKGhjr3FDdWXJ9NeOos5oTdEByjVdFneTbsHJ+T2\nr92X5j486tixRdL4WHBNj1f/6Mi4bARBVtJRhjZ8og4wX7svnM+WQWQY8If/rs4y\nF8I5AAABAQDFDEqxGkjUx1XDL7loAphKT2ZO/G31UCE6RZr7zmbMJJRhJKeIisex\nPWHp8HNIAdRv3WoHehg29x2Bw2PNgwzYIsnLIJ+fWHYP8yqU6uZfjtuSqCHXpFLP\nzxbksg/Bgq0wum1TZoqttaC1QDK7/J2muavjjXtNS7+abXQEaBN3QdY13STJ6kkZ\nV+obLuOJmEn1JKulFP5qx5HYnt441OUvo281hMp/jlXTevv5ZHcFj5WOJi5ZDWaI\n5mpNx/8JQYIxnZVTiI2XIH+y+BoXqdaQgo3mYGeGY6y+W7tYQ0Y4vVPl7YkyaaxA\nD0EJar1CHAJfh1/niuSyn5ebU1jTQxXbAAAAAAEC\n-----END OPENSSH PRIVATE KEY-----\n",
            "private_key_pem": "-----BEGIN RSA PRIVATE KEY-----\nMIIJKgIBAAKCAgEAxCnhCs6ZYH0iIVUll6YuzwwyOlbGsmFilT7kbuXo8coZjJ2J\nDdB2KWvH6mN8kQmAYoG+gVKopg7tOLaTRukM0HBFwDkFl+HrZbS+tGQOVThI6neW\ni78YkmmLc8VjEMQFmhzih1hYSKzRpnPRerEoZBGYjo4tBWInr+pjqNArh2A/nHFd\neAZUOWjPNpIvDSdGCDuVfSc+gvCEC0LKGAoTWuo7jmj01HEC8ayEA39gsYyALsra\n+1QfH7GKrg1HKENjkffAcP0hZWRf0mQV7DtiVbISJSGvlk2Jpo0ZK44qYp5rBc1c\nY3rBe/rfSIiDlYbSKMs9YIxV1SwUOPRo4WP5A829/dhAHDRc0db4SWaiLPMesBxs\nQgBNvqNG5Xwj+AsXXW/KtZa62tPHtfDl1cRo9KN/ZuMjZ3/VeQk3ii340IH0hhZU\n31UZY4Dsxx0CrMZTUdWRVuFECjNX2Z1AwAsfCiAO/VOB2r6QQziY8YrXwHSpKTUh\n8+k5DLjO2F93OX+pstQ60SFjyf6T74+rRfyiVjPqMx9OSnj93XVBB+Z9hat9KZEq\nevKWZPWEn05fql9eI2qd/aUCMh7KwDIC8rdIpy0nnU1Bk8VSPK5dug+bTBsYSdcB\no0wF6SyIJVeG226ouru8F54sUyUCHi5Vf0yW8VpPAolgPvJjJ/hkZZ0s08MCAwEA\nAQKCAgAlNCIjyBIrzB/EfZ8fF1wKVbBTAzE1FKY7Uw3FAKLA9MkKs7gSICbA7Vmh\nmRO/eDNau2uzoEcvE2anWm0tRjbxc1GvRsFKUIUyKWj/0ngrbnzZxyuMvoX9Arp5\njwaeX+cGFxNZgwZfZjNu48lngSD9dZ7e7pUYT8jiIsya8DxJNRZrZ87H3D9uEfQ2\nz9vPnVK5bf+ImIBRGieY8SZeD88i74izFjHU9sgNqN/yv95JXjHTbhLBFu++NZBt\nOUR1HO7N+NSNOVzzm2lXADduMccRJLAvTae9FGCWb21GJvTf9laq54ttrJL0nhxp\n58Y4/jRumzk9TfBbeTwunyAjGzBXVCGVdjIWWQD8P70JalmliB+pl6RYPKan51IW\n13LygxNTY4rbo/pjSr/zCASoj35PXMlNHw2WCW/pf1oRewZ4G7D8wYZ19UNlIVpl\nBcAE7Rnpwmo1H6ohVaKaFcmXqqzXWWQnsv7J2uoiHILzrzM29nopszZiW7fY4UTS\n7nfxw2HANTvkQ0hMbNpw+Vq7pyOWa33W4RI73ujgX0mk+lZyDDo4QeMghCsE6QvE\nAkptqzo3dObONa0pG5KKGLsMFINeZe8SvhCuM4q1Wiq5BGB53oOtDf/545sxPzEg\nSrU55LvzW/Rb6va/fuRc6U68mZGOLaqmEyyRQ0TD8d4Xq/idyQKCAQEA/tnZoY9e\nrHPGGwcEZWrjSj0KcUKPd9VT4eJSQ+jSB9jAqB2p0Tj6HjhxQPlZDL5P87BIiqml\nzwMvUGN1zdD+BO9KxxssYttqlrowKXPgniymiDJ3iPGzDD++IVjUol6qrjxupvI3\nWKRnkvz2/cFrFSzPmlgvSN5jOexxYHKXpRSW89E9BA8UL473MkZ2srJw2xdUXA7z\n3BtZirGgA5PBSjfyBvfuhSUjp9uK7KHQZ1ShoY69xQ3VlyfTXjqLOaE3RAco1XRZ\n3k27Byfk9q/dl+Y+POrYsUXS+FhwTY9X/+jIuGwEQVbSUYY2fKIOMF+7L5zPlkFk\nGPCH/67OMhfCOQKCAQEAxQxKsRpI1MdVwy+5aAKYSk9mTvxt9VAhOkWa+85mzCSU\nYSSniIrHsT1h6fBzSAHUb91qB3oYNvcdgcNjzYMM2CLJyyCfn1h2D/MqlOrmX47b\nkqgh16RSz88W5LIPwYKtMLptU2aKrbWgtUAyu/ydprmr4417TUu/mm10BGgTd0HW\nNd0kyepJGVfqGy7jiZhJ9SSrpRT+aseR2J7eONTlL6NvNYTKf45V03r7+WR3BY+V\njiYuWQ1miOZqTcf/CUGCMZ2VU4iNlyB/svgaF6nWkIKN5mBnhmOsvlu7WENGOL1T\n5e2JMmmsQA9BCWq9QhwCX4df54rksp+Xm1NY00MV2wKCAQEAn5IyRYmqoto+4a9s\nHkBmHpbH0hD2GfdV9WqrTeAamlUqlFk2ek1ttrxqlV9LVcJX92KamVAOBOeemXwd\nSAii9N4L+U1XZnKyc7wS6fGnZALbJw5KcFG+ZV4II4MmaKBTyJMISboB05vlSlDg\nKhUQgoqzVpX+zWaJxLv6ZYR61R9mQTXzOXZjkj+3IiCis9Ms/NHHvXiTUm9Biqkb\nYwICFgGfpqNZEr8lazX475+GCR0hszHYOuklouaJ30dS43vBSfQdqkGW/621/I4L\nPDbzzeeZcrUthxoMNfnSH44wcIkGHQttQqglOmyJ81HZBor6fp52EEPTdBYvYXXH\nn+/maQKCAQEAie2KsuFFLbvCKnhTfZyjYRCm+o7zoQ1P1Ow4Ch52EltgiYcQxiDu\nmv/uc8RdzX+KZitENqueG4tqWhSc3ZPn/7qKKedSFEXljlCV89thGm5y//s0hS9+\nz/uTeM2y/a8s77jvIbvbQrCqJ3UijjfLWpMI4KV+M6LcIYqP9S2swoORH+8F+1hF\nhrnlItX1a7Dvw+rBQzKoy7GaQ1khEALl0izCgWHMJPFK3ldt3SoXrgrNkszjEG6y\n4Qz4SC3ANYhnS7eUeP5SrgCPooTMLtgxWsIn9aRxkr5egnjPcH7Wvoy4F2/n4yPY\n8JY83gybIZVdi+TEmty8LNRNWOpEeMyylQKCAQEAm4AFFubjaQCX0wroRwK8i0ST\nrLb2O1kto2IOJ8HyanDIX1TzF1K10x/VZ5NNqVLqXHRaJUgbcZNu99fMql0iyrJp\n/z8HEaDOG59CCtVx0cx5YWy0hG5yaT2iLUrofaid2DUtm56ta85mtGCSAJgvyMoN\nWnP/dSXYEgHQa+3L6XDmQvx+daGXJZPhJhBwwwdWY8Ri7sfwkPLF2hJUd3q2wnFe\neL66kYNI1IAx1Od6qoshcP9SyvOThhGsacRNYeAbcCnztADY4k+ey/xqyDAY5nQe\n8CnQVnhkLsVaa2fyHfy0Pp2kdcInPdoS3+/A9TTow3ZPxbudb05yUgQ1Plar0g==\n-----END RSA PRIVATE KEY-----\n",
            "private_key_pem_pkcs8": "-----BEGIN PRIVATE KEY-----\nMIIJRAIBADANBgkqhkiG9w0BAQEFAASCCS4wggkqAgEAAoICAQDEKeEKzplgfSIh\nVSWXpi7PDDI6VsayYWKVPuRu5ejxyhmMnYkN0HYpa8fqY3yRCYBigb6BUqimDu04\ntpNG6QzQcEXAOQWX4etltL60ZA5VOEjqd5aLvxiSaYtzxWMQxAWaHOKHWFhIrNGm\nc9F6sShkEZiOji0FYiev6mOo0CuHYD+ccV14BlQ5aM82ki8NJ0YIO5V9Jz6C8IQL\nQsoYChNa6juOaPTUcQLxrIQDf2CxjIAuytr7VB8fsYquDUcoQ2OR98Bw/SFlZF/S\nZBXsO2JVshIlIa+WTYmmjRkrjipinmsFzVxjesF7+t9IiIOVhtIoyz1gjFXVLBQ4\n9GjhY/kDzb392EAcNFzR1vhJZqIs8x6wHGxCAE2+o0blfCP4Cxddb8q1lrra08e1\n8OXVxGj0o39m4yNnf9V5CTeKLfjQgfSGFlTfVRljgOzHHQKsxlNR1ZFW4UQKM1fZ\nnUDACx8KIA79U4HavpBDOJjxitfAdKkpNSHz6TkMuM7YX3c5f6my1DrRIWPJ/pPv\nj6tF/KJWM+ozH05KeP3ddUEH5n2Fq30pkSp68pZk9YSfTl+qX14jap39pQIyHsrA\nMgLyt0inLSedTUGTxVI8rl26D5tMGxhJ1wGjTAXpLIglV4bbbqi6u7wXnixTJQIe\nLlV/TJbxWk8CiWA+8mMn+GRlnSzTwwIDAQABAoICACU0IiPIEivMH8R9nx8XXApV\nsFMDMTUUpjtTDcUAosD0yQqzuBIgJsDtWaGZE794M1q7a7OgRy8TZqdabS1GNvFz\nUa9GwUpQhTIpaP/SeCtufNnHK4y+hf0CunmPBp5f5wYXE1mDBl9mM27jyWeBIP11\nnt7ulRhPyOIizJrwPEk1FmtnzsfcP24R9DbP28+dUrlt/4iYgFEaJ5jxJl4PzyLv\niLMWMdT2yA2o3/K/3kleMdNuEsEW7741kG05RHUc7s341I05XPObaVcAN24xxxEk\nsC9Np70UYJZvbUYm9N/2Vqrni22skvSeHGnnxjj+NG6bOT1N8Ft5PC6fICMbMFdU\nIZV2MhZZAPw/vQlqWaWIH6mXpFg8pqfnUhbXcvKDE1Njituj+mNKv/MIBKiPfk9c\nyU0fDZYJb+l/WhF7BngbsPzBhnX1Q2UhWmUFwATtGenCajUfqiFVopoVyZeqrNdZ\nZCey/sna6iIcgvOvMzb2eimzNmJbt9jhRNLud/HDYcA1O+RDSExs2nD5WrunI5Zr\nfdbhEjve6OBfSaT6VnIMOjhB4yCEKwTpC8QCSm2rOjd05s41rSkbkooYuwwUg15l\n7xK+EK4zirVaKrkEYHneg60N//njmzE/MSBKtTnku/Nb9Fvq9r9+5FzpTryZkY4t\nqqYTLJFDRMPx3her+J3JAoIBAQD+2dmhj16sc8YbBwRlauNKPQpxQo931VPh4lJD\n6NIH2MCoHanROPoeOHFA+VkMvk/zsEiKqaXPAy9QY3XN0P4E70rHGyxi22qWujAp\nc+CeLKaIMneI8bMMP74hWNSiXqquPG6m8jdYpGeS/Pb9wWsVLM+aWC9I3mM57HFg\ncpelFJbz0T0EDxQvjvcyRnaysnDbF1RcDvPcG1mKsaADk8FKN/IG9+6FJSOn24rs\nodBnVKGhjr3FDdWXJ9NeOos5oTdEByjVdFneTbsHJ+T2r92X5j486tixRdL4WHBN\nj1f/6Mi4bARBVtJRhjZ8og4wX7svnM+WQWQY8If/rs4yF8I5AoIBAQDFDEqxGkjU\nx1XDL7loAphKT2ZO/G31UCE6RZr7zmbMJJRhJKeIisexPWHp8HNIAdRv3WoHehg2\n9x2Bw2PNgwzYIsnLIJ+fWHYP8yqU6uZfjtuSqCHXpFLPzxbksg/Bgq0wum1TZoqt\ntaC1QDK7/J2muavjjXtNS7+abXQEaBN3QdY13STJ6kkZV+obLuOJmEn1JKulFP5q\nx5HYnt441OUvo281hMp/jlXTevv5ZHcFj5WOJi5ZDWaI5mpNx/8JQYIxnZVTiI2X\nIH+y+BoXqdaQgo3mYGeGY6y+W7tYQ0Y4vVPl7YkyaaxAD0EJar1CHAJfh1/niuSy\nn5ebU1jTQxXbAoIBAQCfkjJFiaqi2j7hr2weQGYelsfSEPYZ91X1aqtN4BqaVSqU\nWTZ6TW22vGqVX0tVwlf3YpqZUA4E556ZfB1ICKL03gv5TVdmcrJzvBLp8adkAtsn\nDkpwUb5lXggjgyZooFPIkwhJugHTm+VKUOAqFRCCirNWlf7NZonEu/plhHrVH2ZB\nNfM5dmOSP7ciIKKz0yz80ce9eJNSb0GKqRtjAgIWAZ+mo1kSvyVrNfjvn4YJHSGz\nMdg66SWi5onfR1Lje8FJ9B2qQZb/rbX8jgs8NvPN55lytS2HGgw1+dIfjjBwiQYd\nC21CqCU6bInzUdkGivp+nnYQQ9N0Fi9hdcef7+ZpAoIBAQCJ7Yqy4UUtu8IqeFN9\nnKNhEKb6jvOhDU/U7DgKHnYSW2CJhxDGIO6a/+5zxF3Nf4pmK0Q2q54bi2paFJzd\nk+f/uoop51IUReWOUJXz22EabnL/+zSFL37P+5N4zbL9ryzvuO8hu9tCsKondSKO\nN8takwjgpX4zotwhio/1LazCg5Ef7wX7WEWGueUi1fVrsO/D6sFDMqjLsZpDWSEQ\nAuXSLMKBYcwk8UreV23dKheuCs2SzOMQbrLhDPhILcA1iGdLt5R4/lKuAI+ihMwu\n2DFawif1pHGSvl6CeM9wfta+jLgXb+fjI9jwljzeDJshlV2L5MSa3Lws1E1Y6kR4\nzLKVAoIBAQCbgAUW5uNpAJfTCuhHAryLRJOstvY7WS2jYg4nwfJqcMhfVPMXUrXT\nH9Vnk02pUupcdFolSBtxk27318yqXSLKsmn/PwcRoM4bn0IK1XHRzHlhbLSEbnJp\nPaItSuh9qJ3YNS2bnq1rzma0YJIAmC/Iyg1ac/91JdgSAdBr7cvpcOZC/H51oZcl\nk+EmEHDDB1ZjxGLux/CQ8sXaElR3erbCcV54vrqRg0jUgDHU53qqiyFw/1LK85OG\nEaxpxE1h4BtwKfO0ANjiT57L/GrIMBjmdB7wKdBWeGQuxVprZ/Id/LQ+naR1wic9\n2hLf78D1NOjDdk/Fu51vTnJSBDU+VqvS\n-----END PRIVATE KEY-----\n",
            "public_key_fingerprint_md5": "5e:4c:38:6c:f2:05:8b:2a:28:a5:cc:a5:b6:f8:1f:82",
            "public_key_fingerprint_sha256": "SHA256:OmAi+QDgqZMmRsooSd2BVG/p0vJIj1WofBelHckQzwo",
            "public_key_openssh": "ssh-rsa AAAAB3NzaC1yc2EAAAADAQABAAACAQDEKeEKzplgfSIhVSWXpi7PDDI6VsayYWKVPuRu5ejxyhmMnYkN0HYpa8fqY3yRCYBigb6BUqimDu04tpNG6QzQcEXAOQWX4etltL60ZA5VOEjqd5aLvxiSaYtzxWMQxAWaHOKHWFhIrNGmc9F6sShkEZiOji0FYiev6mOo0CuHYD+ccV14BlQ5aM82ki8NJ0YIO5V9Jz6C8IQLQsoYChNa6juOaPTUcQLxrIQDf2CxjIAuytr7VB8fsYquDUcoQ2OR98Bw/SFlZF/SZBXsO2JVshIlIa+WTYmmjRkrjipinmsFzVxjesF7+t9IiIOVhtIoyz1gjFXVLBQ49GjhY/kDzb392EAcNFzR1vhJZqIs8x6wHGxCAE2+o0blfCP4Cxddb8q1lrra08e18OXVxGj0o39m4yNnf9V5CTeKLfjQgfSGFlTfVRljgOzHHQKsxlNR1ZFW4UQKM1fZnUDACx8KIA79U4HavpBDOJjxitfAdKkpNSHz6TkMuM7YX3c5f6my1DrRIWPJ/pPvj6tF/KJWM+ozH05KeP3ddUEH5n2Fq30pkSp68pZk9YSfTl+qX14jap39pQIyHsrAMgLyt0inLSedTUGTxVI8rl26D5tMGxhJ1wGjTAXpLIglV4bbbqi6u7wXnixTJQIeLlV/TJbxWk8CiWA+8mMn+GRlnSzTww==\n",
            "public_key_pem": "-----BEGIN PUBLIC KEY-----\nMIICIjANBgkqhkiG9w0BAQEFAAOCAg8AMIICCgKCAgEAxCnhCs6ZYH0iIVUll6Yu\nzwwyOlbGsmFilT7kbuXo8coZjJ2JDdB2KWvH6mN8kQmAYoG+gVKopg7tOLaTRukM\n0HBFwDkFl+HrZbS+tGQOVThI6neWi78YkmmLc8VjEMQFmhzih1hYSKzRpnPRerEo\nZBGYjo4tBWInr+pjqNArh2A/nHFdeAZUOWjPNpIvDSdGCDuVfSc+gvCEC0LKGAoT\nWuo7jmj01HEC8ayEA39gsYyALsra+1QfH7GKrg1HKENjkffAcP0hZWRf0mQV7Dti\nVbISJSGvlk2Jpo0ZK44qYp5rBc1cY3rBe/rfSIiDlYbSKMs9YIxV1SwUOPRo4WP5\nA829/dhAHDRc0db4SWaiLPMesBxsQgBNvqNG5Xwj+AsXXW/KtZa62tPHtfDl1cRo\n9KN/ZuMjZ3/VeQk3ii340IH0hhZU31UZY4Dsxx0CrMZTUdWRVuFECjNX2Z1AwAsf\nCiAO/VOB2r6QQziY8YrXwHSpKTUh8+k5DLjO2F93OX+pstQ60SFjyf6T74+rRfyi\nVjPqMx9OSnj93XVBB+Z9hat9KZEqevKWZPWEn05fql9eI2qd/aUCMh7KwDIC8rdI\npy0nnU1Bk8VSPK5dug+bTBsYSdcBo0wF6SyIJVeG226ouru8F54sUyUCHi5Vf0yW\n8VpPAolgPvJjJ/hkZZ0s08MCAwEAAQ==\n-----END PUBLIC KEY-----\n",
            "rsa_bits": 4096
          },
          "sensitive_attributes": [
            [
              {
                "type": "get_attr",
                "value": "private_key_openssh"
              }
            ],
            [
              {
                "type": "get_attr",
                "value": "private_key_pem"
              }
            ],
            [
              {
                "type": "get_attr",
                "value": "private_key_pem_pkcs8"
              }
            ]
          ],
          "identity_schema_version": 0
        }
      ]
    }
  ],
  "check_results": [
    {
      "object_kind": "var",
      "config_addr": "var.max_capacity",
      "status": "pass",
      "objects": [
        {
          "object_addr": "var.max_capacity",
          "status": "pass"
        }
      ]
    }
  ]
}
