{
  "version": 4,
  "terraform_version": "1.14.1",
  "serial": 1153,
  "lineage": "5de68eff-eb21-9e50-18a6-c48e1db7a8e4",
  "outputs": {
    "asg_arn": {
      "value": "arn:aws:autoscaling:us-east-1:697755754723:autoScalingGroup:a7593fe5-8d43-416a-9319-f2a2cb927308:autoScalingGroupName/users-asg",
      "type": "string"
    },
    "asg_name": {
      "value": "users-asg",
      "type": "string"
    },
    "key_pair_name": {
      "value": "gradflow-users",
      "type": "string"
    },
    "loadbalancer_arn": {
      "value": "arn:aws:elasticloadbalancing:us-east-1:697755754723:loadbalancer/app/users-lb/7b6670ac61421092",
      "type": "string"
    },
    "loadbalancer_dns": {
      "value": "users-lb-632501499.us-east-1.elb.amazonaws.com",
      "type": "string"
    },
    "public_subnets": {
      "value": [
        "subnet-06b4b9240b7c5a411",
        "subnet-0ad7009f5f35a227a"
      ],
      "type": [
        "tuple",
        [
          "string",
          "string"
        ]
      ]
    },
    "ssh_command_hint": {
      "value": "ssh -i \u003cruta-a-tu-pem\u003e ubuntu@\u003cip_publica-o-elastica\u003e",
      "type": "string"
    },
    "tg_users_create_arn": {
      "value": "arn:aws:elasticloadbalancing:us-east-1:697755754723:targetgroup/tg-users-create/bfe13013d7b70cda",
      "type": "string"
    },
    "tg_users_delete_arn": {
      "value": "arn:aws:elasticloadbalancing:us-east-1:697755754723:targetgroup/tg-users-delete/4362c02ac34ce480",
      "type": "string"
    },
    "tg_users_list_arn": {
      "value": "arn:aws:elasticloadbalancing:us-east-1:697755754723:targetgroup/tg-users-list/8da9145d304bd384",
      "type": "string"
    },
    "tg_users_search_arn": {
      "value": "arn:aws:elasticloadbalancing:us-east-1:697755754723:targetgroup/tg-users-search/1dbf28064b3bb020",
      "type": "string"
    },
    "tg_users_update_arn": {
      "value": "arn:aws:elasticloadbalancing:us-east-1:697755754723:targetgroup/tg-users-update/05037951d22ff700",
      "type": "string"
    },
    "vpc_id": {
      "value": "vpc-051e55d1456b54946",
      "type": "string"
    }
  },
  "resources": [
    {
      "mode": "data",
      "type": "aws_availability_zones",
      "name": "available",
      "provider": "provider[\"registry.terraform.io/hashicorp/aws\"]",
      "instances": [
        {
          "schema_version": 0,
          "attributes": {
            "all_availability_zones": null,
            "exclude_names": null,
            "exclude_zone_ids": null,
            "filter": null,
            "group_names": [
              "us-east-1-zg-1"
            ],
            "id": "us-east-1",
            "names": [
              "us-east-1a",
              "us-east-1b",
              "us-east-1c",
              "us-east-1d",
              "us-east-1e",
              "us-east-1f"
            ],
            "region": "us-east-1",
            "state": null,
            "timeouts": null,
            "zone_ids": [
              "use1-az6",
              "use1-az1",
              "use1-az2",
              "use1-az4",
              "use1-az3",
              "use1-az5"
            ]
          },
          "sensitive_attributes": [],
          "identity_schema_version": 0
        }
      ]
    },
    {
      "mode": "managed",
      "type": "aws_autoscaling_group",
      "name": "app",
      "provider": "provider[\"registry.terraform.io/hashicorp/aws\"]",
      "instances": [
        {
          "schema_version": 1,
          "attributes": {
            "arn": "arn:aws:autoscaling:us-east-1:697755754723:autoScalingGroup:a7593fe5-8d43-416a-9319-f2a2cb927308:autoScalingGroupName/users-asg",
            "availability_zone_distribution": [
              {
                "capacity_distribution_strategy": "balanced-best-effort"
              }
            ],
            "availability_zones": [
              "us-east-1a",
              "us-east-1b"
            ],
            "capacity_rebalance": false,
            "capacity_reservation_specification": [
              {
                "capacity_reservation_preference": "default",
                "capacity_reservation_target": []
              }
            ],
            "context": "",
            "default_cooldown": 300,
            "default_instance_warmup": 0,
            "desired_capacity": 2,
            "desired_capacity_type": "",
            "enabled_metrics": null,
            "force_delete": false,
            "force_delete_warm_pool": false,
            "health_check_grace_period": 300,
            "health_check_type": "EC2",
            "id": "users-asg",
            "ignore_failed_scaling_activities": false,
            "initial_lifecycle_hook": [],
            "instance_maintenance_policy": [],
            "instance_refresh": [
              {
                "preferences": [
                  {
                    "alarm_specification": [],
                    "auto_rollback": false,
                    "checkpoint_delay": "",
                    "checkpoint_percentages": null,
                    "instance_warmup": "180",
                    "max_healthy_percentage": 100,
                    "min_healthy_percentage": 50,
                    "scale_in_protected_instances": "Ignore",
                    "skip_matching": false,
                    "standby_instances": "Ignore"
                  }
                ],
                "strategy": "Rolling",
                "triggers": [
                  "tag"
                ]
              }
            ],
            "launch_configuration": "",
            "launch_template": [
              {
                "id": "lt-02a77407f5997c077",
                "name": "users-app-20260123190234989200000002",
                "version": "$Latest"
              }
            ],
            "load_balancers": [],
            "max_instance_lifetime": 0,
            "max_size": 5,
            "metrics_granularity": "1Minute",
            "min_elb_capacity": null,
            "min_size": 2,
            "mixed_instances_policy": [],
            "name": "users-asg",
            "name_prefix": "",
            "placement_group": "",
            "predicted_capacity": 0,
            "protect_from_scale_in": false,
            "region": "us-east-1",
            "service_linked_role_arn": "arn:aws:iam::697755754723:role/aws-service-role/autoscaling.amazonaws.com/AWSServiceRoleForAutoScaling",
            "suspended_processes": null,
            "tag": [
              {
                "key": "ManagedBy",
                "propagate_at_launch": true,
                "value": "Terraform"
              },
              {
                "key": "Name",
                "propagate_at_launch": true,
                "value": "users-instance"
              }
            ],
            "target_group_arns": [
              "arn:aws:elasticloadbalancing:us-east-1:697755754723:targetgroup/tg-users-create/bfe13013d7b70cda",
              "arn:aws:elasticloadbalancing:us-east-1:697755754723:targetgroup/tg-users-delete/4362c02ac34ce480",
              "arn:aws:elasticloadbalancing:us-east-1:697755754723:targetgroup/tg-users-list/8da9145d304bd384",
              "arn:aws:elasticloadbalancing:us-east-1:697755754723:targetgroup/tg-users-search/1dbf28064b3bb020",
              "arn:aws:elasticloadbalancing:us-east-1:697755754723:targetgroup/tg-users-update/05037951d22ff700"
            ],
            "termination_policies": [
              "Default"
            ],
            "timeouts": null,
            "traffic_source": [
              {
                "identifier": "arn:aws:elasticloadbalancing:us-east-1:697755754723:targetgroup/tg-users-create/bfe13013d7b70cda",
                "type": "elbv2"
              },
              {
                "identifier": "arn:aws:elasticloadbalancing:us-east-1:697755754723:targetgroup/tg-users-delete/4362c02ac34ce480",
                "type": "elbv2"
              },
              {
                "identifier": "arn:aws:elasticloadbalancing:us-east-1:697755754723:targetgroup/tg-users-list/8da9145d304bd384",
                "type": "elbv2"
              },
              {
                "identifier": "arn:aws:elasticloadbalancing:us-east-1:697755754723:targetgroup/tg-users-search/1dbf28064b3bb020",
                "type": "elbv2"
              },
              {
                "identifier": "arn:aws:elasticloadbalancing:us-east-1:697755754723:targetgroup/tg-users-update/05037951d22ff700",
                "type": "elbv2"
              }
            ],
            "vpc_zone_identifier": [
              "subnet-06b4b9240b7c5a411",
              "subnet-0ad7009f5f35a227a"
            ],
            "wait_for_capacity_timeout": "10m",
            "wait_for_elb_capacity": null,
            "warm_pool": [],
            "warm_pool_size": 0
          },
          "sensitive_attributes": [],
          "identity_schema_version": 0,
          "private": "eyJlMmJmYjczMC1lY2FhLTExZTYtOGY4OC0zNDM2M2JjN2M0YzAiOnsiZGVsZXRlIjo2MDAwMDAwMDAwMDAsInVwZGF0ZSI6NjAwMDAwMDAwMDAwfSwic2NoZW1hX3ZlcnNpb24iOiIxIn0=",
          "dependencies": [
            "aws_key_pair.this",
            "aws_launch_template.app",
            "aws_lb.app",
            "aws_lb_target_group.users_create",
            "aws_lb_target_group.users_delete",
            "aws_lb_target_group.users_list",
            "aws_lb_target_group.users_search",
            "aws_lb_target_group.users_update",
            "aws_security_group.lb",
            "aws_security_group.web",
            "aws_subnet.public",
            "aws_vpc.main",
            "data.aws_availability_zones.available",
            "tls_private_key.this"
          ]
        }
      ]
    },
    {
      "mode": "managed",
      "type": "aws_autoscaling_policy",
      "name": "cpu_scale_up",
      "provider": "provider[\"registry.terraform.io/hashicorp/aws\"]",
      "instances": [
        {
          "schema_version": 0,
          "attributes": {
            "adjustment_type": "",
            "arn": "arn:aws:autoscaling:us-east-1:697755754723:scalingPolicy:d319f241-e718-4fe6-99a8-5d121394e23a:autoScalingGroupName/users-asg:policyName/scale-up-on-high-cpu",
            "autoscaling_group_name": "users-asg",
            "cooldown": 0,
            "enabled": true,
            "estimated_instance_warmup": 300,
            "id": "scale-up-on-high-cpu",
            "metric_aggregation_type": "",
            "min_adjustment_magnitude": 0,
            "name": "scale-up-on-high-cpu",
            "policy_type": "TargetTrackingScaling",
            "predictive_scaling_configuration": [],
            "region": "us-east-1",
            "scaling_adjustment": 0,
            "step_adjustment": [],
            "target_tracking_configuration": [
              {
                "customized_metric_specification": [],
                "disable_scale_in": false,
                "predefined_metric_specification": [
                  {
                    "predefined_metric_type": "ASGAverageCPUUtilization",
                    "resource_label": ""
                  }
                ],
                "target_value": 80
              }
            ]
          },
          "sensitive_attributes": [],
          "identity_schema_version": 0,
          "private": "bnVsbA==",
          "dependencies": [
            "aws_autoscaling_group.app",
            "aws_key_pair.this",
            "aws_launch_template.app",
            "aws_lb.app",
            "aws_lb_target_group.users_create",
            "aws_lb_target_group.users_delete",
            "aws_lb_target_group.users_list",
            "aws_lb_target_group.users_search",
            "aws_lb_target_group.users_update",
            "aws_security_group.lb",
            "aws_security_group.web",
            "aws_subnet.public",
            "aws_vpc.main",
            "data.aws_availability_zones.available",
            "tls_private_key.this"
          ]
        }
      ]
    },
    {
      "mode": "managed",
      "type": "aws_autoscaling_policy",
      "name": "scale_in",
      "provider": "provider[\"registry.terraform.io/hashicorp/aws\"]",
      "instances": [
        {
          "schema_version": 0,
          "attributes": {
            "adjustment_type": "ChangeInCapacity",
            "arn": "arn:aws:autoscaling:us-east-1:697755754723:scalingPolicy:d7152afa-2fd1-41fc-b3bf-65301494153a:autoScalingGroupName/users-asg:policyName/scale-in-policy",
            "autoscaling_group_name": "users-asg",
            "cooldown": 600,
            "enabled": true,
            "estimated_instance_warmup": 0,
            "id": "scale-in-policy",
            "metric_aggregation_type": "",
            "min_adjustment_magnitude": 0,
            "name": "scale-in-policy",
            "policy_type": "SimpleScaling",
            "predictive_scaling_configuration": [],
            "region": "us-east-1",
            "scaling_adjustment": -1,
            "step_adjustment": [],
            "target_tracking_configuration": []
          },
          "sensitive_attributes": [],
          "identity_schema_version": 0,
          "private": "bnVsbA==",
          "dependencies": [
            "aws_autoscaling_group.app",
            "aws_key_pair.this",
            "aws_launch_template.app",
            "aws_lb.app",
            "aws_lb_target_group.users_create",
            "aws_lb_target_group.users_delete",
            "aws_lb_target_group.users_list",
            "aws_lb_target_group.users_search",
            "aws_lb_target_group.users_update",
            "aws_security_group.lb",
            "aws_security_group.web",
            "aws_subnet.public",
            "aws_vpc.main",
            "data.aws_availability_zones.available",
            "tls_private_key.this"
          ]
        }
      ]
    },
    {
      "mode": "managed",
      "type": "aws_autoscaling_policy",
      "name": "scale_out",
      "provider": "provider[\"registry.terraform.io/hashicorp/aws\"]",
      "instances": [
        {
          "schema_version": 0,
          "attributes": {
            "adjustment_type": "ChangeInCapacity",
            "arn": "arn:aws:autoscaling:us-east-1:697755754723:scalingPolicy:cd66620a-26c6-4bd6-afe7-044cc9baa810:autoScalingGroupName/users-asg:policyName/scale-out-policy",
            "autoscaling_group_name": "users-asg",
            "cooldown": 300,
            "enabled": true,
            "estimated_instance_warmup": 0,
            "id": "scale-out-policy",
            "metric_aggregation_type": "",
            "min_adjustment_magnitude": 0,
            "name": "scale-out-policy",
            "policy_type": "SimpleScaling",
            "predictive_scaling_configuration": [],
            "region": "us-east-1",
            "scaling_adjustment": 1,
            "step_adjustment": [],
            "target_tracking_configuration": []
          },
          "sensitive_attributes": [],
          "identity_schema_version": 0,
          "private": "bnVsbA==",
          "dependencies": [
            "aws_autoscaling_group.app",
            "aws_key_pair.this",
            "aws_launch_template.app",
            "aws_lb.app",
            "aws_lb_target_group.users_create",
            "aws_lb_target_group.users_delete",
            "aws_lb_target_group.users_list",
            "aws_lb_target_group.users_search",
            "aws_lb_target_group.users_update",
            "aws_security_group.lb",
            "aws_security_group.web",
            "aws_subnet.public",
            "aws_vpc.main",
            "data.aws_availability_zones.available",
            "tls_private_key.this"
          ]
        }
      ]
    },
    {
      "mode": "managed",
      "type": "aws_internet_gateway",
      "name": "igw",
      "provider": "provider[\"registry.terraform.io/hashicorp/aws\"]",
      "instances": [
        {
          "schema_version": 0,
          "attributes": {
            "arn": "arn:aws:ec2:us-east-1:697755754723:internet-gateway/igw-09daa896cbffcf17c",
            "id": "igw-09daa896cbffcf17c",
            "owner_id": "697755754723",
            "region": "us-east-1",
            "tags": null,
            "tags_all": {
              "Environment": "users",
              "ManagedBy": "Terraform",
              "Project": "GradFlow"
            },
            "timeouts": null,
            "vpc_id": "vpc-051e55d1456b54946"
          },
          "sensitive_attributes": [],
          "identity_schema_version": 0,
          "private": "eyJlMmJmYjczMC1lY2FhLTExZTYtOGY4OC0zNDM2M2JjN2M0YzAiOnsiY3JlYXRlIjoxMjAwMDAwMDAwMDAwLCJkZWxldGUiOjEyMDAwMDAwMDAwMDAsInVwZGF0ZSI6MTIwMDAwMDAwMDAwMH19",
          "dependencies": [
            "aws_vpc.main"
          ]
        }
      ]
    },
    {
      "mode": "managed",
      "type": "aws_key_pair",
      "name": "this",
      "provider": "provider[\"registry.terraform.io/hashicorp/aws\"]",
      "instances": [
        {
          "index_key": 0,
          "schema_version": 1,
          "attributes": {
            "arn": "arn:aws:ec2:us-east-1:697755754723:key-pair/gradflow-users",
            "fingerprint": "76:af:14:95:0d:b0:43:5a:b6:13:bc:ad:4f:03:fe:ba",
            "id": "gradflow-users",
            "key_name": "gradflow-users",
            "key_name_prefix": "",
            "key_pair_id": "key-05d52de99bfe7a6d2",
            "key_type": "rsa",
            "public_key": "ssh-rsa AAAAB3NzaC1yc2EAAAADAQABAAACAQCp0TnZeuh/hY4IMjt/GZJXmEx1gmDANZ6kwg530W4Q1LvgvuTFvfzDsaFYzjPAHVmousC7WzIbrTyOt0/S5h9GNm/3+/m56yBflbNZXj/PPXyr/WXebM8Lx23CKdEcYCXunY1sZr2UZvd59zVMqVbo30yNB4lQWoKwza2PWmhu1XJLa6U2xQolpwN8dPWxYW/o8Z58jpa7zDt+7O6KqKSm8w49fENiJAx3Xop196V9ld1RznokcAL1uSOkrp+ZvqNZfnck34UGVSErlKnxYsqrPXHxWwrO+pRstXTOn7YDfIH86mRDO4m+HmAZbHf/nO8zTi4ry/Q3QrnrQ1xsLTvjvdc34xeNWh0G52xFnql73wQY7Zo8/dHW0yTuaxDIPrztkRw4HNoXDal9FQTJDAP9UE5pZ1aHJSVVEC6CgjjGk672g0+nvC5+yxtWo6ze/F2LjrHIDlfYKgN+PEBtNUzIay3kURnF945XtKi+MbXL8kO0QpvSX2BCwQX2P6nClibnD6zAbF048MeToitcAeJ/cENySyKGmFHRtQqc9ktw1iIAyiZVF6ru4pBx2gnibfXyvfoSuO24EI0bNzNPkRrKJMKrJuLnni6k0/KbC8oBbfA8F6fdHMH5g7mcgCS+LubiTvrFLul+iMMYu+FpqbC+ZHoTF5l3okekk8SecFePHQ==",
            "region": "us-east-1",
            "tags": null,
            "tags_all": {
              "Environment": "users",
              "ManagedBy": "Terraform",
              "Project": "GradFlow"
            }
          },
          "sensitive_attributes": [],
          "identity_schema_version": 0,
          "private": "eyJzY2hlbWFfdmVyc2lvbiI6IjEifQ==",
          "dependencies": [
            "tls_private_key.this"
          ]
        }
      ]
    },
    {
      "mode": "managed",
      "type": "aws_launch_template",
      "name": "app",
      "provider": "provider[\"registry.terraform.io/hashicorp/aws\"]",
      "instances": [
        {
          "schema_version": 1,
          "attributes": {
            "arn": "arn:aws:ec2:us-east-1:697755754723:launch-template/lt-02a77407f5997c077",
            "block_device_mappings": [],
            "capacity_reservation_specification": [],
            "cpu_options": [],
            "credit_specification": [],
            "default_version": 1,
            "description": "",
            "disable_api_stop": false,
            "disable_api_termination": false,
            "ebs_optimized": "",
            "enclave_options": [],
            "hibernation_options": [],
            "iam_instance_profile": [],
            "id": "lt-02a77407f5997c077",
            "image_id": "ami-0ecb62995f68bb549",
            "instance_initiated_shutdown_behavior": "",
            "instance_market_options": [],
            "instance_requirements": [],
            "instance_type": "t3.micro",
            "kernel_id": "",
            "key_name": "gradflow-users",
            "latest_version": 1,
            "license_specification": [],
            "maintenance_options": [],
            "metadata_options": [],
            "monitoring": [],
            "name": "users-app-20260123190234989200000002",
            "name_prefix": "users-app-",
            "network_interfaces": [],
            "placement": [],
            "private_dns_name_options": [],
            "ram_disk_id": "",
            "region": "us-east-1",
            "security_group_names": null,
            "tag_specifications": [],
            "tags": null,
            "tags_all": {
              "Environment": "users",
              "ManagedBy": "Terraform",
              "Project": "GradFlow"
            },
            "update_default_version": null,
            "user_data": "IyEvYmluL2Jhc2gKIyBVc2VyIERhdGEgc2NyaXB0IHRlbXBsYXRlIGZvciBFQzIgaW5zdGFuY2VzCiMgVmFyaWFibGVzIGFyZSBpbmplY3RlZCBieSBUZXJyYWZvcm0gdGVtcGxhdGVmaWxlKCkgZnVuY3Rpb24KCnNldCAtZXVvIHBpcGVmYWlsCgpleHBvcnQgREVCSUFOX0ZST05URU5EPW5vbmludGVyYWN0aXZlCgpMT0dfRklMRT0iL3Zhci9sb2cvdXNlcl9kYXRhLmxvZyIKZXhlYyA+ID4odGVlIC1hICRMT0dfRklMRSkKZXhlYyAyPiYxCgplY2hvICI9PT0gVXNlciBEYXRhIFNjcmlwdCBTdGFydGVkID09PSIKZWNobyAiVGltZXN0YW1wOiAkKGRhdGUpIgoKIyBJbnN0YWxsIERvY2tlcgphcHQtZ2V0IHVwZGF0ZSAteQphcHQtZ2V0IGluc3RhbGwgLXkgZG9ja2VyLmlvIGN1cmwganEKCnN5c3RlbWN0bCBlbmFibGUgZG9ja2VyCnN5c3RlbWN0bCBzdGFydCBkb2NrZXIKCgojIEFsbG93IGRvY2tlciB3aXRob3V0IHN1ZG8KdXNlcm1vZCAtYUcgZG9ja2VyIHVidW50dQoKZWNobyAiRG9ja2VyIGluc3RhbGxlZDogJChkb2NrZXIgLS12ZXJzaW9uKSIKCiMgRG9ja2VyIEh1YiBsb2dpbiBpZiBjcmVkZW50aWFscyBwcm92aWRlZAppZiBbIC1uICJsZXZpYXRoYW4xMTkiIF0gJiYgWyAtbiAiZGNrcl9wYXRfV2pBN0lHTEhkTHhrTHY3cktCZEhrZXZ3VlE0IiBdOyB0aGVuCiAgZWNobyAiZGNrcl9wYXRfV2pBN0lHTEhkTHhrTHY3cktCZEhrZXZ3VlE0IiB8IGRvY2tlciBsb2dpbiAtdSAibGV2aWF0aGFuMTE5IiAtLXBhc3N3b3JkLXN0ZGluIHx8IHRydWUKICBlY2hvICJEb2NrZXIgSHViIGxvZ2luIGNvbXBsZXRlZCIKZmkKCiMgQ3JlYXRlIC5lbnYgZmlsZSB3aXRoIFRlcnJhZm9ybSB2YXJpYWJsZXMKY2F0ID4gL2hvbWUvdWJ1bnR1Ly5lbnYgPDxFTlZGSUxFCiMgRGF0YWJhc2UgQ29uZmlndXJhdGlvbgpEQl9IT1NUPWF3cy0xLXVzLWVhc3QtMS5wb29sZXIuc3VwYWJhc2UuY29tCkRCX1VTRVI9cG9zdGdyZXMuemJqcHh0aWFiZHN2cndmeXRmbGQKREJfUEFTU1dPUkQ9VGVuZ291bmN1ZXJub2RlbWFtdXQxNTA2CkRCX05BTUU9cG9zdGdyZXMKREJfUE9SVD01NDMyCgojIFNlcnZpY2UgQ29uZmlndXJhdGlvbgpOT0RFX0VOVj1wcm9kdWN0aW9uCgojIEFQSSBHYXRld2F5IFVSTCAodXNlIExvYWQgQmFsYW5jZXIgRE5TIC0gQVBJIEdhdGV3YXkgaXMgaW4gYW5vdGhlciBhY2NvdW50KQpBUElfR0FURVdBWV9VUkw9aHR0cDovL3VzZXJzLWxiLTYzMjUwMTQ5OS51cy1lYXN0LTEuZWxiLmFtYXpvbmF3cy5jb20KCiMgU2VydmljZSBVUkxzICh1c2UgTG9hZCBCYWxhbmNlciBETlMgZm9yIGFsbCBzZXJ2aWNlcykKVVNFUlNfQ1JFQVRFX1VSTD1odHRwOi8vdXNlcnMtbGItNjMyNTAxNDk5LnVzLWVhc3QtMS5lbGIuYW1hem9uYXdzLmNvbQpVU0VSU19ERUxFVEVfVVJMPWh0dHA6Ly91c2Vycy1sYi02MzI1MDE0OTkudXMtZWFzdC0xLmVsYi5hbWF6b25hd3MuY29tClVTRVJTX0xJU1RfVVJMPWh0dHA6Ly91c2Vycy1sYi02MzI1MDE0OTkudXMtZWFzdC0xLmVsYi5hbWF6b25hd3MuY29tClVTRVJTX1NFQVJDSF9VUkw9aHR0cDovL3VzZXJzLWxiLTYzMjUwMTQ5OS51cy1lYXN0LTEuZWxiLmFtYXpvbmF3cy5jb20KVVNFUlNfVVBEQVRFX1VSTD1odHRwOi8vdXNlcnMtbGItNjMyNTAxNDk5LnVzLWVhc3QtMS5lbGIuYW1hem9uYXdzLmNvbQpBVVRIX0xPR0lOX1VSTD1odHRwOi8vdXNlcnMtbGItNjMyNTAxNDk5LnVzLWVhc3QtMS5lbGIuYW1hem9uYXdzLmNvbQpBVVRIX1JPTF9VUkw9aHR0cDovL3VzZXJzLWxiLTYzMjUwMTQ5OS51cy1lYXN0LTEuZWxiLmFtYXpvbmF3cy5jb20KQVVUSF9NRV9VUkw9aHR0cDovL3VzZXJzLWxiLTYzMjUwMTQ5OS51cy1lYXN0LTEuZWxiLmFtYXpvbmF3cy5jb20KRklMRV9TRVJWSUNFX0lOSVRfVVJMPWh0dHA6Ly91c2Vycy1sYi02MzI1MDE0OTkudXMtZWFzdC0xLmVsYi5hbWF6b25hd3MuY29tCkZJTEVfU0VSVklDRV9VUERBVEVfVVJMPWh0dHA6Ly91c2Vycy1sYi02MzI1MDE0OTkudXMtZWFzdC0xLmVsYi5hbWF6b25hd3MuY29tCkZJTEVfU0VSVklDRV9VUExPQURfVVJMPWh0dHA6Ly91c2Vycy1sYi02MzI1MDE0OTkudXMtZWFzdC0xLmVsYi5hbWF6b25hd3MuY29tCkZJTEVfU0VSVklDRV9MSVNUX1VSTD1odHRwOi8vdXNlcnMtbGItNjMyNTAxNDk5LnVzLWVhc3QtMS5lbGIuYW1hem9uYXdzLmNvbQpGSUxFX1NFUlZJQ0VfRE9XTkxPQURfVVJMPWh0dHA6Ly91c2Vycy1sYi02MzI1MDE0OTkudXMtZWFzdC0xLmVsYi5hbWF6b25hd3MuY29tCgojIEpXVCBDb25maWd1cmF0aW9uCkpXVF9TRUNSRVQ9VGVuZ291bmN1ZXJub2RlbWFtdXQyOTAxCkpXVF9FWFBJUkVTX0lOPTI0aApFTlZGSUxFCgpjaG93biB1YnVudHU6dWJ1bnR1IC9ob21lL3VidW50dS8uZW52CmNobW9kIDYwMCAvaG9tZS91YnVudHUvLmVudgoKZWNobyAiLmVudiBmaWxlIGNyZWF0ZWQgYXQgL2hvbWUvdWJ1bnR1Ly5lbnYiCmVjaG8gIkxvYWQgQmFsYW5jZXIgRE5TOiB1c2Vycy1sYi02MzI1MDE0OTkudXMtZWFzdC0xLmVsYi5hbWF6b25hd3MuY29tIgoKCiMgRnVuY3Rpb24gdG8gc3RvcCBhbmQgcmVtb3ZlIGV4aXN0aW5nIGNvbnRhaW5lcgpzdG9wX2FuZF9yZW1vdmVfY29udGFpbmVyKCkgewogIGxvY2FsIGNvbnRhaW5lcl9uYW1lPSQxCiAgZG9ja2VyIHN0b3AgIiRjb250YWluZXJfbmFtZSIgMj4vZGV2L251bGwgfHwgdHJ1ZQogIGRvY2tlciBybSAiJGNvbnRhaW5lcl9uYW1lIiAyPi9kZXYvbnVsbCB8fCB0cnVlCn0KCiMgRnVuY3Rpb24gdG8gcHVsbCBhbmQgcnVuIGNvbnRhaW5lcgpkZXBsb3lfY29udGFpbmVyKCkgewogIGxvY2FsIGNvbnRhaW5lcl9uYW1lPSQxCiAgbG9jYWwgaW1hZ2VfbmFtZT0kMgogIGxvY2FsIHBvcnQ9JDMKICBsb2NhbCBlbnZfZmlsZT0iL2hvbWUvdWJ1bnR1Ly5lbnYiCgogIGVjaG8gIkRlcGxveWluZyAkY29udGFpbmVyX25hbWUuLi4iCgogICMgU3RvcCBhbmQgcmVtb3ZlIGV4aXN0aW5nIGNvbnRhaW5lcgogIHN0b3BfYW5kX3JlbW92ZV9jb250YWluZXIgIiRjb250YWluZXJfbmFtZSIKCiAgIyBQdWxsIERvY2tlciBpbWFnZQogIGlmIFsgLW4gIiRpbWFnZV9uYW1lIiBdOyB0aGVuCiAgICBlY2hvICJQdWxsaW5nIERvY2tlciBpbWFnZTogJGltYWdlX25hbWUiCiAgICBkb2NrZXIgcHVsbCAiJGltYWdlX25hbWUiIHx8IHsKICAgICAgZWNobyAiV2FybmluZzogRmFpbGVkIHRvIHB1bGwgaW1hZ2UgJGltYWdlX25hbWUiCiAgICAgIHJldHVybiAxCiAgICB9CiAgZWxzZQogICAgZWNobyAiV2FybmluZzogTm8gaW1hZ2Ugc3BlY2lmaWVkIGZvciAkY29udGFpbmVyX25hbWUsIHNraXBwaW5nIgogICAgcmV0dXJuIDEKICBmaQoKICAjIFJ1biBjb250YWluZXIKICBkb2NrZXIgcnVuIC1kIFwKICAgIC0tbmFtZSAiJGNvbnRhaW5lcl9uYW1lIiBcCiAgICAtLXJlc3RhcnQgYWx3YXlzIFwKICAgIC1wIDAuMC4wLjA6JHBvcnQ6JHBvcnQgXAogICAgLS1lbnYtZmlsZSAiJGVudl9maWxlIiBcCiAgICAiJGltYWdlX25hbWUiIHx8IHsKICAgICAgZWNobyAiV2FybmluZzogRmFpbGVkIHRvIHN0YXJ0IGNvbnRhaW5lciAkY29udGFpbmVyX25hbWUiCiAgICAgIHJldHVybiAxCiAgICB9CgogIGVjaG8gIkNvbnRhaW5lciAkY29udGFpbmVyX25hbWUgc3RhcnRlZCBvbiBwb3J0ICRwb3J0IChsb2NhbGhvc3Qgb25seSkiCiAgZG9ja2VyIHBzIC0tZmlsdGVyICJuYW1lPSRjb250YWluZXJfbmFtZSIgLS1mb3JtYXQgInt7Lk5hbWVzfX06IHt7LlN0YXR1c319Igp9CgojIERlcGxveSBhbGwgNSB1c2VycyBjb250YWluZXJzCmRlcGxveV9jb250YWluZXIgInVzZXJzLWNyZWF0ZSIgImxldmlhdGhhbjExOS9ncmFkZmxvdy11c2Vycy1jcmVhdGU6bGF0ZXN0IiAzMDAxIHx8IHRydWUKZGVwbG95X2NvbnRhaW5lciAidXNlcnMtZGVsZXRlIiAibGV2aWF0aGFuMTE5L2dyYWRmbG93LXVzZXJzLWRlbGV0ZTpsYXRlc3QiIDMwMDIgfHwgdHJ1ZQpkZXBsb3lfY29udGFpbmVyICJ1c2Vycy1saXN0IiAibGV2aWF0aGFuMTE5L2dyYWRmbG93LXVzZXJzLWxpc3Q6bGF0ZXN0IiAzMDAzIHx8IHRydWUKZGVwbG95X2NvbnRhaW5lciAidXNlcnMtc2VhcmNoIiAibGV2aWF0aGFuMTE5L2dyYWRmbG93LXVzZXJzLXNlYXJjaDpsYXRlc3QiIDMwMDQgfHwgdHJ1ZQpkZXBsb3lfY29udGFpbmVyICJ1c2Vycy11cGRhdGUiICJsZXZpYXRoYW4xMTkvZ3JhZGZsb3ctdXNlcnMtdXBkYXRlOmxhdGVzdCIgMzAwNSB8fCB0cnVlCgojIFdhaXQgYSBmZXcgc2Vjb25kcyBmb3IgY29udGFpbmVycyB0byBiZSByZWFkeQplY2hvICJXYWl0aW5nIGZvciBjb250YWluZXJzIHRvIGluaXRpYWxpemUuLi4iCnNsZWVwIDEwCgojIFZlcmlmeSBjb250YWluZXJzIGFyZSBydW5uaW5nCmVjaG8gIkNvbnRhaW5lciBzdGF0dXM6Igpkb2NrZXIgcHMgLS1mb3JtYXQgInRhYmxlIHt7Lk5hbWVzfX1cdHt7LlN0YXR1c319XHR7ey5Qb3J0c319IgoKIyBDbGVhbnVwIHVudXNlZCBpbWFnZXMKZG9ja2VyIGltYWdlIHBydW5lIC1hIC1mIHx8IHRydWUKCmVjaG8gIj09PSBVc2VyIERhdGEgU2NyaXB0IENvbXBsZXRlZCA9PT0iCmVjaG8gIlRpbWVzdGFtcDogJChkYXRlKSIKZWNobyAiIgplY2hvICJTdW1tYXJ5OiIKZWNobyAiIgplY2hvICJGaW5hbCBjb250YWluZXIgc3RhdHVzOiIKZG9ja2VyIHBzIC0tZm9ybWF0ICJ0YWJsZSB7ey5OYW1lc319XHR7ey5TdGF0dXN9fVx0e3suUG9ydHN9fSIK",
            "vpc_security_group_ids": [
              "sg-0bba25c1b0f6f7210"
            ]
          },
          "sensitive_attributes": [
            [
              {
                "type": "get_attr",
                "value": "user_data"
              }
            ]
          ],
          "identity_schema_version": 0,
          "private": "eyJzY2hlbWFfdmVyc2lvbiI6IjEifQ==",
          "dependencies": [
            "aws_key_pair.this",
            "aws_lb.app",
            "aws_security_group.lb",
            "aws_security_group.web",
            "aws_subnet.public",
            "aws_vpc.main",
            "data.aws_availability_zones.available",
            "tls_private_key.this"
          ]
        }
      ]
    },
    {
      "mode": "managed",
      "type": "aws_lb",
      "name": "app",
      "provider": "provider[\"registry.terraform.io/hashicorp/aws\"]",
      "instances": [
        {
          "schema_version": 0,
          "attributes": {
            "access_logs": [
              {
                "bucket": "",
                "enabled": false,
                "prefix": ""
              }
            ],
            "arn": "arn:aws:elasticloadbalancing:us-east-1:697755754723:loadbalancer/app/users-lb/7b6670ac61421092",
            "arn_suffix": "app/users-lb/7b6670ac61421092",
            "client_keep_alive": 3600,
            "connection_logs": [
              {
                "bucket": "",
                "enabled": false,
                "prefix": ""
              }
            ],
            "customer_owned_ipv4_pool": "",
            "desync_mitigation_mode": "defensive",
            "dns_name": "users-lb-632501499.us-east-1.elb.amazonaws.com",
            "dns_record_client_routing_policy": null,
            "drop_invalid_header_fields": false,
            "enable_cross_zone_load_balancing": true,
            "enable_deletion_protection": false,
            "enable_http2": true,
            "enable_tls_version_and_cipher_suite_headers": false,
            "enable_waf_fail_open": false,
            "enable_xff_client_port": false,
            "enable_zonal_shift": false,
            "enforce_security_group_inbound_rules_on_private_link_traffic": "",
            "health_check_logs": [
              {
                "bucket": "",
                "enabled": false,
                "prefix": ""
              }
            ],
            "id": "arn:aws:elasticloadbalancing:us-east-1:697755754723:loadbalancer/app/users-lb/7b6670ac61421092",
            "idle_timeout": 60,
            "internal": false,
            "ip_address_type": "ipv4",
            "ipam_pools": [],
            "load_balancer_type": "application",
            "minimum_load_balancer_capacity": [],
            "name": "users-lb",
            "name_prefix": "",
            "preserve_host_header": false,
            "region": "us-east-1",
            "secondary_ips_auto_assigned_per_subnet": null,
            "security_groups": [
              "sg-0fb8e005fc6db4e68"
            ],
            "subnet_mapping": [
              {
                "allocation_id": "",
                "ipv6_address": "",
                "outpost_id": "",
                "private_ipv4_address": "",
                "subnet_id": "subnet-06b4b9240b7c5a411"
              },
              {
                "allocation_id": "",
                "ipv6_address": "",
                "outpost_id": "",
                "private_ipv4_address": "",
                "subnet_id": "subnet-0ad7009f5f35a227a"
              }
            ],
            "subnets": [
              "subnet-06b4b9240b7c5a411",
              "subnet-0ad7009f5f35a227a"
            ],
            "tags": {
              "Name": "users-application-lb"
            },
            "tags_all": {
              "Environment": "users",
              "ManagedBy": "Terraform",
              "Name": "users-application-lb",
              "Project": "GradFlow"
            },
            "timeouts": null,
            "vpc_id": "vpc-051e55d1456b54946",
            "xff_header_processing_mode": "append",
            "zone_id": "Z35SXDOTRQ7X7K"
          },
          "sensitive_attributes": [],
          "identity_schema_version": 0,
          "identity": {
            "arn": "arn:aws:elasticloadbalancing:us-east-1:697755754723:loadbalancer/app/users-lb/7b6670ac61421092"
          },
          "private": "eyJlMmJmYjczMC1lY2FhLTExZTYtOGY4OC0zNDM2M2JjN2M0YzAiOnsiY3JlYXRlIjo2MDAwMDAwMDAwMDAsImRlbGV0ZSI6NjAwMDAwMDAwMDAwLCJ1cGRhdGUiOjYwMDAwMDAwMDAwMH19",
          "dependencies": [
            "aws_security_group.lb",
            "aws_subnet.public",
            "aws_vpc.main",
            "data.aws_availability_zones.available"
          ]
        }
      ]
    },
    {
      "mode": "managed",
      "type": "aws_lb_listener",
      "name": "http",
      "provider": "provider[\"registry.terraform.io/hashicorp/aws\"]",
      "instances": [
        {
          "schema_version": 0,
          "attributes": {
            "alpn_policy": null,
            "arn": "arn:aws:elasticloadbalancing:us-east-1:697755754723:listener/app/users-lb/7b6670ac61421092/e6d811946e22951e",
            "certificate_arn": null,
            "default_action": [
              {
                "authenticate_cognito": [],
                "authenticate_oidc": [],
                "fixed_response": [
                  {
                    "content_type": "text/plain",
                    "message_body": "Ruta no encontrada",
                    "status_code": "404"
                  }
                ],
                "forward": [],
                "jwt_validation": [],
                "order": 1,
                "redirect": [],
                "target_group_arn": "",
                "type": "fixed-response"
              }
            ],
            "id": "arn:aws:elasticloadbalancing:us-east-1:697755754723:listener/app/users-lb/7b6670ac61421092/e6d811946e22951e",
            "load_balancer_arn": "arn:aws:elasticloadbalancing:us-east-1:697755754723:loadbalancer/app/users-lb/7b6670ac61421092",
            "mutual_authentication": [],
            "port": 80,
            "protocol": "HTTP",
            "region": "us-east-1",
            "routing_http_request_x_amzn_mtls_clientcert_header_name": null,
            "routing_http_request_x_amzn_mtls_clientcert_issuer_header_name": null,
            "routing_http_request_x_amzn_mtls_clientcert_leaf_header_name": null,
            "routing_http_request_x_amzn_mtls_clientcert_serial_number_header_name": null,
            "routing_http_request_x_amzn_mtls_clientcert_subject_header_name": null,
            "routing_http_request_x_amzn_mtls_clientcert_validity_header_name": null,
            "routing_http_request_x_amzn_tls_cipher_suite_header_name": null,
            "routing_http_request_x_amzn_tls_version_header_name": null,
            "routing_http_response_access_control_allow_credentials_header_value": "",
            "routing_http_response_access_control_allow_headers_header_value": "",
            "routing_http_response_access_control_allow_methods_header_value": "",
            "routing_http_response_access_control_allow_origin_header_value": "",
            "routing_http_response_access_control_expose_headers_header_value": "",
            "routing_http_response_access_control_max_age_header_value": "",
            "routing_http_response_content_security_policy_header_value": "",
            "routing_http_response_server_enabled": true,
            "routing_http_response_strict_transport_security_header_value": "",
            "routing_http_response_x_content_type_options_header_value": "",
            "routing_http_response_x_frame_options_header_value": "",
            "ssl_policy": "",
            "tags": null,
            "tags_all": {
              "Environment": "users",
              "ManagedBy": "Terraform",
              "Project": "GradFlow"
            },
            "tcp_idle_timeout_seconds": null,
            "timeouts": null
          },
          "sensitive_attributes": [],
          "identity_schema_version": 0,
          "identity": {
            "arn": "arn:aws:elasticloadbalancing:us-east-1:697755754723:listener/app/users-lb/7b6670ac61421092/e6d811946e22951e"
          },
          "private": "eyJlMmJmYjczMC1lY2FhLTExZTYtOGY4OC0zNDM2M2JjN2M0YzAiOnsiY3JlYXRlIjozMDAwMDAwMDAwMDAsInVwZGF0ZSI6MzAwMDAwMDAwMDAwfX0=",
          "dependencies": [
            "aws_lb.app",
            "aws_security_group.lb",
            "aws_subnet.public",
            "aws_vpc.main",
            "data.aws_availability_zones.available"
          ]
        }
      ]
    },
    {
      "mode": "managed",
      "type": "aws_lb_listener_rule",
      "name": "users_create_rule",
      "provider": "provider[\"registry.terraform.io/hashicorp/aws\"]",
      "instances": [
        {
          "schema_version": 0,
          "attributes": {
            "action": [
              {
                "authenticate_cognito": [],
                "authenticate_oidc": [],
                "fixed_response": [],
                "forward": [],
                "jwt_validation": [],
                "order": 1,
                "redirect": [],
                "target_group_arn": "arn:aws:elasticloadbalancing:us-east-1:697755754723:targetgroup/tg-users-create/bfe13013d7b70cda",
                "type": "forward"
              }
            ],
            "arn": "arn:aws:elasticloadbalancing:us-east-1:697755754723:listener-rule/app/users-lb/7b6670ac61421092/e6d811946e22951e/73e1740a770760fb",
            "condition": [
              {
                "host_header": [],
                "http_header": [],
                "http_request_method": [],
                "path_pattern": [
                  {
                    "regex_values": [],
                    "values": [
                      "/users_create/*"
                    ]
                  }
                ],
                "query_string": [],
                "source_ip": []
              }
            ],
            "id": "arn:aws:elasticloadbalancing:us-east-1:697755754723:listener-rule/app/users-lb/7b6670ac61421092/e6d811946e22951e/73e1740a770760fb",
            "listener_arn": "arn:aws:elasticloadbalancing:us-east-1:697755754723:listener/app/users-lb/7b6670ac61421092/e6d811946e22951e",
            "priority": 10,
            "region": "us-east-1",
            "tags": null,
            "tags_all": {
              "Environment": "users",
              "ManagedBy": "Terraform",
              "Project": "GradFlow"
            },
            "transform": []
          },
          "sensitive_attributes": [],
          "identity_schema_version": 0,
          "identity": {
            "arn": "arn:aws:elasticloadbalancing:us-east-1:697755754723:listener-rule/app/users-lb/7b6670ac61421092/e6d811946e22951e/73e1740a770760fb"
          },
          "private": "bnVsbA==",
          "dependencies": [
            "aws_lb.app",
            "aws_lb_listener.http",
            "aws_lb_target_group.users_create",
            "aws_security_group.lb",
            "aws_subnet.public",
            "aws_vpc.main",
            "data.aws_availability_zones.available"
          ]
        }
      ]
    },
    {
      "mode": "managed",
      "type": "aws_lb_listener_rule",
      "name": "users_delete_rule",
      "provider": "provider[\"registry.terraform.io/hashicorp/aws\"]",
      "instances": [
        {
          "schema_version": 0,
          "attributes": {
            "action": [
              {
                "authenticate_cognito": [],
                "authenticate_oidc": [],
                "fixed_response": [],
                "forward": [],
                "jwt_validation": [],
                "order": 1,
                "redirect": [],
                "target_group_arn": "arn:aws:elasticloadbalancing:us-east-1:697755754723:targetgroup/tg-users-delete/4362c02ac34ce480",
                "type": "forward"
              }
            ],
            "arn": "arn:aws:elasticloadbalancing:us-east-1:697755754723:listener-rule/app/users-lb/7b6670ac61421092/e6d811946e22951e/19a1692a8e082f6e",
            "condition": [
              {
                "host_header": [],
                "http_header": [],
                "http_request_method": [],
                "path_pattern": [
                  {
                    "regex_values": [],
                    "values": [
                      "/users_delete/*"
                    ]
                  }
                ],
                "query_string": [],
                "source_ip": []
              }
            ],
            "id": "arn:aws:elasticloadbalancing:us-east-1:697755754723:listener-rule/app/users-lb/7b6670ac61421092/e6d811946e22951e/19a1692a8e082f6e",
            "listener_arn": "arn:aws:elasticloadbalancing:us-east-1:697755754723:listener/app/users-lb/7b6670ac61421092/e6d811946e22951e",
            "priority": 20,
            "region": "us-east-1",
            "tags": null,
            "tags_all": {
              "Environment": "users",
              "ManagedBy": "Terraform",
              "Project": "GradFlow"
            },
            "transform": []
          },
          "sensitive_attributes": [],
          "identity_schema_version": 0,
          "identity": {
            "arn": "arn:aws:elasticloadbalancing:us-east-1:697755754723:listener-rule/app/users-lb/7b6670ac61421092/e6d811946e22951e/19a1692a8e082f6e"
          },
          "private": "bnVsbA==",
          "dependencies": [
            "aws_lb.app",
            "aws_lb_listener.http",
            "aws_lb_target_group.users_delete",
            "aws_security_group.lb",
            "aws_subnet.public",
            "aws_vpc.main",
            "data.aws_availability_zones.available"
          ]
        }
      ]
    },
    {
      "mode": "managed",
      "type": "aws_lb_listener_rule",
      "name": "users_list_rule",
      "provider": "provider[\"registry.terraform.io/hashicorp/aws\"]",
      "instances": [
        {
          "schema_version": 0,
          "attributes": {
            "action": [
              {
                "authenticate_cognito": [],
                "authenticate_oidc": [],
                "fixed_response": [],
                "forward": [],
                "jwt_validation": [],
                "order": 1,
                "redirect": [],
                "target_group_arn": "arn:aws:elasticloadbalancing:us-east-1:697755754723:targetgroup/tg-users-list/8da9145d304bd384",
                "type": "forward"
              }
            ],
            "arn": "arn:aws:elasticloadbalancing:us-east-1:697755754723:listener-rule/app/users-lb/7b6670ac61421092/e6d811946e22951e/276448c82833cc17",
            "condition": [
              {
                "host_header": [],
                "http_header": [],
                "http_request_method": [],
                "path_pattern": [
                  {
                    "regex_values": [],
                    "values": [
                      "/users_list/*"
                    ]
                  }
                ],
                "query_string": [],
                "source_ip": []
              }
            ],
            "id": "arn:aws:elasticloadbalancing:us-east-1:697755754723:listener-rule/app/users-lb/7b6670ac61421092/e6d811946e22951e/276448c82833cc17",
            "listener_arn": "arn:aws:elasticloadbalancing:us-east-1:697755754723:listener/app/users-lb/7b6670ac61421092/e6d811946e22951e",
            "priority": 30,
            "region": "us-east-1",
            "tags": null,
            "tags_all": {
              "Environment": "users",
              "ManagedBy": "Terraform",
              "Project": "GradFlow"
            },
            "transform": []
          },
          "sensitive_attributes": [],
          "identity_schema_version": 0,
          "identity": {
            "arn": "arn:aws:elasticloadbalancing:us-east-1:697755754723:listener-rule/app/users-lb/7b6670ac61421092/e6d811946e22951e/276448c82833cc17"
          },
          "private": "bnVsbA==",
          "dependencies": [
            "aws_lb.app",
            "aws_lb_listener.http",
            "aws_lb_target_group.users_list",
            "aws_security_group.lb",
            "aws_subnet.public",
            "aws_vpc.main",
            "data.aws_availability_zones.available"
          ]
        }
      ]
    },
    {
      "mode": "managed",
      "type": "aws_lb_listener_rule",
      "name": "users_search_rule",
      "provider": "provider[\"registry.terraform.io/hashicorp/aws\"]",
      "instances": [
        {
          "schema_version": 0,
          "attributes": {
            "action": [
              {
                "authenticate_cognito": [],
                "authenticate_oidc": [],
                "fixed_response": [],
                "forward": [],
                "jwt_validation": [],
                "order": 1,
                "redirect": [],
                "target_group_arn": "arn:aws:elasticloadbalancing:us-east-1:697755754723:targetgroup/tg-users-search/1dbf28064b3bb020",
                "type": "forward"
              }
            ],
            "arn": "arn:aws:elasticloadbalancing:us-east-1:697755754723:listener-rule/app/users-lb/7b6670ac61421092/e6d811946e22951e/db9191c4624c46d1",
            "condition": [
              {
                "host_header": [],
                "http_header": [],
                "http_request_method": [],
                "path_pattern": [
                  {
                    "regex_values": [],
                    "values": [
                      "/users_search/*"
                    ]
                  }
                ],
                "query_string": [],
                "source_ip": []
              }
            ],
            "id": "arn:aws:elasticloadbalancing:us-east-1:697755754723:listener-rule/app/users-lb/7b6670ac61421092/e6d811946e22951e/db9191c4624c46d1",
            "listener_arn": "arn:aws:elasticloadbalancing:us-east-1:697755754723:listener/app/users-lb/7b6670ac61421092/e6d811946e22951e",
            "priority": 50,
            "region": "us-east-1",
            "tags": null,
            "tags_all": {
              "Environment": "users",
              "ManagedBy": "Terraform",
              "Project": "GradFlow"
            },
            "transform": []
          },
          "sensitive_attributes": [],
          "identity_schema_version": 0,
          "identity": {
            "arn": "arn:aws:elasticloadbalancing:us-east-1:697755754723:listener-rule/app/users-lb/7b6670ac61421092/e6d811946e22951e/db9191c4624c46d1"
          },
          "private": "bnVsbA==",
          "dependencies": [
            "aws_lb.app",
            "aws_lb_listener.http",
            "aws_lb_target_group.users_search",
            "aws_security_group.lb",
            "aws_subnet.public",
            "aws_vpc.main",
            "data.aws_availability_zones.available"
          ]
        }
      ]
    },
    {
      "mode": "managed",
      "type": "aws_lb_listener_rule",
      "name": "users_update_rule",
      "provider": "provider[\"registry.terraform.io/hashicorp/aws\"]",
      "instances": [
        {
          "schema_version": 0,
          "attributes": {
            "action": [
              {
                "authenticate_cognito": [],
                "authenticate_oidc": [],
                "fixed_response": [],
                "forward": [],
                "jwt_validation": [],
                "order": 1,
                "redirect": [],
                "target_group_arn": "arn:aws:elasticloadbalancing:us-east-1:697755754723:targetgroup/tg-users-update/05037951d22ff700",
                "type": "forward"
              }
            ],
            "arn": "arn:aws:elasticloadbalancing:us-east-1:697755754723:listener-rule/app/users-lb/7b6670ac61421092/e6d811946e22951e/55290c9ac7990f51",
            "condition": [
              {
                "host_header": [],
                "http_header": [],
                "http_request_method": [],
                "path_pattern": [
                  {
                    "regex_values": [],
                    "values": [
                      "/users_update/*"
                    ]
                  }
                ],
                "query_string": [],
                "source_ip": []
              }
            ],
            "id": "arn:aws:elasticloadbalancing:us-east-1:697755754723:listener-rule/app/users-lb/7b6670ac61421092/e6d811946e22951e/55290c9ac7990f51",
            "listener_arn": "arn:aws:elasticloadbalancing:us-east-1:697755754723:listener/app/users-lb/7b6670ac61421092/e6d811946e22951e",
            "priority": 40,
            "region": "us-east-1",
            "tags": null,
            "tags_all": {
              "Environment": "users",
              "ManagedBy": "Terraform",
              "Project": "GradFlow"
            },
            "transform": []
          },
          "sensitive_attributes": [],
          "identity_schema_version": 0,
          "identity": {
            "arn": "arn:aws:elasticloadbalancing:us-east-1:697755754723:listener-rule/app/users-lb/7b6670ac61421092/e6d811946e22951e/55290c9ac7990f51"
          },
          "private": "bnVsbA==",
          "dependencies": [
            "aws_lb.app",
            "aws_lb_listener.http",
            "aws_lb_target_group.users_update",
            "aws_security_group.lb",
            "aws_subnet.public",
            "aws_vpc.main",
            "data.aws_availability_zones.available"
          ]
        }
      ]
    },
    {
      "mode": "managed",
      "type": "aws_lb_target_group",
      "name": "users_create",
      "provider": "provider[\"registry.terraform.io/hashicorp/aws\"]",
      "instances": [
        {
          "schema_version": 0,
          "attributes": {
            "arn": "arn:aws:elasticloadbalancing:us-east-1:697755754723:targetgroup/tg-users-create/bfe13013d7b70cda",
            "arn_suffix": "targetgroup/tg-users-create/bfe13013d7b70cda",
            "connection_termination": null,
            "deregistration_delay": "300",
            "health_check": [
              {
                "enabled": true,
                "healthy_threshold": 2,
                "interval": 30,
                "matcher": "200",
                "path": "/api-docs",
                "port": "traffic-port",
                "protocol": "HTTP",
                "timeout": 5,
                "unhealthy_threshold": 3
              }
            ],
            "id": "arn:aws:elasticloadbalancing:us-east-1:697755754723:targetgroup/tg-users-create/bfe13013d7b70cda",
            "ip_address_type": "ipv4",
            "lambda_multi_value_headers_enabled": false,
            "load_balancer_arns": [],
            "load_balancing_algorithm_type": "round_robin",
            "load_balancing_anomaly_mitigation": "off",
            "load_balancing_cross_zone_enabled": "use_load_balancer_configuration",
            "name": "tg-users-create",
            "name_prefix": "",
            "port": 3001,
            "preserve_client_ip": null,
            "protocol": "HTTP",
            "protocol_version": "HTTP1",
            "proxy_protocol_v2": false,
            "region": "us-east-1",
            "slow_start": 0,
            "stickiness": [
              {
                "cookie_duration": 86400,
                "cookie_name": "",
                "enabled": false,
                "type": "lb_cookie"
              }
            ],
            "tags": null,
            "tags_all": {
              "Environment": "users",
              "ManagedBy": "Terraform",
              "Project": "GradFlow"
            },
            "target_control_port": 0,
            "target_failover": [
              {
                "on_deregistration": null,
                "on_unhealthy": null
              }
            ],
            "target_group_health": [
              {
                "dns_failover": [
                  {
                    "minimum_healthy_targets_count": "1",
                    "minimum_healthy_targets_percentage": "off"
                  }
                ],
                "unhealthy_state_routing": [
                  {
                    "minimum_healthy_targets_count": 1,
                    "minimum_healthy_targets_percentage": "off"
                  }
                ]
              }
            ],
            "target_health_state": [
              {
                "enable_unhealthy_connection_termination": null,
                "unhealthy_draining_interval": null
              }
            ],
            "target_type": "instance",
            "vpc_id": "vpc-051e55d1456b54946"
          },
          "sensitive_attributes": [],
          "identity_schema_version": 0,
          "identity": {
            "arn": "arn:aws:elasticloadbalancing:us-east-1:697755754723:targetgroup/tg-users-create/bfe13013d7b70cda"
          },
          "private": "bnVsbA==",
          "dependencies": [
            "aws_vpc.main"
          ]
        }
      ]
    },
    {
      "mode": "managed",
      "type": "aws_lb_target_group",
      "name": "users_delete",
      "provider": "provider[\"registry.terraform.io/hashicorp/aws\"]",
      "instances": [
        {
          "schema_version": 0,
          "attributes": {
            "arn": "arn:aws:elasticloadbalancing:us-east-1:697755754723:targetgroup/tg-users-delete/4362c02ac34ce480",
            "arn_suffix": "targetgroup/tg-users-delete/4362c02ac34ce480",
            "connection_termination": null,
            "deregistration_delay": "300",
            "health_check": [
              {
                "enabled": true,
                "healthy_threshold": 2,
                "interval": 30,
                "matcher": "200",
                "path": "/api-docs",
                "port": "traffic-port",
                "protocol": "HTTP",
                "timeout": 5,
                "unhealthy_threshold": 3
              }
            ],
            "id": "arn:aws:elasticloadbalancing:us-east-1:697755754723:targetgroup/tg-users-delete/4362c02ac34ce480",
            "ip_address_type": "ipv4",
            "lambda_multi_value_headers_enabled": false,
            "load_balancer_arns": [],
            "load_balancing_algorithm_type": "round_robin",
            "load_balancing_anomaly_mitigation": "off",
            "load_balancing_cross_zone_enabled": "use_load_balancer_configuration",
            "name": "tg-users-delete",
            "name_prefix": "",
            "port": 3002,
            "preserve_client_ip": null,
            "protocol": "HTTP",
            "protocol_version": "HTTP1",
            "proxy_protocol_v2": false,
            "region": "us-east-1",
            "slow_start": 0,
            "stickiness": [
              {
                "cookie_duration": 86400,
                "cookie_name": "",
                "enabled": false,
                "type": "lb_cookie"
              }
            ],
            "tags": null,
            "tags_all": {
              "Environment": "users",
              "ManagedBy": "Terraform",
              "Project": "GradFlow"
            },
            "target_control_port": 0,
            "target_failover": [
              {
                "on_deregistration": null,
                "on_unhealthy": null
              }
            ],
            "target_group_health": [
              {
                "dns_failover": [
                  {
                    "minimum_healthy_targets_count": "1",
                    "minimum_healthy_targets_percentage": "off"
                  }
                ],
                "unhealthy_state_routing": [
                  {
                    "minimum_healthy_targets_count": 1,
                    "minimum_healthy_targets_percentage": "off"
                  }
                ]
              }
            ],
            "target_health_state": [
              {
                "enable_unhealthy_connection_termination": null,
                "unhealthy_draining_interval": null
              }
            ],
            "target_type": "instance",
            "vpc_id": "vpc-051e55d1456b54946"
          },
          "sensitive_attributes": [],
          "identity_schema_version": 0,
          "identity": {
            "arn": "arn:aws:elasticloadbalancing:us-east-1:697755754723:targetgroup/tg-users-delete/4362c02ac34ce480"
          },
          "private": "bnVsbA==",
          "dependencies": [
            "aws_vpc.main"
          ]
        }
      ]
    },
    {
      "mode": "managed",
      "type": "aws_lb_target_group",
      "name": "users_list",
      "provider": "provider[\"registry.terraform.io/hashicorp/aws\"]",
      "instances": [
        {
          "schema_version": 0,
          "attributes": {
            "arn": "arn:aws:elasticloadbalancing:us-east-1:697755754723:targetgroup/tg-users-list/8da9145d304bd384",
            "arn_suffix": "targetgroup/tg-users-list/8da9145d304bd384",
            "connection_termination": null,
            "deregistration_delay": "300",
            "health_check": [
              {
                "enabled": true,
                "healthy_threshold": 2,
                "interval": 30,
                "matcher": "200",
                "path": "/api-docs",
                "port": "traffic-port",
                "protocol": "HTTP",
                "timeout": 5,
                "unhealthy_threshold": 3
              }
            ],
            "id": "arn:aws:elasticloadbalancing:us-east-1:697755754723:targetgroup/tg-users-list/8da9145d304bd384",
            "ip_address_type": "ipv4",
            "lambda_multi_value_headers_enabled": false,
            "load_balancer_arns": [],
            "load_balancing_algorithm_type": "round_robin",
            "load_balancing_anomaly_mitigation": "off",
            "load_balancing_cross_zone_enabled": "use_load_balancer_configuration",
            "name": "tg-users-list",
            "name_prefix": "",
            "port": 3003,
            "preserve_client_ip": null,
            "protocol": "HTTP",
            "protocol_version": "HTTP1",
            "proxy_protocol_v2": false,
            "region": "us-east-1",
            "slow_start": 0,
            "stickiness": [
              {
                "cookie_duration": 86400,
                "cookie_name": "",
                "enabled": false,
                "type": "lb_cookie"
              }
            ],
            "tags": null,
            "tags_all": {
              "Environment": "users",
              "ManagedBy": "Terraform",
              "Project": "GradFlow"
            },
            "target_control_port": 0,
            "target_failover": [
              {
                "on_deregistration": null,
                "on_unhealthy": null
              }
            ],
            "target_group_health": [
              {
                "dns_failover": [
                  {
                    "minimum_healthy_targets_count": "1",
                    "minimum_healthy_targets_percentage": "off"
                  }
                ],
                "unhealthy_state_routing": [
                  {
                    "minimum_healthy_targets_count": 1,
                    "minimum_healthy_targets_percentage": "off"
                  }
                ]
              }
            ],
            "target_health_state": [
              {
                "enable_unhealthy_connection_termination": null,
                "unhealthy_draining_interval": null
              }
            ],
            "target_type": "instance",
            "vpc_id": "vpc-051e55d1456b54946"
          },
          "sensitive_attributes": [],
          "identity_schema_version": 0,
          "identity": {
            "arn": "arn:aws:elasticloadbalancing:us-east-1:697755754723:targetgroup/tg-users-list/8da9145d304bd384"
          },
          "private": "bnVsbA==",
          "dependencies": [
            "aws_vpc.main"
          ]
        }
      ]
    },
    {
      "mode": "managed",
      "type": "aws_lb_target_group",
      "name": "users_search",
      "provider": "provider[\"registry.terraform.io/hashicorp/aws\"]",
      "instances": [
        {
          "schema_version": 0,
          "attributes": {
            "arn": "arn:aws:elasticloadbalancing:us-east-1:697755754723:targetgroup/tg-users-search/1dbf28064b3bb020",
            "arn_suffix": "targetgroup/tg-users-search/1dbf28064b3bb020",
            "connection_termination": null,
            "deregistration_delay": "300",
            "health_check": [
              {
                "enabled": true,
                "healthy_threshold": 2,
                "interval": 30,
                "matcher": "200",
                "path": "/api-docs",
                "port": "traffic-port",
                "protocol": "HTTP",
                "timeout": 5,
                "unhealthy_threshold": 3
              }
            ],
            "id": "arn:aws:elasticloadbalancing:us-east-1:697755754723:targetgroup/tg-users-search/1dbf28064b3bb020",
            "ip_address_type": "ipv4",
            "lambda_multi_value_headers_enabled": false,
            "load_balancer_arns": [],
            "load_balancing_algorithm_type": "round_robin",
            "load_balancing_anomaly_mitigation": "off",
            "load_balancing_cross_zone_enabled": "use_load_balancer_configuration",
            "name": "tg-users-search",
            "name_prefix": "",
            "port": 3005,
            "preserve_client_ip": null,
            "protocol": "HTTP",
            "protocol_version": "HTTP1",
            "proxy_protocol_v2": false,
            "region": "us-east-1",
            "slow_start": 0,
            "stickiness": [
              {
                "cookie_duration": 86400,
                "cookie_name": "",
                "enabled": false,
                "type": "lb_cookie"
              }
            ],
            "tags": null,
            "tags_all": {
              "Environment": "users",
              "ManagedBy": "Terraform",
              "Project": "GradFlow"
            },
            "target_control_port": 0,
            "target_failover": [
              {
                "on_deregistration": null,
                "on_unhealthy": null
              }
            ],
            "target_group_health": [
              {
                "dns_failover": [
                  {
                    "minimum_healthy_targets_count": "1",
                    "minimum_healthy_targets_percentage": "off"
                  }
                ],
                "unhealthy_state_routing": [
                  {
                    "minimum_healthy_targets_count": 1,
                    "minimum_healthy_targets_percentage": "off"
                  }
                ]
              }
            ],
            "target_health_state": [
              {
                "enable_unhealthy_connection_termination": null,
                "unhealthy_draining_interval": null
              }
            ],
            "target_type": "instance",
            "vpc_id": "vpc-051e55d1456b54946"
          },
          "sensitive_attributes": [],
          "identity_schema_version": 0,
          "identity": {
            "arn": "arn:aws:elasticloadbalancing:us-east-1:697755754723:targetgroup/tg-users-search/1dbf28064b3bb020"
          },
          "private": "bnVsbA==",
          "dependencies": [
            "aws_vpc.main"
          ]
        }
      ]
    },
    {
      "mode": "managed",
      "type": "aws_lb_target_group",
      "name": "users_update",
      "provider": "provider[\"registry.terraform.io/hashicorp/aws\"]",
      "instances": [
        {
          "schema_version": 0,
          "attributes": {
            "arn": "arn:aws:elasticloadbalancing:us-east-1:697755754723:targetgroup/tg-users-update/05037951d22ff700",
            "arn_suffix": "targetgroup/tg-users-update/05037951d22ff700",
            "connection_termination": null,
            "deregistration_delay": "300",
            "health_check": [
              {
                "enabled": true,
                "healthy_threshold": 2,
                "interval": 30,
                "matcher": "200",
                "path": "/api-docs",
                "port": "traffic-port",
                "protocol": "HTTP",
                "timeout": 5,
                "unhealthy_threshold": 3
              }
            ],
            "id": "arn:aws:elasticloadbalancing:us-east-1:697755754723:targetgroup/tg-users-update/05037951d22ff700",
            "ip_address_type": "ipv4",
            "lambda_multi_value_headers_enabled": false,
            "load_balancer_arns": [],
            "load_balancing_algorithm_type": "round_robin",
            "load_balancing_anomaly_mitigation": "off",
            "load_balancing_cross_zone_enabled": "use_load_balancer_configuration",
            "name": "tg-users-update",
            "name_prefix": "",
            "port": 3004,
            "preserve_client_ip": null,
            "protocol": "HTTP",
            "protocol_version": "HTTP1",
            "proxy_protocol_v2": false,
            "region": "us-east-1",
            "slow_start": 0,
            "stickiness": [
              {
                "cookie_duration": 86400,
                "cookie_name": "",
                "enabled": false,
                "type": "lb_cookie"
              }
            ],
            "tags": null,
            "tags_all": {
              "Environment": "users",
              "ManagedBy": "Terraform",
              "Project": "GradFlow"
            },
            "target_control_port": 0,
            "target_failover": [
              {
                "on_deregistration": null,
                "on_unhealthy": null
              }
            ],
            "target_group_health": [
              {
                "dns_failover": [
                  {
                    "minimum_healthy_targets_count": "1",
                    "minimum_healthy_targets_percentage": "off"
                  }
                ],
                "unhealthy_state_routing": [
                  {
                    "minimum_healthy_targets_count": 1,
                    "minimum_healthy_targets_percentage": "off"
                  }
                ]
              }
            ],
            "target_health_state": [
              {
                "enable_unhealthy_connection_termination": null,
                "unhealthy_draining_interval": null
              }
            ],
            "target_type": "instance",
            "vpc_id": "vpc-051e55d1456b54946"
          },
          "sensitive_attributes": [],
          "identity_schema_version": 0,
          "identity": {
            "arn": "arn:aws:elasticloadbalancing:us-east-1:697755754723:targetgroup/tg-users-update/05037951d22ff700"
          },
          "private": "bnVsbA==",
          "dependencies": [
            "aws_vpc.main"
          ]
        }
      ]
    },
    {
      "mode": "managed",
      "type": "aws_route_table",
      "name": "public",
      "provider": "provider[\"registry.terraform.io/hashicorp/aws\"]",
      "instances": [
        {
          "schema_version": 0,
          "attributes": {
            "arn": "arn:aws:ec2:us-east-1:697755754723:route-table/rtb-0ccc5635f28b0fb2a",
            "id": "rtb-0ccc5635f28b0fb2a",
            "owner_id": "697755754723",
            "propagating_vgws": [],
            "region": "us-east-1",
            "route": [
              {
                "carrier_gateway_id": "",
                "cidr_block": "0.0.0.0/0",
                "core_network_arn": "",
                "destination_prefix_list_id": "",
                "egress_only_gateway_id": "",
                "gateway_id": "igw-09daa896cbffcf17c",
                "ipv6_cidr_block": "",
                "local_gateway_id": "",
                "nat_gateway_id": "",
                "network_interface_id": "",
                "transit_gateway_id": "",
                "vpc_endpoint_id": "",
                "vpc_peering_connection_id": ""
              }
            ],
            "tags": null,
            "tags_all": {
              "Environment": "users",
              "ManagedBy": "Terraform",
              "Project": "GradFlow"
            },
            "timeouts": null,
            "vpc_id": "vpc-051e55d1456b54946"
          },
          "sensitive_attributes": [],
          "identity_schema_version": 0,
          "identity": {
            "account_id": "697755754723",
            "id": "rtb-0ccc5635f28b0fb2a",
            "region": "us-east-1"
          },
          "private": "eyJlMmJmYjczMC1lY2FhLTExZTYtOGY4OC0zNDM2M2JjN2M0YzAiOnsiY3JlYXRlIjozMDAwMDAwMDAwMDAsImRlbGV0ZSI6MzAwMDAwMDAwMDAwLCJ1cGRhdGUiOjEyMDAwMDAwMDAwMH19",
          "dependencies": [
            "aws_internet_gateway.igw",
            "aws_vpc.main"
          ]
        }
      ]
    },
    {
      "mode": "managed",
      "type": "aws_route_table_association",
      "name": "public",
      "provider": "provider[\"registry.terraform.io/hashicorp/aws\"]",
      "instances": [
        {
          "index_key": 0,
          "schema_version": 0,
          "attributes": {
            "gateway_id": "",
            "id": "rtbassoc-04b86b0a75e5b659c",
            "region": "us-east-1",
            "route_table_id": "rtb-0ccc5635f28b0fb2a",
            "subnet_id": "subnet-06b4b9240b7c5a411",
            "timeouts": null
          },
          "sensitive_attributes": [],
          "identity_schema_version": 0,
          "private": "eyJlMmJmYjczMC1lY2FhLTExZTYtOGY4OC0zNDM2M2JjN2M0YzAiOnsiY3JlYXRlIjozMDAwMDAwMDAwMDAsImRlbGV0ZSI6MzAwMDAwMDAwMDAwLCJ1cGRhdGUiOjEyMDAwMDAwMDAwMH19",
          "dependencies": [
            "aws_internet_gateway.igw",
            "aws_route_table.public",
            "aws_subnet.public",
            "aws_vpc.main",
            "data.aws_availability_zones.available"
          ]
        },
        {
          "index_key": 1,
          "schema_version": 0,
          "attributes": {
            "gateway_id": "",
            "id": "rtbassoc-03ac75af7fcaf1d3c",
            "region": "us-east-1",
            "route_table_id": "rtb-0ccc5635f28b0fb2a",
            "subnet_id": "subnet-0ad7009f5f35a227a",
            "timeouts": null
          },
          "sensitive_attributes": [],
          "identity_schema_version": 0,
          "private": "eyJlMmJmYjczMC1lY2FhLTExZTYtOGY4OC0zNDM2M2JjN2M0YzAiOnsiY3JlYXRlIjozMDAwMDAwMDAwMDAsImRlbGV0ZSI6MzAwMDAwMDAwMDAwLCJ1cGRhdGUiOjEyMDAwMDAwMDAwMH19",
          "dependencies": [
            "aws_internet_gateway.igw",
            "aws_route_table.public",
            "aws_subnet.public",
            "aws_vpc.main",
            "data.aws_availability_zones.available"
          ]
        }
      ]
    },
    {
      "mode": "managed",
      "type": "aws_security_group",
      "name": "lb",
      "provider": "provider[\"registry.terraform.io/hashicorp/aws\"]",
      "instances": [
        {
          "schema_version": 1,
          "attributes": {
            "arn": "arn:aws:ec2:us-east-1:697755754723:security-group/sg-0fb8e005fc6db4e68",
            "description": "Managed by Terraform",
            "egress": [
              {
                "cidr_blocks": [
                  "0.0.0.0/0"
                ],
                "description": "Permitir todo el trafico de salida",
                "from_port": 0,
                "ipv6_cidr_blocks": [],
                "prefix_list_ids": [],
                "protocol": "-1",
                "security_groups": [],
                "self": false,
                "to_port": 0
              }
            ],
            "id": "sg-0fb8e005fc6db4e68",
            "ingress": [
              {
                "cidr_blocks": [
                  "0.0.0.0/0"
                ],
                "description": "Permitir trafico HTTP desde internet",
                "from_port": 80,
                "ipv6_cidr_blocks": [],
                "prefix_list_ids": [],
                "protocol": "tcp",
                "security_groups": [],
                "self": false,
                "to_port": 80
              }
            ],
            "name": "lb_sg",
            "name_prefix": "",
            "owner_id": "697755754723",
            "region": "us-east-1",
            "revoke_rules_on_delete": false,
            "tags": null,
            "tags_all": {
              "Environment": "users",
              "ManagedBy": "Terraform",
              "Project": "GradFlow"
            },
            "timeouts": null,
            "vpc_id": "vpc-051e55d1456b54946"
          },
          "sensitive_attributes": [],
          "identity_schema_version": 0,
          "identity": {
            "account_id": "697755754723",
            "id": "sg-0fb8e005fc6db4e68",
            "region": "us-east-1"
          },
          "private": "eyJlMmJmYjczMC1lY2FhLTExZTYtOGY4OC0zNDM2M2JjN2M0YzAiOnsiY3JlYXRlIjo2MDAwMDAwMDAwMDAsImRlbGV0ZSI6OTAwMDAwMDAwMDAwfSwic2NoZW1hX3ZlcnNpb24iOiIxIn0=",
          "dependencies": [
            "aws_vpc.main"
          ]
        }
      ]
    },
    {
      "mode": "managed",
      "type": "aws_security_group",
      "name": "web",
      "provider": "provider[\"registry.terraform.io/hashicorp/aws\"]",
      "instances": [
        {
          "schema_version": 1,
          "attributes": {
            "arn": "arn:aws:ec2:us-east-1:697755754723:security-group/sg-0bba25c1b0f6f7210",
            "description": "Managed by Terraform",
            "egress": [
              {
                "cidr_blocks": [
                  "0.0.0.0/0"
                ],
                "description": "Permitir todo el trafico de salida",
                "from_port": 0,
                "ipv6_cidr_blocks": [],
                "prefix_list_ids": [],
                "protocol": "-1",
                "security_groups": [],
                "self": false,
                "to_port": 0
              }
            ],
            "id": "sg-0bba25c1b0f6f7210",
            "ingress": [
              {
                "cidr_blocks": [
                  "0.0.0.0/0"
                ],
                "description": "SSH for CI/CD",
                "from_port": 22,
                "ipv6_cidr_blocks": [],
                "prefix_list_ids": [],
                "protocol": "tcp",
                "security_groups": [],
                "self": false,
                "to_port": 22
              },
              {
                "cidr_blocks": [],
                "description": "Permitir trafico del ALB a los microservicios",
                "from_port": 3001,
                "ipv6_cidr_blocks": [],
                "prefix_list_ids": [],
                "protocol": "tcp",
                "security_groups": [
                  "sg-0fb8e005fc6db4e68"
                ],
                "self": false,
                "to_port": 3005
              }
            ],
            "name": "web_sg",
            "name_prefix": "",
            "owner_id": "697755754723",
            "region": "us-east-1",
            "revoke_rules_on_delete": false,
            "tags": null,
            "tags_all": {
              "Environment": "users",
              "ManagedBy": "Terraform",
              "Project": "GradFlow"
            },
            "timeouts": null,
            "vpc_id": "vpc-051e55d1456b54946"
          },
          "sensitive_attributes": [],
          "identity_schema_version": 0,
          "identity": {
            "account_id": "697755754723",
            "id": "sg-0bba25c1b0f6f7210",
            "region": "us-east-1"
          },
          "private": "eyJlMmJmYjczMC1lY2FhLTExZTYtOGY4OC0zNDM2M2JjN2M0YzAiOnsiY3JlYXRlIjo2MDAwMDAwMDAwMDAsImRlbGV0ZSI6OTAwMDAwMDAwMDAwfSwic2NoZW1hX3ZlcnNpb24iOiIxIn0=",
          "dependencies": [
            "aws_security_group.lb",
            "aws_vpc.main"
          ]
        }
      ]
    },
    {
      "mode": "managed",
      "type": "aws_subnet",
      "name": "public",
      "provider": "provider[\"registry.terraform.io/hashicorp/aws\"]",
      "instances": [
        {
          "index_key": 0,
          "schema_version": 1,
          "attributes": {
            "arn": "arn:aws:ec2:us-east-1:697755754723:subnet/subnet-06b4b9240b7c5a411",
            "assign_ipv6_address_on_creation": false,
            "availability_zone": "us-east-1a",
            "availability_zone_id": "use1-az6",
            "cidr_block": "10.0.0.0/24",
            "customer_owned_ipv4_pool": "",
            "enable_dns64": false,
            "enable_lni_at_device_index": 0,
            "enable_resource_name_dns_a_record_on_launch": false,
            "enable_resource_name_dns_aaaa_record_on_launch": false,
            "id": "subnet-06b4b9240b7c5a411",
            "ipv6_cidr_block": "",
            "ipv6_cidr_block_association_id": "",
            "ipv6_native": false,
            "map_customer_owned_ip_on_launch": false,
            "map_public_ip_on_launch": true,
            "outpost_arn": "",
            "owner_id": "697755754723",
            "private_dns_hostname_type_on_launch": "ip-name",
            "region": "us-east-1",
            "tags": null,
            "tags_all": {
              "Environment": "users",
              "ManagedBy": "Terraform",
              "Project": "GradFlow"
            },
            "timeouts": null,
            "vpc_id": "vpc-051e55d1456b54946"
          },
          "sensitive_attributes": [],
          "identity_schema_version": 0,
          "identity": {
            "account_id": "697755754723",
            "id": "subnet-06b4b9240b7c5a411",
            "region": "us-east-1"
          },
          "private": "eyJlMmJmYjczMC1lY2FhLTExZTYtOGY4OC0zNDM2M2JjN2M0YzAiOnsiY3JlYXRlIjo2MDAwMDAwMDAwMDAsImRlbGV0ZSI6MTIwMDAwMDAwMDAwMH0sInNjaGVtYV92ZXJzaW9uIjoiMSJ9",
          "dependencies": [
            "aws_vpc.main",
            "data.aws_availability_zones.available"
          ]
        },
        {
          "index_key": 1,
          "schema_version": 1,
          "attributes": {
            "arn": "arn:aws:ec2:us-east-1:697755754723:subnet/subnet-0ad7009f5f35a227a",
            "assign_ipv6_address_on_creation": false,
            "availability_zone": "us-east-1b",
            "availability_zone_id": "use1-az1",
            "cidr_block": "10.0.1.0/24",
            "customer_owned_ipv4_pool": "",
            "enable_dns64": false,
            "enable_lni_at_device_index": 0,
            "enable_resource_name_dns_a_record_on_launch": false,
            "enable_resource_name_dns_aaaa_record_on_launch": false,
            "id": "subnet-0ad7009f5f35a227a",
            "ipv6_cidr_block": "",
            "ipv6_cidr_block_association_id": "",
            "ipv6_native": false,
            "map_customer_owned_ip_on_launch": false,
            "map_public_ip_on_launch": true,
            "outpost_arn": "",
            "owner_id": "697755754723",
            "private_dns_hostname_type_on_launch": "ip-name",
            "region": "us-east-1",
            "tags": null,
            "tags_all": {
              "Environment": "users",
              "ManagedBy": "Terraform",
              "Project": "GradFlow"
            },
            "timeouts": null,
            "vpc_id": "vpc-051e55d1456b54946"
          },
          "sensitive_attributes": [],
          "identity_schema_version": 0,
          "identity": {
            "account_id": "697755754723",
            "id": "subnet-0ad7009f5f35a227a",
            "region": "us-east-1"
          },
          "private": "eyJlMmJmYjczMC1lY2FhLTExZTYtOGY4OC0zNDM2M2JjN2M0YzAiOnsiY3JlYXRlIjo2MDAwMDAwMDAwMDAsImRlbGV0ZSI6MTIwMDAwMDAwMDAwMH0sInNjaGVtYV92ZXJzaW9uIjoiMSJ9",
          "dependencies": [
            "aws_vpc.main",
            "data.aws_availability_zones.available"
          ]
        }
      ]
    },
    {
      "mode": "managed",
      "type": "aws_vpc",
      "name": "main",
      "provider": "provider[\"registry.terraform.io/hashicorp/aws\"]",
      "instances": [
        {
          "schema_version": 1,
          "attributes": {
            "arn": "arn:aws:ec2:us-east-1:697755754723:vpc/vpc-051e55d1456b54946",
            "assign_generated_ipv6_cidr_block": false,
            "cidr_block": "10.0.0.0/16",
            "default_network_acl_id": "acl-0bb832fed5839c28a",
            "default_route_table_id": "rtb-00cd5e50fe7532711",
            "default_security_group_id": "sg-006850d18633ae387",
            "dhcp_options_id": "dopt-09c9a738bb79b4b08",
            "enable_dns_hostnames": false,
            "enable_dns_support": true,
            "enable_network_address_usage_metrics": false,
            "id": "vpc-051e55d1456b54946",
            "instance_tenancy": "default",
            "ipv4_ipam_pool_id": null,
            "ipv4_netmask_length": null,
            "ipv6_association_id": "",
            "ipv6_cidr_block": "",
            "ipv6_cidr_block_network_border_group": "",
            "ipv6_ipam_pool_id": "",
            "ipv6_netmask_length": 0,
            "main_route_table_id": "rtb-00cd5e50fe7532711",
            "owner_id": "697755754723",
            "region": "us-east-1",
            "tags": null,
            "tags_all": {
              "Environment": "users",
              "ManagedBy": "Terraform",
              "Project": "GradFlow"
            }
          },
          "sensitive_attributes": [],
          "identity_schema_version": 0,
          "identity": {
            "account_id": "697755754723",
            "id": "vpc-051e55d1456b54946",
            "region": "us-east-1"
          },
          "private": "eyJzY2hlbWFfdmVyc2lvbiI6IjEifQ=="
        }
      ]
    },
    {
      "mode": "managed",
      "type": "local_file",
      "name": "env_users_create",
      "provider": "provider[\"registry.terraform.io/hashicorp/local\"]",
      "instances": [
        {
          "schema_version": 0,
          "attributes": {
            "content": "# Database Configuration\r\nDB_HOST=aws-1-us-east-1.pooler.supabase.com\r\nDB_USER=postgres.zbjpxtiabdsvrwfytfld\r\nDB_PASSWORD=Tengouncuernodemamut1506\r\nDB_NAME=postgres\r\nDB_PORT=5432\r\n\r\n# Service Configuration\r\nPORT=3001\r\nNODE_ENV=production\r\n\r\n# API Gateway URL (use Load Balancer DNS)\r\nAPI_GATEWAY_URL=http://users-lb-632501499.us-east-1.elb.amazonaws.com\r\n\r\n# Service URLs (use Load Balancer DNS for internal communication)\r\nUSERS_CREATE_URL=http://users-lb-632501499.us-east-1.elb.amazonaws.com\r\nUSERS_DELETE_URL=http://users-lb-632501499.us-east-1.elb.amazonaws.com\r\nUSERS_LIST_URL=http://users-lb-632501499.us-east-1.elb.amazonaws.com\r\nUSERS_SEARCH_URL=http://users-lb-632501499.us-east-1.elb.amazonaws.com\r\nUSERS_UPDATE_URL=http://users-lb-632501499.us-east-1.elb.amazonaws.com\r\nAUTH_LOGIN_URL=http://users-lb-632501499.us-east-1.elb.amazonaws.com\r\nAUTH_ROL_URL=http://users-lb-632501499.us-east-1.elb.amazonaws.com\r\nAUTH_ME_URL=http://users-lb-632501499.us-east-1.elb.amazonaws.com\r\nFILE_SERVICE_INIT_URL=http://users-lb-632501499.us-east-1.elb.amazonaws.com\r\nFILE_SERVICE_UPDATE_URL=http://users-lb-632501499.us-east-1.elb.amazonaws.com\r\nFILE_SERVICE_UPLOAD_URL=http://users-lb-632501499.us-east-1.elb.amazonaws.com\r\nFILE_SERVICE_LIST_URL=http://users-lb-632501499.us-east-1.elb.amazonaws.com\r\nFILE_SERVICE_DOWNLOAD_URL=http://users-lb-632501499.us-east-1.elb.amazonaws.com\r\n\r\n# JWT Configuration\r\nJWT_SECRET=Tengouncuernodemamut2901\r\nJWT_EXPIRES_IN=24h\r\n",
            "content_base64": null,
            "content_base64sha256": "TMeksZKcWu/M2s6Hlpt7qFz/EGzoSDUr413uCUgGpic=",
            "content_base64sha512": "GsPilnyXlr+VhnO64alzAr1iTzf7+Nn+VPMi7SHRgcFJ4GbXrA8YHv+WY6cn9AZdptlCgA9180HFHClqTtWM1Q==",
            "content_md5": "119f5290532ad9e0dfdf97ef42b22941",
            "content_sha1": "450d49269fc5c12a190ea9a903125980073c99c3",
            "content_sha256": "4cc7a4b1929c5aefccdace87969b7ba85cff106ce848352be35dee094806a627",
            "content_sha512": "1ac3e2967c9796bf958673bae1a97302bd624f37fbf8d9fe54f322ed21d181c149e066d7ac0f181eff9663a727f4065da6d942800f75f341c51c296a4ed58cd5",
            "directory_permission": "0777",
            "file_permission": "0777",
            "filename": "./.env.users_create",
            "id": "450d49269fc5c12a190ea9a903125980073c99c3",
            "sensitive_content": null,
            "source": null
          },
          "sensitive_attributes": [
            [
              {
                "type": "get_attr",
                "value": "content"
              }
            ],
            [
              {
                "type": "get_attr",
                "value": "sensitive_content"
              }
            ]
          ],
          "identity_schema_version": 0,
          "dependencies": [
            "aws_lb.app",
            "aws_security_group.lb",
            "aws_subnet.public",
            "aws_vpc.main",
            "data.aws_availability_zones.available"
          ]
        }
      ]
    },
    {
      "mode": "managed",
      "type": "local_file",
      "name": "env_users_delete",
      "provider": "provider[\"registry.terraform.io/hashicorp/local\"]",
      "instances": [
        {
          "schema_version": 0,
          "attributes": {
            "content": "# Database Configuration\r\nDB_HOST=aws-1-us-east-1.pooler.supabase.com\r\nDB_USER=postgres.zbjpxtiabdsvrwfytfld\r\nDB_PASSWORD=Tengouncuernodemamut1506\r\nDB_NAME=postgres\r\nDB_PORT=5432\r\n\r\n# Service Configuration\r\nPORT=3002\r\nNODE_ENV=production\r\n\r\n# API Gateway URL (use Load Balancer DNS)\r\nAPI_GATEWAY_URL=http://users-lb-632501499.us-east-1.elb.amazonaws.com\r\n\r\n# Service URLs (use Load Balancer DNS for internal communication)\r\nUSERS_CREATE_URL=http://users-lb-632501499.us-east-1.elb.amazonaws.com\r\nUSERS_DELETE_URL=http://users-lb-632501499.us-east-1.elb.amazonaws.com\r\nUSERS_LIST_URL=http://users-lb-632501499.us-east-1.elb.amazonaws.com\r\nUSERS_SEARCH_URL=http://users-lb-632501499.us-east-1.elb.amazonaws.com\r\nUSERS_UPDATE_URL=http://users-lb-632501499.us-east-1.elb.amazonaws.com\r\nAUTH_LOGIN_URL=http://users-lb-632501499.us-east-1.elb.amazonaws.com\r\nAUTH_ROL_URL=http://users-lb-632501499.us-east-1.elb.amazonaws.com\r\nAUTH_ME_URL=http://users-lb-632501499.us-east-1.elb.amazonaws.com\r\nFILE_SERVICE_INIT_URL=http://users-lb-632501499.us-east-1.elb.amazonaws.com\r\nFILE_SERVICE_UPDATE_URL=http://users-lb-632501499.us-east-1.elb.amazonaws.com\r\nFILE_SERVICE_UPLOAD_URL=http://users-lb-632501499.us-east-1.elb.amazonaws.com\r\nFILE_SERVICE_LIST_URL=http://users-lb-632501499.us-east-1.elb.amazonaws.com\r\nFILE_SERVICE_DOWNLOAD_URL=http://users-lb-632501499.us-east-1.elb.amazonaws.com\r\n\r\n# JWT Configuration\r\nJWT_SECRET=Tengouncuernodemamut2901\r\nJWT_EXPIRES_IN=24h\r\n",
            "content_base64": null,
            "content_base64sha256": "w2nXX9KTYN/mHxqrCm6qC2kz1AYP8LzOVrThbMxdexQ=",
            "content_base64sha512": "YRnNv+oTAxwMAHkb+7X6yZ1/INbRSqPmEzxseu5eCla4asqRj+2GEgSn2SOyCs/HwT9XbANhvbQm/1dkfy6yOQ==",
            "content_md5": "f5efef8cae3220685fa220c73afbde81",
            "content_sha1": "fa6a140588f45b7a49b53ca0c41a2856f6b79b4d",
            "content_sha256": "c369d75fd29360dfe61f1aab0a6eaa0b6933d4060ff0bcce56b4e16ccc5d7b14",
            "content_sha512": "6119cdbfea13031c0c00791bfbb5fac99d7f20d6d14aa3e6133c6c7aee5e0a56b86aca918fed861204a7d923b20acfc7c13f576c0361bdb426ff57647f2eb239",
            "directory_permission": "0777",
            "file_permission": "0777",
            "filename": "./.env.users_delete",
            "id": "fa6a140588f45b7a49b53ca0c41a2856f6b79b4d",
            "sensitive_content": null,
            "source": null
          },
          "sensitive_attributes": [
            [
              {
                "type": "get_attr",
                "value": "content"
              }
            ],
            [
              {
                "type": "get_attr",
                "value": "sensitive_content"
              }
            ]
          ],
          "identity_schema_version": 0,
          "dependencies": [
            "aws_lb.app",
            "aws_security_group.lb",
            "aws_subnet.public",
            "aws_vpc.main",
            "data.aws_availability_zones.available"
          ]
        }
      ]
    },
    {
      "mode": "managed",
      "type": "local_file",
      "name": "env_users_list",
      "provider": "provider[\"registry.terraform.io/hashicorp/local\"]",
      "instances": [
        {
          "schema_version": 0,
          "attributes": {
            "content": "# Database Configuration\r\nDB_HOST=aws-1-us-east-1.pooler.supabase.com\r\nDB_USER=postgres.zbjpxtiabdsvrwfytfld\r\nDB_PASSWORD=Tengouncuernodemamut1506\r\nDB_NAME=postgres\r\nDB_PORT=5432\r\n\r\n# Service Configuration\r\nPORT=3003\r\nNODE_ENV=production\r\n\r\n# API Gateway URL (use Load Balancer DNS)\r\nAPI_GATEWAY_URL=http://users-lb-632501499.us-east-1.elb.amazonaws.com\r\n\r\n# Service URLs (use Load Balancer DNS for internal communication)\r\nUSERS_CREATE_URL=http://users-lb-632501499.us-east-1.elb.amazonaws.com\r\nUSERS_DELETE_URL=http://users-lb-632501499.us-east-1.elb.amazonaws.com\r\nUSERS_LIST_URL=http://users-lb-632501499.us-east-1.elb.amazonaws.com\r\nUSERS_SEARCH_URL=http://users-lb-632501499.us-east-1.elb.amazonaws.com\r\nUSERS_UPDATE_URL=http://users-lb-632501499.us-east-1.elb.amazonaws.com\r\nAUTH_LOGIN_URL=http://users-lb-632501499.us-east-1.elb.amazonaws.com\r\nAUTH_ROL_URL=http://users-lb-632501499.us-east-1.elb.amazonaws.com\r\nAUTH_ME_URL=http://users-lb-632501499.us-east-1.elb.amazonaws.com\r\nFILE_SERVICE_INIT_URL=http://users-lb-632501499.us-east-1.elb.amazonaws.com\r\nFILE_SERVICE_UPDATE_URL=http://users-lb-632501499.us-east-1.elb.amazonaws.com\r\nFILE_SERVICE_UPLOAD_URL=http://users-lb-632501499.us-east-1.elb.amazonaws.com\r\nFILE_SERVICE_LIST_URL=http://users-lb-632501499.us-east-1.elb.amazonaws.com\r\nFILE_SERVICE_DOWNLOAD_URL=http://users-lb-632501499.us-east-1.elb.amazonaws.com\r\n\r\n# JWT Configuration\r\nJWT_SECRET=Tengouncuernodemamut2901\r\nJWT_EXPIRES_IN=24h\r\n",
            "content_base64": null,
            "content_base64sha256": "VU1T/VvG4d+gmo8eg1BvjmB7St7G5xBjJ3QMXMpSQaM=",
            "content_base64sha512": "cA1MXCDa0IxAWHGFPheeaY5t7gp/tORh6hrJNvN1AyXPc55eDVqOMdspqFX3T0D1vhMub/Z3YPQSDctxvmGjjw==",
            "content_md5": "a6dde8339165913ce42b5cea7ae2c4f0",
            "content_sha1": "7751fef71c1b1aed08dc4fa353d0872796ae5deb",
            "content_sha256": "554d53fd5bc6e1dfa09a8f1e83506f8e607b4adec6e7106327740c5cca5241a3",
            "content_sha512": "700d4c5c20dad08c405871853e179e698e6dee0a7fb4e461ea1ac936f3750325cf739e5e0d5a8e31db29a855f74f40f5be132e6ff67760f4120dcb71be61a38f",
            "directory_permission": "0777",
            "file_permission": "0777",
            "filename": "./.env.users_list",
            "id": "7751fef71c1b1aed08dc4fa353d0872796ae5deb",
            "sensitive_content": null,
            "source": null
          },
          "sensitive_attributes": [
            [
              {
                "type": "get_attr",
                "value": "content"
              }
            ],
            [
              {
                "type": "get_attr",
                "value": "sensitive_content"
              }
            ]
          ],
          "identity_schema_version": 0,
          "dependencies": [
            "aws_lb.app",
            "aws_security_group.lb",
            "aws_subnet.public",
            "aws_vpc.main",
            "data.aws_availability_zones.available"
          ]
        }
      ]
    },
    {
      "mode": "managed",
      "type": "local_file",
      "name": "env_users_search",
      "provider": "provider[\"registry.terraform.io/hashicorp/local\"]",
      "instances": [
        {
          "schema_version": 0,
          "attributes": {
            "content": "# Database Configuration\r\nDB_HOST=aws-1-us-east-1.pooler.supabase.com\r\nDB_USER=postgres.zbjpxtiabdsvrwfytfld\r\nDB_PASSWORD=Tengouncuernodemamut1506\r\nDB_NAME=postgres\r\nDB_PORT=5432\r\n\r\n# Service Configuration\r\nPORT=3004\r\nNODE_ENV=production\r\n\r\n# API Gateway URL (use Load Balancer DNS)\r\nAPI_GATEWAY_URL=http://users-lb-632501499.us-east-1.elb.amazonaws.com\r\n\r\n# Service URLs (use Load Balancer DNS for internal communication)\r\nUSERS_CREATE_URL=http://users-lb-632501499.us-east-1.elb.amazonaws.com\r\nUSERS_DELETE_URL=http://users-lb-632501499.us-east-1.elb.amazonaws.com\r\nUSERS_LIST_URL=http://users-lb-632501499.us-east-1.elb.amazonaws.com\r\nUSERS_SEARCH_URL=http://users-lb-632501499.us-east-1.elb.amazonaws.com\r\nUSERS_UPDATE_URL=http://users-lb-632501499.us-east-1.elb.amazonaws.com\r\nAUTH_LOGIN_URL=http://users-lb-632501499.us-east-1.elb.amazonaws.com\r\nAUTH_ROL_URL=http://users-lb-632501499.us-east-1.elb.amazonaws.com\r\nAUTH_ME_URL=http://users-lb-632501499.us-east-1.elb.amazonaws.com\r\nFILE_SERVICE_INIT_URL=http://users-lb-632501499.us-east-1.elb.amazonaws.com\r\nFILE_SERVICE_UPDATE_URL=http://users-lb-632501499.us-east-1.elb.amazonaws.com\r\nFILE_SERVICE_UPLOAD_URL=http://users-lb-632501499.us-east-1.elb.amazonaws.com\r\nFILE_SERVICE_LIST_URL=http://users-lb-632501499.us-east-1.elb.amazonaws.com\r\nFILE_SERVICE_DOWNLOAD_URL=http://users-lb-632501499.us-east-1.elb.amazonaws.com\r\n\r\n# JWT Configuration\r\nJWT_SECRET=Tengouncuernodemamut2901\r\nJWT_EXPIRES_IN=24h\r\n",
            "content_base64": null,
            "content_base64sha256": "tr932Lebicuvj7uC50/PS5hlBIiqrwhOuJjkyiqMmcM=",
            "content_base64sha512": "WeI2i995xyKjEVK9IxZHUVhrZJOPQ6fIrtfcAKGU28eoKKmW9F17KEh/1wDEdT8cESMQXthscXviXXlItI6v8A==",
            "content_md5": "5df755926113d0d72795a9b125de7ef5",
            "content_sha1": "90098551d1724fb0e9f6c4e52db2177a9c2e26db",
            "content_sha256": "b6bf77d8b79b89cbaf8fbb82e74fcf4b98650488aaaf084eb898e4ca2a8c99c3",
            "content_sha512": "59e2368bdf79c722a31152bd23164751586b64938f43a7c8aed7dc00a194dbc7a828a996f45d7b28487fd700c4753f1c1123105ed86c717be25d7948b48eaff0",
            "directory_permission": "0777",
            "file_permission": "0777",
            "filename": "./.env.users_search",
            "id": "90098551d1724fb0e9f6c4e52db2177a9c2e26db",
            "sensitive_content": null,
            "source": null
          },
          "sensitive_attributes": [
            [
              {
                "type": "get_attr",
                "value": "content"
              }
            ],
            [
              {
                "type": "get_attr",
                "value": "sensitive_content"
              }
            ]
          ],
          "identity_schema_version": 0,
          "dependencies": [
            "aws_lb.app",
            "aws_security_group.lb",
            "aws_subnet.public",
            "aws_vpc.main",
            "data.aws_availability_zones.available"
          ]
        }
      ]
    },
    {
      "mode": "managed",
      "type": "local_file",
      "name": "env_users_update",
      "provider": "provider[\"registry.terraform.io/hashicorp/local\"]",
      "instances": [
        {
          "schema_version": 0,
          "attributes": {
            "content": "# Database Configuration\r\nDB_HOST=aws-1-us-east-1.pooler.supabase.com\r\nDB_USER=postgres.zbjpxtiabdsvrwfytfld\r\nDB_PASSWORD=Tengouncuernodemamut1506\r\nDB_NAME=postgres\r\nDB_PORT=5432\r\n\r\n# Service Configuration\r\nPORT=3005\r\nNODE_ENV=production\r\n\r\n# API Gateway URL (use Load Balancer DNS)\r\nAPI_GATEWAY_URL=http://users-lb-632501499.us-east-1.elb.amazonaws.com\r\n\r\n# Service URLs (use Load Balancer DNS for internal communication)\r\nUSERS_CREATE_URL=http://users-lb-632501499.us-east-1.elb.amazonaws.com\r\nUSERS_DELETE_URL=http://users-lb-632501499.us-east-1.elb.amazonaws.com\r\nUSERS_LIST_URL=http://users-lb-632501499.us-east-1.elb.amazonaws.com\r\nUSERS_SEARCH_URL=http://users-lb-632501499.us-east-1.elb.amazonaws.com\r\nUSERS_UPDATE_URL=http://users-lb-632501499.us-east-1.elb.amazonaws.com\r\nAUTH_LOGIN_URL=http://users-lb-632501499.us-east-1.elb.amazonaws.com\r\nAUTH_ROL_URL=http://users-lb-632501499.us-east-1.elb.amazonaws.com\r\nAUTH_ME_URL=http://users-lb-632501499.us-east-1.elb.amazonaws.com\r\nFILE_SERVICE_INIT_URL=http://users-lb-632501499.us-east-1.elb.amazonaws.com\r\nFILE_SERVICE_UPDATE_URL=http://users-lb-632501499.us-east-1.elb.amazonaws.com\r\nFILE_SERVICE_UPLOAD_URL=http://users-lb-632501499.us-east-1.elb.amazonaws.com\r\nFILE_SERVICE_LIST_URL=http://users-lb-632501499.us-east-1.elb.amazonaws.com\r\nFILE_SERVICE_DOWNLOAD_URL=http://users-lb-632501499.us-east-1.elb.amazonaws.com\r\n\r\n# JWT Configuration\r\nJWT_SECRET=Tengouncuernodemamut2901\r\nJWT_EXPIRES_IN=24h\r\n",
            "content_base64": null,
            "content_base64sha256": "5cksD47kVjp3jSFLGWbHhWq6aTzMIelH/yW+iFPM2R8=",
            "content_base64sha512": "cpMV8qXnP4XeCf3p9Lzam3qP6PX4gRVYdEHyVsWDOiCsh8wB0Lzyk9UnE5E1uOcRmnRCqLeAgsUyy5h5Srv0mw==",
            "content_md5": "d5934a8eed50c26ec98f4af096f28f4d",
            "content_sha1": "98b327a71bef39c51a34b6a77952e602635b9f8c",
            "content_sha256": "e5c92c0f8ee4563a778d214b1966c7856aba693ccc21e947ff25be8853ccd91f",
            "content_sha512": "729315f2a5e73f85de09fde9f4bcda9b7a8fe8f5f88115587441f256c5833a20ac87cc01d0bcf293d527139135b8e7119a7442a8b78082c532cb98794abbf49b",
            "directory_permission": "0777",
            "file_permission": "0777",
            "filename": "./.env.users_update",
            "id": "98b327a71bef39c51a34b6a77952e602635b9f8c",
            "sensitive_content": null,
            "source": null
          },
          "sensitive_attributes": [
            [
              {
                "type": "get_attr",
                "value": "content"
              }
            ],
            [
              {
                "type": "get_attr",
                "value": "sensitive_content"
              }
            ]
          ],
          "identity_schema_version": 0,
          "dependencies": [
            "aws_lb.app",
            "aws_security_group.lb",
            "aws_subnet.public",
            "aws_vpc.main",
            "data.aws_availability_zones.available"
          ]
        }
      ]
    },
    {
      "mode": "managed",
      "type": "local_file",
      "name": "private_key_pem",
      "provider": "provider[\"registry.terraform.io/hashicorp/local\"]",
      "instances": [
        {
          "index_key": 0,
          "schema_version": 0,
          "attributes": {
            "content": "-----BEGIN RSA PRIVATE KEY-----\nMIIJKAIBAAKCAgEAqdE52Xrof4WOCDI7fxmSV5hMdYJgwDWepMIOd9FuENS74L7k\nxb38w7GhWM4zwB1ZqLrAu1syG608jrdP0uYfRjZv9/v5uesgX5WzWV4/zz18q/1l\n3mzPC8dtwinRHGAl7p2NbGa9lGb3efc1TKlW6N9MjQeJUFqCsM2tj1pobtVyS2ul\nNsUKJacDfHT1sWFv6PGefI6Wu8w7fuzuiqikpvMOPXxDYiQMd16KdfelfZXdUc56\nJHAC9bkjpK6fmb6jWX53JN+FBlUhK5Sp8WLKqz1x8VsKzvqUbLV0zp+2A3yB/Opk\nQzuJvh5gGWx3/5zvM04uK8v0N0K560NcbC07473XN+MXjVodBudsRZ6pe98EGO2a\nPP3R1tMk7msQyD687ZEcOBzaFw2pfRUEyQwD/VBOaWdWhyUlVRAugoI4xpOu9oNP\np7wufssbVqOs3vxdi46xyA5X2CoDfjxAbTVMyGst5FEZxfeOV7SovjG1y/JDtEKb\n0l9gQsEF9j+pwpYm5w+swGxdOPDHk6IrXAHif3BDcksihphR0bUKnPZLcNYiAMom\nVReq7uKQcdoJ4m318r36ErjtuBCNGzczT5EayiTCqybi554upNPymwvKAW3wPBen\n3RzB+YO5nIAkvi7m4k76xS7pfojDGLvhaamwvmR6ExeZd6JHpJPEnnBXjx0CAwEA\nAQKCAgAGmNw4eK/jlFqqMtlg3Kt0v7PotMHxdaPOHsPVH8u416rc1k2o6PKS36m2\n+3vDMOC0z1yBas+Nh7Ncj/6H4OzCG4dKCP3wnRPK4tPu2tx7vpXDULrOY0e/22WG\nL32yLoIKvRArb+pZg46FrHbjnYiEz3f32p0ZBAsjtznQ4eBAvgYMrAflEs6MG+rk\nwN5yn6hrUken6xor/YkqKyYxOM/8tGCPPu6XN3NMh921K4PAVzwb23ufQsK6rRCX\nazlEDcXmyiTyx8QxNMlvGf1oJUBeWqq8h57p3444kuwQwt+dTw71tl1ix0NYoXF2\nS2J2CbC5O4ZLqUa5htwWKa3DfhZfeFuqwOASWkvuxzWtB1IsBoQLXfBvRg8egeF9\n7pmoAiHUMUD19t+WH7jcTgKBp1lm0v1Y8R07uIjXFZNqmpqN5G0aySsD95G2TwzD\nyTlo/4lNdR+DeETCvikVO+cgiof1tDRNsH2rTR44EgzCCltusopork1qLdLTdoz+\nfX+Ou74RZdPYyj8jm5HsZ1YPKhKSABdEjV0pqscICNYqD2BSAeyHDaId8k02ByB2\nOtTIO54sTDzLt8IAaTKBYE8iev50JkxmqAohJKJTEnn6UQbChLa7lPWv3QbKGUrX\ndTh6UTObDS7zc6m2yHJ1/hHzNd+zRTFPCHn0bCEkXqi71GvaAQKCAQEAxDhTFrHL\nyvXO0Ehm+9DfuAZ6dZ8qRNe1b+8KWyJ6Xhg2XUrk72L8oj1wrXPxygEC3WtRs/kp\nAxY8aY2Iy5dMpUStTBc8HBoPM9+dJl2hZBQpToBeaSOd0p8tEOZHVOfBNV+vif88\n4EzMV1Cb6zFcXfu9gMpUUN1c6ANPF+so4sKWoIzbpt7HodYbFb0SMeQLp/06lvKS\nIpGlsiTNyAQ42cBAzgn0j0+9T2xAixC1Yg5Apbp/CfL2xhAPJ6+JOL34TpgHprDj\ntEtE5onLQHGIAGhVcGXw+iIAYzagZp3AtaAPceXZrP2z7NdYp5msRnqjAWCNx/fq\naLF8g0uCyWucwQKCAQEA3Y2wQcG8fqJim9H/hCiDJZNzO98zDMvSDb5BXP5UvHY6\nnOB8a3L7HhnLw5aBZxvlsjdcOq/vjTBQ6sBUNM4SELP3vi2l4q0VOGhI3+3izb+7\nS47dTLJqtrsNTLLJzqXCN2neOZgK7BFcrrTU8ObeY014zBCW3ljwkZLwGt6NTY4H\nPojOPSfIg62z8or+yfzWDbov/6Dei80paQlQVUDYcFzTRjLxSEpEpTDtNO4CLApL\nFyIFDFFpfa1A3jGljY9hv5aIglQVVSC9W7UmXgpK01zV/jTEpeCdN1esQcD0DeWq\nw/Gp4yLZEnHW84G6lwDmz28qovz2MMguHgly0C3dXQKCAQEAqSRYU07N+lVrglV3\nGIiT4MEM3MloGVHMYAGxbp/I1cWPT1oZAFXWqk/GCm7QtS2r94vkMPyNotCPIPnV\nOpJginIp5FZ/BUZdZnzSrVi2n1tVxAqZ143RJNb7dP7b7E+eV9D0s0Lmif8JghbF\nYLb7BTTUxOkkR1SaGpGHo3mdk+LjDuB9E1okwdebH2ENBx6qAZQi5i2RVOUx7N8W\n19zz2JiGBFXGj6bP7F/HP1kW0cCxb2rUyZG7sT30omQJKHVxTuZ0afc/QZJEgWm0\nYAe9kYReafYmBKg8p0lWeT5w+N9RkP/uZNWJPJbhIBAy1covKye87+xADyE30MHN\nqqztwQKCAQAoB46eAuQMuUg5wRJ6jVtMsbxzR9uQZ08XfpWOuMEUoAPtDj5Mp6Sp\nhp2jRBEzUP4KWihGzjzo9J7aG0/bjpQDApEzgknjj8QywdzQ4MlGxWqQt0pSrjXL\nuDYp8m+174sMugsVutvWVTi6tB95Oy1ZIck+jYzEtasZkkPhhu5e4dd7O/qPYB3B\ndOP7YZOxaQY/yrEbbbRn6/Scbrtd++5fNtZRa6jel9SZSCLDmnE4BdAVaOcil58I\nvwHmY2/3CL3vgMI/UfPcwqKT7EH3YcKtN6vOVzhkhBXDxwpvgu5ViHZ3GrXIPSad\nR4Y/zuOontgVCI/ajPvqSnDSqoBdDrxdAoIBAELPZHrx+h5snwgbUXxkHyoY1QtP\n+nKAJnZSHwnOiLxTFMijvSCaKGORmzNuJfN1zCpjo+5dJ8lQFRVcbO+uM0uzFojq\nxgmLINAyEgyFMyBES5DgsasUnuHJH5hEY/cLuoyLudwpX5UPeNGZvryS9qEoqn5V\n6j0gxcZ4DChqcHOuhiR0VoKJFIPqjvb7jTveWOPNmzlxXN/9dQI7iJmjlxo2RXog\nXxDZBidj7XcKcxeuqeOn3dp8lTVeE9KjJ+KGhjq5Cj0ctKHsDtlJ/pKkXbIar1SY\nLlUngRX4+hbV4vyG6S0kbnedQR/ng7leNU0xW5AXrSO1F6p8YHpfPX2iVUw=\n-----END RSA PRIVATE KEY-----\n",
            "content_base64": null,
            "content_base64sha256": "Gobgvzq/3QUkN9+Ti18er7vBBzTTg9kUixwpvp/YM8c=",
            "content_base64sha512": "5L1qlAFxB1eeiVDqKvaDzZvUiwyP+A8qo9HiisH+Y/jv2rdOICucismcNOD/oFExqkEnJJu3+vfsvmqdiBj4kw==",
            "content_md5": "653a0eedcc3f5b2ef7251c87854d1053",
            "content_sha1": "8c7e4282ff32f4528075fe530f49ba1d789bafd6",
            "content_sha256": "1a86e0bf3abfdd052437df938b5f1eafbbc10734d383d9148b1c29be9fd833c7",
            "content_sha512": "e4bd6a94017107579e8950ea2af683cd9bd48b0c8ff80f2aa3d1e28ac1fe63f8efdab74e202b9c8ac99c34e0ffa05131aa4127249bb7faf7ecbe6a9d8818f893",
            "directory_permission": "0777",
            "file_permission": "0600",
            "filename": "D:/llaves/gradflow-users.pem",
            "id": "8c7e4282ff32f4528075fe530f49ba1d789bafd6",
            "sensitive_content": null,
            "source": null
          },
          "sensitive_attributes": [
            [
              {
                "type": "get_attr",
                "value": "content"
              }
            ],
            [
              {
                "type": "get_attr",
                "value": "sensitive_content"
              }
            ]
          ],
          "identity_schema_version": 0,
          "dependencies": [
            "tls_private_key.this"
          ]
        }
      ]
    },
    {
      "mode": "managed",
      "type": "tls_private_key",
      "name": "this",
      "provider": "provider[\"registry.terraform.io/hashicorp/tls\"]",
      "instances": [
        {
          "index_key": 0,
          "schema_version": 1,
          "attributes": {
            "algorithm": "RSA",
            "ecdsa_curve": "P224",
            "id": "4c319c509716f41b252ce59c0a17d664c74e2879",
            "private_key_openssh": "-----BEGIN OPENSSH PRIVATE KEY-----\nb3BlbnNzaC1rZXktdjEAAAAABG5vbmUAAAAEbm9uZQAAAAAAAAABAAACFwAAAAdz\nc2gtcnNhAAAAAwEAAQAAAgEAqdE52Xrof4WOCDI7fxmSV5hMdYJgwDWepMIOd9Fu\nENS74L7kxb38w7GhWM4zwB1ZqLrAu1syG608jrdP0uYfRjZv9/v5uesgX5WzWV4/\nzz18q/1l3mzPC8dtwinRHGAl7p2NbGa9lGb3efc1TKlW6N9MjQeJUFqCsM2tj1po\nbtVyS2ulNsUKJacDfHT1sWFv6PGefI6Wu8w7fuzuiqikpvMOPXxDYiQMd16Kdfel\nfZXdUc56JHAC9bkjpK6fmb6jWX53JN+FBlUhK5Sp8WLKqz1x8VsKzvqUbLV0zp+2\nA3yB/OpkQzuJvh5gGWx3/5zvM04uK8v0N0K560NcbC07473XN+MXjVodBudsRZ6p\ne98EGO2aPP3R1tMk7msQyD687ZEcOBzaFw2pfRUEyQwD/VBOaWdWhyUlVRAugoI4\nxpOu9oNPp7wufssbVqOs3vxdi46xyA5X2CoDfjxAbTVMyGst5FEZxfeOV7SovjG1\ny/JDtEKb0l9gQsEF9j+pwpYm5w+swGxdOPDHk6IrXAHif3BDcksihphR0bUKnPZL\ncNYiAMomVReq7uKQcdoJ4m318r36ErjtuBCNGzczT5EayiTCqybi554upNPymwvK\nAW3wPBen3RzB+YO5nIAkvi7m4k76xS7pfojDGLvhaamwvmR6ExeZd6JHpJPEnnBX\njx0AAAc4cia+bHImvmwAAAAHc3NoLXJzYQAAAgEAqdE52Xrof4WOCDI7fxmSV5hM\ndYJgwDWepMIOd9FuENS74L7kxb38w7GhWM4zwB1ZqLrAu1syG608jrdP0uYfRjZv\n9/v5uesgX5WzWV4/zz18q/1l3mzPC8dtwinRHGAl7p2NbGa9lGb3efc1TKlW6N9M\njQeJUFqCsM2tj1pobtVyS2ulNsUKJacDfHT1sWFv6PGefI6Wu8w7fuzuiqikpvMO\nPXxDYiQMd16KdfelfZXdUc56JHAC9bkjpK6fmb6jWX53JN+FBlUhK5Sp8WLKqz1x\n8VsKzvqUbLV0zp+2A3yB/OpkQzuJvh5gGWx3/5zvM04uK8v0N0K560NcbC07473X\nN+MXjVodBudsRZ6pe98EGO2aPP3R1tMk7msQyD687ZEcOBzaFw2pfRUEyQwD/VBO\naWdWhyUlVRAugoI4xpOu9oNPp7wufssbVqOs3vxdi46xyA5X2CoDfjxAbTVMyGst\n5FEZxfeOV7SovjG1y/JDtEKb0l9gQsEF9j+pwpYm5w+swGxdOPDHk6IrXAHif3BD\ncksihphR0bUKnPZLcNYiAMomVReq7uKQcdoJ4m318r36ErjtuBCNGzczT5EayiTC\nqybi554upNPymwvKAW3wPBen3RzB+YO5nIAkvi7m4k76xS7pfojDGLvhaamwvmR6\nExeZd6JHpJPEnnBXjx0AAAADAQABAAACAAaY3Dh4r+OUWqoy2WDcq3S/s+i0wfF1\no84ew9Ufy7jXqtzWTajo8pLfqbb7e8Mw4LTPXIFqz42Hs1yP/ofg7MIbh0oI/fCd\nE8ri0+7a3Hu+lcNQus5jR7/bZYYvfbIuggq9ECtv6lmDjoWsduOdiITPd/fanRkE\nCyO3OdDh4EC+BgysB+USzowb6uTA3nKfqGtSR6frGiv9iSorJjE4z/y0YI8+7pc3\nc0yH3bUrg8BXPBvbe59CwrqtEJdrOUQNxebKJPLHxDE0yW8Z/WglQF5aqryHnunf\njjiS7BDC351PDvW2XWLHQ1ihcXZLYnYJsLk7hkupRrmG3BYprcN+Fl94W6rA4BJa\nS+7HNa0HUiwGhAtd8G9GDx6B4X3umagCIdQxQPX235YfuNxOAoGnWWbS/VjxHTu4\niNcVk2qamo3kbRrJKwP3kbZPDMPJOWj/iU11H4N4RMK+KRU75yCKh/W0NE2wfatN\nHjgSDMIKW26yimiuTWot0tN2jP59f467vhFl09jKPyObkexnVg8qEpIAF0SNXSmq\nxwgI1ioPYFIB7IcNoh3yTTYHIHY61Mg7nixMPMu3wgBpMoFgTyJ6/nQmTGaoCiEk\nolMSefpRBsKEtruU9a/dBsoZStd1OHpRM5sNLvNzqbbIcnX+EfM137NFMU8IefRs\nISReqLvUa9oBAAABAELPZHrx+h5snwgbUXxkHyoY1QtP+nKAJnZSHwnOiLxTFMij\nvSCaKGORmzNuJfN1zCpjo+5dJ8lQFRVcbO+uM0uzFojqxgmLINAyEgyFMyBES5Dg\nsasUnuHJH5hEY/cLuoyLudwpX5UPeNGZvryS9qEoqn5V6j0gxcZ4DChqcHOuhiR0\nVoKJFIPqjvb7jTveWOPNmzlxXN/9dQI7iJmjlxo2RXogXxDZBidj7XcKcxeuqeOn\n3dp8lTVeE9KjJ+KGhjq5Cj0ctKHsDtlJ/pKkXbIar1SYLlUngRX4+hbV4vyG6S0k\nbnedQR/ng7leNU0xW5AXrSO1F6p8YHpfPX2iVUwAAAEBAMQ4Uxaxy8r1ztBIZvvQ\n37gGenWfKkTXtW/vClsiel4YNl1K5O9i/KI9cK1z8coBAt1rUbP5KQMWPGmNiMuX\nTKVErUwXPBwaDzPfnSZdoWQUKU6AXmkjndKfLRDmR1TnwTVfr4n/POBMzFdQm+sx\nXF37vYDKVFDdXOgDTxfrKOLClqCM26bex6HWGxW9EjHkC6f9OpbykiKRpbIkzcgE\nONnAQM4J9I9PvU9sQIsQtWIOQKW6fwny9sYQDyeviTi9+E6YB6aw47RLROaJy0Bx\niABoVXBl8PoiAGM2oGadwLWgD3Hl2az9s+zXWKeZrEZ6owFgjcf36mixfINLgslr\nnMEAAAEBAN2NsEHBvH6iYpvR/4QogyWTczvfMwzL0g2+QVz+VLx2OpzgfGty+x4Z\ny8OWgWcb5bI3XDqv740wUOrAVDTOEhCz974tpeKtFThoSN/t4s2/u0uO3Uyyara7\nDUyyyc6lwjdp3jmYCuwRXK601PDm3mNNeMwQlt5Y8JGS8BrejU2OBz6Izj0nyIOt\ns/KK/sn81g26L/+g3ovNKWkJUFVA2HBc00Yy8UhKRKUw7TTuAiwKSxciBQxRaX2t\nQN4xpY2PYb+WiIJUFVUgvVu1Jl4KStNc1f40xKXgnTdXrEHA9A3lqsPxqeMi2RJx\n1vOBupcA5s9vKqL89jDILh4JctAt3V0AAAAAAQID\n-----END OPENSSH PRIVATE KEY-----\n",
            "private_key_pem": "-----BEGIN RSA PRIVATE KEY-----\nMIIJKAIBAAKCAgEAqdE52Xrof4WOCDI7fxmSV5hMdYJgwDWepMIOd9FuENS74L7k\nxb38w7GhWM4zwB1ZqLrAu1syG608jrdP0uYfRjZv9/v5uesgX5WzWV4/zz18q/1l\n3mzPC8dtwinRHGAl7p2NbGa9lGb3efc1TKlW6N9MjQeJUFqCsM2tj1pobtVyS2ul\nNsUKJacDfHT1sWFv6PGefI6Wu8w7fuzuiqikpvMOPXxDYiQMd16KdfelfZXdUc56\nJHAC9bkjpK6fmb6jWX53JN+FBlUhK5Sp8WLKqz1x8VsKzvqUbLV0zp+2A3yB/Opk\nQzuJvh5gGWx3/5zvM04uK8v0N0K560NcbC07473XN+MXjVodBudsRZ6pe98EGO2a\nPP3R1tMk7msQyD687ZEcOBzaFw2pfRUEyQwD/VBOaWdWhyUlVRAugoI4xpOu9oNP\np7wufssbVqOs3vxdi46xyA5X2CoDfjxAbTVMyGst5FEZxfeOV7SovjG1y/JDtEKb\n0l9gQsEF9j+pwpYm5w+swGxdOPDHk6IrXAHif3BDcksihphR0bUKnPZLcNYiAMom\nVReq7uKQcdoJ4m318r36ErjtuBCNGzczT5EayiTCqybi554upNPymwvKAW3wPBen\n3RzB+YO5nIAkvi7m4k76xS7pfojDGLvhaamwvmR6ExeZd6JHpJPEnnBXjx0CAwEA\nAQKCAgAGmNw4eK/jlFqqMtlg3Kt0v7PotMHxdaPOHsPVH8u416rc1k2o6PKS36m2\n+3vDMOC0z1yBas+Nh7Ncj/6H4OzCG4dKCP3wnRPK4tPu2tx7vpXDULrOY0e/22WG\nL32yLoIKvRArb+pZg46FrHbjnYiEz3f32p0ZBAsjtznQ4eBAvgYMrAflEs6MG+rk\nwN5yn6hrUken6xor/YkqKyYxOM/8tGCPPu6XN3NMh921K4PAVzwb23ufQsK6rRCX\nazlEDcXmyiTyx8QxNMlvGf1oJUBeWqq8h57p3444kuwQwt+dTw71tl1ix0NYoXF2\nS2J2CbC5O4ZLqUa5htwWKa3DfhZfeFuqwOASWkvuxzWtB1IsBoQLXfBvRg8egeF9\n7pmoAiHUMUD19t+WH7jcTgKBp1lm0v1Y8R07uIjXFZNqmpqN5G0aySsD95G2TwzD\nyTlo/4lNdR+DeETCvikVO+cgiof1tDRNsH2rTR44EgzCCltusopork1qLdLTdoz+\nfX+Ou74RZdPYyj8jm5HsZ1YPKhKSABdEjV0pqscICNYqD2BSAeyHDaId8k02ByB2\nOtTIO54sTDzLt8IAaTKBYE8iev50JkxmqAohJKJTEnn6UQbChLa7lPWv3QbKGUrX\ndTh6UTObDS7zc6m2yHJ1/hHzNd+zRTFPCHn0bCEkXqi71GvaAQKCAQEAxDhTFrHL\nyvXO0Ehm+9DfuAZ6dZ8qRNe1b+8KWyJ6Xhg2XUrk72L8oj1wrXPxygEC3WtRs/kp\nAxY8aY2Iy5dMpUStTBc8HBoPM9+dJl2hZBQpToBeaSOd0p8tEOZHVOfBNV+vif88\n4EzMV1Cb6zFcXfu9gMpUUN1c6ANPF+so4sKWoIzbpt7HodYbFb0SMeQLp/06lvKS\nIpGlsiTNyAQ42cBAzgn0j0+9T2xAixC1Yg5Apbp/CfL2xhAPJ6+JOL34TpgHprDj\ntEtE5onLQHGIAGhVcGXw+iIAYzagZp3AtaAPceXZrP2z7NdYp5msRnqjAWCNx/fq\naLF8g0uCyWucwQKCAQEA3Y2wQcG8fqJim9H/hCiDJZNzO98zDMvSDb5BXP5UvHY6\nnOB8a3L7HhnLw5aBZxvlsjdcOq/vjTBQ6sBUNM4SELP3vi2l4q0VOGhI3+3izb+7\nS47dTLJqtrsNTLLJzqXCN2neOZgK7BFcrrTU8ObeY014zBCW3ljwkZLwGt6NTY4H\nPojOPSfIg62z8or+yfzWDbov/6Dei80paQlQVUDYcFzTRjLxSEpEpTDtNO4CLApL\nFyIFDFFpfa1A3jGljY9hv5aIglQVVSC9W7UmXgpK01zV/jTEpeCdN1esQcD0DeWq\nw/Gp4yLZEnHW84G6lwDmz28qovz2MMguHgly0C3dXQKCAQEAqSRYU07N+lVrglV3\nGIiT4MEM3MloGVHMYAGxbp/I1cWPT1oZAFXWqk/GCm7QtS2r94vkMPyNotCPIPnV\nOpJginIp5FZ/BUZdZnzSrVi2n1tVxAqZ143RJNb7dP7b7E+eV9D0s0Lmif8JghbF\nYLb7BTTUxOkkR1SaGpGHo3mdk+LjDuB9E1okwdebH2ENBx6qAZQi5i2RVOUx7N8W\n19zz2JiGBFXGj6bP7F/HP1kW0cCxb2rUyZG7sT30omQJKHVxTuZ0afc/QZJEgWm0\nYAe9kYReafYmBKg8p0lWeT5w+N9RkP/uZNWJPJbhIBAy1covKye87+xADyE30MHN\nqqztwQKCAQAoB46eAuQMuUg5wRJ6jVtMsbxzR9uQZ08XfpWOuMEUoAPtDj5Mp6Sp\nhp2jRBEzUP4KWihGzjzo9J7aG0/bjpQDApEzgknjj8QywdzQ4MlGxWqQt0pSrjXL\nuDYp8m+174sMugsVutvWVTi6tB95Oy1ZIck+jYzEtasZkkPhhu5e4dd7O/qPYB3B\ndOP7YZOxaQY/yrEbbbRn6/Scbrtd++5fNtZRa6jel9SZSCLDmnE4BdAVaOcil58I\nvwHmY2/3CL3vgMI/UfPcwqKT7EH3YcKtN6vOVzhkhBXDxwpvgu5ViHZ3GrXIPSad\nR4Y/zuOontgVCI/ajPvqSnDSqoBdDrxdAoIBAELPZHrx+h5snwgbUXxkHyoY1QtP\n+nKAJnZSHwnOiLxTFMijvSCaKGORmzNuJfN1zCpjo+5dJ8lQFRVcbO+uM0uzFojq\nxgmLINAyEgyFMyBES5DgsasUnuHJH5hEY/cLuoyLudwpX5UPeNGZvryS9qEoqn5V\n6j0gxcZ4DChqcHOuhiR0VoKJFIPqjvb7jTveWOPNmzlxXN/9dQI7iJmjlxo2RXog\nXxDZBidj7XcKcxeuqeOn3dp8lTVeE9KjJ+KGhjq5Cj0ctKHsDtlJ/pKkXbIar1SY\nLlUngRX4+hbV4vyG6S0kbnedQR/ng7leNU0xW5AXrSO1F6p8YHpfPX2iVUw=\n-----END RSA PRIVATE KEY-----\n",
            "private_key_pem_pkcs8": "-----BEGIN PRIVATE KEY-----\nMIIJQgIBADANBgkqhkiG9w0BAQEFAASCCSwwggkoAgEAAoICAQCp0TnZeuh/hY4I\nMjt/GZJXmEx1gmDANZ6kwg530W4Q1LvgvuTFvfzDsaFYzjPAHVmousC7WzIbrTyO\nt0/S5h9GNm/3+/m56yBflbNZXj/PPXyr/WXebM8Lx23CKdEcYCXunY1sZr2UZvd5\n9zVMqVbo30yNB4lQWoKwza2PWmhu1XJLa6U2xQolpwN8dPWxYW/o8Z58jpa7zDt+\n7O6KqKSm8w49fENiJAx3Xop196V9ld1RznokcAL1uSOkrp+ZvqNZfnck34UGVSEr\nlKnxYsqrPXHxWwrO+pRstXTOn7YDfIH86mRDO4m+HmAZbHf/nO8zTi4ry/Q3Qrnr\nQ1xsLTvjvdc34xeNWh0G52xFnql73wQY7Zo8/dHW0yTuaxDIPrztkRw4HNoXDal9\nFQTJDAP9UE5pZ1aHJSVVEC6CgjjGk672g0+nvC5+yxtWo6ze/F2LjrHIDlfYKgN+\nPEBtNUzIay3kURnF945XtKi+MbXL8kO0QpvSX2BCwQX2P6nClibnD6zAbF048MeT\noitcAeJ/cENySyKGmFHRtQqc9ktw1iIAyiZVF6ru4pBx2gnibfXyvfoSuO24EI0b\nNzNPkRrKJMKrJuLnni6k0/KbC8oBbfA8F6fdHMH5g7mcgCS+LubiTvrFLul+iMMY\nu+FpqbC+ZHoTF5l3okekk8SecFePHQIDAQABAoICAAaY3Dh4r+OUWqoy2WDcq3S/\ns+i0wfF1o84ew9Ufy7jXqtzWTajo8pLfqbb7e8Mw4LTPXIFqz42Hs1yP/ofg7MIb\nh0oI/fCdE8ri0+7a3Hu+lcNQus5jR7/bZYYvfbIuggq9ECtv6lmDjoWsduOdiITP\nd/fanRkECyO3OdDh4EC+BgysB+USzowb6uTA3nKfqGtSR6frGiv9iSorJjE4z/y0\nYI8+7pc3c0yH3bUrg8BXPBvbe59CwrqtEJdrOUQNxebKJPLHxDE0yW8Z/WglQF5a\nqryHnunfjjiS7BDC351PDvW2XWLHQ1ihcXZLYnYJsLk7hkupRrmG3BYprcN+Fl94\nW6rA4BJaS+7HNa0HUiwGhAtd8G9GDx6B4X3umagCIdQxQPX235YfuNxOAoGnWWbS\n/VjxHTu4iNcVk2qamo3kbRrJKwP3kbZPDMPJOWj/iU11H4N4RMK+KRU75yCKh/W0\nNE2wfatNHjgSDMIKW26yimiuTWot0tN2jP59f467vhFl09jKPyObkexnVg8qEpIA\nF0SNXSmqxwgI1ioPYFIB7IcNoh3yTTYHIHY61Mg7nixMPMu3wgBpMoFgTyJ6/nQm\nTGaoCiEkolMSefpRBsKEtruU9a/dBsoZStd1OHpRM5sNLvNzqbbIcnX+EfM137NF\nMU8IefRsISReqLvUa9oBAoIBAQDEOFMWscvK9c7QSGb70N+4Bnp1nypE17Vv7wpb\nInpeGDZdSuTvYvyiPXCtc/HKAQLda1Gz+SkDFjxpjYjLl0ylRK1MFzwcGg8z350m\nXaFkFClOgF5pI53Sny0Q5kdU58E1X6+J/zzgTMxXUJvrMVxd+72AylRQ3VzoA08X\n6yjiwpagjNum3seh1hsVvRIx5Aun/TqW8pIikaWyJM3IBDjZwEDOCfSPT71PbECL\nELViDkClun8J8vbGEA8nr4k4vfhOmAemsOO0S0TmictAcYgAaFVwZfD6IgBjNqBm\nncC1oA9x5dms/bPs11inmaxGeqMBYI3H9+posXyDS4LJa5zBAoIBAQDdjbBBwbx+\nomKb0f+EKIMlk3M73zMMy9INvkFc/lS8djqc4HxrcvseGcvDloFnG+WyN1w6r++N\nMFDqwFQ0zhIQs/e+LaXirRU4aEjf7eLNv7tLjt1Msmq2uw1MssnOpcI3ad45mArs\nEVyutNTw5t5jTXjMEJbeWPCRkvAa3o1Njgc+iM49J8iDrbPyiv7J/NYNui//oN6L\nzSlpCVBVQNhwXNNGMvFISkSlMO007gIsCksXIgUMUWl9rUDeMaWNj2G/loiCVBVV\nIL1btSZeCkrTXNX+NMSl4J03V6xBwPQN5arD8anjItkScdbzgbqXAObPbyqi/PYw\nyC4eCXLQLd1dAoIBAQCpJFhTTs36VWuCVXcYiJPgwQzcyWgZUcxgAbFun8jVxY9P\nWhkAVdaqT8YKbtC1Lav3i+Qw/I2i0I8g+dU6kmCKcinkVn8FRl1mfNKtWLafW1XE\nCpnXjdEk1vt0/tvsT55X0PSzQuaJ/wmCFsVgtvsFNNTE6SRHVJoakYejeZ2T4uMO\n4H0TWiTB15sfYQ0HHqoBlCLmLZFU5THs3xbX3PPYmIYEVcaPps/sX8c/WRbRwLFv\natTJkbuxPfSiZAkodXFO5nRp9z9BkkSBabRgB72RhF5p9iYEqDynSVZ5PnD431GQ\n/+5k1Yk8luEgEDLVyi8rJ7zv7EAPITfQwc2qrO3BAoIBACgHjp4C5Ay5SDnBEnqN\nW0yxvHNH25BnTxd+lY64wRSgA+0OPkynpKmGnaNEETNQ/gpaKEbOPOj0ntobT9uO\nlAMCkTOCSeOPxDLB3NDgyUbFapC3SlKuNcu4Ninyb7Xviwy6CxW629ZVOLq0H3k7\nLVkhyT6NjMS1qxmSQ+GG7l7h13s7+o9gHcF04/thk7FpBj/KsRtttGfr9Jxuu137\n7l821lFrqN6X1JlIIsOacTgF0BVo5yKXnwi/AeZjb/cIve+Awj9R89zCopPsQfdh\nwq03q85XOGSEFcPHCm+C7lWIdncatcg9Jp1Hhj/O46ie2BUIj9qM++pKcNKqgF0O\nvF0CggEAQs9kevH6HmyfCBtRfGQfKhjVC0/6coAmdlIfCc6IvFMUyKO9IJooY5Gb\nM24l83XMKmOj7l0nyVAVFVxs764zS7MWiOrGCYsg0DISDIUzIERLkOCxqxSe4ckf\nmERj9wu6jIu53ClflQ940Zm+vJL2oSiqflXqPSDFxngMKGpwc66GJHRWgokUg+qO\n9vuNO95Y482bOXFc3/11AjuImaOXGjZFeiBfENkGJ2PtdwpzF66p46fd2nyVNV4T\n0qMn4oaGOrkKPRy0oewO2Un+kqRdshqvVJguVSeBFfj6FtXi/IbpLSRud51BH+eD\nuV41TTFbkBetI7UXqnxgel89faJVTA==\n-----END PRIVATE KEY-----\n",
            "public_key_fingerprint_md5": "ed:c4:e1:4e:22:0b:00:e1:ce:fa:06:e0:0d:a3:64:8e",
            "public_key_fingerprint_sha256": "SHA256:Q0cZDUl/q5+gi82iby2LJwNKZWmEDTSjFoSzNjIXbvo",
            "public_key_openssh": "ssh-rsa AAAAB3NzaC1yc2EAAAADAQABAAACAQCp0TnZeuh/hY4IMjt/GZJXmEx1gmDANZ6kwg530W4Q1LvgvuTFvfzDsaFYzjPAHVmousC7WzIbrTyOt0/S5h9GNm/3+/m56yBflbNZXj/PPXyr/WXebM8Lx23CKdEcYCXunY1sZr2UZvd59zVMqVbo30yNB4lQWoKwza2PWmhu1XJLa6U2xQolpwN8dPWxYW/o8Z58jpa7zDt+7O6KqKSm8w49fENiJAx3Xop196V9ld1RznokcAL1uSOkrp+ZvqNZfnck34UGVSErlKnxYsqrPXHxWwrO+pRstXTOn7YDfIH86mRDO4m+HmAZbHf/nO8zTi4ry/Q3QrnrQ1xsLTvjvdc34xeNWh0G52xFnql73wQY7Zo8/dHW0yTuaxDIPrztkRw4HNoXDal9FQTJDAP9UE5pZ1aHJSVVEC6CgjjGk672g0+nvC5+yxtWo6ze/F2LjrHIDlfYKgN+PEBtNUzIay3kURnF945XtKi+MbXL8kO0QpvSX2BCwQX2P6nClibnD6zAbF048MeToitcAeJ/cENySyKGmFHRtQqc9ktw1iIAyiZVF6ru4pBx2gnibfXyvfoSuO24EI0bNzNPkRrKJMKrJuLnni6k0/KbC8oBbfA8F6fdHMH5g7mcgCS+LubiTvrFLul+iMMYu+FpqbC+ZHoTF5l3okekk8SecFePHQ==\n",
            "public_key_pem": "-----BEGIN PUBLIC KEY-----\nMIICIjANBgkqhkiG9w0BAQEFAAOCAg8AMIICCgKCAgEAqdE52Xrof4WOCDI7fxmS\nV5hMdYJgwDWepMIOd9FuENS74L7kxb38w7GhWM4zwB1ZqLrAu1syG608jrdP0uYf\nRjZv9/v5uesgX5WzWV4/zz18q/1l3mzPC8dtwinRHGAl7p2NbGa9lGb3efc1TKlW\n6N9MjQeJUFqCsM2tj1pobtVyS2ulNsUKJacDfHT1sWFv6PGefI6Wu8w7fuzuiqik\npvMOPXxDYiQMd16KdfelfZXdUc56JHAC9bkjpK6fmb6jWX53JN+FBlUhK5Sp8WLK\nqz1x8VsKzvqUbLV0zp+2A3yB/OpkQzuJvh5gGWx3/5zvM04uK8v0N0K560NcbC07\n473XN+MXjVodBudsRZ6pe98EGO2aPP3R1tMk7msQyD687ZEcOBzaFw2pfRUEyQwD\n/VBOaWdWhyUlVRAugoI4xpOu9oNPp7wufssbVqOs3vxdi46xyA5X2CoDfjxAbTVM\nyGst5FEZxfeOV7SovjG1y/JDtEKb0l9gQsEF9j+pwpYm5w+swGxdOPDHk6IrXAHi\nf3BDcksihphR0bUKnPZLcNYiAMomVReq7uKQcdoJ4m318r36ErjtuBCNGzczT5Ea\nyiTCqybi554upNPymwvKAW3wPBen3RzB+YO5nIAkvi7m4k76xS7pfojDGLvhaamw\nvmR6ExeZd6JHpJPEnnBXjx0CAwEAAQ==\n-----END PUBLIC KEY-----\n",
            "rsa_bits": 4096
          },
          "sensitive_attributes": [
            [
              {
                "type": "get_attr",
                "value": "private_key_openssh"
              }
            ],
            [
              {
                "type": "get_attr",
                "value": "private_key_pem"
              }
            ],
            [
              {
                "type": "get_attr",
                "value": "private_key_pem_pkcs8"
              }
            ]
          ],
          "identity_schema_version": 0
        }
      ]
    }
  ],
  "check_results": [
    {
      "object_kind": "var",
      "config_addr": "var.max_capacity",
      "status": "pass",
      "objects": [
        {
          "object_addr": "var.max_capacity",
          "status": "pass"
        }
      ]
    }
  ]
}
