{
  "version": 4,
  "terraform_version": "1.14.1",
  "serial": 851,
  "lineage": "5de68eff-eb21-9e50-18a6-c48e1db7a8e4",
  "outputs": {
    "asg_arn": {
      "value": "arn:aws:autoscaling:us-east-1:697755754723:autoScalingGroup:d3f48a99-6299-496f-aeeb-a3d1e018faf5:autoScalingGroupName/users-asg",
      "type": "string"
    },
    "asg_name": {
      "value": "users-asg",
      "type": "string"
    },
    "key_pair_name": {
      "value": "gradflow-users",
      "type": "string"
    },
    "loadbalancer_arn": {
      "value": "arn:aws:elasticloadbalancing:us-east-1:697755754723:loadbalancer/app/users-lb/eb4844605e9c6be4",
      "type": "string"
    },
    "loadbalancer_dns": {
      "value": "users-lb-2050019208.us-east-1.elb.amazonaws.com",
      "type": "string"
    },
    "public_subnets": {
      "value": [
        "subnet-07734c7710bc64478",
        "subnet-0307857d0ca03c7de"
      ],
      "type": [
        "tuple",
        [
          "string",
          "string"
        ]
      ]
    },
    "ssh_command_hint": {
      "value": "ssh -i \u003cruta-a-tu-pem\u003e ubuntu@\u003cip_publica-o-elastica\u003e",
      "type": "string"
    },
    "target_group_arn": {
      "value": "arn:aws:elasticloadbalancing:us-east-1:697755754723:targetgroup/users-tg/52085238e4a4bdb8",
      "type": "string"
    },
    "target_group_name": {
      "value": "users-tg",
      "type": "string"
    },
    "vpc_id": {
      "value": "vpc-0889f52df724d6415",
      "type": "string"
    }
  },
  "resources": [
    {
      "mode": "data",
      "type": "aws_availability_zones",
      "name": "available",
      "provider": "provider[\"registry.terraform.io/hashicorp/aws\"]",
      "instances": [
        {
          "schema_version": 0,
          "attributes": {
            "all_availability_zones": null,
            "exclude_names": null,
            "exclude_zone_ids": null,
            "filter": null,
            "group_names": [
              "us-east-1-zg-1"
            ],
            "id": "us-east-1",
            "names": [
              "us-east-1a",
              "us-east-1b",
              "us-east-1c",
              "us-east-1d",
              "us-east-1e",
              "us-east-1f"
            ],
            "region": "us-east-1",
            "state": null,
            "timeouts": null,
            "zone_ids": [
              "use1-az6",
              "use1-az1",
              "use1-az2",
              "use1-az4",
              "use1-az3",
              "use1-az5"
            ]
          },
          "sensitive_attributes": [],
          "identity_schema_version": 0
        }
      ]
    },
    {
      "mode": "managed",
      "type": "aws_autoscaling_group",
      "name": "app",
      "provider": "provider[\"registry.terraform.io/hashicorp/aws\"]",
      "instances": [
        {
          "schema_version": 1,
          "attributes": {
            "arn": "arn:aws:autoscaling:us-east-1:697755754723:autoScalingGroup:d3f48a99-6299-496f-aeeb-a3d1e018faf5:autoScalingGroupName/users-asg",
            "availability_zone_distribution": [
              {
                "capacity_distribution_strategy": "balanced-best-effort"
              }
            ],
            "availability_zones": [
              "us-east-1a",
              "us-east-1b"
            ],
            "capacity_rebalance": false,
            "capacity_reservation_specification": [
              {
                "capacity_reservation_preference": "default",
                "capacity_reservation_target": []
              }
            ],
            "context": "",
            "default_cooldown": 300,
            "default_instance_warmup": 0,
            "desired_capacity": 2,
            "desired_capacity_type": "",
            "enabled_metrics": null,
            "force_delete": false,
            "force_delete_warm_pool": false,
            "health_check_grace_period": 300,
            "health_check_type": "EC2",
            "id": "users-asg",
            "ignore_failed_scaling_activities": false,
            "initial_lifecycle_hook": [],
            "instance_maintenance_policy": [],
            "instance_refresh": [
              {
                "preferences": [
                  {
                    "alarm_specification": [],
                    "auto_rollback": false,
                    "checkpoint_delay": "",
                    "checkpoint_percentages": null,
                    "instance_warmup": "180",
                    "max_healthy_percentage": 100,
                    "min_healthy_percentage": 50,
                    "scale_in_protected_instances": "Ignore",
                    "skip_matching": false,
                    "standby_instances": "Ignore"
                  }
                ],
                "strategy": "Rolling",
                "triggers": [
                  "tag"
                ]
              }
            ],
            "launch_configuration": "",
            "launch_template": [
              {
                "id": "lt-051aa9ed1100e88d4",
                "name": "users-app-20260123013526501700000002",
                "version": "$Latest"
              }
            ],
            "load_balancers": [],
            "max_instance_lifetime": 0,
            "max_size": 5,
            "metrics_granularity": "1Minute",
            "min_elb_capacity": null,
            "min_size": 2,
            "mixed_instances_policy": [],
            "name": "users-asg",
            "name_prefix": "",
            "placement_group": "",
            "predicted_capacity": 0,
            "protect_from_scale_in": false,
            "region": "us-east-1",
            "service_linked_role_arn": "arn:aws:iam::697755754723:role/aws-service-role/autoscaling.amazonaws.com/AWSServiceRoleForAutoScaling",
            "suspended_processes": null,
            "tag": [
              {
                "key": "ManagedBy",
                "propagate_at_launch": true,
                "value": "Terraform"
              },
              {
                "key": "Name",
                "propagate_at_launch": true,
                "value": "users-instance"
              }
            ],
            "target_group_arns": [
              "arn:aws:elasticloadbalancing:us-east-1:697755754723:targetgroup/users-tg/52085238e4a4bdb8"
            ],
            "termination_policies": [
              "Default"
            ],
            "timeouts": null,
            "traffic_source": [
              {
                "identifier": "arn:aws:elasticloadbalancing:us-east-1:697755754723:targetgroup/users-tg/52085238e4a4bdb8",
                "type": "elbv2"
              }
            ],
            "vpc_zone_identifier": [
              "subnet-0307857d0ca03c7de",
              "subnet-07734c7710bc64478"
            ],
            "wait_for_capacity_timeout": "10m",
            "wait_for_elb_capacity": null,
            "warm_pool": [],
            "warm_pool_size": 0
          },
          "sensitive_attributes": [],
          "identity_schema_version": 0,
          "private": "eyJlMmJmYjczMC1lY2FhLTExZTYtOGY4OC0zNDM2M2JjN2M0YzAiOnsiZGVsZXRlIjo2MDAwMDAwMDAwMDAsInVwZGF0ZSI6NjAwMDAwMDAwMDAwfSwic2NoZW1hX3ZlcnNpb24iOiIxIn0=",
          "dependencies": [
            "aws_key_pair.this",
            "aws_launch_template.app",
            "aws_lb.app",
            "aws_lb_target_group.app",
            "aws_security_group.lb",
            "aws_security_group.web",
            "aws_subnet.public",
            "aws_vpc.main",
            "data.aws_availability_zones.available",
            "tls_private_key.this"
          ]
        }
      ]
    },
    {
      "mode": "managed",
      "type": "aws_autoscaling_policy",
      "name": "cpu_scale_up",
      "provider": "provider[\"registry.terraform.io/hashicorp/aws\"]",
      "instances": [
        {
          "schema_version": 0,
          "attributes": {
            "adjustment_type": "",
            "arn": "arn:aws:autoscaling:us-east-1:697755754723:scalingPolicy:95197af2-2dc4-4888-85f9-fb6bf4f1aae1:autoScalingGroupName/users-asg:policyName/scale-up-on-high-cpu",
            "autoscaling_group_name": "users-asg",
            "cooldown": 0,
            "enabled": true,
            "estimated_instance_warmup": 300,
            "id": "scale-up-on-high-cpu",
            "metric_aggregation_type": "",
            "min_adjustment_magnitude": 0,
            "name": "scale-up-on-high-cpu",
            "policy_type": "TargetTrackingScaling",
            "predictive_scaling_configuration": [],
            "region": "us-east-1",
            "scaling_adjustment": 0,
            "step_adjustment": [],
            "target_tracking_configuration": [
              {
                "customized_metric_specification": [],
                "disable_scale_in": false,
                "predefined_metric_specification": [
                  {
                    "predefined_metric_type": "ASGAverageCPUUtilization",
                    "resource_label": ""
                  }
                ],
                "target_value": 80
              }
            ]
          },
          "sensitive_attributes": [],
          "identity_schema_version": 0,
          "private": "bnVsbA==",
          "dependencies": [
            "aws_autoscaling_group.app",
            "aws_key_pair.this",
            "aws_launch_template.app",
            "aws_lb.app",
            "aws_lb_target_group.app",
            "aws_security_group.lb",
            "aws_security_group.web",
            "aws_subnet.public",
            "aws_vpc.main",
            "data.aws_availability_zones.available",
            "tls_private_key.this"
          ]
        }
      ]
    },
    {
      "mode": "managed",
      "type": "aws_autoscaling_policy",
      "name": "scale_in",
      "provider": "provider[\"registry.terraform.io/hashicorp/aws\"]",
      "instances": [
        {
          "schema_version": 0,
          "attributes": {
            "adjustment_type": "ChangeInCapacity",
            "arn": "arn:aws:autoscaling:us-east-1:697755754723:scalingPolicy:2dc5dad0-e1e4-4613-985b-02019d7778cb:autoScalingGroupName/users-asg:policyName/scale-in-policy",
            "autoscaling_group_name": "users-asg",
            "cooldown": 600,
            "enabled": true,
            "estimated_instance_warmup": 0,
            "id": "scale-in-policy",
            "metric_aggregation_type": "",
            "min_adjustment_magnitude": 0,
            "name": "scale-in-policy",
            "policy_type": "SimpleScaling",
            "predictive_scaling_configuration": [],
            "region": "us-east-1",
            "scaling_adjustment": -1,
            "step_adjustment": [],
            "target_tracking_configuration": []
          },
          "sensitive_attributes": [],
          "identity_schema_version": 0,
          "private": "bnVsbA==",
          "dependencies": [
            "aws_autoscaling_group.app",
            "aws_key_pair.this",
            "aws_launch_template.app",
            "aws_lb.app",
            "aws_lb_target_group.app",
            "aws_security_group.lb",
            "aws_security_group.web",
            "aws_subnet.public",
            "aws_vpc.main",
            "data.aws_availability_zones.available",
            "tls_private_key.this"
          ]
        }
      ]
    },
    {
      "mode": "managed",
      "type": "aws_autoscaling_policy",
      "name": "scale_out",
      "provider": "provider[\"registry.terraform.io/hashicorp/aws\"]",
      "instances": [
        {
          "schema_version": 0,
          "attributes": {
            "adjustment_type": "ChangeInCapacity",
            "arn": "arn:aws:autoscaling:us-east-1:697755754723:scalingPolicy:eddcb5a5-059d-4980-811b-c1d82a59bf44:autoScalingGroupName/users-asg:policyName/scale-out-policy",
            "autoscaling_group_name": "users-asg",
            "cooldown": 300,
            "enabled": true,
            "estimated_instance_warmup": 0,
            "id": "scale-out-policy",
            "metric_aggregation_type": "",
            "min_adjustment_magnitude": 0,
            "name": "scale-out-policy",
            "policy_type": "SimpleScaling",
            "predictive_scaling_configuration": [],
            "region": "us-east-1",
            "scaling_adjustment": 1,
            "step_adjustment": [],
            "target_tracking_configuration": []
          },
          "sensitive_attributes": [],
          "identity_schema_version": 0,
          "private": "bnVsbA==",
          "dependencies": [
            "aws_autoscaling_group.app",
            "aws_key_pair.this",
            "aws_launch_template.app",
            "aws_lb.app",
            "aws_lb_target_group.app",
            "aws_security_group.lb",
            "aws_security_group.web",
            "aws_subnet.public",
            "aws_vpc.main",
            "data.aws_availability_zones.available",
            "tls_private_key.this"
          ]
        }
      ]
    },
    {
      "mode": "managed",
      "type": "aws_internet_gateway",
      "name": "igw",
      "provider": "provider[\"registry.terraform.io/hashicorp/aws\"]",
      "instances": [
        {
          "schema_version": 0,
          "attributes": {
            "arn": "arn:aws:ec2:us-east-1:697755754723:internet-gateway/igw-0439ec16aca48b508",
            "id": "igw-0439ec16aca48b508",
            "owner_id": "697755754723",
            "region": "us-east-1",
            "tags": null,
            "tags_all": {
              "Environment": "users",
              "ManagedBy": "Terraform",
              "Project": "GradFlow"
            },
            "timeouts": null,
            "vpc_id": "vpc-0889f52df724d6415"
          },
          "sensitive_attributes": [],
          "identity_schema_version": 0,
          "private": "eyJlMmJmYjczMC1lY2FhLTExZTYtOGY4OC0zNDM2M2JjN2M0YzAiOnsiY3JlYXRlIjoxMjAwMDAwMDAwMDAwLCJkZWxldGUiOjEyMDAwMDAwMDAwMDAsInVwZGF0ZSI6MTIwMDAwMDAwMDAwMH19",
          "dependencies": [
            "aws_vpc.main"
          ]
        }
      ]
    },
    {
      "mode": "managed",
      "type": "aws_key_pair",
      "name": "this",
      "provider": "provider[\"registry.terraform.io/hashicorp/aws\"]",
      "instances": [
        {
          "index_key": 0,
          "schema_version": 1,
          "attributes": {
            "arn": "arn:aws:ec2:us-east-1:697755754723:key-pair/gradflow-users",
            "fingerprint": "ba:f4:96:fe:5f:45:01:35:41:cd:58:ff:2b:3d:cd:f9",
            "id": "gradflow-users",
            "key_name": "gradflow-users",
            "key_name_prefix": "",
            "key_pair_id": "key-06bc83dd75f16f597",
            "key_type": "rsa",
            "public_key": "ssh-rsa AAAAB3NzaC1yc2EAAAADAQABAAACAQDb6ZceL1Oee/IUYwVIwGXhOQSrreW6yfXWG2Wb+Zu3N/MCOY+zYv3EvzFQlDQfLGaz2yzYapLTRC8Lhhzo9QDqHOQXXT7F1Wj4X2yorHS8+tJZRcQ8mPh0uHIuiqOLg1efusQF2aAtrM0GK/74RJgy7/gvqyuXRbTvtEbQyZa3xcQV25Xi3Gci/+gnDVgQS1wrGcXiP8TqxcJrmuQY9DshM1buVFID/2lcazCtV1Wo4C/KgpUrOmqTRFjS44GbDpcvTVYpSdyjy67VB/XXoX1lddsd66KDeg7f2PE7CdCaGdfvD11wqam1jN4MAkqR/wIAVbRxDAKUkny0hU/G8Dz9TsSdBDZUiUygVYr8u6M/tws5qJElgDJgmgUY+Cva0ZgyXzn/mnH/VF+Dx00AtPeKuFSmS33v20IaRjztzMQyY7CstgREuRS3gXc0tWco6UrfkfswdUt6Mnn617PmVCkpi3diinu2ZzdtFh0UGNwMkVxI51Lu8OvDoyw4J4N5u0OU+Z16KrMN1qTzbzT9eeu1zQVEdJbDs9JEix40TPEjbkHZSXEWg8yekhIe9yLQxxyfT4O73dazKZZT3Sva9PPv238XooKBRstR0Yk7VMRtAMBSPb1r96B55xpsvC/adPbQJinNclYX4SUoC49yH8fvaVnO+mVS3Zh4x4AQwjZ0dw==",
            "region": "us-east-1",
            "tags": null,
            "tags_all": {
              "Environment": "users",
              "ManagedBy": "Terraform",
              "Project": "GradFlow"
            }
          },
          "sensitive_attributes": [],
          "identity_schema_version": 0,
          "private": "eyJzY2hlbWFfdmVyc2lvbiI6IjEifQ==",
          "dependencies": [
            "tls_private_key.this"
          ]
        }
      ]
    },
    {
      "mode": "managed",
      "type": "aws_launch_template",
      "name": "app",
      "provider": "provider[\"registry.terraform.io/hashicorp/aws\"]",
      "instances": [
        {
          "schema_version": 1,
          "attributes": {
            "arn": "arn:aws:ec2:us-east-1:697755754723:launch-template/lt-051aa9ed1100e88d4",
            "block_device_mappings": [],
            "capacity_reservation_specification": [],
            "cpu_options": [],
            "credit_specification": [],
            "default_version": 1,
            "description": "",
            "disable_api_stop": false,
            "disable_api_termination": false,
            "ebs_optimized": "",
            "enclave_options": [],
            "hibernation_options": [],
            "iam_instance_profile": [],
            "id": "lt-051aa9ed1100e88d4",
            "image_id": "ami-0ecb62995f68bb549",
            "instance_initiated_shutdown_behavior": "",
            "instance_market_options": [],
            "instance_requirements": [],
            "instance_type": "t3.micro",
            "kernel_id": "",
            "key_name": "gradflow-users",
            "latest_version": 1,
            "license_specification": [],
            "maintenance_options": [],
            "metadata_options": [],
            "monitoring": [],
            "name": "users-app-20260123013526501700000002",
            "name_prefix": "users-app-",
            "network_interfaces": [],
            "placement": [],
            "private_dns_name_options": [],
            "ram_disk_id": "",
            "region": "us-east-1",
            "security_group_names": null,
            "tag_specifications": [],
            "tags": null,
            "tags_all": {
              "Environment": "users",
              "ManagedBy": "Terraform",
              "Project": "GradFlow"
            },
            "update_default_version": null,
            "user_data": "IyEvYmluL2Jhc2gKIyBVc2VyIERhdGEgc2NyaXB0IHRlbXBsYXRlIGZvciBFQzIgaW5zdGFuY2VzCiMgVmFyaWFibGVzIGFyZSBpbmplY3RlZCBieSBUZXJyYWZvcm0gdGVtcGxhdGVmaWxlKCkgZnVuY3Rpb24KIyBUaGlzIHNjcmlwdCBpbnN0YWxscyBOR0lOWCBhcyByZXZlcnNlIHByb3h5IGFuZCBkZXBsb3lzIDUgdXNlcnMgbWljcm9zZXJ2aWNlcwoKc2V0IC1ldW8gcGlwZWZhaWwKCmV4cG9ydCBERUJJQU5fRlJPTlRFTkQ9bm9uaW50ZXJhY3RpdmUKCkxPR19GSUxFPSIvdmFyL2xvZy91c2VyX2RhdGEubG9nIgpleGVjID4gPih0ZWUgLWEgJExPR19GSUxFKQpleGVjIDI+JjEKCmVjaG8gIj09PSBVc2VyIERhdGEgU2NyaXB0IFN0YXJ0ZWQgPT09IgplY2hvICJUaW1lc3RhbXA6ICQoZGF0ZSkiCgojIEluc3RhbGwgRG9ja2VyIGFuZCBOR0lOWAphcHQtZ2V0IHVwZGF0ZSAteQphcHQtZ2V0IGluc3RhbGwgLXkgZG9ja2VyLmlvIGN1cmwganEgbmdpbngKCnN5c3RlbWN0bCBlbmFibGUgZG9ja2VyCnN5c3RlbWN0bCBzdGFydCBkb2NrZXIKCnN5c3RlbWN0bCBlbmFibGUgbmdpbngKIyBEb24ndCBzdGFydCBOR0lOWCB5ZXQgLSB3ZSdsbCBzdGFydCBpdCBhZnRlciBjb250YWluZXJzIGFyZSByZWFkeQoKIyBBbGxvdyBkb2NrZXIgd2l0aG91dCBzdWRvCnVzZXJtb2QgLWFHIGRvY2tlciB1YnVudHUKCmVjaG8gIkRvY2tlciBpbnN0YWxsZWQ6ICQoZG9ja2VyIC0tdmVyc2lvbikiCmVjaG8gIk5HSU5YIGluc3RhbGxlZDogJChuZ2lueCAtdiAyPiYxKSIKCiMgRG9ja2VyIEh1YiBsb2dpbiBpZiBjcmVkZW50aWFscyBwcm92aWRlZAppZiBbIC1uICJsZXZpYXRoYW4xMTkiIF0gJiYgWyAtbiAiZGNrcl9wYXRfV2pBN0lHTEhkTHhrTHY3cktCZEhrZXZ3VlE0IiBdOyB0aGVuCiAgZWNobyAiZGNrcl9wYXRfV2pBN0lHTEhkTHhrTHY3cktCZEhrZXZ3VlE0IiB8IGRvY2tlciBsb2dpbiAtdSAibGV2aWF0aGFuMTE5IiAtLXBhc3N3b3JkLXN0ZGluIHx8IHRydWUKICBlY2hvICJEb2NrZXIgSHViIGxvZ2luIGNvbXBsZXRlZCIKZmkKCiMgQ3JlYXRlIC5lbnYgZmlsZSB3aXRoIFRlcnJhZm9ybSB2YXJpYWJsZXMKY2F0ID4gL2hvbWUvdWJ1bnR1Ly5lbnYgPDxFTlZGSUxFCiMgRGF0YWJhc2UgQ29uZmlndXJhdGlvbgpEQl9IT1NUPWF3cy0xLXVzLWVhc3QtMS5wb29sZXIuc3VwYWJhc2UuY29tCkRCX1VTRVI9cG9zdGdyZXMuemJqcHh0aWFiZHN2cndmeXRmbGQKREJfUEFTU1dPUkQ9VGVuZ291bmN1ZXJub2RlbWFtdXQxNTA2CkRCX05BTUU9cG9zdGdyZXMKREJfUE9SVD01NDMyCgojIFNlcnZpY2UgQ29uZmlndXJhdGlvbgpOT0RFX0VOVj1wcm9kdWN0aW9uCgojIEFQSSBHYXRld2F5IFVSTCAodXNlIExvYWQgQmFsYW5jZXIgRE5TIC0gQVBJIEdhdGV3YXkgaXMgaW4gYW5vdGhlciBhY2NvdW50KQpBUElfR0FURVdBWV9VUkw9aHR0cDovL3VzZXJzLWxiLTIwNTAwMTkyMDgudXMtZWFzdC0xLmVsYi5hbWF6b25hd3MuY29tCgojIFNlcnZpY2UgVVJMcyAodXNlIExvYWQgQmFsYW5jZXIgRE5TIGZvciBhbGwgc2VydmljZXMpClVTRVJTX0NSRUFURV9VUkw9aHR0cDovL3VzZXJzLWxiLTIwNTAwMTkyMDgudXMtZWFzdC0xLmVsYi5hbWF6b25hd3MuY29tClVTRVJTX0RFTEVURV9VUkw9aHR0cDovL3VzZXJzLWxiLTIwNTAwMTkyMDgudXMtZWFzdC0xLmVsYi5hbWF6b25hd3MuY29tClVTRVJTX0xJU1RfVVJMPWh0dHA6Ly91c2Vycy1sYi0yMDUwMDE5MjA4LnVzLWVhc3QtMS5lbGIuYW1hem9uYXdzLmNvbQpVU0VSU19TRUFSQ0hfVVJMPWh0dHA6Ly91c2Vycy1sYi0yMDUwMDE5MjA4LnVzLWVhc3QtMS5lbGIuYW1hem9uYXdzLmNvbQpVU0VSU19VUERBVEVfVVJMPWh0dHA6Ly91c2Vycy1sYi0yMDUwMDE5MjA4LnVzLWVhc3QtMS5lbGIuYW1hem9uYXdzLmNvbQpBVVRIX0xPR0lOX1VSTD1odHRwOi8vdXNlcnMtbGItMjA1MDAxOTIwOC51cy1lYXN0LTEuZWxiLmFtYXpvbmF3cy5jb20KQVVUSF9ST0xfVVJMPWh0dHA6Ly91c2Vycy1sYi0yMDUwMDE5MjA4LnVzLWVhc3QtMS5lbGIuYW1hem9uYXdzLmNvbQpBVVRIX01FX1VSTD1odHRwOi8vdXNlcnMtbGItMjA1MDAxOTIwOC51cy1lYXN0LTEuZWxiLmFtYXpvbmF3cy5jb20KRklMRV9TRVJWSUNFX0lOSVRfVVJMPWh0dHA6Ly91c2Vycy1sYi0yMDUwMDE5MjA4LnVzLWVhc3QtMS5lbGIuYW1hem9uYXdzLmNvbQpGSUxFX1NFUlZJQ0VfVVBEQVRFX1VSTD1odHRwOi8vdXNlcnMtbGItMjA1MDAxOTIwOC51cy1lYXN0LTEuZWxiLmFtYXpvbmF3cy5jb20KRklMRV9TRVJWSUNFX1VQTE9BRF9VUkw9aHR0cDovL3VzZXJzLWxiLTIwNTAwMTkyMDgudXMtZWFzdC0xLmVsYi5hbWF6b25hd3MuY29tCkZJTEVfU0VSVklDRV9MSVNUX1VSTD1odHRwOi8vdXNlcnMtbGItMjA1MDAxOTIwOC51cy1lYXN0LTEuZWxiLmFtYXpvbmF3cy5jb20KRklMRV9TRVJWSUNFX0RPV05MT0FEX1VSTD1odHRwOi8vdXNlcnMtbGItMjA1MDAxOTIwOC51cy1lYXN0LTEuZWxiLmFtYXpvbmF3cy5jb20KCiMgSldUIENvbmZpZ3VyYXRpb24KSldUX1NFQ1JFVD1UZW5nb3VuY3Vlcm5vZGVtYW11dDI5MDEKSldUX0VYUElSRVNfSU49MjRoCkVOVkZJTEUKCmNob3duIHVidW50dTp1YnVudHUgL2hvbWUvdWJ1bnR1Ly5lbnYKY2htb2QgNjAwIC9ob21lL3VidW50dS8uZW52CgplY2hvICIuZW52IGZpbGUgY3JlYXRlZCBhdCAvaG9tZS91YnVudHUvLmVudiIKZWNobyAiTG9hZCBCYWxhbmNlciBETlM6IHVzZXJzLWxiLTIwNTAwMTkyMDgudXMtZWFzdC0xLmVsYi5hbWF6b25hd3MuY29tIgoKIyBDcmVhdGUgTkdJTlggY29uZmlndXJhdGlvbgpjYXQgPiAvZXRjL25naW54L2NvbmYuZC91c2Vycy5jb25mIDw8J05HSU5YQ09ORicKIyBOR0lOWCBDb25maWd1cmF0aW9uIGZvciBHcmFkRmxvdyBVc2VycyBTZXJ2aWNlcwojIFRoaXMgZmlsZSBpcyBnZW5lcmF0ZWQgYnkgdXNlci1kYXRhLXRlbXBsYXRlLnNoCgojIFVwc3RyZWFtIGRlZmluaXRpb25zIGZvciBiYWNrZW5kIHNlcnZpY2VzCnVwc3RyZWFtIHVzZXJzX2NyZWF0ZSB7CiAgICBzZXJ2ZXIgMTI3LjAuMC4xOjMwMDE7Cn0KCnVwc3RyZWFtIHVzZXJzX2RlbGV0ZSB7CiAgICBzZXJ2ZXIgMTI3LjAuMC4xOjMwMDI7Cn0KCnVwc3RyZWFtIHVzZXJzX2xpc3QgewogICAgc2VydmVyIDEyNy4wLjAuMTozMDAzOwp9Cgp1cHN0cmVhbSB1c2Vyc19zZWFyY2ggewogICAgc2VydmVyIDEyNy4wLjAuMTozMDA0Owp9Cgp1cHN0cmVhbSB1c2Vyc191cGRhdGUgewogICAgc2VydmVyIDEyNy4wLjAuMTozMDA1Owp9CgojIE1haW4gc2VydmVyIGJsb2NrCnNlcnZlciB7CiAgICBsaXN0ZW4gODA7CiAgICBzZXJ2ZXJfbmFtZSBfOwoKICAgICMgSW5jcmVhc2UgdGltZW91dHMgZm9yIGxvbmctcnVubmluZyByZXF1ZXN0cwogICAgcHJveHlfY29ubmVjdF90aW1lb3V0IDYwczsKICAgIHByb3h5X3NlbmRfdGltZW91dCA2MHM7CiAgICBwcm94eV9yZWFkX3RpbWVvdXQgNjBzOwoKICAgICMgQnVmZmVyIHNldHRpbmdzCiAgICBwcm94eV9idWZmZXJpbmcgb247CiAgICBwcm94eV9idWZmZXJfc2l6ZSA0azsKICAgIHByb3h5X2J1ZmZlcnMgOCA0azsKICAgIHByb3h5X2J1c3lfYnVmZmVyc19zaXplIDhrOwoKICAgICMgSGVhZGVycyBmb3IgcHJvcGVyIHByb3h5IGJlaGF2aW9yCiAgICBwcm94eV9zZXRfaGVhZGVyIEhvc3QgJGhvc3Q7CiAgICBwcm94eV9zZXRfaGVhZGVyIFgtUmVhbC1JUCAkcmVtb3RlX2FkZHI7CiAgICBwcm94eV9zZXRfaGVhZGVyIFgtRm9yd2FyZGVkLUZvciAkcHJveHlfYWRkX3hfZm9yd2FyZGVkX2ZvcjsKICAgIHByb3h5X3NldF9oZWFkZXIgWC1Gb3J3YXJkZWQtUHJvdG8gJHNjaGVtZTsKICAgIHByb3h5X3NldF9oZWFkZXIgWC1Gb3J3YXJkZWQtSG9zdCAkaG9zdDsKICAgIHByb3h5X3NldF9oZWFkZXIgWC1Gb3J3YXJkZWQtUG9ydCAkc2VydmVyX3BvcnQ7CgogICAgIyBSb3V0ZSAvYXBpL3VzZXJzL2NyZWF0ZSB0byB1c2Vycy1jcmVhdGUgc2VydmljZQogICAgbG9jYXRpb24gL2FwaS91c2Vycy9jcmVhdGUgewogICAgICAgIHByb3h5X3Bhc3MgaHR0cDovL3VzZXJzX2NyZWF0ZS9hcGkvdXNlcnM7CiAgICAgICAgcHJveHlfaHR0cF92ZXJzaW9uIDEuMTsKICAgICAgICBwcm94eV9zZXRfaGVhZGVyIENvbm5lY3Rpb24gIiI7CiAgICB9CgogICAgIyBSb3V0ZSAvYXBpL3VzZXJzL2RlbGV0ZSB0byB1c2Vycy1kZWxldGUgc2VydmljZQogICAgbG9jYXRpb24gfiBeL2FwaS91c2Vycy8oW14vXSspL2RlbGV0ZSQgewogICAgICAgIHByb3h5X3Bhc3MgaHR0cDovL3VzZXJzX2RlbGV0ZS9hcGkvdXNlcnMvJDE7CiAgICAgICAgcHJveHlfaHR0cF92ZXJzaW9uIDEuMTsKICAgICAgICBwcm94eV9zZXRfaGVhZGVyIENvbm5lY3Rpb24gIiI7CiAgICB9CgogICAgIyBSb3V0ZSAvYXBpL3VzZXJzIChsaXN0KSB0byB1c2Vycy1saXN0IHNlcnZpY2UKICAgIGxvY2F0aW9uIC9hcGkvdXNlcnMgewogICAgICAgIHByb3h5X3Bhc3MgaHR0cDovL3VzZXJzX2xpc3QvYXBpL3VzZXJzOwogICAgICAgIHByb3h5X2h0dHBfdmVyc2lvbiAxLjE7CiAgICAgICAgcHJveHlfc2V0X2hlYWRlciBDb25uZWN0aW9uICIiOwogICAgfQoKICAgICMgUm91dGUgL2FwaS91c2Vycy9zZWFyY2ggdG8gdXNlcnMtc2VhcmNoIHNlcnZpY2UKICAgIGxvY2F0aW9uIC9hcGkvdXNlcnMvc2VhcmNoIHsKICAgICAgICBwcm94eV9wYXNzIGh0dHA6Ly91c2Vyc19zZWFyY2gvYXBpL3VzZXJzL3NlYXJjaDsKICAgICAgICBwcm94eV9odHRwX3ZlcnNpb24gMS4xOwogICAgICAgIHByb3h5X3NldF9oZWFkZXIgQ29ubmVjdGlvbiAiIjsKICAgIH0KCiAgICAjIFJvdXRlIC9hcGkvdXNlcnMvdXBkYXRlIHRvIHVzZXJzLXVwZGF0ZSBzZXJ2aWNlCiAgICBsb2NhdGlvbiB+IF4vYXBpL3VzZXJzLyhbXi9dKykvdXBkYXRlJCB7CiAgICAgICAgcHJveHlfcGFzcyBodHRwOi8vdXNlcnNfdXBkYXRlL2FwaS91c2Vycy8kMTsKICAgICAgICBwcm94eV9odHRwX3ZlcnNpb24gMS4xOwogICAgICAgIHByb3h5X3NldF9oZWFkZXIgQ29ubmVjdGlvbiAiIjsKICAgIH0KCiAgICAjIEhlYWx0aCBjaGVjayBlbmRwb2ludCBmb3IgQUxCCiAgICBsb2NhdGlvbiAvIHsKICAgICAgICByZXR1cm4gMjAwICJPSyI7CiAgICAgICAgYWRkX2hlYWRlciBDb250ZW50LVR5cGUgdGV4dC9wbGFpbjsKICAgIH0KCiAgICAjIEVycm9yIHBhZ2VzCiAgICBlcnJvcl9wYWdlIDUwMiA1MDMgNTA0IC81MHguaHRtbDsKICAgIGxvY2F0aW9uID0gLzUweC5odG1sIHsKICAgICAgICByb290IC91c3Ivc2hhcmUvbmdpbngvaHRtbDsKICAgIH0KfQpOR0lOWENPTkYKCmNobW9kIDY0NCAvZXRjL25naW54L2NvbmYuZC91c2Vycy5jb25mCgojIFJlbW92ZSBkZWZhdWx0IE5HSU5YIHNpdGUKcm0gLWYgL2V0Yy9uZ2lueC9zaXRlcy1lbmFibGVkL2RlZmF1bHQKCiMgVGVzdCBOR0lOWCBjb25maWd1cmF0aW9uCm5naW54IC10IHx8IHsKICBlY2hvICJFUlJPUjogTkdJTlggY29uZmlndXJhdGlvbiB0ZXN0IGZhaWxlZCIKICBleGl0IDEKfQoKZWNobyAiTkdJTlggY29uZmlndXJhdGlvbiBjcmVhdGVkIGFuZCB2YWxpZGF0ZWQiCgojIEZ1bmN0aW9uIHRvIHN0b3AgYW5kIHJlbW92ZSBleGlzdGluZyBjb250YWluZXIKc3RvcF9hbmRfcmVtb3ZlX2NvbnRhaW5lcigpIHsKICBsb2NhbCBjb250YWluZXJfbmFtZT0kMQogIGRvY2tlciBzdG9wICIkY29udGFpbmVyX25hbWUiIDI+L2Rldi9udWxsIHx8IHRydWUKICBkb2NrZXIgcm0gIiRjb250YWluZXJfbmFtZSIgMj4vZGV2L251bGwgfHwgdHJ1ZQp9CgojIEZ1bmN0aW9uIHRvIHB1bGwgYW5kIHJ1biBjb250YWluZXIKZGVwbG95X2NvbnRhaW5lcigpIHsKICBsb2NhbCBjb250YWluZXJfbmFtZT0kMQogIGxvY2FsIGltYWdlX25hbWU9JDIKICBsb2NhbCBwb3J0PSQzCiAgbG9jYWwgZW52X2ZpbGU9Ii9ob21lL3VidW50dS8uZW52IgoKICBlY2hvICJEZXBsb3lpbmcgJGNvbnRhaW5lcl9uYW1lLi4uIgoKICAjIFN0b3AgYW5kIHJlbW92ZSBleGlzdGluZyBjb250YWluZXIKICBzdG9wX2FuZF9yZW1vdmVfY29udGFpbmVyICIkY29udGFpbmVyX25hbWUiCgogICMgUHVsbCBEb2NrZXIgaW1hZ2UKICBpZiBbIC1uICIkaW1hZ2VfbmFtZSIgXTsgdGhlbgogICAgZWNobyAiUHVsbGluZyBEb2NrZXIgaW1hZ2U6ICRpbWFnZV9uYW1lIgogICAgZG9ja2VyIHB1bGwgIiRpbWFnZV9uYW1lIiB8fCB7CiAgICAgIGVjaG8gIldhcm5pbmc6IEZhaWxlZCB0byBwdWxsIGltYWdlICRpbWFnZV9uYW1lIgogICAgICByZXR1cm4gMQogICAgfQogIGVsc2UKICAgIGVjaG8gIldhcm5pbmc6IE5vIGltYWdlIHNwZWNpZmllZCBmb3IgJGNvbnRhaW5lcl9uYW1lLCBza2lwcGluZyIKICAgIHJldHVybiAxCiAgZmkKCiAgIyBSdW4gY29udGFpbmVyCiAgZG9ja2VyIHJ1biAtZCBcCiAgICAtLW5hbWUgIiRjb250YWluZXJfbmFtZSIgXAogICAgLS1yZXN0YXJ0IGFsd2F5cyBcCiAgICAtcCAwLjAuMC4wOiRwb3J0OiRwb3J0IFwKICAgIC0tZW52LWZpbGUgIiRlbnZfZmlsZSIgXAogICAgIiRpbWFnZV9uYW1lIiB8fCB7CiAgICAgIGVjaG8gIldhcm5pbmc6IEZhaWxlZCB0byBzdGFydCBjb250YWluZXIgJGNvbnRhaW5lcl9uYW1lIgogICAgICByZXR1cm4gMQogICAgfQoKICBlY2hvICJDb250YWluZXIgJGNvbnRhaW5lcl9uYW1lIHN0YXJ0ZWQgb24gcG9ydCAkcG9ydCAobG9jYWxob3N0IG9ubHkpIgogIGRvY2tlciBwcyAtLWZpbHRlciAibmFtZT0kY29udGFpbmVyX25hbWUiIC0tZm9ybWF0ICJ7ey5OYW1lc319OiB7ey5TdGF0dXN9fSIKfQoKIyBEZXBsb3kgYWxsIDUgdXNlcnMgY29udGFpbmVycwpkZXBsb3lfY29udGFpbmVyICJ1c2Vycy1jcmVhdGUiICJsZXZpYXRoYW4xMTkvZ3JhZGZsb3ctdXNlcnMtY3JlYXRlOmxhdGVzdCIgMzAwMSB8fCB0cnVlCmRlcGxveV9jb250YWluZXIgInVzZXJzLWRlbGV0ZSIgImxldmlhdGhhbjExOS9ncmFkZmxvdy11c2Vycy1kZWxldGU6bGF0ZXN0IiAzMDAyIHx8IHRydWUKZGVwbG95X2NvbnRhaW5lciAidXNlcnMtbGlzdCIgImxldmlhdGhhbjExOS9ncmFkZmxvdy11c2Vycy1saXN0OmxhdGVzdCIgMzAwMyB8fCB0cnVlCmRlcGxveV9jb250YWluZXIgInVzZXJzLXNlYXJjaCIgImxldmlhdGhhbjExOS9ncmFkZmxvdy11c2Vycy1zZWFyY2g6bGF0ZXN0IiAzMDA0IHx8IHRydWUKZGVwbG95X2NvbnRhaW5lciAidXNlcnMtdXBkYXRlIiAibGV2aWF0aGFuMTE5L2dyYWRmbG93LXVzZXJzLXVwZGF0ZTpsYXRlc3QiIDMwMDUgfHwgdHJ1ZQoKIyBXYWl0IGEgZmV3IHNlY29uZHMgZm9yIGNvbnRhaW5lcnMgdG8gYmUgcmVhZHkKZWNobyAiV2FpdGluZyBmb3IgY29udGFpbmVycyB0byBpbml0aWFsaXplLi4uIgpzbGVlcCAxMAoKIyBWZXJpZnkgY29udGFpbmVycyBhcmUgcnVubmluZwplY2hvICJDb250YWluZXIgc3RhdHVzOiIKZG9ja2VyIHBzIC0tZm9ybWF0ICJ0YWJsZSB7ey5OYW1lc319XHR7ey5TdGF0dXN9fVx0e3suUG9ydHN9fSIKCiMgU3RhcnQgTkdJTlggKGFmdGVyIGNvbnRhaW5lcnMgYXJlIGRlcGxveWVkKQplY2hvICJTdGFydGluZyBOR0lOWC4uLiIKc3lzdGVtY3RsIHN0YXJ0IG5naW54CnN5c3RlbWN0bCBzdGF0dXMgbmdpbnggLS1uby1wYWdlciB8fCBlY2hvICJXYXJuaW5nOiBOR0lOWCBtYXkgbm90IGhhdmUgc3RhcnRlZCBjb3JyZWN0bHkiCgojIFZlcmlmeSBOR0lOWCBpcyBydW5uaW5nCmlmIHN5c3RlbWN0bCBpcy1hY3RpdmUgLS1xdWlldCBuZ2lueDsgdGhlbgogIGVjaG8gIk5HSU5YIGlzIHJ1bm5pbmcgc3VjY2Vzc2Z1bGx5IgplbHNlCiAgZWNobyAiRVJST1I6IE5HSU5YIGZhaWxlZCB0byBzdGFydCIKICBzeXN0ZW1jdGwgc3RhdHVzIG5naW54IC0tbm8tcGFnZXIKICBleGl0IDEKZmkKCiMgVGVzdCBOR0lOWCBjYW4gcmVhY2ggY29udGFpbmVycwplY2hvICJUZXN0aW5nIE5HSU5YIGNvbm5lY3Rpdml0eSB0byBjb250YWluZXJzLi4uIgpzbGVlcCA1CgojIFRlc3QgaGVhbHRoIGVuZHBvaW50IHRocm91Z2ggTkdJTlgKY3VybCAtZiBodHRwOi8vbG9jYWxob3N0LyA+IC9kZXYvbnVsbCAyPiYxICYmIGVjaG8gIuKckyBOR0lOWCBoZWFsdGggY2hlY2sgd29ya2luZyIgfHwgZWNobyAi4pqgIE5HSU5YIGhlYWx0aCBjaGVjayBmYWlsZWQiCgojIENsZWFudXAgdW51c2VkIGltYWdlcwpkb2NrZXIgaW1hZ2UgcHJ1bmUgLWEgLWYgfHwgdHJ1ZQoKZWNobyAiPT09IFVzZXIgRGF0YSBTY3JpcHQgQ29tcGxldGVkID09PSIKZWNobyAiVGltZXN0YW1wOiAkKGRhdGUpIgplY2hvICIiCmVjaG8gIlN1bW1hcnk6IgplY2hvICItIE5HSU5YIGluc3RhbGxlZCBhbmQgY29uZmlndXJlZCIKZWNobyAiLSA1IHVzZXJzIGNvbnRhaW5lcnMgZGVwbG95ZWQiCmVjaG8gIi0gTkdJTlggcm91dGluZyBjb25maWd1cmVkIgplY2hvICItIEFsbCBzZXJ2aWNlcyBhY2Nlc3NpYmxlIHZpYSBBTEIgb24gcG9ydCA4MCIKZWNobyAiIgplY2hvICJGaW5hbCBjb250YWluZXIgc3RhdHVzOiIKZG9ja2VyIHBzIC0tZm9ybWF0ICJ0YWJsZSB7ey5OYW1lc319XHR7ey5TdGF0dXN9fVx0e3suUG9ydHN9fSIK",
            "vpc_security_group_ids": [
              "sg-04c1276262dd7dfe0"
            ]
          },
          "sensitive_attributes": [
            [
              {
                "type": "get_attr",
                "value": "user_data"
              }
            ]
          ],
          "identity_schema_version": 0,
          "private": "eyJzY2hlbWFfdmVyc2lvbiI6IjEifQ==",
          "dependencies": [
            "aws_key_pair.this",
            "aws_lb.app",
            "aws_security_group.lb",
            "aws_security_group.web",
            "aws_subnet.public",
            "aws_vpc.main",
            "data.aws_availability_zones.available",
            "tls_private_key.this"
          ]
        }
      ]
    },
    {
      "mode": "managed",
      "type": "aws_lb",
      "name": "app",
      "provider": "provider[\"registry.terraform.io/hashicorp/aws\"]",
      "instances": [
        {
          "schema_version": 0,
          "attributes": {
            "access_logs": [
              {
                "bucket": "",
                "enabled": false,
                "prefix": ""
              }
            ],
            "arn": "arn:aws:elasticloadbalancing:us-east-1:697755754723:loadbalancer/app/users-lb/eb4844605e9c6be4",
            "arn_suffix": "app/users-lb/eb4844605e9c6be4",
            "client_keep_alive": 3600,
            "connection_logs": [
              {
                "bucket": "",
                "enabled": false,
                "prefix": ""
              }
            ],
            "customer_owned_ipv4_pool": "",
            "desync_mitigation_mode": "defensive",
            "dns_name": "users-lb-2050019208.us-east-1.elb.amazonaws.com",
            "dns_record_client_routing_policy": null,
            "drop_invalid_header_fields": false,
            "enable_cross_zone_load_balancing": true,
            "enable_deletion_protection": false,
            "enable_http2": true,
            "enable_tls_version_and_cipher_suite_headers": false,
            "enable_waf_fail_open": false,
            "enable_xff_client_port": false,
            "enable_zonal_shift": false,
            "enforce_security_group_inbound_rules_on_private_link_traffic": "",
            "health_check_logs": [
              {
                "bucket": "",
                "enabled": false,
                "prefix": ""
              }
            ],
            "id": "arn:aws:elasticloadbalancing:us-east-1:697755754723:loadbalancer/app/users-lb/eb4844605e9c6be4",
            "idle_timeout": 60,
            "internal": false,
            "ip_address_type": "ipv4",
            "ipam_pools": [],
            "load_balancer_type": "application",
            "minimum_load_balancer_capacity": [],
            "name": "users-lb",
            "name_prefix": "",
            "preserve_host_header": false,
            "region": "us-east-1",
            "secondary_ips_auto_assigned_per_subnet": null,
            "security_groups": [
              "sg-00e546c6f61e2496e"
            ],
            "subnet_mapping": [
              {
                "allocation_id": "",
                "ipv6_address": "",
                "outpost_id": "",
                "private_ipv4_address": "",
                "subnet_id": "subnet-0307857d0ca03c7de"
              },
              {
                "allocation_id": "",
                "ipv6_address": "",
                "outpost_id": "",
                "private_ipv4_address": "",
                "subnet_id": "subnet-07734c7710bc64478"
              }
            ],
            "subnets": [
              "subnet-0307857d0ca03c7de",
              "subnet-07734c7710bc64478"
            ],
            "tags": {
              "Name": "users-application-lb"
            },
            "tags_all": {
              "Environment": "users",
              "ManagedBy": "Terraform",
              "Name": "users-application-lb",
              "Project": "GradFlow"
            },
            "timeouts": null,
            "vpc_id": "vpc-0889f52df724d6415",
            "xff_header_processing_mode": "append",
            "zone_id": "Z35SXDOTRQ7X7K"
          },
          "sensitive_attributes": [],
          "identity_schema_version": 0,
          "identity": {
            "arn": "arn:aws:elasticloadbalancing:us-east-1:697755754723:loadbalancer/app/users-lb/eb4844605e9c6be4"
          },
          "private": "eyJlMmJmYjczMC1lY2FhLTExZTYtOGY4OC0zNDM2M2JjN2M0YzAiOnsiY3JlYXRlIjo2MDAwMDAwMDAwMDAsImRlbGV0ZSI6NjAwMDAwMDAwMDAwLCJ1cGRhdGUiOjYwMDAwMDAwMDAwMH19",
          "dependencies": [
            "aws_security_group.lb",
            "aws_subnet.public",
            "aws_vpc.main",
            "data.aws_availability_zones.available"
          ]
        }
      ]
    },
    {
      "mode": "managed",
      "type": "aws_lb_listener",
      "name": "http",
      "provider": "provider[\"registry.terraform.io/hashicorp/aws\"]",
      "instances": [
        {
          "schema_version": 0,
          "attributes": {
            "alpn_policy": null,
            "arn": "arn:aws:elasticloadbalancing:us-east-1:697755754723:listener/app/users-lb/eb4844605e9c6be4/2c3af74eecf904ec",
            "certificate_arn": null,
            "default_action": [
              {
                "authenticate_cognito": [],
                "authenticate_oidc": [],
                "fixed_response": [],
                "forward": [],
                "jwt_validation": [],
                "order": 1,
                "redirect": [],
                "target_group_arn": "arn:aws:elasticloadbalancing:us-east-1:697755754723:targetgroup/users-tg/52085238e4a4bdb8",
                "type": "forward"
              }
            ],
            "id": "arn:aws:elasticloadbalancing:us-east-1:697755754723:listener/app/users-lb/eb4844605e9c6be4/2c3af74eecf904ec",
            "load_balancer_arn": "arn:aws:elasticloadbalancing:us-east-1:697755754723:loadbalancer/app/users-lb/eb4844605e9c6be4",
            "mutual_authentication": [],
            "port": 80,
            "protocol": "HTTP",
            "region": "us-east-1",
            "routing_http_request_x_amzn_mtls_clientcert_header_name": null,
            "routing_http_request_x_amzn_mtls_clientcert_issuer_header_name": null,
            "routing_http_request_x_amzn_mtls_clientcert_leaf_header_name": null,
            "routing_http_request_x_amzn_mtls_clientcert_serial_number_header_name": null,
            "routing_http_request_x_amzn_mtls_clientcert_subject_header_name": null,
            "routing_http_request_x_amzn_mtls_clientcert_validity_header_name": null,
            "routing_http_request_x_amzn_tls_cipher_suite_header_name": null,
            "routing_http_request_x_amzn_tls_version_header_name": null,
            "routing_http_response_access_control_allow_credentials_header_value": "",
            "routing_http_response_access_control_allow_headers_header_value": "",
            "routing_http_response_access_control_allow_methods_header_value": "",
            "routing_http_response_access_control_allow_origin_header_value": "",
            "routing_http_response_access_control_expose_headers_header_value": "",
            "routing_http_response_access_control_max_age_header_value": "",
            "routing_http_response_content_security_policy_header_value": "",
            "routing_http_response_server_enabled": true,
            "routing_http_response_strict_transport_security_header_value": "",
            "routing_http_response_x_content_type_options_header_value": "",
            "routing_http_response_x_frame_options_header_value": "",
            "ssl_policy": "",
            "tags": null,
            "tags_all": {
              "Environment": "users",
              "ManagedBy": "Terraform",
              "Project": "GradFlow"
            },
            "tcp_idle_timeout_seconds": null,
            "timeouts": null
          },
          "sensitive_attributes": [],
          "identity_schema_version": 0,
          "identity": {
            "arn": "arn:aws:elasticloadbalancing:us-east-1:697755754723:listener/app/users-lb/eb4844605e9c6be4/2c3af74eecf904ec"
          },
          "private": "eyJlMmJmYjczMC1lY2FhLTExZTYtOGY4OC0zNDM2M2JjN2M0YzAiOnsiY3JlYXRlIjozMDAwMDAwMDAwMDAsInVwZGF0ZSI6MzAwMDAwMDAwMDAwfX0=",
          "dependencies": [
            "aws_lb.app",
            "aws_lb_target_group.app",
            "aws_security_group.lb",
            "aws_subnet.public",
            "aws_vpc.main",
            "data.aws_availability_zones.available"
          ]
        }
      ]
    },
    {
      "mode": "managed",
      "type": "aws_lb_target_group",
      "name": "app",
      "provider": "provider[\"registry.terraform.io/hashicorp/aws\"]",
      "instances": [
        {
          "schema_version": 0,
          "attributes": {
            "arn": "arn:aws:elasticloadbalancing:us-east-1:697755754723:targetgroup/users-tg/52085238e4a4bdb8",
            "arn_suffix": "targetgroup/users-tg/52085238e4a4bdb8",
            "connection_termination": null,
            "deregistration_delay": "300",
            "health_check": [
              {
                "enabled": true,
                "healthy_threshold": 2,
                "interval": 60,
                "matcher": "200,404",
                "path": "/",
                "port": "traffic-port",
                "protocol": "HTTP",
                "timeout": 10,
                "unhealthy_threshold": 5
              }
            ],
            "id": "arn:aws:elasticloadbalancing:us-east-1:697755754723:targetgroup/users-tg/52085238e4a4bdb8",
            "ip_address_type": "ipv4",
            "lambda_multi_value_headers_enabled": false,
            "load_balancer_arns": [],
            "load_balancing_algorithm_type": "round_robin",
            "load_balancing_anomaly_mitigation": "off",
            "load_balancing_cross_zone_enabled": "use_load_balancer_configuration",
            "name": "users-tg",
            "name_prefix": "",
            "port": 80,
            "preserve_client_ip": null,
            "protocol": "HTTP",
            "protocol_version": "HTTP1",
            "proxy_protocol_v2": false,
            "region": "us-east-1",
            "slow_start": 0,
            "stickiness": [
              {
                "cookie_duration": 86400,
                "cookie_name": "",
                "enabled": false,
                "type": "lb_cookie"
              }
            ],
            "tags": {
              "Name": "users-target-group"
            },
            "tags_all": {
              "Environment": "users",
              "ManagedBy": "Terraform",
              "Name": "users-target-group",
              "Project": "GradFlow"
            },
            "target_control_port": 0,
            "target_failover": [
              {
                "on_deregistration": null,
                "on_unhealthy": null
              }
            ],
            "target_group_health": [
              {
                "dns_failover": [
                  {
                    "minimum_healthy_targets_count": "1",
                    "minimum_healthy_targets_percentage": "off"
                  }
                ],
                "unhealthy_state_routing": [
                  {
                    "minimum_healthy_targets_count": 1,
                    "minimum_healthy_targets_percentage": "off"
                  }
                ]
              }
            ],
            "target_health_state": [
              {
                "enable_unhealthy_connection_termination": null,
                "unhealthy_draining_interval": null
              }
            ],
            "target_type": "instance",
            "vpc_id": "vpc-0889f52df724d6415"
          },
          "sensitive_attributes": [],
          "identity_schema_version": 0,
          "identity": {
            "arn": "arn:aws:elasticloadbalancing:us-east-1:697755754723:targetgroup/users-tg/52085238e4a4bdb8"
          },
          "private": "bnVsbA==",
          "dependencies": [
            "aws_vpc.main"
          ]
        }
      ]
    },
    {
      "mode": "managed",
      "type": "aws_route_table",
      "name": "public",
      "provider": "provider[\"registry.terraform.io/hashicorp/aws\"]",
      "instances": [
        {
          "schema_version": 0,
          "attributes": {
            "arn": "arn:aws:ec2:us-east-1:697755754723:route-table/rtb-055101273c875fbba",
            "id": "rtb-055101273c875fbba",
            "owner_id": "697755754723",
            "propagating_vgws": [],
            "region": "us-east-1",
            "route": [
              {
                "carrier_gateway_id": "",
                "cidr_block": "0.0.0.0/0",
                "core_network_arn": "",
                "destination_prefix_list_id": "",
                "egress_only_gateway_id": "",
                "gateway_id": "igw-0439ec16aca48b508",
                "ipv6_cidr_block": "",
                "local_gateway_id": "",
                "nat_gateway_id": "",
                "network_interface_id": "",
                "transit_gateway_id": "",
                "vpc_endpoint_id": "",
                "vpc_peering_connection_id": ""
              }
            ],
            "tags": null,
            "tags_all": {
              "Environment": "users",
              "ManagedBy": "Terraform",
              "Project": "GradFlow"
            },
            "timeouts": null,
            "vpc_id": "vpc-0889f52df724d6415"
          },
          "sensitive_attributes": [],
          "identity_schema_version": 0,
          "identity": {
            "account_id": "697755754723",
            "id": "rtb-055101273c875fbba",
            "region": "us-east-1"
          },
          "private": "eyJlMmJmYjczMC1lY2FhLTExZTYtOGY4OC0zNDM2M2JjN2M0YzAiOnsiY3JlYXRlIjozMDAwMDAwMDAwMDAsImRlbGV0ZSI6MzAwMDAwMDAwMDAwLCJ1cGRhdGUiOjEyMDAwMDAwMDAwMH19",
          "dependencies": [
            "aws_internet_gateway.igw",
            "aws_vpc.main"
          ]
        }
      ]
    },
    {
      "mode": "managed",
      "type": "aws_route_table_association",
      "name": "public",
      "provider": "provider[\"registry.terraform.io/hashicorp/aws\"]",
      "instances": [
        {
          "index_key": 0,
          "schema_version": 0,
          "attributes": {
            "gateway_id": "",
            "id": "rtbassoc-018d759e64a8572c8",
            "region": "us-east-1",
            "route_table_id": "rtb-055101273c875fbba",
            "subnet_id": "subnet-07734c7710bc64478",
            "timeouts": null
          },
          "sensitive_attributes": [],
          "identity_schema_version": 0,
          "private": "eyJlMmJmYjczMC1lY2FhLTExZTYtOGY4OC0zNDM2M2JjN2M0YzAiOnsiY3JlYXRlIjozMDAwMDAwMDAwMDAsImRlbGV0ZSI6MzAwMDAwMDAwMDAwLCJ1cGRhdGUiOjEyMDAwMDAwMDAwMH19",
          "dependencies": [
            "aws_internet_gateway.igw",
            "aws_route_table.public",
            "aws_subnet.public",
            "aws_vpc.main",
            "data.aws_availability_zones.available"
          ]
        },
        {
          "index_key": 1,
          "schema_version": 0,
          "attributes": {
            "gateway_id": "",
            "id": "rtbassoc-0c718c2d96d3bbdf0",
            "region": "us-east-1",
            "route_table_id": "rtb-055101273c875fbba",
            "subnet_id": "subnet-0307857d0ca03c7de",
            "timeouts": null
          },
          "sensitive_attributes": [],
          "identity_schema_version": 0,
          "private": "eyJlMmJmYjczMC1lY2FhLTExZTYtOGY4OC0zNDM2M2JjN2M0YzAiOnsiY3JlYXRlIjozMDAwMDAwMDAwMDAsImRlbGV0ZSI6MzAwMDAwMDAwMDAwLCJ1cGRhdGUiOjEyMDAwMDAwMDAwMH19",
          "dependencies": [
            "aws_internet_gateway.igw",
            "aws_route_table.public",
            "aws_subnet.public",
            "aws_vpc.main",
            "data.aws_availability_zones.available"
          ]
        }
      ]
    },
    {
      "mode": "managed",
      "type": "aws_security_group",
      "name": "lb",
      "provider": "provider[\"registry.terraform.io/hashicorp/aws\"]",
      "instances": [
        {
          "schema_version": 1,
          "attributes": {
            "arn": "arn:aws:ec2:us-east-1:697755754723:security-group/sg-00e546c6f61e2496e",
            "description": "Managed by Terraform",
            "egress": [
              {
                "cidr_blocks": [
                  "0.0.0.0/0"
                ],
                "description": "",
                "from_port": 0,
                "ipv6_cidr_blocks": [],
                "prefix_list_ids": [],
                "protocol": "-1",
                "security_groups": [],
                "self": false,
                "to_port": 0
              }
            ],
            "id": "sg-00e546c6f61e2496e",
            "ingress": [
              {
                "cidr_blocks": [
                  "0.0.0.0/0"
                ],
                "description": "",
                "from_port": 80,
                "ipv6_cidr_blocks": [],
                "prefix_list_ids": [],
                "protocol": "tcp",
                "security_groups": [],
                "self": false,
                "to_port": 80
              }
            ],
            "name": "lb_sg",
            "name_prefix": "",
            "owner_id": "697755754723",
            "region": "us-east-1",
            "revoke_rules_on_delete": false,
            "tags": null,
            "tags_all": {
              "Environment": "users",
              "ManagedBy": "Terraform",
              "Project": "GradFlow"
            },
            "timeouts": null,
            "vpc_id": "vpc-0889f52df724d6415"
          },
          "sensitive_attributes": [],
          "identity_schema_version": 0,
          "identity": {
            "account_id": "697755754723",
            "id": "sg-00e546c6f61e2496e",
            "region": "us-east-1"
          },
          "private": "eyJlMmJmYjczMC1lY2FhLTExZTYtOGY4OC0zNDM2M2JjN2M0YzAiOnsiY3JlYXRlIjo2MDAwMDAwMDAwMDAsImRlbGV0ZSI6OTAwMDAwMDAwMDAwfSwic2NoZW1hX3ZlcnNpb24iOiIxIn0=",
          "dependencies": [
            "aws_vpc.main"
          ]
        }
      ]
    },
    {
      "mode": "managed",
      "type": "aws_security_group",
      "name": "web",
      "provider": "provider[\"registry.terraform.io/hashicorp/aws\"]",
      "instances": [
        {
          "schema_version": 1,
          "attributes": {
            "arn": "arn:aws:ec2:us-east-1:697755754723:security-group/sg-04c1276262dd7dfe0",
            "description": "Managed by Terraform",
            "egress": [
              {
                "cidr_blocks": [
                  "0.0.0.0/0"
                ],
                "description": "",
                "from_port": 0,
                "ipv6_cidr_blocks": [],
                "prefix_list_ids": [],
                "protocol": "-1",
                "security_groups": [],
                "self": false,
                "to_port": 0
              }
            ],
            "id": "sg-04c1276262dd7dfe0",
            "ingress": [
              {
                "cidr_blocks": [
                  "0.0.0.0/0"
                ],
                "description": "SSH for CI/CD",
                "from_port": 22,
                "ipv6_cidr_blocks": [],
                "prefix_list_ids": [],
                "protocol": "tcp",
                "security_groups": [],
                "self": false,
                "to_port": 22
              },
              {
                "cidr_blocks": [],
                "description": "",
                "from_port": 80,
                "ipv6_cidr_blocks": [],
                "prefix_list_ids": [],
                "protocol": "tcp",
                "security_groups": [
                  "sg-00e546c6f61e2496e"
                ],
                "self": false,
                "to_port": 80
              }
            ],
            "name": "web_sg",
            "name_prefix": "",
            "owner_id": "697755754723",
            "region": "us-east-1",
            "revoke_rules_on_delete": false,
            "tags": null,
            "tags_all": {
              "Environment": "users",
              "ManagedBy": "Terraform",
              "Project": "GradFlow"
            },
            "timeouts": null,
            "vpc_id": "vpc-0889f52df724d6415"
          },
          "sensitive_attributes": [],
          "identity_schema_version": 0,
          "identity": {
            "account_id": "697755754723",
            "id": "sg-04c1276262dd7dfe0",
            "region": "us-east-1"
          },
          "private": "eyJlMmJmYjczMC1lY2FhLTExZTYtOGY4OC0zNDM2M2JjN2M0YzAiOnsiY3JlYXRlIjo2MDAwMDAwMDAwMDAsImRlbGV0ZSI6OTAwMDAwMDAwMDAwfSwic2NoZW1hX3ZlcnNpb24iOiIxIn0=",
          "dependencies": [
            "aws_security_group.lb",
            "aws_vpc.main"
          ]
        }
      ]
    },
    {
      "mode": "managed",
      "type": "aws_subnet",
      "name": "public",
      "provider": "provider[\"registry.terraform.io/hashicorp/aws\"]",
      "instances": [
        {
          "index_key": 0,
          "schema_version": 1,
          "attributes": {
            "arn": "arn:aws:ec2:us-east-1:697755754723:subnet/subnet-07734c7710bc64478",
            "assign_ipv6_address_on_creation": false,
            "availability_zone": "us-east-1a",
            "availability_zone_id": "use1-az6",
            "cidr_block": "10.0.0.0/24",
            "customer_owned_ipv4_pool": "",
            "enable_dns64": false,
            "enable_lni_at_device_index": 0,
            "enable_resource_name_dns_a_record_on_launch": false,
            "enable_resource_name_dns_aaaa_record_on_launch": false,
            "id": "subnet-07734c7710bc64478",
            "ipv6_cidr_block": "",
            "ipv6_cidr_block_association_id": "",
            "ipv6_native": false,
            "map_customer_owned_ip_on_launch": false,
            "map_public_ip_on_launch": true,
            "outpost_arn": "",
            "owner_id": "697755754723",
            "private_dns_hostname_type_on_launch": "ip-name",
            "region": "us-east-1",
            "tags": null,
            "tags_all": {
              "Environment": "users",
              "ManagedBy": "Terraform",
              "Project": "GradFlow"
            },
            "timeouts": null,
            "vpc_id": "vpc-0889f52df724d6415"
          },
          "sensitive_attributes": [],
          "identity_schema_version": 0,
          "identity": {
            "account_id": "697755754723",
            "id": "subnet-07734c7710bc64478",
            "region": "us-east-1"
          },
          "private": "eyJlMmJmYjczMC1lY2FhLTExZTYtOGY4OC0zNDM2M2JjN2M0YzAiOnsiY3JlYXRlIjo2MDAwMDAwMDAwMDAsImRlbGV0ZSI6MTIwMDAwMDAwMDAwMH0sInNjaGVtYV92ZXJzaW9uIjoiMSJ9",
          "dependencies": [
            "aws_vpc.main",
            "data.aws_availability_zones.available"
          ]
        },
        {
          "index_key": 1,
          "schema_version": 1,
          "attributes": {
            "arn": "arn:aws:ec2:us-east-1:697755754723:subnet/subnet-0307857d0ca03c7de",
            "assign_ipv6_address_on_creation": false,
            "availability_zone": "us-east-1b",
            "availability_zone_id": "use1-az1",
            "cidr_block": "10.0.1.0/24",
            "customer_owned_ipv4_pool": "",
            "enable_dns64": false,
            "enable_lni_at_device_index": 0,
            "enable_resource_name_dns_a_record_on_launch": false,
            "enable_resource_name_dns_aaaa_record_on_launch": false,
            "id": "subnet-0307857d0ca03c7de",
            "ipv6_cidr_block": "",
            "ipv6_cidr_block_association_id": "",
            "ipv6_native": false,
            "map_customer_owned_ip_on_launch": false,
            "map_public_ip_on_launch": true,
            "outpost_arn": "",
            "owner_id": "697755754723",
            "private_dns_hostname_type_on_launch": "ip-name",
            "region": "us-east-1",
            "tags": null,
            "tags_all": {
              "Environment": "users",
              "ManagedBy": "Terraform",
              "Project": "GradFlow"
            },
            "timeouts": null,
            "vpc_id": "vpc-0889f52df724d6415"
          },
          "sensitive_attributes": [],
          "identity_schema_version": 0,
          "identity": {
            "account_id": "697755754723",
            "id": "subnet-0307857d0ca03c7de",
            "region": "us-east-1"
          },
          "private": "eyJlMmJmYjczMC1lY2FhLTExZTYtOGY4OC0zNDM2M2JjN2M0YzAiOnsiY3JlYXRlIjo2MDAwMDAwMDAwMDAsImRlbGV0ZSI6MTIwMDAwMDAwMDAwMH0sInNjaGVtYV92ZXJzaW9uIjoiMSJ9",
          "dependencies": [
            "aws_vpc.main",
            "data.aws_availability_zones.available"
          ]
        }
      ]
    },
    {
      "mode": "managed",
      "type": "aws_vpc",
      "name": "main",
      "provider": "provider[\"registry.terraform.io/hashicorp/aws\"]",
      "instances": [
        {
          "schema_version": 1,
          "attributes": {
            "arn": "arn:aws:ec2:us-east-1:697755754723:vpc/vpc-0889f52df724d6415",
            "assign_generated_ipv6_cidr_block": false,
            "cidr_block": "10.0.0.0/16",
            "default_network_acl_id": "acl-04a0ec9cec6e45155",
            "default_route_table_id": "rtb-054be5262b1b742cd",
            "default_security_group_id": "sg-066e040fde59061e9",
            "dhcp_options_id": "dopt-09c9a738bb79b4b08",
            "enable_dns_hostnames": false,
            "enable_dns_support": true,
            "enable_network_address_usage_metrics": false,
            "id": "vpc-0889f52df724d6415",
            "instance_tenancy": "default",
            "ipv4_ipam_pool_id": null,
            "ipv4_netmask_length": null,
            "ipv6_association_id": "",
            "ipv6_cidr_block": "",
            "ipv6_cidr_block_network_border_group": "",
            "ipv6_ipam_pool_id": "",
            "ipv6_netmask_length": 0,
            "main_route_table_id": "rtb-054be5262b1b742cd",
            "owner_id": "697755754723",
            "region": "us-east-1",
            "tags": null,
            "tags_all": {
              "Environment": "users",
              "ManagedBy": "Terraform",
              "Project": "GradFlow"
            }
          },
          "sensitive_attributes": [],
          "identity_schema_version": 0,
          "identity": {
            "account_id": "697755754723",
            "id": "vpc-0889f52df724d6415",
            "region": "us-east-1"
          },
          "private": "eyJzY2hlbWFfdmVyc2lvbiI6IjEifQ=="
        }
      ]
    },
    {
      "mode": "managed",
      "type": "local_file",
      "name": "env_users_create",
      "provider": "provider[\"registry.terraform.io/hashicorp/local\"]",
      "instances": [
        {
          "schema_version": 0,
          "attributes": {
            "content": "# Database Configuration\r\nDB_HOST=aws-1-us-east-1.pooler.supabase.com\r\nDB_USER=postgres.zbjpxtiabdsvrwfytfld\r\nDB_PASSWORD=Tengouncuernodemamut1506\r\nDB_NAME=postgres\r\nDB_PORT=5432\r\n\r\n# Service Configuration\r\nPORT=3001\r\nNODE_ENV=production\r\n\r\n# API Gateway URL (use Load Balancer DNS)\r\nAPI_GATEWAY_URL=http://users-lb-2050019208.us-east-1.elb.amazonaws.com\r\n\r\n# Service URLs (use Load Balancer DNS for internal communication)\r\nUSERS_CREATE_URL=http://users-lb-2050019208.us-east-1.elb.amazonaws.com\r\nUSERS_DELETE_URL=http://users-lb-2050019208.us-east-1.elb.amazonaws.com\r\nUSERS_LIST_URL=http://users-lb-2050019208.us-east-1.elb.amazonaws.com\r\nUSERS_SEARCH_URL=http://users-lb-2050019208.us-east-1.elb.amazonaws.com\r\nUSERS_UPDATE_URL=http://users-lb-2050019208.us-east-1.elb.amazonaws.com\r\nAUTH_LOGIN_URL=http://users-lb-2050019208.us-east-1.elb.amazonaws.com\r\nAUTH_ROL_URL=http://users-lb-2050019208.us-east-1.elb.amazonaws.com\r\nAUTH_ME_URL=http://users-lb-2050019208.us-east-1.elb.amazonaws.com\r\nFILE_SERVICE_INIT_URL=http://users-lb-2050019208.us-east-1.elb.amazonaws.com\r\nFILE_SERVICE_UPDATE_URL=http://users-lb-2050019208.us-east-1.elb.amazonaws.com\r\nFILE_SERVICE_UPLOAD_URL=http://users-lb-2050019208.us-east-1.elb.amazonaws.com\r\nFILE_SERVICE_LIST_URL=http://users-lb-2050019208.us-east-1.elb.amazonaws.com\r\nFILE_SERVICE_DOWNLOAD_URL=http://users-lb-2050019208.us-east-1.elb.amazonaws.com\r\n\r\n# JWT Configuration\r\nJWT_SECRET=Tengouncuernodemamut2901\r\nJWT_EXPIRES_IN=24h\r\n",
            "content_base64": null,
            "content_base64sha256": "aoblKFgkFPMXQctZ87iqRLsv24Pf5LQy3y5TidM4Q30=",
            "content_base64sha512": "lz9Gv7zA4Yql9SnaqdYGOQcKSV9uxtwogcpl3NSqpFtt6CUMFoHyd/aiS0gpfC0MT1NSiGnDVRWRcL1ddMwRSQ==",
            "content_md5": "50aaf50bea1fa3fcc6d98bdf0aed3a24",
            "content_sha1": "4aaadf71921e6f8301b8b681accf43eaa7d86d34",
            "content_sha256": "6a86e528582414f31741cb59f3b8aa44bb2fdb83dfe4b432df2e5389d338437d",
            "content_sha512": "973f46bfbcc0e18aa5f529daa9d60639070a495f6ec6dc2881ca65dcd4aaa45b6de8250c1681f277f6a24b48297c2d0c4f53528869c355159170bd5d74cc1149",
            "directory_permission": "0777",
            "file_permission": "0777",
            "filename": "./.env.users_create",
            "id": "4aaadf71921e6f8301b8b681accf43eaa7d86d34",
            "sensitive_content": null,
            "source": null
          },
          "sensitive_attributes": [
            [
              {
                "type": "get_attr",
                "value": "content"
              }
            ],
            [
              {
                "type": "get_attr",
                "value": "sensitive_content"
              }
            ]
          ],
          "identity_schema_version": 0,
          "dependencies": [
            "aws_lb.app",
            "aws_security_group.lb",
            "aws_subnet.public",
            "aws_vpc.main",
            "data.aws_availability_zones.available"
          ]
        }
      ]
    },
    {
      "mode": "managed",
      "type": "local_file",
      "name": "env_users_delete",
      "provider": "provider[\"registry.terraform.io/hashicorp/local\"]",
      "instances": [
        {
          "schema_version": 0,
          "attributes": {
            "content": "# Database Configuration\r\nDB_HOST=aws-1-us-east-1.pooler.supabase.com\r\nDB_USER=postgres.zbjpxtiabdsvrwfytfld\r\nDB_PASSWORD=Tengouncuernodemamut1506\r\nDB_NAME=postgres\r\nDB_PORT=5432\r\n\r\n# Service Configuration\r\nPORT=3002\r\nNODE_ENV=production\r\n\r\n# API Gateway URL (use Load Balancer DNS)\r\nAPI_GATEWAY_URL=http://users-lb-2050019208.us-east-1.elb.amazonaws.com\r\n\r\n# Service URLs (use Load Balancer DNS for internal communication)\r\nUSERS_CREATE_URL=http://users-lb-2050019208.us-east-1.elb.amazonaws.com\r\nUSERS_DELETE_URL=http://users-lb-2050019208.us-east-1.elb.amazonaws.com\r\nUSERS_LIST_URL=http://users-lb-2050019208.us-east-1.elb.amazonaws.com\r\nUSERS_SEARCH_URL=http://users-lb-2050019208.us-east-1.elb.amazonaws.com\r\nUSERS_UPDATE_URL=http://users-lb-2050019208.us-east-1.elb.amazonaws.com\r\nAUTH_LOGIN_URL=http://users-lb-2050019208.us-east-1.elb.amazonaws.com\r\nAUTH_ROL_URL=http://users-lb-2050019208.us-east-1.elb.amazonaws.com\r\nAUTH_ME_URL=http://users-lb-2050019208.us-east-1.elb.amazonaws.com\r\nFILE_SERVICE_INIT_URL=http://users-lb-2050019208.us-east-1.elb.amazonaws.com\r\nFILE_SERVICE_UPDATE_URL=http://users-lb-2050019208.us-east-1.elb.amazonaws.com\r\nFILE_SERVICE_UPLOAD_URL=http://users-lb-2050019208.us-east-1.elb.amazonaws.com\r\nFILE_SERVICE_LIST_URL=http://users-lb-2050019208.us-east-1.elb.amazonaws.com\r\nFILE_SERVICE_DOWNLOAD_URL=http://users-lb-2050019208.us-east-1.elb.amazonaws.com\r\n\r\n# JWT Configuration\r\nJWT_SECRET=Tengouncuernodemamut2901\r\nJWT_EXPIRES_IN=24h\r\n",
            "content_base64": null,
            "content_base64sha256": "oYEVmXMYvEIANGxMZhdDQ1MzRyfK9sUoDgJeG4BN4/Y=",
            "content_base64sha512": "PnEGHU04iXo/3L6HPBfUxXnXBTQEwNVUpIJv5hUM2OTiUkLh+Q0PfzOCdSktFNUkkEZIsYTg/Hgsxxz5hsnDSw==",
            "content_md5": "3f54d96be4de5890541660f107be66d6",
            "content_sha1": "3763cf32e03ed70a5be9328489e4ca6551e1d33d",
            "content_sha256": "a18115997318bc4200346c4c6617434353334727caf6c5280e025e1b804de3f6",
            "content_sha512": "3e71061d4d38897a3fdcbe873c17d4c579d7053404c0d554a4826fe6150cd8e4e25242e1f90d0f7f338275292d14d524904648b184e0fc782cc71cf986c9c34b",
            "directory_permission": "0777",
            "file_permission": "0777",
            "filename": "./.env.users_delete",
            "id": "3763cf32e03ed70a5be9328489e4ca6551e1d33d",
            "sensitive_content": null,
            "source": null
          },
          "sensitive_attributes": [
            [
              {
                "type": "get_attr",
                "value": "content"
              }
            ],
            [
              {
                "type": "get_attr",
                "value": "sensitive_content"
              }
            ]
          ],
          "identity_schema_version": 0,
          "dependencies": [
            "aws_lb.app",
            "aws_security_group.lb",
            "aws_subnet.public",
            "aws_vpc.main",
            "data.aws_availability_zones.available"
          ]
        }
      ]
    },
    {
      "mode": "managed",
      "type": "local_file",
      "name": "env_users_list",
      "provider": "provider[\"registry.terraform.io/hashicorp/local\"]",
      "instances": [
        {
          "schema_version": 0,
          "attributes": {
            "content": "# Database Configuration\r\nDB_HOST=aws-1-us-east-1.pooler.supabase.com\r\nDB_USER=postgres.zbjpxtiabdsvrwfytfld\r\nDB_PASSWORD=Tengouncuernodemamut1506\r\nDB_NAME=postgres\r\nDB_PORT=5432\r\n\r\n# Service Configuration\r\nPORT=3003\r\nNODE_ENV=production\r\n\r\n# API Gateway URL (use Load Balancer DNS)\r\nAPI_GATEWAY_URL=http://users-lb-2050019208.us-east-1.elb.amazonaws.com\r\n\r\n# Service URLs (use Load Balancer DNS for internal communication)\r\nUSERS_CREATE_URL=http://users-lb-2050019208.us-east-1.elb.amazonaws.com\r\nUSERS_DELETE_URL=http://users-lb-2050019208.us-east-1.elb.amazonaws.com\r\nUSERS_LIST_URL=http://users-lb-2050019208.us-east-1.elb.amazonaws.com\r\nUSERS_SEARCH_URL=http://users-lb-2050019208.us-east-1.elb.amazonaws.com\r\nUSERS_UPDATE_URL=http://users-lb-2050019208.us-east-1.elb.amazonaws.com\r\nAUTH_LOGIN_URL=http://users-lb-2050019208.us-east-1.elb.amazonaws.com\r\nAUTH_ROL_URL=http://users-lb-2050019208.us-east-1.elb.amazonaws.com\r\nAUTH_ME_URL=http://users-lb-2050019208.us-east-1.elb.amazonaws.com\r\nFILE_SERVICE_INIT_URL=http://users-lb-2050019208.us-east-1.elb.amazonaws.com\r\nFILE_SERVICE_UPDATE_URL=http://users-lb-2050019208.us-east-1.elb.amazonaws.com\r\nFILE_SERVICE_UPLOAD_URL=http://users-lb-2050019208.us-east-1.elb.amazonaws.com\r\nFILE_SERVICE_LIST_URL=http://users-lb-2050019208.us-east-1.elb.amazonaws.com\r\nFILE_SERVICE_DOWNLOAD_URL=http://users-lb-2050019208.us-east-1.elb.amazonaws.com\r\n\r\n# JWT Configuration\r\nJWT_SECRET=Tengouncuernodemamut2901\r\nJWT_EXPIRES_IN=24h\r\n",
            "content_base64": null,
            "content_base64sha256": "bQwnryA+OGHQIFBcIhFv2MR9wc6j8UQVIYj+ALKeBjA=",
            "content_base64sha512": "FjLiVFPJ2uPYh5/QyCL3EeHl1L7EHjAuJmej3htR0qwGuyFTqTFUjOVQDuXhMnXLJXs+wh1wTtTpDqw51CTcZA==",
            "content_md5": "4cf5b2bb572e1250fa20951a96e63af7",
            "content_sha1": "e094593b4686728c5a177a0c3add96b871d8ed94",
            "content_sha256": "6d0c27af203e3861d020505c22116fd8c47dc1cea3f144152188fe00b29e0630",
            "content_sha512": "1632e25453c9dae3d8879fd0c822f711e1e5d4bec41e302e2667a3de1b51d2ac06bb2153a931548ce5500ee5e13275cb257b3ec21d704ed4e90eac39d424dc64",
            "directory_permission": "0777",
            "file_permission": "0777",
            "filename": "./.env.users_list",
            "id": "e094593b4686728c5a177a0c3add96b871d8ed94",
            "sensitive_content": null,
            "source": null
          },
          "sensitive_attributes": [
            [
              {
                "type": "get_attr",
                "value": "content"
              }
            ],
            [
              {
                "type": "get_attr",
                "value": "sensitive_content"
              }
            ]
          ],
          "identity_schema_version": 0,
          "dependencies": [
            "aws_lb.app",
            "aws_security_group.lb",
            "aws_subnet.public",
            "aws_vpc.main",
            "data.aws_availability_zones.available"
          ]
        }
      ]
    },
    {
      "mode": "managed",
      "type": "local_file",
      "name": "env_users_search",
      "provider": "provider[\"registry.terraform.io/hashicorp/local\"]",
      "instances": [
        {
          "schema_version": 0,
          "attributes": {
            "content": "# Database Configuration\r\nDB_HOST=aws-1-us-east-1.pooler.supabase.com\r\nDB_USER=postgres.zbjpxtiabdsvrwfytfld\r\nDB_PASSWORD=Tengouncuernodemamut1506\r\nDB_NAME=postgres\r\nDB_PORT=5432\r\n\r\n# Service Configuration\r\nPORT=3004\r\nNODE_ENV=production\r\n\r\n# API Gateway URL (use Load Balancer DNS)\r\nAPI_GATEWAY_URL=http://users-lb-2050019208.us-east-1.elb.amazonaws.com\r\n\r\n# Service URLs (use Load Balancer DNS for internal communication)\r\nUSERS_CREATE_URL=http://users-lb-2050019208.us-east-1.elb.amazonaws.com\r\nUSERS_DELETE_URL=http://users-lb-2050019208.us-east-1.elb.amazonaws.com\r\nUSERS_LIST_URL=http://users-lb-2050019208.us-east-1.elb.amazonaws.com\r\nUSERS_SEARCH_URL=http://users-lb-2050019208.us-east-1.elb.amazonaws.com\r\nUSERS_UPDATE_URL=http://users-lb-2050019208.us-east-1.elb.amazonaws.com\r\nAUTH_LOGIN_URL=http://users-lb-2050019208.us-east-1.elb.amazonaws.com\r\nAUTH_ROL_URL=http://users-lb-2050019208.us-east-1.elb.amazonaws.com\r\nAUTH_ME_URL=http://users-lb-2050019208.us-east-1.elb.amazonaws.com\r\nFILE_SERVICE_INIT_URL=http://users-lb-2050019208.us-east-1.elb.amazonaws.com\r\nFILE_SERVICE_UPDATE_URL=http://users-lb-2050019208.us-east-1.elb.amazonaws.com\r\nFILE_SERVICE_UPLOAD_URL=http://users-lb-2050019208.us-east-1.elb.amazonaws.com\r\nFILE_SERVICE_LIST_URL=http://users-lb-2050019208.us-east-1.elb.amazonaws.com\r\nFILE_SERVICE_DOWNLOAD_URL=http://users-lb-2050019208.us-east-1.elb.amazonaws.com\r\n\r\n# JWT Configuration\r\nJWT_SECRET=Tengouncuernodemamut2901\r\nJWT_EXPIRES_IN=24h\r\n",
            "content_base64": null,
            "content_base64sha256": "2iqSeedsFBiuyYBrjFaQms3IoS/ycFJ9ByqFAgFmY5I=",
            "content_base64sha512": "TRrOTNkVXMtw4i+02MeEyaNoO/MO6aAXxtVS28x07CiyL/vaZFBVjjFYrFWCyU+NgwUK5DC1vZfxZ+bvejTifQ==",
            "content_md5": "21a37fcd456e7924c5eb4a51553f0ce5",
            "content_sha1": "98ad19e3bb9ec24a3e0d55aa304dc9f203905095",
            "content_sha256": "da2a9279e76c1418aec9806b8c56909acdc8a12ff270527d072a850201666392",
            "content_sha512": "4d1ace4cd9155ccb70e22fb4d8c784c9a3683bf30ee9a017c6d552dbcc74ec28b22ffbda6450558e3158ac5582c94f8d83050ae430b5bd97f167e6ef7a34e27d",
            "directory_permission": "0777",
            "file_permission": "0777",
            "filename": "./.env.users_search",
            "id": "98ad19e3bb9ec24a3e0d55aa304dc9f203905095",
            "sensitive_content": null,
            "source": null
          },
          "sensitive_attributes": [
            [
              {
                "type": "get_attr",
                "value": "content"
              }
            ],
            [
              {
                "type": "get_attr",
                "value": "sensitive_content"
              }
            ]
          ],
          "identity_schema_version": 0,
          "dependencies": [
            "aws_lb.app",
            "aws_security_group.lb",
            "aws_subnet.public",
            "aws_vpc.main",
            "data.aws_availability_zones.available"
          ]
        }
      ]
    },
    {
      "mode": "managed",
      "type": "local_file",
      "name": "env_users_update",
      "provider": "provider[\"registry.terraform.io/hashicorp/local\"]",
      "instances": [
        {
          "schema_version": 0,
          "attributes": {
            "content": "# Database Configuration\r\nDB_HOST=aws-1-us-east-1.pooler.supabase.com\r\nDB_USER=postgres.zbjpxtiabdsvrwfytfld\r\nDB_PASSWORD=Tengouncuernodemamut1506\r\nDB_NAME=postgres\r\nDB_PORT=5432\r\n\r\n# Service Configuration\r\nPORT=3005\r\nNODE_ENV=production\r\n\r\n# API Gateway URL (use Load Balancer DNS)\r\nAPI_GATEWAY_URL=http://users-lb-2050019208.us-east-1.elb.amazonaws.com\r\n\r\n# Service URLs (use Load Balancer DNS for internal communication)\r\nUSERS_CREATE_URL=http://users-lb-2050019208.us-east-1.elb.amazonaws.com\r\nUSERS_DELETE_URL=http://users-lb-2050019208.us-east-1.elb.amazonaws.com\r\nUSERS_LIST_URL=http://users-lb-2050019208.us-east-1.elb.amazonaws.com\r\nUSERS_SEARCH_URL=http://users-lb-2050019208.us-east-1.elb.amazonaws.com\r\nUSERS_UPDATE_URL=http://users-lb-2050019208.us-east-1.elb.amazonaws.com\r\nAUTH_LOGIN_URL=http://users-lb-2050019208.us-east-1.elb.amazonaws.com\r\nAUTH_ROL_URL=http://users-lb-2050019208.us-east-1.elb.amazonaws.com\r\nAUTH_ME_URL=http://users-lb-2050019208.us-east-1.elb.amazonaws.com\r\nFILE_SERVICE_INIT_URL=http://users-lb-2050019208.us-east-1.elb.amazonaws.com\r\nFILE_SERVICE_UPDATE_URL=http://users-lb-2050019208.us-east-1.elb.amazonaws.com\r\nFILE_SERVICE_UPLOAD_URL=http://users-lb-2050019208.us-east-1.elb.amazonaws.com\r\nFILE_SERVICE_LIST_URL=http://users-lb-2050019208.us-east-1.elb.amazonaws.com\r\nFILE_SERVICE_DOWNLOAD_URL=http://users-lb-2050019208.us-east-1.elb.amazonaws.com\r\n\r\n# JWT Configuration\r\nJWT_SECRET=Tengouncuernodemamut2901\r\nJWT_EXPIRES_IN=24h\r\n",
            "content_base64": null,
            "content_base64sha256": "yVxmCD6ZwNVyhJMmzP0tMaW40eiroBVdLDxYwB1EF2I=",
            "content_base64sha512": "Ycze/EbDdnN9oFPfmigFKOdFAGD5PqKQhgLvp8+MpMC90HBE+rcI/VNRwlSg4RVT9T+SLlSTJbgUvUWFX9Di4g==",
            "content_md5": "ffc78480827a71aefa849b6f1b8c4630",
            "content_sha1": "5738103b2dc8227fb9d3c54e6884d285098db75c",
            "content_sha256": "c95c66083e99c0d572849326ccfd2d31a5b8d1e8aba0155d2c3c58c01d441762",
            "content_sha512": "61ccdefc46c376737da053df9a280528e7450060f93ea2908602efa7cf8ca4c0bdd07044fab708fd5351c254a0e11553f53f922e549325b814bd45855fd0e2e2",
            "directory_permission": "0777",
            "file_permission": "0777",
            "filename": "./.env.users_update",
            "id": "5738103b2dc8227fb9d3c54e6884d285098db75c",
            "sensitive_content": null,
            "source": null
          },
          "sensitive_attributes": [
            [
              {
                "type": "get_attr",
                "value": "content"
              }
            ],
            [
              {
                "type": "get_attr",
                "value": "sensitive_content"
              }
            ]
          ],
          "identity_schema_version": 0,
          "dependencies": [
            "aws_lb.app",
            "aws_security_group.lb",
            "aws_subnet.public",
            "aws_vpc.main",
            "data.aws_availability_zones.available"
          ]
        }
      ]
    },
    {
      "mode": "managed",
      "type": "local_file",
      "name": "private_key_pem",
      "provider": "provider[\"registry.terraform.io/hashicorp/local\"]",
      "instances": [
        {
          "index_key": 0,
          "schema_version": 0,
          "attributes": {
            "content": "-----BEGIN RSA PRIVATE KEY-----\nMIIJKAIBAAKCAgEA2+mXHi9TnnvyFGMFSMBl4TkEq63lusn11htlm/mbtzfzAjmP\ns2L9xL8xUJQ0Hyxms9ss2GqS00QvC4Yc6PUA6hzkF10+xdVo+F9sqKx0vPrSWUXE\nPJj4dLhyLoqji4NXn7rEBdmgLazNBiv++ESYMu/4L6srl0W077RG0MmWt8XEFduV\n4txnIv/oJw1YEEtcKxnF4j/E6sXCa5rkGPQ7ITNW7lRSA/9pXGswrVdVqOAvyoKV\nKzpqk0RY0uOBmw6XL01WKUnco8uu1Qf116F9ZXXbHeuig3oO39jxOwnQmhnX7w9d\ncKmptYzeDAJKkf8CAFW0cQwClJJ8tIVPxvA8/U7EnQQ2VIlMoFWK/LujP7cLOaiR\nJYAyYJoFGPgr2tGYMl85/5px/1Rfg8dNALT3irhUpkt979tCGkY87czEMmOwrLYE\nRLkUt4F3NLVnKOlK35H7MHVLejJ5+tez5lQpKYt3Yop7tmc3bRYdFBjcDJFcSOdS\n7vDrw6MsOCeDebtDlPmdeiqzDdak8280/Xnrtc0FRHSWw7PSRIseNEzxI25B2Ulx\nFoPMnpISHvci0Mccn0+Du93WsymWU90r2vTz79t/F6KCgUbLUdGJO1TEbQDAUj29\na/egeecabLwv2nT20CYpzXJWF+ElKAuPch/H72lZzvplUt2YeMeAEMI2dHcCAwEA\nAQKCAgARi2LDhToSGEhZaQb4ZWUbYU2mlrKPwuIKiVgDaBgMt3l7MXVt9dVSF4DL\nMW+xFv1AlxlOUL5S/YsVS8dNrJI8mz51QLqr1NlRi2djU5Liqs4SUjcUMI4N3dM6\nNFRU4o8gjqlp4BFf43vd5K+sReiwk6WExA6vvF9xijvmF1cfZTc+GS0tkrDlwW3X\ng8CFWEXLqHw5jyXaJxnaNNrCxOVcwjhKvk5mxD83INQa2C9c0Dnv2ZgmATyUcCz3\n8i+aW8EjBHP9ykdAiBT0KPTrlZYn/I2VJwHppFjAchHYyHEsgihQibTGMrr34Xur\nkJk7aZFSzoOdSzx/dupdCo+xSuRKmVsBDK0LAAgx6xgvDK9/DEqcVlF9SHHHREeN\nDQfwYKXv5UnzMJ6AHd135Rhpp6flRAj1WknW4Pc2vGMMbQ+X3DuIiebXoeFmbeBa\nnaGGDKDkY7yMFsYdaODTNnhdjnflHWkSXQt4PiVBngQ5ZTcJ9GmpzLOM7C1h3w14\nBxvlhF+eQ/4JY5EeRCQpau3NqBADM7fj3fqSRXSAVxSXB8gjC6KlgpKpfgq+k/8U\n9Bc155reKJALtO2K3WAa4TLmFAcptyVLV0npGJqsld6QKl4A8zwLMsi8QAZTRRUB\nBBIIPfSmlLVcxItcGJ2G6p5zXi7RaoBlhQJlN58bqzHXqnUcmQKCAQEA8bgbl1Uu\n+PzQ/TlhW5Uf43o94SYWFvIE1+tHx/ax3LC1W7MIWt7oc98YwMN2Xc4XMonVmT8S\nlZIG0VHSFZJDcMdRBoIAsIwoi+hzJ/wjFiKZmsmFeFho+z2OYudsfzVf7eX4iaEr\nJ/ifpuxvfCvMTyyqtDV4eCAevY37a9XFS8BLAJBiwYKyEnG7YTi+4gNbmxtddCOl\nihk/UngBVOnZoXeEDbpjxax+tLu81JqFf6B66Su6NgxaXalN7nvkp8+UGJSbZmJL\nKLjhUK00VRMaW8Lxx5G0E2PpZ4wOfGbK6bMzlZmaaTsvIPu54V7CPSL5vG7opW3r\nSlB24kU2xIZRnwKCAQEA6OeqfvdwxC2J5vD4+SiNdrOLcCz4jIab8fIwvAU0rcug\nZw0GpMVDqOBMWPNPuqatLeTLl5N82awTYNq3CyPikeXRz4L5WtAs37skEMcDqbzs\nHP8AF/E44CtbFakyei2oNUsdeCimPoLMZIxnJIm1kyoAWflfFMZakz8l9jeA3W1G\nBqXcKUrnfhCfxu4XFlhEeAX6ZbT8CO3WHY1L2Rm7KLt9fn1u9/zKzhovvn6AdiH9\nToN4zogvLrvHar6Wm53x1y+YrY82/4GZbw3rF/hA+1wZDu/Ppmr3ZbcNFx6n/TR0\nt1gjeFdre0QD7waON5XGxz56QIEZrN9o0vdjXWVeKQKCAQBT7FoYBslSRWTCJoP4\n6iOyNST64OBWgxzPYq7/bFWAjBHLjrNd6XrHkDPl6XdVRlKjh1uT42Qubg7T6haI\nysmDhJBLNCPNKDyDpuckgNQlwUmXhlRC3l9Eq7CeAj+XQw7VaD0Me9qh/B5iNEDY\n2dQLwTRbcR0sh+pkYcFjRUtE67Ses4K2MQxmfvpR3QPZMNVDWxLtWdsFwZJMrcG4\nm6CmAPrmUUqGvUcYtP3wyt2C3FMQVdBHJ67QShH2tSlEYjvG9QGnYIU71ETWX+yF\nhSZnqZ2MbrgY612ESApXgtD8pu1ICZak5pmMWBnHd8D0vQn8NH2twiYpHRrJoMJN\nJV19AoIBAQCF3iqEYesiB169LAKfC60L7jUWW/Lcqr5VubRDTeayglkHAliwOmYi\nWhHoCqnoCcd+moRe8joPzzUwNWaCc7TV0TfgQ1LZ3M/+JM2dCxbS6DD6laNTH6Zm\nSuVGtQK7cSS+xRcCKrMrOPkMThs2yCRimwCqtoftI/mJqwFB3TMnkphuV8UMwu39\n6sY7jDwe7sskBaOf8//tje7E+6L9/SkzR1jhbG1tApL7FdgdcQ6bV/wFtdGpPGOK\nRApiE3vzpDwOSGBEWg3tnGs5htF67IlFMPGCQVqkN9VNVIKkqE08X3s6quFwWScB\nKd3s9GKoFmGzwfh4vPup/pt8rw8g7pPJAoIBAAMtQsoiDpsVAxZCS5yhWciqLMzJ\nhQejSy/PVfIOxF8Vkn9iNFXQgc7g6SJNC6eRPXMX7+WK6hZZVfM8fASwuxZc89HT\nZHPHLSzannA+8uIfftdPt/VyiP65f5amsIcAd6GtSTfRdFcMPb23GNDX27fV7rFO\nJYcnERsvvjImjsIpB3InyHYiw4Nkx8dg03TarWrGcdyvFKaJ6ZsnM4GC5F/L+YGb\nm6mj6taC7vu62MoCVUwWZs1e/77knH9vK8uUFFxxNvGtd9hdxvKx3fRL78OtrZLA\nu68BWXEEkgTIF5jdXd1q6I9ueiNcg95sCC9L8DiU8yeiMBmp+kYX3cileJs=\n-----END RSA PRIVATE KEY-----\n",
            "content_base64": null,
            "content_base64sha256": "Vo/fF+p8DqMI/D4qv57eYKVjSrMzIhiyyQbNuRB/X3Q=",
            "content_base64sha512": "Qyfn8ur+5e8KYuARHP1Mm5dCYNX4ov3Pw+QMtWg1GLuwIh2kM6dB14ZvBFb4ThdFL51vwbzGmulYx2UdErbY2A==",
            "content_md5": "a18c51e68061f0e4e875024aed2a9eb3",
            "content_sha1": "5d8f5c366ff4f42ef60dda7bb5e4f91fd4079470",
            "content_sha256": "568fdf17ea7c0ea308fc3e2abf9ede60a5634ab3332218b2c906cdb9107f5f74",
            "content_sha512": "4327e7f2eafee5ef0a62e0111cfd4c9b974260d5f8a2fdcfc3e40cb5683518bbb0221da433a741d7866f0456f84e17452f9d6fc1bcc69ae958c7651d12b6d8d8",
            "directory_permission": "0777",
            "file_permission": "0600",
            "filename": "D:/llaves/gradflow-users.pem",
            "id": "5d8f5c366ff4f42ef60dda7bb5e4f91fd4079470",
            "sensitive_content": null,
            "source": null
          },
          "sensitive_attributes": [
            [
              {
                "type": "get_attr",
                "value": "content"
              }
            ],
            [
              {
                "type": "get_attr",
                "value": "sensitive_content"
              }
            ]
          ],
          "identity_schema_version": 0,
          "dependencies": [
            "tls_private_key.this"
          ]
        }
      ]
    },
    {
      "mode": "managed",
      "type": "tls_private_key",
      "name": "this",
      "provider": "provider[\"registry.terraform.io/hashicorp/tls\"]",
      "instances": [
        {
          "index_key": 0,
          "schema_version": 1,
          "attributes": {
            "algorithm": "RSA",
            "ecdsa_curve": "P224",
            "id": "0ab4bcb73d69881301c4ea71239789ac26a79a46",
            "private_key_openssh": "-----BEGIN OPENSSH PRIVATE KEY-----\nb3BlbnNzaC1rZXktdjEAAAAABG5vbmUAAAAEbm9uZQAAAAAAAAABAAACFwAAAAdz\nc2gtcnNhAAAAAwEAAQAAAgEA2+mXHi9TnnvyFGMFSMBl4TkEq63lusn11htlm/mb\ntzfzAjmPs2L9xL8xUJQ0Hyxms9ss2GqS00QvC4Yc6PUA6hzkF10+xdVo+F9sqKx0\nvPrSWUXEPJj4dLhyLoqji4NXn7rEBdmgLazNBiv++ESYMu/4L6srl0W077RG0MmW\nt8XEFduV4txnIv/oJw1YEEtcKxnF4j/E6sXCa5rkGPQ7ITNW7lRSA/9pXGswrVdV\nqOAvyoKVKzpqk0RY0uOBmw6XL01WKUnco8uu1Qf116F9ZXXbHeuig3oO39jxOwnQ\nmhnX7w9dcKmptYzeDAJKkf8CAFW0cQwClJJ8tIVPxvA8/U7EnQQ2VIlMoFWK/Luj\nP7cLOaiRJYAyYJoFGPgr2tGYMl85/5px/1Rfg8dNALT3irhUpkt979tCGkY87czE\nMmOwrLYERLkUt4F3NLVnKOlK35H7MHVLejJ5+tez5lQpKYt3Yop7tmc3bRYdFBjc\nDJFcSOdS7vDrw6MsOCeDebtDlPmdeiqzDdak8280/Xnrtc0FRHSWw7PSRIseNEzx\nI25B2UlxFoPMnpISHvci0Mccn0+Du93WsymWU90r2vTz79t/F6KCgUbLUdGJO1TE\nbQDAUj29a/egeecabLwv2nT20CYpzXJWF+ElKAuPch/H72lZzvplUt2YeMeAEMI2\ndHcAAAc47+uBWe/rgVkAAAAHc3NoLXJzYQAAAgEA2+mXHi9TnnvyFGMFSMBl4TkE\nq63lusn11htlm/mbtzfzAjmPs2L9xL8xUJQ0Hyxms9ss2GqS00QvC4Yc6PUA6hzk\nF10+xdVo+F9sqKx0vPrSWUXEPJj4dLhyLoqji4NXn7rEBdmgLazNBiv++ESYMu/4\nL6srl0W077RG0MmWt8XEFduV4txnIv/oJw1YEEtcKxnF4j/E6sXCa5rkGPQ7ITNW\n7lRSA/9pXGswrVdVqOAvyoKVKzpqk0RY0uOBmw6XL01WKUnco8uu1Qf116F9ZXXb\nHeuig3oO39jxOwnQmhnX7w9dcKmptYzeDAJKkf8CAFW0cQwClJJ8tIVPxvA8/U7E\nnQQ2VIlMoFWK/LujP7cLOaiRJYAyYJoFGPgr2tGYMl85/5px/1Rfg8dNALT3irhU\npkt979tCGkY87czEMmOwrLYERLkUt4F3NLVnKOlK35H7MHVLejJ5+tez5lQpKYt3\nYop7tmc3bRYdFBjcDJFcSOdS7vDrw6MsOCeDebtDlPmdeiqzDdak8280/Xnrtc0F\nRHSWw7PSRIseNEzxI25B2UlxFoPMnpISHvci0Mccn0+Du93WsymWU90r2vTz79t/\nF6KCgUbLUdGJO1TEbQDAUj29a/egeecabLwv2nT20CYpzXJWF+ElKAuPch/H72lZ\nzvplUt2YeMeAEMI2dHcAAAADAQABAAACABGLYsOFOhIYSFlpBvhlZRthTaaWso/C\n4gqJWANoGAy3eXsxdW311VIXgMsxb7EW/UCXGU5QvlL9ixVLx02skjybPnVAuqvU\n2VGLZ2NTkuKqzhJSNxQwjg3d0zo0VFTijyCOqWngEV/je93kr6xF6LCTpYTEDq+8\nX3GKO+YXVx9lNz4ZLS2SsOXBbdeDwIVYRcuofDmPJdonGdo02sLE5VzCOEq+TmbE\nPzcg1BrYL1zQOe/ZmCYBPJRwLPfyL5pbwSMEc/3KR0CIFPQo9OuVlif8jZUnAemk\nWMByEdjIcSyCKFCJtMYyuvfhe6uQmTtpkVLOg51LPH926l0Kj7FK5EqZWwEMrQsA\nCDHrGC8Mr38MSpxWUX1IccdER40NB/Bgpe/lSfMwnoAd3XflGGmnp+VECPVaSdbg\n9za8YwxtD5fcO4iJ5teh4WZt4FqdoYYMoORjvIwWxh1o4NM2eF2Od+UdaRJdC3g+\nJUGeBDllNwn0aanMs4zsLWHfDXgHG+WEX55D/gljkR5EJClq7c2oEAMzt+Pd+pJF\ndIBXFJcHyCMLoqWCkql+Cr6T/xT0FzXnmt4okAu07YrdYBrhMuYUBym3JUtXSekY\nmqyV3pAqXgDzPAsyyLxABlNFFQEEEgg99KaUtVzEi1wYnYbqnnNeLtFqgGWFAmU3\nnxurMdeqdRyZAAABAAMtQsoiDpsVAxZCS5yhWciqLMzJhQejSy/PVfIOxF8Vkn9i\nNFXQgc7g6SJNC6eRPXMX7+WK6hZZVfM8fASwuxZc89HTZHPHLSzannA+8uIfftdP\nt/VyiP65f5amsIcAd6GtSTfRdFcMPb23GNDX27fV7rFOJYcnERsvvjImjsIpB3In\nyHYiw4Nkx8dg03TarWrGcdyvFKaJ6ZsnM4GC5F/L+YGbm6mj6taC7vu62MoCVUwW\nZs1e/77knH9vK8uUFFxxNvGtd9hdxvKx3fRL78OtrZLAu68BWXEEkgTIF5jdXd1q\n6I9ueiNcg95sCC9L8DiU8yeiMBmp+kYX3cileJsAAAEBAPG4G5dVLvj80P05YVuV\nH+N6PeEmFhbyBNfrR8f2sdywtVuzCFre6HPfGMDDdl3OFzKJ1Zk/EpWSBtFR0hWS\nQ3DHUQaCALCMKIvocyf8IxYimZrJhXhYaPs9jmLnbH81X+3l+ImhKyf4n6bsb3wr\nzE8sqrQ1eHggHr2N+2vVxUvASwCQYsGCshJxu2E4vuIDW5sbXXQjpYoZP1J4AVTp\n2aF3hA26Y8WsfrS7vNSahX+geukrujYMWl2pTe575KfPlBiUm2ZiSyi44VCtNFUT\nGlvC8ceRtBNj6WeMDnxmyumzM5WZmmk7LyD7ueFewj0i+bxu6KVt60pQduJFNsSG\nUZ8AAAEBAOjnqn73cMQtiebw+PkojXazi3As+IyGm/HyMLwFNK3LoGcNBqTFQ6jg\nTFjzT7qmrS3ky5eTfNmsE2Datwsj4pHl0c+C+VrQLN+7JBDHA6m87Bz/ABfxOOAr\nWxWpMnotqDVLHXgopj6CzGSMZySJtZMqAFn5XxTGWpM/JfY3gN1tRgal3ClK534Q\nn8buFxZYRHgF+mW0/Ajt1h2NS9kZuyi7fX59bvf8ys4aL75+gHYh/U6DeM6ILy67\nx2q+lpud8dcvmK2PNv+BmW8N6xf4QPtcGQ7vz6Zq92W3DRcep/00dLdYI3hXa3tE\nA+8GjjeVxsc+ekCBGazfaNL3Y11lXikAAAAAAQID\n-----END OPENSSH PRIVATE KEY-----\n",
            "private_key_pem": "-----BEGIN RSA PRIVATE KEY-----\nMIIJKAIBAAKCAgEA2+mXHi9TnnvyFGMFSMBl4TkEq63lusn11htlm/mbtzfzAjmP\ns2L9xL8xUJQ0Hyxms9ss2GqS00QvC4Yc6PUA6hzkF10+xdVo+F9sqKx0vPrSWUXE\nPJj4dLhyLoqji4NXn7rEBdmgLazNBiv++ESYMu/4L6srl0W077RG0MmWt8XEFduV\n4txnIv/oJw1YEEtcKxnF4j/E6sXCa5rkGPQ7ITNW7lRSA/9pXGswrVdVqOAvyoKV\nKzpqk0RY0uOBmw6XL01WKUnco8uu1Qf116F9ZXXbHeuig3oO39jxOwnQmhnX7w9d\ncKmptYzeDAJKkf8CAFW0cQwClJJ8tIVPxvA8/U7EnQQ2VIlMoFWK/LujP7cLOaiR\nJYAyYJoFGPgr2tGYMl85/5px/1Rfg8dNALT3irhUpkt979tCGkY87czEMmOwrLYE\nRLkUt4F3NLVnKOlK35H7MHVLejJ5+tez5lQpKYt3Yop7tmc3bRYdFBjcDJFcSOdS\n7vDrw6MsOCeDebtDlPmdeiqzDdak8280/Xnrtc0FRHSWw7PSRIseNEzxI25B2Ulx\nFoPMnpISHvci0Mccn0+Du93WsymWU90r2vTz79t/F6KCgUbLUdGJO1TEbQDAUj29\na/egeecabLwv2nT20CYpzXJWF+ElKAuPch/H72lZzvplUt2YeMeAEMI2dHcCAwEA\nAQKCAgARi2LDhToSGEhZaQb4ZWUbYU2mlrKPwuIKiVgDaBgMt3l7MXVt9dVSF4DL\nMW+xFv1AlxlOUL5S/YsVS8dNrJI8mz51QLqr1NlRi2djU5Liqs4SUjcUMI4N3dM6\nNFRU4o8gjqlp4BFf43vd5K+sReiwk6WExA6vvF9xijvmF1cfZTc+GS0tkrDlwW3X\ng8CFWEXLqHw5jyXaJxnaNNrCxOVcwjhKvk5mxD83INQa2C9c0Dnv2ZgmATyUcCz3\n8i+aW8EjBHP9ykdAiBT0KPTrlZYn/I2VJwHppFjAchHYyHEsgihQibTGMrr34Xur\nkJk7aZFSzoOdSzx/dupdCo+xSuRKmVsBDK0LAAgx6xgvDK9/DEqcVlF9SHHHREeN\nDQfwYKXv5UnzMJ6AHd135Rhpp6flRAj1WknW4Pc2vGMMbQ+X3DuIiebXoeFmbeBa\nnaGGDKDkY7yMFsYdaODTNnhdjnflHWkSXQt4PiVBngQ5ZTcJ9GmpzLOM7C1h3w14\nBxvlhF+eQ/4JY5EeRCQpau3NqBADM7fj3fqSRXSAVxSXB8gjC6KlgpKpfgq+k/8U\n9Bc155reKJALtO2K3WAa4TLmFAcptyVLV0npGJqsld6QKl4A8zwLMsi8QAZTRRUB\nBBIIPfSmlLVcxItcGJ2G6p5zXi7RaoBlhQJlN58bqzHXqnUcmQKCAQEA8bgbl1Uu\n+PzQ/TlhW5Uf43o94SYWFvIE1+tHx/ax3LC1W7MIWt7oc98YwMN2Xc4XMonVmT8S\nlZIG0VHSFZJDcMdRBoIAsIwoi+hzJ/wjFiKZmsmFeFho+z2OYudsfzVf7eX4iaEr\nJ/ifpuxvfCvMTyyqtDV4eCAevY37a9XFS8BLAJBiwYKyEnG7YTi+4gNbmxtddCOl\nihk/UngBVOnZoXeEDbpjxax+tLu81JqFf6B66Su6NgxaXalN7nvkp8+UGJSbZmJL\nKLjhUK00VRMaW8Lxx5G0E2PpZ4wOfGbK6bMzlZmaaTsvIPu54V7CPSL5vG7opW3r\nSlB24kU2xIZRnwKCAQEA6OeqfvdwxC2J5vD4+SiNdrOLcCz4jIab8fIwvAU0rcug\nZw0GpMVDqOBMWPNPuqatLeTLl5N82awTYNq3CyPikeXRz4L5WtAs37skEMcDqbzs\nHP8AF/E44CtbFakyei2oNUsdeCimPoLMZIxnJIm1kyoAWflfFMZakz8l9jeA3W1G\nBqXcKUrnfhCfxu4XFlhEeAX6ZbT8CO3WHY1L2Rm7KLt9fn1u9/zKzhovvn6AdiH9\nToN4zogvLrvHar6Wm53x1y+YrY82/4GZbw3rF/hA+1wZDu/Ppmr3ZbcNFx6n/TR0\nt1gjeFdre0QD7waON5XGxz56QIEZrN9o0vdjXWVeKQKCAQBT7FoYBslSRWTCJoP4\n6iOyNST64OBWgxzPYq7/bFWAjBHLjrNd6XrHkDPl6XdVRlKjh1uT42Qubg7T6haI\nysmDhJBLNCPNKDyDpuckgNQlwUmXhlRC3l9Eq7CeAj+XQw7VaD0Me9qh/B5iNEDY\n2dQLwTRbcR0sh+pkYcFjRUtE67Ses4K2MQxmfvpR3QPZMNVDWxLtWdsFwZJMrcG4\nm6CmAPrmUUqGvUcYtP3wyt2C3FMQVdBHJ67QShH2tSlEYjvG9QGnYIU71ETWX+yF\nhSZnqZ2MbrgY612ESApXgtD8pu1ICZak5pmMWBnHd8D0vQn8NH2twiYpHRrJoMJN\nJV19AoIBAQCF3iqEYesiB169LAKfC60L7jUWW/Lcqr5VubRDTeayglkHAliwOmYi\nWhHoCqnoCcd+moRe8joPzzUwNWaCc7TV0TfgQ1LZ3M/+JM2dCxbS6DD6laNTH6Zm\nSuVGtQK7cSS+xRcCKrMrOPkMThs2yCRimwCqtoftI/mJqwFB3TMnkphuV8UMwu39\n6sY7jDwe7sskBaOf8//tje7E+6L9/SkzR1jhbG1tApL7FdgdcQ6bV/wFtdGpPGOK\nRApiE3vzpDwOSGBEWg3tnGs5htF67IlFMPGCQVqkN9VNVIKkqE08X3s6quFwWScB\nKd3s9GKoFmGzwfh4vPup/pt8rw8g7pPJAoIBAAMtQsoiDpsVAxZCS5yhWciqLMzJ\nhQejSy/PVfIOxF8Vkn9iNFXQgc7g6SJNC6eRPXMX7+WK6hZZVfM8fASwuxZc89HT\nZHPHLSzannA+8uIfftdPt/VyiP65f5amsIcAd6GtSTfRdFcMPb23GNDX27fV7rFO\nJYcnERsvvjImjsIpB3InyHYiw4Nkx8dg03TarWrGcdyvFKaJ6ZsnM4GC5F/L+YGb\nm6mj6taC7vu62MoCVUwWZs1e/77knH9vK8uUFFxxNvGtd9hdxvKx3fRL78OtrZLA\nu68BWXEEkgTIF5jdXd1q6I9ueiNcg95sCC9L8DiU8yeiMBmp+kYX3cileJs=\n-----END RSA PRIVATE KEY-----\n",
            "private_key_pem_pkcs8": "-----BEGIN PRIVATE KEY-----\nMIIJQgIBADANBgkqhkiG9w0BAQEFAASCCSwwggkoAgEAAoICAQDb6ZceL1Oee/IU\nYwVIwGXhOQSrreW6yfXWG2Wb+Zu3N/MCOY+zYv3EvzFQlDQfLGaz2yzYapLTRC8L\nhhzo9QDqHOQXXT7F1Wj4X2yorHS8+tJZRcQ8mPh0uHIuiqOLg1efusQF2aAtrM0G\nK/74RJgy7/gvqyuXRbTvtEbQyZa3xcQV25Xi3Gci/+gnDVgQS1wrGcXiP8TqxcJr\nmuQY9DshM1buVFID/2lcazCtV1Wo4C/KgpUrOmqTRFjS44GbDpcvTVYpSdyjy67V\nB/XXoX1lddsd66KDeg7f2PE7CdCaGdfvD11wqam1jN4MAkqR/wIAVbRxDAKUkny0\nhU/G8Dz9TsSdBDZUiUygVYr8u6M/tws5qJElgDJgmgUY+Cva0ZgyXzn/mnH/VF+D\nx00AtPeKuFSmS33v20IaRjztzMQyY7CstgREuRS3gXc0tWco6UrfkfswdUt6Mnn6\n17PmVCkpi3diinu2ZzdtFh0UGNwMkVxI51Lu8OvDoyw4J4N5u0OU+Z16KrMN1qTz\nbzT9eeu1zQVEdJbDs9JEix40TPEjbkHZSXEWg8yekhIe9yLQxxyfT4O73dazKZZT\n3Sva9PPv238XooKBRstR0Yk7VMRtAMBSPb1r96B55xpsvC/adPbQJinNclYX4SUo\nC49yH8fvaVnO+mVS3Zh4x4AQwjZ0dwIDAQABAoICABGLYsOFOhIYSFlpBvhlZRth\nTaaWso/C4gqJWANoGAy3eXsxdW311VIXgMsxb7EW/UCXGU5QvlL9ixVLx02skjyb\nPnVAuqvU2VGLZ2NTkuKqzhJSNxQwjg3d0zo0VFTijyCOqWngEV/je93kr6xF6LCT\npYTEDq+8X3GKO+YXVx9lNz4ZLS2SsOXBbdeDwIVYRcuofDmPJdonGdo02sLE5VzC\nOEq+TmbEPzcg1BrYL1zQOe/ZmCYBPJRwLPfyL5pbwSMEc/3KR0CIFPQo9OuVlif8\njZUnAemkWMByEdjIcSyCKFCJtMYyuvfhe6uQmTtpkVLOg51LPH926l0Kj7FK5EqZ\nWwEMrQsACDHrGC8Mr38MSpxWUX1IccdER40NB/Bgpe/lSfMwnoAd3XflGGmnp+VE\nCPVaSdbg9za8YwxtD5fcO4iJ5teh4WZt4FqdoYYMoORjvIwWxh1o4NM2eF2Od+Ud\naRJdC3g+JUGeBDllNwn0aanMs4zsLWHfDXgHG+WEX55D/gljkR5EJClq7c2oEAMz\nt+Pd+pJFdIBXFJcHyCMLoqWCkql+Cr6T/xT0FzXnmt4okAu07YrdYBrhMuYUBym3\nJUtXSekYmqyV3pAqXgDzPAsyyLxABlNFFQEEEgg99KaUtVzEi1wYnYbqnnNeLtFq\ngGWFAmU3nxurMdeqdRyZAoIBAQDxuBuXVS74/ND9OWFblR/jej3hJhYW8gTX60fH\n9rHcsLVbswha3uhz3xjAw3ZdzhcyidWZPxKVkgbRUdIVkkNwx1EGggCwjCiL6HMn\n/CMWIpmayYV4WGj7PY5i52x/NV/t5fiJoSsn+J+m7G98K8xPLKq0NXh4IB69jftr\n1cVLwEsAkGLBgrIScbthOL7iA1ubG110I6WKGT9SeAFU6dmhd4QNumPFrH60u7zU\nmoV/oHrpK7o2DFpdqU3ue+Snz5QYlJtmYksouOFQrTRVExpbwvHHkbQTY+lnjA58\nZsrpszOVmZppOy8g+7nhXsI9Ivm8builbetKUHbiRTbEhlGfAoIBAQDo56p+93DE\nLYnm8Pj5KI12s4twLPiMhpvx8jC8BTSty6BnDQakxUOo4ExY80+6pq0t5MuXk3zZ\nrBNg2rcLI+KR5dHPgvla0CzfuyQQxwOpvOwc/wAX8TjgK1sVqTJ6Lag1Sx14KKY+\ngsxkjGckibWTKgBZ+V8UxlqTPyX2N4DdbUYGpdwpSud+EJ/G7hcWWER4BfpltPwI\n7dYdjUvZGbsou31+fW73/MrOGi++foB2If1Og3jOiC8uu8dqvpabnfHXL5itjzb/\ngZlvDesX+ED7XBkO78+mavdltw0XHqf9NHS3WCN4V2t7RAPvBo43lcbHPnpAgRms\n32jS92NdZV4pAoIBAFPsWhgGyVJFZMImg/jqI7I1JPrg4FaDHM9irv9sVYCMEcuO\ns13peseQM+Xpd1VGUqOHW5PjZC5uDtPqFojKyYOEkEs0I80oPIOm5ySA1CXBSZeG\nVELeX0SrsJ4CP5dDDtVoPQx72qH8HmI0QNjZ1AvBNFtxHSyH6mRhwWNFS0TrtJ6z\ngrYxDGZ++lHdA9kw1UNbEu1Z2wXBkkytwbiboKYA+uZRSoa9Rxi0/fDK3YLcUxBV\n0EcnrtBKEfa1KURiO8b1AadghTvURNZf7IWFJmepnYxuuBjrXYRICleC0Pym7UgJ\nlqTmmYxYGcd3wPS9Cfw0fa3CJikdGsmgwk0lXX0CggEBAIXeKoRh6yIHXr0sAp8L\nrQvuNRZb8tyqvlW5tENN5rKCWQcCWLA6ZiJaEegKqegJx36ahF7yOg/PNTA1ZoJz\ntNXRN+BDUtncz/4kzZ0LFtLoMPqVo1MfpmZK5Ua1ArtxJL7FFwIqsys4+QxOGzbI\nJGKbAKq2h+0j+YmrAUHdMyeSmG5XxQzC7f3qxjuMPB7uyyQFo5/z/+2N7sT7ov39\nKTNHWOFsbW0CkvsV2B1xDptX/AW10ak8Y4pECmITe/OkPA5IYERaDe2cazmG0Xrs\niUUw8YJBWqQ31U1UgqSoTTxfezqq4XBZJwEp3ez0YqgWYbPB+Hi8+6n+m3yvDyDu\nk8kCggEAAy1CyiIOmxUDFkJLnKFZyKoszMmFB6NLL89V8g7EXxWSf2I0VdCBzuDp\nIk0Lp5E9cxfv5YrqFllV8zx8BLC7Flzz0dNkc8ctLNqecD7y4h9+10+39XKI/rl/\nlqawhwB3oa1JN9F0Vww9vbcY0Nfbt9XusU4lhycRGy++MiaOwikHcifIdiLDg2TH\nx2DTdNqtasZx3K8UponpmyczgYLkX8v5gZubqaPq1oLu+7rYygJVTBZmzV7/vuSc\nf28ry5QUXHE28a132F3G8rHd9Evvw62tksC7rwFZcQSSBMgXmN1d3Wroj256I1yD\n3mwIL0vwOJTzJ6IwGan6RhfdyKV4mw==\n-----END PRIVATE KEY-----\n",
            "public_key_fingerprint_md5": "68:b9:ba:cb:4a:af:0d:06:81:3e:b3:77:82:19:15:28",
            "public_key_fingerprint_sha256": "SHA256:bGRKb/E1ZfndT6WoVAGXVEqIIJDPMczP2Cx46WB9cQw",
            "public_key_openssh": "ssh-rsa AAAAB3NzaC1yc2EAAAADAQABAAACAQDb6ZceL1Oee/IUYwVIwGXhOQSrreW6yfXWG2Wb+Zu3N/MCOY+zYv3EvzFQlDQfLGaz2yzYapLTRC8Lhhzo9QDqHOQXXT7F1Wj4X2yorHS8+tJZRcQ8mPh0uHIuiqOLg1efusQF2aAtrM0GK/74RJgy7/gvqyuXRbTvtEbQyZa3xcQV25Xi3Gci/+gnDVgQS1wrGcXiP8TqxcJrmuQY9DshM1buVFID/2lcazCtV1Wo4C/KgpUrOmqTRFjS44GbDpcvTVYpSdyjy67VB/XXoX1lddsd66KDeg7f2PE7CdCaGdfvD11wqam1jN4MAkqR/wIAVbRxDAKUkny0hU/G8Dz9TsSdBDZUiUygVYr8u6M/tws5qJElgDJgmgUY+Cva0ZgyXzn/mnH/VF+Dx00AtPeKuFSmS33v20IaRjztzMQyY7CstgREuRS3gXc0tWco6UrfkfswdUt6Mnn617PmVCkpi3diinu2ZzdtFh0UGNwMkVxI51Lu8OvDoyw4J4N5u0OU+Z16KrMN1qTzbzT9eeu1zQVEdJbDs9JEix40TPEjbkHZSXEWg8yekhIe9yLQxxyfT4O73dazKZZT3Sva9PPv238XooKBRstR0Yk7VMRtAMBSPb1r96B55xpsvC/adPbQJinNclYX4SUoC49yH8fvaVnO+mVS3Zh4x4AQwjZ0dw==\n",
            "public_key_pem": "-----BEGIN PUBLIC KEY-----\nMIICIjANBgkqhkiG9w0BAQEFAAOCAg8AMIICCgKCAgEA2+mXHi9TnnvyFGMFSMBl\n4TkEq63lusn11htlm/mbtzfzAjmPs2L9xL8xUJQ0Hyxms9ss2GqS00QvC4Yc6PUA\n6hzkF10+xdVo+F9sqKx0vPrSWUXEPJj4dLhyLoqji4NXn7rEBdmgLazNBiv++ESY\nMu/4L6srl0W077RG0MmWt8XEFduV4txnIv/oJw1YEEtcKxnF4j/E6sXCa5rkGPQ7\nITNW7lRSA/9pXGswrVdVqOAvyoKVKzpqk0RY0uOBmw6XL01WKUnco8uu1Qf116F9\nZXXbHeuig3oO39jxOwnQmhnX7w9dcKmptYzeDAJKkf8CAFW0cQwClJJ8tIVPxvA8\n/U7EnQQ2VIlMoFWK/LujP7cLOaiRJYAyYJoFGPgr2tGYMl85/5px/1Rfg8dNALT3\nirhUpkt979tCGkY87czEMmOwrLYERLkUt4F3NLVnKOlK35H7MHVLejJ5+tez5lQp\nKYt3Yop7tmc3bRYdFBjcDJFcSOdS7vDrw6MsOCeDebtDlPmdeiqzDdak8280/Xnr\ntc0FRHSWw7PSRIseNEzxI25B2UlxFoPMnpISHvci0Mccn0+Du93WsymWU90r2vTz\n79t/F6KCgUbLUdGJO1TEbQDAUj29a/egeecabLwv2nT20CYpzXJWF+ElKAuPch/H\n72lZzvplUt2YeMeAEMI2dHcCAwEAAQ==\n-----END PUBLIC KEY-----\n",
            "rsa_bits": 4096
          },
          "sensitive_attributes": [
            [
              {
                "type": "get_attr",
                "value": "private_key_openssh"
              }
            ],
            [
              {
                "type": "get_attr",
                "value": "private_key_pem"
              }
            ],
            [
              {
                "type": "get_attr",
                "value": "private_key_pem_pkcs8"
              }
            ]
          ],
          "identity_schema_version": 0
        }
      ]
    }
  ],
  "check_results": [
    {
      "object_kind": "var",
      "config_addr": "var.max_capacity",
      "status": "pass",
      "objects": [
        {
          "object_addr": "var.max_capacity",
          "status": "pass"
        }
      ]
    }
  ]
}
