{
  "version": 4,
  "terraform_version": "1.14.1",
  "serial": 533,
  "lineage": "5de68eff-eb21-9e50-18a6-c48e1db7a8e4",
  "outputs": {
    "asg_arn": {
      "value": "arn:aws:autoscaling:us-east-1:697755754723:autoScalingGroup:7035115d-6111-43a3-86c1-1914387c82de:autoScalingGroupName/users-asg",
      "type": "string"
    },
    "asg_name": {
      "value": "users-asg",
      "type": "string"
    },
    "key_pair_name": {
      "value": "gradflow-users",
      "type": "string"
    },
    "loadbalancer_arn": {
      "value": "arn:aws:elasticloadbalancing:us-east-1:697755754723:loadbalancer/app/users-lb/ff9c8b7d1b1b385e",
      "type": "string"
    },
    "loadbalancer_dns": {
      "value": "users-lb-1324591886.us-east-1.elb.amazonaws.com",
      "type": "string"
    },
    "public_subnets": {
      "value": [
        "subnet-0b4dcdedde8dafe61",
        "subnet-08ddedff42c0f4a72"
      ],
      "type": [
        "tuple",
        [
          "string",
          "string"
        ]
      ]
    },
    "ssh_command_hint": {
      "value": "ssh -i \u003cruta-a-tu-pem\u003e ubuntu@\u003cip_publica-o-elastica\u003e",
      "type": "string"
    },
    "target_group_arn": {
      "value": "arn:aws:elasticloadbalancing:us-east-1:697755754723:targetgroup/users-tg/a708f4dee2e3c33f",
      "type": "string"
    },
    "target_group_name": {
      "value": "users-tg",
      "type": "string"
    },
    "vpc_id": {
      "value": "vpc-0a057d32bce64152b",
      "type": "string"
    }
  },
  "resources": [
    {
      "mode": "data",
      "type": "aws_availability_zones",
      "name": "available",
      "provider": "provider[\"registry.terraform.io/hashicorp/aws\"]",
      "instances": [
        {
          "schema_version": 0,
          "attributes": {
            "all_availability_zones": null,
            "exclude_names": null,
            "exclude_zone_ids": null,
            "filter": null,
            "group_names": [
              "us-east-1-zg-1"
            ],
            "id": "us-east-1",
            "names": [
              "us-east-1a",
              "us-east-1b",
              "us-east-1c",
              "us-east-1d",
              "us-east-1e",
              "us-east-1f"
            ],
            "region": "us-east-1",
            "state": null,
            "timeouts": null,
            "zone_ids": [
              "use1-az6",
              "use1-az1",
              "use1-az2",
              "use1-az4",
              "use1-az3",
              "use1-az5"
            ]
          },
          "sensitive_attributes": [],
          "identity_schema_version": 0
        }
      ]
    },
    {
      "mode": "managed",
      "type": "aws_autoscaling_group",
      "name": "app",
      "provider": "provider[\"registry.terraform.io/hashicorp/aws\"]",
      "instances": [
        {
          "schema_version": 1,
          "attributes": {
            "arn": "arn:aws:autoscaling:us-east-1:697755754723:autoScalingGroup:7035115d-6111-43a3-86c1-1914387c82de:autoScalingGroupName/users-asg",
            "availability_zone_distribution": [
              {
                "capacity_distribution_strategy": "balanced-best-effort"
              }
            ],
            "availability_zones": [
              "us-east-1a",
              "us-east-1b"
            ],
            "capacity_rebalance": false,
            "capacity_reservation_specification": [
              {
                "capacity_reservation_preference": "default",
                "capacity_reservation_target": []
              }
            ],
            "context": "",
            "default_cooldown": 300,
            "default_instance_warmup": 0,
            "desired_capacity": 2,
            "desired_capacity_type": "",
            "enabled_metrics": null,
            "force_delete": false,
            "force_delete_warm_pool": false,
            "health_check_grace_period": 300,
            "health_check_type": "EC2",
            "id": "users-asg",
            "ignore_failed_scaling_activities": false,
            "initial_lifecycle_hook": [],
            "instance_maintenance_policy": [],
            "instance_refresh": [
              {
                "preferences": [
                  {
                    "alarm_specification": [],
                    "auto_rollback": false,
                    "checkpoint_delay": "",
                    "checkpoint_percentages": null,
                    "instance_warmup": "180",
                    "max_healthy_percentage": 100,
                    "min_healthy_percentage": 50,
                    "scale_in_protected_instances": "Ignore",
                    "skip_matching": false,
                    "standby_instances": "Ignore"
                  }
                ],
                "strategy": "Rolling",
                "triggers": [
                  "tag"
                ]
              }
            ],
            "launch_configuration": "",
            "launch_template": [
              {
                "id": "lt-0e42071d97b09ac54",
                "name": "users-app-20260121205054991100000002",
                "version": "$Latest"
              }
            ],
            "load_balancers": [],
            "max_instance_lifetime": 0,
            "max_size": 5,
            "metrics_granularity": "1Minute",
            "min_elb_capacity": null,
            "min_size": 2,
            "mixed_instances_policy": [],
            "name": "users-asg",
            "name_prefix": "",
            "placement_group": "",
            "predicted_capacity": 0,
            "protect_from_scale_in": false,
            "region": "us-east-1",
            "service_linked_role_arn": "arn:aws:iam::697755754723:role/aws-service-role/autoscaling.amazonaws.com/AWSServiceRoleForAutoScaling",
            "suspended_processes": null,
            "tag": [
              {
                "key": "ManagedBy",
                "propagate_at_launch": true,
                "value": "Terraform"
              },
              {
                "key": "Name",
                "propagate_at_launch": true,
                "value": "users-instance"
              }
            ],
            "target_group_arns": [
              "arn:aws:elasticloadbalancing:us-east-1:697755754723:targetgroup/users-tg/a708f4dee2e3c33f"
            ],
            "termination_policies": [
              "Default"
            ],
            "timeouts": null,
            "traffic_source": [
              {
                "identifier": "arn:aws:elasticloadbalancing:us-east-1:697755754723:targetgroup/users-tg/a708f4dee2e3c33f",
                "type": "elbv2"
              }
            ],
            "vpc_zone_identifier": [
              "subnet-08ddedff42c0f4a72",
              "subnet-0b4dcdedde8dafe61"
            ],
            "wait_for_capacity_timeout": "10m",
            "wait_for_elb_capacity": null,
            "warm_pool": [],
            "warm_pool_size": 0
          },
          "sensitive_attributes": [],
          "identity_schema_version": 0,
          "private": "eyJlMmJmYjczMC1lY2FhLTExZTYtOGY4OC0zNDM2M2JjN2M0YzAiOnsiZGVsZXRlIjo2MDAwMDAwMDAwMDAsInVwZGF0ZSI6NjAwMDAwMDAwMDAwfSwic2NoZW1hX3ZlcnNpb24iOiIxIn0=",
          "dependencies": [
            "aws_key_pair.this",
            "aws_launch_template.app",
            "aws_lb.app",
            "aws_lb_target_group.app",
            "aws_security_group.lb",
            "aws_security_group.web",
            "aws_subnet.public",
            "aws_vpc.main",
            "data.aws_availability_zones.available",
            "tls_private_key.this"
          ]
        }
      ]
    },
    {
      "mode": "managed",
      "type": "aws_autoscaling_policy",
      "name": "cpu_scale_up",
      "provider": "provider[\"registry.terraform.io/hashicorp/aws\"]",
      "instances": [
        {
          "schema_version": 0,
          "attributes": {
            "adjustment_type": "",
            "arn": "arn:aws:autoscaling:us-east-1:697755754723:scalingPolicy:2af6b2a9-632d-4b4e-b5cb-3df851a6a08a:autoScalingGroupName/users-asg:policyName/scale-up-on-high-cpu",
            "autoscaling_group_name": "users-asg",
            "cooldown": 0,
            "enabled": true,
            "estimated_instance_warmup": 300,
            "id": "scale-up-on-high-cpu",
            "metric_aggregation_type": "",
            "min_adjustment_magnitude": 0,
            "name": "scale-up-on-high-cpu",
            "policy_type": "TargetTrackingScaling",
            "predictive_scaling_configuration": [],
            "region": "us-east-1",
            "scaling_adjustment": 0,
            "step_adjustment": [],
            "target_tracking_configuration": [
              {
                "customized_metric_specification": [],
                "disable_scale_in": false,
                "predefined_metric_specification": [
                  {
                    "predefined_metric_type": "ASGAverageCPUUtilization",
                    "resource_label": ""
                  }
                ],
                "target_value": 80
              }
            ]
          },
          "sensitive_attributes": [],
          "identity_schema_version": 0,
          "private": "bnVsbA==",
          "dependencies": [
            "aws_autoscaling_group.app",
            "aws_key_pair.this",
            "aws_launch_template.app",
            "aws_lb.app",
            "aws_lb_target_group.app",
            "aws_security_group.lb",
            "aws_security_group.web",
            "aws_subnet.public",
            "aws_vpc.main",
            "data.aws_availability_zones.available",
            "tls_private_key.this"
          ]
        }
      ]
    },
    {
      "mode": "managed",
      "type": "aws_autoscaling_policy",
      "name": "scale_in",
      "provider": "provider[\"registry.terraform.io/hashicorp/aws\"]",
      "instances": [
        {
          "schema_version": 0,
          "attributes": {
            "adjustment_type": "ChangeInCapacity",
            "arn": "arn:aws:autoscaling:us-east-1:697755754723:scalingPolicy:c88cb425-18d0-490e-a76a-2ad61dda0664:autoScalingGroupName/users-asg:policyName/scale-in-policy",
            "autoscaling_group_name": "users-asg",
            "cooldown": 600,
            "enabled": true,
            "estimated_instance_warmup": 0,
            "id": "scale-in-policy",
            "metric_aggregation_type": "",
            "min_adjustment_magnitude": 0,
            "name": "scale-in-policy",
            "policy_type": "SimpleScaling",
            "predictive_scaling_configuration": [],
            "region": "us-east-1",
            "scaling_adjustment": -1,
            "step_adjustment": [],
            "target_tracking_configuration": []
          },
          "sensitive_attributes": [],
          "identity_schema_version": 0,
          "private": "bnVsbA==",
          "dependencies": [
            "aws_autoscaling_group.app",
            "aws_key_pair.this",
            "aws_launch_template.app",
            "aws_lb.app",
            "aws_lb_target_group.app",
            "aws_security_group.lb",
            "aws_security_group.web",
            "aws_subnet.public",
            "aws_vpc.main",
            "data.aws_availability_zones.available",
            "tls_private_key.this"
          ]
        }
      ]
    },
    {
      "mode": "managed",
      "type": "aws_autoscaling_policy",
      "name": "scale_out",
      "provider": "provider[\"registry.terraform.io/hashicorp/aws\"]",
      "instances": [
        {
          "schema_version": 0,
          "attributes": {
            "adjustment_type": "ChangeInCapacity",
            "arn": "arn:aws:autoscaling:us-east-1:697755754723:scalingPolicy:e2f0aa71-c5f6-4f48-a2f3-f400243165ea:autoScalingGroupName/users-asg:policyName/scale-out-policy",
            "autoscaling_group_name": "users-asg",
            "cooldown": 300,
            "enabled": true,
            "estimated_instance_warmup": 0,
            "id": "scale-out-policy",
            "metric_aggregation_type": "",
            "min_adjustment_magnitude": 0,
            "name": "scale-out-policy",
            "policy_type": "SimpleScaling",
            "predictive_scaling_configuration": [],
            "region": "us-east-1",
            "scaling_adjustment": 1,
            "step_adjustment": [],
            "target_tracking_configuration": []
          },
          "sensitive_attributes": [],
          "identity_schema_version": 0,
          "private": "bnVsbA==",
          "dependencies": [
            "aws_autoscaling_group.app",
            "aws_key_pair.this",
            "aws_launch_template.app",
            "aws_lb.app",
            "aws_lb_target_group.app",
            "aws_security_group.lb",
            "aws_security_group.web",
            "aws_subnet.public",
            "aws_vpc.main",
            "data.aws_availability_zones.available",
            "tls_private_key.this"
          ]
        }
      ]
    },
    {
      "mode": "managed",
      "type": "aws_internet_gateway",
      "name": "igw",
      "provider": "provider[\"registry.terraform.io/hashicorp/aws\"]",
      "instances": [
        {
          "schema_version": 0,
          "attributes": {
            "arn": "arn:aws:ec2:us-east-1:697755754723:internet-gateway/igw-0f9c9551903c90747",
            "id": "igw-0f9c9551903c90747",
            "owner_id": "697755754723",
            "region": "us-east-1",
            "tags": null,
            "tags_all": {
              "Environment": "users",
              "ManagedBy": "Terraform",
              "Project": "GradFlow"
            },
            "timeouts": null,
            "vpc_id": "vpc-0a057d32bce64152b"
          },
          "sensitive_attributes": [],
          "identity_schema_version": 0,
          "private": "eyJlMmJmYjczMC1lY2FhLTExZTYtOGY4OC0zNDM2M2JjN2M0YzAiOnsiY3JlYXRlIjoxMjAwMDAwMDAwMDAwLCJkZWxldGUiOjEyMDAwMDAwMDAwMDAsInVwZGF0ZSI6MTIwMDAwMDAwMDAwMH19",
          "dependencies": [
            "aws_vpc.main"
          ]
        }
      ]
    },
    {
      "mode": "managed",
      "type": "aws_key_pair",
      "name": "this",
      "provider": "provider[\"registry.terraform.io/hashicorp/aws\"]",
      "instances": [
        {
          "index_key": 0,
          "schema_version": 1,
          "attributes": {
            "arn": "arn:aws:ec2:us-east-1:697755754723:key-pair/gradflow-users",
            "fingerprint": "84:bb:b1:18:78:5b:ba:11:ca:3d:bd:9d:db:5c:c1:df",
            "id": "gradflow-users",
            "key_name": "gradflow-users",
            "key_name_prefix": "",
            "key_pair_id": "key-02794e292fb11dbc5",
            "key_type": "rsa",
            "public_key": "ssh-rsa AAAAB3NzaC1yc2EAAAADAQABAAACAQCmoHGVRcDFMSo1qs/cH98t0WNAX5KVQssVauuAgJ7iZBLCg5TZYc1LRoYNxnKto+8c9BFd9Q/pEKp3yKJtENlm8ksxPlXKR42vH4zhV/7oTr+TzoEQ0bglbaYsAzJbvZD2PcUM7ZRwS5BsgUmWS7Jf6IyRRPJoTFiYOUZb8kGz7HPGAW9qwota/fSD5u2c5tP4tiOcMOLNpy9GtTgQQU37vU/WLll6l5uJl+7FdLt/ifreGDMJwsIlijWGlJHe65RB5WN/wdq1reff7tPcNeDVVY7ClF2VOtG/di7CpBpSsmHGh4PhdU+DPPyWIZwObFlccUBC4KtHuHYM2F/LLENop6PzRf6m3kT5R9QpdjJrkBMO4Wj5tne53emVjbWnRe6aSIWs3r9ssbVG3pINfc7XmtIrf2Hp3CgbOMUrL2Z7O+RwyijN4+5Z2szk4KPciCUww8k20gpZqBLHqy5Yvl+lbPlCLqIclKqWP+s2fGUCskHtbtPxjHZbivhIx25jRAUgjKeYMc06qrNyLMZs+dq6Gt2sTJLfY65QV5llRBKcaRH2rd8QHBL+Vbv4BGqObDJLAWAn3/5cS+S3dJybQVlojaDlBk2fy0QYJ0mcCBZ5is0fOvzuPQgjfhz1umftOwS03c/K7PIF8lX7iRohT0NIz3FWUgV5JWT5HSQ6/gS5Ew==",
            "region": "us-east-1",
            "tags": null,
            "tags_all": {
              "Environment": "users",
              "ManagedBy": "Terraform",
              "Project": "GradFlow"
            }
          },
          "sensitive_attributes": [],
          "identity_schema_version": 0,
          "private": "eyJzY2hlbWFfdmVyc2lvbiI6IjEifQ==",
          "dependencies": [
            "tls_private_key.this"
          ]
        }
      ]
    },
    {
      "mode": "managed",
      "type": "aws_launch_template",
      "name": "app",
      "provider": "provider[\"registry.terraform.io/hashicorp/aws\"]",
      "instances": [
        {
          "schema_version": 1,
          "attributes": {
            "arn": "arn:aws:ec2:us-east-1:697755754723:launch-template/lt-0e42071d97b09ac54",
            "block_device_mappings": [],
            "capacity_reservation_specification": [],
            "cpu_options": [],
            "credit_specification": [],
            "default_version": 1,
            "description": "",
            "disable_api_stop": false,
            "disable_api_termination": false,
            "ebs_optimized": "",
            "enclave_options": [],
            "hibernation_options": [],
            "iam_instance_profile": [],
            "id": "lt-0e42071d97b09ac54",
            "image_id": "ami-0ecb62995f68bb549",
            "instance_initiated_shutdown_behavior": "",
            "instance_market_options": [],
            "instance_requirements": [],
            "instance_type": "t3.micro",
            "kernel_id": "",
            "key_name": "gradflow-users",
            "latest_version": 1,
            "license_specification": [],
            "maintenance_options": [],
            "metadata_options": [],
            "monitoring": [],
            "name": "users-app-20260121205054991100000002",
            "name_prefix": "users-app-",
            "network_interfaces": [],
            "placement": [],
            "private_dns_name_options": [],
            "ram_disk_id": "",
            "region": "us-east-1",
            "security_group_names": null,
            "tag_specifications": [],
            "tags": null,
            "tags_all": {
              "Environment": "users",
              "ManagedBy": "Terraform",
              "Project": "GradFlow"
            },
            "update_default_version": null,
            "user_data": "IyEvYmluL2Jhc2gNCiMgVXNlciBEYXRhIHNjcmlwdCB0ZW1wbGF0ZSBmb3IgRUMyIGluc3RhbmNlcw0KIyBWYXJpYWJsZXMgYXJlIGluamVjdGVkIGJ5IFRlcnJhZm9ybSB0ZW1wbGF0ZWZpbGUoKSBmdW5jdGlvbg0KDQpzZXQgLWV1byBwaXBlZmFpbA0KDQpleHBvcnQgREVCSUFOX0ZST05URU5EPW5vbmludGVyYWN0aXZlDQoNCkxPR19GSUxFPSIvdmFyL2xvZy91c2VyX2RhdGEubG9nIg0KZXhlYyA+ID4odGVlIC1hICRMT0dfRklMRSkNCmV4ZWMgMj4mMQ0KDQplY2hvICI9PT0gVXNlciBEYXRhIFNjcmlwdCBTdGFydGVkID09PSINCmVjaG8gIlRpbWVzdGFtcDogJChkYXRlKSINCg0KIyBJbnN0YWxsIERvY2tlcg0KYXB0LWdldCB1cGRhdGUgLXkNCmFwdC1nZXQgaW5zdGFsbCAteSBkb2NrZXIuaW8gY3VybCBqcQ0KDQpzeXN0ZW1jdGwgZW5hYmxlIGRvY2tlcg0Kc3lzdGVtY3RsIHN0YXJ0IGRvY2tlcg0KDQojIEFsbG93IGRvY2tlciB3aXRob3V0IHN1ZG8NCnVzZXJtb2QgLWFHIGRvY2tlciB1YnVudHUNCg0KZWNobyAiRG9ja2VyIGluc3RhbGxlZDogJChkb2NrZXIgLS12ZXJzaW9uKSINCg0KIyBEb2NrZXIgbG9naW4gaWYgY3JlZGVudGlhbHMgcHJvdmlkZWQNCmlmIFsgLW4gIiIgXSAmJiBbIC1uICIiIF0gJiYgWyAtbiAiIiBdOyB0aGVuDQogIGVjaG8gIiIgfCBkb2NrZXIgbG9naW4gIiIgLXUgIiIgLS1wYXNzd29yZC1zdGRpbiB8fCB0cnVlDQogIGVjaG8gIkRvY2tlciByZWdpc3RyeSBsb2dpbiBjb21wbGV0ZWQiDQpmaQ0KDQojIERvY2tlciBIdWIgbG9naW4gaWYgY3JlZGVudGlhbHMgcHJvdmlkZWQNCmlmIFsgLW4gIiIgXSAmJiBbIC1uICIiIF07IHRoZW4NCiAgZWNobyAiIiB8IGRvY2tlciBsb2dpbiAtdSAiIiAtLXBhc3N3b3JkLXN0ZGluIHx8IHRydWUNCiAgZWNobyAiRG9ja2VyIEh1YiBsb2dpbiBjb21wbGV0ZWQiDQpmaQ0KDQojIENyZWF0ZSAuZW52IGZpbGUgd2l0aCBUZXJyYWZvcm0gdmFyaWFibGVzDQpjYXQgPiAvaG9tZS91YnVudHUvLmVudiA8PEVOVkZJTEUNCiMgRGF0YWJhc2UgQ29uZmlndXJhdGlvbg0KREJfSE9TVD0NCkRCX1VTRVI9DQpEQl9QQVNTV09SRD0NCkRCX05BTUU9Z3JhZGZsb3cNCkRCX1BPUlQ9NTQzMg0KDQojIFNlcnZpY2UgQ29uZmlndXJhdGlvbg0KUE9SVD0zMDAwDQpOT0RFX0VOVj1wcm9kdWN0aW9uDQoNCiMgQVBJIEdhdGV3YXkgVVJMICh1c2UgTG9hZCBCYWxhbmNlciBETlMpDQpBUElfR0FURVdBWV9VUkw9aHR0cDovL3VzZXJzLWxiLTEzMjQ1OTE4ODYudXMtZWFzdC0xLmVsYi5hbWF6b25hd3MuY29tDQoNCiMgU2VydmljZSBVUkxzICh1c2UgTG9hZCBCYWxhbmNlciBETlMgZm9yIGFsbCBzZXJ2aWNlcykNClVTRVJTX0NSRUFURV9VUkw9aHR0cDovL3VzZXJzLWxiLTEzMjQ1OTE4ODYudXMtZWFzdC0xLmVsYi5hbWF6b25hd3MuY29tDQpVU0VSU19ERUxFVEVfVVJMPWh0dHA6Ly91c2Vycy1sYi0xMzI0NTkxODg2LnVzLWVhc3QtMS5lbGIuYW1hem9uYXdzLmNvbQ0KVVNFUlNfTElTVF9VUkw9aHR0cDovL3VzZXJzLWxiLTEzMjQ1OTE4ODYudXMtZWFzdC0xLmVsYi5hbWF6b25hd3MuY29tDQpVU0VSU19TRUFSQ0hfVVJMPWh0dHA6Ly91c2Vycy1sYi0xMzI0NTkxODg2LnVzLWVhc3QtMS5lbGIuYW1hem9uYXdzLmNvbQ0KVVNFUlNfVVBEQVRFX1VSTD1odHRwOi8vdXNlcnMtbGItMTMyNDU5MTg4Ni51cy1lYXN0LTEuZWxiLmFtYXpvbmF3cy5jb20NCkFVVEhfTE9HSU5fVVJMPWh0dHA6Ly91c2Vycy1sYi0xMzI0NTkxODg2LnVzLWVhc3QtMS5lbGIuYW1hem9uYXdzLmNvbQ0KQVVUSF9ST0xfVVJMPWh0dHA6Ly91c2Vycy1sYi0xMzI0NTkxODg2LnVzLWVhc3QtMS5lbGIuYW1hem9uYXdzLmNvbQ0KQVVUSF9NRV9VUkw9aHR0cDovL3VzZXJzLWxiLTEzMjQ1OTE4ODYudXMtZWFzdC0xLmVsYi5hbWF6b25hd3MuY29tDQpGSUxFX1NFUlZJQ0VfSU5JVF9VUkw9aHR0cDovL3VzZXJzLWxiLTEzMjQ1OTE4ODYudXMtZWFzdC0xLmVsYi5hbWF6b25hd3MuY29tDQpGSUxFX1NFUlZJQ0VfVVBEQVRFX1VSTD1odHRwOi8vdXNlcnMtbGItMTMyNDU5MTg4Ni51cy1lYXN0LTEuZWxiLmFtYXpvbmF3cy5jb20NCkZJTEVfU0VSVklDRV9VUExPQURfVVJMPWh0dHA6Ly91c2Vycy1sYi0xMzI0NTkxODg2LnVzLWVhc3QtMS5lbGIuYW1hem9uYXdzLmNvbQ0KRklMRV9TRVJWSUNFX0xJU1RfVVJMPWh0dHA6Ly91c2Vycy1sYi0xMzI0NTkxODg2LnVzLWVhc3QtMS5lbGIuYW1hem9uYXdzLmNvbQ0KRklMRV9TRVJWSUNFX0RPV05MT0FEX1VSTD1odHRwOi8vdXNlcnMtbGItMTMyNDU5MTg4Ni51cy1lYXN0LTEuZWxiLmFtYXpvbmF3cy5jb20NCg0KIyBKV1QgQ29uZmlndXJhdGlvbg0KSldUX1NFQ1JFVD0NCkpXVF9FWFBJUkVTX0lOPTI0aA0KDQojIERvY2tlciBSZWdpc3RyeQ0KRE9DS0VSX1JFR0lTVFJZPQ0KRE9DS0VSX1JFR0lTVFJZX1VTRVJOQU1FPQ0KRE9DS0VSX1JFR0lTVFJZX1BBU1NXT1JEPQ0KRU5WRklMRQ0KDQpjaG93biB1YnVudHU6dWJ1bnR1IC9ob21lL3VidW50dS8uZW52DQpjaG1vZCA2MDAgL2hvbWUvdWJ1bnR1Ly5lbnYNCg0KZWNobyAiLmVudiBmaWxlIGNyZWF0ZWQgYXQgL2hvbWUvdWJ1bnR1Ly5lbnYiDQplY2hvICJMb2FkIEJhbGFuY2VyIEROUzogdXNlcnMtbGItMTMyNDU5MTg4Ni51cy1lYXN0LTEuZWxiLmFtYXpvbmF3cy5jb20iDQoNCiMgUHVsbCBEb2NrZXIgaW1hZ2UgaWYgc3BlY2lmaWVkDQppZiBbIC1uICJsZXZpYXRoYW4xMTkvaGVsbG93b3JsZDpsYXRlc3QiIF07IHRoZW4NCiAgZWNobyAiUHVsbGluZyBEb2NrZXIgaW1hZ2U6IGxldmlhdGhhbjExOS9oZWxsb3dvcmxkOmxhdGVzdCINCiAgZG9ja2VyIHB1bGwgImxldmlhdGhhbjExOS9oZWxsb3dvcmxkOmxhdGVzdCIgfHwgZWNobyAiV2FybmluZzogRmFpbGVkIHRvIHB1bGwgaW1hZ2UgbGV2aWF0aGFuMTE5L2hlbGxvd29ybGQ6bGF0ZXN0Ig0KZmkNCg0KIyBTdG9wIGFuZCByZW1vdmUgZXhpc3RpbmcgY29udGFpbmVyIGlmIGV4aXN0cw0KZG9ja2VyIHN0b3AgYXBwIDI+L2Rldi9udWxsIHx8IHRydWUNCmRvY2tlciBybSBhcHAgMj4vZGV2L251bGwgfHwgdHJ1ZQ0KDQojIFJ1biBEb2NrZXIgY29udGFpbmVyDQppZiBbIC1uICJsZXZpYXRoYW4xMTkvaGVsbG93b3JsZDpsYXRlc3QiIF07IHRoZW4NCiAgZWNobyAiU3RhcnRpbmcgY29udGFpbmVyIGZyb20gaW1hZ2U6IGxldmlhdGhhbjExOS9oZWxsb3dvcmxkOmxhdGVzdCINCiAgZG9ja2VyIHJ1biAtZCBcDQogICAgLS1uYW1lIGFwcCBcDQogICAgLS1yZXN0YXJ0IGFsd2F5cyBcDQogICAgLXAgODA6MzAwMCBcDQogICAgLS1lbnYtZmlsZSAvaG9tZS91YnVudHUvLmVudiBcDQogICAgImxldmlhdGhhbjExOS9oZWxsb3dvcmxkOmxhdGVzdCIgfHwgZWNobyAiV2FybmluZzogRmFpbGVkIHRvIHN0YXJ0IGNvbnRhaW5lciINCiAgDQogIGVjaG8gIkNvbnRhaW5lciBzdGFydGVkLiBTdGF0dXM6Ig0KICBkb2NrZXIgcHMgLS1maWx0ZXIgIm5hbWU9YXBwIiAtLWZvcm1hdCAie3suTmFtZXN9fToge3suU3RhdHVzfX0iDQpmaQ0KDQojIENsZWFudXAgdW51c2VkIGltYWdlcw0KZG9ja2VyIGltYWdlIHBydW5lIC1hIC1mIHx8IHRydWUNCg0KZWNobyAiPT09IFVzZXIgRGF0YSBTY3JpcHQgQ29tcGxldGVkID09PSINCmVjaG8gIlRpbWVzdGFtcDogJChkYXRlKSINCg==",
            "vpc_security_group_ids": [
              "sg-0a5a0ef455ea9d27f"
            ]
          },
          "sensitive_attributes": [
            [
              {
                "type": "get_attr",
                "value": "user_data"
              }
            ]
          ],
          "identity_schema_version": 0,
          "private": "eyJzY2hlbWFfdmVyc2lvbiI6IjEifQ==",
          "dependencies": [
            "aws_key_pair.this",
            "aws_lb.app",
            "aws_security_group.lb",
            "aws_security_group.web",
            "aws_subnet.public",
            "aws_vpc.main",
            "data.aws_availability_zones.available",
            "tls_private_key.this"
          ]
        }
      ]
    },
    {
      "mode": "managed",
      "type": "aws_lb",
      "name": "app",
      "provider": "provider[\"registry.terraform.io/hashicorp/aws\"]",
      "instances": [
        {
          "schema_version": 0,
          "attributes": {
            "access_logs": [
              {
                "bucket": "",
                "enabled": false,
                "prefix": ""
              }
            ],
            "arn": "arn:aws:elasticloadbalancing:us-east-1:697755754723:loadbalancer/app/users-lb/ff9c8b7d1b1b385e",
            "arn_suffix": "app/users-lb/ff9c8b7d1b1b385e",
            "client_keep_alive": 3600,
            "connection_logs": [
              {
                "bucket": "",
                "enabled": false,
                "prefix": ""
              }
            ],
            "customer_owned_ipv4_pool": "",
            "desync_mitigation_mode": "defensive",
            "dns_name": "users-lb-1324591886.us-east-1.elb.amazonaws.com",
            "dns_record_client_routing_policy": null,
            "drop_invalid_header_fields": false,
            "enable_cross_zone_load_balancing": true,
            "enable_deletion_protection": false,
            "enable_http2": true,
            "enable_tls_version_and_cipher_suite_headers": false,
            "enable_waf_fail_open": false,
            "enable_xff_client_port": false,
            "enable_zonal_shift": false,
            "enforce_security_group_inbound_rules_on_private_link_traffic": "",
            "health_check_logs": [
              {
                "bucket": "",
                "enabled": false,
                "prefix": ""
              }
            ],
            "id": "arn:aws:elasticloadbalancing:us-east-1:697755754723:loadbalancer/app/users-lb/ff9c8b7d1b1b385e",
            "idle_timeout": 60,
            "internal": false,
            "ip_address_type": "ipv4",
            "ipam_pools": [],
            "load_balancer_type": "application",
            "minimum_load_balancer_capacity": [],
            "name": "users-lb",
            "name_prefix": "",
            "preserve_host_header": false,
            "region": "us-east-1",
            "secondary_ips_auto_assigned_per_subnet": null,
            "security_groups": [
              "sg-03b6221c54a4aef95"
            ],
            "subnet_mapping": [
              {
                "allocation_id": "",
                "ipv6_address": "",
                "outpost_id": "",
                "private_ipv4_address": "",
                "subnet_id": "subnet-08ddedff42c0f4a72"
              },
              {
                "allocation_id": "",
                "ipv6_address": "",
                "outpost_id": "",
                "private_ipv4_address": "",
                "subnet_id": "subnet-0b4dcdedde8dafe61"
              }
            ],
            "subnets": [
              "subnet-08ddedff42c0f4a72",
              "subnet-0b4dcdedde8dafe61"
            ],
            "tags": {
              "Name": "users-application-lb"
            },
            "tags_all": {
              "Environment": "users",
              "ManagedBy": "Terraform",
              "Name": "users-application-lb",
              "Project": "GradFlow"
            },
            "timeouts": null,
            "vpc_id": "vpc-0a057d32bce64152b",
            "xff_header_processing_mode": "append",
            "zone_id": "Z35SXDOTRQ7X7K"
          },
          "sensitive_attributes": [],
          "identity_schema_version": 0,
          "identity": {
            "arn": "arn:aws:elasticloadbalancing:us-east-1:697755754723:loadbalancer/app/users-lb/ff9c8b7d1b1b385e"
          },
          "private": "eyJlMmJmYjczMC1lY2FhLTExZTYtOGY4OC0zNDM2M2JjN2M0YzAiOnsiY3JlYXRlIjo2MDAwMDAwMDAwMDAsImRlbGV0ZSI6NjAwMDAwMDAwMDAwLCJ1cGRhdGUiOjYwMDAwMDAwMDAwMH19",
          "dependencies": [
            "aws_security_group.lb",
            "aws_subnet.public",
            "aws_vpc.main",
            "data.aws_availability_zones.available"
          ]
        }
      ]
    },
    {
      "mode": "managed",
      "type": "aws_lb_listener",
      "name": "http",
      "provider": "provider[\"registry.terraform.io/hashicorp/aws\"]",
      "instances": [
        {
          "schema_version": 0,
          "attributes": {
            "alpn_policy": null,
            "arn": "arn:aws:elasticloadbalancing:us-east-1:697755754723:listener/app/users-lb/ff9c8b7d1b1b385e/0227759ab63c61ad",
            "certificate_arn": null,
            "default_action": [
              {
                "authenticate_cognito": [],
                "authenticate_oidc": [],
                "fixed_response": [],
                "forward": [],
                "jwt_validation": [],
                "order": 1,
                "redirect": [],
                "target_group_arn": "arn:aws:elasticloadbalancing:us-east-1:697755754723:targetgroup/users-tg/a708f4dee2e3c33f",
                "type": "forward"
              }
            ],
            "id": "arn:aws:elasticloadbalancing:us-east-1:697755754723:listener/app/users-lb/ff9c8b7d1b1b385e/0227759ab63c61ad",
            "load_balancer_arn": "arn:aws:elasticloadbalancing:us-east-1:697755754723:loadbalancer/app/users-lb/ff9c8b7d1b1b385e",
            "mutual_authentication": [],
            "port": 80,
            "protocol": "HTTP",
            "region": "us-east-1",
            "routing_http_request_x_amzn_mtls_clientcert_header_name": null,
            "routing_http_request_x_amzn_mtls_clientcert_issuer_header_name": null,
            "routing_http_request_x_amzn_mtls_clientcert_leaf_header_name": null,
            "routing_http_request_x_amzn_mtls_clientcert_serial_number_header_name": null,
            "routing_http_request_x_amzn_mtls_clientcert_subject_header_name": null,
            "routing_http_request_x_amzn_mtls_clientcert_validity_header_name": null,
            "routing_http_request_x_amzn_tls_cipher_suite_header_name": null,
            "routing_http_request_x_amzn_tls_version_header_name": null,
            "routing_http_response_access_control_allow_credentials_header_value": "",
            "routing_http_response_access_control_allow_headers_header_value": "",
            "routing_http_response_access_control_allow_methods_header_value": "",
            "routing_http_response_access_control_allow_origin_header_value": "",
            "routing_http_response_access_control_expose_headers_header_value": "",
            "routing_http_response_access_control_max_age_header_value": "",
            "routing_http_response_content_security_policy_header_value": "",
            "routing_http_response_server_enabled": true,
            "routing_http_response_strict_transport_security_header_value": "",
            "routing_http_response_x_content_type_options_header_value": "",
            "routing_http_response_x_frame_options_header_value": "",
            "ssl_policy": "",
            "tags": null,
            "tags_all": {
              "Environment": "users",
              "ManagedBy": "Terraform",
              "Project": "GradFlow"
            },
            "tcp_idle_timeout_seconds": null,
            "timeouts": null
          },
          "sensitive_attributes": [],
          "identity_schema_version": 0,
          "identity": {
            "arn": "arn:aws:elasticloadbalancing:us-east-1:697755754723:listener/app/users-lb/ff9c8b7d1b1b385e/0227759ab63c61ad"
          },
          "private": "eyJlMmJmYjczMC1lY2FhLTExZTYtOGY4OC0zNDM2M2JjN2M0YzAiOnsiY3JlYXRlIjozMDAwMDAwMDAwMDAsInVwZGF0ZSI6MzAwMDAwMDAwMDAwfX0=",
          "dependencies": [
            "aws_lb.app",
            "aws_lb_target_group.app",
            "aws_security_group.lb",
            "aws_subnet.public",
            "aws_vpc.main",
            "data.aws_availability_zones.available"
          ]
        }
      ]
    },
    {
      "mode": "managed",
      "type": "aws_lb_target_group",
      "name": "app",
      "provider": "provider[\"registry.terraform.io/hashicorp/aws\"]",
      "instances": [
        {
          "schema_version": 0,
          "attributes": {
            "arn": "arn:aws:elasticloadbalancing:us-east-1:697755754723:targetgroup/users-tg/a708f4dee2e3c33f",
            "arn_suffix": "targetgroup/users-tg/a708f4dee2e3c33f",
            "connection_termination": null,
            "deregistration_delay": "300",
            "health_check": [
              {
                "enabled": true,
                "healthy_threshold": 2,
                "interval": 60,
                "matcher": "200,404",
                "path": "/",
                "port": "traffic-port",
                "protocol": "HTTP",
                "timeout": 10,
                "unhealthy_threshold": 5
              }
            ],
            "id": "arn:aws:elasticloadbalancing:us-east-1:697755754723:targetgroup/users-tg/a708f4dee2e3c33f",
            "ip_address_type": "ipv4",
            "lambda_multi_value_headers_enabled": false,
            "load_balancer_arns": [],
            "load_balancing_algorithm_type": "round_robin",
            "load_balancing_anomaly_mitigation": "off",
            "load_balancing_cross_zone_enabled": "use_load_balancer_configuration",
            "name": "users-tg",
            "name_prefix": "",
            "port": 80,
            "preserve_client_ip": null,
            "protocol": "HTTP",
            "protocol_version": "HTTP1",
            "proxy_protocol_v2": false,
            "region": "us-east-1",
            "slow_start": 0,
            "stickiness": [
              {
                "cookie_duration": 86400,
                "cookie_name": "",
                "enabled": false,
                "type": "lb_cookie"
              }
            ],
            "tags": {
              "Name": "users-target-group"
            },
            "tags_all": {
              "Environment": "users",
              "ManagedBy": "Terraform",
              "Name": "users-target-group",
              "Project": "GradFlow"
            },
            "target_control_port": 0,
            "target_failover": [
              {
                "on_deregistration": null,
                "on_unhealthy": null
              }
            ],
            "target_group_health": [
              {
                "dns_failover": [
                  {
                    "minimum_healthy_targets_count": "1",
                    "minimum_healthy_targets_percentage": "off"
                  }
                ],
                "unhealthy_state_routing": [
                  {
                    "minimum_healthy_targets_count": 1,
                    "minimum_healthy_targets_percentage": "off"
                  }
                ]
              }
            ],
            "target_health_state": [
              {
                "enable_unhealthy_connection_termination": null,
                "unhealthy_draining_interval": null
              }
            ],
            "target_type": "instance",
            "vpc_id": "vpc-0a057d32bce64152b"
          },
          "sensitive_attributes": [],
          "identity_schema_version": 0,
          "identity": {
            "arn": "arn:aws:elasticloadbalancing:us-east-1:697755754723:targetgroup/users-tg/a708f4dee2e3c33f"
          },
          "private": "bnVsbA==",
          "dependencies": [
            "aws_vpc.main"
          ]
        }
      ]
    },
    {
      "mode": "managed",
      "type": "aws_route_table",
      "name": "public",
      "provider": "provider[\"registry.terraform.io/hashicorp/aws\"]",
      "instances": [
        {
          "schema_version": 0,
          "attributes": {
            "arn": "arn:aws:ec2:us-east-1:697755754723:route-table/rtb-004ae7c4d965bfb23",
            "id": "rtb-004ae7c4d965bfb23",
            "owner_id": "697755754723",
            "propagating_vgws": [],
            "region": "us-east-1",
            "route": [
              {
                "carrier_gateway_id": "",
                "cidr_block": "0.0.0.0/0",
                "core_network_arn": "",
                "destination_prefix_list_id": "",
                "egress_only_gateway_id": "",
                "gateway_id": "igw-0f9c9551903c90747",
                "ipv6_cidr_block": "",
                "local_gateway_id": "",
                "nat_gateway_id": "",
                "network_interface_id": "",
                "transit_gateway_id": "",
                "vpc_endpoint_id": "",
                "vpc_peering_connection_id": ""
              }
            ],
            "tags": null,
            "tags_all": {
              "Environment": "users",
              "ManagedBy": "Terraform",
              "Project": "GradFlow"
            },
            "timeouts": null,
            "vpc_id": "vpc-0a057d32bce64152b"
          },
          "sensitive_attributes": [],
          "identity_schema_version": 0,
          "identity": {
            "account_id": "697755754723",
            "id": "rtb-004ae7c4d965bfb23",
            "region": "us-east-1"
          },
          "private": "eyJlMmJmYjczMC1lY2FhLTExZTYtOGY4OC0zNDM2M2JjN2M0YzAiOnsiY3JlYXRlIjozMDAwMDAwMDAwMDAsImRlbGV0ZSI6MzAwMDAwMDAwMDAwLCJ1cGRhdGUiOjEyMDAwMDAwMDAwMH19",
          "dependencies": [
            "aws_internet_gateway.igw",
            "aws_vpc.main"
          ]
        }
      ]
    },
    {
      "mode": "managed",
      "type": "aws_route_table_association",
      "name": "public",
      "provider": "provider[\"registry.terraform.io/hashicorp/aws\"]",
      "instances": [
        {
          "index_key": 0,
          "schema_version": 0,
          "attributes": {
            "gateway_id": "",
            "id": "rtbassoc-08c8dc17544de7529",
            "region": "us-east-1",
            "route_table_id": "rtb-004ae7c4d965bfb23",
            "subnet_id": "subnet-0b4dcdedde8dafe61",
            "timeouts": null
          },
          "sensitive_attributes": [],
          "identity_schema_version": 0,
          "private": "eyJlMmJmYjczMC1lY2FhLTExZTYtOGY4OC0zNDM2M2JjN2M0YzAiOnsiY3JlYXRlIjozMDAwMDAwMDAwMDAsImRlbGV0ZSI6MzAwMDAwMDAwMDAwLCJ1cGRhdGUiOjEyMDAwMDAwMDAwMH19",
          "dependencies": [
            "aws_internet_gateway.igw",
            "aws_route_table.public",
            "aws_subnet.public",
            "aws_vpc.main",
            "data.aws_availability_zones.available"
          ]
        },
        {
          "index_key": 1,
          "schema_version": 0,
          "attributes": {
            "gateway_id": "",
            "id": "rtbassoc-02554ef49bfcbec86",
            "region": "us-east-1",
            "route_table_id": "rtb-004ae7c4d965bfb23",
            "subnet_id": "subnet-08ddedff42c0f4a72",
            "timeouts": null
          },
          "sensitive_attributes": [],
          "identity_schema_version": 0,
          "private": "eyJlMmJmYjczMC1lY2FhLTExZTYtOGY4OC0zNDM2M2JjN2M0YzAiOnsiY3JlYXRlIjozMDAwMDAwMDAwMDAsImRlbGV0ZSI6MzAwMDAwMDAwMDAwLCJ1cGRhdGUiOjEyMDAwMDAwMDAwMH19",
          "dependencies": [
            "aws_internet_gateway.igw",
            "aws_route_table.public",
            "aws_subnet.public",
            "aws_vpc.main",
            "data.aws_availability_zones.available"
          ]
        }
      ]
    },
    {
      "mode": "managed",
      "type": "aws_security_group",
      "name": "lb",
      "provider": "provider[\"registry.terraform.io/hashicorp/aws\"]",
      "instances": [
        {
          "schema_version": 1,
          "attributes": {
            "arn": "arn:aws:ec2:us-east-1:697755754723:security-group/sg-03b6221c54a4aef95",
            "description": "Managed by Terraform",
            "egress": [
              {
                "cidr_blocks": [
                  "0.0.0.0/0"
                ],
                "description": "",
                "from_port": 0,
                "ipv6_cidr_blocks": [],
                "prefix_list_ids": [],
                "protocol": "-1",
                "security_groups": [],
                "self": false,
                "to_port": 0
              }
            ],
            "id": "sg-03b6221c54a4aef95",
            "ingress": [
              {
                "cidr_blocks": [
                  "0.0.0.0/0"
                ],
                "description": "",
                "from_port": 80,
                "ipv6_cidr_blocks": [],
                "prefix_list_ids": [],
                "protocol": "tcp",
                "security_groups": [],
                "self": false,
                "to_port": 80
              }
            ],
            "name": "lb_sg",
            "name_prefix": "",
            "owner_id": "697755754723",
            "region": "us-east-1",
            "revoke_rules_on_delete": false,
            "tags": null,
            "tags_all": {
              "Environment": "users",
              "ManagedBy": "Terraform",
              "Project": "GradFlow"
            },
            "timeouts": null,
            "vpc_id": "vpc-0a057d32bce64152b"
          },
          "sensitive_attributes": [],
          "identity_schema_version": 0,
          "identity": {
            "account_id": "697755754723",
            "id": "sg-03b6221c54a4aef95",
            "region": "us-east-1"
          },
          "private": "eyJlMmJmYjczMC1lY2FhLTExZTYtOGY4OC0zNDM2M2JjN2M0YzAiOnsiY3JlYXRlIjo2MDAwMDAwMDAwMDAsImRlbGV0ZSI6OTAwMDAwMDAwMDAwfSwic2NoZW1hX3ZlcnNpb24iOiIxIn0=",
          "dependencies": [
            "aws_vpc.main"
          ]
        }
      ]
    },
    {
      "mode": "managed",
      "type": "aws_security_group",
      "name": "web",
      "provider": "provider[\"registry.terraform.io/hashicorp/aws\"]",
      "instances": [
        {
          "schema_version": 1,
          "attributes": {
            "arn": "arn:aws:ec2:us-east-1:697755754723:security-group/sg-0a5a0ef455ea9d27f",
            "description": "Managed by Terraform",
            "egress": [
              {
                "cidr_blocks": [
                  "0.0.0.0/0"
                ],
                "description": "",
                "from_port": 0,
                "ipv6_cidr_blocks": [],
                "prefix_list_ids": [],
                "protocol": "-1",
                "security_groups": [],
                "self": false,
                "to_port": 0
              }
            ],
            "id": "sg-0a5a0ef455ea9d27f",
            "ingress": [
              {
                "cidr_blocks": [
                  "0.0.0.0/0"
                ],
                "description": "SSH for CI/CD",
                "from_port": 22,
                "ipv6_cidr_blocks": [],
                "prefix_list_ids": [],
                "protocol": "tcp",
                "security_groups": [],
                "self": false,
                "to_port": 22
              },
              {
                "cidr_blocks": [],
                "description": "",
                "from_port": 80,
                "ipv6_cidr_blocks": [],
                "prefix_list_ids": [],
                "protocol": "tcp",
                "security_groups": [
                  "sg-03b6221c54a4aef95"
                ],
                "self": false,
                "to_port": 80
              }
            ],
            "name": "web_sg",
            "name_prefix": "",
            "owner_id": "697755754723",
            "region": "us-east-1",
            "revoke_rules_on_delete": false,
            "tags": null,
            "tags_all": {
              "Environment": "users",
              "ManagedBy": "Terraform",
              "Project": "GradFlow"
            },
            "timeouts": null,
            "vpc_id": "vpc-0a057d32bce64152b"
          },
          "sensitive_attributes": [],
          "identity_schema_version": 0,
          "identity": {
            "account_id": "697755754723",
            "id": "sg-0a5a0ef455ea9d27f",
            "region": "us-east-1"
          },
          "private": "eyJlMmJmYjczMC1lY2FhLTExZTYtOGY4OC0zNDM2M2JjN2M0YzAiOnsiY3JlYXRlIjo2MDAwMDAwMDAwMDAsImRlbGV0ZSI6OTAwMDAwMDAwMDAwfSwic2NoZW1hX3ZlcnNpb24iOiIxIn0=",
          "dependencies": [
            "aws_security_group.lb",
            "aws_vpc.main"
          ]
        }
      ]
    },
    {
      "mode": "managed",
      "type": "aws_subnet",
      "name": "public",
      "provider": "provider[\"registry.terraform.io/hashicorp/aws\"]",
      "instances": [
        {
          "index_key": 0,
          "schema_version": 1,
          "attributes": {
            "arn": "arn:aws:ec2:us-east-1:697755754723:subnet/subnet-0b4dcdedde8dafe61",
            "assign_ipv6_address_on_creation": false,
            "availability_zone": "us-east-1a",
            "availability_zone_id": "use1-az6",
            "cidr_block": "10.0.0.0/24",
            "customer_owned_ipv4_pool": "",
            "enable_dns64": false,
            "enable_lni_at_device_index": 0,
            "enable_resource_name_dns_a_record_on_launch": false,
            "enable_resource_name_dns_aaaa_record_on_launch": false,
            "id": "subnet-0b4dcdedde8dafe61",
            "ipv6_cidr_block": "",
            "ipv6_cidr_block_association_id": "",
            "ipv6_native": false,
            "map_customer_owned_ip_on_launch": false,
            "map_public_ip_on_launch": true,
            "outpost_arn": "",
            "owner_id": "697755754723",
            "private_dns_hostname_type_on_launch": "ip-name",
            "region": "us-east-1",
            "tags": null,
            "tags_all": {
              "Environment": "users",
              "ManagedBy": "Terraform",
              "Project": "GradFlow"
            },
            "timeouts": null,
            "vpc_id": "vpc-0a057d32bce64152b"
          },
          "sensitive_attributes": [],
          "identity_schema_version": 0,
          "identity": {
            "account_id": "697755754723",
            "id": "subnet-0b4dcdedde8dafe61",
            "region": "us-east-1"
          },
          "private": "eyJlMmJmYjczMC1lY2FhLTExZTYtOGY4OC0zNDM2M2JjN2M0YzAiOnsiY3JlYXRlIjo2MDAwMDAwMDAwMDAsImRlbGV0ZSI6MTIwMDAwMDAwMDAwMH0sInNjaGVtYV92ZXJzaW9uIjoiMSJ9",
          "dependencies": [
            "aws_vpc.main",
            "data.aws_availability_zones.available"
          ]
        },
        {
          "index_key": 1,
          "schema_version": 1,
          "attributes": {
            "arn": "arn:aws:ec2:us-east-1:697755754723:subnet/subnet-08ddedff42c0f4a72",
            "assign_ipv6_address_on_creation": false,
            "availability_zone": "us-east-1b",
            "availability_zone_id": "use1-az1",
            "cidr_block": "10.0.1.0/24",
            "customer_owned_ipv4_pool": "",
            "enable_dns64": false,
            "enable_lni_at_device_index": 0,
            "enable_resource_name_dns_a_record_on_launch": false,
            "enable_resource_name_dns_aaaa_record_on_launch": false,
            "id": "subnet-08ddedff42c0f4a72",
            "ipv6_cidr_block": "",
            "ipv6_cidr_block_association_id": "",
            "ipv6_native": false,
            "map_customer_owned_ip_on_launch": false,
            "map_public_ip_on_launch": true,
            "outpost_arn": "",
            "owner_id": "697755754723",
            "private_dns_hostname_type_on_launch": "ip-name",
            "region": "us-east-1",
            "tags": null,
            "tags_all": {
              "Environment": "users",
              "ManagedBy": "Terraform",
              "Project": "GradFlow"
            },
            "timeouts": null,
            "vpc_id": "vpc-0a057d32bce64152b"
          },
          "sensitive_attributes": [],
          "identity_schema_version": 0,
          "identity": {
            "account_id": "697755754723",
            "id": "subnet-08ddedff42c0f4a72",
            "region": "us-east-1"
          },
          "private": "eyJlMmJmYjczMC1lY2FhLTExZTYtOGY4OC0zNDM2M2JjN2M0YzAiOnsiY3JlYXRlIjo2MDAwMDAwMDAwMDAsImRlbGV0ZSI6MTIwMDAwMDAwMDAwMH0sInNjaGVtYV92ZXJzaW9uIjoiMSJ9",
          "dependencies": [
            "aws_vpc.main",
            "data.aws_availability_zones.available"
          ]
        }
      ]
    },
    {
      "mode": "managed",
      "type": "aws_vpc",
      "name": "main",
      "provider": "provider[\"registry.terraform.io/hashicorp/aws\"]",
      "instances": [
        {
          "schema_version": 1,
          "attributes": {
            "arn": "arn:aws:ec2:us-east-1:697755754723:vpc/vpc-0a057d32bce64152b",
            "assign_generated_ipv6_cidr_block": false,
            "cidr_block": "10.0.0.0/16",
            "default_network_acl_id": "acl-03b10e3228cea16c1",
            "default_route_table_id": "rtb-0ce626f74257069d5",
            "default_security_group_id": "sg-0c7a2bb16a1520d24",
            "dhcp_options_id": "dopt-09c9a738bb79b4b08",
            "enable_dns_hostnames": false,
            "enable_dns_support": true,
            "enable_network_address_usage_metrics": false,
            "id": "vpc-0a057d32bce64152b",
            "instance_tenancy": "default",
            "ipv4_ipam_pool_id": null,
            "ipv4_netmask_length": null,
            "ipv6_association_id": "",
            "ipv6_cidr_block": "",
            "ipv6_cidr_block_network_border_group": "",
            "ipv6_ipam_pool_id": "",
            "ipv6_netmask_length": 0,
            "main_route_table_id": "rtb-0ce626f74257069d5",
            "owner_id": "697755754723",
            "region": "us-east-1",
            "tags": null,
            "tags_all": {
              "Environment": "users",
              "ManagedBy": "Terraform",
              "Project": "GradFlow"
            }
          },
          "sensitive_attributes": [],
          "identity_schema_version": 0,
          "identity": {
            "account_id": "697755754723",
            "id": "vpc-0a057d32bce64152b",
            "region": "us-east-1"
          },
          "private": "eyJzY2hlbWFfdmVyc2lvbiI6IjEifQ=="
        }
      ]
    },
    {
      "mode": "managed",
      "type": "local_file",
      "name": "env_users_create",
      "provider": "provider[\"registry.terraform.io/hashicorp/local\"]",
      "instances": [
        {
          "schema_version": 0,
          "attributes": {
            "content": "# Database Configuration\r\nDB_HOST=\r\nDB_USER=\r\nDB_PASSWORD=\r\nDB_NAME=gradflow\r\nDB_PORT=5432\r\n\r\n# Service Configuration\r\nPORT=3001\r\nNODE_ENV=production\r\n\r\n# API Gateway URL (use Load Balancer DNS)\r\nAPI_GATEWAY_URL=http://users-lb-1324591886.us-east-1.elb.amazonaws.com\r\n\r\n# Service URLs (use Load Balancer DNS for internal communication)\r\nUSERS_CREATE_URL=http://users-lb-1324591886.us-east-1.elb.amazonaws.com\r\nUSERS_DELETE_URL=http://users-lb-1324591886.us-east-1.elb.amazonaws.com\r\nUSERS_LIST_URL=http://users-lb-1324591886.us-east-1.elb.amazonaws.com\r\nUSERS_SEARCH_URL=http://users-lb-1324591886.us-east-1.elb.amazonaws.com\r\nUSERS_UPDATE_URL=http://users-lb-1324591886.us-east-1.elb.amazonaws.com\r\nAUTH_LOGIN_URL=http://users-lb-1324591886.us-east-1.elb.amazonaws.com\r\nAUTH_ROL_URL=http://users-lb-1324591886.us-east-1.elb.amazonaws.com\r\nAUTH_ME_URL=http://users-lb-1324591886.us-east-1.elb.amazonaws.com\r\nFILE_SERVICE_INIT_URL=http://users-lb-1324591886.us-east-1.elb.amazonaws.com\r\nFILE_SERVICE_UPDATE_URL=http://users-lb-1324591886.us-east-1.elb.amazonaws.com\r\nFILE_SERVICE_UPLOAD_URL=http://users-lb-1324591886.us-east-1.elb.amazonaws.com\r\nFILE_SERVICE_LIST_URL=http://users-lb-1324591886.us-east-1.elb.amazonaws.com\r\nFILE_SERVICE_DOWNLOAD_URL=http://users-lb-1324591886.us-east-1.elb.amazonaws.com\r\n\r\n# JWT Configuration\r\nJWT_SECRET=\r\nJWT_EXPIRES_IN=24h\r\n\r\n# Docker Registry (if needed)\r\nDOCKER_REGISTRY=\r\nDOCKER_REGISTRY_USERNAME=\r\nDOCKER_REGISTRY_PASSWORD=\r\n",
            "content_base64": null,
            "content_base64sha256": "ifKXB42IPBrcE2Ip/d6Gjkw8wTZc/IXkWeXEnvLF5UE=",
            "content_base64sha512": "Wj7rdOcZ+vRRDLL3NxKUEUC1ygROAvo0X6frwYmuzHKaOWoXZ9eaY7Xb5z5oGwOVZKEgBdpDJMbGrO4HeS+bLw==",
            "content_md5": "339b5515312f770facc60b6a37e66e7b",
            "content_sha1": "59de30ff17f24f6739ade57d560daf17c929a350",
            "content_sha256": "89f297078d883c1adc136229fdde868e4c3cc1365cfc85e459e5c49ef2c5e541",
            "content_sha512": "5a3eeb74e719faf4510cb2f73712941140b5ca044e02fa345fa7ebc189aecc729a396a1767d79a63b5dbe73e681b039564a12005da4324c6c6acee07792f9b2f",
            "directory_permission": "0777",
            "file_permission": "0777",
            "filename": "./.env.users_create",
            "id": "59de30ff17f24f6739ade57d560daf17c929a350",
            "sensitive_content": null,
            "source": null
          },
          "sensitive_attributes": [
            [
              {
                "type": "get_attr",
                "value": "content"
              }
            ],
            [
              {
                "type": "get_attr",
                "value": "sensitive_content"
              }
            ]
          ],
          "identity_schema_version": 0,
          "dependencies": [
            "aws_lb.app",
            "aws_security_group.lb",
            "aws_subnet.public",
            "aws_vpc.main",
            "data.aws_availability_zones.available"
          ]
        }
      ]
    },
    {
      "mode": "managed",
      "type": "local_file",
      "name": "env_users_delete",
      "provider": "provider[\"registry.terraform.io/hashicorp/local\"]",
      "instances": [
        {
          "schema_version": 0,
          "attributes": {
            "content": "# Database Configuration\r\nDB_HOST=\r\nDB_USER=\r\nDB_PASSWORD=\r\nDB_NAME=gradflow\r\nDB_PORT=5432\r\n\r\n# Service Configuration\r\nPORT=3002\r\nNODE_ENV=production\r\n\r\n# API Gateway URL (use Load Balancer DNS)\r\nAPI_GATEWAY_URL=http://users-lb-1324591886.us-east-1.elb.amazonaws.com\r\n\r\n# Service URLs (use Load Balancer DNS for internal communication)\r\nUSERS_CREATE_URL=http://users-lb-1324591886.us-east-1.elb.amazonaws.com\r\nUSERS_DELETE_URL=http://users-lb-1324591886.us-east-1.elb.amazonaws.com\r\nUSERS_LIST_URL=http://users-lb-1324591886.us-east-1.elb.amazonaws.com\r\nUSERS_SEARCH_URL=http://users-lb-1324591886.us-east-1.elb.amazonaws.com\r\nUSERS_UPDATE_URL=http://users-lb-1324591886.us-east-1.elb.amazonaws.com\r\nAUTH_LOGIN_URL=http://users-lb-1324591886.us-east-1.elb.amazonaws.com\r\nAUTH_ROL_URL=http://users-lb-1324591886.us-east-1.elb.amazonaws.com\r\nAUTH_ME_URL=http://users-lb-1324591886.us-east-1.elb.amazonaws.com\r\nFILE_SERVICE_INIT_URL=http://users-lb-1324591886.us-east-1.elb.amazonaws.com\r\nFILE_SERVICE_UPDATE_URL=http://users-lb-1324591886.us-east-1.elb.amazonaws.com\r\nFILE_SERVICE_UPLOAD_URL=http://users-lb-1324591886.us-east-1.elb.amazonaws.com\r\nFILE_SERVICE_LIST_URL=http://users-lb-1324591886.us-east-1.elb.amazonaws.com\r\nFILE_SERVICE_DOWNLOAD_URL=http://users-lb-1324591886.us-east-1.elb.amazonaws.com\r\n\r\n# JWT Configuration\r\nJWT_SECRET=\r\nJWT_EXPIRES_IN=24h\r\n\r\n# Docker Registry (if needed)\r\nDOCKER_REGISTRY=\r\nDOCKER_REGISTRY_USERNAME=\r\nDOCKER_REGISTRY_PASSWORD=\r\n",
            "content_base64": null,
            "content_base64sha256": "G0w3zR++xuaq+fy44gS1sIUikzhaOcPqwpseg0ZiKDA=",
            "content_base64sha512": "I8j3WiUSIadOC6zGR4Ol8pjtjBGE5ODmSwLaVbOF6JX890w4XcD33oud7A/QzFuy+EkNelEFAR+4ETiN8R9dzA==",
            "content_md5": "1821cd61128b6371bc5d70b18e13e374",
            "content_sha1": "f4ae3421b5812b56d59cad75714d1108ab5adff5",
            "content_sha256": "1b4c37cd1fbec6e6aaf9fcb8e204b5b0852293385a39c3eac29b1e8346622830",
            "content_sha512": "23c8f75a251221a74e0bacc64783a5f298ed8c1184e4e0e64b02da55b385e895fcf74c385dc0f7de8b9dec0fd0cc5bb2f8490d7a5105011fb811388df11f5dcc",
            "directory_permission": "0777",
            "file_permission": "0777",
            "filename": "./.env.users_delete",
            "id": "f4ae3421b5812b56d59cad75714d1108ab5adff5",
            "sensitive_content": null,
            "source": null
          },
          "sensitive_attributes": [
            [
              {
                "type": "get_attr",
                "value": "content"
              }
            ],
            [
              {
                "type": "get_attr",
                "value": "sensitive_content"
              }
            ]
          ],
          "identity_schema_version": 0,
          "dependencies": [
            "aws_lb.app",
            "aws_security_group.lb",
            "aws_subnet.public",
            "aws_vpc.main",
            "data.aws_availability_zones.available"
          ]
        }
      ]
    },
    {
      "mode": "managed",
      "type": "local_file",
      "name": "env_users_list",
      "provider": "provider[\"registry.terraform.io/hashicorp/local\"]",
      "instances": [
        {
          "schema_version": 0,
          "attributes": {
            "content": "# Database Configuration\r\nDB_HOST=\r\nDB_USER=\r\nDB_PASSWORD=\r\nDB_NAME=gradflow\r\nDB_PORT=5432\r\n\r\n# Service Configuration\r\nPORT=3003\r\nNODE_ENV=production\r\n\r\n# API Gateway URL (use Load Balancer DNS)\r\nAPI_GATEWAY_URL=http://users-lb-1324591886.us-east-1.elb.amazonaws.com\r\n\r\n# Service URLs (use Load Balancer DNS for internal communication)\r\nUSERS_CREATE_URL=http://users-lb-1324591886.us-east-1.elb.amazonaws.com\r\nUSERS_DELETE_URL=http://users-lb-1324591886.us-east-1.elb.amazonaws.com\r\nUSERS_LIST_URL=http://users-lb-1324591886.us-east-1.elb.amazonaws.com\r\nUSERS_SEARCH_URL=http://users-lb-1324591886.us-east-1.elb.amazonaws.com\r\nUSERS_UPDATE_URL=http://users-lb-1324591886.us-east-1.elb.amazonaws.com\r\nAUTH_LOGIN_URL=http://users-lb-1324591886.us-east-1.elb.amazonaws.com\r\nAUTH_ROL_URL=http://users-lb-1324591886.us-east-1.elb.amazonaws.com\r\nAUTH_ME_URL=http://users-lb-1324591886.us-east-1.elb.amazonaws.com\r\nFILE_SERVICE_INIT_URL=http://users-lb-1324591886.us-east-1.elb.amazonaws.com\r\nFILE_SERVICE_UPDATE_URL=http://users-lb-1324591886.us-east-1.elb.amazonaws.com\r\nFILE_SERVICE_UPLOAD_URL=http://users-lb-1324591886.us-east-1.elb.amazonaws.com\r\nFILE_SERVICE_LIST_URL=http://users-lb-1324591886.us-east-1.elb.amazonaws.com\r\nFILE_SERVICE_DOWNLOAD_URL=http://users-lb-1324591886.us-east-1.elb.amazonaws.com\r\n\r\n# JWT Configuration\r\nJWT_SECRET=\r\nJWT_EXPIRES_IN=24h\r\n\r\n# Docker Registry (if needed)\r\nDOCKER_REGISTRY=\r\nDOCKER_REGISTRY_USERNAME=\r\nDOCKER_REGISTRY_PASSWORD=\r\n",
            "content_base64": null,
            "content_base64sha256": "uaj8ICejrTJe85x5EpIHQ4RyTO1rkR6e4jkWLqma54Y=",
            "content_base64sha512": "UvX1o9nmwRa6sMpWWLlUVG1V4EUApKD/x3BM2U7gg8OSex98Hqh0uHUdVPz+4OrgnNUdJHScJS4CtIc7lYpwPg==",
            "content_md5": "cf3b0b5c1686a55e3423b9603e5a34c3",
            "content_sha1": "340c2bb78c55de63b297af437aced3cfe29fbab8",
            "content_sha256": "b9a8fc2027a3ad325ef39c791292074384724ced6b911e9ee239162ea99ae786",
            "content_sha512": "52f5f5a3d9e6c116bab0ca5658b954546d55e04500a4a0ffc7704cd94ee083c3927b1f7c1ea874b8751d54fcfee0eae09cd51d24749c252e02b4873b958a703e",
            "directory_permission": "0777",
            "file_permission": "0777",
            "filename": "./.env.users_list",
            "id": "340c2bb78c55de63b297af437aced3cfe29fbab8",
            "sensitive_content": null,
            "source": null
          },
          "sensitive_attributes": [
            [
              {
                "type": "get_attr",
                "value": "content"
              }
            ],
            [
              {
                "type": "get_attr",
                "value": "sensitive_content"
              }
            ]
          ],
          "identity_schema_version": 0,
          "dependencies": [
            "aws_lb.app",
            "aws_security_group.lb",
            "aws_subnet.public",
            "aws_vpc.main",
            "data.aws_availability_zones.available"
          ]
        }
      ]
    },
    {
      "mode": "managed",
      "type": "local_file",
      "name": "env_users_search",
      "provider": "provider[\"registry.terraform.io/hashicorp/local\"]",
      "instances": [
        {
          "schema_version": 0,
          "attributes": {
            "content": "# Database Configuration\r\nDB_HOST=\r\nDB_USER=\r\nDB_PASSWORD=\r\nDB_NAME=gradflow\r\nDB_PORT=5432\r\n\r\n# Service Configuration\r\nPORT=3004\r\nNODE_ENV=production\r\n\r\n# API Gateway URL (use Load Balancer DNS)\r\nAPI_GATEWAY_URL=http://users-lb-1324591886.us-east-1.elb.amazonaws.com\r\n\r\n# Service URLs (use Load Balancer DNS for internal communication)\r\nUSERS_CREATE_URL=http://users-lb-1324591886.us-east-1.elb.amazonaws.com\r\nUSERS_DELETE_URL=http://users-lb-1324591886.us-east-1.elb.amazonaws.com\r\nUSERS_LIST_URL=http://users-lb-1324591886.us-east-1.elb.amazonaws.com\r\nUSERS_SEARCH_URL=http://users-lb-1324591886.us-east-1.elb.amazonaws.com\r\nUSERS_UPDATE_URL=http://users-lb-1324591886.us-east-1.elb.amazonaws.com\r\nAUTH_LOGIN_URL=http://users-lb-1324591886.us-east-1.elb.amazonaws.com\r\nAUTH_ROL_URL=http://users-lb-1324591886.us-east-1.elb.amazonaws.com\r\nAUTH_ME_URL=http://users-lb-1324591886.us-east-1.elb.amazonaws.com\r\nFILE_SERVICE_INIT_URL=http://users-lb-1324591886.us-east-1.elb.amazonaws.com\r\nFILE_SERVICE_UPDATE_URL=http://users-lb-1324591886.us-east-1.elb.amazonaws.com\r\nFILE_SERVICE_UPLOAD_URL=http://users-lb-1324591886.us-east-1.elb.amazonaws.com\r\nFILE_SERVICE_LIST_URL=http://users-lb-1324591886.us-east-1.elb.amazonaws.com\r\nFILE_SERVICE_DOWNLOAD_URL=http://users-lb-1324591886.us-east-1.elb.amazonaws.com\r\n\r\n# JWT Configuration\r\nJWT_SECRET=\r\nJWT_EXPIRES_IN=24h\r\n\r\n# Docker Registry (if needed)\r\nDOCKER_REGISTRY=\r\nDOCKER_REGISTRY_USERNAME=\r\nDOCKER_REGISTRY_PASSWORD=\r\n",
            "content_base64": null,
            "content_base64sha256": "VkXgM+qWWolRMS2skuI9pFjujgsNePzFsLHMMkkcxDg=",
            "content_base64sha512": "yYAczmRgKQ81H8vHs0Jld02dUgMa58+vk87Elp+ZXgh3kcCwv2Ym3x92auBsOFpfMifZ2Iz+2H/l6hOrlzlPGw==",
            "content_md5": "1db0f8e46277ca4154970f6983913d9e",
            "content_sha1": "2eb19264c50bfb8cc95436520fc8d6f6bde7d0c1",
            "content_sha256": "5645e033ea965a8951312dac92e23da458ee8e0b0d78fcc5b0b1cc32491cc438",
            "content_sha512": "c9801cce6460290f351fcbc7b34265774d9d52031ae7cfaf93cec4969f995e087791c0b0bf6626df1f766ae06c385a5f3227d9d88cfed87fe5ea13ab97394f1b",
            "directory_permission": "0777",
            "file_permission": "0777",
            "filename": "./.env.users_search",
            "id": "2eb19264c50bfb8cc95436520fc8d6f6bde7d0c1",
            "sensitive_content": null,
            "source": null
          },
          "sensitive_attributes": [
            [
              {
                "type": "get_attr",
                "value": "content"
              }
            ],
            [
              {
                "type": "get_attr",
                "value": "sensitive_content"
              }
            ]
          ],
          "identity_schema_version": 0,
          "dependencies": [
            "aws_lb.app",
            "aws_security_group.lb",
            "aws_subnet.public",
            "aws_vpc.main",
            "data.aws_availability_zones.available"
          ]
        }
      ]
    },
    {
      "mode": "managed",
      "type": "local_file",
      "name": "env_users_update",
      "provider": "provider[\"registry.terraform.io/hashicorp/local\"]",
      "instances": [
        {
          "schema_version": 0,
          "attributes": {
            "content": "# Database Configuration\r\nDB_HOST=\r\nDB_USER=\r\nDB_PASSWORD=\r\nDB_NAME=gradflow\r\nDB_PORT=5432\r\n\r\n# Service Configuration\r\nPORT=3005\r\nNODE_ENV=production\r\n\r\n# API Gateway URL (use Load Balancer DNS)\r\nAPI_GATEWAY_URL=http://users-lb-1324591886.us-east-1.elb.amazonaws.com\r\n\r\n# Service URLs (use Load Balancer DNS for internal communication)\r\nUSERS_CREATE_URL=http://users-lb-1324591886.us-east-1.elb.amazonaws.com\r\nUSERS_DELETE_URL=http://users-lb-1324591886.us-east-1.elb.amazonaws.com\r\nUSERS_LIST_URL=http://users-lb-1324591886.us-east-1.elb.amazonaws.com\r\nUSERS_SEARCH_URL=http://users-lb-1324591886.us-east-1.elb.amazonaws.com\r\nUSERS_UPDATE_URL=http://users-lb-1324591886.us-east-1.elb.amazonaws.com\r\nAUTH_LOGIN_URL=http://users-lb-1324591886.us-east-1.elb.amazonaws.com\r\nAUTH_ROL_URL=http://users-lb-1324591886.us-east-1.elb.amazonaws.com\r\nAUTH_ME_URL=http://users-lb-1324591886.us-east-1.elb.amazonaws.com\r\nFILE_SERVICE_INIT_URL=http://users-lb-1324591886.us-east-1.elb.amazonaws.com\r\nFILE_SERVICE_UPDATE_URL=http://users-lb-1324591886.us-east-1.elb.amazonaws.com\r\nFILE_SERVICE_UPLOAD_URL=http://users-lb-1324591886.us-east-1.elb.amazonaws.com\r\nFILE_SERVICE_LIST_URL=http://users-lb-1324591886.us-east-1.elb.amazonaws.com\r\nFILE_SERVICE_DOWNLOAD_URL=http://users-lb-1324591886.us-east-1.elb.amazonaws.com\r\n\r\n# JWT Configuration\r\nJWT_SECRET=\r\nJWT_EXPIRES_IN=24h\r\n\r\n# Docker Registry (if needed)\r\nDOCKER_REGISTRY=\r\nDOCKER_REGISTRY_USERNAME=\r\nDOCKER_REGISTRY_PASSWORD=\r\n",
            "content_base64": null,
            "content_base64sha256": "Uu3/e89NNG0yAoAh2J3fbCfl4+vB2cgaFsTz0R+ImSw=",
            "content_base64sha512": "Rx3+mBqWS1bdwOHsrGZU+coO4ZQOvAxYX1yDSAXya6S/Z+u8DaX8mGYnSdpOdgIfkFjAjy30PPWNmpMyJRXMhw==",
            "content_md5": "d596e266e065a026803dbdba495d397f",
            "content_sha1": "28930aaf0ff85856e96cc57b5de19be62bf58fcf",
            "content_sha256": "52edff7bcf4d346d32028021d89ddf6c27e5e3ebc1d9c81a16c4f3d11f88992c",
            "content_sha512": "471dfe981a964b56ddc0e1ecac6654f9ca0ee1940ebc0c585f5c834805f26ba4bf67ebbc0da5fc98662749da4e76021f9058c08f2df43cf58d9a93322515cc87",
            "directory_permission": "0777",
            "file_permission": "0777",
            "filename": "./.env.users_update",
            "id": "28930aaf0ff85856e96cc57b5de19be62bf58fcf",
            "sensitive_content": null,
            "source": null
          },
          "sensitive_attributes": [
            [
              {
                "type": "get_attr",
                "value": "content"
              }
            ],
            [
              {
                "type": "get_attr",
                "value": "sensitive_content"
              }
            ]
          ],
          "identity_schema_version": 0,
          "dependencies": [
            "aws_lb.app",
            "aws_security_group.lb",
            "aws_subnet.public",
            "aws_vpc.main",
            "data.aws_availability_zones.available"
          ]
        }
      ]
    },
    {
      "mode": "managed",
      "type": "local_file",
      "name": "private_key_pem",
      "provider": "provider[\"registry.terraform.io/hashicorp/local\"]",
      "instances": [
        {
          "index_key": 0,
          "schema_version": 0,
          "attributes": {
            "content": "-----BEGIN RSA PRIVATE KEY-----\nMIIJKQIBAAKCAgEApqBxlUXAxTEqNarP3B/fLdFjQF+SlULLFWrrgICe4mQSwoOU\n2WHNS0aGDcZyraPvHPQRXfUP6RCqd8iibRDZZvJLMT5VykeNrx+M4Vf+6E6/k86B\nENG4JW2mLAMyW72Q9j3FDO2UcEuQbIFJlkuyX+iMkUTyaExYmDlGW/JBs+xzxgFv\nasKLWv30g+btnObT+LYjnDDizacvRrU4EEFN+71P1i5ZepebiZfuxXS7f4n63hgz\nCcLCJYo1hpSR3uuUQeVjf8Hata3n3+7T3DXg1VWOwpRdlTrRv3YuwqQaUrJhxoeD\n4XVPgzz8liGcDmxZXHFAQuCrR7h2DNhfyyxDaKej80X+pt5E+UfUKXYya5ATDuFo\n+bZ3ud3plY21p0XumkiFrN6/bLG1Rt6SDX3O15rSK39h6dwoGzjFKy9mezvkcMoo\nzePuWdrM5OCj3IglMMPJNtIKWagSx6suWL5fpWz5Qi6iHJSqlj/rNnxlArJB7W7T\n8Yx2W4r4SMduY0QFIIynmDHNOqqzcizGbPnauhrdrEyS32OuUFeZZUQSnGkR9q3f\nEBwS/lW7+ARqjmwySwFgJ9/+XEvkt3Scm0FZaI2g5QZNn8tEGCdJnAgWeYrNHzr8\n7j0II34c9bpn7TsEtN3PyuzyBfJV+4kaIU9DSM9xVlIFeSVk+R0kOv4EuRMCAwEA\nAQKCAgAR5n2dRCuT45a9wjZnVvMyaGKpuTq1l0Ha8KwRF4A6IPcU927HtaaI1jAz\njaSnO8vFyACPn/KQHq65hI/SeLNqSFBEn4Y23138uL55POtRCJizJ8WcyXLnbnKi\nGsvPqDtJANTI8UL3l16SEYeWwlYM0J49QvNpuf3wiIKjAREG47mCRYgzJ2gyI8Mf\nYnEXYILYHrUPo/7RigrdpT07HdDjYPCROVR6g4v9iZlolARKjMerEV12SHpz7veW\nGCLdmGBKffqk8G3vA5o759vRteYL9Q+LnsW48OM0lt0qItgDF0/CtK85ytD6b9RQ\nypaJxCELec0mAh3UbCAefCY6XOx2xty+2+3zOg6U5Cn5uxw/EeRykOLs8OKqOHhe\nom565131QHZivaY/9pJ/Bv9iE9ina3P7o25mu6bVn37UvhDpEwAKwqU0na1NqFbg\ndlUVPNdWSKCGdYs0ocjy7PEkt//eRGT5cq0Blgsv7gGxZEOQ3+xjlXK8VxLinj6D\nLcCVdBfDph3aZ/IilY1ANAO/EOXchSFKC5DMgmnJSldKQBQNxD1mpdiZl/5ru8RY\nfR1Zcs5GDb+c/JEHwmWL14R3d7EViiLuOyVTj67SkGjc/IhSJXsisD+O1u8sYGTY\nR/jD2g1+cvKnAZleAxGMnMOskxN/IVvPKcZUr226G/F/JGC89QKCAQEAyhBZ/VYd\nbGhufSXSrn1ZrJ1ppFHDaWhkUo00r0pG2ki8YX6xlN1ln0OFXOi74D8eNyu+KRfa\nmpC9pxZ9VLqzJAVK+YVS951h5r9V2Fm98rNAG18Qt5xdFk0WSs1wvBEGUyByUVa3\nDYxeAxGK9f8ScbgvaYfTBgF56LuJrKljeDlpYueDtMiZ/Aj5p4LTASw1jopIr3Bv\nNLrAjNMwwVczt615ap20fsnXf6bCwEf3ywOb8h9jWYo+gAfvKLa0CGr+rvJeMKLj\nvxGZJ1+UZyepJ4Hgq234wYZUFXHZrYAVtCu3dUmFfYpnI2ciRoOvVA5SsEKh1iCE\nmsCeKh7mCg6MTQKCAQEA0xqQHU4Cp3JMCrMR2seNjCNKCHCvTJ6lu9hUVNyFIe5P\n17uBwCEgzdB5CgTDngHssNkhF099Vl6BSCTOunMW8gik9nk4GIQdzMzJ6Vg5mlCT\nAuNM/ScqxDhi29cJmfdFxT6AWwO4LLbrPHIit9Uky1GQbgq7SN71MPfFuxgTpI3k\nlRaLuTsBKNhUu0xl3FvtNrh3auzyyNtkcfD2X9nLVG3t2IIny+ZsVWXwQRrXWL45\nZPfWR/LErZSrdbhhNT0gd5AY6ZKQqydg+aUAisJ3F6JumRN5PKy5HfmItDN/W5oM\ngBCJKqs2JTcusnp4pPlbrvl0FeI2IKJx57Vs4hOK3wKCAQBFkC+K2bSzd5hiGT1Y\nuOrAVEjkOwnNJhUznk0+85FE4LmJzvYPy9CKbdJh0/WqE9CxKawDtaSaha3k8gcf\nvk6h3fibwlx3xoTHzaMeIncUMMWnJqk4rOoXHV7JTcS72hiVUZxJiFLopSRQZh+y\n5KdS4xffetUZQjTX/Ig/GumVoB454H4lJNJuRCC+nHlL9A5UDiNL0qdWPdzAHoyw\nYvb5Cw27uKNE6vP3jE+LprsV9x4e0tN/JeqyZQjeuVdtdnhLfkES+WDyjHpvZaZP\nhQXlBf90xR1YcohMAa/w3SGbr1kvVapRN+6d74mLQRaBF5U7/RR+BR/hruJEmfKU\nD8IZAoIBAQDQ3KIjbFBx7ULQ/zS2GeOw+CVCToMSMpDVVoaxY3ERDiDO2ATa26wC\nFbX7tJT6WvscSedUkd/3OQ9+GnSywjW8h9L2zR40G1sEisVmalSrmfapz8wXV84X\nT5Z33bzxKVZNfbYu1nI9Q0lgh6hT6704sF1Okq2Tvowmw65NmtesYnr7CtB5Fqji\nCY9jtIW/TPBYyI/WKdNX6MDrfrW0Rd7HjO/a24OWWEdtAqt/LphLhAFzJUZL7ySq\nfMJbeW4r52uc/+O2DL23qQFoXdk4cIi1yI7WQw8beeS5hG69o4npTnP5rOKZZcXv\ncjZwfX2p89DDQKmbETHufepmjvjIgP9PAoIBAQCsLTOw6ZE/6Rma/NlEDGRKJ2a/\nQ80TnnyeJbZHaToe63p+HFmQixKB2SAQW8UtKrwz147F0L4k1Y9SlC163SzseTRc\nCcSJbxFcPTq143VbYo/v1fbm3e8HYSl9w9n+XP2rsWTKekQR/7eSehziATRtSceO\nd/dU6TfTFBiLzmEJfs07aZF3XlY3PUAyyLsBx/UdjevLXC8S9vJTCMcwcfNVlNqf\naF1FjqWsBkdeMPkOCVa8drnkAHDcwnSBAsnVAoPq4gDnRajicRGEV2eyeODnvguP\nMnFXWN0PqL9LKftVghNq0RcNRdZxE1bTA4aDXoMu3fJxRxKyiKE305UmG4Qo\n-----END RSA PRIVATE KEY-----\n",
            "content_base64": null,
            "content_base64sha256": "dMwJPWKkdIbpj4B+L3bZWec913wsoYLoNq6/SIwkXUU=",
            "content_base64sha512": "8wKgXWs7t2D3E69shOJuZAISETE/gt7NnMC3ObIA+ahBjT0roTAQvdEiTjkbVqcsGjJd/coR2uRrzoERPDoJRA==",
            "content_md5": "da7a320829bffa23abfde8e29b34923b",
            "content_sha1": "941f7a67e299924daa745d974bcc74ccdfc71ef7",
            "content_sha256": "74cc093d62a47486e98f807e2f76d959e73dd77c2ca182e836aebf488c245d45",
            "content_sha512": "f302a05d6b3bb760f713af6c84e26e64021211313f82decd9cc0b739b200f9a8418d3d2ba13010bdd1224e391b56a72c1a325dfdca11dae46bce81113c3a0944",
            "directory_permission": "0777",
            "file_permission": "0600",
            "filename": "D:/llaves/gradflow-users.pem",
            "id": "941f7a67e299924daa745d974bcc74ccdfc71ef7",
            "sensitive_content": null,
            "source": null
          },
          "sensitive_attributes": [
            [
              {
                "type": "get_attr",
                "value": "content"
              }
            ],
            [
              {
                "type": "get_attr",
                "value": "sensitive_content"
              }
            ]
          ],
          "identity_schema_version": 0,
          "dependencies": [
            "tls_private_key.this"
          ]
        }
      ]
    },
    {
      "mode": "managed",
      "type": "tls_private_key",
      "name": "this",
      "provider": "provider[\"registry.terraform.io/hashicorp/tls\"]",
      "instances": [
        {
          "index_key": 0,
          "schema_version": 1,
          "attributes": {
            "algorithm": "RSA",
            "ecdsa_curve": "P224",
            "id": "c3be67bc523cbc920820345cb07633c3807b690b",
            "private_key_openssh": "-----BEGIN OPENSSH PRIVATE KEY-----\nb3BlbnNzaC1rZXktdjEAAAAABG5vbmUAAAAEbm9uZQAAAAAAAAABAAACFwAAAAdz\nc2gtcnNhAAAAAwEAAQAAAgEApqBxlUXAxTEqNarP3B/fLdFjQF+SlULLFWrrgICe\n4mQSwoOU2WHNS0aGDcZyraPvHPQRXfUP6RCqd8iibRDZZvJLMT5VykeNrx+M4Vf+\n6E6/k86BENG4JW2mLAMyW72Q9j3FDO2UcEuQbIFJlkuyX+iMkUTyaExYmDlGW/JB\ns+xzxgFvasKLWv30g+btnObT+LYjnDDizacvRrU4EEFN+71P1i5ZepebiZfuxXS7\nf4n63hgzCcLCJYo1hpSR3uuUQeVjf8Hata3n3+7T3DXg1VWOwpRdlTrRv3YuwqQa\nUrJhxoeD4XVPgzz8liGcDmxZXHFAQuCrR7h2DNhfyyxDaKej80X+pt5E+UfUKXYy\na5ATDuFo+bZ3ud3plY21p0XumkiFrN6/bLG1Rt6SDX3O15rSK39h6dwoGzjFKy9m\nezvkcMoozePuWdrM5OCj3IglMMPJNtIKWagSx6suWL5fpWz5Qi6iHJSqlj/rNnxl\nArJB7W7T8Yx2W4r4SMduY0QFIIynmDHNOqqzcizGbPnauhrdrEyS32OuUFeZZUQS\nnGkR9q3fEBwS/lW7+ARqjmwySwFgJ9/+XEvkt3Scm0FZaI2g5QZNn8tEGCdJnAgW\neYrNHzr87j0II34c9bpn7TsEtN3PyuzyBfJV+4kaIU9DSM9xVlIFeSVk+R0kOv4E\nuRMAAAc4cIrxGHCK8RgAAAAHc3NoLXJzYQAAAgEApqBxlUXAxTEqNarP3B/fLdFj\nQF+SlULLFWrrgICe4mQSwoOU2WHNS0aGDcZyraPvHPQRXfUP6RCqd8iibRDZZvJL\nMT5VykeNrx+M4Vf+6E6/k86BENG4JW2mLAMyW72Q9j3FDO2UcEuQbIFJlkuyX+iM\nkUTyaExYmDlGW/JBs+xzxgFvasKLWv30g+btnObT+LYjnDDizacvRrU4EEFN+71P\n1i5ZepebiZfuxXS7f4n63hgzCcLCJYo1hpSR3uuUQeVjf8Hata3n3+7T3DXg1VWO\nwpRdlTrRv3YuwqQaUrJhxoeD4XVPgzz8liGcDmxZXHFAQuCrR7h2DNhfyyxDaKej\n80X+pt5E+UfUKXYya5ATDuFo+bZ3ud3plY21p0XumkiFrN6/bLG1Rt6SDX3O15rS\nK39h6dwoGzjFKy9mezvkcMoozePuWdrM5OCj3IglMMPJNtIKWagSx6suWL5fpWz5\nQi6iHJSqlj/rNnxlArJB7W7T8Yx2W4r4SMduY0QFIIynmDHNOqqzcizGbPnauhrd\nrEyS32OuUFeZZUQSnGkR9q3fEBwS/lW7+ARqjmwySwFgJ9/+XEvkt3Scm0FZaI2g\n5QZNn8tEGCdJnAgWeYrNHzr87j0II34c9bpn7TsEtN3PyuzyBfJV+4kaIU9DSM9x\nVlIFeSVk+R0kOv4EuRMAAAADAQABAAACABHmfZ1EK5Pjlr3CNmdW8zJoYqm5OrWX\nQdrwrBEXgDog9xT3bse1pojWMDONpKc7y8XIAI+f8pAerrmEj9J4s2pIUESfhjbf\nXfy4vnk861EImLMnxZzJcuducqIay8+oO0kA1MjxQveXXpIRh5bCVgzQnj1C82m5\n/fCIgqMBEQbjuYJFiDMnaDIjwx9icRdggtgetQ+j/tGKCt2lPTsd0ONg8JE5VHqD\ni/2JmWiUBEqMx6sRXXZIenPu95YYIt2YYEp9+qTwbe8Dmjvn29G15gv1D4uexbjw\n4zSW3Soi2AMXT8K0rznK0Ppv1FDKlonEIQt5zSYCHdRsIB58Jjpc7HbG3L7b7fM6\nDpTkKfm7HD8R5HKQ4uzw4qo4eF6ibnrnXfVAdmK9pj/2kn8G/2IT2Kdrc/ujbma7\nptWfftS+EOkTAArCpTSdrU2oVuB2VRU811ZIoIZ1izShyPLs8SS3/95EZPlyrQGW\nCy/uAbFkQ5Df7GOVcrxXEuKePoMtwJV0F8OmHdpn8iKVjUA0A78Q5dyFIUoLkMyC\naclKV0pAFA3EPWal2JmX/mu7xFh9HVlyzkYNv5z8kQfCZYvXhHd3sRWKIu47JVOP\nrtKQaNz8iFIleyKwP47W7yxgZNhH+MPaDX5y8qcBmV4DEYycw6yTE38hW88pxlSv\nbbob8X8kYLz1AAABAQCsLTOw6ZE/6Rma/NlEDGRKJ2a/Q80TnnyeJbZHaToe63p+\nHFmQixKB2SAQW8UtKrwz147F0L4k1Y9SlC163SzseTRcCcSJbxFcPTq143VbYo/v\n1fbm3e8HYSl9w9n+XP2rsWTKekQR/7eSehziATRtSceOd/dU6TfTFBiLzmEJfs07\naZF3XlY3PUAyyLsBx/UdjevLXC8S9vJTCMcwcfNVlNqfaF1FjqWsBkdeMPkOCVa8\ndrnkAHDcwnSBAsnVAoPq4gDnRajicRGEV2eyeODnvguPMnFXWN0PqL9LKftVghNq\n0RcNRdZxE1bTA4aDXoMu3fJxRxKyiKE305UmG4QoAAABAQDKEFn9Vh1saG59JdKu\nfVmsnWmkUcNpaGRSjTSvSkbaSLxhfrGU3WWfQ4Vc6LvgPx43K74pF9qakL2nFn1U\nurMkBUr5hVL3nWHmv1XYWb3ys0AbXxC3nF0WTRZKzXC8EQZTIHJRVrcNjF4DEYr1\n/xJxuC9ph9MGAXnou4msqWN4OWli54O0yJn8CPmngtMBLDWOikivcG80usCM0zDB\nVzO3rXlqnbR+ydd/psLAR/fLA5vyH2NZij6AB+8otrQIav6u8l4wouO/EZknX5Rn\nJ6kngeCrbfjBhlQVcdmtgBW0K7d1SYV9imcjZyJGg69UDlKwQqHWIISawJ4qHuYK\nDoxNAAABAQDTGpAdTgKnckwKsxHax42MI0oIcK9MnqW72FRU3IUh7k/Xu4HAISDN\n0HkKBMOeAeyw2SEXT31WXoFIJM66cxbyCKT2eTgYhB3MzMnpWDmaUJMC40z9JyrE\nOGLb1wmZ90XFPoBbA7gstus8ciK31STLUZBuCrtI3vUw98W7GBOkjeSVFou5OwEo\n2FS7TGXcW+02uHdq7PLI22Rx8PZf2ctUbe3YgifL5mxVZfBBGtdYvjlk99ZH8sSt\nlKt1uGE1PSB3kBjpkpCrJ2D5pQCKwncXom6ZE3k8rLkd+Yi0M39bmgyAEIkqqzYl\nNy6yenik+Vuu+XQV4jYgonHntWziE4rfAAAAAAEC\n-----END OPENSSH PRIVATE KEY-----\n",
            "private_key_pem": "-----BEGIN RSA PRIVATE KEY-----\nMIIJKQIBAAKCAgEApqBxlUXAxTEqNarP3B/fLdFjQF+SlULLFWrrgICe4mQSwoOU\n2WHNS0aGDcZyraPvHPQRXfUP6RCqd8iibRDZZvJLMT5VykeNrx+M4Vf+6E6/k86B\nENG4JW2mLAMyW72Q9j3FDO2UcEuQbIFJlkuyX+iMkUTyaExYmDlGW/JBs+xzxgFv\nasKLWv30g+btnObT+LYjnDDizacvRrU4EEFN+71P1i5ZepebiZfuxXS7f4n63hgz\nCcLCJYo1hpSR3uuUQeVjf8Hata3n3+7T3DXg1VWOwpRdlTrRv3YuwqQaUrJhxoeD\n4XVPgzz8liGcDmxZXHFAQuCrR7h2DNhfyyxDaKej80X+pt5E+UfUKXYya5ATDuFo\n+bZ3ud3plY21p0XumkiFrN6/bLG1Rt6SDX3O15rSK39h6dwoGzjFKy9mezvkcMoo\nzePuWdrM5OCj3IglMMPJNtIKWagSx6suWL5fpWz5Qi6iHJSqlj/rNnxlArJB7W7T\n8Yx2W4r4SMduY0QFIIynmDHNOqqzcizGbPnauhrdrEyS32OuUFeZZUQSnGkR9q3f\nEBwS/lW7+ARqjmwySwFgJ9/+XEvkt3Scm0FZaI2g5QZNn8tEGCdJnAgWeYrNHzr8\n7j0II34c9bpn7TsEtN3PyuzyBfJV+4kaIU9DSM9xVlIFeSVk+R0kOv4EuRMCAwEA\nAQKCAgAR5n2dRCuT45a9wjZnVvMyaGKpuTq1l0Ha8KwRF4A6IPcU927HtaaI1jAz\njaSnO8vFyACPn/KQHq65hI/SeLNqSFBEn4Y23138uL55POtRCJizJ8WcyXLnbnKi\nGsvPqDtJANTI8UL3l16SEYeWwlYM0J49QvNpuf3wiIKjAREG47mCRYgzJ2gyI8Mf\nYnEXYILYHrUPo/7RigrdpT07HdDjYPCROVR6g4v9iZlolARKjMerEV12SHpz7veW\nGCLdmGBKffqk8G3vA5o759vRteYL9Q+LnsW48OM0lt0qItgDF0/CtK85ytD6b9RQ\nypaJxCELec0mAh3UbCAefCY6XOx2xty+2+3zOg6U5Cn5uxw/EeRykOLs8OKqOHhe\nom565131QHZivaY/9pJ/Bv9iE9ina3P7o25mu6bVn37UvhDpEwAKwqU0na1NqFbg\ndlUVPNdWSKCGdYs0ocjy7PEkt//eRGT5cq0Blgsv7gGxZEOQ3+xjlXK8VxLinj6D\nLcCVdBfDph3aZ/IilY1ANAO/EOXchSFKC5DMgmnJSldKQBQNxD1mpdiZl/5ru8RY\nfR1Zcs5GDb+c/JEHwmWL14R3d7EViiLuOyVTj67SkGjc/IhSJXsisD+O1u8sYGTY\nR/jD2g1+cvKnAZleAxGMnMOskxN/IVvPKcZUr226G/F/JGC89QKCAQEAyhBZ/VYd\nbGhufSXSrn1ZrJ1ppFHDaWhkUo00r0pG2ki8YX6xlN1ln0OFXOi74D8eNyu+KRfa\nmpC9pxZ9VLqzJAVK+YVS951h5r9V2Fm98rNAG18Qt5xdFk0WSs1wvBEGUyByUVa3\nDYxeAxGK9f8ScbgvaYfTBgF56LuJrKljeDlpYueDtMiZ/Aj5p4LTASw1jopIr3Bv\nNLrAjNMwwVczt615ap20fsnXf6bCwEf3ywOb8h9jWYo+gAfvKLa0CGr+rvJeMKLj\nvxGZJ1+UZyepJ4Hgq234wYZUFXHZrYAVtCu3dUmFfYpnI2ciRoOvVA5SsEKh1iCE\nmsCeKh7mCg6MTQKCAQEA0xqQHU4Cp3JMCrMR2seNjCNKCHCvTJ6lu9hUVNyFIe5P\n17uBwCEgzdB5CgTDngHssNkhF099Vl6BSCTOunMW8gik9nk4GIQdzMzJ6Vg5mlCT\nAuNM/ScqxDhi29cJmfdFxT6AWwO4LLbrPHIit9Uky1GQbgq7SN71MPfFuxgTpI3k\nlRaLuTsBKNhUu0xl3FvtNrh3auzyyNtkcfD2X9nLVG3t2IIny+ZsVWXwQRrXWL45\nZPfWR/LErZSrdbhhNT0gd5AY6ZKQqydg+aUAisJ3F6JumRN5PKy5HfmItDN/W5oM\ngBCJKqs2JTcusnp4pPlbrvl0FeI2IKJx57Vs4hOK3wKCAQBFkC+K2bSzd5hiGT1Y\nuOrAVEjkOwnNJhUznk0+85FE4LmJzvYPy9CKbdJh0/WqE9CxKawDtaSaha3k8gcf\nvk6h3fibwlx3xoTHzaMeIncUMMWnJqk4rOoXHV7JTcS72hiVUZxJiFLopSRQZh+y\n5KdS4xffetUZQjTX/Ig/GumVoB454H4lJNJuRCC+nHlL9A5UDiNL0qdWPdzAHoyw\nYvb5Cw27uKNE6vP3jE+LprsV9x4e0tN/JeqyZQjeuVdtdnhLfkES+WDyjHpvZaZP\nhQXlBf90xR1YcohMAa/w3SGbr1kvVapRN+6d74mLQRaBF5U7/RR+BR/hruJEmfKU\nD8IZAoIBAQDQ3KIjbFBx7ULQ/zS2GeOw+CVCToMSMpDVVoaxY3ERDiDO2ATa26wC\nFbX7tJT6WvscSedUkd/3OQ9+GnSywjW8h9L2zR40G1sEisVmalSrmfapz8wXV84X\nT5Z33bzxKVZNfbYu1nI9Q0lgh6hT6704sF1Okq2Tvowmw65NmtesYnr7CtB5Fqji\nCY9jtIW/TPBYyI/WKdNX6MDrfrW0Rd7HjO/a24OWWEdtAqt/LphLhAFzJUZL7ySq\nfMJbeW4r52uc/+O2DL23qQFoXdk4cIi1yI7WQw8beeS5hG69o4npTnP5rOKZZcXv\ncjZwfX2p89DDQKmbETHufepmjvjIgP9PAoIBAQCsLTOw6ZE/6Rma/NlEDGRKJ2a/\nQ80TnnyeJbZHaToe63p+HFmQixKB2SAQW8UtKrwz147F0L4k1Y9SlC163SzseTRc\nCcSJbxFcPTq143VbYo/v1fbm3e8HYSl9w9n+XP2rsWTKekQR/7eSehziATRtSceO\nd/dU6TfTFBiLzmEJfs07aZF3XlY3PUAyyLsBx/UdjevLXC8S9vJTCMcwcfNVlNqf\naF1FjqWsBkdeMPkOCVa8drnkAHDcwnSBAsnVAoPq4gDnRajicRGEV2eyeODnvguP\nMnFXWN0PqL9LKftVghNq0RcNRdZxE1bTA4aDXoMu3fJxRxKyiKE305UmG4Qo\n-----END RSA PRIVATE KEY-----\n",
            "private_key_pem_pkcs8": "-----BEGIN PRIVATE KEY-----\nMIIJQwIBADANBgkqhkiG9w0BAQEFAASCCS0wggkpAgEAAoICAQCmoHGVRcDFMSo1\nqs/cH98t0WNAX5KVQssVauuAgJ7iZBLCg5TZYc1LRoYNxnKto+8c9BFd9Q/pEKp3\nyKJtENlm8ksxPlXKR42vH4zhV/7oTr+TzoEQ0bglbaYsAzJbvZD2PcUM7ZRwS5Bs\ngUmWS7Jf6IyRRPJoTFiYOUZb8kGz7HPGAW9qwota/fSD5u2c5tP4tiOcMOLNpy9G\ntTgQQU37vU/WLll6l5uJl+7FdLt/ifreGDMJwsIlijWGlJHe65RB5WN/wdq1reff\n7tPcNeDVVY7ClF2VOtG/di7CpBpSsmHGh4PhdU+DPPyWIZwObFlccUBC4KtHuHYM\n2F/LLENop6PzRf6m3kT5R9QpdjJrkBMO4Wj5tne53emVjbWnRe6aSIWs3r9ssbVG\n3pINfc7XmtIrf2Hp3CgbOMUrL2Z7O+RwyijN4+5Z2szk4KPciCUww8k20gpZqBLH\nqy5Yvl+lbPlCLqIclKqWP+s2fGUCskHtbtPxjHZbivhIx25jRAUgjKeYMc06qrNy\nLMZs+dq6Gt2sTJLfY65QV5llRBKcaRH2rd8QHBL+Vbv4BGqObDJLAWAn3/5cS+S3\ndJybQVlojaDlBk2fy0QYJ0mcCBZ5is0fOvzuPQgjfhz1umftOwS03c/K7PIF8lX7\niRohT0NIz3FWUgV5JWT5HSQ6/gS5EwIDAQABAoICABHmfZ1EK5Pjlr3CNmdW8zJo\nYqm5OrWXQdrwrBEXgDog9xT3bse1pojWMDONpKc7y8XIAI+f8pAerrmEj9J4s2pI\nUESfhjbfXfy4vnk861EImLMnxZzJcuducqIay8+oO0kA1MjxQveXXpIRh5bCVgzQ\nnj1C82m5/fCIgqMBEQbjuYJFiDMnaDIjwx9icRdggtgetQ+j/tGKCt2lPTsd0ONg\n8JE5VHqDi/2JmWiUBEqMx6sRXXZIenPu95YYIt2YYEp9+qTwbe8Dmjvn29G15gv1\nD4uexbjw4zSW3Soi2AMXT8K0rznK0Ppv1FDKlonEIQt5zSYCHdRsIB58Jjpc7HbG\n3L7b7fM6DpTkKfm7HD8R5HKQ4uzw4qo4eF6ibnrnXfVAdmK9pj/2kn8G/2IT2Kdr\nc/ujbma7ptWfftS+EOkTAArCpTSdrU2oVuB2VRU811ZIoIZ1izShyPLs8SS3/95E\nZPlyrQGWCy/uAbFkQ5Df7GOVcrxXEuKePoMtwJV0F8OmHdpn8iKVjUA0A78Q5dyF\nIUoLkMyCaclKV0pAFA3EPWal2JmX/mu7xFh9HVlyzkYNv5z8kQfCZYvXhHd3sRWK\nIu47JVOPrtKQaNz8iFIleyKwP47W7yxgZNhH+MPaDX5y8qcBmV4DEYycw6yTE38h\nW88pxlSvbbob8X8kYLz1AoIBAQDKEFn9Vh1saG59JdKufVmsnWmkUcNpaGRSjTSv\nSkbaSLxhfrGU3WWfQ4Vc6LvgPx43K74pF9qakL2nFn1UurMkBUr5hVL3nWHmv1XY\nWb3ys0AbXxC3nF0WTRZKzXC8EQZTIHJRVrcNjF4DEYr1/xJxuC9ph9MGAXnou4ms\nqWN4OWli54O0yJn8CPmngtMBLDWOikivcG80usCM0zDBVzO3rXlqnbR+ydd/psLA\nR/fLA5vyH2NZij6AB+8otrQIav6u8l4wouO/EZknX5RnJ6kngeCrbfjBhlQVcdmt\ngBW0K7d1SYV9imcjZyJGg69UDlKwQqHWIISawJ4qHuYKDoxNAoIBAQDTGpAdTgKn\nckwKsxHax42MI0oIcK9MnqW72FRU3IUh7k/Xu4HAISDN0HkKBMOeAeyw2SEXT31W\nXoFIJM66cxbyCKT2eTgYhB3MzMnpWDmaUJMC40z9JyrEOGLb1wmZ90XFPoBbA7gs\ntus8ciK31STLUZBuCrtI3vUw98W7GBOkjeSVFou5OwEo2FS7TGXcW+02uHdq7PLI\n22Rx8PZf2ctUbe3YgifL5mxVZfBBGtdYvjlk99ZH8sStlKt1uGE1PSB3kBjpkpCr\nJ2D5pQCKwncXom6ZE3k8rLkd+Yi0M39bmgyAEIkqqzYlNy6yenik+Vuu+XQV4jYg\nonHntWziE4rfAoIBAEWQL4rZtLN3mGIZPVi46sBUSOQ7Cc0mFTOeTT7zkUTguYnO\n9g/L0Ipt0mHT9aoT0LEprAO1pJqFreTyBx++TqHd+JvCXHfGhMfNox4idxQwxacm\nqTis6hcdXslNxLvaGJVRnEmIUuilJFBmH7Lkp1LjF9961RlCNNf8iD8a6ZWgHjng\nfiUk0m5EIL6ceUv0DlQOI0vSp1Y93MAejLBi9vkLDbu4o0Tq8/eMT4umuxX3Hh7S\n038l6rJlCN65V212eEt+QRL5YPKMem9lpk+FBeUF/3TFHVhyiEwBr/DdIZuvWS9V\nqlE37p3viYtBFoEXlTv9FH4FH+Gu4kSZ8pQPwhkCggEBANDcoiNsUHHtQtD/NLYZ\n47D4JUJOgxIykNVWhrFjcREOIM7YBNrbrAIVtfu0lPpa+xxJ51SR3/c5D34adLLC\nNbyH0vbNHjQbWwSKxWZqVKuZ9qnPzBdXzhdPlnfdvPEpVk19ti7Wcj1DSWCHqFPr\nvTiwXU6SrZO+jCbDrk2a16xievsK0HkWqOIJj2O0hb9M8FjIj9Yp01fowOt+tbRF\n3seM79rbg5ZYR20Cq38umEuEAXMlRkvvJKp8wlt5bivna5z/47YMvbepAWhd2Thw\niLXIjtZDDxt55LmEbr2jielOc/ms4pllxe9yNnB9fanz0MNAqZsRMe596maO+MiA\n/08CggEBAKwtM7DpkT/pGZr82UQMZEonZr9DzROefJ4ltkdpOh7ren4cWZCLEoHZ\nIBBbxS0qvDPXjsXQviTVj1KULXrdLOx5NFwJxIlvEVw9OrXjdVtij+/V9ubd7wdh\nKX3D2f5c/auxZMp6RBH/t5J6HOIBNG1Jx45391TpN9MUGIvOYQl+zTtpkXdeVjc9\nQDLIuwHH9R2N68tcLxL28lMIxzBx81WU2p9oXUWOpawGR14w+Q4JVrx2ueQAcNzC\ndIECydUCg+riAOdFqOJxEYRXZ7J44Oe+C48ycVdY3Q+ov0sp+1WCE2rRFw1F1nET\nVtMDhoNegy7d8nFHErKIoTfTlSYbhCg=\n-----END PRIVATE KEY-----\n",
            "public_key_fingerprint_md5": "e6:c8:4d:93:9e:0a:9a:83:fc:b2:1f:d6:dc:33:c4:7c",
            "public_key_fingerprint_sha256": "SHA256:O++Z4DNhlk1uWLFeBgPdQyGJNGDQnpSgtFVS77TDnEk",
            "public_key_openssh": "ssh-rsa AAAAB3NzaC1yc2EAAAADAQABAAACAQCmoHGVRcDFMSo1qs/cH98t0WNAX5KVQssVauuAgJ7iZBLCg5TZYc1LRoYNxnKto+8c9BFd9Q/pEKp3yKJtENlm8ksxPlXKR42vH4zhV/7oTr+TzoEQ0bglbaYsAzJbvZD2PcUM7ZRwS5BsgUmWS7Jf6IyRRPJoTFiYOUZb8kGz7HPGAW9qwota/fSD5u2c5tP4tiOcMOLNpy9GtTgQQU37vU/WLll6l5uJl+7FdLt/ifreGDMJwsIlijWGlJHe65RB5WN/wdq1reff7tPcNeDVVY7ClF2VOtG/di7CpBpSsmHGh4PhdU+DPPyWIZwObFlccUBC4KtHuHYM2F/LLENop6PzRf6m3kT5R9QpdjJrkBMO4Wj5tne53emVjbWnRe6aSIWs3r9ssbVG3pINfc7XmtIrf2Hp3CgbOMUrL2Z7O+RwyijN4+5Z2szk4KPciCUww8k20gpZqBLHqy5Yvl+lbPlCLqIclKqWP+s2fGUCskHtbtPxjHZbivhIx25jRAUgjKeYMc06qrNyLMZs+dq6Gt2sTJLfY65QV5llRBKcaRH2rd8QHBL+Vbv4BGqObDJLAWAn3/5cS+S3dJybQVlojaDlBk2fy0QYJ0mcCBZ5is0fOvzuPQgjfhz1umftOwS03c/K7PIF8lX7iRohT0NIz3FWUgV5JWT5HSQ6/gS5Ew==\n",
            "public_key_pem": "-----BEGIN PUBLIC KEY-----\nMIICIjANBgkqhkiG9w0BAQEFAAOCAg8AMIICCgKCAgEApqBxlUXAxTEqNarP3B/f\nLdFjQF+SlULLFWrrgICe4mQSwoOU2WHNS0aGDcZyraPvHPQRXfUP6RCqd8iibRDZ\nZvJLMT5VykeNrx+M4Vf+6E6/k86BENG4JW2mLAMyW72Q9j3FDO2UcEuQbIFJlkuy\nX+iMkUTyaExYmDlGW/JBs+xzxgFvasKLWv30g+btnObT+LYjnDDizacvRrU4EEFN\n+71P1i5ZepebiZfuxXS7f4n63hgzCcLCJYo1hpSR3uuUQeVjf8Hata3n3+7T3DXg\n1VWOwpRdlTrRv3YuwqQaUrJhxoeD4XVPgzz8liGcDmxZXHFAQuCrR7h2DNhfyyxD\naKej80X+pt5E+UfUKXYya5ATDuFo+bZ3ud3plY21p0XumkiFrN6/bLG1Rt6SDX3O\n15rSK39h6dwoGzjFKy9mezvkcMoozePuWdrM5OCj3IglMMPJNtIKWagSx6suWL5f\npWz5Qi6iHJSqlj/rNnxlArJB7W7T8Yx2W4r4SMduY0QFIIynmDHNOqqzcizGbPna\nuhrdrEyS32OuUFeZZUQSnGkR9q3fEBwS/lW7+ARqjmwySwFgJ9/+XEvkt3Scm0FZ\naI2g5QZNn8tEGCdJnAgWeYrNHzr87j0II34c9bpn7TsEtN3PyuzyBfJV+4kaIU9D\nSM9xVlIFeSVk+R0kOv4EuRMCAwEAAQ==\n-----END PUBLIC KEY-----\n",
            "rsa_bits": 4096
          },
          "sensitive_attributes": [
            [
              {
                "type": "get_attr",
                "value": "private_key_openssh"
              }
            ],
            [
              {
                "type": "get_attr",
                "value": "private_key_pem"
              }
            ],
            [
              {
                "type": "get_attr",
                "value": "private_key_pem_pkcs8"
              }
            ]
          ],
          "identity_schema_version": 0
        }
      ]
    }
  ],
  "check_results": [
    {
      "object_kind": "var",
      "config_addr": "var.max_capacity",
      "status": "pass",
      "objects": [
        {
          "object_addr": "var.max_capacity",
          "status": "pass"
        }
      ]
    }
  ]
}
